{
  "version": 4,
  "terraform_version": "1.9.6",
  "serial": 37,
  "lineage": "f0b6d692-7aad-9484-d252-4f87d7645883",
  "outputs": {
    "cloudwatch_log_group_arn": {
      "value": "arn:aws:logs:us-east-1:132172135366:log-group:/aws/eks/demo-cluster/cluster",
      "type": "string"
    },
    "cloudwatch_log_group_name": {
      "value": "/aws/eks/demo-cluster/cluster",
      "type": "string"
    },
    "cluster_arn": {
      "value": "arn:aws:eks:us-east-1:132172135366:cluster/demo-cluster",
      "type": "string"
    },
    "cluster_certificate_authority_data": {
      "value": "LS0tLS1CRUdJTiBDRVJUSUZJQ0FURS0tLS0tCk1JSURCVENDQWUyZ0F3SUJBZ0lJTEVyTFBvQWwyMXN3RFFZSktvWklodmNOQVFFTEJRQXdGVEVUTUJFR0ExVUUKQXhNS2EzVmlaWEp1WlhSbGN6QWVGdzB5TkRBNU1qSXlNREE0TWpKYUZ3MHpOREE1TWpBeU1ERXpNakphTUJVeApFekFSQmdOVkJBTVRDbXQxWW1WeWJtVjBaWE13Z2dFaU1BMEdDU3FHU0liM0RRRUJBUVVBQTRJQkR3QXdnZ0VLCkFvSUJBUUREWVh4dy9VdVRwOWVxUlA5dVBVMUlzZ1NtSUJ4OC81NVZjempDYmRlRjBWTGIrWHFpOUM2aWkyVVMKcXh0ZTU2YU1uR3ZxQWdkUTFlU2R6Zk5sMEpDZVVycDlpZ3kxSFNBTU80ZFFhOE5uR2xOZkh5N1RpVFdoSEZIRApiRWpZRVJUR0htdkJEL2VveFQwZlEzazZtTFVOeDRzaStST013M3hHMzM2anNjVHhoaFRVWWlxc2l6dnQ2MnBaCk1VZTI2RzdUemtlQVBLODYxWU90bXlRM1piWkRGSG8zckhPbFRVTC9MNVFpdGQyZnJxRU5wMU40RVN6ZDhOWFYKRy9RazNQN3llSTVOTzFqZHJlaGJWSXMwM2g5L0UzYVNjaFlsYnJEL1RkRTVTdFFEcTBMQjYxd1ZZdVV3eTRMUQprcUxtdjVyYjNGeDl4ZnBWUEpJenVSL1VYdDZmQWdNQkFBR2pXVEJYTUE0R0ExVWREd0VCL3dRRUF3SUNwREFQCkJnTlZIUk1CQWY4RUJUQURBUUgvTUIwR0ExVWREZ1FXQkJRaVdBM0FwL2pURThva1hIWkd0SElwaVZmVFRqQVYKQmdOVkhSRUVEakFNZ2dwcmRXSmxjbTVsZEdWek1BMEdDU3FHU0liM0RRRUJDd1VBQTRJQkFRQ1VHNk1UZjFvTgo1QzlTcXUvRC9pUHcrNUU0dWEwV0hTRk1lbHA5aXRUdDBHMUNWajJSWkdxSExqT0o2M0krYTYva0JyNFVOQVZFCjY3alF4RTFJNGd1S2YvTVd5MWNFaTQzYVFGWlY0SXJjb2NyV2w2WjdFYkJ2VlkzY3RQM21Ydk5Way9vNTlzWXMKbktNOVVsa0l6U2xRRlRUSVJSNUxFdXVaY2wvVWVUVkJ0UHN0ZHFpMWE4ZTYvZWFBdkE5WHRZRE9hcEFzZm13TwplQWJ3NkNTQUJWODRMYXBEM21IVVF6YkZUZFdSSmEwaW01bE1BdmFRUHdMNFo0WThJN1NiYVF1bmZ5K055VmZ2CmVWOSs1YjRoVXladEJlc1ErVThReElJWjF6eERPS24yY3VnNnVFc2VUbmFMVDRKOVdMeDg5RDhlbXVFZm94eHAKVzR1N3ZFV3lCQk40Ci0tLS0tRU5EIENFUlRJRklDQVRFLS0tLS0K",
      "type": "string"
    },
    "cluster_endpoint": {
      "value": "https://01FF1782924F0E6C128985D2E57AFC79.gr7.us-east-1.eks.amazonaws.com",
      "type": "string"
    },
    "cluster_iam_role_arn": {
      "value": "arn:aws:iam::132172135366:role/demo-cluster-cluster-20240922200815900300000003",
      "type": "string"
    },
    "cluster_iam_role_name": {
      "value": "demo-cluster-cluster-20240922200815900300000003",
      "type": "string"
    },
    "cluster_iam_role_unique_id": {
      "value": "AROAR5RQSXPDIGPSWLV3I",
      "type": "string"
    },
    "cluster_name": {
      "value": "demo-cluster",
      "type": "string"
    },
    "cluster_platform_version": {
      "value": "eks.13",
      "type": "string"
    },
    "cluster_primary_security_group_id": {
      "value": "sg-0b67845e03d6f1b68",
      "type": "string"
    },
    "cluster_security_group_arn": {
      "value": "arn:aws:ec2:us-east-1:132172135366:security-group/sg-0110f8cc77fbfa5b7",
      "type": "string"
    },
    "cluster_security_group_id": {
      "value": "sg-0110f8cc77fbfa5b7",
      "type": "string"
    },
    "cluster_status": {
      "value": "ACTIVE",
      "type": "string"
    },
    "cluster_tls_certificate_sha1_fingerprint": {
      "value": "9e99a48a9960b14926bb7f3b02e22da2b0ab7280",
      "type": "string"
    },
    "node_security_group_arn": {
      "value": "arn:aws:ec2:us-east-1:132172135366:security-group/sg-023d22a61d2795fc7",
      "type": "string"
    },
    "node_security_group_id": {
      "value": "sg-023d22a61d2795fc7",
      "type": "string"
    },
    "region": {
      "value": "us-east-1",
      "type": "string"
    }
  },
  "resources": [
    {
      "mode": "data",
      "type": "aws_availability_zones",
      "name": "available",
      "provider": "provider[\"registry.terraform.io/hashicorp/aws\"]",
      "instances": [
        {
          "schema_version": 0,
          "attributes": {
            "all_availability_zones": null,
            "exclude_names": null,
            "exclude_zone_ids": null,
            "filter": null,
            "group_names": [
              "us-east-1"
            ],
            "id": "us-east-1",
            "names": [
              "us-east-1a",
              "us-east-1b",
              "us-east-1c",
              "us-east-1d",
              "us-east-1e",
              "us-east-1f"
            ],
            "state": null,
            "timeouts": null,
            "zone_ids": [
              "use1-az2",
              "use1-az4",
              "use1-az6",
              "use1-az1",
              "use1-az3",
              "use1-az5"
            ]
          },
          "sensitive_attributes": []
        }
      ]
    },
    {
      "mode": "data",
      "type": "aws_caller_identity",
      "name": "current",
      "provider": "provider[\"registry.terraform.io/hashicorp/aws\"]",
      "instances": [
        {
          "schema_version": 0,
          "attributes": {
            "account_id": "132172135366",
            "arn": "arn:aws:iam::132172135366:user/k8suser",
            "id": "132172135366",
            "user_id": "AIDAR5RQSXPDLVB5NXR7O"
          },
          "sensitive_attributes": []
        }
      ]
    },
    {
      "mode": "data",
      "type": "terraform_remote_state",
      "name": "vpc",
      "provider": "provider[\"terraform.io/builtin/terraform\"]",
      "instances": [
        {
          "schema_version": 0,
          "attributes": {
            "backend": "local",
            "config": {
              "value": {
                "path": "../vpc/terraform.tfstate"
              },
              "type": [
                "object",
                {
                  "path": "string"
                }
              ]
            },
            "defaults": null,
            "outputs": {
              "value": {
                "azs": [
                  "us-east-1a",
                  "us-east-1b",
                  "us-east-1c"
                ],
                "intra_subnets": [
                  "subnet-02642b3ce390c667d",
                  "subnet-07dbc557d6ca59a52",
                  "subnet-07cce8a5c0bb1c93d"
                ],
                "private_subnets": [
                  "subnet-0438c76747d024955",
                  "subnet-0450f8cef58da4910",
                  "subnet-06ade1151f6a56a75"
                ],
                "public_subnets": [
                  "subnet-079ae6cd866bc6daf",
                  "subnet-02191367ad5056e11",
                  "subnet-08202603585728f1c"
                ],
                "vpc_id": "vpc-0c1846a39634c4274"
              },
              "type": [
                "object",
                {
                  "azs": [
                    "list",
                    "string"
                  ],
                  "intra_subnets": [
                    "tuple",
                    [
                      "string",
                      "string",
                      "string"
                    ]
                  ],
                  "private_subnets": [
                    "tuple",
                    [
                      "string",
                      "string",
                      "string"
                    ]
                  ],
                  "public_subnets": [
                    "tuple",
                    [
                      "string",
                      "string",
                      "string"
                    ]
                  ],
                  "vpc_id": "string"
                }
              ]
            },
            "workspace": null
          },
          "sensitive_attributes": []
        }
      ]
    },
    {
      "mode": "managed",
      "type": "aws_security_group",
      "name": "remote_access",
      "provider": "provider[\"registry.terraform.io/hashicorp/aws\"]",
      "instances": [
        {
          "schema_version": 1,
          "attributes": {
            "arn": "arn:aws:ec2:us-east-1:132172135366:security-group/sg-0ced6dd11dc51b21a",
            "description": "Allow remote SSH from anywhere",
            "egress": [
              {
                "cidr_blocks": [
                  "0.0.0.0/0"
                ],
                "description": "",
                "from_port": 0,
                "ipv6_cidr_blocks": [
                  "::/0"
                ],
                "prefix_list_ids": [],
                "protocol": "-1",
                "security_groups": [],
                "self": false,
                "to_port": 0
              }
            ],
            "id": "sg-0ced6dd11dc51b21a",
            "ingress": [
              {
                "cidr_blocks": [
                  "0.0.0.0/0"
                ],
                "description": "SSH access",
                "from_port": 22,
                "ipv6_cidr_blocks": [],
                "prefix_list_ids": [],
                "protocol": "tcp",
                "security_groups": [],
                "self": false,
                "to_port": 22
              }
            ],
            "name": "demo-cluster-remote-access20240922200815902900000004",
            "name_prefix": "demo-cluster-remote-access",
            "owner_id": "132172135366",
            "revoke_rules_on_delete": false,
            "tags": {
              "DevtedsOrg": "Devteds Courses",
              "DevtedsStack": "demo-cluster",
              "DevtedsStackName": "EKS",
              "Name": "demo-cluster-remote-ssh",
              "kubernetes.io/cluster/demo-cluster": "shared"
            },
            "tags_all": {
              "DevtedsOrg": "Devteds Courses",
              "DevtedsStack": "demo-cluster",
              "DevtedsStackName": "EKS",
              "Name": "demo-cluster-remote-ssh",
              "kubernetes.io/cluster/demo-cluster": "shared"
            },
            "timeouts": null,
            "vpc_id": "vpc-0c1846a39634c4274"
          },
          "sensitive_attributes": [],
          "private": "eyJlMmJmYjczMC1lY2FhLTExZTYtOGY4OC0zNDM2M2JjN2M0YzAiOnsiY3JlYXRlIjo2MDAwMDAwMDAwMDAsImRlbGV0ZSI6OTAwMDAwMDAwMDAwfSwic2NoZW1hX3ZlcnNpb24iOiIxIn0=",
          "dependencies": [
            "data.terraform_remote_state.vpc"
          ]
        }
      ]
    },
    {
      "module": "module.eks",
      "mode": "data",
      "type": "aws_caller_identity",
      "name": "current",
      "provider": "provider[\"registry.terraform.io/hashicorp/aws\"]",
      "instances": [
        {
          "schema_version": 0,
          "attributes": {
            "account_id": "132172135366",
            "arn": "arn:aws:iam::132172135366:user/k8suser",
            "id": "132172135366",
            "user_id": "AIDAR5RQSXPDLVB5NXR7O"
          },
          "sensitive_attributes": []
        }
      ]
    },
    {
      "module": "module.eks",
      "mode": "data",
      "type": "aws_iam_policy_document",
      "name": "assume_role_policy",
      "provider": "provider[\"registry.terraform.io/hashicorp/aws\"]",
      "instances": [
        {
          "index_key": 0,
          "schema_version": 0,
          "attributes": {
            "id": "2764486067",
            "json": "{\n  \"Version\": \"2012-10-17\",\n  \"Statement\": [\n    {\n      \"Sid\": \"EKSClusterAssumeRole\",\n      \"Effect\": \"Allow\",\n      \"Action\": \"sts:AssumeRole\",\n      \"Principal\": {\n        \"Service\": \"eks.amazonaws.com\"\n      }\n    }\n  ]\n}",
            "minified_json": "{\"Version\":\"2012-10-17\",\"Statement\":[{\"Sid\":\"EKSClusterAssumeRole\",\"Effect\":\"Allow\",\"Action\":\"sts:AssumeRole\",\"Principal\":{\"Service\":\"eks.amazonaws.com\"}}]}",
            "override_json": null,
            "override_policy_documents": null,
            "policy_id": null,
            "source_json": null,
            "source_policy_documents": null,
            "statement": [
              {
                "actions": [
                  "sts:AssumeRole"
                ],
                "condition": [],
                "effect": "Allow",
                "not_actions": [],
                "not_principals": [],
                "not_resources": [],
                "principals": [
                  {
                    "identifiers": [
                      "eks.amazonaws.com"
                    ],
                    "type": "Service"
                  }
                ],
                "resources": [],
                "sid": "EKSClusterAssumeRole"
              }
            ],
            "version": "2012-10-17"
          },
          "sensitive_attributes": []
        }
      ]
    },
    {
      "module": "module.eks",
      "mode": "data",
      "type": "aws_iam_session_context",
      "name": "current",
      "provider": "provider[\"registry.terraform.io/hashicorp/aws\"]",
      "instances": [
        {
          "schema_version": 0,
          "attributes": {
            "arn": "arn:aws:iam::132172135366:user/k8suser",
            "id": "arn:aws:iam::132172135366:user/k8suser",
            "issuer_arn": "arn:aws:iam::132172135366:user/k8suser",
            "issuer_id": "",
            "issuer_name": "",
            "session_name": ""
          },
          "sensitive_attributes": []
        }
      ]
    },
    {
      "module": "module.eks",
      "mode": "data",
      "type": "aws_partition",
      "name": "current",
      "provider": "provider[\"registry.terraform.io/hashicorp/aws\"]",
      "instances": [
        {
          "schema_version": 0,
          "attributes": {
            "dns_suffix": "amazonaws.com",
            "id": "aws",
            "partition": "aws",
            "reverse_dns_prefix": "com.amazonaws"
          },
          "sensitive_attributes": []
        }
      ]
    },
    {
      "module": "module.eks",
      "mode": "data",
      "type": "tls_certificate",
      "name": "this",
      "provider": "provider[\"registry.terraform.io/hashicorp/tls\"]",
      "instances": [
        {
          "index_key": 0,
          "schema_version": 0,
          "attributes": {
            "certificates": [
              {
                "cert_pem": "-----BEGIN CERTIFICATE-----\nMIIEdTCCA12gAwIBAgIJAKcOSkw0grd/MA0GCSqGSIb3DQEBCwUAMGgxCzAJBgNV\nBAYTAlVTMSUwIwYDVQQKExxTdGFyZmllbGQgVGVjaG5vbG9naWVzLCBJbmMuMTIw\nMAYDVQQLEylTdGFyZmllbGQgQ2xhc3MgMiBDZXJ0aWZpY2F0aW9uIEF1dGhvcml0\neTAeFw0wOTA5MDIwMDAwMDBaFw0zNDA2MjgxNzM5MTZaMIGYMQswCQYDVQQGEwJV\nUzEQMA4GA1UECBMHQXJpem9uYTETMBEGA1UEBxMKU2NvdHRzZGFsZTElMCMGA1UE\nChMcU3RhcmZpZWxkIFRlY2hub2xvZ2llcywgSW5jLjE7MDkGA1UEAxMyU3RhcmZp\nZWxkIFNlcnZpY2VzIFJvb3QgQ2VydGlmaWNhdGUgQXV0aG9yaXR5IC0gRzIwggEi\nMA0GCSqGSIb3DQEBAQUAA4IBDwAwggEKAoIBAQDVDDrEKvlO4vW+GZdfjohTsR8/\ny8+fIBNtKTrID30892t2OGPZNmCom15cAICyL1l/9of5JUOG52kbUpqQ4XHj2C0N\nTm/2yEnZtvMaVq4rtnQU68/7JuMauh2WLmo7WJSJR1b/JaCTcFOD2oR0FMNnngRo\nOt+OQFodSk7PQ5E751bWAHDLUu57fa4657wx+UX2wmDPE1kCK4DMNEffud6QZW0C\nzyyRpqbn3oUYSXxmTqM6bam17jQuug0DuDPfR+uxa40l2ZvOgdFFRjKWcIfeAg5J\nQ4W2bHO7ZOphQazJ1FTfhy/HIrImzJ9ZVGif/L4qL8RVHHVAYBeFAlU5i38FAgMB\nAAGjgfAwge0wDwYDVR0TAQH/BAUwAwEB/zAOBgNVHQ8BAf8EBAMCAYYwHQYDVR0O\nBBYEFJxfAN+qAdcwKziIorhtSpzyEZGDMB8GA1UdIwQYMBaAFL9ft9HO3R+G9FtV\nrNzXEMIOqYjnME8GCCsGAQUFBwEBBEMwQTAcBggrBgEFBQcwAYYQaHR0cDovL28u\nc3MyLnVzLzAhBggrBgEFBQcwAoYVaHR0cDovL3guc3MyLnVzL3guY2VyMCYGA1Ud\nHwQfMB0wG6AZoBeGFWh0dHA6Ly9zLnNzMi51cy9yLmNybDARBgNVHSAECjAIMAYG\nBFUdIAAwDQYJKoZIhvcNAQELBQADggEBACMd44pXyn3pF3lM8R5V/cxTbj5HD9/G\nVfKyBDbtgB9TxF00KGu+x1X8Z+rLP3+QsjPNG1gQggL4+C/1E2DUBc7xgQjB3ad1\nl08YuW3e95ORCLp+QCztweq7dp4zBncdDQh/U90bZKuCJ/Fp1U1ervShw3WnWEQt\n8jxwmKy6abaVd38PMV4s/KCHOkdp8Hlf9BRUpJVeEXgSYCfOn8J3/yNTd126/+pZ\n59vPr5KW7ySaNRB6nJHGDn2Z9j8Z3/VyVOEVqQdZe4O/Ui5GjLIAZHYcSNPYeehu\nVsyuLAOQ1xk4meTKCRlb/weWsKh/NEnfVqn3sF/tM+2MR7cwA130A4w=\n-----END CERTIFICATE-----\n",
                "is_ca": true,
                "issuer": "OU=Starfield Class 2 Certification Authority,O=Starfield Technologies\\, Inc.,C=US",
                "not_after": "2034-06-28T17:39:16Z",
                "not_before": "2009-09-02T00:00:00Z",
                "public_key_algorithm": "RSA",
                "serial_number": "12037640545166866303",
                "sha1_fingerprint": "9e99a48a9960b14926bb7f3b02e22da2b0ab7280",
                "signature_algorithm": "SHA256-RSA",
                "subject": "CN=Starfield Services Root Certificate Authority - G2,O=Starfield Technologies\\, Inc.,L=Scottsdale,ST=Arizona,C=US",
                "version": 3
              },
              {
                "cert_pem": "-----BEGIN CERTIFICATE-----\nMIIEkjCCA3qgAwIBAgITBn+USionzfP6wq4rAfkI7rnExjANBgkqhkiG9w0BAQsF\nADCBmDELMAkGA1UEBhMCVVMxEDAOBgNVBAgTB0FyaXpvbmExEzARBgNVBAcTClNj\nb3R0c2RhbGUxJTAjBgNVBAoTHFN0YXJmaWVsZCBUZWNobm9sb2dpZXMsIEluYy4x\nOzA5BgNVBAMTMlN0YXJmaWVsZCBTZXJ2aWNlcyBSb290IENlcnRpZmljYXRlIEF1\ndGhvcml0eSAtIEcyMB4XDTE1MDUyNTEyMDAwMFoXDTM3MTIzMTAxMDAwMFowOTEL\nMAkGA1UEBhMCVVMxDzANBgNVBAoTBkFtYXpvbjEZMBcGA1UEAxMQQW1hem9uIFJv\nb3QgQ0EgMTCCASIwDQYJKoZIhvcNAQEBBQADggEPADCCAQoCggEBALJ4gHHKeNXj\nca9HgFB0fW7Y14h29Jlo91ghYPl0hAEvrAIthtOgQ3pOsqTQNroBvo3bSMgHFzZM\n9O6II8c+6zf1tRn4SWiw3te5djgdYZ6k/oI2peVKVuRF4fn9tBb6dNqcmzU5L/qw\nIFAGbHrQgLKm+a/sRxmPUDgH3KKHOVj4utWp+UhnMJbulHheb4mjUcAwhmahRWa6\nVOujw5H5SNz/0egwLX0tdHA114gk957EWW67c4cX8jJGKLhD+rcdqsq08p8kDi1L\n93FcXmn/6pUCyziKrlA4b9v7LWIbxcceVOF34GfID5yHI9Y/QCB/IIDEgEw+OyQm\njgSubJrIqg0CAwEAAaOCATEwggEtMA8GA1UdEwEB/wQFMAMBAf8wDgYDVR0PAQH/\nBAQDAgGGMB0GA1UdDgQWBBSEGMyFNOy8DJSULghZnMeyEE4KCDAfBgNVHSMEGDAW\ngBScXwDfqgHXMCs4iKK4bUqc8hGRgzB4BggrBgEFBQcBAQRsMGowLgYIKwYBBQUH\nMAGGImh0dHA6Ly9vY3NwLnJvb3RnMi5hbWF6b250cnVzdC5jb20wOAYIKwYBBQUH\nMAKGLGh0dHA6Ly9jcnQucm9vdGcyLmFtYXpvbnRydXN0LmNvbS9yb290ZzIuY2Vy\nMD0GA1UdHwQ2MDQwMqAwoC6GLGh0dHA6Ly9jcmwucm9vdGcyLmFtYXpvbnRydXN0\nLmNvbS9yb290ZzIuY3JsMBEGA1UdIAQKMAgwBgYEVR0gADANBgkqhkiG9w0BAQsF\nAAOCAQEAYjdCXLwQtT6LLOkMm2xF4gcAevnFWAu5CIw+7bMlPLVvUOTNNWqnkzSW\nMiGpSESrnO09tKpzbeR/FoCJbM8oAxiDR3mjEH4wW6w7sGDgd9QIpuEdfF7Au/ma\neyKdpwAJfqxGF4PcnCZXmTA5YpaP7dreqsXMGz7KQ2hsVxa81Q4gLv7/wmpdLqBK\nbRRYh5TmOTFffHPLkIhqhBGWJ6bt2YFGpn6jcgAKUj6DiAdjd4lpFw85hdKrCEVN\n0FE6/V1dN2RMfjCyVSRCnTawXZwXgWHxyvkQAiSr6w10kY17RSlQOYiypok1JR4U\nakcjMS9cmvqtmg5iUaQqqcT5NJ0hGA==\n-----END CERTIFICATE-----\n",
                "is_ca": true,
                "issuer": "CN=Starfield Services Root Certificate Authority - G2,O=Starfield Technologies\\, Inc.,L=Scottsdale,ST=Arizona,C=US",
                "not_after": "2037-12-31T01:00:00Z",
                "not_before": "2015-05-25T12:00:00Z",
                "public_key_algorithm": "RSA",
                "serial_number": "144918191876577076464031512351042010504348870",
                "sha1_fingerprint": "06b25927c42a721631c1efd9431e648fa62e1e39",
                "signature_algorithm": "SHA256-RSA",
                "subject": "CN=Amazon Root CA 1,O=Amazon,C=US",
                "version": 3
              },
              {
                "cert_pem": "-----BEGIN CERTIFICATE-----\nMIIEXjCCA0agAwIBAgITB3MSSkvL1E7HtTvq8ZSELToPoTANBgkqhkiG9w0BAQsF\nADA5MQswCQYDVQQGEwJVUzEPMA0GA1UEChMGQW1hem9uMRkwFwYDVQQDExBBbWF6\nb24gUm9vdCBDQSAxMB4XDTIyMDgyMzIyMjUzMFoXDTMwMDgyMzIyMjUzMFowPDEL\nMAkGA1UEBhMCVVMxDzANBgNVBAoTBkFtYXpvbjEcMBoGA1UEAxMTQW1hem9uIFJT\nQSAyMDQ4IE0wMjCCASIwDQYJKoZIhvcNAQEBBQADggEPADCCAQoCggEBALtDGMZa\nqHneKei1by6+pUPPLljTB143Si6VpEWPc6mSkFhZb/6qrkZyoHlQLbDYnI2D7hD0\nsdzEqfnuAjIsuXQLG3A8TvX6V3oFNBFVe8NlLJHvBseKY88saLwufxkZVwk74g4n\nWlNMXzla9Y5F3wwRHwMVH443xGz6UtGSZSqQ94eFx5X7Tlqt8whi8qCaKdZ5rNak\n+r9nUThOeClqFd4oXych//Rc7Y0eX1KNWHYSI1Nk31mYgiK3JvH063g+K9tHA63Z\neTgKgndlh+WI+zv7i44HepRZjA1FYwYZ9Vv/9UkC5Yz8/yU65fgjaE+wVHM4e/Yy\nC2osrPWE7gJ+dXMCAwEAAaOCAVowggFWMBIGA1UdEwEB/wQIMAYBAf8CAQAwDgYD\nVR0PAQH/BAQDAgGGMB0GA1UdJQQWMBQGCCsGAQUFBwMBBggrBgEFBQcDAjAdBgNV\nHQ4EFgQUwDFSzVpQw4J8dHHOy+mc+XrrguIwHwYDVR0jBBgwFoAUhBjMhTTsvAyU\nlC4IWZzHshBOCggwewYIKwYBBQUHAQEEbzBtMC8GCCsGAQUFBzABhiNodHRwOi8v\nb2NzcC5yb290Y2ExLmFtYXpvbnRydXN0LmNvbTA6BggrBgEFBQcwAoYuaHR0cDov\nL2NydC5yb290Y2ExLmFtYXpvbnRydXN0LmNvbS9yb290Y2ExLmNlcjA/BgNVHR8E\nODA2MDSgMqAwhi5odHRwOi8vY3JsLnJvb3RjYTEuYW1hem9udHJ1c3QuY29tL3Jv\nb3RjYTEuY3JsMBMGA1UdIAQMMAowCAYGZ4EMAQIBMA0GCSqGSIb3DQEBCwUAA4IB\nAQAtTi6Fs0Azfi+iwm7jrz+CSxHH+uHl7Law3MQSXVtR8RV53PtR6r/6gNpqlzdo\nZq4FKbADi1v9Bun8RY8D51uedRfjsbeodizeBB8nXmeyD33Ep7VATj4ozcd31YFV\nfgRhvTSxNrrTlNpWkUk0m3BMPv8sg381HhA6uEYokE5q9uws/3YkKqRiEz3TsaWm\nJqIRZhMbgAfp7O7FUwFIb7UIspogZSKxPIWJpxiPo3TcBambbVtQOcNRWz5qCQdD\nslI2yayq0n2TXoHyNCLEH8rpsJRVILFsg0jc7BaFrMnF462+ajSehgj12IidNeRN\n4zl+EoNaWdpnWndvSpAEkq2P\n-----END CERTIFICATE-----\n",
                "is_ca": true,
                "issuer": "CN=Amazon Root CA 1,O=Amazon,C=US",
                "not_after": "2030-08-23T22:25:30Z",
                "not_before": "2022-08-23T22:25:30Z",
                "public_key_algorithm": "RSA",
                "serial_number": "166129353110899469622597955040406457904926625",
                "sha1_fingerprint": "414a2060b738c635cc7fc243e052615592830c53",
                "signature_algorithm": "SHA256-RSA",
                "subject": "CN=Amazon RSA 2048 M02,O=Amazon,C=US",
                "version": 3
              },
              {
                "cert_pem": "-----BEGIN CERTIFICATE-----\nMIIF5TCCBM2gAwIBAgIQCJL9XGbawpZ6IsGGvDqdyDANBgkqhkiG9w0BAQsFADA8\nMQswCQYDVQQGEwJVUzEPMA0GA1UEChMGQW1hem9uMRwwGgYDVQQDExNBbWF6b24g\nUlNBIDIwNDggTTAyMB4XDTI0MDMyODAwMDAwMFoXDTI1MDQyNjIzNTk1OVowKDEm\nMCQGA1UEAwwdKi5la3MudXMtZWFzdC0xLmFtYXpvbmF3cy5jb20wggEiMA0GCSqG\nSIb3DQEBAQUAA4IBDwAwggEKAoIBAQC4iVpgxjgOmMKdC2tYTHa9yzuuLdYCjpC6\nxN1VgI71uTiSxUGf6R3N/Rdk5vjz2COu3fsVgMh6cCpqrPlxU/5uP0/DFfQGdVxB\nbZ4vYRC9jIbgyKmwqOEJMD/9B3iGHz3KpBpnXDcuulqWsCtuuqxjnMLL4h1UdOeA\nPNwhOyQxKMHl+LfrCZeCuehKch+XM/8lhdKgYyLp8o1Nm7IsNG1aN6iNoZ6rxEyU\nVw6fV+pZDaIrxkYf7unQrAfUWR122pXGzWRtv5VGZLjrci8ev4ZpgGViIzb2LOqT\nFm8gde6aURlAm4uMDFzmZ/iOqEV+52vO9Z0E6Yo5M3dJZqQo7uUpAgMBAAGjggL1\nMIIC8TAfBgNVHSMEGDAWgBTAMVLNWlDDgnx0cc7L6Zz5euuC4jAdBgNVHQ4EFgQU\nhG1ZDKa76htLZVXP+E3P3GnYHjEwKAYDVR0RBCEwH4IdKi5la3MudXMtZWFzdC0x\nLmFtYXpvbmF3cy5jb20wEwYDVR0gBAwwCjAIBgZngQwBAgEwDgYDVR0PAQH/BAQD\nAgWgMB0GA1UdJQQWMBQGCCsGAQUFBwMBBggrBgEFBQcDAjA7BgNVHR8ENDAyMDCg\nLqAshipodHRwOi8vY3JsLnIybTAyLmFtYXpvbnRydXN0LmNvbS9yMm0wMi5jcmww\ndQYIKwYBBQUHAQEEaTBnMC0GCCsGAQUFBzABhiFodHRwOi8vb2NzcC5yMm0wMi5h\nbWF6b250cnVzdC5jb20wNgYIKwYBBQUHMAKGKmh0dHA6Ly9jcnQucjJtMDIuYW1h\nem9udHJ1c3QuY29tL3IybTAyLmNlcjAMBgNVHRMBAf8EAjAAMIIBfQYKKwYBBAHW\neQIEAgSCAW0EggFpAWcAdgDPEVbu1S58r/OHW9lpLpvpGnFnSrAX7KwB0lt3zsw7\nCAAAAY6HAoTcAAAEAwBHMEUCIHI392+k5Ds777nM4CwNr+xjjCr49CQ/vHIJDZJX\nokM7AiEA++VPDyyMLijPy0GR8ZBIvAcrYbjfJXTF3GkizeJLVJIAdgB9WR4S4Xgq\nexxhZ3xe/fjQh1wUoE6VnrkDL9kOjC55uAAAAY6HAoTeAAAEAwBHMEUCICBkhMaf\n9gdR3bCbLxXFbHNEXUh7t3P/SxaUKDcE6UmIAiEA25zZ9aBt/mrhDcMc155V8qnw\nadTEqttLdP4XMEmMsPAAdQDm0jFjQHeMwRBBBtdxuc7B0kD2loSG+7qHMh39HjeO\nUAAAAY6HAoTxAAAEAwBGMEQCIFFF4kpqcNgHFzRi2cnL4HbNApZlnlc+Re9IyYXi\nCldqAiBkZUgs12iu2uWGU97VUAICt2+zZkhjUV3i+O3kYh1yrTANBgkqhkiG9w0B\nAQsFAAOCAQEAWY5OxR7rWtYFS09xAYYIHlBF7wdUxQH60zi/IqAHZIRCFI1xHdsJ\n0BUv30lLyiGtVr4DheBo81/IErBRpXmSkdoDJA+5d/Jz3EFtbrVogjESALAgBfSG\nuJX0QLshjyTl9O2r00qkxIhbKmSPSl9JQVxqt2jTaB6pD3SjWX6U+l397Ns1L6pI\nb1418oVo7LeHwEeEx6APMIyjzlfcXdCHA6lVKeiNF8SH+QW+h6ZOpGXJIU6llBjg\nWAhscqrGRj1APpuKWGVkVCweAjIOcEuWV8Fqmfp1h9jmeUkG6SoBifrl41PvhK0o\nqQ3LlAF6Op6n7JLa2rlXkf6LienZDVlSuQ==\n-----END CERTIFICATE-----\n",
                "is_ca": false,
                "issuer": "CN=Amazon RSA 2048 M02,O=Amazon,C=US",
                "not_after": "2025-04-26T23:59:59Z",
                "not_before": "2024-03-28T00:00:00Z",
                "public_key_algorithm": "RSA",
                "serial_number": "11397038078078022747295509550808604104",
                "sha1_fingerprint": "9451ad2b53c7f41fab22886cc07d482085336561",
                "signature_algorithm": "SHA256-RSA",
                "subject": "CN=*.eks.us-east-1.amazonaws.com",
                "version": 3
              }
            ],
            "content": null,
            "id": "99d41e43229a4cdaf4141f3e8310e6d95c31dab9",
            "url": "https://oidc.eks.us-east-1.amazonaws.com/id/01FF1782924F0E6C128985D2E57AFC79",
            "verify_chain": true
          },
          "sensitive_attributes": []
        }
      ]
    },
    {
      "module": "module.eks",
      "mode": "managed",
      "type": "aws_cloudwatch_log_group",
      "name": "this",
      "provider": "provider[\"registry.terraform.io/hashicorp/aws\"]",
      "instances": [
        {
          "index_key": 0,
          "schema_version": 0,
          "attributes": {
            "arn": "arn:aws:logs:us-east-1:132172135366:log-group:/aws/eks/demo-cluster/cluster",
            "id": "/aws/eks/demo-cluster/cluster",
            "kms_key_id": "",
            "log_group_class": "STANDARD",
            "name": "/aws/eks/demo-cluster/cluster",
            "name_prefix": "",
            "retention_in_days": 90,
            "skip_destroy": false,
            "tags": {
              "DevtedsOrg": "Devteds Courses",
              "DevtedsStack": "demo-cluster",
              "DevtedsStackName": "EKS",
              "Name": "/aws/eks/demo-cluster/cluster",
              "kubernetes.io/cluster/demo-cluster": "shared"
            },
            "tags_all": {
              "DevtedsOrg": "Devteds Courses",
              "DevtedsStack": "demo-cluster",
              "DevtedsStackName": "EKS",
              "Name": "/aws/eks/demo-cluster/cluster",
              "kubernetes.io/cluster/demo-cluster": "shared"
            }
          },
          "sensitive_attributes": [],
          "private": "bnVsbA==",
          "create_before_destroy": true
        }
      ]
    },
    {
      "module": "module.eks",
      "mode": "managed",
      "type": "aws_ec2_tag",
      "name": "cluster_primary_security_group",
      "provider": "provider[\"registry.terraform.io/hashicorp/aws\"]",
      "instances": [
        {
          "index_key": "DevtedsOrg",
          "schema_version": 0,
          "attributes": {
            "id": "sg-0b67845e03d6f1b68,DevtedsOrg",
            "key": "DevtedsOrg",
            "resource_id": "sg-0b67845e03d6f1b68",
            "value": "Devteds Courses"
          },
          "sensitive_attributes": [],
          "private": "bnVsbA==",
          "dependencies": [
            "data.terraform_remote_state.vpc",
            "module.eks.aws_cloudwatch_log_group.this",
            "module.eks.aws_eks_cluster.this",
            "module.eks.aws_iam_policy.cni_ipv6_policy",
            "module.eks.aws_iam_role.this",
            "module.eks.aws_iam_role_policy_attachment.this",
            "module.eks.aws_security_group.cluster",
            "module.eks.aws_security_group.node",
            "module.eks.aws_security_group_rule.cluster",
            "module.eks.aws_security_group_rule.node",
            "module.eks.data.aws_caller_identity.current",
            "module.eks.data.aws_iam_policy_document.assume_role_policy",
            "module.eks.data.aws_iam_policy_document.cni_ipv6_policy",
            "module.eks.data.aws_iam_session_context.current",
            "module.eks.data.aws_partition.current",
            "module.eks.module.kms.aws_kms_external_key.this",
            "module.eks.module.kms.aws_kms_key.this",
            "module.eks.module.kms.aws_kms_replica_external_key.this",
            "module.eks.module.kms.aws_kms_replica_key.this",
            "module.eks.module.kms.data.aws_caller_identity.current",
            "module.eks.module.kms.data.aws_iam_policy_document.this",
            "module.eks.module.kms.data.aws_partition.current"
          ]
        },
        {
          "index_key": "DevtedsStack",
          "schema_version": 0,
          "attributes": {
            "id": "sg-0b67845e03d6f1b68,DevtedsStack",
            "key": "DevtedsStack",
            "resource_id": "sg-0b67845e03d6f1b68",
            "value": "demo-cluster"
          },
          "sensitive_attributes": [],
          "private": "bnVsbA==",
          "dependencies": [
            "data.terraform_remote_state.vpc",
            "module.eks.aws_cloudwatch_log_group.this",
            "module.eks.aws_eks_cluster.this",
            "module.eks.aws_iam_policy.cni_ipv6_policy",
            "module.eks.aws_iam_role.this",
            "module.eks.aws_iam_role_policy_attachment.this",
            "module.eks.aws_security_group.cluster",
            "module.eks.aws_security_group.node",
            "module.eks.aws_security_group_rule.cluster",
            "module.eks.aws_security_group_rule.node",
            "module.eks.data.aws_caller_identity.current",
            "module.eks.data.aws_iam_policy_document.assume_role_policy",
            "module.eks.data.aws_iam_policy_document.cni_ipv6_policy",
            "module.eks.data.aws_iam_session_context.current",
            "module.eks.data.aws_partition.current",
            "module.eks.module.kms.aws_kms_external_key.this",
            "module.eks.module.kms.aws_kms_key.this",
            "module.eks.module.kms.aws_kms_replica_external_key.this",
            "module.eks.module.kms.aws_kms_replica_key.this",
            "module.eks.module.kms.data.aws_caller_identity.current",
            "module.eks.module.kms.data.aws_iam_policy_document.this",
            "module.eks.module.kms.data.aws_partition.current"
          ]
        },
        {
          "index_key": "DevtedsStackName",
          "schema_version": 0,
          "attributes": {
            "id": "sg-0b67845e03d6f1b68,DevtedsStackName",
            "key": "DevtedsStackName",
            "resource_id": "sg-0b67845e03d6f1b68",
            "value": "EKS"
          },
          "sensitive_attributes": [],
          "private": "bnVsbA==",
          "dependencies": [
            "data.terraform_remote_state.vpc",
            "module.eks.aws_cloudwatch_log_group.this",
            "module.eks.aws_eks_cluster.this",
            "module.eks.aws_iam_policy.cni_ipv6_policy",
            "module.eks.aws_iam_role.this",
            "module.eks.aws_iam_role_policy_attachment.this",
            "module.eks.aws_security_group.cluster",
            "module.eks.aws_security_group.node",
            "module.eks.aws_security_group_rule.cluster",
            "module.eks.aws_security_group_rule.node",
            "module.eks.data.aws_caller_identity.current",
            "module.eks.data.aws_iam_policy_document.assume_role_policy",
            "module.eks.data.aws_iam_policy_document.cni_ipv6_policy",
            "module.eks.data.aws_iam_session_context.current",
            "module.eks.data.aws_partition.current",
            "module.eks.module.kms.aws_kms_external_key.this",
            "module.eks.module.kms.aws_kms_key.this",
            "module.eks.module.kms.aws_kms_replica_external_key.this",
            "module.eks.module.kms.aws_kms_replica_key.this",
            "module.eks.module.kms.data.aws_caller_identity.current",
            "module.eks.module.kms.data.aws_iam_policy_document.this",
            "module.eks.module.kms.data.aws_partition.current"
          ]
        },
        {
          "index_key": "kubernetes.io/cluster/demo-cluster",
          "schema_version": 0,
          "attributes": {
            "id": "sg-0b67845e03d6f1b68,kubernetes.io/cluster/demo-cluster",
            "key": "kubernetes.io/cluster/demo-cluster",
            "resource_id": "sg-0b67845e03d6f1b68",
            "value": "shared"
          },
          "sensitive_attributes": [],
          "private": "bnVsbA==",
          "dependencies": [
            "data.terraform_remote_state.vpc",
            "module.eks.aws_cloudwatch_log_group.this",
            "module.eks.aws_eks_cluster.this",
            "module.eks.aws_iam_policy.cni_ipv6_policy",
            "module.eks.aws_iam_role.this",
            "module.eks.aws_iam_role_policy_attachment.this",
            "module.eks.aws_security_group.cluster",
            "module.eks.aws_security_group.node",
            "module.eks.aws_security_group_rule.cluster",
            "module.eks.aws_security_group_rule.node",
            "module.eks.data.aws_caller_identity.current",
            "module.eks.data.aws_iam_policy_document.assume_role_policy",
            "module.eks.data.aws_iam_policy_document.cni_ipv6_policy",
            "module.eks.data.aws_iam_session_context.current",
            "module.eks.data.aws_partition.current",
            "module.eks.module.kms.aws_kms_external_key.this",
            "module.eks.module.kms.aws_kms_key.this",
            "module.eks.module.kms.aws_kms_replica_external_key.this",
            "module.eks.module.kms.aws_kms_replica_key.this",
            "module.eks.module.kms.data.aws_caller_identity.current",
            "module.eks.module.kms.data.aws_iam_policy_document.this",
            "module.eks.module.kms.data.aws_partition.current"
          ]
        }
      ]
    },
    {
      "module": "module.eks",
      "mode": "managed",
      "type": "aws_eks_access_entry",
      "name": "this",
      "provider": "provider[\"registry.terraform.io/hashicorp/aws\"]",
      "instances": [
        {
          "index_key": "cluster_creator",
          "schema_version": 0,
          "attributes": {
            "access_entry_arn": "arn:aws:eks:us-east-1:132172135366:access-entry/demo-cluster/user/132172135366/k8suser/fcc90db1-2d50-2715-2fc1-28054f0127c2",
            "cluster_name": "demo-cluster",
            "created_at": "2024-09-22T20:18:03Z",
            "id": "demo-cluster:arn:aws:iam::132172135366:user/k8suser",
            "kubernetes_groups": [],
            "modified_at": "2024-09-22T20:18:03Z",
            "principal_arn": "arn:aws:iam::132172135366:user/k8suser",
            "tags": {
              "DevtedsOrg": "Devteds Courses",
              "DevtedsStack": "demo-cluster",
              "DevtedsStackName": "EKS",
              "kubernetes.io/cluster/demo-cluster": "shared"
            },
            "tags_all": {
              "DevtedsOrg": "Devteds Courses",
              "DevtedsStack": "demo-cluster",
              "DevtedsStackName": "EKS",
              "kubernetes.io/cluster/demo-cluster": "shared"
            },
            "timeouts": null,
            "type": "STANDARD",
            "user_name": "arn:aws:iam::132172135366:user/k8suser"
          },
          "sensitive_attributes": [],
          "private": "eyJlMmJmYjczMC1lY2FhLTExZTYtOGY4OC0zNDM2M2JjN2M0YzAiOnsiY3JlYXRlIjo2MDAwMDAwMDAwMDAsImRlbGV0ZSI6NjAwMDAwMDAwMDAwfX0=",
          "dependencies": [
            "data.terraform_remote_state.vpc",
            "module.eks.aws_cloudwatch_log_group.this",
            "module.eks.aws_eks_cluster.this",
            "module.eks.aws_iam_policy.cni_ipv6_policy",
            "module.eks.aws_iam_role.this",
            "module.eks.aws_iam_role_policy_attachment.this",
            "module.eks.aws_security_group.cluster",
            "module.eks.aws_security_group.node",
            "module.eks.aws_security_group_rule.cluster",
            "module.eks.aws_security_group_rule.node",
            "module.eks.data.aws_caller_identity.current",
            "module.eks.data.aws_iam_policy_document.assume_role_policy",
            "module.eks.data.aws_iam_policy_document.cni_ipv6_policy",
            "module.eks.data.aws_iam_session_context.current",
            "module.eks.data.aws_partition.current",
            "module.eks.module.kms.aws_kms_external_key.this",
            "module.eks.module.kms.aws_kms_key.this",
            "module.eks.module.kms.aws_kms_replica_external_key.this",
            "module.eks.module.kms.aws_kms_replica_key.this",
            "module.eks.module.kms.data.aws_caller_identity.current",
            "module.eks.module.kms.data.aws_iam_policy_document.this",
            "module.eks.module.kms.data.aws_partition.current"
          ]
        }
      ]
    },
    {
      "module": "module.eks",
      "mode": "managed",
      "type": "aws_eks_access_policy_association",
      "name": "this",
      "provider": "provider[\"registry.terraform.io/hashicorp/aws\"]",
      "instances": [
        {
          "index_key": "cluster_creator_admin",
          "schema_version": 0,
          "attributes": {
            "access_scope": [
              {
                "namespaces": null,
                "type": "cluster"
              }
            ],
            "associated_at": "2024-09-22 20:18:05.009 +0000 UTC",
            "cluster_name": "demo-cluster",
            "id": "demo-cluster#arn:aws:iam::132172135366:user/k8suser#arn:aws:eks::aws:cluster-access-policy/AmazonEKSClusterAdminPolicy",
            "modified_at": "2024-09-22 20:18:05.009 +0000 UTC",
            "policy_arn": "arn:aws:eks::aws:cluster-access-policy/AmazonEKSClusterAdminPolicy",
            "principal_arn": "arn:aws:iam::132172135366:user/k8suser",
            "timeouts": null
          },
          "sensitive_attributes": [],
          "private": "eyJlMmJmYjczMC1lY2FhLTExZTYtOGY4OC0zNDM2M2JjN2M0YzAiOnsiY3JlYXRlIjo2MDAwMDAwMDAwMDAsImRlbGV0ZSI6NjAwMDAwMDAwMDAwfX0=",
          "dependencies": [
            "data.terraform_remote_state.vpc",
            "module.eks.aws_cloudwatch_log_group.this",
            "module.eks.aws_eks_access_entry.this",
            "module.eks.aws_eks_cluster.this",
            "module.eks.aws_iam_policy.cni_ipv6_policy",
            "module.eks.aws_iam_role.this",
            "module.eks.aws_iam_role_policy_attachment.this",
            "module.eks.aws_security_group.cluster",
            "module.eks.aws_security_group.node",
            "module.eks.aws_security_group_rule.cluster",
            "module.eks.aws_security_group_rule.node",
            "module.eks.data.aws_caller_identity.current",
            "module.eks.data.aws_iam_policy_document.assume_role_policy",
            "module.eks.data.aws_iam_policy_document.cni_ipv6_policy",
            "module.eks.data.aws_iam_session_context.current",
            "module.eks.data.aws_partition.current",
            "module.eks.module.kms.aws_kms_external_key.this",
            "module.eks.module.kms.aws_kms_key.this",
            "module.eks.module.kms.aws_kms_replica_external_key.this",
            "module.eks.module.kms.aws_kms_replica_key.this",
            "module.eks.module.kms.data.aws_caller_identity.current",
            "module.eks.module.kms.data.aws_iam_policy_document.this",
            "module.eks.module.kms.data.aws_partition.current"
          ]
        }
      ]
    },
    {
      "module": "module.eks",
      "mode": "managed",
      "type": "aws_eks_cluster",
      "name": "this",
      "provider": "provider[\"registry.terraform.io/hashicorp/aws\"]",
      "instances": [
        {
          "index_key": 0,
          "schema_version": 1,
          "attributes": {
            "access_config": [
              {
                "authentication_mode": "API_AND_CONFIG_MAP",
                "bootstrap_cluster_creator_admin_permissions": false
              }
            ],
            "arn": "arn:aws:eks:us-east-1:132172135366:cluster/demo-cluster",
            "bootstrap_self_managed_addons": true,
            "certificate_authority": [
              {
                "data": "LS0tLS1CRUdJTiBDRVJUSUZJQ0FURS0tLS0tCk1JSURCVENDQWUyZ0F3SUJBZ0lJTEVyTFBvQWwyMXN3RFFZSktvWklodmNOQVFFTEJRQXdGVEVUTUJFR0ExVUUKQXhNS2EzVmlaWEp1WlhSbGN6QWVGdzB5TkRBNU1qSXlNREE0TWpKYUZ3MHpOREE1TWpBeU1ERXpNakphTUJVeApFekFSQmdOVkJBTVRDbXQxWW1WeWJtVjBaWE13Z2dFaU1BMEdDU3FHU0liM0RRRUJBUVVBQTRJQkR3QXdnZ0VLCkFvSUJBUUREWVh4dy9VdVRwOWVxUlA5dVBVMUlzZ1NtSUJ4OC81NVZjempDYmRlRjBWTGIrWHFpOUM2aWkyVVMKcXh0ZTU2YU1uR3ZxQWdkUTFlU2R6Zk5sMEpDZVVycDlpZ3kxSFNBTU80ZFFhOE5uR2xOZkh5N1RpVFdoSEZIRApiRWpZRVJUR0htdkJEL2VveFQwZlEzazZtTFVOeDRzaStST013M3hHMzM2anNjVHhoaFRVWWlxc2l6dnQ2MnBaCk1VZTI2RzdUemtlQVBLODYxWU90bXlRM1piWkRGSG8zckhPbFRVTC9MNVFpdGQyZnJxRU5wMU40RVN6ZDhOWFYKRy9RazNQN3llSTVOTzFqZHJlaGJWSXMwM2g5L0UzYVNjaFlsYnJEL1RkRTVTdFFEcTBMQjYxd1ZZdVV3eTRMUQprcUxtdjVyYjNGeDl4ZnBWUEpJenVSL1VYdDZmQWdNQkFBR2pXVEJYTUE0R0ExVWREd0VCL3dRRUF3SUNwREFQCkJnTlZIUk1CQWY4RUJUQURBUUgvTUIwR0ExVWREZ1FXQkJRaVdBM0FwL2pURThva1hIWkd0SElwaVZmVFRqQVYKQmdOVkhSRUVEakFNZ2dwcmRXSmxjbTVsZEdWek1BMEdDU3FHU0liM0RRRUJDd1VBQTRJQkFRQ1VHNk1UZjFvTgo1QzlTcXUvRC9pUHcrNUU0dWEwV0hTRk1lbHA5aXRUdDBHMUNWajJSWkdxSExqT0o2M0krYTYva0JyNFVOQVZFCjY3alF4RTFJNGd1S2YvTVd5MWNFaTQzYVFGWlY0SXJjb2NyV2w2WjdFYkJ2VlkzY3RQM21Ydk5Way9vNTlzWXMKbktNOVVsa0l6U2xRRlRUSVJSNUxFdXVaY2wvVWVUVkJ0UHN0ZHFpMWE4ZTYvZWFBdkE5WHRZRE9hcEFzZm13TwplQWJ3NkNTQUJWODRMYXBEM21IVVF6YkZUZFdSSmEwaW01bE1BdmFRUHdMNFo0WThJN1NiYVF1bmZ5K055VmZ2CmVWOSs1YjRoVXladEJlc1ErVThReElJWjF6eERPS24yY3VnNnVFc2VUbmFMVDRKOVdMeDg5RDhlbXVFZm94eHAKVzR1N3ZFV3lCQk40Ci0tLS0tRU5EIENFUlRJRklDQVRFLS0tLS0K"
              }
            ],
            "cluster_id": null,
            "created_at": "2024-09-22T20:08:32Z",
            "enabled_cluster_log_types": [
              "api",
              "audit",
              "authenticator"
            ],
            "encryption_config": [],
            "endpoint": "https://01FF1782924F0E6C128985D2E57AFC79.gr7.us-east-1.eks.amazonaws.com",
            "id": "demo-cluster",
            "identity": [
              {
                "oidc": [
                  {
                    "issuer": "https://oidc.eks.us-east-1.amazonaws.com/id/01FF1782924F0E6C128985D2E57AFC79"
                  }
                ]
              }
            ],
            "kubernetes_network_config": [
              {
                "ip_family": "ipv4",
                "service_ipv4_cidr": "172.20.0.0/16",
                "service_ipv6_cidr": ""
              }
            ],
            "name": "demo-cluster",
            "outpost_config": [],
            "platform_version": "eks.13",
            "role_arn": "arn:aws:iam::132172135366:role/demo-cluster-cluster-20240922200815900300000003",
            "status": "ACTIVE",
            "tags": {
              "DevtedsOrg": "Devteds Courses",
              "DevtedsStack": "demo-cluster",
              "DevtedsStackName": "EKS",
              "kubernetes.io/cluster/demo-cluster": "shared",
              "terraform-aws-modules": "eks"
            },
            "tags_all": {
              "DevtedsOrg": "Devteds Courses",
              "DevtedsStack": "demo-cluster",
              "DevtedsStackName": "EKS",
              "kubernetes.io/cluster/demo-cluster": "shared",
              "terraform-aws-modules": "eks"
            },
            "timeouts": {
              "create": null,
              "delete": null,
              "update": null
            },
            "upgrade_policy": [
              {
                "support_type": "EXTENDED"
              }
            ],
            "version": "1.29",
            "vpc_config": [
              {
                "cluster_security_group_id": "sg-0b67845e03d6f1b68",
                "endpoint_private_access": true,
                "endpoint_public_access": true,
                "public_access_cidrs": [
                  "0.0.0.0/0"
                ],
                "security_group_ids": [
                  "sg-0110f8cc77fbfa5b7"
                ],
                "subnet_ids": [
                  "subnet-02642b3ce390c667d",
                  "subnet-07cce8a5c0bb1c93d",
                  "subnet-07dbc557d6ca59a52"
                ],
                "vpc_id": "vpc-0c1846a39634c4274"
              }
            ]
          },
          "sensitive_attributes": [],
          "private": "eyJlMmJmYjczMC1lY2FhLTExZTYtOGY4OC0zNDM2M2JjN2M0YzAiOnsiY3JlYXRlIjoxODAwMDAwMDAwMDAwLCJkZWxldGUiOjkwMDAwMDAwMDAwMCwidXBkYXRlIjozNjAwMDAwMDAwMDAwfSwic2NoZW1hX3ZlcnNpb24iOiIxIn0=",
          "dependencies": [
            "data.terraform_remote_state.vpc",
            "module.eks.aws_cloudwatch_log_group.this",
            "module.eks.aws_iam_policy.cni_ipv6_policy",
            "module.eks.aws_iam_role.this",
            "module.eks.aws_iam_role_policy_attachment.this",
            "module.eks.aws_security_group.cluster",
            "module.eks.aws_security_group.node",
            "module.eks.aws_security_group_rule.cluster",
            "module.eks.aws_security_group_rule.node",
            "module.eks.data.aws_caller_identity.current",
            "module.eks.data.aws_iam_policy_document.assume_role_policy",
            "module.eks.data.aws_iam_policy_document.cni_ipv6_policy",
            "module.eks.data.aws_iam_session_context.current",
            "module.eks.data.aws_partition.current",
            "module.eks.module.kms.aws_kms_external_key.this",
            "module.eks.module.kms.aws_kms_key.this",
            "module.eks.module.kms.aws_kms_replica_external_key.this",
            "module.eks.module.kms.aws_kms_replica_key.this",
            "module.eks.module.kms.data.aws_caller_identity.current",
            "module.eks.module.kms.data.aws_iam_policy_document.this",
            "module.eks.module.kms.data.aws_partition.current"
          ],
          "create_before_destroy": true
        }
      ]
    },
    {
      "module": "module.eks",
      "mode": "managed",
      "type": "aws_iam_openid_connect_provider",
      "name": "oidc_provider",
      "provider": "provider[\"registry.terraform.io/hashicorp/aws\"]",
      "instances": [
        {
          "index_key": 0,
          "schema_version": 0,
          "attributes": {
            "arn": "arn:aws:iam::132172135366:oidc-provider/oidc.eks.us-east-1.amazonaws.com/id/01FF1782924F0E6C128985D2E57AFC79",
            "client_id_list": [
              "sts.amazonaws.com"
            ],
            "id": "arn:aws:iam::132172135366:oidc-provider/oidc.eks.us-east-1.amazonaws.com/id/01FF1782924F0E6C128985D2E57AFC79",
            "tags": {
              "DevtedsOrg": "Devteds Courses",
              "DevtedsStack": "demo-cluster",
              "DevtedsStackName": "EKS",
              "Name": "demo-cluster-eks-irsa",
              "kubernetes.io/cluster/demo-cluster": "shared"
            },
            "tags_all": {
              "DevtedsOrg": "Devteds Courses",
              "DevtedsStack": "demo-cluster",
              "DevtedsStackName": "EKS",
              "Name": "demo-cluster-eks-irsa",
              "kubernetes.io/cluster/demo-cluster": "shared"
            },
            "thumbprint_list": [
              "9e99a48a9960b14926bb7f3b02e22da2b0ab7280"
            ],
            "url": "oidc.eks.us-east-1.amazonaws.com/id/01FF1782924F0E6C128985D2E57AFC79"
          },
          "sensitive_attributes": [],
          "private": "bnVsbA==",
          "dependencies": [
            "data.terraform_remote_state.vpc",
            "module.eks.aws_cloudwatch_log_group.this",
            "module.eks.aws_eks_cluster.this",
            "module.eks.aws_iam_policy.cni_ipv6_policy",
            "module.eks.aws_iam_role.this",
            "module.eks.aws_iam_role_policy_attachment.this",
            "module.eks.aws_security_group.cluster",
            "module.eks.aws_security_group.node",
            "module.eks.aws_security_group_rule.cluster",
            "module.eks.aws_security_group_rule.node",
            "module.eks.data.aws_caller_identity.current",
            "module.eks.data.aws_iam_policy_document.assume_role_policy",
            "module.eks.data.aws_iam_policy_document.cni_ipv6_policy",
            "module.eks.data.aws_iam_session_context.current",
            "module.eks.data.aws_partition.current",
            "module.eks.data.tls_certificate.this",
            "module.eks.module.kms.aws_kms_external_key.this",
            "module.eks.module.kms.aws_kms_key.this",
            "module.eks.module.kms.aws_kms_replica_external_key.this",
            "module.eks.module.kms.aws_kms_replica_key.this",
            "module.eks.module.kms.data.aws_caller_identity.current",
            "module.eks.module.kms.data.aws_iam_policy_document.this",
            "module.eks.module.kms.data.aws_partition.current"
          ]
        }
      ]
    },
    {
      "module": "module.eks",
      "mode": "managed",
      "type": "aws_iam_role",
      "name": "this",
      "provider": "provider[\"registry.terraform.io/hashicorp/aws\"]",
      "instances": [
        {
          "index_key": 0,
          "schema_version": 0,
          "attributes": {
            "arn": "arn:aws:iam::132172135366:role/demo-cluster-cluster-20240922200815900300000003",
            "assume_role_policy": "{\"Statement\":[{\"Action\":\"sts:AssumeRole\",\"Effect\":\"Allow\",\"Principal\":{\"Service\":\"eks.amazonaws.com\"},\"Sid\":\"EKSClusterAssumeRole\"}],\"Version\":\"2012-10-17\"}",
            "create_date": "2024-09-22T20:08:16Z",
            "description": "",
            "force_detach_policies": true,
            "id": "demo-cluster-cluster-20240922200815900300000003",
            "inline_policy": [
              {
                "name": "demo-cluster-cluster",
                "policy": "{\"Version\":\"2012-10-17\",\"Statement\":[{\"Action\":[\"logs:CreateLogGroup\"],\"Effect\":\"Deny\",\"Resource\":\"*\"}]}"
              }
            ],
            "managed_policy_arns": [],
            "max_session_duration": 3600,
            "name": "demo-cluster-cluster-20240922200815900300000003",
            "name_prefix": "demo-cluster-cluster-",
            "path": "/",
            "permissions_boundary": "",
            "tags": {
              "DevtedsOrg": "Devteds Courses",
              "DevtedsStack": "demo-cluster",
              "DevtedsStackName": "EKS",
              "kubernetes.io/cluster/demo-cluster": "shared"
            },
            "tags_all": {
              "DevtedsOrg": "Devteds Courses",
              "DevtedsStack": "demo-cluster",
              "DevtedsStackName": "EKS",
              "kubernetes.io/cluster/demo-cluster": "shared"
            },
            "unique_id": "AROAR5RQSXPDIGPSWLV3I"
          },
          "sensitive_attributes": [],
          "private": "bnVsbA==",
          "dependencies": [
            "module.eks.data.aws_iam_policy_document.assume_role_policy"
          ],
          "create_before_destroy": true
        }
      ]
    },
    {
      "module": "module.eks",
      "mode": "managed",
      "type": "aws_iam_role_policy_attachment",
      "name": "this",
      "provider": "provider[\"registry.terraform.io/hashicorp/aws\"]",
      "instances": [
        {
          "index_key": "AmazonEKSClusterPolicy",
          "schema_version": 0,
          "attributes": {
            "id": "demo-cluster-cluster-20240922200815900300000003-2024092220081739900000000a",
            "policy_arn": "arn:aws:iam::aws:policy/AmazonEKSClusterPolicy",
            "role": "demo-cluster-cluster-20240922200815900300000003"
          },
          "sensitive_attributes": [],
          "private": "bnVsbA==",
          "dependencies": [
            "module.eks.aws_iam_role.this",
            "module.eks.data.aws_iam_policy_document.assume_role_policy",
            "module.eks.data.aws_partition.current"
          ],
          "create_before_destroy": true
        },
        {
          "index_key": "AmazonEKSVPCResourceController",
          "schema_version": 0,
          "attributes": {
            "id": "demo-cluster-cluster-20240922200815900300000003-20240922200817391200000009",
            "policy_arn": "arn:aws:iam::aws:policy/AmazonEKSVPCResourceController",
            "role": "demo-cluster-cluster-20240922200815900300000003"
          },
          "sensitive_attributes": [],
          "private": "bnVsbA==",
          "dependencies": [
            "module.eks.aws_iam_role.this",
            "module.eks.data.aws_iam_policy_document.assume_role_policy",
            "module.eks.data.aws_partition.current"
          ],
          "create_before_destroy": true
        }
      ]
    },
    {
      "module": "module.eks",
      "mode": "managed",
      "type": "aws_security_group",
      "name": "cluster",
      "provider": "provider[\"registry.terraform.io/hashicorp/aws\"]",
      "instances": [
        {
          "index_key": 0,
          "schema_version": 1,
          "attributes": {
            "arn": "arn:aws:ec2:us-east-1:132172135366:security-group/sg-0110f8cc77fbfa5b7",
            "description": "EKS cluster security group",
            "egress": [],
            "id": "sg-0110f8cc77fbfa5b7",
            "ingress": [],
            "name": "demo-cluster-cluster-20240922200815908400000005",
            "name_prefix": "demo-cluster-cluster-",
            "owner_id": "132172135366",
            "revoke_rules_on_delete": false,
            "tags": {
              "DevtedsOrg": "Devteds Courses",
              "DevtedsStack": "demo-cluster",
              "DevtedsStackName": "EKS",
              "Name": "demo-cluster-cluster",
              "kubernetes.io/cluster/demo-cluster": "shared"
            },
            "tags_all": {
              "DevtedsOrg": "Devteds Courses",
              "DevtedsStack": "demo-cluster",
              "DevtedsStackName": "EKS",
              "Name": "demo-cluster-cluster",
              "kubernetes.io/cluster/demo-cluster": "shared"
            },
            "timeouts": null,
            "vpc_id": "vpc-0c1846a39634c4274"
          },
          "sensitive_attributes": [],
          "private": "eyJlMmJmYjczMC1lY2FhLTExZTYtOGY4OC0zNDM2M2JjN2M0YzAiOnsiY3JlYXRlIjo2MDAwMDAwMDAwMDAsImRlbGV0ZSI6OTAwMDAwMDAwMDAwfSwic2NoZW1hX3ZlcnNpb24iOiIxIn0=",
          "dependencies": [
            "data.terraform_remote_state.vpc"
          ],
          "create_before_destroy": true
        }
      ]
    },
    {
      "module": "module.eks",
      "mode": "managed",
      "type": "aws_security_group",
      "name": "node",
      "provider": "provider[\"registry.terraform.io/hashicorp/aws\"]",
      "instances": [
        {
          "index_key": 0,
          "schema_version": 1,
          "attributes": {
            "arn": "arn:aws:ec2:us-east-1:132172135366:security-group/sg-023d22a61d2795fc7",
            "description": "EKS node shared security group",
            "egress": [],
            "id": "sg-023d22a61d2795fc7",
            "ingress": [],
            "name": "demo-cluster-node-20240922200815899800000002",
            "name_prefix": "demo-cluster-node-",
            "owner_id": "132172135366",
            "revoke_rules_on_delete": false,
            "tags": {
              "DevtedsOrg": "Devteds Courses",
              "DevtedsStack": "demo-cluster",
              "DevtedsStackName": "EKS",
              "Name": "demo-cluster-node",
              "kubernetes.io/cluster/demo-cluster": "owned"
            },
            "tags_all": {
              "DevtedsOrg": "Devteds Courses",
              "DevtedsStack": "demo-cluster",
              "DevtedsStackName": "EKS",
              "Name": "demo-cluster-node",
              "kubernetes.io/cluster/demo-cluster": "owned"
            },
            "timeouts": null,
            "vpc_id": "vpc-0c1846a39634c4274"
          },
          "sensitive_attributes": [],
          "private": "eyJlMmJmYjczMC1lY2FhLTExZTYtOGY4OC0zNDM2M2JjN2M0YzAiOnsiY3JlYXRlIjo2MDAwMDAwMDAwMDAsImRlbGV0ZSI6OTAwMDAwMDAwMDAwfSwic2NoZW1hX3ZlcnNpb24iOiIxIn0=",
          "dependencies": [
            "data.terraform_remote_state.vpc"
          ],
          "create_before_destroy": true
        }
      ]
    },
    {
      "module": "module.eks",
      "mode": "managed",
      "type": "aws_security_group_rule",
      "name": "cluster",
      "provider": "provider[\"registry.terraform.io/hashicorp/aws\"]",
      "instances": [
        {
          "index_key": "ingress_nodes_443",
          "schema_version": 2,
          "attributes": {
            "cidr_blocks": null,
            "description": "Node groups to cluster API",
            "from_port": 443,
            "id": "sgrule-3465101641",
            "ipv6_cidr_blocks": null,
            "prefix_list_ids": null,
            "protocol": "tcp",
            "security_group_id": "sg-0110f8cc77fbfa5b7",
            "security_group_rule_id": "sgr-03d971f12dac2f6d9",
            "self": false,
            "source_security_group_id": "sg-023d22a61d2795fc7",
            "timeouts": null,
            "to_port": 443,
            "type": "ingress"
          },
          "sensitive_attributes": [],
          "private": "eyJlMmJmYjczMC1lY2FhLTExZTYtOGY4OC0zNDM2M2JjN2M0YzAiOnsiY3JlYXRlIjozMDAwMDAwMDAwMDB9LCJzY2hlbWFfdmVyc2lvbiI6IjIifQ==",
          "dependencies": [
            "data.terraform_remote_state.vpc",
            "module.eks.aws_security_group.cluster",
            "module.eks.aws_security_group.node"
          ],
          "create_before_destroy": true
        }
      ]
    },
    {
      "module": "module.eks",
      "mode": "managed",
      "type": "aws_security_group_rule",
      "name": "node",
      "provider": "provider[\"registry.terraform.io/hashicorp/aws\"]",
      "instances": [
        {
          "index_key": "egress_all",
          "schema_version": 2,
          "attributes": {
            "cidr_blocks": [
              "0.0.0.0/0"
            ],
            "description": "Allow all egress",
            "from_port": 0,
            "id": "sgrule-850163256",
            "ipv6_cidr_blocks": null,
            "prefix_list_ids": [],
            "protocol": "-1",
            "security_group_id": "sg-023d22a61d2795fc7",
            "security_group_rule_id": "sgr-025f7b80e8212276d",
            "self": false,
            "source_security_group_id": null,
            "timeouts": null,
            "to_port": 0,
            "type": "egress"
          },
          "sensitive_attributes": [],
          "private": "eyJlMmJmYjczMC1lY2FhLTExZTYtOGY4OC0zNDM2M2JjN2M0YzAiOnsiY3JlYXRlIjozMDAwMDAwMDAwMDB9LCJzY2hlbWFfdmVyc2lvbiI6IjIifQ==",
          "dependencies": [
            "data.terraform_remote_state.vpc",
            "module.eks.aws_security_group.cluster",
            "module.eks.aws_security_group.node"
          ],
          "create_before_destroy": true
        },
        {
          "index_key": "ingress_cluster_443",
          "schema_version": 2,
          "attributes": {
            "cidr_blocks": null,
            "description": "Cluster API to node groups",
            "from_port": 443,
            "id": "sgrule-1023809349",
            "ipv6_cidr_blocks": null,
            "prefix_list_ids": [],
            "protocol": "tcp",
            "security_group_id": "sg-023d22a61d2795fc7",
            "security_group_rule_id": "sgr-05f46249d8f7d16fa",
            "self": false,
            "source_security_group_id": "sg-0110f8cc77fbfa5b7",
            "timeouts": null,
            "to_port": 443,
            "type": "ingress"
          },
          "sensitive_attributes": [],
          "private": "eyJlMmJmYjczMC1lY2FhLTExZTYtOGY4OC0zNDM2M2JjN2M0YzAiOnsiY3JlYXRlIjozMDAwMDAwMDAwMDB9LCJzY2hlbWFfdmVyc2lvbiI6IjIifQ==",
          "dependencies": [
            "data.terraform_remote_state.vpc",
            "module.eks.aws_security_group.cluster",
            "module.eks.aws_security_group.node"
          ],
          "create_before_destroy": true
        },
        {
          "index_key": "ingress_cluster_4443_webhook",
          "schema_version": 2,
          "attributes": {
            "cidr_blocks": null,
            "description": "Cluster API to node 4443/tcp webhook",
            "from_port": 4443,
            "id": "sgrule-1879307380",
            "ipv6_cidr_blocks": null,
            "prefix_list_ids": [],
            "protocol": "tcp",
            "security_group_id": "sg-023d22a61d2795fc7",
            "security_group_rule_id": "sgr-0e3e2437e2e7ced10",
            "self": false,
            "source_security_group_id": "sg-0110f8cc77fbfa5b7",
            "timeouts": null,
            "to_port": 4443,
            "type": "ingress"
          },
          "sensitive_attributes": [],
          "private": "eyJlMmJmYjczMC1lY2FhLTExZTYtOGY4OC0zNDM2M2JjN2M0YzAiOnsiY3JlYXRlIjozMDAwMDAwMDAwMDB9LCJzY2hlbWFfdmVyc2lvbiI6IjIifQ==",
          "dependencies": [
            "data.terraform_remote_state.vpc",
            "module.eks.aws_security_group.cluster",
            "module.eks.aws_security_group.node"
          ],
          "create_before_destroy": true
        },
        {
          "index_key": "ingress_cluster_6443_webhook",
          "schema_version": 2,
          "attributes": {
            "cidr_blocks": null,
            "description": "Cluster API to node 6443/tcp webhook",
            "from_port": 6443,
            "id": "sgrule-3108082658",
            "ipv6_cidr_blocks": null,
            "prefix_list_ids": [],
            "protocol": "tcp",
            "security_group_id": "sg-023d22a61d2795fc7",
            "security_group_rule_id": "sgr-08a80a042c18a0155",
            "self": false,
            "source_security_group_id": "sg-0110f8cc77fbfa5b7",
            "timeouts": null,
            "to_port": 6443,
            "type": "ingress"
          },
          "sensitive_attributes": [],
          "private": "eyJlMmJmYjczMC1lY2FhLTExZTYtOGY4OC0zNDM2M2JjN2M0YzAiOnsiY3JlYXRlIjozMDAwMDAwMDAwMDB9LCJzY2hlbWFfdmVyc2lvbiI6IjIifQ==",
          "dependencies": [
            "data.terraform_remote_state.vpc",
            "module.eks.aws_security_group.cluster",
            "module.eks.aws_security_group.node"
          ],
          "create_before_destroy": true
        },
        {
          "index_key": "ingress_cluster_8443_webhook",
          "schema_version": 2,
          "attributes": {
            "cidr_blocks": null,
            "description": "Cluster API to node 8443/tcp webhook",
            "from_port": 8443,
            "id": "sgrule-2854072259",
            "ipv6_cidr_blocks": null,
            "prefix_list_ids": [],
            "protocol": "tcp",
            "security_group_id": "sg-023d22a61d2795fc7",
            "security_group_rule_id": "sgr-089ab90110aeb9e58",
            "self": false,
            "source_security_group_id": "sg-0110f8cc77fbfa5b7",
            "timeouts": null,
            "to_port": 8443,
            "type": "ingress"
          },
          "sensitive_attributes": [],
          "private": "eyJlMmJmYjczMC1lY2FhLTExZTYtOGY4OC0zNDM2M2JjN2M0YzAiOnsiY3JlYXRlIjozMDAwMDAwMDAwMDB9LCJzY2hlbWFfdmVyc2lvbiI6IjIifQ==",
          "dependencies": [
            "data.terraform_remote_state.vpc",
            "module.eks.aws_security_group.cluster",
            "module.eks.aws_security_group.node"
          ],
          "create_before_destroy": true
        },
        {
          "index_key": "ingress_cluster_9443_webhook",
          "schema_version": 2,
          "attributes": {
            "cidr_blocks": null,
            "description": "Cluster API to node 9443/tcp webhook",
            "from_port": 9443,
            "id": "sgrule-3468467208",
            "ipv6_cidr_blocks": null,
            "prefix_list_ids": [],
            "protocol": "tcp",
            "security_group_id": "sg-023d22a61d2795fc7",
            "security_group_rule_id": "sgr-095676d17e14a6ceb",
            "self": false,
            "source_security_group_id": "sg-0110f8cc77fbfa5b7",
            "timeouts": null,
            "to_port": 9443,
            "type": "ingress"
          },
          "sensitive_attributes": [],
          "private": "eyJlMmJmYjczMC1lY2FhLTExZTYtOGY4OC0zNDM2M2JjN2M0YzAiOnsiY3JlYXRlIjozMDAwMDAwMDAwMDB9LCJzY2hlbWFfdmVyc2lvbiI6IjIifQ==",
          "dependencies": [
            "data.terraform_remote_state.vpc",
            "module.eks.aws_security_group.cluster",
            "module.eks.aws_security_group.node"
          ],
          "create_before_destroy": true
        },
        {
          "index_key": "ingress_cluster_kubelet",
          "schema_version": 2,
          "attributes": {
            "cidr_blocks": null,
            "description": "Cluster API to node kubelets",
            "from_port": 10250,
            "id": "sgrule-876337807",
            "ipv6_cidr_blocks": null,
            "prefix_list_ids": [],
            "protocol": "tcp",
            "security_group_id": "sg-023d22a61d2795fc7",
            "security_group_rule_id": "sgr-04a7a1b2ff986f68d",
            "self": false,
            "source_security_group_id": "sg-0110f8cc77fbfa5b7",
            "timeouts": null,
            "to_port": 10250,
            "type": "ingress"
          },
          "sensitive_attributes": [],
          "private": "eyJlMmJmYjczMC1lY2FhLTExZTYtOGY4OC0zNDM2M2JjN2M0YzAiOnsiY3JlYXRlIjozMDAwMDAwMDAwMDB9LCJzY2hlbWFfdmVyc2lvbiI6IjIifQ==",
          "dependencies": [
            "data.terraform_remote_state.vpc",
            "module.eks.aws_security_group.cluster",
            "module.eks.aws_security_group.node"
          ],
          "create_before_destroy": true
        },
        {
          "index_key": "ingress_nodes_ephemeral",
          "schema_version": 2,
          "attributes": {
            "cidr_blocks": null,
            "description": "Node to node ingress on ephemeral ports",
            "from_port": 1025,
            "id": "sgrule-1309160024",
            "ipv6_cidr_blocks": null,
            "prefix_list_ids": [],
            "protocol": "tcp",
            "security_group_id": "sg-023d22a61d2795fc7",
            "security_group_rule_id": "sgr-0a58066138637ebc4",
            "self": true,
            "source_security_group_id": null,
            "timeouts": null,
            "to_port": 65535,
            "type": "ingress"
          },
          "sensitive_attributes": [],
          "private": "eyJlMmJmYjczMC1lY2FhLTExZTYtOGY4OC0zNDM2M2JjN2M0YzAiOnsiY3JlYXRlIjozMDAwMDAwMDAwMDB9LCJzY2hlbWFfdmVyc2lvbiI6IjIifQ==",
          "dependencies": [
            "data.terraform_remote_state.vpc",
            "module.eks.aws_security_group.cluster",
            "module.eks.aws_security_group.node"
          ],
          "create_before_destroy": true
        },
        {
          "index_key": "ingress_self_coredns_tcp",
          "schema_version": 2,
          "attributes": {
            "cidr_blocks": null,
            "description": "Node to node CoreDNS",
            "from_port": 53,
            "id": "sgrule-2794177338",
            "ipv6_cidr_blocks": null,
            "prefix_list_ids": [],
            "protocol": "tcp",
            "security_group_id": "sg-023d22a61d2795fc7",
            "security_group_rule_id": "sgr-0f48c631916223d27",
            "self": true,
            "source_security_group_id": null,
            "timeouts": null,
            "to_port": 53,
            "type": "ingress"
          },
          "sensitive_attributes": [],
          "private": "eyJlMmJmYjczMC1lY2FhLTExZTYtOGY4OC0zNDM2M2JjN2M0YzAiOnsiY3JlYXRlIjozMDAwMDAwMDAwMDB9LCJzY2hlbWFfdmVyc2lvbiI6IjIifQ==",
          "dependencies": [
            "data.terraform_remote_state.vpc",
            "module.eks.aws_security_group.cluster",
            "module.eks.aws_security_group.node"
          ],
          "create_before_destroy": true
        },
        {
          "index_key": "ingress_self_coredns_udp",
          "schema_version": 2,
          "attributes": {
            "cidr_blocks": null,
            "description": "Node to node CoreDNS UDP",
            "from_port": 53,
            "id": "sgrule-47472853",
            "ipv6_cidr_blocks": null,
            "prefix_list_ids": [],
            "protocol": "udp",
            "security_group_id": "sg-023d22a61d2795fc7",
            "security_group_rule_id": "sgr-033e611449ebc7c5f",
            "self": true,
            "source_security_group_id": null,
            "timeouts": null,
            "to_port": 53,
            "type": "ingress"
          },
          "sensitive_attributes": [],
          "private": "eyJlMmJmYjczMC1lY2FhLTExZTYtOGY4OC0zNDM2M2JjN2M0YzAiOnsiY3JlYXRlIjozMDAwMDAwMDAwMDB9LCJzY2hlbWFfdmVyc2lvbiI6IjIifQ==",
          "dependencies": [
            "data.terraform_remote_state.vpc",
            "module.eks.aws_security_group.cluster",
            "module.eks.aws_security_group.node"
          ],
          "create_before_destroy": true
        }
      ]
    },
    {
      "module": "module.eks",
      "mode": "managed",
      "type": "time_sleep",
      "name": "this",
      "provider": "provider[\"registry.terraform.io/hashicorp/time\"]",
      "instances": [
        {
          "index_key": 0,
          "schema_version": 0,
          "attributes": {
            "create_duration": "30s",
            "destroy_duration": null,
            "id": "2024-09-22T20:18:33Z",
            "triggers": {
              "cluster_certificate_authority_data": "LS0tLS1CRUdJTiBDRVJUSUZJQ0FURS0tLS0tCk1JSURCVENDQWUyZ0F3SUJBZ0lJTEVyTFBvQWwyMXN3RFFZSktvWklodmNOQVFFTEJRQXdGVEVUTUJFR0ExVUUKQXhNS2EzVmlaWEp1WlhSbGN6QWVGdzB5TkRBNU1qSXlNREE0TWpKYUZ3MHpOREE1TWpBeU1ERXpNakphTUJVeApFekFSQmdOVkJBTVRDbXQxWW1WeWJtVjBaWE13Z2dFaU1BMEdDU3FHU0liM0RRRUJBUVVBQTRJQkR3QXdnZ0VLCkFvSUJBUUREWVh4dy9VdVRwOWVxUlA5dVBVMUlzZ1NtSUJ4OC81NVZjempDYmRlRjBWTGIrWHFpOUM2aWkyVVMKcXh0ZTU2YU1uR3ZxQWdkUTFlU2R6Zk5sMEpDZVVycDlpZ3kxSFNBTU80ZFFhOE5uR2xOZkh5N1RpVFdoSEZIRApiRWpZRVJUR0htdkJEL2VveFQwZlEzazZtTFVOeDRzaStST013M3hHMzM2anNjVHhoaFRVWWlxc2l6dnQ2MnBaCk1VZTI2RzdUemtlQVBLODYxWU90bXlRM1piWkRGSG8zckhPbFRVTC9MNVFpdGQyZnJxRU5wMU40RVN6ZDhOWFYKRy9RazNQN3llSTVOTzFqZHJlaGJWSXMwM2g5L0UzYVNjaFlsYnJEL1RkRTVTdFFEcTBMQjYxd1ZZdVV3eTRMUQprcUxtdjVyYjNGeDl4ZnBWUEpJenVSL1VYdDZmQWdNQkFBR2pXVEJYTUE0R0ExVWREd0VCL3dRRUF3SUNwREFQCkJnTlZIUk1CQWY4RUJUQURBUUgvTUIwR0ExVWREZ1FXQkJRaVdBM0FwL2pURThva1hIWkd0SElwaVZmVFRqQVYKQmdOVkhSRUVEakFNZ2dwcmRXSmxjbTVsZEdWek1BMEdDU3FHU0liM0RRRUJDd1VBQTRJQkFRQ1VHNk1UZjFvTgo1QzlTcXUvRC9pUHcrNUU0dWEwV0hTRk1lbHA5aXRUdDBHMUNWajJSWkdxSExqT0o2M0krYTYva0JyNFVOQVZFCjY3alF4RTFJNGd1S2YvTVd5MWNFaTQzYVFGWlY0SXJjb2NyV2w2WjdFYkJ2VlkzY3RQM21Ydk5Way9vNTlzWXMKbktNOVVsa0l6U2xRRlRUSVJSNUxFdXVaY2wvVWVUVkJ0UHN0ZHFpMWE4ZTYvZWFBdkE5WHRZRE9hcEFzZm13TwplQWJ3NkNTQUJWODRMYXBEM21IVVF6YkZUZFdSSmEwaW01bE1BdmFRUHdMNFo0WThJN1NiYVF1bmZ5K055VmZ2CmVWOSs1YjRoVXladEJlc1ErVThReElJWjF6eERPS24yY3VnNnVFc2VUbmFMVDRKOVdMeDg5RDhlbXVFZm94eHAKVzR1N3ZFV3lCQk40Ci0tLS0tRU5EIENFUlRJRklDQVRFLS0tLS0K",
              "cluster_endpoint": "https://01FF1782924F0E6C128985D2E57AFC79.gr7.us-east-1.eks.amazonaws.com",
              "cluster_name": "demo-cluster",
              "cluster_service_cidr": "172.20.0.0/16",
              "cluster_version": "1.29"
            }
          },
          "sensitive_attributes": [],
          "dependencies": [
            "data.terraform_remote_state.vpc",
            "module.eks.aws_cloudwatch_log_group.this",
            "module.eks.aws_eks_cluster.this",
            "module.eks.aws_iam_policy.cni_ipv6_policy",
            "module.eks.aws_iam_role.this",
            "module.eks.aws_iam_role_policy_attachment.this",
            "module.eks.aws_security_group.cluster",
            "module.eks.aws_security_group.node",
            "module.eks.aws_security_group_rule.cluster",
            "module.eks.aws_security_group_rule.node",
            "module.eks.data.aws_caller_identity.current",
            "module.eks.data.aws_iam_policy_document.assume_role_policy",
            "module.eks.data.aws_iam_policy_document.cni_ipv6_policy",
            "module.eks.data.aws_iam_session_context.current",
            "module.eks.data.aws_partition.current",
            "module.eks.module.kms.aws_kms_external_key.this",
            "module.eks.module.kms.aws_kms_key.this",
            "module.eks.module.kms.aws_kms_replica_external_key.this",
            "module.eks.module.kms.aws_kms_replica_key.this",
            "module.eks.module.kms.data.aws_caller_identity.current",
            "module.eks.module.kms.data.aws_iam_policy_document.this",
            "module.eks.module.kms.data.aws_partition.current"
          ],
          "create_before_destroy": true
        }
      ]
    },
    {
      "module": "module.eks.module.eks_managed_node_group[\"default_node_group\"]",
      "mode": "data",
      "type": "aws_caller_identity",
      "name": "current",
      "provider": "provider[\"registry.terraform.io/hashicorp/aws\"]",
      "instances": [
        {
          "schema_version": 0,
          "attributes": {
            "account_id": "132172135366",
            "arn": "arn:aws:iam::132172135366:user/k8suser",
            "id": "132172135366",
            "user_id": "AIDAR5RQSXPDLVB5NXR7O"
          },
          "sensitive_attributes": []
        }
      ]
    },
    {
      "module": "module.eks.module.eks_managed_node_group[\"default_node_group\"]",
      "mode": "data",
      "type": "aws_iam_policy_document",
      "name": "assume_role_policy",
      "provider": "provider[\"registry.terraform.io/hashicorp/aws\"]",
      "instances": [
        {
          "index_key": 0,
          "schema_version": 0,
          "attributes": {
            "id": "2560088296",
            "json": "{\n  \"Version\": \"2012-10-17\",\n  \"Statement\": [\n    {\n      \"Sid\": \"EKSNodeAssumeRole\",\n      \"Effect\": \"Allow\",\n      \"Action\": \"sts:AssumeRole\",\n      \"Principal\": {\n        \"Service\": \"ec2.amazonaws.com\"\n      }\n    }\n  ]\n}",
            "minified_json": "{\"Version\":\"2012-10-17\",\"Statement\":[{\"Sid\":\"EKSNodeAssumeRole\",\"Effect\":\"Allow\",\"Action\":\"sts:AssumeRole\",\"Principal\":{\"Service\":\"ec2.amazonaws.com\"}}]}",
            "override_json": null,
            "override_policy_documents": null,
            "policy_id": null,
            "source_json": null,
            "source_policy_documents": null,
            "statement": [
              {
                "actions": [
                  "sts:AssumeRole"
                ],
                "condition": [],
                "effect": "Allow",
                "not_actions": [],
                "not_principals": [],
                "not_resources": [],
                "principals": [
                  {
                    "identifiers": [
                      "ec2.amazonaws.com"
                    ],
                    "type": "Service"
                  }
                ],
                "resources": [],
                "sid": "EKSNodeAssumeRole"
              }
            ],
            "version": "2012-10-17"
          },
          "sensitive_attributes": []
        }
      ]
    },
    {
      "module": "module.eks.module.eks_managed_node_group[\"default_node_group\"]",
      "mode": "data",
      "type": "aws_partition",
      "name": "current",
      "provider": "provider[\"registry.terraform.io/hashicorp/aws\"]",
      "instances": [
        {
          "schema_version": 0,
          "attributes": {
            "dns_suffix": "amazonaws.com",
            "id": "aws",
            "partition": "aws",
            "reverse_dns_prefix": "com.amazonaws"
          },
          "sensitive_attributes": []
        }
      ]
    },
    {
      "module": "module.eks.module.eks_managed_node_group[\"default_node_group\"]",
      "mode": "managed",
      "type": "aws_eks_node_group",
      "name": "this",
      "provider": "provider[\"registry.terraform.io/hashicorp/aws\"]",
      "instances": [
        {
          "index_key": 0,
          "schema_version": 0,
          "attributes": {
            "ami_type": "AL2_x86_64",
            "arn": "arn:aws:eks:us-east-1:132172135366:nodegroup/demo-cluster/default_node_group-2024092220183344940000000c/8ac90db1-6815-6ac9-1703-8d742d9de3f1",
            "capacity_type": "ON_DEMAND",
            "cluster_name": "demo-cluster",
            "disk_size": 50,
            "force_update_version": null,
            "id": "demo-cluster:default_node_group-2024092220183344940000000c",
            "instance_types": [
              "m5.large"
            ],
            "labels": null,
            "launch_template": [],
            "node_group_name": "default_node_group-2024092220183344940000000c",
            "node_group_name_prefix": "default_node_group-",
            "node_role_arn": "arn:aws:iam::132172135366:role/default_node_group-eks-node-group-20240922200815896200000001",
            "release_version": "1.29.8-20240917",
            "remote_access": [],
            "resources": [
              {
                "autoscaling_groups": [
                  {
                    "name": "eks-default_node_group-2024092220183344940000000c-8ac90db1-6815-6ac9-1703-8d742d9de3f1"
                  }
                ],
                "remote_access_security_group_id": ""
              }
            ],
            "scaling_config": [
              {
                "desired_size": 2,
                "max_size": 3,
                "min_size": 1
              }
            ],
            "status": "ACTIVE",
            "subnet_ids": [
              "subnet-02191367ad5056e11",
              "subnet-079ae6cd866bc6daf",
              "subnet-08202603585728f1c"
            ],
            "tags": {
              "DevtedsOrg": "Devteds Courses",
              "DevtedsStack": "demo-cluster",
              "DevtedsStackName": "EKS",
              "Name": "default_node_group",
              "kubernetes.io/cluster/demo-cluster": "shared"
            },
            "tags_all": {
              "DevtedsOrg": "Devteds Courses",
              "DevtedsStack": "demo-cluster",
              "DevtedsStackName": "EKS",
              "Name": "default_node_group",
              "kubernetes.io/cluster/demo-cluster": "shared"
            },
            "taint": [],
            "timeouts": {
              "create": null,
              "delete": null,
              "update": null
            },
            "update_config": [
              {
                "max_unavailable": 0,
                "max_unavailable_percentage": 33
              }
            ],
            "version": "1.29"
          },
          "sensitive_attributes": [],
          "private": "eyJlMmJmYjczMC1lY2FhLTExZTYtOGY4OC0zNDM2M2JjN2M0YzAiOnsiY3JlYXRlIjozNjAwMDAwMDAwMDAwLCJkZWxldGUiOjM2MDAwMDAwMDAwMDAsInVwZGF0ZSI6MzYwMDAwMDAwMDAwMH19",
          "dependencies": [
            "data.terraform_remote_state.vpc",
            "module.eks.aws_cloudwatch_log_group.this",
            "module.eks.aws_eks_cluster.this",
            "module.eks.aws_iam_policy.cni_ipv6_policy",
            "module.eks.aws_iam_role.this",
            "module.eks.aws_iam_role_policy_attachment.this",
            "module.eks.aws_security_group.cluster",
            "module.eks.aws_security_group.node",
            "module.eks.aws_security_group_rule.cluster",
            "module.eks.aws_security_group_rule.node",
            "module.eks.data.aws_caller_identity.current",
            "module.eks.data.aws_iam_policy_document.assume_role_policy",
            "module.eks.data.aws_iam_policy_document.cni_ipv6_policy",
            "module.eks.data.aws_iam_session_context.current",
            "module.eks.data.aws_partition.current",
            "module.eks.module.eks_managed_node_group.aws_iam_role.this",
            "module.eks.module.eks_managed_node_group.aws_iam_role_policy_attachment.this",
            "module.eks.module.eks_managed_node_group.aws_launch_template.this",
            "module.eks.module.eks_managed_node_group.aws_placement_group.this",
            "module.eks.module.eks_managed_node_group.data.aws_caller_identity.current",
            "module.eks.module.eks_managed_node_group.data.aws_ec2_instance_type.this",
            "module.eks.module.eks_managed_node_group.data.aws_ec2_instance_type_offerings.this",
            "module.eks.module.eks_managed_node_group.data.aws_iam_policy_document.assume_role_policy",
            "module.eks.module.eks_managed_node_group.data.aws_partition.current",
            "module.eks.module.eks_managed_node_group.data.aws_ssm_parameter.ami",
            "module.eks.module.eks_managed_node_group.data.aws_subnets.efa",
            "module.eks.module.eks_managed_node_group.module.user_data.data.cloudinit_config.al2023_eks_managed_node_group",
            "module.eks.module.eks_managed_node_group.module.user_data.data.cloudinit_config.linux_eks_managed_node_group",
            "module.eks.module.kms.aws_kms_external_key.this",
            "module.eks.module.kms.aws_kms_key.this",
            "module.eks.module.kms.aws_kms_replica_external_key.this",
            "module.eks.module.kms.aws_kms_replica_key.this",
            "module.eks.module.kms.data.aws_caller_identity.current",
            "module.eks.module.kms.data.aws_iam_policy_document.this",
            "module.eks.module.kms.data.aws_partition.current",
            "module.eks.time_sleep.this"
          ],
          "create_before_destroy": true
        }
      ]
    },
    {
      "module": "module.eks.module.eks_managed_node_group[\"default_node_group\"]",
      "mode": "managed",
      "type": "aws_iam_role",
      "name": "this",
      "provider": "provider[\"registry.terraform.io/hashicorp/aws\"]",
      "instances": [
        {
          "index_key": 0,
          "schema_version": 0,
          "attributes": {
            "arn": "arn:aws:iam::132172135366:role/default_node_group-eks-node-group-20240922200815896200000001",
            "assume_role_policy": "{\"Statement\":[{\"Action\":\"sts:AssumeRole\",\"Effect\":\"Allow\",\"Principal\":{\"Service\":\"ec2.amazonaws.com\"},\"Sid\":\"EKSNodeAssumeRole\"}],\"Version\":\"2012-10-17\"}",
            "create_date": "2024-09-22T20:08:16Z",
            "description": "EKS managed node group IAM role",
            "force_detach_policies": true,
            "id": "default_node_group-eks-node-group-20240922200815896200000001",
            "inline_policy": [],
            "managed_policy_arns": [],
            "max_session_duration": 3600,
            "name": "default_node_group-eks-node-group-20240922200815896200000001",
            "name_prefix": "default_node_group-eks-node-group-",
            "path": "/",
            "permissions_boundary": "",
            "tags": {
              "DevtedsOrg": "Devteds Courses",
              "DevtedsStack": "demo-cluster",
              "DevtedsStackName": "EKS",
              "kubernetes.io/cluster/demo-cluster": "shared"
            },
            "tags_all": {
              "DevtedsOrg": "Devteds Courses",
              "DevtedsStack": "demo-cluster",
              "DevtedsStackName": "EKS",
              "kubernetes.io/cluster/demo-cluster": "shared"
            },
            "unique_id": "AROAR5RQSXPDB6DUF3KCB"
          },
          "sensitive_attributes": [],
          "private": "bnVsbA==",
          "dependencies": [
            "module.eks.module.eks_managed_node_group.data.aws_iam_policy_document.assume_role_policy"
          ],
          "create_before_destroy": true
        }
      ]
    },
    {
      "module": "module.eks.module.eks_managed_node_group[\"default_node_group\"]",
      "mode": "managed",
      "type": "aws_iam_role_policy_attachment",
      "name": "this",
      "provider": "provider[\"registry.terraform.io/hashicorp/aws\"]",
      "instances": [
        {
          "index_key": "AmazonEC2ContainerRegistryReadOnly",
          "schema_version": 0,
          "attributes": {
            "id": "default_node_group-eks-node-group-20240922200815896200000001-20240922200817302500000008",
            "policy_arn": "arn:aws:iam::aws:policy/AmazonEC2ContainerRegistryReadOnly",
            "role": "default_node_group-eks-node-group-20240922200815896200000001"
          },
          "sensitive_attributes": [],
          "private": "bnVsbA==",
          "dependencies": [
            "module.eks.module.eks_managed_node_group.aws_iam_role.this",
            "module.eks.module.eks_managed_node_group.data.aws_caller_identity.current",
            "module.eks.module.eks_managed_node_group.data.aws_iam_policy_document.assume_role_policy",
            "module.eks.module.eks_managed_node_group.data.aws_partition.current"
          ],
          "create_before_destroy": true
        },
        {
          "index_key": "AmazonEKSWorkerNodePolicy",
          "schema_version": 0,
          "attributes": {
            "id": "default_node_group-eks-node-group-20240922200815896200000001-20240922200817209000000006",
            "policy_arn": "arn:aws:iam::aws:policy/AmazonEKSWorkerNodePolicy",
            "role": "default_node_group-eks-node-group-20240922200815896200000001"
          },
          "sensitive_attributes": [],
          "private": "bnVsbA==",
          "dependencies": [
            "module.eks.module.eks_managed_node_group.aws_iam_role.this",
            "module.eks.module.eks_managed_node_group.data.aws_caller_identity.current",
            "module.eks.module.eks_managed_node_group.data.aws_iam_policy_document.assume_role_policy",
            "module.eks.module.eks_managed_node_group.data.aws_partition.current"
          ],
          "create_before_destroy": true
        },
        {
          "index_key": "AmazonEKS_CNI_Policy",
          "schema_version": 0,
          "attributes": {
            "id": "default_node_group-eks-node-group-20240922200815896200000001-20240922200817210500000007",
            "policy_arn": "arn:aws:iam::aws:policy/AmazonEKS_CNI_Policy",
            "role": "default_node_group-eks-node-group-20240922200815896200000001"
          },
          "sensitive_attributes": [],
          "private": "bnVsbA==",
          "dependencies": [
            "module.eks.module.eks_managed_node_group.aws_iam_role.this",
            "module.eks.module.eks_managed_node_group.data.aws_caller_identity.current",
            "module.eks.module.eks_managed_node_group.data.aws_iam_policy_document.assume_role_policy",
            "module.eks.module.eks_managed_node_group.data.aws_partition.current"
          ],
          "create_before_destroy": true
        }
      ]
    },
    {
      "module": "module.eks.module.eks_managed_node_group[\"default_node_group\"].module.user_data",
      "mode": "managed",
      "type": "null_resource",
      "name": "validate_cluster_service_cidr",
      "provider": "provider[\"registry.terraform.io/hashicorp/null\"]",
      "instances": [
        {
          "schema_version": 0,
          "attributes": {
            "id": "7354086389656927133",
            "triggers": null
          },
          "sensitive_attributes": [],
          "dependencies": [
            "data.terraform_remote_state.vpc",
            "module.eks.aws_cloudwatch_log_group.this",
            "module.eks.aws_eks_cluster.this",
            "module.eks.aws_iam_policy.cni_ipv6_policy",
            "module.eks.aws_iam_role.this",
            "module.eks.aws_iam_role_policy_attachment.this",
            "module.eks.aws_security_group.cluster",
            "module.eks.aws_security_group.node",
            "module.eks.aws_security_group_rule.cluster",
            "module.eks.aws_security_group_rule.node",
            "module.eks.data.aws_caller_identity.current",
            "module.eks.data.aws_iam_policy_document.assume_role_policy",
            "module.eks.data.aws_iam_policy_document.cni_ipv6_policy",
            "module.eks.data.aws_iam_session_context.current",
            "module.eks.data.aws_partition.current",
            "module.eks.module.kms.aws_kms_external_key.this",
            "module.eks.module.kms.aws_kms_key.this",
            "module.eks.module.kms.aws_kms_replica_external_key.this",
            "module.eks.module.kms.aws_kms_replica_key.this",
            "module.eks.module.kms.data.aws_caller_identity.current",
            "module.eks.module.kms.data.aws_iam_policy_document.this",
            "module.eks.module.kms.data.aws_partition.current",
            "module.eks.time_sleep.this"
          ]
        }
      ]
    },
    {
      "module": "module.key_pair",
      "mode": "managed",
      "type": "aws_key_pair",
      "name": "this",
      "provider": "provider[\"registry.terraform.io/hashicorp/aws\"]",
      "instances": [
        {
          "index_key": 0,
          "schema_version": 1,
          "attributes": {
            "arn": "arn:aws:ec2:us-east-1:132172135366:key-pair/demo-cluster2024092220082621570000000b",
            "fingerprint": "13:75:90:d0:e4:b1:69:f4:67:a1:e5:be:59:e8:d4:57",
            "id": "demo-cluster2024092220082621570000000b",
            "key_name": "demo-cluster2024092220082621570000000b",
            "key_name_prefix": "demo-cluster",
            "key_pair_id": "key-022fc837f81311ce4",
            "key_type": "rsa",
            "public_key": "ssh-rsa AAAAB3NzaC1yc2EAAAADAQABAAACAQC2FyLrycevBMvCsoQR4QKfyyjsRf6VYdwfRKTr29nLQLHoCGQtuV7WaAIJS2w4ngMPOvvs9R9na9xgSO1XRckV8oYmg5AzE9DlKtoIdoHnOXjoZGgtf7AEHoXPlecdLMMNh6Vut+77GjJqdxYdcz8GQDKJJkgmzefrter/LuBlUrk5aVWsFt4uIGVOiLQmTp4u2JmvL0HJ86A5u+zDQ5QZVB6C6D/642OrXDmmZqCqxCVNwSS9PMpmis17ufryDvYGpDtNmZDB9yw7+o6rB0LLhTJ0RR5TGTSY43b4iTTv2+wRyT7sfdj5YoVaE61fAQCc6CQaaceZWbenfbyEfpV2BHpMtuZxQM08kb8UNqFpwWKBpLG+af8wp1ghJOuEoFyrbVKr/x5HgQpqjAgz3EF3nRkLWm4CQ0PR1IDLMJ04ghXz/B5iEsNdPmLeU4fkxCxtErQv4rupGiQgR5g1Jgiiss3mpQDw584EbCqpea/DjbuHNLm9tU5qFD3WDDzk0SDG08xe+yJf1J+HdLWi/ZS1EpTNe3sV3v5Xy68rA142gua13nDFupA3S1ask2udAs7LRWlJk3JYNHhfs26qYjFwhxU2iP5mB8nveBSTniTz2oXp4reGvUcMncKHNCVTDU/3j7762ZYmnCTOLn8yy/NUROv5UEslTFlLrvptElHyOQ==",
            "tags": {
              "DevtedsOrg": "Devteds Courses",
              "DevtedsStack": "demo-cluster",
              "DevtedsStackName": "EKS",
              "kubernetes.io/cluster/demo-cluster": "shared"
            },
            "tags_all": {
              "DevtedsOrg": "Devteds Courses",
              "DevtedsStack": "demo-cluster",
              "DevtedsStackName": "EKS",
              "kubernetes.io/cluster/demo-cluster": "shared"
            }
          },
          "sensitive_attributes": [],
          "private": "eyJzY2hlbWFfdmVyc2lvbiI6IjEifQ==",
          "dependencies": [
            "module.key_pair.tls_private_key.this"
          ]
        }
      ]
    },
    {
      "module": "module.key_pair",
      "mode": "managed",
      "type": "tls_private_key",
      "name": "this",
      "provider": "provider[\"registry.terraform.io/hashicorp/tls\"]",
      "instances": [
        {
          "index_key": 0,
          "schema_version": 1,
          "attributes": {
            "algorithm": "RSA",
            "ecdsa_curve": "P224",
            "id": "ecdd51be5f28034295fb53996749bb4e15b1460b",
            "private_key_openssh": "-----BEGIN OPENSSH PRIVATE KEY-----\nb3BlbnNzaC1rZXktdjEAAAAABG5vbmUAAAAEbm9uZQAAAAAAAAABAAACFwAAAAdz\nc2gtcnNhAAAAAwEAAQAAAgEAthci68nHrwTLwrKEEeECn8so7EX+lWHcH0Sk69vZ\ny0Cx6AhkLble1mgCCUtsOJ4DDzr77PUfZ2vcYEjtV0XJFfKGJoOQMxPQ5SraCHaB\n5zl46GRoLX+wBB6Fz5XnHSzDDYelbrfu+xoyancWHXM/BkAyiSZIJs3n67Xq/y7g\nZVK5OWlVrBbeLiBlToi0Jk6eLtiZry9ByfOgObvsw0OUGVQegug/+uNjq1w5pmag\nqsQlTcEkvTzKZorNe7n68g72BqQ7TZmQwfcsO/qOqwdCy4UydEUeUxk0mON2+Ik0\n79vsEck+7H3Y+WKFWhOtXwEAnOgkGmnHmVm3p328hH6VdgR6TLbmcUDNPJG/FDah\nacFigaSxvmn/MKdYISTrhKBcq21Sq/8eR4EKaowIM9xBd50ZC1puAkND0dSAyzCd\nOIIV8/weYhLDXT5i3lOH5MQsbRK0L+K7qRokIEeYNSYIorLN5qUA8OfOBGwqqXmv\nw427hzS5vbVOahQ91gw85NEgxtPMXvsiX9Sfh3S1ov2UtRKUzXt7Fd7+V8uvKwNe\nNoLmtd5wxbqQN0tWrJNrnQLOy0VpSZNyWDR4X7NuqmIxcIcVNoj+ZgfJ73gUk54k\n89qF6eK3hr1HDJ3ChzQlUw1P94+++tmWJpwkzi5/MsvzVETr+VBLJUxZS676bRJR\n8jkAAAc42l9hWdpfYVkAAAAHc3NoLXJzYQAAAgEAthci68nHrwTLwrKEEeECn8so\n7EX+lWHcH0Sk69vZy0Cx6AhkLble1mgCCUtsOJ4DDzr77PUfZ2vcYEjtV0XJFfKG\nJoOQMxPQ5SraCHaB5zl46GRoLX+wBB6Fz5XnHSzDDYelbrfu+xoyancWHXM/BkAy\niSZIJs3n67Xq/y7gZVK5OWlVrBbeLiBlToi0Jk6eLtiZry9ByfOgObvsw0OUGVQe\ngug/+uNjq1w5pmagqsQlTcEkvTzKZorNe7n68g72BqQ7TZmQwfcsO/qOqwdCy4Uy\ndEUeUxk0mON2+Ik079vsEck+7H3Y+WKFWhOtXwEAnOgkGmnHmVm3p328hH6VdgR6\nTLbmcUDNPJG/FDahacFigaSxvmn/MKdYISTrhKBcq21Sq/8eR4EKaowIM9xBd50Z\nC1puAkND0dSAyzCdOIIV8/weYhLDXT5i3lOH5MQsbRK0L+K7qRokIEeYNSYIorLN\n5qUA8OfOBGwqqXmvw427hzS5vbVOahQ91gw85NEgxtPMXvsiX9Sfh3S1ov2UtRKU\nzXt7Fd7+V8uvKwNeNoLmtd5wxbqQN0tWrJNrnQLOy0VpSZNyWDR4X7NuqmIxcIcV\nNoj+ZgfJ73gUk54k89qF6eK3hr1HDJ3ChzQlUw1P94+++tmWJpwkzi5/MsvzVETr\n+VBLJUxZS676bRJR8jkAAAADAQABAAACAC2MuBWXkjX70yTPFy6JxOhIH+KK19Zy\ndmfz+fVuN5sageZzQuwVNN4Zgnjkvxuim01SCfcKkmKCnswPMh/kuxqcYmZ7/rRo\nPpc1EvmO+4vl2pL3mv/Wsyc0o3B8JSYtLlXSGtYJeOSjdv0e8Q9I5vkfUgTw6Jec\nZmmWRkSzazqtaNwtt1qnFckgHXd5xubWP8ekMz2ZarGkGe6XTfDClOeJHWDNzENs\nYmBZX6p6fbJ6AoLiz9fuvwrLqf9LVLT8fRrINnWA9q8ur4gJc2rhFBppJWfkamOL\nKJceP4KIgA+IShNg7jamfIJV3Nndlj7vt0GI6I8a6u03fjONxny2VZiV77xsMj5I\nunLe0FpE7NUDX3koMAXhiNQmz3ACjA8RY2FTxaLSFkLXcxDiXHWMi7sZmKErIonz\n2c62eQeQpe2ndoPGBvR3Eozk2nR9PeWiayN92GKrn6d9pnuPNCrrIbsZiqwLiijt\n1s34GqQXCTK7JLDcun1yZyE+uxdguz11Tm+AagplsxNegC5TIaah6eBZTYfOH0ij\nGgsYF2QlQt2j8o5iEmUi1KvCBtRvvZ3J7TZXViYgfZwAKylf8Hj256b/lK3lY7vg\no+7doY49nfeh+zuNnflakZifJa10RtJxi0dQZH0uYnOzeKqtOGhUJl1m90OPidSF\nzIWRnxX7OXEBAAABAAQBOiuVVgrGWU5ya/z4xO9jZTthrmEVnv9HW1LWtmQkKnJA\n7cexNDqTiXVLmG4mP9TS3Drt7h04eAJj6WffdT4Wd53p55CmMyy67Fxyxb60+guK\n3ZpD7CiWi5KAhP4Hj61yzWNe2ajiy3sJRVYYz2AE3xMpT8Y5zQFU3P8oruvIVhj4\nX2wxZoly6AoZXYzctrweug0XrvdvEzOF41JiSPPsDcAFUCeLreKnSRFwPTWy9MwM\noHSLQ/rE1myWjWnCEHmTGzY+Yfp5ZBWe0ZB4sMZ5c9FiALHwzvcW6x/OifbBAFS7\n0fP0/bPIQNR9iMZs19HuX5IIrhXmZ8IettbZVWwAAAEBAMvZG2Y7+7WX0SiGGgX8\n0h60V2nRReOXyjswbPDhk+05lGW2m/p7wpbesdNySMoC8hKDdgoOL+1RNYx9MB6z\n4l0S2MGILI7GTNChMLN0SLj0Ilcv6VtBxzmeq8bqo2D2LaUKhzCKmYOFZDhNU9mO\nSMVOZwXI4MMZpC5UACpi6PxqT+OUUA1QNjgsz7Vi9tto1tu9IVpzn2XdAOdiJoaH\nrjzhAYB20oLUNe6xaUgycO/TLNYPw7ooeM4r6hBiJlWa5APwgnjjPMfNJO3+//eL\ndbXKRrfP5c4ubl5XaX8XzkPRvOOJsIyNvkGA6sFlbM21u33GDTKVihXyP3J+eXYB\n3ikAAAEBAOStBgezMkHV8+7XNSJSbLiQzLLZAWrI4HKIWdI48uUBgWpgxukqe/S6\ncRYR8A1yJuQQrwVMuPhaMdeGNoLptOClHPglrSEwcIkgAYQubFlo+3v2spaOOj1/\nCKrIFSNZIRXLB+lLRD9HeSZVAiZ3VkzCwsfbj5K5YpX8+nTYi0wcO84POhAe6Vgv\nLv9wwGDADgKoTxj0XmtYxXJ83BCLaGe/pf214QWsmWoYz2MNPNIxvOhkpkGqnlFb\nFS23dblRF8B0abNzHnAuBNK4irNOrNWkiKOmpzPyD4K/ZiHrZzylWSDD3bqAxTRw\nYuGjOlHVwstCnYbHoCcdQkt2/flz1ZEAAAAAAQID\n-----END OPENSSH PRIVATE KEY-----\n",
            "private_key_pem": "-----BEGIN RSA PRIVATE KEY-----\nMIIJJwIBAAKCAgEAthci68nHrwTLwrKEEeECn8so7EX+lWHcH0Sk69vZy0Cx6Ahk\nLble1mgCCUtsOJ4DDzr77PUfZ2vcYEjtV0XJFfKGJoOQMxPQ5SraCHaB5zl46GRo\nLX+wBB6Fz5XnHSzDDYelbrfu+xoyancWHXM/BkAyiSZIJs3n67Xq/y7gZVK5OWlV\nrBbeLiBlToi0Jk6eLtiZry9ByfOgObvsw0OUGVQegug/+uNjq1w5pmagqsQlTcEk\nvTzKZorNe7n68g72BqQ7TZmQwfcsO/qOqwdCy4UydEUeUxk0mON2+Ik079vsEck+\n7H3Y+WKFWhOtXwEAnOgkGmnHmVm3p328hH6VdgR6TLbmcUDNPJG/FDahacFigaSx\nvmn/MKdYISTrhKBcq21Sq/8eR4EKaowIM9xBd50ZC1puAkND0dSAyzCdOIIV8/we\nYhLDXT5i3lOH5MQsbRK0L+K7qRokIEeYNSYIorLN5qUA8OfOBGwqqXmvw427hzS5\nvbVOahQ91gw85NEgxtPMXvsiX9Sfh3S1ov2UtRKUzXt7Fd7+V8uvKwNeNoLmtd5w\nxbqQN0tWrJNrnQLOy0VpSZNyWDR4X7NuqmIxcIcVNoj+ZgfJ73gUk54k89qF6eK3\nhr1HDJ3ChzQlUw1P94+++tmWJpwkzi5/MsvzVETr+VBLJUxZS676bRJR8jkCAwEA\nAQKCAgAtjLgVl5I1+9MkzxcuicToSB/iitfWcnZn8/n1bjebGoHmc0LsFTTeGYJ4\n5L8boptNUgn3CpJigp7MDzIf5LsanGJme/60aD6XNRL5jvuL5dqS95r/1rMnNKNw\nfCUmLS5V0hrWCXjko3b9HvEPSOb5H1IE8OiXnGZplkZEs2s6rWjcLbdapxXJIB13\necbm1j/HpDM9mWqxpBnul03wwpTniR1gzcxDbGJgWV+qen2yegKC4s/X7r8Ky6n/\nS1S0/H0ayDZ1gPavLq+ICXNq4RQaaSVn5GpjiyiXHj+CiIAPiEoTYO42pnyCVdzZ\n3ZY+77dBiOiPGurtN34zjcZ8tlWYle+8bDI+SLpy3tBaROzVA195KDAF4YjUJs9w\nAowPEWNhU8Wi0hZC13MQ4lx1jIu7GZihKyKJ89nOtnkHkKXtp3aDxgb0dxKM5Np0\nfT3lomsjfdhiq5+nfaZ7jzQq6yG7GYqsC4oo7dbN+BqkFwkyuySw3Lp9cmchPrsX\nYLs9dU5vgGoKZbMTXoAuUyGmoengWU2Hzh9IoxoLGBdkJULdo/KOYhJlItSrwgbU\nb72dye02V1YmIH2cACspX/B49uem/5St5WO74KPu3aGOPZ33ofs7jZ35WpGYnyWt\ndEbScYtHUGR9LmJzs3iqrThoVCZdZvdDj4nUhcyFkZ8V+zlxAQKCAQEAy9kbZjv7\ntZfRKIYaBfzSHrRXadFF45fKOzBs8OGT7TmUZbab+nvClt6x03JIygLyEoN2Cg4v\n7VE1jH0wHrPiXRLYwYgsjsZM0KEws3RIuPQiVy/pW0HHOZ6rxuqjYPYtpQqHMIqZ\ng4VkOE1T2Y5IxU5nBcjgwxmkLlQAKmLo/GpP45RQDVA2OCzPtWL222jW270hWnOf\nZd0A52ImhoeuPOEBgHbSgtQ17rFpSDJw79Ms1g/Duih4zivqEGImVZrkA/CCeOM8\nx80k7f7/94t1tcpGt8/lzi5uXldpfxfOQ9G844mwjI2+QYDqwWVszbW7fcYNMpWK\nFfI/cn55dgHeKQKCAQEA5K0GB7MyQdXz7tc1IlJsuJDMstkBasjgcohZ0jjy5QGB\namDG6Sp79LpxFhHwDXIm5BCvBUy4+Fox14Y2gum04KUc+CWtITBwiSABhC5sWWj7\ne/aylo46PX8IqsgVI1khFcsH6UtEP0d5JlUCJndWTMLCx9uPkrlilfz6dNiLTBw7\nzg86EB7pWC8u/3DAYMAOAqhPGPRea1jFcnzcEItoZ7+l/bXhBayZahjPYw080jG8\n6GSmQaqeUVsVLbd1uVEXwHRps3MecC4E0riKs06s1aSIo6anM/IPgr9mIetnPKVZ\nIMPduoDFNHBi4aM6UdXCy0KdhsegJx1CS3b9+XPVkQKCAQAPXynPxcovYWlmUuZ3\neR8nLZZB5oQMq4+WcwpkB76t7t+f4+tTMi30Toq+VSnkAeDbQIqQK421qaAOHgqY\n5hu1xQwPXANwKMf2G5GelrA9Mju8s2I3fXhWgf6WG2+Cik3a2jZjlLAK2O47yKkA\nCNi3+DeQmhtI2xAkZjU0/QxwrFul37NBrcDI76giF3piBT/ehh6TwZBNkCLXT/Fz\nx5t9/8GrPEqXjwUaIMq9pQAbNaN16O5rhU3GzkzyO1SEtA9ptKNCFnCo6HFWeRo4\nQo33zW8TwVuk9p9gAdt0uAjX2GMUDXgAwVeNfPk26D0SLhgbXen03I3zJbdfHOZv\n3agxAoIBABf1EJap7W/8TEwPe9+WpxFHCksKdR2M4gbdxhtCICBh4f8VGIHBE692\nAPcA9hdSiESIgu2ZNh++w04DH57jgTGv2rMcr2C0xHV5Ru9kNbHAT+iS1e70A6IB\ntxS9VYmYguDXnoKQghvnDwg3C7yf8AimtuVdWVNT3MI9+LdZIG7e3l0eN0UNGAFH\nIDNeyqjYNh+NJoxEvcedS0JNVnjdQhjseSV1cpe3l3MIGmIUNvUGhPYL5WcnyuJX\nGobpm4nItyZQi+pi+yNhjtvMvas/aNgRHseWZBoLGBjomHihQvWVlRrbqlUpvH9b\n7uAYy7lbHcdRuVMvgtXWOOXTF5SU0CECggEABAE6K5VWCsZZTnJr/PjE72NlO2Gu\nYRWe/0dbUta2ZCQqckDtx7E0OpOJdUuYbiY/1NLcOu3uHTh4AmPpZ991PhZ3nenn\nkKYzLLrsXHLFvrT6C4rdmkPsKJaLkoCE/gePrXLNY17ZqOLLewlFVhjPYATfEylP\nxjnNAVTc/yiu68hWGPhfbDFmiXLoChldjNy2vB66DReu928TM4XjUmJI8+wNwAVQ\nJ4ut4qdJEXA9NbL0zAygdItD+sTWbJaNacIQeZMbNj5h+nlkFZ7RkHiwxnlz0WIA\nsfDO9xbrH86J9sEAVLvR8/T9s8hA1H2IxmzX0e5fkgiuFeZnwh621tlVbA==\n-----END RSA PRIVATE KEY-----\n",
            "private_key_pem_pkcs8": "-----BEGIN PRIVATE KEY-----\nMIIJQQIBADANBgkqhkiG9w0BAQEFAASCCSswggknAgEAAoICAQC2FyLrycevBMvC\nsoQR4QKfyyjsRf6VYdwfRKTr29nLQLHoCGQtuV7WaAIJS2w4ngMPOvvs9R9na9xg\nSO1XRckV8oYmg5AzE9DlKtoIdoHnOXjoZGgtf7AEHoXPlecdLMMNh6Vut+77GjJq\ndxYdcz8GQDKJJkgmzefrter/LuBlUrk5aVWsFt4uIGVOiLQmTp4u2JmvL0HJ86A5\nu+zDQ5QZVB6C6D/642OrXDmmZqCqxCVNwSS9PMpmis17ufryDvYGpDtNmZDB9yw7\n+o6rB0LLhTJ0RR5TGTSY43b4iTTv2+wRyT7sfdj5YoVaE61fAQCc6CQaaceZWben\nfbyEfpV2BHpMtuZxQM08kb8UNqFpwWKBpLG+af8wp1ghJOuEoFyrbVKr/x5HgQpq\njAgz3EF3nRkLWm4CQ0PR1IDLMJ04ghXz/B5iEsNdPmLeU4fkxCxtErQv4rupGiQg\nR5g1Jgiiss3mpQDw584EbCqpea/DjbuHNLm9tU5qFD3WDDzk0SDG08xe+yJf1J+H\ndLWi/ZS1EpTNe3sV3v5Xy68rA142gua13nDFupA3S1ask2udAs7LRWlJk3JYNHhf\ns26qYjFwhxU2iP5mB8nveBSTniTz2oXp4reGvUcMncKHNCVTDU/3j7762ZYmnCTO\nLn8yy/NUROv5UEslTFlLrvptElHyOQIDAQABAoICAC2MuBWXkjX70yTPFy6JxOhI\nH+KK19Zydmfz+fVuN5sageZzQuwVNN4Zgnjkvxuim01SCfcKkmKCnswPMh/kuxqc\nYmZ7/rRoPpc1EvmO+4vl2pL3mv/Wsyc0o3B8JSYtLlXSGtYJeOSjdv0e8Q9I5vkf\nUgTw6JecZmmWRkSzazqtaNwtt1qnFckgHXd5xubWP8ekMz2ZarGkGe6XTfDClOeJ\nHWDNzENsYmBZX6p6fbJ6AoLiz9fuvwrLqf9LVLT8fRrINnWA9q8ur4gJc2rhFBpp\nJWfkamOLKJceP4KIgA+IShNg7jamfIJV3Nndlj7vt0GI6I8a6u03fjONxny2VZiV\n77xsMj5IunLe0FpE7NUDX3koMAXhiNQmz3ACjA8RY2FTxaLSFkLXcxDiXHWMi7sZ\nmKErIonz2c62eQeQpe2ndoPGBvR3Eozk2nR9PeWiayN92GKrn6d9pnuPNCrrIbsZ\niqwLiijt1s34GqQXCTK7JLDcun1yZyE+uxdguz11Tm+AagplsxNegC5TIaah6eBZ\nTYfOH0ijGgsYF2QlQt2j8o5iEmUi1KvCBtRvvZ3J7TZXViYgfZwAKylf8Hj256b/\nlK3lY7vgo+7doY49nfeh+zuNnflakZifJa10RtJxi0dQZH0uYnOzeKqtOGhUJl1m\n90OPidSFzIWRnxX7OXEBAoIBAQDL2RtmO/u1l9EohhoF/NIetFdp0UXjl8o7MGzw\n4ZPtOZRltpv6e8KW3rHTckjKAvISg3YKDi/tUTWMfTAes+JdEtjBiCyOxkzQoTCz\ndEi49CJXL+lbQcc5nqvG6qNg9i2lCocwipmDhWQ4TVPZjkjFTmcFyODDGaQuVAAq\nYuj8ak/jlFANUDY4LM+1YvbbaNbbvSFac59l3QDnYiaGh6484QGAdtKC1DXusWlI\nMnDv0yzWD8O6KHjOK+oQYiZVmuQD8IJ44zzHzSTt/v/3i3W1yka3z+XOLm5eV2l/\nF85D0bzjibCMjb5BgOrBZWzNtbt9xg0ylYoV8j9yfnl2Ad4pAoIBAQDkrQYHszJB\n1fPu1zUiUmy4kMyy2QFqyOByiFnSOPLlAYFqYMbpKnv0unEWEfANcibkEK8FTLj4\nWjHXhjaC6bTgpRz4Ja0hMHCJIAGELmxZaPt79rKWjjo9fwiqyBUjWSEVywfpS0Q/\nR3kmVQImd1ZMwsLH24+SuWKV/Pp02ItMHDvODzoQHulYLy7/cMBgwA4CqE8Y9F5r\nWMVyfNwQi2hnv6X9teEFrJlqGM9jDTzSMbzoZKZBqp5RWxUtt3W5URfAdGmzcx5w\nLgTSuIqzTqzVpIijpqcz8g+Cv2Yh62c8pVkgw926gMU0cGLhozpR1cLLQp2Gx6An\nHUJLdv35c9WRAoIBAA9fKc/Fyi9haWZS5nd5HyctlkHmhAyrj5ZzCmQHvq3u35/j\n61MyLfROir5VKeQB4NtAipArjbWpoA4eCpjmG7XFDA9cA3Aox/YbkZ6WsD0yO7yz\nYjd9eFaB/pYbb4KKTdraNmOUsArY7jvIqQAI2Lf4N5CaG0jbECRmNTT9DHCsW6Xf\ns0GtwMjvqCIXemIFP96GHpPBkE2QItdP8XPHm33/was8SpePBRogyr2lABs1o3Xo\n7muFTcbOTPI7VIS0D2m0o0IWcKjocVZ5GjhCjffNbxPBW6T2n2AB23S4CNfYYxQN\neADBV418+TboPRIuGBtd6fTcjfMlt18c5m/dqDECggEAF/UQlqntb/xMTA9735an\nEUcKSwp1HYziBt3GG0IgIGHh/xUYgcETr3YA9wD2F1KIRIiC7Zk2H77DTgMfnuOB\nMa/asxyvYLTEdXlG72Q1scBP6JLV7vQDogG3FL1ViZiC4NeegpCCG+cPCDcLvJ/w\nCKa25V1ZU1Pcwj34t1kgbt7eXR43RQ0YAUcgM17KqNg2H40mjES9x51LQk1WeN1C\nGOx5JXVyl7eXcwgaYhQ29QaE9gvlZyfK4lcahumbici3JlCL6mL7I2GO28y9qz9o\n2BEex5ZkGgsYGOiYeKFC9ZWVGtuqVSm8f1vu4BjLuVsdx1G5Uy+C1dY45dMXlJTQ\nIQKCAQAEATorlVYKxllOcmv8+MTvY2U7Ya5hFZ7/R1tS1rZkJCpyQO3HsTQ6k4l1\nS5huJj/U0tw67e4dOHgCY+ln33U+Fned6eeQpjMsuuxccsW+tPoLit2aQ+wolouS\ngIT+B4+tcs1jXtmo4st7CUVWGM9gBN8TKU/GOc0BVNz/KK7ryFYY+F9sMWaJcugK\nGV2M3La8HroNF673bxMzheNSYkjz7A3ABVAni63ip0kRcD01svTMDKB0i0P6xNZs\nlo1pwhB5kxs2PmH6eWQVntGQeLDGeXPRYgCx8M73Fusfzon2wQBUu9Hz9P2zyEDU\nfYjGbNfR7l+SCK4V5mfCHrbW2VVs\n-----END PRIVATE KEY-----\n",
            "public_key_fingerprint_md5": "98:59:64:71:65:71:32:e2:68:ce:17:05:4a:57:08:67",
            "public_key_fingerprint_sha256": "SHA256:SI2j49eVBhA2QDzJ39aIn7Q7Tz66Jxn5L1nRl2kX2Vc",
            "public_key_openssh": "ssh-rsa AAAAB3NzaC1yc2EAAAADAQABAAACAQC2FyLrycevBMvCsoQR4QKfyyjsRf6VYdwfRKTr29nLQLHoCGQtuV7WaAIJS2w4ngMPOvvs9R9na9xgSO1XRckV8oYmg5AzE9DlKtoIdoHnOXjoZGgtf7AEHoXPlecdLMMNh6Vut+77GjJqdxYdcz8GQDKJJkgmzefrter/LuBlUrk5aVWsFt4uIGVOiLQmTp4u2JmvL0HJ86A5u+zDQ5QZVB6C6D/642OrXDmmZqCqxCVNwSS9PMpmis17ufryDvYGpDtNmZDB9yw7+o6rB0LLhTJ0RR5TGTSY43b4iTTv2+wRyT7sfdj5YoVaE61fAQCc6CQaaceZWbenfbyEfpV2BHpMtuZxQM08kb8UNqFpwWKBpLG+af8wp1ghJOuEoFyrbVKr/x5HgQpqjAgz3EF3nRkLWm4CQ0PR1IDLMJ04ghXz/B5iEsNdPmLeU4fkxCxtErQv4rupGiQgR5g1Jgiiss3mpQDw584EbCqpea/DjbuHNLm9tU5qFD3WDDzk0SDG08xe+yJf1J+HdLWi/ZS1EpTNe3sV3v5Xy68rA142gua13nDFupA3S1ask2udAs7LRWlJk3JYNHhfs26qYjFwhxU2iP5mB8nveBSTniTz2oXp4reGvUcMncKHNCVTDU/3j7762ZYmnCTOLn8yy/NUROv5UEslTFlLrvptElHyOQ==\n",
            "public_key_pem": "-----BEGIN PUBLIC KEY-----\nMIICIjANBgkqhkiG9w0BAQEFAAOCAg8AMIICCgKCAgEAthci68nHrwTLwrKEEeEC\nn8so7EX+lWHcH0Sk69vZy0Cx6AhkLble1mgCCUtsOJ4DDzr77PUfZ2vcYEjtV0XJ\nFfKGJoOQMxPQ5SraCHaB5zl46GRoLX+wBB6Fz5XnHSzDDYelbrfu+xoyancWHXM/\nBkAyiSZIJs3n67Xq/y7gZVK5OWlVrBbeLiBlToi0Jk6eLtiZry9ByfOgObvsw0OU\nGVQegug/+uNjq1w5pmagqsQlTcEkvTzKZorNe7n68g72BqQ7TZmQwfcsO/qOqwdC\ny4UydEUeUxk0mON2+Ik079vsEck+7H3Y+WKFWhOtXwEAnOgkGmnHmVm3p328hH6V\ndgR6TLbmcUDNPJG/FDahacFigaSxvmn/MKdYISTrhKBcq21Sq/8eR4EKaowIM9xB\nd50ZC1puAkND0dSAyzCdOIIV8/weYhLDXT5i3lOH5MQsbRK0L+K7qRokIEeYNSYI\norLN5qUA8OfOBGwqqXmvw427hzS5vbVOahQ91gw85NEgxtPMXvsiX9Sfh3S1ov2U\ntRKUzXt7Fd7+V8uvKwNeNoLmtd5wxbqQN0tWrJNrnQLOy0VpSZNyWDR4X7NuqmIx\ncIcVNoj+ZgfJ73gUk54k89qF6eK3hr1HDJ3ChzQlUw1P94+++tmWJpwkzi5/Msvz\nVETr+VBLJUxZS676bRJR8jkCAwEAAQ==\n-----END PUBLIC KEY-----\n",
            "rsa_bits": 4096
          },
          "sensitive_attributes": [
            [
              {
                "type": "get_attr",
                "value": "private_key_pem"
              }
            ],
            [
              {
                "type": "get_attr",
                "value": "private_key_pem_pkcs8"
              }
            ],
            [
              {
                "type": "get_attr",
                "value": "private_key_openssh"
              }
            ]
          ]
        }
      ]
    }
  ],
  "check_results": [
    {
      "object_kind": "resource",
      "config_addr": "module.eks.module.self_managed_node_group.module.user_data.null_resource.validate_cluster_service_cidr",
      "status": "pass",
      "objects": null
    },
    {
      "object_kind": "resource",
      "config_addr": "module.eks.module.eks_managed_node_group.module.user_data.null_resource.validate_cluster_service_cidr",
      "status": "pass",
      "objects": [
        {
          "object_addr": "module.eks.module.eks_managed_node_group[\"default_node_group\"].module.user_data.null_resource.validate_cluster_service_cidr",
          "status": "pass"
        }
      ]
    }
  ]
}
