{
  "version": 4,
  "terraform_version": "1.9.6",
  "serial": 793,
  "lineage": "f0b6d692-7aad-9484-d252-4f87d7645883",
  "outputs": {
    "cloudwatch_log_group_arn": {
      "value": "arn:aws:logs:us-east-1:132172135366:log-group:/aws/eks/demo-cluster/cluster",
      "type": "string"
    },
    "cloudwatch_log_group_name": {
      "value": "/aws/eks/demo-cluster/cluster",
      "type": "string"
    },
    "cluster_arn": {
      "value": "arn:aws:eks:us-east-1:132172135366:cluster/demo-cluster",
      "type": "string"
    },
    "cluster_certificate_authority_data": {
      "value": "LS0tLS1CRUdJTiBDRVJUSUZJQ0FURS0tLS0tCk1JSURCVENDQWUyZ0F3SUJBZ0lJZWI2SXh2RWw4T2t3RFFZSktvWklodmNOQVFFTEJRQXdGVEVUTUJFR0ExVUUKQXhNS2EzVmlaWEp1WlhSbGN6QWVGdzB5TkRFd01qSXhOVFEwTlROYUZ3MHpOREV3TWpBeE5UUTVOVE5hTUJVeApFekFSQmdOVkJBTVRDbXQxWW1WeWJtVjBaWE13Z2dFaU1BMEdDU3FHU0liM0RRRUJBUVVBQTRJQkR3QXdnZ0VLCkFvSUJBUUQxQWpFd3hVN3VFL0NDaDBrMUNHWEhKQUl6MnBoSFdlRWdZV0xoTmFkUkw2U1BNUEdvMzIwYmxQTHgKRnZLUjdyVDRwd1VxanN2T2EzRmNvYVN1LzVpYUtWYm04UXR6QVRQc01hd1l3d1VMVEcvamllZTh0dkg4WGpzbApIUzVaT2FjQUFiVE1yMmhycDFoU2tMakVNbGtDdkNhem5VQkRqa3VRcHR4Zmw1WnU1bzllMEFBNnZKaitOc3NMClV5bkNKYlN3aEU3aGxKeHNXejhVTVFQdUMyanZiNkxQZEZ1L2RoTEZ1cTVjSVRNTW0rWVlwNTJrUjE0Ry90MFcKdHBuWHRMa1hUTGl5azkyc3VKQXNwWWc1WDNvN1lwWmpncXY5S1VmOXArR1hJWVVIR0NCRW9FRHFJM1lnZFFrYgozaGMzQ3F0YVhuOG9MNVNIN011SWtGT1JGdU8xQWdNQkFBR2pXVEJYTUE0R0ExVWREd0VCL3dRRUF3SUNwREFQCkJnTlZIUk1CQWY4RUJUQURBUUgvTUIwR0ExVWREZ1FXQkJRK2hPenZmUFVYbDYvTnQxOE1URStvelgwM1Z6QVYKQmdOVkhSRUVEakFNZ2dwcmRXSmxjbTVsZEdWek1BMEdDU3FHU0liM0RRRUJDd1VBQTRJQkFRRG9sN0tGS0l4dwpSM2tEUHZGbGVsR2pHSW1ubGdLUGpZRXVEUGwyRVh1T0VhR2pDL2RlYnczek5qS3JCN0dxQWhoZGxlQWZWV3ppCit5bkR6VHc4bFpPb0t0ZXE1VkFkZDd3K1BGNzFYZUc4Zm9jZURocEFORmY0bU5CVncvQmplQkNCSzJ6ZTFQMGIKRlllV0lGU3JndFNiNThJYTYvRm9SZzhJck9OV3lHclhIOHErUVlKMmNCN1dDUFZvUU0wTC9vQU1wZXZMVko5VQpTUTZya2VrL0VDbDNyZGljQmN2VzVjQW5sbFlSbjF4QmNOeEFySFVSQjY3blFKWll0c0xKWklHQ2VXU1B6dXFLCkIraDFUaVczOW1ndG9QdVE0RmZteWE5RURpdGErWWFzUnBZU1NRc2pHQWtyaGQ1TFQ3N3hlOWdISkJmeEdNNUgKUlBYNlk4aUgwUXloCi0tLS0tRU5EIENFUlRJRklDQVRFLS0tLS0K",
      "type": "string"
    },
    "cluster_endpoint": {
      "value": "https://C08747A7050671B29990FCA3955D125B.gr7.us-east-1.eks.amazonaws.com",
      "type": "string"
    },
    "cluster_iam_role_arn": {
      "value": "arn:aws:iam::132172135366:role/demo-cluster-cluster-20241022154551142100000004",
      "type": "string"
    },
    "cluster_iam_role_name": {
      "value": "demo-cluster-cluster-20241022154551142100000004",
      "type": "string"
    },
    "cluster_iam_role_unique_id": {
      "value": "AROAR5RQSXPDO7PR7VHWU",
      "type": "string"
    },
    "cluster_name": {
      "value": "demo-cluster",
      "type": "string"
    },
    "cluster_platform_version": {
      "value": "eks.17",
      "type": "string"
    },
    "cluster_primary_security_group_id": {
      "value": "sg-07e76ed8bc14d25d8",
      "type": "string"
    },
    "cluster_security_group_arn": {
      "value": "arn:aws:ec2:us-east-1:132172135366:security-group/sg-0976ea06f3aeeccc6",
      "type": "string"
    },
    "cluster_security_group_id": {
      "value": "sg-0976ea06f3aeeccc6",
      "type": "string"
    },
    "cluster_status": {
      "value": "ACTIVE",
      "type": "string"
    },
    "cluster_tls_certificate_sha1_fingerprint": {
      "value": "9e99a48a9960b14926bb7f3b02e22da2b0ab7280",
      "type": "string"
    },
    "node_security_group_arn": {
      "value": "arn:aws:ec2:us-east-1:132172135366:security-group/sg-01936fa307a69e9a4",
      "type": "string"
    },
    "node_security_group_id": {
      "value": "sg-01936fa307a69e9a4",
      "type": "string"
    },
    "region": {
      "value": "us-east-1",
      "type": "string"
    }
  },
  "resources": [
    {
      "mode": "data",
      "type": "aws_availability_zones",
      "name": "available",
      "provider": "provider[\"registry.terraform.io/hashicorp/aws\"]",
      "instances": [
        {
          "schema_version": 0,
          "attributes": {
            "all_availability_zones": null,
            "exclude_names": null,
            "exclude_zone_ids": null,
            "filter": null,
            "group_names": [
              "us-east-1"
            ],
            "id": "us-east-1",
            "names": [
              "us-east-1a",
              "us-east-1b",
              "us-east-1c",
              "us-east-1d",
              "us-east-1e",
              "us-east-1f"
            ],
            "state": null,
            "timeouts": null,
            "zone_ids": [
              "use1-az2",
              "use1-az4",
              "use1-az6",
              "use1-az1",
              "use1-az3",
              "use1-az5"
            ]
          },
          "sensitive_attributes": []
        }
      ]
    },
    {
      "mode": "data",
      "type": "aws_caller_identity",
      "name": "current",
      "provider": "provider[\"registry.terraform.io/hashicorp/aws\"]",
      "instances": [
        {
          "schema_version": 0,
          "attributes": {
            "account_id": "132172135366",
            "arn": "arn:aws:iam::132172135366:user/k8suser",
            "id": "132172135366",
            "user_id": "AIDAR5RQSXPDLVB5NXR7O"
          },
          "sensitive_attributes": []
        }
      ]
    },
    {
      "mode": "data",
      "type": "terraform_remote_state",
      "name": "vpc",
      "provider": "provider[\"terraform.io/builtin/terraform\"]",
      "instances": [
        {
          "schema_version": 0,
          "attributes": {
            "backend": "local",
            "config": {
              "value": {
                "path": "../vpc/terraform.tfstate"
              },
              "type": [
                "object",
                {
                  "path": "string"
                }
              ]
            },
            "defaults": null,
            "outputs": {
              "value": {
                "azs": [
                  "us-east-1a",
                  "us-east-1b",
                  "us-east-1c"
                ],
                "intra_subnets": [
                  "subnet-0942c2c4d11a8dd15",
                  "subnet-03c0bd191956e0417",
                  "subnet-0d95e957bb202050c"
                ],
                "private_subnets": [
                  "subnet-0471b0a59c955666a",
                  "subnet-0167fe4c0a82b9537",
                  "subnet-00ffe2c27439e41ce"
                ],
                "public_subnets": [
                  "subnet-0a1653bf530565f8a",
                  "subnet-031367e2e95eb7634",
                  "subnet-00fcaab951ead951c"
                ],
                "vpc_id": "vpc-048f1c1b9b3e238c5"
              },
              "type": [
                "object",
                {
                  "azs": [
                    "list",
                    "string"
                  ],
                  "intra_subnets": [
                    "tuple",
                    [
                      "string",
                      "string",
                      "string"
                    ]
                  ],
                  "private_subnets": [
                    "tuple",
                    [
                      "string",
                      "string",
                      "string"
                    ]
                  ],
                  "public_subnets": [
                    "tuple",
                    [
                      "string",
                      "string",
                      "string"
                    ]
                  ],
                  "vpc_id": "string"
                }
              ]
            },
            "workspace": null
          },
          "sensitive_attributes": []
        }
      ]
    },
    {
      "mode": "managed",
      "type": "aws_security_group",
      "name": "remote_access",
      "provider": "provider[\"registry.terraform.io/hashicorp/aws\"]",
      "instances": [
        {
          "schema_version": 1,
          "attributes": {
            "arn": "arn:aws:ec2:us-east-1:132172135366:security-group/sg-0f4c26e43ac9be9e6",
            "description": "Allow remote SSH from anywhere",
            "egress": [
              {
                "cidr_blocks": [
                  "0.0.0.0/0"
                ],
                "description": "",
                "from_port": 0,
                "ipv6_cidr_blocks": [
                  "::/0"
                ],
                "prefix_list_ids": [],
                "protocol": "-1",
                "security_groups": [],
                "self": false,
                "to_port": 0
              }
            ],
            "id": "sg-0f4c26e43ac9be9e6",
            "ingress": [
              {
                "cidr_blocks": [
                  "0.0.0.0/0"
                ],
                "description": "SSH access",
                "from_port": 22,
                "ipv6_cidr_blocks": [],
                "prefix_list_ids": [],
                "protocol": "tcp",
                "security_groups": [],
                "self": false,
                "to_port": 22
              }
            ],
            "name": "demo-cluster-remote-access20241022154551144200000005",
            "name_prefix": "demo-cluster-remote-access",
            "owner_id": "132172135366",
            "revoke_rules_on_delete": false,
            "tags": {
              "DevtedsOrg": "Devteds Courses",
              "DevtedsStack": "demo-cluster",
              "DevtedsStackName": "EKS",
              "Name": "demo-cluster-remote-ssh",
              "kubernetes.io/cluster/demo-cluster": "shared"
            },
            "tags_all": {
              "DevtedsOrg": "Devteds Courses",
              "DevtedsStack": "demo-cluster",
              "DevtedsStackName": "EKS",
              "Name": "demo-cluster-remote-ssh",
              "kubernetes.io/cluster/demo-cluster": "shared"
            },
            "timeouts": null,
            "vpc_id": "vpc-048f1c1b9b3e238c5"
          },
          "sensitive_attributes": [],
          "private": "eyJlMmJmYjczMC1lY2FhLTExZTYtOGY4OC0zNDM2M2JjN2M0YzAiOnsiY3JlYXRlIjo2MDAwMDAwMDAwMDAsImRlbGV0ZSI6OTAwMDAwMDAwMDAwfSwic2NoZW1hX3ZlcnNpb24iOiIxIn0=",
          "dependencies": [
            "data.terraform_remote_state.vpc"
          ]
        }
      ]
    },
    {
      "module": "module.eks",
      "mode": "data",
      "type": "aws_caller_identity",
      "name": "current",
      "provider": "provider[\"registry.terraform.io/hashicorp/aws\"]",
      "instances": [
        {
          "schema_version": 0,
          "attributes": {
            "account_id": "132172135366",
            "arn": "arn:aws:iam::132172135366:user/k8suser",
            "id": "132172135366",
            "user_id": "AIDAR5RQSXPDLVB5NXR7O"
          },
          "sensitive_attributes": []
        }
      ]
    },
    {
      "module": "module.eks",
      "mode": "data",
      "type": "aws_iam_policy_document",
      "name": "assume_role_policy",
      "provider": "provider[\"registry.terraform.io/hashicorp/aws\"]",
      "instances": [
        {
          "index_key": 0,
          "schema_version": 0,
          "attributes": {
            "id": "2764486067",
            "json": "{\n  \"Version\": \"2012-10-17\",\n  \"Statement\": [\n    {\n      \"Sid\": \"EKSClusterAssumeRole\",\n      \"Effect\": \"Allow\",\n      \"Action\": \"sts:AssumeRole\",\n      \"Principal\": {\n        \"Service\": \"eks.amazonaws.com\"\n      }\n    }\n  ]\n}",
            "minified_json": "{\"Version\":\"2012-10-17\",\"Statement\":[{\"Sid\":\"EKSClusterAssumeRole\",\"Effect\":\"Allow\",\"Action\":\"sts:AssumeRole\",\"Principal\":{\"Service\":\"eks.amazonaws.com\"}}]}",
            "override_json": null,
            "override_policy_documents": null,
            "policy_id": null,
            "source_json": null,
            "source_policy_documents": null,
            "statement": [
              {
                "actions": [
                  "sts:AssumeRole"
                ],
                "condition": [],
                "effect": "Allow",
                "not_actions": [],
                "not_principals": [],
                "not_resources": [],
                "principals": [
                  {
                    "identifiers": [
                      "eks.amazonaws.com"
                    ],
                    "type": "Service"
                  }
                ],
                "resources": [],
                "sid": "EKSClusterAssumeRole"
              }
            ],
            "version": "2012-10-17"
          },
          "sensitive_attributes": []
        }
      ]
    },
    {
      "module": "module.eks",
      "mode": "data",
      "type": "aws_iam_session_context",
      "name": "current",
      "provider": "provider[\"registry.terraform.io/hashicorp/aws\"]",
      "instances": [
        {
          "schema_version": 0,
          "attributes": {
            "arn": "arn:aws:iam::132172135366:user/k8suser",
            "id": "arn:aws:iam::132172135366:user/k8suser",
            "issuer_arn": "arn:aws:iam::132172135366:user/k8suser",
            "issuer_id": "",
            "issuer_name": "",
            "session_name": ""
          },
          "sensitive_attributes": []
        }
      ]
    },
    {
      "module": "module.eks",
      "mode": "data",
      "type": "aws_partition",
      "name": "current",
      "provider": "provider[\"registry.terraform.io/hashicorp/aws\"]",
      "instances": [
        {
          "schema_version": 0,
          "attributes": {
            "dns_suffix": "amazonaws.com",
            "id": "aws",
            "partition": "aws",
            "reverse_dns_prefix": "com.amazonaws"
          },
          "sensitive_attributes": []
        }
      ]
    },
    {
      "module": "module.eks",
      "mode": "data",
      "type": "tls_certificate",
      "name": "this",
      "provider": "provider[\"registry.terraform.io/hashicorp/tls\"]",
      "instances": [
        {
          "index_key": 0,
          "schema_version": 0,
          "attributes": {
            "certificates": [
              {
                "cert_pem": "-----BEGIN CERTIFICATE-----\nMIIEdTCCA12gAwIBAgIJAKcOSkw0grd/MA0GCSqGSIb3DQEBCwUAMGgxCzAJBgNV\nBAYTAlVTMSUwIwYDVQQKExxTdGFyZmllbGQgVGVjaG5vbG9naWVzLCBJbmMuMTIw\nMAYDVQQLEylTdGFyZmllbGQgQ2xhc3MgMiBDZXJ0aWZpY2F0aW9uIEF1dGhvcml0\neTAeFw0wOTA5MDIwMDAwMDBaFw0zNDA2MjgxNzM5MTZaMIGYMQswCQYDVQQGEwJV\nUzEQMA4GA1UECBMHQXJpem9uYTETMBEGA1UEBxMKU2NvdHRzZGFsZTElMCMGA1UE\nChMcU3RhcmZpZWxkIFRlY2hub2xvZ2llcywgSW5jLjE7MDkGA1UEAxMyU3RhcmZp\nZWxkIFNlcnZpY2VzIFJvb3QgQ2VydGlmaWNhdGUgQXV0aG9yaXR5IC0gRzIwggEi\nMA0GCSqGSIb3DQEBAQUAA4IBDwAwggEKAoIBAQDVDDrEKvlO4vW+GZdfjohTsR8/\ny8+fIBNtKTrID30892t2OGPZNmCom15cAICyL1l/9of5JUOG52kbUpqQ4XHj2C0N\nTm/2yEnZtvMaVq4rtnQU68/7JuMauh2WLmo7WJSJR1b/JaCTcFOD2oR0FMNnngRo\nOt+OQFodSk7PQ5E751bWAHDLUu57fa4657wx+UX2wmDPE1kCK4DMNEffud6QZW0C\nzyyRpqbn3oUYSXxmTqM6bam17jQuug0DuDPfR+uxa40l2ZvOgdFFRjKWcIfeAg5J\nQ4W2bHO7ZOphQazJ1FTfhy/HIrImzJ9ZVGif/L4qL8RVHHVAYBeFAlU5i38FAgMB\nAAGjgfAwge0wDwYDVR0TAQH/BAUwAwEB/zAOBgNVHQ8BAf8EBAMCAYYwHQYDVR0O\nBBYEFJxfAN+qAdcwKziIorhtSpzyEZGDMB8GA1UdIwQYMBaAFL9ft9HO3R+G9FtV\nrNzXEMIOqYjnME8GCCsGAQUFBwEBBEMwQTAcBggrBgEFBQcwAYYQaHR0cDovL28u\nc3MyLnVzLzAhBggrBgEFBQcwAoYVaHR0cDovL3guc3MyLnVzL3guY2VyMCYGA1Ud\nHwQfMB0wG6AZoBeGFWh0dHA6Ly9zLnNzMi51cy9yLmNybDARBgNVHSAECjAIMAYG\nBFUdIAAwDQYJKoZIhvcNAQELBQADggEBACMd44pXyn3pF3lM8R5V/cxTbj5HD9/G\nVfKyBDbtgB9TxF00KGu+x1X8Z+rLP3+QsjPNG1gQggL4+C/1E2DUBc7xgQjB3ad1\nl08YuW3e95ORCLp+QCztweq7dp4zBncdDQh/U90bZKuCJ/Fp1U1ervShw3WnWEQt\n8jxwmKy6abaVd38PMV4s/KCHOkdp8Hlf9BRUpJVeEXgSYCfOn8J3/yNTd126/+pZ\n59vPr5KW7ySaNRB6nJHGDn2Z9j8Z3/VyVOEVqQdZe4O/Ui5GjLIAZHYcSNPYeehu\nVsyuLAOQ1xk4meTKCRlb/weWsKh/NEnfVqn3sF/tM+2MR7cwA130A4w=\n-----END CERTIFICATE-----\n",
                "is_ca": true,
                "issuer": "OU=Starfield Class 2 Certification Authority,O=Starfield Technologies\\, Inc.,C=US",
                "not_after": "2034-06-28T17:39:16Z",
                "not_before": "2009-09-02T00:00:00Z",
                "public_key_algorithm": "RSA",
                "serial_number": "12037640545166866303",
                "sha1_fingerprint": "9e99a48a9960b14926bb7f3b02e22da2b0ab7280",
                "signature_algorithm": "SHA256-RSA",
                "subject": "CN=Starfield Services Root Certificate Authority - G2,O=Starfield Technologies\\, Inc.,L=Scottsdale,ST=Arizona,C=US",
                "version": 3
              },
              {
                "cert_pem": "-----BEGIN CERTIFICATE-----\nMIIEkjCCA3qgAwIBAgITBn+USionzfP6wq4rAfkI7rnExjANBgkqhkiG9w0BAQsF\nADCBmDELMAkGA1UEBhMCVVMxEDAOBgNVBAgTB0FyaXpvbmExEzARBgNVBAcTClNj\nb3R0c2RhbGUxJTAjBgNVBAoTHFN0YXJmaWVsZCBUZWNobm9sb2dpZXMsIEluYy4x\nOzA5BgNVBAMTMlN0YXJmaWVsZCBTZXJ2aWNlcyBSb290IENlcnRpZmljYXRlIEF1\ndGhvcml0eSAtIEcyMB4XDTE1MDUyNTEyMDAwMFoXDTM3MTIzMTAxMDAwMFowOTEL\nMAkGA1UEBhMCVVMxDzANBgNVBAoTBkFtYXpvbjEZMBcGA1UEAxMQQW1hem9uIFJv\nb3QgQ0EgMTCCASIwDQYJKoZIhvcNAQEBBQADggEPADCCAQoCggEBALJ4gHHKeNXj\nca9HgFB0fW7Y14h29Jlo91ghYPl0hAEvrAIthtOgQ3pOsqTQNroBvo3bSMgHFzZM\n9O6II8c+6zf1tRn4SWiw3te5djgdYZ6k/oI2peVKVuRF4fn9tBb6dNqcmzU5L/qw\nIFAGbHrQgLKm+a/sRxmPUDgH3KKHOVj4utWp+UhnMJbulHheb4mjUcAwhmahRWa6\nVOujw5H5SNz/0egwLX0tdHA114gk957EWW67c4cX8jJGKLhD+rcdqsq08p8kDi1L\n93FcXmn/6pUCyziKrlA4b9v7LWIbxcceVOF34GfID5yHI9Y/QCB/IIDEgEw+OyQm\njgSubJrIqg0CAwEAAaOCATEwggEtMA8GA1UdEwEB/wQFMAMBAf8wDgYDVR0PAQH/\nBAQDAgGGMB0GA1UdDgQWBBSEGMyFNOy8DJSULghZnMeyEE4KCDAfBgNVHSMEGDAW\ngBScXwDfqgHXMCs4iKK4bUqc8hGRgzB4BggrBgEFBQcBAQRsMGowLgYIKwYBBQUH\nMAGGImh0dHA6Ly9vY3NwLnJvb3RnMi5hbWF6b250cnVzdC5jb20wOAYIKwYBBQUH\nMAKGLGh0dHA6Ly9jcnQucm9vdGcyLmFtYXpvbnRydXN0LmNvbS9yb290ZzIuY2Vy\nMD0GA1UdHwQ2MDQwMqAwoC6GLGh0dHA6Ly9jcmwucm9vdGcyLmFtYXpvbnRydXN0\nLmNvbS9yb290ZzIuY3JsMBEGA1UdIAQKMAgwBgYEVR0gADANBgkqhkiG9w0BAQsF\nAAOCAQEAYjdCXLwQtT6LLOkMm2xF4gcAevnFWAu5CIw+7bMlPLVvUOTNNWqnkzSW\nMiGpSESrnO09tKpzbeR/FoCJbM8oAxiDR3mjEH4wW6w7sGDgd9QIpuEdfF7Au/ma\neyKdpwAJfqxGF4PcnCZXmTA5YpaP7dreqsXMGz7KQ2hsVxa81Q4gLv7/wmpdLqBK\nbRRYh5TmOTFffHPLkIhqhBGWJ6bt2YFGpn6jcgAKUj6DiAdjd4lpFw85hdKrCEVN\n0FE6/V1dN2RMfjCyVSRCnTawXZwXgWHxyvkQAiSr6w10kY17RSlQOYiypok1JR4U\nakcjMS9cmvqtmg5iUaQqqcT5NJ0hGA==\n-----END CERTIFICATE-----\n",
                "is_ca": true,
                "issuer": "CN=Starfield Services Root Certificate Authority - G2,O=Starfield Technologies\\, Inc.,L=Scottsdale,ST=Arizona,C=US",
                "not_after": "2037-12-31T01:00:00Z",
                "not_before": "2015-05-25T12:00:00Z",
                "public_key_algorithm": "RSA",
                "serial_number": "144918191876577076464031512351042010504348870",
                "sha1_fingerprint": "06b25927c42a721631c1efd9431e648fa62e1e39",
                "signature_algorithm": "SHA256-RSA",
                "subject": "CN=Amazon Root CA 1,O=Amazon,C=US",
                "version": 3
              },
              {
                "cert_pem": "-----BEGIN CERTIFICATE-----\nMIIEXjCCA0agAwIBAgITB3MSSkvL1E7HtTvq8ZSELToPoTANBgkqhkiG9w0BAQsF\nADA5MQswCQYDVQQGEwJVUzEPMA0GA1UEChMGQW1hem9uMRkwFwYDVQQDExBBbWF6\nb24gUm9vdCBDQSAxMB4XDTIyMDgyMzIyMjUzMFoXDTMwMDgyMzIyMjUzMFowPDEL\nMAkGA1UEBhMCVVMxDzANBgNVBAoTBkFtYXpvbjEcMBoGA1UEAxMTQW1hem9uIFJT\nQSAyMDQ4IE0wMjCCASIwDQYJKoZIhvcNAQEBBQADggEPADCCAQoCggEBALtDGMZa\nqHneKei1by6+pUPPLljTB143Si6VpEWPc6mSkFhZb/6qrkZyoHlQLbDYnI2D7hD0\nsdzEqfnuAjIsuXQLG3A8TvX6V3oFNBFVe8NlLJHvBseKY88saLwufxkZVwk74g4n\nWlNMXzla9Y5F3wwRHwMVH443xGz6UtGSZSqQ94eFx5X7Tlqt8whi8qCaKdZ5rNak\n+r9nUThOeClqFd4oXych//Rc7Y0eX1KNWHYSI1Nk31mYgiK3JvH063g+K9tHA63Z\neTgKgndlh+WI+zv7i44HepRZjA1FYwYZ9Vv/9UkC5Yz8/yU65fgjaE+wVHM4e/Yy\nC2osrPWE7gJ+dXMCAwEAAaOCAVowggFWMBIGA1UdEwEB/wQIMAYBAf8CAQAwDgYD\nVR0PAQH/BAQDAgGGMB0GA1UdJQQWMBQGCCsGAQUFBwMBBggrBgEFBQcDAjAdBgNV\nHQ4EFgQUwDFSzVpQw4J8dHHOy+mc+XrrguIwHwYDVR0jBBgwFoAUhBjMhTTsvAyU\nlC4IWZzHshBOCggwewYIKwYBBQUHAQEEbzBtMC8GCCsGAQUFBzABhiNodHRwOi8v\nb2NzcC5yb290Y2ExLmFtYXpvbnRydXN0LmNvbTA6BggrBgEFBQcwAoYuaHR0cDov\nL2NydC5yb290Y2ExLmFtYXpvbnRydXN0LmNvbS9yb290Y2ExLmNlcjA/BgNVHR8E\nODA2MDSgMqAwhi5odHRwOi8vY3JsLnJvb3RjYTEuYW1hem9udHJ1c3QuY29tL3Jv\nb3RjYTEuY3JsMBMGA1UdIAQMMAowCAYGZ4EMAQIBMA0GCSqGSIb3DQEBCwUAA4IB\nAQAtTi6Fs0Azfi+iwm7jrz+CSxHH+uHl7Law3MQSXVtR8RV53PtR6r/6gNpqlzdo\nZq4FKbADi1v9Bun8RY8D51uedRfjsbeodizeBB8nXmeyD33Ep7VATj4ozcd31YFV\nfgRhvTSxNrrTlNpWkUk0m3BMPv8sg381HhA6uEYokE5q9uws/3YkKqRiEz3TsaWm\nJqIRZhMbgAfp7O7FUwFIb7UIspogZSKxPIWJpxiPo3TcBambbVtQOcNRWz5qCQdD\nslI2yayq0n2TXoHyNCLEH8rpsJRVILFsg0jc7BaFrMnF462+ajSehgj12IidNeRN\n4zl+EoNaWdpnWndvSpAEkq2P\n-----END CERTIFICATE-----\n",
                "is_ca": true,
                "issuer": "CN=Amazon Root CA 1,O=Amazon,C=US",
                "not_after": "2030-08-23T22:25:30Z",
                "not_before": "2022-08-23T22:25:30Z",
                "public_key_algorithm": "RSA",
                "serial_number": "166129353110899469622597955040406457904926625",
                "sha1_fingerprint": "414a2060b738c635cc7fc243e052615592830c53",
                "signature_algorithm": "SHA256-RSA",
                "subject": "CN=Amazon RSA 2048 M02,O=Amazon,C=US",
                "version": 3
              },
              {
                "cert_pem": "-----BEGIN CERTIFICATE-----\nMIIF5TCCBM2gAwIBAgIQCJL9XGbawpZ6IsGGvDqdyDANBgkqhkiG9w0BAQsFADA8\nMQswCQYDVQQGEwJVUzEPMA0GA1UEChMGQW1hem9uMRwwGgYDVQQDExNBbWF6b24g\nUlNBIDIwNDggTTAyMB4XDTI0MDMyODAwMDAwMFoXDTI1MDQyNjIzNTk1OVowKDEm\nMCQGA1UEAwwdKi5la3MudXMtZWFzdC0xLmFtYXpvbmF3cy5jb20wggEiMA0GCSqG\nSIb3DQEBAQUAA4IBDwAwggEKAoIBAQC4iVpgxjgOmMKdC2tYTHa9yzuuLdYCjpC6\nxN1VgI71uTiSxUGf6R3N/Rdk5vjz2COu3fsVgMh6cCpqrPlxU/5uP0/DFfQGdVxB\nbZ4vYRC9jIbgyKmwqOEJMD/9B3iGHz3KpBpnXDcuulqWsCtuuqxjnMLL4h1UdOeA\nPNwhOyQxKMHl+LfrCZeCuehKch+XM/8lhdKgYyLp8o1Nm7IsNG1aN6iNoZ6rxEyU\nVw6fV+pZDaIrxkYf7unQrAfUWR122pXGzWRtv5VGZLjrci8ev4ZpgGViIzb2LOqT\nFm8gde6aURlAm4uMDFzmZ/iOqEV+52vO9Z0E6Yo5M3dJZqQo7uUpAgMBAAGjggL1\nMIIC8TAfBgNVHSMEGDAWgBTAMVLNWlDDgnx0cc7L6Zz5euuC4jAdBgNVHQ4EFgQU\nhG1ZDKa76htLZVXP+E3P3GnYHjEwKAYDVR0RBCEwH4IdKi5la3MudXMtZWFzdC0x\nLmFtYXpvbmF3cy5jb20wEwYDVR0gBAwwCjAIBgZngQwBAgEwDgYDVR0PAQH/BAQD\nAgWgMB0GA1UdJQQWMBQGCCsGAQUFBwMBBggrBgEFBQcDAjA7BgNVHR8ENDAyMDCg\nLqAshipodHRwOi8vY3JsLnIybTAyLmFtYXpvbnRydXN0LmNvbS9yMm0wMi5jcmww\ndQYIKwYBBQUHAQEEaTBnMC0GCCsGAQUFBzABhiFodHRwOi8vb2NzcC5yMm0wMi5h\nbWF6b250cnVzdC5jb20wNgYIKwYBBQUHMAKGKmh0dHA6Ly9jcnQucjJtMDIuYW1h\nem9udHJ1c3QuY29tL3IybTAyLmNlcjAMBgNVHRMBAf8EAjAAMIIBfQYKKwYBBAHW\neQIEAgSCAW0EggFpAWcAdgDPEVbu1S58r/OHW9lpLpvpGnFnSrAX7KwB0lt3zsw7\nCAAAAY6HAoTcAAAEAwBHMEUCIHI392+k5Ds777nM4CwNr+xjjCr49CQ/vHIJDZJX\nokM7AiEA++VPDyyMLijPy0GR8ZBIvAcrYbjfJXTF3GkizeJLVJIAdgB9WR4S4Xgq\nexxhZ3xe/fjQh1wUoE6VnrkDL9kOjC55uAAAAY6HAoTeAAAEAwBHMEUCICBkhMaf\n9gdR3bCbLxXFbHNEXUh7t3P/SxaUKDcE6UmIAiEA25zZ9aBt/mrhDcMc155V8qnw\nadTEqttLdP4XMEmMsPAAdQDm0jFjQHeMwRBBBtdxuc7B0kD2loSG+7qHMh39HjeO\nUAAAAY6HAoTxAAAEAwBGMEQCIFFF4kpqcNgHFzRi2cnL4HbNApZlnlc+Re9IyYXi\nCldqAiBkZUgs12iu2uWGU97VUAICt2+zZkhjUV3i+O3kYh1yrTANBgkqhkiG9w0B\nAQsFAAOCAQEAWY5OxR7rWtYFS09xAYYIHlBF7wdUxQH60zi/IqAHZIRCFI1xHdsJ\n0BUv30lLyiGtVr4DheBo81/IErBRpXmSkdoDJA+5d/Jz3EFtbrVogjESALAgBfSG\nuJX0QLshjyTl9O2r00qkxIhbKmSPSl9JQVxqt2jTaB6pD3SjWX6U+l397Ns1L6pI\nb1418oVo7LeHwEeEx6APMIyjzlfcXdCHA6lVKeiNF8SH+QW+h6ZOpGXJIU6llBjg\nWAhscqrGRj1APpuKWGVkVCweAjIOcEuWV8Fqmfp1h9jmeUkG6SoBifrl41PvhK0o\nqQ3LlAF6Op6n7JLa2rlXkf6LienZDVlSuQ==\n-----END CERTIFICATE-----\n",
                "is_ca": false,
                "issuer": "CN=Amazon RSA 2048 M02,O=Amazon,C=US",
                "not_after": "2025-04-26T23:59:59Z",
                "not_before": "2024-03-28T00:00:00Z",
                "public_key_algorithm": "RSA",
                "serial_number": "11397038078078022747295509550808604104",
                "sha1_fingerprint": "9451ad2b53c7f41fab22886cc07d482085336561",
                "signature_algorithm": "SHA256-RSA",
                "subject": "CN=*.eks.us-east-1.amazonaws.com",
                "version": 3
              }
            ],
            "content": null,
            "id": "99d41e43229a4cdaf4141f3e8310e6d95c31dab9",
            "url": "https://oidc.eks.us-east-1.amazonaws.com/id/C08747A7050671B29990FCA3955D125B",
            "verify_chain": true
          },
          "sensitive_attributes": []
        }
      ]
    },
    {
      "module": "module.eks",
      "mode": "managed",
      "type": "aws_cloudwatch_log_group",
      "name": "this",
      "provider": "provider[\"registry.terraform.io/hashicorp/aws\"]",
      "instances": [
        {
          "index_key": 0,
          "schema_version": 0,
          "attributes": {
            "arn": "arn:aws:logs:us-east-1:132172135366:log-group:/aws/eks/demo-cluster/cluster",
            "id": "/aws/eks/demo-cluster/cluster",
            "kms_key_id": "",
            "log_group_class": "STANDARD",
            "name": "/aws/eks/demo-cluster/cluster",
            "name_prefix": "",
            "retention_in_days": 90,
            "skip_destroy": false,
            "tags": {
              "DevtedsOrg": "Devteds Courses",
              "DevtedsStack": "demo-cluster",
              "DevtedsStackName": "EKS",
              "Name": "/aws/eks/demo-cluster/cluster",
              "kubernetes.io/cluster/demo-cluster": "shared"
            },
            "tags_all": {
              "DevtedsOrg": "Devteds Courses",
              "DevtedsStack": "demo-cluster",
              "DevtedsStackName": "EKS",
              "Name": "/aws/eks/demo-cluster/cluster",
              "kubernetes.io/cluster/demo-cluster": "shared"
            }
          },
          "sensitive_attributes": [],
          "private": "bnVsbA==",
          "create_before_destroy": true
        }
      ]
    },
    {
      "module": "module.eks",
      "mode": "managed",
      "type": "aws_ec2_tag",
      "name": "cluster_primary_security_group",
      "provider": "provider[\"registry.terraform.io/hashicorp/aws\"]",
      "instances": [
        {
          "index_key": "DevtedsOrg",
          "schema_version": 0,
          "attributes": {
            "id": "sg-07e76ed8bc14d25d8,DevtedsOrg",
            "key": "DevtedsOrg",
            "resource_id": "sg-07e76ed8bc14d25d8",
            "value": "Devteds Courses"
          },
          "sensitive_attributes": [],
          "private": "bnVsbA==",
          "dependencies": [
            "data.terraform_remote_state.vpc",
            "module.eks.aws_cloudwatch_log_group.this",
            "module.eks.aws_eks_cluster.this",
            "module.eks.aws_iam_policy.cni_ipv6_policy",
            "module.eks.aws_iam_role.this",
            "module.eks.aws_iam_role_policy_attachment.this",
            "module.eks.aws_security_group.cluster",
            "module.eks.aws_security_group.node",
            "module.eks.aws_security_group_rule.cluster",
            "module.eks.aws_security_group_rule.node",
            "module.eks.data.aws_caller_identity.current",
            "module.eks.data.aws_iam_policy_document.assume_role_policy",
            "module.eks.data.aws_iam_policy_document.cni_ipv6_policy",
            "module.eks.data.aws_iam_session_context.current",
            "module.eks.data.aws_partition.current",
            "module.eks.module.kms.aws_kms_external_key.this",
            "module.eks.module.kms.aws_kms_key.this",
            "module.eks.module.kms.aws_kms_replica_external_key.this",
            "module.eks.module.kms.aws_kms_replica_key.this",
            "module.eks.module.kms.data.aws_caller_identity.current",
            "module.eks.module.kms.data.aws_iam_policy_document.this",
            "module.eks.module.kms.data.aws_partition.current"
          ]
        },
        {
          "index_key": "DevtedsStack",
          "schema_version": 0,
          "attributes": {
            "id": "sg-07e76ed8bc14d25d8,DevtedsStack",
            "key": "DevtedsStack",
            "resource_id": "sg-07e76ed8bc14d25d8",
            "value": "demo-cluster"
          },
          "sensitive_attributes": [],
          "private": "bnVsbA==",
          "dependencies": [
            "data.terraform_remote_state.vpc",
            "module.eks.aws_cloudwatch_log_group.this",
            "module.eks.aws_eks_cluster.this",
            "module.eks.aws_iam_policy.cni_ipv6_policy",
            "module.eks.aws_iam_role.this",
            "module.eks.aws_iam_role_policy_attachment.this",
            "module.eks.aws_security_group.cluster",
            "module.eks.aws_security_group.node",
            "module.eks.aws_security_group_rule.cluster",
            "module.eks.aws_security_group_rule.node",
            "module.eks.data.aws_caller_identity.current",
            "module.eks.data.aws_iam_policy_document.assume_role_policy",
            "module.eks.data.aws_iam_policy_document.cni_ipv6_policy",
            "module.eks.data.aws_iam_session_context.current",
            "module.eks.data.aws_partition.current",
            "module.eks.module.kms.aws_kms_external_key.this",
            "module.eks.module.kms.aws_kms_key.this",
            "module.eks.module.kms.aws_kms_replica_external_key.this",
            "module.eks.module.kms.aws_kms_replica_key.this",
            "module.eks.module.kms.data.aws_caller_identity.current",
            "module.eks.module.kms.data.aws_iam_policy_document.this",
            "module.eks.module.kms.data.aws_partition.current"
          ]
        },
        {
          "index_key": "DevtedsStackName",
          "schema_version": 0,
          "attributes": {
            "id": "sg-07e76ed8bc14d25d8,DevtedsStackName",
            "key": "DevtedsStackName",
            "resource_id": "sg-07e76ed8bc14d25d8",
            "value": "EKS"
          },
          "sensitive_attributes": [],
          "private": "bnVsbA==",
          "dependencies": [
            "data.terraform_remote_state.vpc",
            "module.eks.aws_cloudwatch_log_group.this",
            "module.eks.aws_eks_cluster.this",
            "module.eks.aws_iam_policy.cni_ipv6_policy",
            "module.eks.aws_iam_role.this",
            "module.eks.aws_iam_role_policy_attachment.this",
            "module.eks.aws_security_group.cluster",
            "module.eks.aws_security_group.node",
            "module.eks.aws_security_group_rule.cluster",
            "module.eks.aws_security_group_rule.node",
            "module.eks.data.aws_caller_identity.current",
            "module.eks.data.aws_iam_policy_document.assume_role_policy",
            "module.eks.data.aws_iam_policy_document.cni_ipv6_policy",
            "module.eks.data.aws_iam_session_context.current",
            "module.eks.data.aws_partition.current",
            "module.eks.module.kms.aws_kms_external_key.this",
            "module.eks.module.kms.aws_kms_key.this",
            "module.eks.module.kms.aws_kms_replica_external_key.this",
            "module.eks.module.kms.aws_kms_replica_key.this",
            "module.eks.module.kms.data.aws_caller_identity.current",
            "module.eks.module.kms.data.aws_iam_policy_document.this",
            "module.eks.module.kms.data.aws_partition.current"
          ]
        },
        {
          "index_key": "kubernetes.io/cluster/demo-cluster",
          "schema_version": 0,
          "attributes": {
            "id": "sg-07e76ed8bc14d25d8,kubernetes.io/cluster/demo-cluster",
            "key": "kubernetes.io/cluster/demo-cluster",
            "resource_id": "sg-07e76ed8bc14d25d8",
            "value": "shared"
          },
          "sensitive_attributes": [],
          "private": "bnVsbA==",
          "dependencies": [
            "data.terraform_remote_state.vpc",
            "module.eks.aws_cloudwatch_log_group.this",
            "module.eks.aws_eks_cluster.this",
            "module.eks.aws_iam_policy.cni_ipv6_policy",
            "module.eks.aws_iam_role.this",
            "module.eks.aws_iam_role_policy_attachment.this",
            "module.eks.aws_security_group.cluster",
            "module.eks.aws_security_group.node",
            "module.eks.aws_security_group_rule.cluster",
            "module.eks.aws_security_group_rule.node",
            "module.eks.data.aws_caller_identity.current",
            "module.eks.data.aws_iam_policy_document.assume_role_policy",
            "module.eks.data.aws_iam_policy_document.cni_ipv6_policy",
            "module.eks.data.aws_iam_session_context.current",
            "module.eks.data.aws_partition.current",
            "module.eks.module.kms.aws_kms_external_key.this",
            "module.eks.module.kms.aws_kms_key.this",
            "module.eks.module.kms.aws_kms_replica_external_key.this",
            "module.eks.module.kms.aws_kms_replica_key.this",
            "module.eks.module.kms.data.aws_caller_identity.current",
            "module.eks.module.kms.data.aws_iam_policy_document.this",
            "module.eks.module.kms.data.aws_partition.current"
          ]
        }
      ]
    },
    {
      "module": "module.eks",
      "mode": "managed",
      "type": "aws_eks_access_entry",
      "name": "this",
      "provider": "provider[\"registry.terraform.io/hashicorp/aws\"]",
      "instances": [
        {
          "index_key": "cluster_creator",
          "schema_version": 0,
          "attributes": {
            "access_entry_arn": "arn:aws:eks:us-east-1:132172135366:access-entry/demo-cluster/user/132172135366/k8suser/1ec95a77-65ed-2527-3283-c95a92517232",
            "cluster_name": "demo-cluster",
            "created_at": "2024-10-22T15:53:21Z",
            "id": "demo-cluster:arn:aws:iam::132172135366:user/k8suser",
            "kubernetes_groups": [],
            "modified_at": "2024-10-22T15:53:21Z",
            "principal_arn": "arn:aws:iam::132172135366:user/k8suser",
            "tags": {
              "DevtedsOrg": "Devteds Courses",
              "DevtedsStack": "demo-cluster",
              "DevtedsStackName": "EKS",
              "kubernetes.io/cluster/demo-cluster": "shared"
            },
            "tags_all": {
              "DevtedsOrg": "Devteds Courses",
              "DevtedsStack": "demo-cluster",
              "DevtedsStackName": "EKS",
              "kubernetes.io/cluster/demo-cluster": "shared"
            },
            "timeouts": null,
            "type": "STANDARD",
            "user_name": "arn:aws:iam::132172135366:user/k8suser"
          },
          "sensitive_attributes": [],
          "private": "eyJlMmJmYjczMC1lY2FhLTExZTYtOGY4OC0zNDM2M2JjN2M0YzAiOnsiY3JlYXRlIjo2MDAwMDAwMDAwMDAsImRlbGV0ZSI6NjAwMDAwMDAwMDAwfX0=",
          "dependencies": [
            "data.terraform_remote_state.vpc",
            "module.eks.aws_cloudwatch_log_group.this",
            "module.eks.aws_eks_cluster.this",
            "module.eks.aws_iam_policy.cni_ipv6_policy",
            "module.eks.aws_iam_role.this",
            "module.eks.aws_iam_role_policy_attachment.this",
            "module.eks.aws_security_group.cluster",
            "module.eks.aws_security_group.node",
            "module.eks.aws_security_group_rule.cluster",
            "module.eks.aws_security_group_rule.node",
            "module.eks.data.aws_caller_identity.current",
            "module.eks.data.aws_iam_policy_document.assume_role_policy",
            "module.eks.data.aws_iam_policy_document.cni_ipv6_policy",
            "module.eks.data.aws_iam_session_context.current",
            "module.eks.data.aws_partition.current",
            "module.eks.module.kms.aws_kms_external_key.this",
            "module.eks.module.kms.aws_kms_key.this",
            "module.eks.module.kms.aws_kms_replica_external_key.this",
            "module.eks.module.kms.aws_kms_replica_key.this",
            "module.eks.module.kms.data.aws_caller_identity.current",
            "module.eks.module.kms.data.aws_iam_policy_document.this",
            "module.eks.module.kms.data.aws_partition.current"
          ]
        }
      ]
    },
    {
      "module": "module.eks",
      "mode": "managed",
      "type": "aws_eks_access_policy_association",
      "name": "this",
      "provider": "provider[\"registry.terraform.io/hashicorp/aws\"]",
      "instances": [
        {
          "index_key": "cluster_creator_admin",
          "schema_version": 0,
          "attributes": {
            "access_scope": [
              {
                "namespaces": null,
                "type": "cluster"
              }
            ],
            "associated_at": "2024-10-22 15:53:22.652 +0000 UTC",
            "cluster_name": "demo-cluster",
            "id": "demo-cluster#arn:aws:iam::132172135366:user/k8suser#arn:aws:eks::aws:cluster-access-policy/AmazonEKSClusterAdminPolicy",
            "modified_at": "2024-10-22 15:53:22.652 +0000 UTC",
            "policy_arn": "arn:aws:eks::aws:cluster-access-policy/AmazonEKSClusterAdminPolicy",
            "principal_arn": "arn:aws:iam::132172135366:user/k8suser",
            "timeouts": null
          },
          "sensitive_attributes": [],
          "private": "eyJlMmJmYjczMC1lY2FhLTExZTYtOGY4OC0zNDM2M2JjN2M0YzAiOnsiY3JlYXRlIjo2MDAwMDAwMDAwMDAsImRlbGV0ZSI6NjAwMDAwMDAwMDAwfX0=",
          "dependencies": [
            "data.terraform_remote_state.vpc",
            "module.eks.aws_cloudwatch_log_group.this",
            "module.eks.aws_eks_access_entry.this",
            "module.eks.aws_eks_cluster.this",
            "module.eks.aws_iam_policy.cni_ipv6_policy",
            "module.eks.aws_iam_role.this",
            "module.eks.aws_iam_role_policy_attachment.this",
            "module.eks.aws_security_group.cluster",
            "module.eks.aws_security_group.node",
            "module.eks.aws_security_group_rule.cluster",
            "module.eks.aws_security_group_rule.node",
            "module.eks.data.aws_caller_identity.current",
            "module.eks.data.aws_iam_policy_document.assume_role_policy",
            "module.eks.data.aws_iam_policy_document.cni_ipv6_policy",
            "module.eks.data.aws_iam_session_context.current",
            "module.eks.data.aws_partition.current",
            "module.eks.module.kms.aws_kms_external_key.this",
            "module.eks.module.kms.aws_kms_key.this",
            "module.eks.module.kms.aws_kms_replica_external_key.this",
            "module.eks.module.kms.aws_kms_replica_key.this",
            "module.eks.module.kms.data.aws_caller_identity.current",
            "module.eks.module.kms.data.aws_iam_policy_document.this",
            "module.eks.module.kms.data.aws_partition.current"
          ]
        }
      ]
    },
    {
      "module": "module.eks",
      "mode": "managed",
      "type": "aws_eks_cluster",
      "name": "this",
      "provider": "provider[\"registry.terraform.io/hashicorp/aws\"]",
      "instances": [
        {
          "index_key": 0,
          "schema_version": 1,
          "attributes": {
            "access_config": [
              {
                "authentication_mode": "API_AND_CONFIG_MAP",
                "bootstrap_cluster_creator_admin_permissions": false
              }
            ],
            "arn": "arn:aws:eks:us-east-1:132172135366:cluster/demo-cluster",
            "bootstrap_self_managed_addons": true,
            "certificate_authority": [
              {
                "data": "LS0tLS1CRUdJTiBDRVJUSUZJQ0FURS0tLS0tCk1JSURCVENDQWUyZ0F3SUJBZ0lJZWI2SXh2RWw4T2t3RFFZSktvWklodmNOQVFFTEJRQXdGVEVUTUJFR0ExVUUKQXhNS2EzVmlaWEp1WlhSbGN6QWVGdzB5TkRFd01qSXhOVFEwTlROYUZ3MHpOREV3TWpBeE5UUTVOVE5hTUJVeApFekFSQmdOVkJBTVRDbXQxWW1WeWJtVjBaWE13Z2dFaU1BMEdDU3FHU0liM0RRRUJBUVVBQTRJQkR3QXdnZ0VLCkFvSUJBUUQxQWpFd3hVN3VFL0NDaDBrMUNHWEhKQUl6MnBoSFdlRWdZV0xoTmFkUkw2U1BNUEdvMzIwYmxQTHgKRnZLUjdyVDRwd1VxanN2T2EzRmNvYVN1LzVpYUtWYm04UXR6QVRQc01hd1l3d1VMVEcvamllZTh0dkg4WGpzbApIUzVaT2FjQUFiVE1yMmhycDFoU2tMakVNbGtDdkNhem5VQkRqa3VRcHR4Zmw1WnU1bzllMEFBNnZKaitOc3NMClV5bkNKYlN3aEU3aGxKeHNXejhVTVFQdUMyanZiNkxQZEZ1L2RoTEZ1cTVjSVRNTW0rWVlwNTJrUjE0Ry90MFcKdHBuWHRMa1hUTGl5azkyc3VKQXNwWWc1WDNvN1lwWmpncXY5S1VmOXArR1hJWVVIR0NCRW9FRHFJM1lnZFFrYgozaGMzQ3F0YVhuOG9MNVNIN011SWtGT1JGdU8xQWdNQkFBR2pXVEJYTUE0R0ExVWREd0VCL3dRRUF3SUNwREFQCkJnTlZIUk1CQWY4RUJUQURBUUgvTUIwR0ExVWREZ1FXQkJRK2hPenZmUFVYbDYvTnQxOE1URStvelgwM1Z6QVYKQmdOVkhSRUVEakFNZ2dwcmRXSmxjbTVsZEdWek1BMEdDU3FHU0liM0RRRUJDd1VBQTRJQkFRRG9sN0tGS0l4dwpSM2tEUHZGbGVsR2pHSW1ubGdLUGpZRXVEUGwyRVh1T0VhR2pDL2RlYnczek5qS3JCN0dxQWhoZGxlQWZWV3ppCit5bkR6VHc4bFpPb0t0ZXE1VkFkZDd3K1BGNzFYZUc4Zm9jZURocEFORmY0bU5CVncvQmplQkNCSzJ6ZTFQMGIKRlllV0lGU3JndFNiNThJYTYvRm9SZzhJck9OV3lHclhIOHErUVlKMmNCN1dDUFZvUU0wTC9vQU1wZXZMVko5VQpTUTZya2VrL0VDbDNyZGljQmN2VzVjQW5sbFlSbjF4QmNOeEFySFVSQjY3blFKWll0c0xKWklHQ2VXU1B6dXFLCkIraDFUaVczOW1ndG9QdVE0RmZteWE5RURpdGErWWFzUnBZU1NRc2pHQWtyaGQ1TFQ3N3hlOWdISkJmeEdNNUgKUlBYNlk4aUgwUXloCi0tLS0tRU5EIENFUlRJRklDQVRFLS0tLS0K"
              }
            ],
            "cluster_id": null,
            "created_at": "2024-10-22T15:46:00Z",
            "enabled_cluster_log_types": [
              "api",
              "audit",
              "authenticator"
            ],
            "encryption_config": [],
            "endpoint": "https://C08747A7050671B29990FCA3955D125B.gr7.us-east-1.eks.amazonaws.com",
            "id": "demo-cluster",
            "identity": [
              {
                "oidc": [
                  {
                    "issuer": "https://oidc.eks.us-east-1.amazonaws.com/id/C08747A7050671B29990FCA3955D125B"
                  }
                ]
              }
            ],
            "kubernetes_network_config": [
              {
                "ip_family": "ipv4",
                "service_ipv4_cidr": "172.20.0.0/16",
                "service_ipv6_cidr": ""
              }
            ],
            "name": "demo-cluster",
            "outpost_config": [],
            "platform_version": "eks.17",
            "role_arn": "arn:aws:iam::132172135366:role/demo-cluster-cluster-20241022154551142100000004",
            "status": "ACTIVE",
            "tags": {
              "DevtedsOrg": "Devteds Courses",
              "DevtedsStack": "demo-cluster",
              "DevtedsStackName": "EKS",
              "kubernetes.io/cluster/demo-cluster": "shared",
              "terraform-aws-modules": "eks"
            },
            "tags_all": {
              "DevtedsOrg": "Devteds Courses",
              "DevtedsStack": "demo-cluster",
              "DevtedsStackName": "EKS",
              "kubernetes.io/cluster/demo-cluster": "shared",
              "terraform-aws-modules": "eks"
            },
            "timeouts": {
              "create": null,
              "delete": null,
              "update": null
            },
            "upgrade_policy": [
              {
                "support_type": "EXTENDED"
              }
            ],
            "version": "1.29",
            "vpc_config": [
              {
                "cluster_security_group_id": "sg-07e76ed8bc14d25d8",
                "endpoint_private_access": true,
                "endpoint_public_access": true,
                "public_access_cidrs": [
                  "0.0.0.0/0"
                ],
                "security_group_ids": [
                  "sg-0976ea06f3aeeccc6"
                ],
                "subnet_ids": [
                  "subnet-03c0bd191956e0417",
                  "subnet-0942c2c4d11a8dd15",
                  "subnet-0d95e957bb202050c"
                ],
                "vpc_id": "vpc-048f1c1b9b3e238c5"
              }
            ]
          },
          "sensitive_attributes": [],
          "private": "eyJlMmJmYjczMC1lY2FhLTExZTYtOGY4OC0zNDM2M2JjN2M0YzAiOnsiY3JlYXRlIjoxODAwMDAwMDAwMDAwLCJkZWxldGUiOjkwMDAwMDAwMDAwMCwidXBkYXRlIjozNjAwMDAwMDAwMDAwfSwic2NoZW1hX3ZlcnNpb24iOiIxIn0=",
          "dependencies": [
            "data.terraform_remote_state.vpc",
            "module.eks.aws_cloudwatch_log_group.this",
            "module.eks.aws_iam_policy.cni_ipv6_policy",
            "module.eks.aws_iam_role.this",
            "module.eks.aws_iam_role_policy_attachment.this",
            "module.eks.aws_security_group.cluster",
            "module.eks.aws_security_group.node",
            "module.eks.aws_security_group_rule.cluster",
            "module.eks.aws_security_group_rule.node",
            "module.eks.data.aws_caller_identity.current",
            "module.eks.data.aws_iam_policy_document.assume_role_policy",
            "module.eks.data.aws_iam_policy_document.cni_ipv6_policy",
            "module.eks.data.aws_iam_session_context.current",
            "module.eks.data.aws_partition.current",
            "module.eks.module.kms.aws_kms_external_key.this",
            "module.eks.module.kms.aws_kms_key.this",
            "module.eks.module.kms.aws_kms_replica_external_key.this",
            "module.eks.module.kms.aws_kms_replica_key.this",
            "module.eks.module.kms.data.aws_caller_identity.current",
            "module.eks.module.kms.data.aws_iam_policy_document.this",
            "module.eks.module.kms.data.aws_partition.current"
          ],
          "create_before_destroy": true
        }
      ]
    },
    {
      "module": "module.eks",
      "mode": "managed",
      "type": "aws_iam_openid_connect_provider",
      "name": "oidc_provider",
      "provider": "provider[\"registry.terraform.io/hashicorp/aws\"]",
      "instances": [
        {
          "index_key": 0,
          "schema_version": 0,
          "attributes": {
            "arn": "arn:aws:iam::132172135366:oidc-provider/oidc.eks.us-east-1.amazonaws.com/id/C08747A7050671B29990FCA3955D125B",
            "client_id_list": [
              "sts.amazonaws.com"
            ],
            "id": "arn:aws:iam::132172135366:oidc-provider/oidc.eks.us-east-1.amazonaws.com/id/C08747A7050671B29990FCA3955D125B",
            "tags": {
              "DevtedsOrg": "Devteds Courses",
              "DevtedsStack": "demo-cluster",
              "DevtedsStackName": "EKS",
              "Name": "demo-cluster-eks-irsa",
              "kubernetes.io/cluster/demo-cluster": "shared"
            },
            "tags_all": {
              "DevtedsOrg": "Devteds Courses",
              "DevtedsStack": "demo-cluster",
              "DevtedsStackName": "EKS",
              "Name": "demo-cluster-eks-irsa",
              "kubernetes.io/cluster/demo-cluster": "shared"
            },
            "thumbprint_list": [
              "9e99a48a9960b14926bb7f3b02e22da2b0ab7280"
            ],
            "url": "oidc.eks.us-east-1.amazonaws.com/id/C08747A7050671B29990FCA3955D125B"
          },
          "sensitive_attributes": [],
          "private": "bnVsbA==",
          "dependencies": [
            "data.terraform_remote_state.vpc",
            "module.eks.aws_cloudwatch_log_group.this",
            "module.eks.aws_eks_cluster.this",
            "module.eks.aws_iam_policy.cni_ipv6_policy",
            "module.eks.aws_iam_role.this",
            "module.eks.aws_iam_role_policy_attachment.this",
            "module.eks.aws_security_group.cluster",
            "module.eks.aws_security_group.node",
            "module.eks.aws_security_group_rule.cluster",
            "module.eks.aws_security_group_rule.node",
            "module.eks.data.aws_caller_identity.current",
            "module.eks.data.aws_iam_policy_document.assume_role_policy",
            "module.eks.data.aws_iam_policy_document.cni_ipv6_policy",
            "module.eks.data.aws_iam_session_context.current",
            "module.eks.data.aws_partition.current",
            "module.eks.data.tls_certificate.this",
            "module.eks.module.kms.aws_kms_external_key.this",
            "module.eks.module.kms.aws_kms_key.this",
            "module.eks.module.kms.aws_kms_replica_external_key.this",
            "module.eks.module.kms.aws_kms_replica_key.this",
            "module.eks.module.kms.data.aws_caller_identity.current",
            "module.eks.module.kms.data.aws_iam_policy_document.this",
            "module.eks.module.kms.data.aws_partition.current"
          ]
        }
      ]
    },
    {
      "module": "module.eks",
      "mode": "managed",
      "type": "aws_iam_role",
      "name": "this",
      "provider": "provider[\"registry.terraform.io/hashicorp/aws\"]",
      "instances": [
        {
          "index_key": 0,
          "schema_version": 0,
          "attributes": {
            "arn": "arn:aws:iam::132172135366:role/demo-cluster-cluster-20241022154551142100000004",
            "assume_role_policy": "{\"Statement\":[{\"Action\":\"sts:AssumeRole\",\"Effect\":\"Allow\",\"Principal\":{\"Service\":\"eks.amazonaws.com\"},\"Sid\":\"EKSClusterAssumeRole\"}],\"Version\":\"2012-10-17\"}",
            "create_date": "2024-10-22T15:45:51Z",
            "description": "",
            "force_detach_policies": true,
            "id": "demo-cluster-cluster-20241022154551142100000004",
            "inline_policy": [
              {
                "name": "demo-cluster-cluster",
                "policy": "{\"Version\":\"2012-10-17\",\"Statement\":[{\"Action\":[\"logs:CreateLogGroup\"],\"Effect\":\"Deny\",\"Resource\":\"*\"}]}"
              }
            ],
            "managed_policy_arns": [],
            "max_session_duration": 3600,
            "name": "demo-cluster-cluster-20241022154551142100000004",
            "name_prefix": "demo-cluster-cluster-",
            "path": "/",
            "permissions_boundary": "",
            "tags": {
              "DevtedsOrg": "Devteds Courses",
              "DevtedsStack": "demo-cluster",
              "DevtedsStackName": "EKS",
              "kubernetes.io/cluster/demo-cluster": "shared"
            },
            "tags_all": {
              "DevtedsOrg": "Devteds Courses",
              "DevtedsStack": "demo-cluster",
              "DevtedsStackName": "EKS",
              "kubernetes.io/cluster/demo-cluster": "shared"
            },
            "unique_id": "AROAR5RQSXPDO7PR7VHWU"
          },
          "sensitive_attributes": [],
          "private": "bnVsbA==",
          "dependencies": [
            "module.eks.data.aws_iam_policy_document.assume_role_policy"
          ],
          "create_before_destroy": true
        }
      ]
    },
    {
      "module": "module.eks",
      "mode": "managed",
      "type": "aws_iam_role_policy_attachment",
      "name": "this",
      "provider": "provider[\"registry.terraform.io/hashicorp/aws\"]",
      "instances": [
        {
          "index_key": "AmazonEKSClusterPolicy",
          "schema_version": 0,
          "attributes": {
            "id": "demo-cluster-cluster-20241022154551142100000004-20241022154551646200000009",
            "policy_arn": "arn:aws:iam::aws:policy/AmazonEKSClusterPolicy",
            "role": "demo-cluster-cluster-20241022154551142100000004"
          },
          "sensitive_attributes": [],
          "private": "bnVsbA==",
          "dependencies": [
            "module.eks.aws_iam_role.this",
            "module.eks.data.aws_iam_policy_document.assume_role_policy",
            "module.eks.data.aws_partition.current"
          ],
          "create_before_destroy": true
        },
        {
          "index_key": "AmazonEKSVPCResourceController",
          "schema_version": 0,
          "attributes": {
            "id": "demo-cluster-cluster-20241022154551142100000004-2024102215455168740000000a",
            "policy_arn": "arn:aws:iam::aws:policy/AmazonEKSVPCResourceController",
            "role": "demo-cluster-cluster-20241022154551142100000004"
          },
          "sensitive_attributes": [],
          "private": "bnVsbA==",
          "dependencies": [
            "module.eks.aws_iam_role.this",
            "module.eks.data.aws_iam_policy_document.assume_role_policy",
            "module.eks.data.aws_partition.current"
          ],
          "create_before_destroy": true
        }
      ]
    },
    {
      "module": "module.eks",
      "mode": "managed",
      "type": "aws_security_group",
      "name": "cluster",
      "provider": "provider[\"registry.terraform.io/hashicorp/aws\"]",
      "instances": [
        {
          "index_key": 0,
          "schema_version": 1,
          "attributes": {
            "arn": "arn:aws:ec2:us-east-1:132172135366:security-group/sg-0976ea06f3aeeccc6",
            "description": "EKS cluster security group",
            "egress": [],
            "id": "sg-0976ea06f3aeeccc6",
            "ingress": [],
            "name": "demo-cluster-cluster-20241022154551141000000001",
            "name_prefix": "demo-cluster-cluster-",
            "owner_id": "132172135366",
            "revoke_rules_on_delete": false,
            "tags": {
              "DevtedsOrg": "Devteds Courses",
              "DevtedsStack": "demo-cluster",
              "DevtedsStackName": "EKS",
              "Name": "demo-cluster-cluster",
              "kubernetes.io/cluster/demo-cluster": "shared"
            },
            "tags_all": {
              "DevtedsOrg": "Devteds Courses",
              "DevtedsStack": "demo-cluster",
              "DevtedsStackName": "EKS",
              "Name": "demo-cluster-cluster",
              "kubernetes.io/cluster/demo-cluster": "shared"
            },
            "timeouts": null,
            "vpc_id": "vpc-048f1c1b9b3e238c5"
          },
          "sensitive_attributes": [],
          "private": "eyJlMmJmYjczMC1lY2FhLTExZTYtOGY4OC0zNDM2M2JjN2M0YzAiOnsiY3JlYXRlIjo2MDAwMDAwMDAwMDAsImRlbGV0ZSI6OTAwMDAwMDAwMDAwfSwic2NoZW1hX3ZlcnNpb24iOiIxIn0=",
          "dependencies": [
            "data.terraform_remote_state.vpc"
          ],
          "create_before_destroy": true
        }
      ]
    },
    {
      "module": "module.eks",
      "mode": "managed",
      "type": "aws_security_group",
      "name": "node",
      "provider": "provider[\"registry.terraform.io/hashicorp/aws\"]",
      "instances": [
        {
          "index_key": 0,
          "schema_version": 1,
          "attributes": {
            "arn": "arn:aws:ec2:us-east-1:132172135366:security-group/sg-01936fa307a69e9a4",
            "description": "EKS node shared security group",
            "egress": [],
            "id": "sg-01936fa307a69e9a4",
            "ingress": [],
            "name": "demo-cluster-node-20241022154551141200000002",
            "name_prefix": "demo-cluster-node-",
            "owner_id": "132172135366",
            "revoke_rules_on_delete": false,
            "tags": {
              "DevtedsOrg": "Devteds Courses",
              "DevtedsStack": "demo-cluster",
              "DevtedsStackName": "EKS",
              "Name": "demo-cluster-node",
              "kubernetes.io/cluster/demo-cluster": "owned"
            },
            "tags_all": {
              "DevtedsOrg": "Devteds Courses",
              "DevtedsStack": "demo-cluster",
              "DevtedsStackName": "EKS",
              "Name": "demo-cluster-node",
              "kubernetes.io/cluster/demo-cluster": "owned"
            },
            "timeouts": null,
            "vpc_id": "vpc-048f1c1b9b3e238c5"
          },
          "sensitive_attributes": [],
          "private": "eyJlMmJmYjczMC1lY2FhLTExZTYtOGY4OC0zNDM2M2JjN2M0YzAiOnsiY3JlYXRlIjo2MDAwMDAwMDAwMDAsImRlbGV0ZSI6OTAwMDAwMDAwMDAwfSwic2NoZW1hX3ZlcnNpb24iOiIxIn0=",
          "dependencies": [
            "data.terraform_remote_state.vpc"
          ],
          "create_before_destroy": true
        }
      ]
    },
    {
      "module": "module.eks",
      "mode": "managed",
      "type": "aws_security_group_rule",
      "name": "cluster",
      "provider": "provider[\"registry.terraform.io/hashicorp/aws\"]",
      "instances": [
        {
          "index_key": "ingress_nodes_443",
          "schema_version": 2,
          "attributes": {
            "cidr_blocks": null,
            "description": "Node groups to cluster API",
            "from_port": 443,
            "id": "sgrule-1490812873",
            "ipv6_cidr_blocks": null,
            "prefix_list_ids": null,
            "protocol": "tcp",
            "security_group_id": "sg-0976ea06f3aeeccc6",
            "security_group_rule_id": "sgr-0d599dc8c28b6db42",
            "self": false,
            "source_security_group_id": "sg-01936fa307a69e9a4",
            "timeouts": null,
            "to_port": 443,
            "type": "ingress"
          },
          "sensitive_attributes": [],
          "private": "eyJlMmJmYjczMC1lY2FhLTExZTYtOGY4OC0zNDM2M2JjN2M0YzAiOnsiY3JlYXRlIjozMDAwMDAwMDAwMDB9LCJzY2hlbWFfdmVyc2lvbiI6IjIifQ==",
          "dependencies": [
            "data.terraform_remote_state.vpc",
            "module.eks.aws_security_group.cluster",
            "module.eks.aws_security_group.node"
          ],
          "create_before_destroy": true
        }
      ]
    },
    {
      "module": "module.eks",
      "mode": "managed",
      "type": "aws_security_group_rule",
      "name": "node",
      "provider": "provider[\"registry.terraform.io/hashicorp/aws\"]",
      "instances": [
        {
          "index_key": "egress_all",
          "schema_version": 2,
          "attributes": {
            "cidr_blocks": [
              "0.0.0.0/0"
            ],
            "description": "Allow all egress",
            "from_port": 0,
            "id": "sgrule-3414022598",
            "ipv6_cidr_blocks": null,
            "prefix_list_ids": [],
            "protocol": "-1",
            "security_group_id": "sg-01936fa307a69e9a4",
            "security_group_rule_id": "sgr-0067044fcf4fe0dbc",
            "self": false,
            "source_security_group_id": null,
            "timeouts": null,
            "to_port": 0,
            "type": "egress"
          },
          "sensitive_attributes": [],
          "private": "eyJlMmJmYjczMC1lY2FhLTExZTYtOGY4OC0zNDM2M2JjN2M0YzAiOnsiY3JlYXRlIjozMDAwMDAwMDAwMDB9LCJzY2hlbWFfdmVyc2lvbiI6IjIifQ==",
          "dependencies": [
            "data.terraform_remote_state.vpc",
            "module.eks.aws_security_group.cluster",
            "module.eks.aws_security_group.node"
          ],
          "create_before_destroy": true
        },
        {
          "index_key": "ingress_cluster_443",
          "schema_version": 2,
          "attributes": {
            "cidr_blocks": null,
            "description": "Cluster API to node groups",
            "from_port": 443,
            "id": "sgrule-2602262782",
            "ipv6_cidr_blocks": null,
            "prefix_list_ids": [],
            "protocol": "tcp",
            "security_group_id": "sg-01936fa307a69e9a4",
            "security_group_rule_id": "sgr-02247944589d98d07",
            "self": false,
            "source_security_group_id": "sg-0976ea06f3aeeccc6",
            "timeouts": null,
            "to_port": 443,
            "type": "ingress"
          },
          "sensitive_attributes": [],
          "private": "eyJlMmJmYjczMC1lY2FhLTExZTYtOGY4OC0zNDM2M2JjN2M0YzAiOnsiY3JlYXRlIjozMDAwMDAwMDAwMDB9LCJzY2hlbWFfdmVyc2lvbiI6IjIifQ==",
          "dependencies": [
            "data.terraform_remote_state.vpc",
            "module.eks.aws_security_group.cluster",
            "module.eks.aws_security_group.node"
          ],
          "create_before_destroy": true
        },
        {
          "index_key": "ingress_cluster_4443_webhook",
          "schema_version": 2,
          "attributes": {
            "cidr_blocks": null,
            "description": "Cluster API to node 4443/tcp webhook",
            "from_port": 4443,
            "id": "sgrule-3683566195",
            "ipv6_cidr_blocks": null,
            "prefix_list_ids": [],
            "protocol": "tcp",
            "security_group_id": "sg-01936fa307a69e9a4",
            "security_group_rule_id": "sgr-097688048ecc81f91",
            "self": false,
            "source_security_group_id": "sg-0976ea06f3aeeccc6",
            "timeouts": null,
            "to_port": 4443,
            "type": "ingress"
          },
          "sensitive_attributes": [],
          "private": "eyJlMmJmYjczMC1lY2FhLTExZTYtOGY4OC0zNDM2M2JjN2M0YzAiOnsiY3JlYXRlIjozMDAwMDAwMDAwMDB9LCJzY2hlbWFfdmVyc2lvbiI6IjIifQ==",
          "dependencies": [
            "data.terraform_remote_state.vpc",
            "module.eks.aws_security_group.cluster",
            "module.eks.aws_security_group.node"
          ],
          "create_before_destroy": true
        },
        {
          "index_key": "ingress_cluster_6443_webhook",
          "schema_version": 2,
          "attributes": {
            "cidr_blocks": null,
            "description": "Cluster API to node 6443/tcp webhook",
            "from_port": 6443,
            "id": "sgrule-315401701",
            "ipv6_cidr_blocks": null,
            "prefix_list_ids": [],
            "protocol": "tcp",
            "security_group_id": "sg-01936fa307a69e9a4",
            "security_group_rule_id": "sgr-08a14f6e633558984",
            "self": false,
            "source_security_group_id": "sg-0976ea06f3aeeccc6",
            "timeouts": null,
            "to_port": 6443,
            "type": "ingress"
          },
          "sensitive_attributes": [],
          "private": "eyJlMmJmYjczMC1lY2FhLTExZTYtOGY4OC0zNDM2M2JjN2M0YzAiOnsiY3JlYXRlIjozMDAwMDAwMDAwMDB9LCJzY2hlbWFfdmVyc2lvbiI6IjIifQ==",
          "dependencies": [
            "data.terraform_remote_state.vpc",
            "module.eks.aws_security_group.cluster",
            "module.eks.aws_security_group.node"
          ],
          "create_before_destroy": true
        },
        {
          "index_key": "ingress_cluster_8443_webhook",
          "schema_version": 2,
          "attributes": {
            "cidr_blocks": null,
            "description": "Cluster API to node 8443/tcp webhook",
            "from_port": 8443,
            "id": "sgrule-26253764",
            "ipv6_cidr_blocks": null,
            "prefix_list_ids": [],
            "protocol": "tcp",
            "security_group_id": "sg-01936fa307a69e9a4",
            "security_group_rule_id": "sgr-03238e71cd2317baf",
            "self": false,
            "source_security_group_id": "sg-0976ea06f3aeeccc6",
            "timeouts": null,
            "to_port": 8443,
            "type": "ingress"
          },
          "sensitive_attributes": [],
          "private": "eyJlMmJmYjczMC1lY2FhLTExZTYtOGY4OC0zNDM2M2JjN2M0YzAiOnsiY3JlYXRlIjozMDAwMDAwMDAwMDB9LCJzY2hlbWFfdmVyc2lvbiI6IjIifQ==",
          "dependencies": [
            "data.terraform_remote_state.vpc",
            "module.eks.aws_security_group.cluster",
            "module.eks.aws_security_group.node"
          ],
          "create_before_destroy": true
        },
        {
          "index_key": "ingress_cluster_9443_webhook",
          "schema_version": 2,
          "attributes": {
            "cidr_blocks": null,
            "description": "Cluster API to node 9443/tcp webhook",
            "from_port": 9443,
            "id": "sgrule-1697753615",
            "ipv6_cidr_blocks": null,
            "prefix_list_ids": [],
            "protocol": "tcp",
            "security_group_id": "sg-01936fa307a69e9a4",
            "security_group_rule_id": "sgr-0af41b79f4acb3d4a",
            "self": false,
            "source_security_group_id": "sg-0976ea06f3aeeccc6",
            "timeouts": null,
            "to_port": 9443,
            "type": "ingress"
          },
          "sensitive_attributes": [],
          "private": "eyJlMmJmYjczMC1lY2FhLTExZTYtOGY4OC0zNDM2M2JjN2M0YzAiOnsiY3JlYXRlIjozMDAwMDAwMDAwMDB9LCJzY2hlbWFfdmVyc2lvbiI6IjIifQ==",
          "dependencies": [
            "data.terraform_remote_state.vpc",
            "module.eks.aws_security_group.cluster",
            "module.eks.aws_security_group.node"
          ],
          "create_before_destroy": true
        },
        {
          "index_key": "ingress_cluster_kubelet",
          "schema_version": 2,
          "attributes": {
            "cidr_blocks": null,
            "description": "Cluster API to node kubelets",
            "from_port": 10250,
            "id": "sgrule-3592253866",
            "ipv6_cidr_blocks": null,
            "prefix_list_ids": [],
            "protocol": "tcp",
            "security_group_id": "sg-01936fa307a69e9a4",
            "security_group_rule_id": "sgr-03c3e7832449f7e62",
            "self": false,
            "source_security_group_id": "sg-0976ea06f3aeeccc6",
            "timeouts": null,
            "to_port": 10250,
            "type": "ingress"
          },
          "sensitive_attributes": [],
          "private": "eyJlMmJmYjczMC1lY2FhLTExZTYtOGY4OC0zNDM2M2JjN2M0YzAiOnsiY3JlYXRlIjozMDAwMDAwMDAwMDB9LCJzY2hlbWFfdmVyc2lvbiI6IjIifQ==",
          "dependencies": [
            "data.terraform_remote_state.vpc",
            "module.eks.aws_security_group.cluster",
            "module.eks.aws_security_group.node"
          ],
          "create_before_destroy": true
        },
        {
          "index_key": "ingress_nodes_ephemeral",
          "schema_version": 2,
          "attributes": {
            "cidr_blocks": null,
            "description": "Node to node ingress on ephemeral ports",
            "from_port": 1025,
            "id": "sgrule-4065029292",
            "ipv6_cidr_blocks": null,
            "prefix_list_ids": [],
            "protocol": "tcp",
            "security_group_id": "sg-01936fa307a69e9a4",
            "security_group_rule_id": "sgr-08d75be32a1c03352",
            "self": true,
            "source_security_group_id": null,
            "timeouts": null,
            "to_port": 65535,
            "type": "ingress"
          },
          "sensitive_attributes": [],
          "private": "eyJlMmJmYjczMC1lY2FhLTExZTYtOGY4OC0zNDM2M2JjN2M0YzAiOnsiY3JlYXRlIjozMDAwMDAwMDAwMDB9LCJzY2hlbWFfdmVyc2lvbiI6IjIifQ==",
          "dependencies": [
            "data.terraform_remote_state.vpc",
            "module.eks.aws_security_group.cluster",
            "module.eks.aws_security_group.node"
          ],
          "create_before_destroy": true
        },
        {
          "index_key": "ingress_self_coredns_tcp",
          "schema_version": 2,
          "attributes": {
            "cidr_blocks": null,
            "description": "Node to node CoreDNS",
            "from_port": 53,
            "id": "sgrule-1174113243",
            "ipv6_cidr_blocks": null,
            "prefix_list_ids": [],
            "protocol": "tcp",
            "security_group_id": "sg-01936fa307a69e9a4",
            "security_group_rule_id": "sgr-04c953cf15c26fd6d",
            "self": true,
            "source_security_group_id": null,
            "timeouts": null,
            "to_port": 53,
            "type": "ingress"
          },
          "sensitive_attributes": [],
          "private": "eyJlMmJmYjczMC1lY2FhLTExZTYtOGY4OC0zNDM2M2JjN2M0YzAiOnsiY3JlYXRlIjozMDAwMDAwMDAwMDB9LCJzY2hlbWFfdmVyc2lvbiI6IjIifQ==",
          "dependencies": [
            "data.terraform_remote_state.vpc",
            "module.eks.aws_security_group.cluster",
            "module.eks.aws_security_group.node"
          ],
          "create_before_destroy": true
        },
        {
          "index_key": "ingress_self_coredns_udp",
          "schema_version": 2,
          "attributes": {
            "cidr_blocks": null,
            "description": "Node to node CoreDNS UDP",
            "from_port": 53,
            "id": "sgrule-3785631796",
            "ipv6_cidr_blocks": null,
            "prefix_list_ids": [],
            "protocol": "udp",
            "security_group_id": "sg-01936fa307a69e9a4",
            "security_group_rule_id": "sgr-063f5902bb031d776",
            "self": true,
            "source_security_group_id": null,
            "timeouts": null,
            "to_port": 53,
            "type": "ingress"
          },
          "sensitive_attributes": [],
          "private": "eyJlMmJmYjczMC1lY2FhLTExZTYtOGY4OC0zNDM2M2JjN2M0YzAiOnsiY3JlYXRlIjozMDAwMDAwMDAwMDB9LCJzY2hlbWFfdmVyc2lvbiI6IjIifQ==",
          "dependencies": [
            "data.terraform_remote_state.vpc",
            "module.eks.aws_security_group.cluster",
            "module.eks.aws_security_group.node"
          ],
          "create_before_destroy": true
        }
      ]
    },
    {
      "module": "module.eks",
      "mode": "managed",
      "type": "time_sleep",
      "name": "this",
      "provider": "provider[\"registry.terraform.io/hashicorp/time\"]",
      "instances": [
        {
          "index_key": 0,
          "schema_version": 0,
          "attributes": {
            "create_duration": "30s",
            "destroy_duration": null,
            "id": "2024-10-22T15:53:51Z",
            "triggers": {
              "cluster_certificate_authority_data": "LS0tLS1CRUdJTiBDRVJUSUZJQ0FURS0tLS0tCk1JSURCVENDQWUyZ0F3SUJBZ0lJZWI2SXh2RWw4T2t3RFFZSktvWklodmNOQVFFTEJRQXdGVEVUTUJFR0ExVUUKQXhNS2EzVmlaWEp1WlhSbGN6QWVGdzB5TkRFd01qSXhOVFEwTlROYUZ3MHpOREV3TWpBeE5UUTVOVE5hTUJVeApFekFSQmdOVkJBTVRDbXQxWW1WeWJtVjBaWE13Z2dFaU1BMEdDU3FHU0liM0RRRUJBUVVBQTRJQkR3QXdnZ0VLCkFvSUJBUUQxQWpFd3hVN3VFL0NDaDBrMUNHWEhKQUl6MnBoSFdlRWdZV0xoTmFkUkw2U1BNUEdvMzIwYmxQTHgKRnZLUjdyVDRwd1VxanN2T2EzRmNvYVN1LzVpYUtWYm04UXR6QVRQc01hd1l3d1VMVEcvamllZTh0dkg4WGpzbApIUzVaT2FjQUFiVE1yMmhycDFoU2tMakVNbGtDdkNhem5VQkRqa3VRcHR4Zmw1WnU1bzllMEFBNnZKaitOc3NMClV5bkNKYlN3aEU3aGxKeHNXejhVTVFQdUMyanZiNkxQZEZ1L2RoTEZ1cTVjSVRNTW0rWVlwNTJrUjE0Ry90MFcKdHBuWHRMa1hUTGl5azkyc3VKQXNwWWc1WDNvN1lwWmpncXY5S1VmOXArR1hJWVVIR0NCRW9FRHFJM1lnZFFrYgozaGMzQ3F0YVhuOG9MNVNIN011SWtGT1JGdU8xQWdNQkFBR2pXVEJYTUE0R0ExVWREd0VCL3dRRUF3SUNwREFQCkJnTlZIUk1CQWY4RUJUQURBUUgvTUIwR0ExVWREZ1FXQkJRK2hPenZmUFVYbDYvTnQxOE1URStvelgwM1Z6QVYKQmdOVkhSRUVEakFNZ2dwcmRXSmxjbTVsZEdWek1BMEdDU3FHU0liM0RRRUJDd1VBQTRJQkFRRG9sN0tGS0l4dwpSM2tEUHZGbGVsR2pHSW1ubGdLUGpZRXVEUGwyRVh1T0VhR2pDL2RlYnczek5qS3JCN0dxQWhoZGxlQWZWV3ppCit5bkR6VHc4bFpPb0t0ZXE1VkFkZDd3K1BGNzFYZUc4Zm9jZURocEFORmY0bU5CVncvQmplQkNCSzJ6ZTFQMGIKRlllV0lGU3JndFNiNThJYTYvRm9SZzhJck9OV3lHclhIOHErUVlKMmNCN1dDUFZvUU0wTC9vQU1wZXZMVko5VQpTUTZya2VrL0VDbDNyZGljQmN2VzVjQW5sbFlSbjF4QmNOeEFySFVSQjY3blFKWll0c0xKWklHQ2VXU1B6dXFLCkIraDFUaVczOW1ndG9QdVE0RmZteWE5RURpdGErWWFzUnBZU1NRc2pHQWtyaGQ1TFQ3N3hlOWdISkJmeEdNNUgKUlBYNlk4aUgwUXloCi0tLS0tRU5EIENFUlRJRklDQVRFLS0tLS0K",
              "cluster_endpoint": "https://C08747A7050671B29990FCA3955D125B.gr7.us-east-1.eks.amazonaws.com",
              "cluster_name": "demo-cluster",
              "cluster_service_cidr": "172.20.0.0/16",
              "cluster_version": "1.29"
            }
          },
          "sensitive_attributes": [],
          "dependencies": [
            "data.terraform_remote_state.vpc",
            "module.eks.aws_cloudwatch_log_group.this",
            "module.eks.aws_eks_cluster.this",
            "module.eks.aws_iam_policy.cni_ipv6_policy",
            "module.eks.aws_iam_role.this",
            "module.eks.aws_iam_role_policy_attachment.this",
            "module.eks.aws_security_group.cluster",
            "module.eks.aws_security_group.node",
            "module.eks.aws_security_group_rule.cluster",
            "module.eks.aws_security_group_rule.node",
            "module.eks.data.aws_caller_identity.current",
            "module.eks.data.aws_iam_policy_document.assume_role_policy",
            "module.eks.data.aws_iam_policy_document.cni_ipv6_policy",
            "module.eks.data.aws_iam_session_context.current",
            "module.eks.data.aws_partition.current",
            "module.eks.module.kms.aws_kms_external_key.this",
            "module.eks.module.kms.aws_kms_key.this",
            "module.eks.module.kms.aws_kms_replica_external_key.this",
            "module.eks.module.kms.aws_kms_replica_key.this",
            "module.eks.module.kms.data.aws_caller_identity.current",
            "module.eks.module.kms.data.aws_iam_policy_document.this",
            "module.eks.module.kms.data.aws_partition.current"
          ],
          "create_before_destroy": true
        }
      ]
    },
    {
      "module": "module.eks.module.eks_managed_node_group[\"default_node_group\"]",
      "mode": "data",
      "type": "aws_caller_identity",
      "name": "current",
      "provider": "provider[\"registry.terraform.io/hashicorp/aws\"]",
      "instances": [
        {
          "schema_version": 0,
          "attributes": {
            "account_id": "132172135366",
            "arn": "arn:aws:iam::132172135366:user/k8suser",
            "id": "132172135366",
            "user_id": "AIDAR5RQSXPDLVB5NXR7O"
          },
          "sensitive_attributes": []
        }
      ]
    },
    {
      "module": "module.eks.module.eks_managed_node_group[\"default_node_group\"]",
      "mode": "data",
      "type": "aws_iam_policy_document",
      "name": "assume_role_policy",
      "provider": "provider[\"registry.terraform.io/hashicorp/aws\"]",
      "instances": [
        {
          "index_key": 0,
          "schema_version": 0,
          "attributes": {
            "id": "2560088296",
            "json": "{\n  \"Version\": \"2012-10-17\",\n  \"Statement\": [\n    {\n      \"Sid\": \"EKSNodeAssumeRole\",\n      \"Effect\": \"Allow\",\n      \"Action\": \"sts:AssumeRole\",\n      \"Principal\": {\n        \"Service\": \"ec2.amazonaws.com\"\n      }\n    }\n  ]\n}",
            "minified_json": "{\"Version\":\"2012-10-17\",\"Statement\":[{\"Sid\":\"EKSNodeAssumeRole\",\"Effect\":\"Allow\",\"Action\":\"sts:AssumeRole\",\"Principal\":{\"Service\":\"ec2.amazonaws.com\"}}]}",
            "override_json": null,
            "override_policy_documents": null,
            "policy_id": null,
            "source_json": null,
            "source_policy_documents": null,
            "statement": [
              {
                "actions": [
                  "sts:AssumeRole"
                ],
                "condition": [],
                "effect": "Allow",
                "not_actions": [],
                "not_principals": [],
                "not_resources": [],
                "principals": [
                  {
                    "identifiers": [
                      "ec2.amazonaws.com"
                    ],
                    "type": "Service"
                  }
                ],
                "resources": [],
                "sid": "EKSNodeAssumeRole"
              }
            ],
            "version": "2012-10-17"
          },
          "sensitive_attributes": []
        }
      ]
    },
    {
      "module": "module.eks.module.eks_managed_node_group[\"default_node_group\"]",
      "mode": "data",
      "type": "aws_partition",
      "name": "current",
      "provider": "provider[\"registry.terraform.io/hashicorp/aws\"]",
      "instances": [
        {
          "schema_version": 0,
          "attributes": {
            "dns_suffix": "amazonaws.com",
            "id": "aws",
            "partition": "aws",
            "reverse_dns_prefix": "com.amazonaws"
          },
          "sensitive_attributes": []
        }
      ]
    },
    {
      "module": "module.eks.module.eks_managed_node_group[\"default_node_group\"]",
      "mode": "managed",
      "type": "aws_eks_node_group",
      "name": "this",
      "provider": "provider[\"registry.terraform.io/hashicorp/aws\"]",
      "instances": [
        {
          "index_key": 0,
          "schema_version": 0,
          "attributes": {
            "ami_type": "AL2_x86_64",
            "arn": "arn:aws:eks:us-east-1:132172135366:nodegroup/demo-cluster/default_node_group-2024102215535156670000000c/7cc95a77-a0a5-cb7f-d54a-536f6397a1ba",
            "capacity_type": "ON_DEMAND",
            "cluster_name": "demo-cluster",
            "disk_size": 50,
            "force_update_version": null,
            "id": "demo-cluster:default_node_group-2024102215535156670000000c",
            "instance_types": [
              "m5.large"
            ],
            "labels": null,
            "launch_template": [],
            "node_group_name": "default_node_group-2024102215535156670000000c",
            "node_group_name_prefix": "default_node_group-",
            "node_role_arn": "arn:aws:iam::132172135366:role/default_node_group-eks-node-group-20241022154551141400000003",
            "release_version": "1.29.8-20241011",
            "remote_access": [],
            "resources": [
              {
                "autoscaling_groups": [
                  {
                    "name": "eks-default_node_group-2024102215535156670000000c-7cc95a77-a0a5-cb7f-d54a-536f6397a1ba"
                  }
                ],
                "remote_access_security_group_id": ""
              }
            ],
            "scaling_config": [
              {
                "desired_size": 2,
                "max_size": 3,
                "min_size": 1
              }
            ],
            "status": "ACTIVE",
            "subnet_ids": [
              "subnet-00fcaab951ead951c",
              "subnet-031367e2e95eb7634",
              "subnet-0a1653bf530565f8a"
            ],
            "tags": {
              "DevtedsOrg": "Devteds Courses",
              "DevtedsStack": "demo-cluster",
              "DevtedsStackName": "EKS",
              "Name": "default_node_group",
              "kubernetes.io/cluster/demo-cluster": "shared"
            },
            "tags_all": {
              "DevtedsOrg": "Devteds Courses",
              "DevtedsStack": "demo-cluster",
              "DevtedsStackName": "EKS",
              "Name": "default_node_group",
              "kubernetes.io/cluster/demo-cluster": "shared"
            },
            "taint": [],
            "timeouts": {
              "create": null,
              "delete": null,
              "update": null
            },
            "update_config": [
              {
                "max_unavailable": 0,
                "max_unavailable_percentage": 33
              }
            ],
            "version": "1.29"
          },
          "sensitive_attributes": [],
          "private": "eyJlMmJmYjczMC1lY2FhLTExZTYtOGY4OC0zNDM2M2JjN2M0YzAiOnsiY3JlYXRlIjozNjAwMDAwMDAwMDAwLCJkZWxldGUiOjM2MDAwMDAwMDAwMDAsInVwZGF0ZSI6MzYwMDAwMDAwMDAwMH19",
          "dependencies": [
            "data.terraform_remote_state.vpc",
            "module.eks.aws_cloudwatch_log_group.this",
            "module.eks.aws_eks_cluster.this",
            "module.eks.aws_iam_policy.cni_ipv6_policy",
            "module.eks.aws_iam_role.this",
            "module.eks.aws_iam_role_policy_attachment.this",
            "module.eks.aws_security_group.cluster",
            "module.eks.aws_security_group.node",
            "module.eks.aws_security_group_rule.cluster",
            "module.eks.aws_security_group_rule.node",
            "module.eks.data.aws_caller_identity.current",
            "module.eks.data.aws_iam_policy_document.assume_role_policy",
            "module.eks.data.aws_iam_policy_document.cni_ipv6_policy",
            "module.eks.data.aws_iam_session_context.current",
            "module.eks.data.aws_partition.current",
            "module.eks.module.eks_managed_node_group.aws_iam_role.this",
            "module.eks.module.eks_managed_node_group.aws_iam_role_policy_attachment.this",
            "module.eks.module.eks_managed_node_group.aws_launch_template.this",
            "module.eks.module.eks_managed_node_group.aws_placement_group.this",
            "module.eks.module.eks_managed_node_group.data.aws_caller_identity.current",
            "module.eks.module.eks_managed_node_group.data.aws_ec2_instance_type.this",
            "module.eks.module.eks_managed_node_group.data.aws_ec2_instance_type_offerings.this",
            "module.eks.module.eks_managed_node_group.data.aws_iam_policy_document.assume_role_policy",
            "module.eks.module.eks_managed_node_group.data.aws_partition.current",
            "module.eks.module.eks_managed_node_group.data.aws_ssm_parameter.ami",
            "module.eks.module.eks_managed_node_group.data.aws_subnets.efa",
            "module.eks.module.eks_managed_node_group.module.user_data.data.cloudinit_config.al2023_eks_managed_node_group",
            "module.eks.module.eks_managed_node_group.module.user_data.data.cloudinit_config.linux_eks_managed_node_group",
            "module.eks.module.kms.aws_kms_external_key.this",
            "module.eks.module.kms.aws_kms_key.this",
            "module.eks.module.kms.aws_kms_replica_external_key.this",
            "module.eks.module.kms.aws_kms_replica_key.this",
            "module.eks.module.kms.data.aws_caller_identity.current",
            "module.eks.module.kms.data.aws_iam_policy_document.this",
            "module.eks.module.kms.data.aws_partition.current",
            "module.eks.time_sleep.this"
          ],
          "create_before_destroy": true
        }
      ]
    },
    {
      "module": "module.eks.module.eks_managed_node_group[\"default_node_group\"]",
      "mode": "managed",
      "type": "aws_iam_role",
      "name": "this",
      "provider": "provider[\"registry.terraform.io/hashicorp/aws\"]",
      "instances": [
        {
          "index_key": 0,
          "schema_version": 0,
          "attributes": {
            "arn": "arn:aws:iam::132172135366:role/default_node_group-eks-node-group-20241022154551141400000003",
            "assume_role_policy": "{\"Statement\":[{\"Action\":\"sts:AssumeRole\",\"Effect\":\"Allow\",\"Principal\":{\"Service\":\"ec2.amazonaws.com\"},\"Sid\":\"EKSNodeAssumeRole\"}],\"Version\":\"2012-10-17\"}",
            "create_date": "2024-10-22T15:45:51Z",
            "description": "EKS managed node group IAM role",
            "force_detach_policies": true,
            "id": "default_node_group-eks-node-group-20241022154551141400000003",
            "inline_policy": [],
            "managed_policy_arns": [],
            "max_session_duration": 3600,
            "name": "default_node_group-eks-node-group-20241022154551141400000003",
            "name_prefix": "default_node_group-eks-node-group-",
            "path": "/",
            "permissions_boundary": "",
            "tags": {
              "DevtedsOrg": "Devteds Courses",
              "DevtedsStack": "demo-cluster",
              "DevtedsStackName": "EKS",
              "kubernetes.io/cluster/demo-cluster": "shared"
            },
            "tags_all": {
              "DevtedsOrg": "Devteds Courses",
              "DevtedsStack": "demo-cluster",
              "DevtedsStackName": "EKS",
              "kubernetes.io/cluster/demo-cluster": "shared"
            },
            "unique_id": "AROAR5RQSXPDAPTD3JQUR"
          },
          "sensitive_attributes": [],
          "private": "bnVsbA==",
          "dependencies": [
            "module.eks.module.eks_managed_node_group.data.aws_iam_policy_document.assume_role_policy"
          ],
          "create_before_destroy": true
        }
      ]
    },
    {
      "module": "module.eks.module.eks_managed_node_group[\"default_node_group\"]",
      "mode": "managed",
      "type": "aws_iam_role_policy_attachment",
      "name": "this",
      "provider": "provider[\"registry.terraform.io/hashicorp/aws\"]",
      "instances": [
        {
          "index_key": "AmazonEC2ContainerRegistryReadOnly",
          "schema_version": 0,
          "attributes": {
            "id": "default_node_group-eks-node-group-20241022154551141400000003-20241022154551536200000006",
            "policy_arn": "arn:aws:iam::aws:policy/AmazonEC2ContainerRegistryReadOnly",
            "role": "default_node_group-eks-node-group-20241022154551141400000003"
          },
          "sensitive_attributes": [],
          "private": "bnVsbA==",
          "dependencies": [
            "module.eks.module.eks_managed_node_group.aws_iam_role.this",
            "module.eks.module.eks_managed_node_group.data.aws_caller_identity.current",
            "module.eks.module.eks_managed_node_group.data.aws_iam_policy_document.assume_role_policy",
            "module.eks.module.eks_managed_node_group.data.aws_partition.current"
          ],
          "create_before_destroy": true
        },
        {
          "index_key": "AmazonEKSWorkerNodePolicy",
          "schema_version": 0,
          "attributes": {
            "id": "default_node_group-eks-node-group-20241022154551141400000003-20241022154551599700000008",
            "policy_arn": "arn:aws:iam::aws:policy/AmazonEKSWorkerNodePolicy",
            "role": "default_node_group-eks-node-group-20241022154551141400000003"
          },
          "sensitive_attributes": [],
          "private": "bnVsbA==",
          "dependencies": [
            "module.eks.module.eks_managed_node_group.aws_iam_role.this",
            "module.eks.module.eks_managed_node_group.data.aws_caller_identity.current",
            "module.eks.module.eks_managed_node_group.data.aws_iam_policy_document.assume_role_policy",
            "module.eks.module.eks_managed_node_group.data.aws_partition.current"
          ],
          "create_before_destroy": true
        },
        {
          "index_key": "AmazonEKS_CNI_Policy",
          "schema_version": 0,
          "attributes": {
            "id": "default_node_group-eks-node-group-20241022154551141400000003-20241022154551598700000007",
            "policy_arn": "arn:aws:iam::aws:policy/AmazonEKS_CNI_Policy",
            "role": "default_node_group-eks-node-group-20241022154551141400000003"
          },
          "sensitive_attributes": [],
          "private": "bnVsbA==",
          "dependencies": [
            "module.eks.module.eks_managed_node_group.aws_iam_role.this",
            "module.eks.module.eks_managed_node_group.data.aws_caller_identity.current",
            "module.eks.module.eks_managed_node_group.data.aws_iam_policy_document.assume_role_policy",
            "module.eks.module.eks_managed_node_group.data.aws_partition.current"
          ],
          "create_before_destroy": true
        }
      ]
    },
    {
      "module": "module.eks.module.eks_managed_node_group[\"default_node_group\"].module.user_data",
      "mode": "managed",
      "type": "null_resource",
      "name": "validate_cluster_service_cidr",
      "provider": "provider[\"registry.terraform.io/hashicorp/null\"]",
      "instances": [
        {
          "schema_version": 0,
          "attributes": {
            "id": "4340922687433827667",
            "triggers": null
          },
          "sensitive_attributes": [],
          "dependencies": [
            "data.terraform_remote_state.vpc",
            "module.eks.aws_cloudwatch_log_group.this",
            "module.eks.aws_eks_cluster.this",
            "module.eks.aws_iam_policy.cni_ipv6_policy",
            "module.eks.aws_iam_role.this",
            "module.eks.aws_iam_role_policy_attachment.this",
            "module.eks.aws_security_group.cluster",
            "module.eks.aws_security_group.node",
            "module.eks.aws_security_group_rule.cluster",
            "module.eks.aws_security_group_rule.node",
            "module.eks.data.aws_caller_identity.current",
            "module.eks.data.aws_iam_policy_document.assume_role_policy",
            "module.eks.data.aws_iam_policy_document.cni_ipv6_policy",
            "module.eks.data.aws_iam_session_context.current",
            "module.eks.data.aws_partition.current",
            "module.eks.module.kms.aws_kms_external_key.this",
            "module.eks.module.kms.aws_kms_key.this",
            "module.eks.module.kms.aws_kms_replica_external_key.this",
            "module.eks.module.kms.aws_kms_replica_key.this",
            "module.eks.module.kms.data.aws_caller_identity.current",
            "module.eks.module.kms.data.aws_iam_policy_document.this",
            "module.eks.module.kms.data.aws_partition.current",
            "module.eks.time_sleep.this"
          ]
        }
      ]
    },
    {
      "module": "module.key_pair",
      "mode": "managed",
      "type": "aws_key_pair",
      "name": "this",
      "provider": "provider[\"registry.terraform.io/hashicorp/aws\"]",
      "instances": [
        {
          "index_key": 0,
          "schema_version": 1,
          "attributes": {
            "arn": "arn:aws:ec2:us-east-1:132172135366:key-pair/demo-cluster2024102215455437480000000b",
            "fingerprint": "c0:87:e3:36:9d:64:73:c7:90:c3:bb:00:04:f9:bb:25",
            "id": "demo-cluster2024102215455437480000000b",
            "key_name": "demo-cluster2024102215455437480000000b",
            "key_name_prefix": "demo-cluster",
            "key_pair_id": "key-024be09b3d078673b",
            "key_type": "rsa",
            "public_key": "ssh-rsa AAAAB3NzaC1yc2EAAAADAQABAAACAQDuP9Aye2qJUq//9sofECyD0LX1KHst2ijEgNeiuFAg1mKhedib9Pjbrc9b2jLihW8KiHzT19ofyvwe9eAqADSqLqM/6BxdnlRDtTltqhrRH74M2sIDqUnsdrB8tqpppa+gLyF3PyN5hRJAICtDBj+Hn3LT3WEUuHOHiPZQYf52lGwC/9DfOB0rB5YaUg0e9aNJN5mXSUGfy6eLgUqSP6r6PwUPcqVv4zE1dmOeDS8mOQrQtWNT/pVrM8iT63UYAspxvsZwL7OISaGDOH7xjh0EU4JVYJtiNJBtTswEoGUJgzpQ8bUVEa43fSTcgydLHNNL4s6KA90lGuGgBgjCknzjF2z3oADRgyqlQPcTcsWXjlFJ+ZYYz5npW/Zo9Sin6NOQ/pQUTXxZ6uDorwHUimwexSg0KxeaiCqKBV1xVrYV5tNUoVqefcdmQG+NakkHXP9sA8NGc0i/z55GY8y1b65ud1oo1fHRBbDWokOrvhBSbif1VF+UazpYx1ew1WDcr060/L+/NDq1Hh5LAuga0E2VOYqU9gR2TF7TBYguXXptpSyNNvtL/YuP5mvj8Q7/F5UzdgisxJjAybHoTijJScALynG1XIFeR7jcuzQIcRNuwmqH6Mi8ITFU4a05BqfB+roFlEAOwStSyxGXS+PVVIdN1K5EVVBDOPD2FEVWa6Zgkw==",
            "tags": {
              "DevtedsOrg": "Devteds Courses",
              "DevtedsStack": "demo-cluster",
              "DevtedsStackName": "EKS",
              "kubernetes.io/cluster/demo-cluster": "shared"
            },
            "tags_all": {
              "DevtedsOrg": "Devteds Courses",
              "DevtedsStack": "demo-cluster",
              "DevtedsStackName": "EKS",
              "kubernetes.io/cluster/demo-cluster": "shared"
            }
          },
          "sensitive_attributes": [],
          "private": "eyJzY2hlbWFfdmVyc2lvbiI6IjEifQ==",
          "dependencies": [
            "module.key_pair.tls_private_key.this"
          ]
        }
      ]
    },
    {
      "module": "module.key_pair",
      "mode": "managed",
      "type": "tls_private_key",
      "name": "this",
      "provider": "provider[\"registry.terraform.io/hashicorp/tls\"]",
      "instances": [
        {
          "index_key": 0,
          "schema_version": 1,
          "attributes": {
            "algorithm": "RSA",
            "ecdsa_curve": "P224",
            "id": "dd879ef04a009a570999b783c8b9fb5f30b711d1",
            "private_key_openssh": "-----BEGIN OPENSSH PRIVATE KEY-----\nb3BlbnNzaC1rZXktdjEAAAAABG5vbmUAAAAEbm9uZQAAAAAAAAABAAACFwAAAAdz\nc2gtcnNhAAAAAwEAAQAAAgEA7j/QMntqiVKv//bKHxAsg9C19Sh7LdooxIDXorhQ\nINZioXnYm/T4263PW9oy4oVvCoh809faH8r8HvXgKgA0qi6jP+gcXZ5UQ7U5baoa\n0R++DNrCA6lJ7HawfLaqaaWvoC8hdz8jeYUSQCArQwY/h59y091hFLhzh4j2UGH+\ndpRsAv/Q3zgdKweWGlINHvWjSTeZl0lBn8uni4FKkj+q+j8FD3Klb+MxNXZjng0v\nJjkK0LVjU/6VazPIk+t1GALKcb7GcC+ziEmhgzh+8Y4dBFOCVWCbYjSQbU7MBKBl\nCYM6UPG1FRGuN30k3IMnSxzTS+LOigPdJRrhoAYIwpJ84xds96AA0YMqpUD3E3LF\nl45RSfmWGM+Z6Vv2aPUop+jTkP6UFE18Werg6K8B1IpsHsUoNCsXmogqigVdcVa2\nFebTVKFann3HZkBvjWpJB1z/bAPDRnNIv8+eRmPMtW+ubndaKNXx0QWw1qJDq74Q\nUm4n9VRflGs6WMdXsNVg3K9OtPy/vzQ6tR4eSwLoGtBNlTmKlPYEdkxe0wWILl16\nbaUsjTb7S/2Lj+Zr4/EO/xeVM3YIrMSYwMmx6E4oyUnAC8pxtVyBXke43Ls0CHET\nbsJqh+jIvCExVOGtOQanwfq6BZRADsErUssRl0vj1VSHTdSuRFVQQzjw9hRFVmum\nYJMAAAc4H7wi5h+8IuYAAAAHc3NoLXJzYQAAAgEA7j/QMntqiVKv//bKHxAsg9C1\n9Sh7LdooxIDXorhQINZioXnYm/T4263PW9oy4oVvCoh809faH8r8HvXgKgA0qi6j\nP+gcXZ5UQ7U5baoa0R++DNrCA6lJ7HawfLaqaaWvoC8hdz8jeYUSQCArQwY/h59y\n091hFLhzh4j2UGH+dpRsAv/Q3zgdKweWGlINHvWjSTeZl0lBn8uni4FKkj+q+j8F\nD3Klb+MxNXZjng0vJjkK0LVjU/6VazPIk+t1GALKcb7GcC+ziEmhgzh+8Y4dBFOC\nVWCbYjSQbU7MBKBlCYM6UPG1FRGuN30k3IMnSxzTS+LOigPdJRrhoAYIwpJ84xds\n96AA0YMqpUD3E3LFl45RSfmWGM+Z6Vv2aPUop+jTkP6UFE18Werg6K8B1IpsHsUo\nNCsXmogqigVdcVa2FebTVKFann3HZkBvjWpJB1z/bAPDRnNIv8+eRmPMtW+ubnda\nKNXx0QWw1qJDq74QUm4n9VRflGs6WMdXsNVg3K9OtPy/vzQ6tR4eSwLoGtBNlTmK\nlPYEdkxe0wWILl16baUsjTb7S/2Lj+Zr4/EO/xeVM3YIrMSYwMmx6E4oyUnAC8px\ntVyBXke43Ls0CHETbsJqh+jIvCExVOGtOQanwfq6BZRADsErUssRl0vj1VSHTdSu\nRFVQQzjw9hRFVmumYJMAAAADAQABAAACAQCO63Tnc6WbLyEpOVBShg9OG5urr1cF\nUIN4LZotoMdgi3qrRz6rf67xiTiE70XrIQRVmz7WjfvpaokHwZNxXqI5HLUNlx29\nA0elPkdvA8YGgTYu2+Pa8mjIEwMYLTPZIG1UeDFpKVUMhslF8oZBNLRTlVD6yyh7\nl5KmUYEBA2f0lmCdA/y2iyDkOS7QJzx7v/rt5w6Z9HYLd83QIAUt6keUys0sUSfx\nEKbqXVSw8VPBaCKWxNkLAAN+RZgjM/IQL0xmI31CuzrFnPXok7GDEi9R8w6STNup\nc8LX75bvh5BUvoXzHKv2MZ8C5m2AYqTlqCsQsMQZguvcYF3M8xG6Nsn3ADSyL+XW\nPLvEAykpNkBsMIBy4icw9gh4desW1BzxKpFHDhH9dK/MCFaqRsTaWc2DaHyCUOJq\n7MFQmfj6eLHLVTnnRsLc0nwF/e+4LI7F1BXTuPP8dU8aRa8gqH3cenCzD3NISfm9\nJM0oMGyVxR5XVG6dB1pkTmyYwBFYzz0jS/MKnihybL8BtPrpaYzyzDbnj6MpIu83\nX8pJ/A6rNo9itTZJCKME1U7tzPtGC/UXqSKjQOjcT4ruldEG/EHAqi7EC+1wz76U\n4VSkdxQhLuEmrX4DlwHV9f6f2+U5NVFovukqs6iJZZkQyIY9XrDEmXiXpCJZtk1B\n8i7mJkFUjnGG8QAAAQEA3p2Y7HuldRljnPnMsEPmEfkfRBNfdH0dlhIvUNsU/SLx\nTuYfcx9n/84bkXy1tdVQ6u2VXuLz33JQyPGjiEfD2yNLiOgf+FZ1u9gGr50F1Ab4\nWCS7mnniTG0Ctk24EH4jeCq7SZlq7+ZSD0+egoZWzyismQrmeDQaykqXsBjiwHWH\nXHKoXtvwjqqvkAuPDMQm3ObJTf0ECfKo9S9O4tKKtj3IHMPn1NGM42rL0BkJ3Dxp\nv0KTM1M3dLjh4pvxUrIuEAXgQOPiV3JF5WMtZyizlmTSe4mOczIOccphSq8N8b8i\nbR0GcpRCvzbjQL167XE+RhYGUMpkNZSKS4ai8OtqXwAAAQEA8tgV0vHAH9E5Wwy+\n7wWbARGj+sMZry31P2iHMpajGCkshPEGL3wgnTRC4UhKQZkqwkoSYBUvB2z3XH7S\nUHA6V5HLQ3qr66ILnydP18e75GWJLWbPct4jJ0b8Z8Fb/0S6wi+Q4wvFka0m6kq/\n4YN1jLklo5nwTH617r08D51M9lHRFWWICKVDXONiKU7yNn1wBiJSNj65gfAR4BKk\nzEyBtblSXedTlMNl5SMQvaAHYILW57qPxAtL6fBjBclcrYn9Yo702Q9oFUbsZI+o\nW/Br7xHdGAZ+QUA7+7YtvhheCVMTGEObHqW1cfNJltO4T+0bl90urx9blSRgx2hD\nUI73pwAAAQEA+ygBF54M54KfXEA6z3UCG1DyivEjbYK3FOLrY7W1HYofgfpkj9EZ\nxeNu0p07ryzpHFQyTCuWhj9yKHL3n95ZDxkih63IyH/3px5X+1mSMgD3l2vWE6D2\nC3PcKT64XUYgHPJ9m3+shcAQDhqPM8r+innvzmq9hfaSeK+MWp8DsD86PaAK/L4T\nApBxwu9vn2OViWVP+u9pAUayNM81OEqGkhr0vL0lqc8cgBlPItjqQrFwcgsw/Yk8\nc7d8yHqIalyJ7YI31rUXz5aCfQFIPkZ9UasZFy4EQrUCK06rx5lQU+X3ajAsb3D7\nsSL0HRRdFApOmQJTrNbzcVCtSCBfv+1tNQAAAAAB\n-----END OPENSSH PRIVATE KEY-----\n",
            "private_key_pem": "-----BEGIN RSA PRIVATE KEY-----\nMIIJKgIBAAKCAgEA7j/QMntqiVKv//bKHxAsg9C19Sh7LdooxIDXorhQINZioXnY\nm/T4263PW9oy4oVvCoh809faH8r8HvXgKgA0qi6jP+gcXZ5UQ7U5baoa0R++DNrC\nA6lJ7HawfLaqaaWvoC8hdz8jeYUSQCArQwY/h59y091hFLhzh4j2UGH+dpRsAv/Q\n3zgdKweWGlINHvWjSTeZl0lBn8uni4FKkj+q+j8FD3Klb+MxNXZjng0vJjkK0LVj\nU/6VazPIk+t1GALKcb7GcC+ziEmhgzh+8Y4dBFOCVWCbYjSQbU7MBKBlCYM6UPG1\nFRGuN30k3IMnSxzTS+LOigPdJRrhoAYIwpJ84xds96AA0YMqpUD3E3LFl45RSfmW\nGM+Z6Vv2aPUop+jTkP6UFE18Werg6K8B1IpsHsUoNCsXmogqigVdcVa2FebTVKFa\nnn3HZkBvjWpJB1z/bAPDRnNIv8+eRmPMtW+ubndaKNXx0QWw1qJDq74QUm4n9VRf\nlGs6WMdXsNVg3K9OtPy/vzQ6tR4eSwLoGtBNlTmKlPYEdkxe0wWILl16baUsjTb7\nS/2Lj+Zr4/EO/xeVM3YIrMSYwMmx6E4oyUnAC8pxtVyBXke43Ls0CHETbsJqh+jI\nvCExVOGtOQanwfq6BZRADsErUssRl0vj1VSHTdSuRFVQQzjw9hRFVmumYJMCAwEA\nAQKCAgEAjut053Olmy8hKTlQUoYPThubq69XBVCDeC2aLaDHYIt6q0c+q3+u8Yk4\nhO9F6yEEVZs+1o376WqJB8GTcV6iORy1DZcdvQNHpT5HbwPGBoE2Ltvj2vJoyBMD\nGC0z2SBtVHgxaSlVDIbJRfKGQTS0U5VQ+ssoe5eSplGBAQNn9JZgnQP8tosg5Dku\n0Cc8e7/67ecOmfR2C3fN0CAFLepHlMrNLFEn8RCm6l1UsPFTwWgilsTZCwADfkWY\nIzPyEC9MZiN9Qrs6xZz16JOxgxIvUfMOkkzbqXPC1++W74eQVL6F8xyr9jGfAuZt\ngGKk5agrELDEGYLr3GBdzPMRujbJ9wA0si/l1jy7xAMpKTZAbDCAcuInMPYIeHXr\nFtQc8SqRRw4R/XSvzAhWqkbE2lnNg2h8glDiauzBUJn4+nixy1U550bC3NJ8Bf3v\nuCyOxdQV07jz/HVPGkWvIKh93Hpwsw9zSEn5vSTNKDBslcUeV1RunQdaZE5smMAR\nWM89I0vzCp4ocmy/AbT66WmM8sw254+jKSLvN1/KSfwOqzaPYrU2SQijBNVO7cz7\nRgv1F6kio0Do3E+K7pXRBvxBwKouxAvtcM++lOFUpHcUIS7hJq1+A5cB1fX+n9vl\nOTVRaL7pKrOoiWWZEMiGPV6wxJl4l6QiWbZNQfIu5iZBVI5xhvECggEBAPLYFdLx\nwB/ROVsMvu8FmwERo/rDGa8t9T9ohzKWoxgpLITxBi98IJ00QuFISkGZKsJKEmAV\nLwds91x+0lBwOleRy0N6q+uiC58nT9fHu+RliS1mz3LeIydG/GfBW/9EusIvkOML\nxZGtJupKv+GDdYy5JaOZ8Ex+te69PA+dTPZR0RVliAilQ1zjYilO8jZ9cAYiUjY+\nuYHwEeASpMxMgbW5Ul3nU5TDZeUjEL2gB2CC1ue6j8QLS+nwYwXJXK2J/WKO9NkP\naBVG7GSPqFvwa+8R3RgGfkFAO/u2Lb4YXglTExhDmx6ltXHzSZbTuE/tG5fdLq8f\nW5UkYMdoQ1CO96cCggEBAPsoAReeDOeCn1xAOs91AhtQ8orxI22CtxTi62O1tR2K\nH4H6ZI/RGcXjbtKdO68s6RxUMkwrloY/cihy95/eWQ8ZIoetyMh/96ceV/tZkjIA\n95dr1hOg9gtz3Ck+uF1GIBzyfZt/rIXAEA4ajzPK/op5785qvYX2knivjFqfA7A/\nOj2gCvy+EwKQccLvb59jlYllT/rvaQFGsjTPNThKhpIa9Ly9JanPHIAZTyLY6kKx\ncHILMP2JPHO3fMh6iGpcie2CN9a1F8+Wgn0BSD5GfVGrGRcuBEK1AitOq8eZUFPl\n92owLG9w+7Ei9B0UXRQKTpkCU6zW83FQrUggX7/tbTUCggEBAOaAUIa/TLtmnmhb\n+sdprK0hD2Kv2Ss8FjMvhlRwQzJlsoolNNfRnCtbNbgcI8+MENgF8tcchF0qAsja\n38nWHKqOCj9sqs6oKxvP9qs8PI4YClL76SCA1SEs8duR3z63AAXdnErGG6ugjPWK\nKgNmAiemfaGCNmKFSy7mk6HGjwymsCz9CFgcdYovkjbfZmxuN+y6mwo+E1rQgkcL\nqzz3yY6x7wqOzfjAV3FdDUDQKvBigJXHsTpF9rKAp50QelWGSupIAwQc6ZB4l10E\nNqu90tVDQXbSgvhwff739wcenfN/1PoNAanfZBBa+pidMa87whstqGg0/Xrc4rej\nsXE/orUCggEAS16W7VJ1xufREOsJewY/CpmBH6b7nbpzXKY4Q2TdJC82A1hz4yC5\n3kPBFx0uMwSENAckTO1rr3/Mr0zI+MXN7hT54sOJFHoqhJE7j+cyUyUtJ9iplpxg\nGdG8CPiUdRE9Q9KVVRu8Vyrq5oCb5swNFNtA1q37j/8Nt3/e27cKcVKYFLQ5d91G\ncSeNrBUUZz2IO4IWvVQpK8PeaLCh5PGgbqn+NcGBUvMfN2Xg9LEpo7gB6YdoPT14\n0bUHklYLJ/f7QDYqsZkIuzgMkpzW5DFdHCv/TJB3oNkW/I4QSMa+b178n3Yzb4H1\nVhQKM8vPntr0+T/UgnLC/YdbaOCmOz9x3QKCAQEA3p2Y7HuldRljnPnMsEPmEfkf\nRBNfdH0dlhIvUNsU/SLxTuYfcx9n/84bkXy1tdVQ6u2VXuLz33JQyPGjiEfD2yNL\niOgf+FZ1u9gGr50F1Ab4WCS7mnniTG0Ctk24EH4jeCq7SZlq7+ZSD0+egoZWzyis\nmQrmeDQaykqXsBjiwHWHXHKoXtvwjqqvkAuPDMQm3ObJTf0ECfKo9S9O4tKKtj3I\nHMPn1NGM42rL0BkJ3Dxpv0KTM1M3dLjh4pvxUrIuEAXgQOPiV3JF5WMtZyizlmTS\ne4mOczIOccphSq8N8b8ibR0GcpRCvzbjQL167XE+RhYGUMpkNZSKS4ai8OtqXw==\n-----END RSA PRIVATE KEY-----\n",
            "private_key_pem_pkcs8": "-----BEGIN PRIVATE KEY-----\nMIIJRAIBADANBgkqhkiG9w0BAQEFAASCCS4wggkqAgEAAoICAQDuP9Aye2qJUq//\n9sofECyD0LX1KHst2ijEgNeiuFAg1mKhedib9Pjbrc9b2jLihW8KiHzT19ofyvwe\n9eAqADSqLqM/6BxdnlRDtTltqhrRH74M2sIDqUnsdrB8tqpppa+gLyF3PyN5hRJA\nICtDBj+Hn3LT3WEUuHOHiPZQYf52lGwC/9DfOB0rB5YaUg0e9aNJN5mXSUGfy6eL\ngUqSP6r6PwUPcqVv4zE1dmOeDS8mOQrQtWNT/pVrM8iT63UYAspxvsZwL7OISaGD\nOH7xjh0EU4JVYJtiNJBtTswEoGUJgzpQ8bUVEa43fSTcgydLHNNL4s6KA90lGuGg\nBgjCknzjF2z3oADRgyqlQPcTcsWXjlFJ+ZYYz5npW/Zo9Sin6NOQ/pQUTXxZ6uDo\nrwHUimwexSg0KxeaiCqKBV1xVrYV5tNUoVqefcdmQG+NakkHXP9sA8NGc0i/z55G\nY8y1b65ud1oo1fHRBbDWokOrvhBSbif1VF+UazpYx1ew1WDcr060/L+/NDq1Hh5L\nAuga0E2VOYqU9gR2TF7TBYguXXptpSyNNvtL/YuP5mvj8Q7/F5UzdgisxJjAybHo\nTijJScALynG1XIFeR7jcuzQIcRNuwmqH6Mi8ITFU4a05BqfB+roFlEAOwStSyxGX\nS+PVVIdN1K5EVVBDOPD2FEVWa6ZgkwIDAQABAoICAQCO63Tnc6WbLyEpOVBShg9O\nG5urr1cFUIN4LZotoMdgi3qrRz6rf67xiTiE70XrIQRVmz7WjfvpaokHwZNxXqI5\nHLUNlx29A0elPkdvA8YGgTYu2+Pa8mjIEwMYLTPZIG1UeDFpKVUMhslF8oZBNLRT\nlVD6yyh7l5KmUYEBA2f0lmCdA/y2iyDkOS7QJzx7v/rt5w6Z9HYLd83QIAUt6keU\nys0sUSfxEKbqXVSw8VPBaCKWxNkLAAN+RZgjM/IQL0xmI31CuzrFnPXok7GDEi9R\n8w6STNupc8LX75bvh5BUvoXzHKv2MZ8C5m2AYqTlqCsQsMQZguvcYF3M8xG6Nsn3\nADSyL+XWPLvEAykpNkBsMIBy4icw9gh4desW1BzxKpFHDhH9dK/MCFaqRsTaWc2D\naHyCUOJq7MFQmfj6eLHLVTnnRsLc0nwF/e+4LI7F1BXTuPP8dU8aRa8gqH3cenCz\nD3NISfm9JM0oMGyVxR5XVG6dB1pkTmyYwBFYzz0jS/MKnihybL8BtPrpaYzyzDbn\nj6MpIu83X8pJ/A6rNo9itTZJCKME1U7tzPtGC/UXqSKjQOjcT4ruldEG/EHAqi7E\nC+1wz76U4VSkdxQhLuEmrX4DlwHV9f6f2+U5NVFovukqs6iJZZkQyIY9XrDEmXiX\npCJZtk1B8i7mJkFUjnGG8QKCAQEA8tgV0vHAH9E5Wwy+7wWbARGj+sMZry31P2iH\nMpajGCkshPEGL3wgnTRC4UhKQZkqwkoSYBUvB2z3XH7SUHA6V5HLQ3qr66ILnydP\n18e75GWJLWbPct4jJ0b8Z8Fb/0S6wi+Q4wvFka0m6kq/4YN1jLklo5nwTH617r08\nD51M9lHRFWWICKVDXONiKU7yNn1wBiJSNj65gfAR4BKkzEyBtblSXedTlMNl5SMQ\nvaAHYILW57qPxAtL6fBjBclcrYn9Yo702Q9oFUbsZI+oW/Br7xHdGAZ+QUA7+7Yt\nvhheCVMTGEObHqW1cfNJltO4T+0bl90urx9blSRgx2hDUI73pwKCAQEA+ygBF54M\n54KfXEA6z3UCG1DyivEjbYK3FOLrY7W1HYofgfpkj9EZxeNu0p07ryzpHFQyTCuW\nhj9yKHL3n95ZDxkih63IyH/3px5X+1mSMgD3l2vWE6D2C3PcKT64XUYgHPJ9m3+s\nhcAQDhqPM8r+innvzmq9hfaSeK+MWp8DsD86PaAK/L4TApBxwu9vn2OViWVP+u9p\nAUayNM81OEqGkhr0vL0lqc8cgBlPItjqQrFwcgsw/Yk8c7d8yHqIalyJ7YI31rUX\nz5aCfQFIPkZ9UasZFy4EQrUCK06rx5lQU+X3ajAsb3D7sSL0HRRdFApOmQJTrNbz\ncVCtSCBfv+1tNQKCAQEA5oBQhr9Mu2aeaFv6x2msrSEPYq/ZKzwWMy+GVHBDMmWy\niiU019GcK1s1uBwjz4wQ2AXy1xyEXSoCyNrfydYcqo4KP2yqzqgrG8/2qzw8jhgK\nUvvpIIDVISzx25HfPrcABd2cSsYbq6CM9YoqA2YCJ6Z9oYI2YoVLLuaTocaPDKaw\nLP0IWBx1ii+SNt9mbG437LqbCj4TWtCCRwurPPfJjrHvCo7N+MBXcV0NQNAq8GKA\nlcexOkX2soCnnRB6VYZK6kgDBBzpkHiXXQQ2q73S1UNBdtKC+HB9/vf3Bx6d83/U\n+g0Bqd9kEFr6mJ0xrzvCGy2oaDT9etzit6OxcT+itQKCAQBLXpbtUnXG59EQ6wl7\nBj8KmYEfpvudunNcpjhDZN0kLzYDWHPjILneQ8EXHS4zBIQ0ByRM7Wuvf8yvTMj4\nxc3uFPniw4kUeiqEkTuP5zJTJS0n2KmWnGAZ0bwI+JR1ET1D0pVVG7xXKurmgJvm\nzA0U20DWrfuP/w23f97btwpxUpgUtDl33UZxJ42sFRRnPYg7gha9VCkrw95osKHk\n8aBuqf41wYFS8x83ZeD0sSmjuAHph2g9PXjRtQeSVgsn9/tANiqxmQi7OAySnNbk\nMV0cK/9MkHeg2Rb8jhBIxr5vXvyfdjNvgfVWFAozy8+e2vT5P9SCcsL9h1to4KY7\nP3HdAoIBAQDenZjse6V1GWOc+cywQ+YR+R9EE190fR2WEi9Q2xT9IvFO5h9zH2f/\nzhuRfLW11VDq7ZVe4vPfclDI8aOIR8PbI0uI6B/4VnW72AavnQXUBvhYJLuaeeJM\nbQK2TbgQfiN4KrtJmWrv5lIPT56ChlbPKKyZCuZ4NBrKSpewGOLAdYdccqhe2/CO\nqq+QC48MxCbc5slN/QQJ8qj1L07i0oq2Pcgcw+fU0YzjasvQGQncPGm/QpMzUzd0\nuOHim/FSsi4QBeBA4+JXckXlYy1nKLOWZNJ7iY5zMg5xymFKrw3xvyJtHQZylEK/\nNuNAvXrtcT5GFgZQymQ1lIpLhqLw62pf\n-----END PRIVATE KEY-----\n",
            "public_key_fingerprint_md5": "04:e9:1d:e8:dd:54:23:62:5d:a4:28:5a:f5:f8:23:f2",
            "public_key_fingerprint_sha256": "SHA256:tBOD65QgXIkJa8Znf7BZATBsOTjjuFv2qYjB7g/uj4o",
            "public_key_openssh": "ssh-rsa AAAAB3NzaC1yc2EAAAADAQABAAACAQDuP9Aye2qJUq//9sofECyD0LX1KHst2ijEgNeiuFAg1mKhedib9Pjbrc9b2jLihW8KiHzT19ofyvwe9eAqADSqLqM/6BxdnlRDtTltqhrRH74M2sIDqUnsdrB8tqpppa+gLyF3PyN5hRJAICtDBj+Hn3LT3WEUuHOHiPZQYf52lGwC/9DfOB0rB5YaUg0e9aNJN5mXSUGfy6eLgUqSP6r6PwUPcqVv4zE1dmOeDS8mOQrQtWNT/pVrM8iT63UYAspxvsZwL7OISaGDOH7xjh0EU4JVYJtiNJBtTswEoGUJgzpQ8bUVEa43fSTcgydLHNNL4s6KA90lGuGgBgjCknzjF2z3oADRgyqlQPcTcsWXjlFJ+ZYYz5npW/Zo9Sin6NOQ/pQUTXxZ6uDorwHUimwexSg0KxeaiCqKBV1xVrYV5tNUoVqefcdmQG+NakkHXP9sA8NGc0i/z55GY8y1b65ud1oo1fHRBbDWokOrvhBSbif1VF+UazpYx1ew1WDcr060/L+/NDq1Hh5LAuga0E2VOYqU9gR2TF7TBYguXXptpSyNNvtL/YuP5mvj8Q7/F5UzdgisxJjAybHoTijJScALynG1XIFeR7jcuzQIcRNuwmqH6Mi8ITFU4a05BqfB+roFlEAOwStSyxGXS+PVVIdN1K5EVVBDOPD2FEVWa6Zgkw==\n",
            "public_key_pem": "-----BEGIN PUBLIC KEY-----\nMIICIjANBgkqhkiG9w0BAQEFAAOCAg8AMIICCgKCAgEA7j/QMntqiVKv//bKHxAs\ng9C19Sh7LdooxIDXorhQINZioXnYm/T4263PW9oy4oVvCoh809faH8r8HvXgKgA0\nqi6jP+gcXZ5UQ7U5baoa0R++DNrCA6lJ7HawfLaqaaWvoC8hdz8jeYUSQCArQwY/\nh59y091hFLhzh4j2UGH+dpRsAv/Q3zgdKweWGlINHvWjSTeZl0lBn8uni4FKkj+q\n+j8FD3Klb+MxNXZjng0vJjkK0LVjU/6VazPIk+t1GALKcb7GcC+ziEmhgzh+8Y4d\nBFOCVWCbYjSQbU7MBKBlCYM6UPG1FRGuN30k3IMnSxzTS+LOigPdJRrhoAYIwpJ8\n4xds96AA0YMqpUD3E3LFl45RSfmWGM+Z6Vv2aPUop+jTkP6UFE18Werg6K8B1Ips\nHsUoNCsXmogqigVdcVa2FebTVKFann3HZkBvjWpJB1z/bAPDRnNIv8+eRmPMtW+u\nbndaKNXx0QWw1qJDq74QUm4n9VRflGs6WMdXsNVg3K9OtPy/vzQ6tR4eSwLoGtBN\nlTmKlPYEdkxe0wWILl16baUsjTb7S/2Lj+Zr4/EO/xeVM3YIrMSYwMmx6E4oyUnA\nC8pxtVyBXke43Ls0CHETbsJqh+jIvCExVOGtOQanwfq6BZRADsErUssRl0vj1VSH\nTdSuRFVQQzjw9hRFVmumYJMCAwEAAQ==\n-----END PUBLIC KEY-----\n",
            "rsa_bits": 4096
          },
          "sensitive_attributes": [
            [
              {
                "type": "get_attr",
                "value": "private_key_pem_pkcs8"
              }
            ],
            [
              {
                "type": "get_attr",
                "value": "private_key_openssh"
              }
            ],
            [
              {
                "type": "get_attr",
                "value": "private_key_pem"
              }
            ]
          ]
        }
      ]
    }
  ],
  "check_results": [
    {
      "object_kind": "resource",
      "config_addr": "module.eks.module.eks_managed_node_group.module.user_data.null_resource.validate_cluster_service_cidr",
      "status": "pass",
      "objects": [
        {
          "object_addr": "module.eks.module.eks_managed_node_group[\"default_node_group\"].module.user_data.null_resource.validate_cluster_service_cidr",
          "status": "pass"
        }
      ]
    },
    {
      "object_kind": "resource",
      "config_addr": "module.eks.module.self_managed_node_group.module.user_data.null_resource.validate_cluster_service_cidr",
      "status": "pass",
      "objects": null
    }
  ]
}
