{
  "version": 4,
  "terraform_version": "1.9.6",
  "serial": 457,
  "lineage": "f0b6d692-7aad-9484-d252-4f87d7645883",
  "outputs": {
    "cloudwatch_log_group_arn": {
      "value": "arn:aws:logs:us-east-1:132172135366:log-group:/aws/eks/demo-cluster/cluster",
      "type": "string"
    },
    "cloudwatch_log_group_name": {
      "value": "/aws/eks/demo-cluster/cluster",
      "type": "string"
    },
    "cluster_arn": {
      "value": "arn:aws:eks:us-east-1:132172135366:cluster/demo-cluster",
      "type": "string"
    },
    "cluster_certificate_authority_data": {
      "value": "LS0tLS1CRUdJTiBDRVJUSUZJQ0FURS0tLS0tCk1JSURCVENDQWUyZ0F3SUJBZ0lJYmpNVjdFNTN4ekF3RFFZSktvWklodmNOQVFFTEJRQXdGVEVUTUJFR0ExVUUKQXhNS2EzVmlaWEp1WlhSbGN6QWVGdzB5TkRBNU1qZ3hNak15TVRWYUZ3MHpOREE1TWpZeE1qTTNNVFZhTUJVeApFekFSQmdOVkJBTVRDbXQxWW1WeWJtVjBaWE13Z2dFaU1BMEdDU3FHU0liM0RRRUJBUVVBQTRJQkR3QXdnZ0VLCkFvSUJBUUM5ek9BMXZXTmE4Q0ZJRERCdm9JRDI0L0JaYUVKWTJMMGMvQ2M2STlkNVM0QnFQK1dhZ215ZVJ4OGMKN2xBVVduNGRFdURXcFZBZmlGN0dCLy9NcUJxUHNXM1gvbU1FajFnQktjTTIxamlxcWNub0hlZ2NDK1FiUWFpcwowRHAyOVorL0NXOUpwdWVFbkowbHROaUdkd0VwdkVCN0xNN0Q0L0NudTF2OHFyb04zMVpZWWhoZVB2NVNDU091ClBaNGUvR1VRS1Z2dG5CSlFacHNBcVV3bGdlTEtQV3lia1hSZlNZRXFHZnN3M1hVQytpeWRtR2w0dFVuaTd3Q3AKQ0FkWjFQRHZIZEZZS2p6MXdHeDFsTHRHd2t3YkRWNWxoNFlORmQ5ZDN5VVFGclZyeGVaNEY4aytFc2dKc0VNNwo5dWN5RzFoVDloUmJGSFVMNWxlTjVkZVl2Zzh6QWdNQkFBR2pXVEJYTUE0R0ExVWREd0VCL3dRRUF3SUNwREFQCkJnTlZIUk1CQWY4RUJUQURBUUgvTUIwR0ExVWREZ1FXQkJSdlJhQlY0L2xwQXY5RCtqSnp2UEF6M0k1aHREQVYKQmdOVkhSRUVEakFNZ2dwcmRXSmxjbTVsZEdWek1BMEdDU3FHU0liM0RRRUJDd1VBQTRJQkFRQ2djcFpNbDgyNAorUWxVMUE2cUZ4N3JaaFUxL0xHb2hlOWVpMTFWZFllazdvSjBpYXpaTGdCazg2ZFlWUkdWZVJBMldkNm9ySStSCkNvdUhkT1F3WjV2SmRhY2ttYTVCVGROZDRXb1YwNG5GZGpOOWpJd3B2dElhQnJIcXJaenAzbml3S1dZUThRM0wKcVdwcjNSeU5KNUZJSXdKSFBwMXZ5MzcvL2lmZVdwS0tqaFhPR0lIQkoyRFBSTEQ2U0pMTXlRd3BpaWVUcXpoNQprdThtV3JWZlA5SUdyRndjUVQzVm96Rnl3NFRvS3lQMGNVVFgwQ0EvY1hkbStRazhWd282aE9TQ3o0aTBlc0swClRJZVhGczF4cDRWUncwdTBOUnlSM1hsaTVFT20xK3NFd1VjL0RadUIza2ZaNUtCQURlbXF1QXJEbnJEY3JzQTIKYW56YjVGeEYxdW5sCi0tLS0tRU5EIENFUlRJRklDQVRFLS0tLS0K",
      "type": "string"
    },
    "cluster_endpoint": {
      "value": "https://17D99654EBB491FFB94A56BD0EB4E46B.gr7.us-east-1.eks.amazonaws.com",
      "type": "string"
    },
    "cluster_iam_role_arn": {
      "value": "arn:aws:iam::132172135366:role/demo-cluster-cluster-20240928123223163100000003",
      "type": "string"
    },
    "cluster_iam_role_name": {
      "value": "demo-cluster-cluster-20240928123223163100000003",
      "type": "string"
    },
    "cluster_iam_role_unique_id": {
      "value": "AROAR5RQSXPDK2U65ZSD3",
      "type": "string"
    },
    "cluster_name": {
      "value": "demo-cluster",
      "type": "string"
    },
    "cluster_platform_version": {
      "value": "eks.13",
      "type": "string"
    },
    "cluster_primary_security_group_id": {
      "value": "sg-090c6b1d0b232191f",
      "type": "string"
    },
    "cluster_security_group_arn": {
      "value": "arn:aws:ec2:us-east-1:132172135366:security-group/sg-00fa1013b2c385c52",
      "type": "string"
    },
    "cluster_security_group_id": {
      "value": "sg-00fa1013b2c385c52",
      "type": "string"
    },
    "cluster_status": {
      "value": "ACTIVE",
      "type": "string"
    },
    "cluster_tls_certificate_sha1_fingerprint": {
      "value": "9e99a48a9960b14926bb7f3b02e22da2b0ab7280",
      "type": "string"
    },
    "node_security_group_arn": {
      "value": "arn:aws:ec2:us-east-1:132172135366:security-group/sg-0e5e97f46e8a17ddc",
      "type": "string"
    },
    "node_security_group_id": {
      "value": "sg-0e5e97f46e8a17ddc",
      "type": "string"
    },
    "region": {
      "value": "us-east-1",
      "type": "string"
    }
  },
  "resources": [
    {
      "mode": "data",
      "type": "aws_availability_zones",
      "name": "available",
      "provider": "provider[\"registry.terraform.io/hashicorp/aws\"]",
      "instances": [
        {
          "schema_version": 0,
          "attributes": {
            "all_availability_zones": null,
            "exclude_names": null,
            "exclude_zone_ids": null,
            "filter": null,
            "group_names": [
              "us-east-1"
            ],
            "id": "us-east-1",
            "names": [
              "us-east-1a",
              "us-east-1b",
              "us-east-1c",
              "us-east-1d",
              "us-east-1e",
              "us-east-1f"
            ],
            "state": null,
            "timeouts": null,
            "zone_ids": [
              "use1-az2",
              "use1-az4",
              "use1-az6",
              "use1-az1",
              "use1-az3",
              "use1-az5"
            ]
          },
          "sensitive_attributes": []
        }
      ]
    },
    {
      "mode": "data",
      "type": "aws_caller_identity",
      "name": "current",
      "provider": "provider[\"registry.terraform.io/hashicorp/aws\"]",
      "instances": [
        {
          "schema_version": 0,
          "attributes": {
            "account_id": "132172135366",
            "arn": "arn:aws:iam::132172135366:user/k8suser",
            "id": "132172135366",
            "user_id": "AIDAR5RQSXPDLVB5NXR7O"
          },
          "sensitive_attributes": []
        }
      ]
    },
    {
      "mode": "data",
      "type": "terraform_remote_state",
      "name": "vpc",
      "provider": "provider[\"terraform.io/builtin/terraform\"]",
      "instances": [
        {
          "schema_version": 0,
          "attributes": {
            "backend": "local",
            "config": {
              "value": {
                "path": "../vpc/terraform.tfstate"
              },
              "type": [
                "object",
                {
                  "path": "string"
                }
              ]
            },
            "defaults": null,
            "outputs": {
              "value": {
                "azs": [
                  "us-east-1a",
                  "us-east-1b",
                  "us-east-1c"
                ],
                "intra_subnets": [
                  "subnet-0594a103ff6bb296c",
                  "subnet-010f3d83b708a92e4",
                  "subnet-00aa513886e1ddf39"
                ],
                "private_subnets": [
                  "subnet-0bc2d269798b7f543",
                  "subnet-098543db28bfe9e52",
                  "subnet-0380d053b6d7d51cd"
                ],
                "public_subnets": [
                  "subnet-0eaa20b33bc0232b0",
                  "subnet-0dfc08aed2f2e78d3",
                  "subnet-046b2836ea0bc6987"
                ],
                "vpc_id": "vpc-01d65111df50d4db5"
              },
              "type": [
                "object",
                {
                  "azs": [
                    "list",
                    "string"
                  ],
                  "intra_subnets": [
                    "tuple",
                    [
                      "string",
                      "string",
                      "string"
                    ]
                  ],
                  "private_subnets": [
                    "tuple",
                    [
                      "string",
                      "string",
                      "string"
                    ]
                  ],
                  "public_subnets": [
                    "tuple",
                    [
                      "string",
                      "string",
                      "string"
                    ]
                  ],
                  "vpc_id": "string"
                }
              ]
            },
            "workspace": null
          },
          "sensitive_attributes": []
        }
      ]
    },
    {
      "mode": "managed",
      "type": "aws_security_group",
      "name": "remote_access",
      "provider": "provider[\"registry.terraform.io/hashicorp/aws\"]",
      "instances": [
        {
          "schema_version": 1,
          "attributes": {
            "arn": "arn:aws:ec2:us-east-1:132172135366:security-group/sg-0743e42be5191e9a8",
            "description": "Allow remote SSH from anywhere",
            "egress": [
              {
                "cidr_blocks": [
                  "0.0.0.0/0"
                ],
                "description": "",
                "from_port": 0,
                "ipv6_cidr_blocks": [
                  "::/0"
                ],
                "prefix_list_ids": [],
                "protocol": "-1",
                "security_groups": [],
                "self": false,
                "to_port": 0
              }
            ],
            "id": "sg-0743e42be5191e9a8",
            "ingress": [
              {
                "cidr_blocks": [
                  "0.0.0.0/0"
                ],
                "description": "SSH access",
                "from_port": 22,
                "ipv6_cidr_blocks": [],
                "prefix_list_ids": [],
                "protocol": "tcp",
                "security_groups": [],
                "self": false,
                "to_port": 22
              }
            ],
            "name": "demo-cluster-remote-access20240928123223173500000005",
            "name_prefix": "demo-cluster-remote-access",
            "owner_id": "132172135366",
            "revoke_rules_on_delete": false,
            "tags": {
              "DevtedsOrg": "Devteds Courses",
              "DevtedsStack": "demo-cluster",
              "DevtedsStackName": "EKS",
              "Name": "demo-cluster-remote-ssh",
              "kubernetes.io/cluster/demo-cluster": "shared"
            },
            "tags_all": {
              "DevtedsOrg": "Devteds Courses",
              "DevtedsStack": "demo-cluster",
              "DevtedsStackName": "EKS",
              "Name": "demo-cluster-remote-ssh",
              "kubernetes.io/cluster/demo-cluster": "shared"
            },
            "timeouts": null,
            "vpc_id": "vpc-01d65111df50d4db5"
          },
          "sensitive_attributes": [],
          "private": "eyJlMmJmYjczMC1lY2FhLTExZTYtOGY4OC0zNDM2M2JjN2M0YzAiOnsiY3JlYXRlIjo2MDAwMDAwMDAwMDAsImRlbGV0ZSI6OTAwMDAwMDAwMDAwfSwic2NoZW1hX3ZlcnNpb24iOiIxIn0=",
          "dependencies": [
            "data.terraform_remote_state.vpc"
          ]
        }
      ]
    },
    {
      "module": "module.eks",
      "mode": "data",
      "type": "aws_caller_identity",
      "name": "current",
      "provider": "provider[\"registry.terraform.io/hashicorp/aws\"]",
      "instances": [
        {
          "schema_version": 0,
          "attributes": {
            "account_id": "132172135366",
            "arn": "arn:aws:iam::132172135366:user/k8suser",
            "id": "132172135366",
            "user_id": "AIDAR5RQSXPDLVB5NXR7O"
          },
          "sensitive_attributes": []
        }
      ]
    },
    {
      "module": "module.eks",
      "mode": "data",
      "type": "aws_iam_policy_document",
      "name": "assume_role_policy",
      "provider": "provider[\"registry.terraform.io/hashicorp/aws\"]",
      "instances": [
        {
          "index_key": 0,
          "schema_version": 0,
          "attributes": {
            "id": "2764486067",
            "json": "{\n  \"Version\": \"2012-10-17\",\n  \"Statement\": [\n    {\n      \"Sid\": \"EKSClusterAssumeRole\",\n      \"Effect\": \"Allow\",\n      \"Action\": \"sts:AssumeRole\",\n      \"Principal\": {\n        \"Service\": \"eks.amazonaws.com\"\n      }\n    }\n  ]\n}",
            "minified_json": "{\"Version\":\"2012-10-17\",\"Statement\":[{\"Sid\":\"EKSClusterAssumeRole\",\"Effect\":\"Allow\",\"Action\":\"sts:AssumeRole\",\"Principal\":{\"Service\":\"eks.amazonaws.com\"}}]}",
            "override_json": null,
            "override_policy_documents": null,
            "policy_id": null,
            "source_json": null,
            "source_policy_documents": null,
            "statement": [
              {
                "actions": [
                  "sts:AssumeRole"
                ],
                "condition": [],
                "effect": "Allow",
                "not_actions": [],
                "not_principals": [],
                "not_resources": [],
                "principals": [
                  {
                    "identifiers": [
                      "eks.amazonaws.com"
                    ],
                    "type": "Service"
                  }
                ],
                "resources": [],
                "sid": "EKSClusterAssumeRole"
              }
            ],
            "version": "2012-10-17"
          },
          "sensitive_attributes": []
        }
      ]
    },
    {
      "module": "module.eks",
      "mode": "data",
      "type": "aws_iam_session_context",
      "name": "current",
      "provider": "provider[\"registry.terraform.io/hashicorp/aws\"]",
      "instances": [
        {
          "schema_version": 0,
          "attributes": {
            "arn": "arn:aws:iam::132172135366:user/k8suser",
            "id": "arn:aws:iam::132172135366:user/k8suser",
            "issuer_arn": "arn:aws:iam::132172135366:user/k8suser",
            "issuer_id": "",
            "issuer_name": "",
            "session_name": ""
          },
          "sensitive_attributes": []
        }
      ]
    },
    {
      "module": "module.eks",
      "mode": "data",
      "type": "aws_partition",
      "name": "current",
      "provider": "provider[\"registry.terraform.io/hashicorp/aws\"]",
      "instances": [
        {
          "schema_version": 0,
          "attributes": {
            "dns_suffix": "amazonaws.com",
            "id": "aws",
            "partition": "aws",
            "reverse_dns_prefix": "com.amazonaws"
          },
          "sensitive_attributes": []
        }
      ]
    },
    {
      "module": "module.eks",
      "mode": "data",
      "type": "tls_certificate",
      "name": "this",
      "provider": "provider[\"registry.terraform.io/hashicorp/tls\"]",
      "instances": [
        {
          "index_key": 0,
          "schema_version": 0,
          "attributes": {
            "certificates": [
              {
                "cert_pem": "-----BEGIN CERTIFICATE-----\nMIIEdTCCA12gAwIBAgIJAKcOSkw0grd/MA0GCSqGSIb3DQEBCwUAMGgxCzAJBgNV\nBAYTAlVTMSUwIwYDVQQKExxTdGFyZmllbGQgVGVjaG5vbG9naWVzLCBJbmMuMTIw\nMAYDVQQLEylTdGFyZmllbGQgQ2xhc3MgMiBDZXJ0aWZpY2F0aW9uIEF1dGhvcml0\neTAeFw0wOTA5MDIwMDAwMDBaFw0zNDA2MjgxNzM5MTZaMIGYMQswCQYDVQQGEwJV\nUzEQMA4GA1UECBMHQXJpem9uYTETMBEGA1UEBxMKU2NvdHRzZGFsZTElMCMGA1UE\nChMcU3RhcmZpZWxkIFRlY2hub2xvZ2llcywgSW5jLjE7MDkGA1UEAxMyU3RhcmZp\nZWxkIFNlcnZpY2VzIFJvb3QgQ2VydGlmaWNhdGUgQXV0aG9yaXR5IC0gRzIwggEi\nMA0GCSqGSIb3DQEBAQUAA4IBDwAwggEKAoIBAQDVDDrEKvlO4vW+GZdfjohTsR8/\ny8+fIBNtKTrID30892t2OGPZNmCom15cAICyL1l/9of5JUOG52kbUpqQ4XHj2C0N\nTm/2yEnZtvMaVq4rtnQU68/7JuMauh2WLmo7WJSJR1b/JaCTcFOD2oR0FMNnngRo\nOt+OQFodSk7PQ5E751bWAHDLUu57fa4657wx+UX2wmDPE1kCK4DMNEffud6QZW0C\nzyyRpqbn3oUYSXxmTqM6bam17jQuug0DuDPfR+uxa40l2ZvOgdFFRjKWcIfeAg5J\nQ4W2bHO7ZOphQazJ1FTfhy/HIrImzJ9ZVGif/L4qL8RVHHVAYBeFAlU5i38FAgMB\nAAGjgfAwge0wDwYDVR0TAQH/BAUwAwEB/zAOBgNVHQ8BAf8EBAMCAYYwHQYDVR0O\nBBYEFJxfAN+qAdcwKziIorhtSpzyEZGDMB8GA1UdIwQYMBaAFL9ft9HO3R+G9FtV\nrNzXEMIOqYjnME8GCCsGAQUFBwEBBEMwQTAcBggrBgEFBQcwAYYQaHR0cDovL28u\nc3MyLnVzLzAhBggrBgEFBQcwAoYVaHR0cDovL3guc3MyLnVzL3guY2VyMCYGA1Ud\nHwQfMB0wG6AZoBeGFWh0dHA6Ly9zLnNzMi51cy9yLmNybDARBgNVHSAECjAIMAYG\nBFUdIAAwDQYJKoZIhvcNAQELBQADggEBACMd44pXyn3pF3lM8R5V/cxTbj5HD9/G\nVfKyBDbtgB9TxF00KGu+x1X8Z+rLP3+QsjPNG1gQggL4+C/1E2DUBc7xgQjB3ad1\nl08YuW3e95ORCLp+QCztweq7dp4zBncdDQh/U90bZKuCJ/Fp1U1ervShw3WnWEQt\n8jxwmKy6abaVd38PMV4s/KCHOkdp8Hlf9BRUpJVeEXgSYCfOn8J3/yNTd126/+pZ\n59vPr5KW7ySaNRB6nJHGDn2Z9j8Z3/VyVOEVqQdZe4O/Ui5GjLIAZHYcSNPYeehu\nVsyuLAOQ1xk4meTKCRlb/weWsKh/NEnfVqn3sF/tM+2MR7cwA130A4w=\n-----END CERTIFICATE-----\n",
                "is_ca": true,
                "issuer": "OU=Starfield Class 2 Certification Authority,O=Starfield Technologies\\, Inc.,C=US",
                "not_after": "2034-06-28T17:39:16Z",
                "not_before": "2009-09-02T00:00:00Z",
                "public_key_algorithm": "RSA",
                "serial_number": "12037640545166866303",
                "sha1_fingerprint": "9e99a48a9960b14926bb7f3b02e22da2b0ab7280",
                "signature_algorithm": "SHA256-RSA",
                "subject": "CN=Starfield Services Root Certificate Authority - G2,O=Starfield Technologies\\, Inc.,L=Scottsdale,ST=Arizona,C=US",
                "version": 3
              },
              {
                "cert_pem": "-----BEGIN CERTIFICATE-----\nMIIEkjCCA3qgAwIBAgITBn+USionzfP6wq4rAfkI7rnExjANBgkqhkiG9w0BAQsF\nADCBmDELMAkGA1UEBhMCVVMxEDAOBgNVBAgTB0FyaXpvbmExEzARBgNVBAcTClNj\nb3R0c2RhbGUxJTAjBgNVBAoTHFN0YXJmaWVsZCBUZWNobm9sb2dpZXMsIEluYy4x\nOzA5BgNVBAMTMlN0YXJmaWVsZCBTZXJ2aWNlcyBSb290IENlcnRpZmljYXRlIEF1\ndGhvcml0eSAtIEcyMB4XDTE1MDUyNTEyMDAwMFoXDTM3MTIzMTAxMDAwMFowOTEL\nMAkGA1UEBhMCVVMxDzANBgNVBAoTBkFtYXpvbjEZMBcGA1UEAxMQQW1hem9uIFJv\nb3QgQ0EgMTCCASIwDQYJKoZIhvcNAQEBBQADggEPADCCAQoCggEBALJ4gHHKeNXj\nca9HgFB0fW7Y14h29Jlo91ghYPl0hAEvrAIthtOgQ3pOsqTQNroBvo3bSMgHFzZM\n9O6II8c+6zf1tRn4SWiw3te5djgdYZ6k/oI2peVKVuRF4fn9tBb6dNqcmzU5L/qw\nIFAGbHrQgLKm+a/sRxmPUDgH3KKHOVj4utWp+UhnMJbulHheb4mjUcAwhmahRWa6\nVOujw5H5SNz/0egwLX0tdHA114gk957EWW67c4cX8jJGKLhD+rcdqsq08p8kDi1L\n93FcXmn/6pUCyziKrlA4b9v7LWIbxcceVOF34GfID5yHI9Y/QCB/IIDEgEw+OyQm\njgSubJrIqg0CAwEAAaOCATEwggEtMA8GA1UdEwEB/wQFMAMBAf8wDgYDVR0PAQH/\nBAQDAgGGMB0GA1UdDgQWBBSEGMyFNOy8DJSULghZnMeyEE4KCDAfBgNVHSMEGDAW\ngBScXwDfqgHXMCs4iKK4bUqc8hGRgzB4BggrBgEFBQcBAQRsMGowLgYIKwYBBQUH\nMAGGImh0dHA6Ly9vY3NwLnJvb3RnMi5hbWF6b250cnVzdC5jb20wOAYIKwYBBQUH\nMAKGLGh0dHA6Ly9jcnQucm9vdGcyLmFtYXpvbnRydXN0LmNvbS9yb290ZzIuY2Vy\nMD0GA1UdHwQ2MDQwMqAwoC6GLGh0dHA6Ly9jcmwucm9vdGcyLmFtYXpvbnRydXN0\nLmNvbS9yb290ZzIuY3JsMBEGA1UdIAQKMAgwBgYEVR0gADANBgkqhkiG9w0BAQsF\nAAOCAQEAYjdCXLwQtT6LLOkMm2xF4gcAevnFWAu5CIw+7bMlPLVvUOTNNWqnkzSW\nMiGpSESrnO09tKpzbeR/FoCJbM8oAxiDR3mjEH4wW6w7sGDgd9QIpuEdfF7Au/ma\neyKdpwAJfqxGF4PcnCZXmTA5YpaP7dreqsXMGz7KQ2hsVxa81Q4gLv7/wmpdLqBK\nbRRYh5TmOTFffHPLkIhqhBGWJ6bt2YFGpn6jcgAKUj6DiAdjd4lpFw85hdKrCEVN\n0FE6/V1dN2RMfjCyVSRCnTawXZwXgWHxyvkQAiSr6w10kY17RSlQOYiypok1JR4U\nakcjMS9cmvqtmg5iUaQqqcT5NJ0hGA==\n-----END CERTIFICATE-----\n",
                "is_ca": true,
                "issuer": "CN=Starfield Services Root Certificate Authority - G2,O=Starfield Technologies\\, Inc.,L=Scottsdale,ST=Arizona,C=US",
                "not_after": "2037-12-31T01:00:00Z",
                "not_before": "2015-05-25T12:00:00Z",
                "public_key_algorithm": "RSA",
                "serial_number": "144918191876577076464031512351042010504348870",
                "sha1_fingerprint": "06b25927c42a721631c1efd9431e648fa62e1e39",
                "signature_algorithm": "SHA256-RSA",
                "subject": "CN=Amazon Root CA 1,O=Amazon,C=US",
                "version": 3
              },
              {
                "cert_pem": "-----BEGIN CERTIFICATE-----\nMIIEXjCCA0agAwIBAgITB3MSSkvL1E7HtTvq8ZSELToPoTANBgkqhkiG9w0BAQsF\nADA5MQswCQYDVQQGEwJVUzEPMA0GA1UEChMGQW1hem9uMRkwFwYDVQQDExBBbWF6\nb24gUm9vdCBDQSAxMB4XDTIyMDgyMzIyMjUzMFoXDTMwMDgyMzIyMjUzMFowPDEL\nMAkGA1UEBhMCVVMxDzANBgNVBAoTBkFtYXpvbjEcMBoGA1UEAxMTQW1hem9uIFJT\nQSAyMDQ4IE0wMjCCASIwDQYJKoZIhvcNAQEBBQADggEPADCCAQoCggEBALtDGMZa\nqHneKei1by6+pUPPLljTB143Si6VpEWPc6mSkFhZb/6qrkZyoHlQLbDYnI2D7hD0\nsdzEqfnuAjIsuXQLG3A8TvX6V3oFNBFVe8NlLJHvBseKY88saLwufxkZVwk74g4n\nWlNMXzla9Y5F3wwRHwMVH443xGz6UtGSZSqQ94eFx5X7Tlqt8whi8qCaKdZ5rNak\n+r9nUThOeClqFd4oXych//Rc7Y0eX1KNWHYSI1Nk31mYgiK3JvH063g+K9tHA63Z\neTgKgndlh+WI+zv7i44HepRZjA1FYwYZ9Vv/9UkC5Yz8/yU65fgjaE+wVHM4e/Yy\nC2osrPWE7gJ+dXMCAwEAAaOCAVowggFWMBIGA1UdEwEB/wQIMAYBAf8CAQAwDgYD\nVR0PAQH/BAQDAgGGMB0GA1UdJQQWMBQGCCsGAQUFBwMBBggrBgEFBQcDAjAdBgNV\nHQ4EFgQUwDFSzVpQw4J8dHHOy+mc+XrrguIwHwYDVR0jBBgwFoAUhBjMhTTsvAyU\nlC4IWZzHshBOCggwewYIKwYBBQUHAQEEbzBtMC8GCCsGAQUFBzABhiNodHRwOi8v\nb2NzcC5yb290Y2ExLmFtYXpvbnRydXN0LmNvbTA6BggrBgEFBQcwAoYuaHR0cDov\nL2NydC5yb290Y2ExLmFtYXpvbnRydXN0LmNvbS9yb290Y2ExLmNlcjA/BgNVHR8E\nODA2MDSgMqAwhi5odHRwOi8vY3JsLnJvb3RjYTEuYW1hem9udHJ1c3QuY29tL3Jv\nb3RjYTEuY3JsMBMGA1UdIAQMMAowCAYGZ4EMAQIBMA0GCSqGSIb3DQEBCwUAA4IB\nAQAtTi6Fs0Azfi+iwm7jrz+CSxHH+uHl7Law3MQSXVtR8RV53PtR6r/6gNpqlzdo\nZq4FKbADi1v9Bun8RY8D51uedRfjsbeodizeBB8nXmeyD33Ep7VATj4ozcd31YFV\nfgRhvTSxNrrTlNpWkUk0m3BMPv8sg381HhA6uEYokE5q9uws/3YkKqRiEz3TsaWm\nJqIRZhMbgAfp7O7FUwFIb7UIspogZSKxPIWJpxiPo3TcBambbVtQOcNRWz5qCQdD\nslI2yayq0n2TXoHyNCLEH8rpsJRVILFsg0jc7BaFrMnF462+ajSehgj12IidNeRN\n4zl+EoNaWdpnWndvSpAEkq2P\n-----END CERTIFICATE-----\n",
                "is_ca": true,
                "issuer": "CN=Amazon Root CA 1,O=Amazon,C=US",
                "not_after": "2030-08-23T22:25:30Z",
                "not_before": "2022-08-23T22:25:30Z",
                "public_key_algorithm": "RSA",
                "serial_number": "166129353110899469622597955040406457904926625",
                "sha1_fingerprint": "414a2060b738c635cc7fc243e052615592830c53",
                "signature_algorithm": "SHA256-RSA",
                "subject": "CN=Amazon RSA 2048 M02,O=Amazon,C=US",
                "version": 3
              },
              {
                "cert_pem": "-----BEGIN CERTIFICATE-----\nMIIF5TCCBM2gAwIBAgIQCJL9XGbawpZ6IsGGvDqdyDANBgkqhkiG9w0BAQsFADA8\nMQswCQYDVQQGEwJVUzEPMA0GA1UEChMGQW1hem9uMRwwGgYDVQQDExNBbWF6b24g\nUlNBIDIwNDggTTAyMB4XDTI0MDMyODAwMDAwMFoXDTI1MDQyNjIzNTk1OVowKDEm\nMCQGA1UEAwwdKi5la3MudXMtZWFzdC0xLmFtYXpvbmF3cy5jb20wggEiMA0GCSqG\nSIb3DQEBAQUAA4IBDwAwggEKAoIBAQC4iVpgxjgOmMKdC2tYTHa9yzuuLdYCjpC6\nxN1VgI71uTiSxUGf6R3N/Rdk5vjz2COu3fsVgMh6cCpqrPlxU/5uP0/DFfQGdVxB\nbZ4vYRC9jIbgyKmwqOEJMD/9B3iGHz3KpBpnXDcuulqWsCtuuqxjnMLL4h1UdOeA\nPNwhOyQxKMHl+LfrCZeCuehKch+XM/8lhdKgYyLp8o1Nm7IsNG1aN6iNoZ6rxEyU\nVw6fV+pZDaIrxkYf7unQrAfUWR122pXGzWRtv5VGZLjrci8ev4ZpgGViIzb2LOqT\nFm8gde6aURlAm4uMDFzmZ/iOqEV+52vO9Z0E6Yo5M3dJZqQo7uUpAgMBAAGjggL1\nMIIC8TAfBgNVHSMEGDAWgBTAMVLNWlDDgnx0cc7L6Zz5euuC4jAdBgNVHQ4EFgQU\nhG1ZDKa76htLZVXP+E3P3GnYHjEwKAYDVR0RBCEwH4IdKi5la3MudXMtZWFzdC0x\nLmFtYXpvbmF3cy5jb20wEwYDVR0gBAwwCjAIBgZngQwBAgEwDgYDVR0PAQH/BAQD\nAgWgMB0GA1UdJQQWMBQGCCsGAQUFBwMBBggrBgEFBQcDAjA7BgNVHR8ENDAyMDCg\nLqAshipodHRwOi8vY3JsLnIybTAyLmFtYXpvbnRydXN0LmNvbS9yMm0wMi5jcmww\ndQYIKwYBBQUHAQEEaTBnMC0GCCsGAQUFBzABhiFodHRwOi8vb2NzcC5yMm0wMi5h\nbWF6b250cnVzdC5jb20wNgYIKwYBBQUHMAKGKmh0dHA6Ly9jcnQucjJtMDIuYW1h\nem9udHJ1c3QuY29tL3IybTAyLmNlcjAMBgNVHRMBAf8EAjAAMIIBfQYKKwYBBAHW\neQIEAgSCAW0EggFpAWcAdgDPEVbu1S58r/OHW9lpLpvpGnFnSrAX7KwB0lt3zsw7\nCAAAAY6HAoTcAAAEAwBHMEUCIHI392+k5Ds777nM4CwNr+xjjCr49CQ/vHIJDZJX\nokM7AiEA++VPDyyMLijPy0GR8ZBIvAcrYbjfJXTF3GkizeJLVJIAdgB9WR4S4Xgq\nexxhZ3xe/fjQh1wUoE6VnrkDL9kOjC55uAAAAY6HAoTeAAAEAwBHMEUCICBkhMaf\n9gdR3bCbLxXFbHNEXUh7t3P/SxaUKDcE6UmIAiEA25zZ9aBt/mrhDcMc155V8qnw\nadTEqttLdP4XMEmMsPAAdQDm0jFjQHeMwRBBBtdxuc7B0kD2loSG+7qHMh39HjeO\nUAAAAY6HAoTxAAAEAwBGMEQCIFFF4kpqcNgHFzRi2cnL4HbNApZlnlc+Re9IyYXi\nCldqAiBkZUgs12iu2uWGU97VUAICt2+zZkhjUV3i+O3kYh1yrTANBgkqhkiG9w0B\nAQsFAAOCAQEAWY5OxR7rWtYFS09xAYYIHlBF7wdUxQH60zi/IqAHZIRCFI1xHdsJ\n0BUv30lLyiGtVr4DheBo81/IErBRpXmSkdoDJA+5d/Jz3EFtbrVogjESALAgBfSG\nuJX0QLshjyTl9O2r00qkxIhbKmSPSl9JQVxqt2jTaB6pD3SjWX6U+l397Ns1L6pI\nb1418oVo7LeHwEeEx6APMIyjzlfcXdCHA6lVKeiNF8SH+QW+h6ZOpGXJIU6llBjg\nWAhscqrGRj1APpuKWGVkVCweAjIOcEuWV8Fqmfp1h9jmeUkG6SoBifrl41PvhK0o\nqQ3LlAF6Op6n7JLa2rlXkf6LienZDVlSuQ==\n-----END CERTIFICATE-----\n",
                "is_ca": false,
                "issuer": "CN=Amazon RSA 2048 M02,O=Amazon,C=US",
                "not_after": "2025-04-26T23:59:59Z",
                "not_before": "2024-03-28T00:00:00Z",
                "public_key_algorithm": "RSA",
                "serial_number": "11397038078078022747295509550808604104",
                "sha1_fingerprint": "9451ad2b53c7f41fab22886cc07d482085336561",
                "signature_algorithm": "SHA256-RSA",
                "subject": "CN=*.eks.us-east-1.amazonaws.com",
                "version": 3
              }
            ],
            "content": null,
            "id": "99d41e43229a4cdaf4141f3e8310e6d95c31dab9",
            "url": "https://oidc.eks.us-east-1.amazonaws.com/id/17D99654EBB491FFB94A56BD0EB4E46B",
            "verify_chain": true
          },
          "sensitive_attributes": []
        }
      ]
    },
    {
      "module": "module.eks",
      "mode": "managed",
      "type": "aws_cloudwatch_log_group",
      "name": "this",
      "provider": "provider[\"registry.terraform.io/hashicorp/aws\"]",
      "instances": [
        {
          "index_key": 0,
          "schema_version": 0,
          "attributes": {
            "arn": "arn:aws:logs:us-east-1:132172135366:log-group:/aws/eks/demo-cluster/cluster",
            "id": "/aws/eks/demo-cluster/cluster",
            "kms_key_id": "",
            "log_group_class": "STANDARD",
            "name": "/aws/eks/demo-cluster/cluster",
            "name_prefix": "",
            "retention_in_days": 90,
            "skip_destroy": false,
            "tags": {
              "DevtedsOrg": "Devteds Courses",
              "DevtedsStack": "demo-cluster",
              "DevtedsStackName": "EKS",
              "Name": "/aws/eks/demo-cluster/cluster",
              "kubernetes.io/cluster/demo-cluster": "shared"
            },
            "tags_all": {
              "DevtedsOrg": "Devteds Courses",
              "DevtedsStack": "demo-cluster",
              "DevtedsStackName": "EKS",
              "Name": "/aws/eks/demo-cluster/cluster",
              "kubernetes.io/cluster/demo-cluster": "shared"
            }
          },
          "sensitive_attributes": [],
          "private": "bnVsbA==",
          "create_before_destroy": true
        }
      ]
    },
    {
      "module": "module.eks",
      "mode": "managed",
      "type": "aws_ec2_tag",
      "name": "cluster_primary_security_group",
      "provider": "provider[\"registry.terraform.io/hashicorp/aws\"]",
      "instances": [
        {
          "index_key": "DevtedsOrg",
          "schema_version": 0,
          "attributes": {
            "id": "sg-090c6b1d0b232191f,DevtedsOrg",
            "key": "DevtedsOrg",
            "resource_id": "sg-090c6b1d0b232191f",
            "value": "Devteds Courses"
          },
          "sensitive_attributes": [],
          "private": "bnVsbA==",
          "dependencies": [
            "data.terraform_remote_state.vpc",
            "module.eks.aws_cloudwatch_log_group.this",
            "module.eks.aws_eks_cluster.this",
            "module.eks.aws_iam_policy.cni_ipv6_policy",
            "module.eks.aws_iam_role.this",
            "module.eks.aws_iam_role_policy_attachment.this",
            "module.eks.aws_security_group.cluster",
            "module.eks.aws_security_group.node",
            "module.eks.aws_security_group_rule.cluster",
            "module.eks.aws_security_group_rule.node",
            "module.eks.data.aws_caller_identity.current",
            "module.eks.data.aws_iam_policy_document.assume_role_policy",
            "module.eks.data.aws_iam_policy_document.cni_ipv6_policy",
            "module.eks.data.aws_iam_session_context.current",
            "module.eks.data.aws_partition.current",
            "module.eks.module.kms.aws_kms_external_key.this",
            "module.eks.module.kms.aws_kms_key.this",
            "module.eks.module.kms.aws_kms_replica_external_key.this",
            "module.eks.module.kms.aws_kms_replica_key.this",
            "module.eks.module.kms.data.aws_caller_identity.current",
            "module.eks.module.kms.data.aws_iam_policy_document.this",
            "module.eks.module.kms.data.aws_partition.current"
          ]
        },
        {
          "index_key": "DevtedsStack",
          "schema_version": 0,
          "attributes": {
            "id": "sg-090c6b1d0b232191f,DevtedsStack",
            "key": "DevtedsStack",
            "resource_id": "sg-090c6b1d0b232191f",
            "value": "demo-cluster"
          },
          "sensitive_attributes": [],
          "private": "bnVsbA==",
          "dependencies": [
            "data.terraform_remote_state.vpc",
            "module.eks.aws_cloudwatch_log_group.this",
            "module.eks.aws_eks_cluster.this",
            "module.eks.aws_iam_policy.cni_ipv6_policy",
            "module.eks.aws_iam_role.this",
            "module.eks.aws_iam_role_policy_attachment.this",
            "module.eks.aws_security_group.cluster",
            "module.eks.aws_security_group.node",
            "module.eks.aws_security_group_rule.cluster",
            "module.eks.aws_security_group_rule.node",
            "module.eks.data.aws_caller_identity.current",
            "module.eks.data.aws_iam_policy_document.assume_role_policy",
            "module.eks.data.aws_iam_policy_document.cni_ipv6_policy",
            "module.eks.data.aws_iam_session_context.current",
            "module.eks.data.aws_partition.current",
            "module.eks.module.kms.aws_kms_external_key.this",
            "module.eks.module.kms.aws_kms_key.this",
            "module.eks.module.kms.aws_kms_replica_external_key.this",
            "module.eks.module.kms.aws_kms_replica_key.this",
            "module.eks.module.kms.data.aws_caller_identity.current",
            "module.eks.module.kms.data.aws_iam_policy_document.this",
            "module.eks.module.kms.data.aws_partition.current"
          ]
        },
        {
          "index_key": "DevtedsStackName",
          "schema_version": 0,
          "attributes": {
            "id": "sg-090c6b1d0b232191f,DevtedsStackName",
            "key": "DevtedsStackName",
            "resource_id": "sg-090c6b1d0b232191f",
            "value": "EKS"
          },
          "sensitive_attributes": [],
          "private": "bnVsbA==",
          "dependencies": [
            "data.terraform_remote_state.vpc",
            "module.eks.aws_cloudwatch_log_group.this",
            "module.eks.aws_eks_cluster.this",
            "module.eks.aws_iam_policy.cni_ipv6_policy",
            "module.eks.aws_iam_role.this",
            "module.eks.aws_iam_role_policy_attachment.this",
            "module.eks.aws_security_group.cluster",
            "module.eks.aws_security_group.node",
            "module.eks.aws_security_group_rule.cluster",
            "module.eks.aws_security_group_rule.node",
            "module.eks.data.aws_caller_identity.current",
            "module.eks.data.aws_iam_policy_document.assume_role_policy",
            "module.eks.data.aws_iam_policy_document.cni_ipv6_policy",
            "module.eks.data.aws_iam_session_context.current",
            "module.eks.data.aws_partition.current",
            "module.eks.module.kms.aws_kms_external_key.this",
            "module.eks.module.kms.aws_kms_key.this",
            "module.eks.module.kms.aws_kms_replica_external_key.this",
            "module.eks.module.kms.aws_kms_replica_key.this",
            "module.eks.module.kms.data.aws_caller_identity.current",
            "module.eks.module.kms.data.aws_iam_policy_document.this",
            "module.eks.module.kms.data.aws_partition.current"
          ]
        },
        {
          "index_key": "kubernetes.io/cluster/demo-cluster",
          "schema_version": 0,
          "attributes": {
            "id": "sg-090c6b1d0b232191f,kubernetes.io/cluster/demo-cluster",
            "key": "kubernetes.io/cluster/demo-cluster",
            "resource_id": "sg-090c6b1d0b232191f",
            "value": "shared"
          },
          "sensitive_attributes": [],
          "private": "bnVsbA==",
          "dependencies": [
            "data.terraform_remote_state.vpc",
            "module.eks.aws_cloudwatch_log_group.this",
            "module.eks.aws_eks_cluster.this",
            "module.eks.aws_iam_policy.cni_ipv6_policy",
            "module.eks.aws_iam_role.this",
            "module.eks.aws_iam_role_policy_attachment.this",
            "module.eks.aws_security_group.cluster",
            "module.eks.aws_security_group.node",
            "module.eks.aws_security_group_rule.cluster",
            "module.eks.aws_security_group_rule.node",
            "module.eks.data.aws_caller_identity.current",
            "module.eks.data.aws_iam_policy_document.assume_role_policy",
            "module.eks.data.aws_iam_policy_document.cni_ipv6_policy",
            "module.eks.data.aws_iam_session_context.current",
            "module.eks.data.aws_partition.current",
            "module.eks.module.kms.aws_kms_external_key.this",
            "module.eks.module.kms.aws_kms_key.this",
            "module.eks.module.kms.aws_kms_replica_external_key.this",
            "module.eks.module.kms.aws_kms_replica_key.this",
            "module.eks.module.kms.data.aws_caller_identity.current",
            "module.eks.module.kms.data.aws_iam_policy_document.this",
            "module.eks.module.kms.data.aws_partition.current"
          ]
        }
      ]
    },
    {
      "module": "module.eks",
      "mode": "managed",
      "type": "aws_eks_access_entry",
      "name": "this",
      "provider": "provider[\"registry.terraform.io/hashicorp/aws\"]",
      "instances": [
        {
          "index_key": "cluster_creator",
          "schema_version": 0,
          "attributes": {
            "access_entry_arn": "arn:aws:eks:us-east-1:132172135366:access-entry/demo-cluster/user/132172135366/k8suser/16c91c53-f4a6-4656-7e95-6763abd1e367",
            "cluster_name": "demo-cluster",
            "created_at": "2024-09-28T12:43:01Z",
            "id": "demo-cluster:arn:aws:iam::132172135366:user/k8suser",
            "kubernetes_groups": [],
            "modified_at": "2024-09-28T12:43:01Z",
            "principal_arn": "arn:aws:iam::132172135366:user/k8suser",
            "tags": {
              "DevtedsOrg": "Devteds Courses",
              "DevtedsStack": "demo-cluster",
              "DevtedsStackName": "EKS",
              "kubernetes.io/cluster/demo-cluster": "shared"
            },
            "tags_all": {
              "DevtedsOrg": "Devteds Courses",
              "DevtedsStack": "demo-cluster",
              "DevtedsStackName": "EKS",
              "kubernetes.io/cluster/demo-cluster": "shared"
            },
            "timeouts": null,
            "type": "STANDARD",
            "user_name": "arn:aws:iam::132172135366:user/k8suser"
          },
          "sensitive_attributes": [],
          "private": "eyJlMmJmYjczMC1lY2FhLTExZTYtOGY4OC0zNDM2M2JjN2M0YzAiOnsiY3JlYXRlIjo2MDAwMDAwMDAwMDAsImRlbGV0ZSI6NjAwMDAwMDAwMDAwfX0=",
          "dependencies": [
            "data.terraform_remote_state.vpc",
            "module.eks.aws_cloudwatch_log_group.this",
            "module.eks.aws_eks_cluster.this",
            "module.eks.aws_iam_policy.cni_ipv6_policy",
            "module.eks.aws_iam_role.this",
            "module.eks.aws_iam_role_policy_attachment.this",
            "module.eks.aws_security_group.cluster",
            "module.eks.aws_security_group.node",
            "module.eks.aws_security_group_rule.cluster",
            "module.eks.aws_security_group_rule.node",
            "module.eks.data.aws_caller_identity.current",
            "module.eks.data.aws_iam_policy_document.assume_role_policy",
            "module.eks.data.aws_iam_policy_document.cni_ipv6_policy",
            "module.eks.data.aws_iam_session_context.current",
            "module.eks.data.aws_partition.current",
            "module.eks.module.kms.aws_kms_external_key.this",
            "module.eks.module.kms.aws_kms_key.this",
            "module.eks.module.kms.aws_kms_replica_external_key.this",
            "module.eks.module.kms.aws_kms_replica_key.this",
            "module.eks.module.kms.data.aws_caller_identity.current",
            "module.eks.module.kms.data.aws_iam_policy_document.this",
            "module.eks.module.kms.data.aws_partition.current"
          ]
        }
      ]
    },
    {
      "module": "module.eks",
      "mode": "managed",
      "type": "aws_eks_access_policy_association",
      "name": "this",
      "provider": "provider[\"registry.terraform.io/hashicorp/aws\"]",
      "instances": [
        {
          "index_key": "cluster_creator_admin",
          "schema_version": 0,
          "attributes": {
            "access_scope": [
              {
                "namespaces": null,
                "type": "cluster"
              }
            ],
            "associated_at": "2024-09-28 12:43:02.738 +0000 UTC",
            "cluster_name": "demo-cluster",
            "id": "demo-cluster#arn:aws:iam::132172135366:user/k8suser#arn:aws:eks::aws:cluster-access-policy/AmazonEKSClusterAdminPolicy",
            "modified_at": "2024-09-28 12:43:02.738 +0000 UTC",
            "policy_arn": "arn:aws:eks::aws:cluster-access-policy/AmazonEKSClusterAdminPolicy",
            "principal_arn": "arn:aws:iam::132172135366:user/k8suser",
            "timeouts": null
          },
          "sensitive_attributes": [],
          "private": "eyJlMmJmYjczMC1lY2FhLTExZTYtOGY4OC0zNDM2M2JjN2M0YzAiOnsiY3JlYXRlIjo2MDAwMDAwMDAwMDAsImRlbGV0ZSI6NjAwMDAwMDAwMDAwfX0=",
          "dependencies": [
            "data.terraform_remote_state.vpc",
            "module.eks.aws_cloudwatch_log_group.this",
            "module.eks.aws_eks_access_entry.this",
            "module.eks.aws_eks_cluster.this",
            "module.eks.aws_iam_policy.cni_ipv6_policy",
            "module.eks.aws_iam_role.this",
            "module.eks.aws_iam_role_policy_attachment.this",
            "module.eks.aws_security_group.cluster",
            "module.eks.aws_security_group.node",
            "module.eks.aws_security_group_rule.cluster",
            "module.eks.aws_security_group_rule.node",
            "module.eks.data.aws_caller_identity.current",
            "module.eks.data.aws_iam_policy_document.assume_role_policy",
            "module.eks.data.aws_iam_policy_document.cni_ipv6_policy",
            "module.eks.data.aws_iam_session_context.current",
            "module.eks.data.aws_partition.current",
            "module.eks.module.kms.aws_kms_external_key.this",
            "module.eks.module.kms.aws_kms_key.this",
            "module.eks.module.kms.aws_kms_replica_external_key.this",
            "module.eks.module.kms.aws_kms_replica_key.this",
            "module.eks.module.kms.data.aws_caller_identity.current",
            "module.eks.module.kms.data.aws_iam_policy_document.this",
            "module.eks.module.kms.data.aws_partition.current"
          ]
        }
      ]
    },
    {
      "module": "module.eks",
      "mode": "managed",
      "type": "aws_eks_cluster",
      "name": "this",
      "provider": "provider[\"registry.terraform.io/hashicorp/aws\"]",
      "instances": [
        {
          "index_key": 0,
          "schema_version": 1,
          "attributes": {
            "access_config": [
              {
                "authentication_mode": "API_AND_CONFIG_MAP",
                "bootstrap_cluster_creator_admin_permissions": false
              }
            ],
            "arn": "arn:aws:eks:us-east-1:132172135366:cluster/demo-cluster",
            "bootstrap_self_managed_addons": true,
            "certificate_authority": [
              {
                "data": "LS0tLS1CRUdJTiBDRVJUSUZJQ0FURS0tLS0tCk1JSURCVENDQWUyZ0F3SUJBZ0lJYmpNVjdFNTN4ekF3RFFZSktvWklodmNOQVFFTEJRQXdGVEVUTUJFR0ExVUUKQXhNS2EzVmlaWEp1WlhSbGN6QWVGdzB5TkRBNU1qZ3hNak15TVRWYUZ3MHpOREE1TWpZeE1qTTNNVFZhTUJVeApFekFSQmdOVkJBTVRDbXQxWW1WeWJtVjBaWE13Z2dFaU1BMEdDU3FHU0liM0RRRUJBUVVBQTRJQkR3QXdnZ0VLCkFvSUJBUUM5ek9BMXZXTmE4Q0ZJRERCdm9JRDI0L0JaYUVKWTJMMGMvQ2M2STlkNVM0QnFQK1dhZ215ZVJ4OGMKN2xBVVduNGRFdURXcFZBZmlGN0dCLy9NcUJxUHNXM1gvbU1FajFnQktjTTIxamlxcWNub0hlZ2NDK1FiUWFpcwowRHAyOVorL0NXOUpwdWVFbkowbHROaUdkd0VwdkVCN0xNN0Q0L0NudTF2OHFyb04zMVpZWWhoZVB2NVNDU091ClBaNGUvR1VRS1Z2dG5CSlFacHNBcVV3bGdlTEtQV3lia1hSZlNZRXFHZnN3M1hVQytpeWRtR2w0dFVuaTd3Q3AKQ0FkWjFQRHZIZEZZS2p6MXdHeDFsTHRHd2t3YkRWNWxoNFlORmQ5ZDN5VVFGclZyeGVaNEY4aytFc2dKc0VNNwo5dWN5RzFoVDloUmJGSFVMNWxlTjVkZVl2Zzh6QWdNQkFBR2pXVEJYTUE0R0ExVWREd0VCL3dRRUF3SUNwREFQCkJnTlZIUk1CQWY4RUJUQURBUUgvTUIwR0ExVWREZ1FXQkJSdlJhQlY0L2xwQXY5RCtqSnp2UEF6M0k1aHREQVYKQmdOVkhSRUVEakFNZ2dwcmRXSmxjbTVsZEdWek1BMEdDU3FHU0liM0RRRUJDd1VBQTRJQkFRQ2djcFpNbDgyNAorUWxVMUE2cUZ4N3JaaFUxL0xHb2hlOWVpMTFWZFllazdvSjBpYXpaTGdCazg2ZFlWUkdWZVJBMldkNm9ySStSCkNvdUhkT1F3WjV2SmRhY2ttYTVCVGROZDRXb1YwNG5GZGpOOWpJd3B2dElhQnJIcXJaenAzbml3S1dZUThRM0wKcVdwcjNSeU5KNUZJSXdKSFBwMXZ5MzcvL2lmZVdwS0tqaFhPR0lIQkoyRFBSTEQ2U0pMTXlRd3BpaWVUcXpoNQprdThtV3JWZlA5SUdyRndjUVQzVm96Rnl3NFRvS3lQMGNVVFgwQ0EvY1hkbStRazhWd282aE9TQ3o0aTBlc0swClRJZVhGczF4cDRWUncwdTBOUnlSM1hsaTVFT20xK3NFd1VjL0RadUIza2ZaNUtCQURlbXF1QXJEbnJEY3JzQTIKYW56YjVGeEYxdW5sCi0tLS0tRU5EIENFUlRJRklDQVRFLS0tLS0K"
              }
            ],
            "cluster_id": null,
            "created_at": "2024-09-28T12:32:39Z",
            "enabled_cluster_log_types": [
              "api",
              "audit",
              "authenticator"
            ],
            "encryption_config": [],
            "endpoint": "https://17D99654EBB491FFB94A56BD0EB4E46B.gr7.us-east-1.eks.amazonaws.com",
            "id": "demo-cluster",
            "identity": [
              {
                "oidc": [
                  {
                    "issuer": "https://oidc.eks.us-east-1.amazonaws.com/id/17D99654EBB491FFB94A56BD0EB4E46B"
                  }
                ]
              }
            ],
            "kubernetes_network_config": [
              {
                "ip_family": "ipv4",
                "service_ipv4_cidr": "172.20.0.0/16",
                "service_ipv6_cidr": ""
              }
            ],
            "name": "demo-cluster",
            "outpost_config": [],
            "platform_version": "eks.13",
            "role_arn": "arn:aws:iam::132172135366:role/demo-cluster-cluster-20240928123223163100000003",
            "status": "ACTIVE",
            "tags": {
              "DevtedsOrg": "Devteds Courses",
              "DevtedsStack": "demo-cluster",
              "DevtedsStackName": "EKS",
              "kubernetes.io/cluster/demo-cluster": "shared",
              "terraform-aws-modules": "eks"
            },
            "tags_all": {
              "DevtedsOrg": "Devteds Courses",
              "DevtedsStack": "demo-cluster",
              "DevtedsStackName": "EKS",
              "kubernetes.io/cluster/demo-cluster": "shared",
              "terraform-aws-modules": "eks"
            },
            "timeouts": {
              "create": null,
              "delete": null,
              "update": null
            },
            "upgrade_policy": [
              {
                "support_type": "EXTENDED"
              }
            ],
            "version": "1.29",
            "vpc_config": [
              {
                "cluster_security_group_id": "sg-090c6b1d0b232191f",
                "endpoint_private_access": true,
                "endpoint_public_access": true,
                "public_access_cidrs": [
                  "0.0.0.0/0"
                ],
                "security_group_ids": [
                  "sg-00fa1013b2c385c52"
                ],
                "subnet_ids": [
                  "subnet-00aa513886e1ddf39",
                  "subnet-010f3d83b708a92e4",
                  "subnet-0594a103ff6bb296c"
                ],
                "vpc_id": "vpc-01d65111df50d4db5"
              }
            ]
          },
          "sensitive_attributes": [],
          "private": "eyJlMmJmYjczMC1lY2FhLTExZTYtOGY4OC0zNDM2M2JjN2M0YzAiOnsiY3JlYXRlIjoxODAwMDAwMDAwMDAwLCJkZWxldGUiOjkwMDAwMDAwMDAwMCwidXBkYXRlIjozNjAwMDAwMDAwMDAwfSwic2NoZW1hX3ZlcnNpb24iOiIxIn0=",
          "dependencies": [
            "data.terraform_remote_state.vpc",
            "module.eks.aws_cloudwatch_log_group.this",
            "module.eks.aws_iam_policy.cni_ipv6_policy",
            "module.eks.aws_iam_role.this",
            "module.eks.aws_iam_role_policy_attachment.this",
            "module.eks.aws_security_group.cluster",
            "module.eks.aws_security_group.node",
            "module.eks.aws_security_group_rule.cluster",
            "module.eks.aws_security_group_rule.node",
            "module.eks.data.aws_caller_identity.current",
            "module.eks.data.aws_iam_policy_document.assume_role_policy",
            "module.eks.data.aws_iam_policy_document.cni_ipv6_policy",
            "module.eks.data.aws_iam_session_context.current",
            "module.eks.data.aws_partition.current",
            "module.eks.module.kms.aws_kms_external_key.this",
            "module.eks.module.kms.aws_kms_key.this",
            "module.eks.module.kms.aws_kms_replica_external_key.this",
            "module.eks.module.kms.aws_kms_replica_key.this",
            "module.eks.module.kms.data.aws_caller_identity.current",
            "module.eks.module.kms.data.aws_iam_policy_document.this",
            "module.eks.module.kms.data.aws_partition.current"
          ],
          "create_before_destroy": true
        }
      ]
    },
    {
      "module": "module.eks",
      "mode": "managed",
      "type": "aws_iam_openid_connect_provider",
      "name": "oidc_provider",
      "provider": "provider[\"registry.terraform.io/hashicorp/aws\"]",
      "instances": [
        {
          "index_key": 0,
          "schema_version": 0,
          "attributes": {
            "arn": "arn:aws:iam::132172135366:oidc-provider/oidc.eks.us-east-1.amazonaws.com/id/17D99654EBB491FFB94A56BD0EB4E46B",
            "client_id_list": [
              "sts.amazonaws.com"
            ],
            "id": "arn:aws:iam::132172135366:oidc-provider/oidc.eks.us-east-1.amazonaws.com/id/17D99654EBB491FFB94A56BD0EB4E46B",
            "tags": {
              "DevtedsOrg": "Devteds Courses",
              "DevtedsStack": "demo-cluster",
              "DevtedsStackName": "EKS",
              "Name": "demo-cluster-eks-irsa",
              "kubernetes.io/cluster/demo-cluster": "shared"
            },
            "tags_all": {
              "DevtedsOrg": "Devteds Courses",
              "DevtedsStack": "demo-cluster",
              "DevtedsStackName": "EKS",
              "Name": "demo-cluster-eks-irsa",
              "kubernetes.io/cluster/demo-cluster": "shared"
            },
            "thumbprint_list": [
              "9e99a48a9960b14926bb7f3b02e22da2b0ab7280"
            ],
            "url": "oidc.eks.us-east-1.amazonaws.com/id/17D99654EBB491FFB94A56BD0EB4E46B"
          },
          "sensitive_attributes": [],
          "private": "bnVsbA==",
          "dependencies": [
            "data.terraform_remote_state.vpc",
            "module.eks.aws_cloudwatch_log_group.this",
            "module.eks.aws_eks_cluster.this",
            "module.eks.aws_iam_policy.cni_ipv6_policy",
            "module.eks.aws_iam_role.this",
            "module.eks.aws_iam_role_policy_attachment.this",
            "module.eks.aws_security_group.cluster",
            "module.eks.aws_security_group.node",
            "module.eks.aws_security_group_rule.cluster",
            "module.eks.aws_security_group_rule.node",
            "module.eks.data.aws_caller_identity.current",
            "module.eks.data.aws_iam_policy_document.assume_role_policy",
            "module.eks.data.aws_iam_policy_document.cni_ipv6_policy",
            "module.eks.data.aws_iam_session_context.current",
            "module.eks.data.aws_partition.current",
            "module.eks.data.tls_certificate.this",
            "module.eks.module.kms.aws_kms_external_key.this",
            "module.eks.module.kms.aws_kms_key.this",
            "module.eks.module.kms.aws_kms_replica_external_key.this",
            "module.eks.module.kms.aws_kms_replica_key.this",
            "module.eks.module.kms.data.aws_caller_identity.current",
            "module.eks.module.kms.data.aws_iam_policy_document.this",
            "module.eks.module.kms.data.aws_partition.current"
          ]
        }
      ]
    },
    {
      "module": "module.eks",
      "mode": "managed",
      "type": "aws_iam_role",
      "name": "this",
      "provider": "provider[\"registry.terraform.io/hashicorp/aws\"]",
      "instances": [
        {
          "index_key": 0,
          "schema_version": 0,
          "attributes": {
            "arn": "arn:aws:iam::132172135366:role/demo-cluster-cluster-20240928123223163100000003",
            "assume_role_policy": "{\"Statement\":[{\"Action\":\"sts:AssumeRole\",\"Effect\":\"Allow\",\"Principal\":{\"Service\":\"eks.amazonaws.com\"},\"Sid\":\"EKSClusterAssumeRole\"}],\"Version\":\"2012-10-17\"}",
            "create_date": "2024-09-28T12:32:23Z",
            "description": "",
            "force_detach_policies": true,
            "id": "demo-cluster-cluster-20240928123223163100000003",
            "inline_policy": [
              {
                "name": "demo-cluster-cluster",
                "policy": "{\"Version\":\"2012-10-17\",\"Statement\":[{\"Action\":[\"logs:CreateLogGroup\"],\"Effect\":\"Deny\",\"Resource\":\"*\"}]}"
              }
            ],
            "managed_policy_arns": [],
            "max_session_duration": 3600,
            "name": "demo-cluster-cluster-20240928123223163100000003",
            "name_prefix": "demo-cluster-cluster-",
            "path": "/",
            "permissions_boundary": "",
            "tags": {
              "DevtedsOrg": "Devteds Courses",
              "DevtedsStack": "demo-cluster",
              "DevtedsStackName": "EKS",
              "kubernetes.io/cluster/demo-cluster": "shared"
            },
            "tags_all": {
              "DevtedsOrg": "Devteds Courses",
              "DevtedsStack": "demo-cluster",
              "DevtedsStackName": "EKS",
              "kubernetes.io/cluster/demo-cluster": "shared"
            },
            "unique_id": "AROAR5RQSXPDK2U65ZSD3"
          },
          "sensitive_attributes": [],
          "private": "bnVsbA==",
          "dependencies": [
            "module.eks.data.aws_iam_policy_document.assume_role_policy"
          ],
          "create_before_destroy": true
        }
      ]
    },
    {
      "module": "module.eks",
      "mode": "managed",
      "type": "aws_iam_role_policy_attachment",
      "name": "this",
      "provider": "provider[\"registry.terraform.io/hashicorp/aws\"]",
      "instances": [
        {
          "index_key": "AmazonEKSClusterPolicy",
          "schema_version": 0,
          "attributes": {
            "id": "demo-cluster-cluster-20240928123223163100000003-2024092812322471950000000a",
            "policy_arn": "arn:aws:iam::aws:policy/AmazonEKSClusterPolicy",
            "role": "demo-cluster-cluster-20240928123223163100000003"
          },
          "sensitive_attributes": [],
          "private": "bnVsbA==",
          "dependencies": [
            "module.eks.aws_iam_role.this",
            "module.eks.data.aws_iam_policy_document.assume_role_policy",
            "module.eks.data.aws_partition.current"
          ],
          "create_before_destroy": true
        },
        {
          "index_key": "AmazonEKSVPCResourceController",
          "schema_version": 0,
          "attributes": {
            "id": "demo-cluster-cluster-20240928123223163100000003-20240928123224716100000009",
            "policy_arn": "arn:aws:iam::aws:policy/AmazonEKSVPCResourceController",
            "role": "demo-cluster-cluster-20240928123223163100000003"
          },
          "sensitive_attributes": [],
          "private": "bnVsbA==",
          "dependencies": [
            "module.eks.aws_iam_role.this",
            "module.eks.data.aws_iam_policy_document.assume_role_policy",
            "module.eks.data.aws_partition.current"
          ],
          "create_before_destroy": true
        }
      ]
    },
    {
      "module": "module.eks",
      "mode": "managed",
      "type": "aws_security_group",
      "name": "cluster",
      "provider": "provider[\"registry.terraform.io/hashicorp/aws\"]",
      "instances": [
        {
          "index_key": 0,
          "schema_version": 1,
          "attributes": {
            "arn": "arn:aws:ec2:us-east-1:132172135366:security-group/sg-00fa1013b2c385c52",
            "description": "EKS cluster security group",
            "egress": [],
            "id": "sg-00fa1013b2c385c52",
            "ingress": [],
            "name": "demo-cluster-cluster-20240928123223160800000001",
            "name_prefix": "demo-cluster-cluster-",
            "owner_id": "132172135366",
            "revoke_rules_on_delete": false,
            "tags": {
              "DevtedsOrg": "Devteds Courses",
              "DevtedsStack": "demo-cluster",
              "DevtedsStackName": "EKS",
              "Name": "demo-cluster-cluster",
              "kubernetes.io/cluster/demo-cluster": "shared"
            },
            "tags_all": {
              "DevtedsOrg": "Devteds Courses",
              "DevtedsStack": "demo-cluster",
              "DevtedsStackName": "EKS",
              "Name": "demo-cluster-cluster",
              "kubernetes.io/cluster/demo-cluster": "shared"
            },
            "timeouts": null,
            "vpc_id": "vpc-01d65111df50d4db5"
          },
          "sensitive_attributes": [],
          "private": "eyJlMmJmYjczMC1lY2FhLTExZTYtOGY4OC0zNDM2M2JjN2M0YzAiOnsiY3JlYXRlIjo2MDAwMDAwMDAwMDAsImRlbGV0ZSI6OTAwMDAwMDAwMDAwfSwic2NoZW1hX3ZlcnNpb24iOiIxIn0=",
          "dependencies": [
            "data.terraform_remote_state.vpc"
          ],
          "create_before_destroy": true
        }
      ]
    },
    {
      "module": "module.eks",
      "mode": "managed",
      "type": "aws_security_group",
      "name": "node",
      "provider": "provider[\"registry.terraform.io/hashicorp/aws\"]",
      "instances": [
        {
          "index_key": 0,
          "schema_version": 1,
          "attributes": {
            "arn": "arn:aws:ec2:us-east-1:132172135366:security-group/sg-0e5e97f46e8a17ddc",
            "description": "EKS node shared security group",
            "egress": [],
            "id": "sg-0e5e97f46e8a17ddc",
            "ingress": [],
            "name": "demo-cluster-node-20240928123223162400000002",
            "name_prefix": "demo-cluster-node-",
            "owner_id": "132172135366",
            "revoke_rules_on_delete": false,
            "tags": {
              "DevtedsOrg": "Devteds Courses",
              "DevtedsStack": "demo-cluster",
              "DevtedsStackName": "EKS",
              "Name": "demo-cluster-node",
              "kubernetes.io/cluster/demo-cluster": "owned"
            },
            "tags_all": {
              "DevtedsOrg": "Devteds Courses",
              "DevtedsStack": "demo-cluster",
              "DevtedsStackName": "EKS",
              "Name": "demo-cluster-node",
              "kubernetes.io/cluster/demo-cluster": "owned"
            },
            "timeouts": null,
            "vpc_id": "vpc-01d65111df50d4db5"
          },
          "sensitive_attributes": [],
          "private": "eyJlMmJmYjczMC1lY2FhLTExZTYtOGY4OC0zNDM2M2JjN2M0YzAiOnsiY3JlYXRlIjo2MDAwMDAwMDAwMDAsImRlbGV0ZSI6OTAwMDAwMDAwMDAwfSwic2NoZW1hX3ZlcnNpb24iOiIxIn0=",
          "dependencies": [
            "data.terraform_remote_state.vpc"
          ],
          "create_before_destroy": true
        }
      ]
    },
    {
      "module": "module.eks",
      "mode": "managed",
      "type": "aws_security_group_rule",
      "name": "cluster",
      "provider": "provider[\"registry.terraform.io/hashicorp/aws\"]",
      "instances": [
        {
          "index_key": "ingress_nodes_443",
          "schema_version": 2,
          "attributes": {
            "cidr_blocks": null,
            "description": "Node groups to cluster API",
            "from_port": 443,
            "id": "sgrule-80951092",
            "ipv6_cidr_blocks": null,
            "prefix_list_ids": null,
            "protocol": "tcp",
            "security_group_id": "sg-00fa1013b2c385c52",
            "security_group_rule_id": "sgr-01227b2511278b23d",
            "self": false,
            "source_security_group_id": "sg-0e5e97f46e8a17ddc",
            "timeouts": null,
            "to_port": 443,
            "type": "ingress"
          },
          "sensitive_attributes": [],
          "private": "eyJlMmJmYjczMC1lY2FhLTExZTYtOGY4OC0zNDM2M2JjN2M0YzAiOnsiY3JlYXRlIjozMDAwMDAwMDAwMDB9LCJzY2hlbWFfdmVyc2lvbiI6IjIifQ==",
          "dependencies": [
            "data.terraform_remote_state.vpc",
            "module.eks.aws_security_group.cluster",
            "module.eks.aws_security_group.node"
          ],
          "create_before_destroy": true
        }
      ]
    },
    {
      "module": "module.eks",
      "mode": "managed",
      "type": "aws_security_group_rule",
      "name": "node",
      "provider": "provider[\"registry.terraform.io/hashicorp/aws\"]",
      "instances": [
        {
          "index_key": "egress_all",
          "schema_version": 2,
          "attributes": {
            "cidr_blocks": [
              "0.0.0.0/0"
            ],
            "description": "Allow all egress",
            "from_port": 0,
            "id": "sgrule-641802743",
            "ipv6_cidr_blocks": null,
            "prefix_list_ids": [],
            "protocol": "-1",
            "security_group_id": "sg-0e5e97f46e8a17ddc",
            "security_group_rule_id": "sgr-0c955c11fe469c8d2",
            "self": false,
            "source_security_group_id": null,
            "timeouts": null,
            "to_port": 0,
            "type": "egress"
          },
          "sensitive_attributes": [],
          "private": "eyJlMmJmYjczMC1lY2FhLTExZTYtOGY4OC0zNDM2M2JjN2M0YzAiOnsiY3JlYXRlIjozMDAwMDAwMDAwMDB9LCJzY2hlbWFfdmVyc2lvbiI6IjIifQ==",
          "dependencies": [
            "data.terraform_remote_state.vpc",
            "module.eks.aws_security_group.cluster",
            "module.eks.aws_security_group.node"
          ],
          "create_before_destroy": true
        },
        {
          "index_key": "ingress_cluster_443",
          "schema_version": 2,
          "attributes": {
            "cidr_blocks": null,
            "description": "Cluster API to node groups",
            "from_port": 443,
            "id": "sgrule-364211559",
            "ipv6_cidr_blocks": null,
            "prefix_list_ids": [],
            "protocol": "tcp",
            "security_group_id": "sg-0e5e97f46e8a17ddc",
            "security_group_rule_id": "sgr-04478120d189508c3",
            "self": false,
            "source_security_group_id": "sg-00fa1013b2c385c52",
            "timeouts": null,
            "to_port": 443,
            "type": "ingress"
          },
          "sensitive_attributes": [],
          "private": "eyJlMmJmYjczMC1lY2FhLTExZTYtOGY4OC0zNDM2M2JjN2M0YzAiOnsiY3JlYXRlIjozMDAwMDAwMDAwMDB9LCJzY2hlbWFfdmVyc2lvbiI6IjIifQ==",
          "dependencies": [
            "data.terraform_remote_state.vpc",
            "module.eks.aws_security_group.cluster",
            "module.eks.aws_security_group.node"
          ],
          "create_before_destroy": true
        },
        {
          "index_key": "ingress_cluster_4443_webhook",
          "schema_version": 2,
          "attributes": {
            "cidr_blocks": null,
            "description": "Cluster API to node 4443/tcp webhook",
            "from_port": 4443,
            "id": "sgrule-2206177719",
            "ipv6_cidr_blocks": null,
            "prefix_list_ids": [],
            "protocol": "tcp",
            "security_group_id": "sg-0e5e97f46e8a17ddc",
            "security_group_rule_id": "sgr-00cc82d88cf8de87d",
            "self": false,
            "source_security_group_id": "sg-00fa1013b2c385c52",
            "timeouts": null,
            "to_port": 4443,
            "type": "ingress"
          },
          "sensitive_attributes": [],
          "private": "eyJlMmJmYjczMC1lY2FhLTExZTYtOGY4OC0zNDM2M2JjN2M0YzAiOnsiY3JlYXRlIjozMDAwMDAwMDAwMDB9LCJzY2hlbWFfdmVyc2lvbiI6IjIifQ==",
          "dependencies": [
            "data.terraform_remote_state.vpc",
            "module.eks.aws_security_group.cluster",
            "module.eks.aws_security_group.node"
          ],
          "create_before_destroy": true
        },
        {
          "index_key": "ingress_cluster_6443_webhook",
          "schema_version": 2,
          "attributes": {
            "cidr_blocks": null,
            "description": "Cluster API to node 6443/tcp webhook",
            "from_port": 6443,
            "id": "sgrule-1245576737",
            "ipv6_cidr_blocks": null,
            "prefix_list_ids": [],
            "protocol": "tcp",
            "security_group_id": "sg-0e5e97f46e8a17ddc",
            "security_group_rule_id": "sgr-032f2c0d950d8f6b0",
            "self": false,
            "source_security_group_id": "sg-00fa1013b2c385c52",
            "timeouts": null,
            "to_port": 6443,
            "type": "ingress"
          },
          "sensitive_attributes": [],
          "private": "eyJlMmJmYjczMC1lY2FhLTExZTYtOGY4OC0zNDM2M2JjN2M0YzAiOnsiY3JlYXRlIjozMDAwMDAwMDAwMDB9LCJzY2hlbWFfdmVyc2lvbiI6IjIifQ==",
          "dependencies": [
            "data.terraform_remote_state.vpc",
            "module.eks.aws_security_group.cluster",
            "module.eks.aws_security_group.node"
          ],
          "create_before_destroy": true
        },
        {
          "index_key": "ingress_cluster_8443_webhook",
          "schema_version": 2,
          "attributes": {
            "cidr_blocks": null,
            "description": "Cluster API to node 8443/tcp webhook",
            "from_port": 8443,
            "id": "sgrule-1499578880",
            "ipv6_cidr_blocks": null,
            "prefix_list_ids": [],
            "protocol": "tcp",
            "security_group_id": "sg-0e5e97f46e8a17ddc",
            "security_group_rule_id": "sgr-0162ba536244e3598",
            "self": false,
            "source_security_group_id": "sg-00fa1013b2c385c52",
            "timeouts": null,
            "to_port": 8443,
            "type": "ingress"
          },
          "sensitive_attributes": [],
          "private": "eyJlMmJmYjczMC1lY2FhLTExZTYtOGY4OC0zNDM2M2JjN2M0YzAiOnsiY3JlYXRlIjozMDAwMDAwMDAwMDB9LCJzY2hlbWFfdmVyc2lvbiI6IjIifQ==",
          "dependencies": [
            "data.terraform_remote_state.vpc",
            "module.eks.aws_security_group.cluster",
            "module.eks.aws_security_group.node"
          ],
          "create_before_destroy": true
        },
        {
          "index_key": "ingress_cluster_9443_webhook",
          "schema_version": 2,
          "attributes": {
            "cidr_blocks": null,
            "description": "Cluster API to node 9443/tcp webhook",
            "from_port": 9443,
            "id": "sgrule-1036054987",
            "ipv6_cidr_blocks": null,
            "prefix_list_ids": [],
            "protocol": "tcp",
            "security_group_id": "sg-0e5e97f46e8a17ddc",
            "security_group_rule_id": "sgr-0c7eec638fc2dbc34",
            "self": false,
            "source_security_group_id": "sg-00fa1013b2c385c52",
            "timeouts": null,
            "to_port": 9443,
            "type": "ingress"
          },
          "sensitive_attributes": [],
          "private": "eyJlMmJmYjczMC1lY2FhLTExZTYtOGY4OC0zNDM2M2JjN2M0YzAiOnsiY3JlYXRlIjozMDAwMDAwMDAwMDB9LCJzY2hlbWFfdmVyc2lvbiI6IjIifQ==",
          "dependencies": [
            "data.terraform_remote_state.vpc",
            "module.eks.aws_security_group.cluster",
            "module.eks.aws_security_group.node"
          ],
          "create_before_destroy": true
        },
        {
          "index_key": "ingress_cluster_kubelet",
          "schema_version": 2,
          "attributes": {
            "cidr_blocks": null,
            "description": "Cluster API to node kubelets",
            "from_port": 10250,
            "id": "sgrule-66137065",
            "ipv6_cidr_blocks": null,
            "prefix_list_ids": [],
            "protocol": "tcp",
            "security_group_id": "sg-0e5e97f46e8a17ddc",
            "security_group_rule_id": "sgr-0181990dc93e9648e",
            "self": false,
            "source_security_group_id": "sg-00fa1013b2c385c52",
            "timeouts": null,
            "to_port": 10250,
            "type": "ingress"
          },
          "sensitive_attributes": [],
          "private": "eyJlMmJmYjczMC1lY2FhLTExZTYtOGY4OC0zNDM2M2JjN2M0YzAiOnsiY3JlYXRlIjozMDAwMDAwMDAwMDB9LCJzY2hlbWFfdmVyc2lvbiI6IjIifQ==",
          "dependencies": [
            "data.terraform_remote_state.vpc",
            "module.eks.aws_security_group.cluster",
            "module.eks.aws_security_group.node"
          ],
          "create_before_destroy": true
        },
        {
          "index_key": "ingress_nodes_ephemeral",
          "schema_version": 2,
          "attributes": {
            "cidr_blocks": null,
            "description": "Node to node ingress on ephemeral ports",
            "from_port": 1025,
            "id": "sgrule-903409520",
            "ipv6_cidr_blocks": null,
            "prefix_list_ids": [],
            "protocol": "tcp",
            "security_group_id": "sg-0e5e97f46e8a17ddc",
            "security_group_rule_id": "sgr-0c4fd6190c81bf0ba",
            "self": true,
            "source_security_group_id": null,
            "timeouts": null,
            "to_port": 65535,
            "type": "ingress"
          },
          "sensitive_attributes": [],
          "private": "eyJlMmJmYjczMC1lY2FhLTExZTYtOGY4OC0zNDM2M2JjN2M0YzAiOnsiY3JlYXRlIjozMDAwMDAwMDAwMDB9LCJzY2hlbWFfdmVyc2lvbiI6IjIifQ==",
          "dependencies": [
            "data.terraform_remote_state.vpc",
            "module.eks.aws_security_group.cluster",
            "module.eks.aws_security_group.node"
          ],
          "create_before_destroy": true
        },
        {
          "index_key": "ingress_self_coredns_tcp",
          "schema_version": 2,
          "attributes": {
            "cidr_blocks": null,
            "description": "Node to node CoreDNS",
            "from_port": 53,
            "id": "sgrule-3412266154",
            "ipv6_cidr_blocks": null,
            "prefix_list_ids": [],
            "protocol": "tcp",
            "security_group_id": "sg-0e5e97f46e8a17ddc",
            "security_group_rule_id": "sgr-0d6b9c8f59f267834",
            "self": true,
            "source_security_group_id": null,
            "timeouts": null,
            "to_port": 53,
            "type": "ingress"
          },
          "sensitive_attributes": [],
          "private": "eyJlMmJmYjczMC1lY2FhLTExZTYtOGY4OC0zNDM2M2JjN2M0YzAiOnsiY3JlYXRlIjozMDAwMDAwMDAwMDB9LCJzY2hlbWFfdmVyc2lvbiI6IjIifQ==",
          "dependencies": [
            "data.terraform_remote_state.vpc",
            "module.eks.aws_security_group.cluster",
            "module.eks.aws_security_group.node"
          ],
          "create_before_destroy": true
        },
        {
          "index_key": "ingress_self_coredns_udp",
          "schema_version": 2,
          "attributes": {
            "cidr_blocks": null,
            "description": "Node to node CoreDNS UDP",
            "from_port": 53,
            "id": "sgrule-1866248005",
            "ipv6_cidr_blocks": null,
            "prefix_list_ids": [],
            "protocol": "udp",
            "security_group_id": "sg-0e5e97f46e8a17ddc",
            "security_group_rule_id": "sgr-007f03087e7c8cde9",
            "self": true,
            "source_security_group_id": null,
            "timeouts": null,
            "to_port": 53,
            "type": "ingress"
          },
          "sensitive_attributes": [],
          "private": "eyJlMmJmYjczMC1lY2FhLTExZTYtOGY4OC0zNDM2M2JjN2M0YzAiOnsiY3JlYXRlIjozMDAwMDAwMDAwMDB9LCJzY2hlbWFfdmVyc2lvbiI6IjIifQ==",
          "dependencies": [
            "data.terraform_remote_state.vpc",
            "module.eks.aws_security_group.cluster",
            "module.eks.aws_security_group.node"
          ],
          "create_before_destroy": true
        }
      ]
    },
    {
      "module": "module.eks",
      "mode": "managed",
      "type": "time_sleep",
      "name": "this",
      "provider": "provider[\"registry.terraform.io/hashicorp/time\"]",
      "instances": [
        {
          "index_key": 0,
          "schema_version": 0,
          "attributes": {
            "create_duration": "30s",
            "destroy_duration": null,
            "id": "2024-09-28T12:43:31Z",
            "triggers": {
              "cluster_certificate_authority_data": "LS0tLS1CRUdJTiBDRVJUSUZJQ0FURS0tLS0tCk1JSURCVENDQWUyZ0F3SUJBZ0lJYmpNVjdFNTN4ekF3RFFZSktvWklodmNOQVFFTEJRQXdGVEVUTUJFR0ExVUUKQXhNS2EzVmlaWEp1WlhSbGN6QWVGdzB5TkRBNU1qZ3hNak15TVRWYUZ3MHpOREE1TWpZeE1qTTNNVFZhTUJVeApFekFSQmdOVkJBTVRDbXQxWW1WeWJtVjBaWE13Z2dFaU1BMEdDU3FHU0liM0RRRUJBUVVBQTRJQkR3QXdnZ0VLCkFvSUJBUUM5ek9BMXZXTmE4Q0ZJRERCdm9JRDI0L0JaYUVKWTJMMGMvQ2M2STlkNVM0QnFQK1dhZ215ZVJ4OGMKN2xBVVduNGRFdURXcFZBZmlGN0dCLy9NcUJxUHNXM1gvbU1FajFnQktjTTIxamlxcWNub0hlZ2NDK1FiUWFpcwowRHAyOVorL0NXOUpwdWVFbkowbHROaUdkd0VwdkVCN0xNN0Q0L0NudTF2OHFyb04zMVpZWWhoZVB2NVNDU091ClBaNGUvR1VRS1Z2dG5CSlFacHNBcVV3bGdlTEtQV3lia1hSZlNZRXFHZnN3M1hVQytpeWRtR2w0dFVuaTd3Q3AKQ0FkWjFQRHZIZEZZS2p6MXdHeDFsTHRHd2t3YkRWNWxoNFlORmQ5ZDN5VVFGclZyeGVaNEY4aytFc2dKc0VNNwo5dWN5RzFoVDloUmJGSFVMNWxlTjVkZVl2Zzh6QWdNQkFBR2pXVEJYTUE0R0ExVWREd0VCL3dRRUF3SUNwREFQCkJnTlZIUk1CQWY4RUJUQURBUUgvTUIwR0ExVWREZ1FXQkJSdlJhQlY0L2xwQXY5RCtqSnp2UEF6M0k1aHREQVYKQmdOVkhSRUVEakFNZ2dwcmRXSmxjbTVsZEdWek1BMEdDU3FHU0liM0RRRUJDd1VBQTRJQkFRQ2djcFpNbDgyNAorUWxVMUE2cUZ4N3JaaFUxL0xHb2hlOWVpMTFWZFllazdvSjBpYXpaTGdCazg2ZFlWUkdWZVJBMldkNm9ySStSCkNvdUhkT1F3WjV2SmRhY2ttYTVCVGROZDRXb1YwNG5GZGpOOWpJd3B2dElhQnJIcXJaenAzbml3S1dZUThRM0wKcVdwcjNSeU5KNUZJSXdKSFBwMXZ5MzcvL2lmZVdwS0tqaFhPR0lIQkoyRFBSTEQ2U0pMTXlRd3BpaWVUcXpoNQprdThtV3JWZlA5SUdyRndjUVQzVm96Rnl3NFRvS3lQMGNVVFgwQ0EvY1hkbStRazhWd282aE9TQ3o0aTBlc0swClRJZVhGczF4cDRWUncwdTBOUnlSM1hsaTVFT20xK3NFd1VjL0RadUIza2ZaNUtCQURlbXF1QXJEbnJEY3JzQTIKYW56YjVGeEYxdW5sCi0tLS0tRU5EIENFUlRJRklDQVRFLS0tLS0K",
              "cluster_endpoint": "https://17D99654EBB491FFB94A56BD0EB4E46B.gr7.us-east-1.eks.amazonaws.com",
              "cluster_name": "demo-cluster",
              "cluster_service_cidr": "172.20.0.0/16",
              "cluster_version": "1.29"
            }
          },
          "sensitive_attributes": [],
          "dependencies": [
            "data.terraform_remote_state.vpc",
            "module.eks.aws_cloudwatch_log_group.this",
            "module.eks.aws_eks_cluster.this",
            "module.eks.aws_iam_policy.cni_ipv6_policy",
            "module.eks.aws_iam_role.this",
            "module.eks.aws_iam_role_policy_attachment.this",
            "module.eks.aws_security_group.cluster",
            "module.eks.aws_security_group.node",
            "module.eks.aws_security_group_rule.cluster",
            "module.eks.aws_security_group_rule.node",
            "module.eks.data.aws_caller_identity.current",
            "module.eks.data.aws_iam_policy_document.assume_role_policy",
            "module.eks.data.aws_iam_policy_document.cni_ipv6_policy",
            "module.eks.data.aws_iam_session_context.current",
            "module.eks.data.aws_partition.current",
            "module.eks.module.kms.aws_kms_external_key.this",
            "module.eks.module.kms.aws_kms_key.this",
            "module.eks.module.kms.aws_kms_replica_external_key.this",
            "module.eks.module.kms.aws_kms_replica_key.this",
            "module.eks.module.kms.data.aws_caller_identity.current",
            "module.eks.module.kms.data.aws_iam_policy_document.this",
            "module.eks.module.kms.data.aws_partition.current"
          ],
          "create_before_destroy": true
        }
      ]
    },
    {
      "module": "module.eks.module.eks_managed_node_group[\"default_node_group\"]",
      "mode": "data",
      "type": "aws_caller_identity",
      "name": "current",
      "provider": "provider[\"registry.terraform.io/hashicorp/aws\"]",
      "instances": [
        {
          "schema_version": 0,
          "attributes": {
            "account_id": "132172135366",
            "arn": "arn:aws:iam::132172135366:user/k8suser",
            "id": "132172135366",
            "user_id": "AIDAR5RQSXPDLVB5NXR7O"
          },
          "sensitive_attributes": []
        }
      ]
    },
    {
      "module": "module.eks.module.eks_managed_node_group[\"default_node_group\"]",
      "mode": "data",
      "type": "aws_iam_policy_document",
      "name": "assume_role_policy",
      "provider": "provider[\"registry.terraform.io/hashicorp/aws\"]",
      "instances": [
        {
          "index_key": 0,
          "schema_version": 0,
          "attributes": {
            "id": "2560088296",
            "json": "{\n  \"Version\": \"2012-10-17\",\n  \"Statement\": [\n    {\n      \"Sid\": \"EKSNodeAssumeRole\",\n      \"Effect\": \"Allow\",\n      \"Action\": \"sts:AssumeRole\",\n      \"Principal\": {\n        \"Service\": \"ec2.amazonaws.com\"\n      }\n    }\n  ]\n}",
            "minified_json": "{\"Version\":\"2012-10-17\",\"Statement\":[{\"Sid\":\"EKSNodeAssumeRole\",\"Effect\":\"Allow\",\"Action\":\"sts:AssumeRole\",\"Principal\":{\"Service\":\"ec2.amazonaws.com\"}}]}",
            "override_json": null,
            "override_policy_documents": null,
            "policy_id": null,
            "source_json": null,
            "source_policy_documents": null,
            "statement": [
              {
                "actions": [
                  "sts:AssumeRole"
                ],
                "condition": [],
                "effect": "Allow",
                "not_actions": [],
                "not_principals": [],
                "not_resources": [],
                "principals": [
                  {
                    "identifiers": [
                      "ec2.amazonaws.com"
                    ],
                    "type": "Service"
                  }
                ],
                "resources": [],
                "sid": "EKSNodeAssumeRole"
              }
            ],
            "version": "2012-10-17"
          },
          "sensitive_attributes": []
        }
      ]
    },
    {
      "module": "module.eks.module.eks_managed_node_group[\"default_node_group\"]",
      "mode": "data",
      "type": "aws_partition",
      "name": "current",
      "provider": "provider[\"registry.terraform.io/hashicorp/aws\"]",
      "instances": [
        {
          "schema_version": 0,
          "attributes": {
            "dns_suffix": "amazonaws.com",
            "id": "aws",
            "partition": "aws",
            "reverse_dns_prefix": "com.amazonaws"
          },
          "sensitive_attributes": []
        }
      ]
    },
    {
      "module": "module.eks.module.eks_managed_node_group[\"default_node_group\"]",
      "mode": "managed",
      "type": "aws_eks_node_group",
      "name": "this",
      "provider": "provider[\"registry.terraform.io/hashicorp/aws\"]",
      "instances": [
        {
          "index_key": 0,
          "schema_version": 0,
          "attributes": {
            "ami_type": "AL2_x86_64",
            "arn": "arn:aws:eks:us-east-1:132172135366:nodegroup/demo-cluster/default_node_group-2024092812433122660000000c/d6c91c54-2fea-7022-890d-5b63af5eeda8",
            "capacity_type": "ON_DEMAND",
            "cluster_name": "demo-cluster",
            "disk_size": 50,
            "force_update_version": null,
            "id": "demo-cluster:default_node_group-2024092812433122660000000c",
            "instance_types": [
              "m5.large"
            ],
            "labels": null,
            "launch_template": [],
            "node_group_name": "default_node_group-2024092812433122660000000c",
            "node_group_name_prefix": "default_node_group-",
            "node_role_arn": "arn:aws:iam::132172135366:role/default_node_group-eks-node-group-20240928123223165500000004",
            "release_version": "1.29.8-20240924",
            "remote_access": [],
            "resources": [
              {
                "autoscaling_groups": [
                  {
                    "name": "eks-default_node_group-2024092812433122660000000c-d6c91c54-2fea-7022-890d-5b63af5eeda8"
                  }
                ],
                "remote_access_security_group_id": ""
              }
            ],
            "scaling_config": [
              {
                "desired_size": 2,
                "max_size": 3,
                "min_size": 1
              }
            ],
            "status": "ACTIVE",
            "subnet_ids": [
              "subnet-046b2836ea0bc6987",
              "subnet-0dfc08aed2f2e78d3",
              "subnet-0eaa20b33bc0232b0"
            ],
            "tags": {
              "DevtedsOrg": "Devteds Courses",
              "DevtedsStack": "demo-cluster",
              "DevtedsStackName": "EKS",
              "Name": "default_node_group",
              "kubernetes.io/cluster/demo-cluster": "shared"
            },
            "tags_all": {
              "DevtedsOrg": "Devteds Courses",
              "DevtedsStack": "demo-cluster",
              "DevtedsStackName": "EKS",
              "Name": "default_node_group",
              "kubernetes.io/cluster/demo-cluster": "shared"
            },
            "taint": [],
            "timeouts": {
              "create": null,
              "delete": null,
              "update": null
            },
            "update_config": [
              {
                "max_unavailable": 0,
                "max_unavailable_percentage": 33
              }
            ],
            "version": "1.29"
          },
          "sensitive_attributes": [],
          "private": "eyJlMmJmYjczMC1lY2FhLTExZTYtOGY4OC0zNDM2M2JjN2M0YzAiOnsiY3JlYXRlIjozNjAwMDAwMDAwMDAwLCJkZWxldGUiOjM2MDAwMDAwMDAwMDAsInVwZGF0ZSI6MzYwMDAwMDAwMDAwMH19",
          "dependencies": [
            "data.terraform_remote_state.vpc",
            "module.eks.aws_cloudwatch_log_group.this",
            "module.eks.aws_eks_cluster.this",
            "module.eks.aws_iam_policy.cni_ipv6_policy",
            "module.eks.aws_iam_role.this",
            "module.eks.aws_iam_role_policy_attachment.this",
            "module.eks.aws_security_group.cluster",
            "module.eks.aws_security_group.node",
            "module.eks.aws_security_group_rule.cluster",
            "module.eks.aws_security_group_rule.node",
            "module.eks.data.aws_caller_identity.current",
            "module.eks.data.aws_iam_policy_document.assume_role_policy",
            "module.eks.data.aws_iam_policy_document.cni_ipv6_policy",
            "module.eks.data.aws_iam_session_context.current",
            "module.eks.data.aws_partition.current",
            "module.eks.module.eks_managed_node_group.aws_iam_role.this",
            "module.eks.module.eks_managed_node_group.aws_iam_role_policy_attachment.this",
            "module.eks.module.eks_managed_node_group.aws_launch_template.this",
            "module.eks.module.eks_managed_node_group.aws_placement_group.this",
            "module.eks.module.eks_managed_node_group.data.aws_caller_identity.current",
            "module.eks.module.eks_managed_node_group.data.aws_ec2_instance_type.this",
            "module.eks.module.eks_managed_node_group.data.aws_ec2_instance_type_offerings.this",
            "module.eks.module.eks_managed_node_group.data.aws_iam_policy_document.assume_role_policy",
            "module.eks.module.eks_managed_node_group.data.aws_partition.current",
            "module.eks.module.eks_managed_node_group.data.aws_ssm_parameter.ami",
            "module.eks.module.eks_managed_node_group.data.aws_subnets.efa",
            "module.eks.module.eks_managed_node_group.module.user_data.data.cloudinit_config.al2023_eks_managed_node_group",
            "module.eks.module.eks_managed_node_group.module.user_data.data.cloudinit_config.linux_eks_managed_node_group",
            "module.eks.module.kms.aws_kms_external_key.this",
            "module.eks.module.kms.aws_kms_key.this",
            "module.eks.module.kms.aws_kms_replica_external_key.this",
            "module.eks.module.kms.aws_kms_replica_key.this",
            "module.eks.module.kms.data.aws_caller_identity.current",
            "module.eks.module.kms.data.aws_iam_policy_document.this",
            "module.eks.module.kms.data.aws_partition.current",
            "module.eks.time_sleep.this"
          ],
          "create_before_destroy": true
        }
      ]
    },
    {
      "module": "module.eks.module.eks_managed_node_group[\"default_node_group\"]",
      "mode": "managed",
      "type": "aws_iam_role",
      "name": "this",
      "provider": "provider[\"registry.terraform.io/hashicorp/aws\"]",
      "instances": [
        {
          "index_key": 0,
          "schema_version": 0,
          "attributes": {
            "arn": "arn:aws:iam::132172135366:role/default_node_group-eks-node-group-20240928123223165500000004",
            "assume_role_policy": "{\"Statement\":[{\"Action\":\"sts:AssumeRole\",\"Effect\":\"Allow\",\"Principal\":{\"Service\":\"ec2.amazonaws.com\"},\"Sid\":\"EKSNodeAssumeRole\"}],\"Version\":\"2012-10-17\"}",
            "create_date": "2024-09-28T12:32:23Z",
            "description": "EKS managed node group IAM role",
            "force_detach_policies": true,
            "id": "default_node_group-eks-node-group-20240928123223165500000004",
            "inline_policy": [],
            "managed_policy_arns": [],
            "max_session_duration": 3600,
            "name": "default_node_group-eks-node-group-20240928123223165500000004",
            "name_prefix": "default_node_group-eks-node-group-",
            "path": "/",
            "permissions_boundary": "",
            "tags": {
              "DevtedsOrg": "Devteds Courses",
              "DevtedsStack": "demo-cluster",
              "DevtedsStackName": "EKS",
              "kubernetes.io/cluster/demo-cluster": "shared"
            },
            "tags_all": {
              "DevtedsOrg": "Devteds Courses",
              "DevtedsStack": "demo-cluster",
              "DevtedsStackName": "EKS",
              "kubernetes.io/cluster/demo-cluster": "shared"
            },
            "unique_id": "AROAR5RQSXPDPFSMUW7BR"
          },
          "sensitive_attributes": [],
          "private": "bnVsbA==",
          "dependencies": [
            "module.eks.module.eks_managed_node_group.data.aws_iam_policy_document.assume_role_policy"
          ],
          "create_before_destroy": true
        }
      ]
    },
    {
      "module": "module.eks.module.eks_managed_node_group[\"default_node_group\"]",
      "mode": "managed",
      "type": "aws_iam_role_policy_attachment",
      "name": "this",
      "provider": "provider[\"registry.terraform.io/hashicorp/aws\"]",
      "instances": [
        {
          "index_key": "AmazonEC2ContainerRegistryReadOnly",
          "schema_version": 0,
          "attributes": {
            "id": "default_node_group-eks-node-group-20240928123223165500000004-20240928123224161800000006",
            "policy_arn": "arn:aws:iam::aws:policy/AmazonEC2ContainerRegistryReadOnly",
            "role": "default_node_group-eks-node-group-20240928123223165500000004"
          },
          "sensitive_attributes": [],
          "private": "bnVsbA==",
          "dependencies": [
            "module.eks.module.eks_managed_node_group.aws_iam_role.this",
            "module.eks.module.eks_managed_node_group.data.aws_caller_identity.current",
            "module.eks.module.eks_managed_node_group.data.aws_iam_policy_document.assume_role_policy",
            "module.eks.module.eks_managed_node_group.data.aws_partition.current"
          ],
          "create_before_destroy": true
        },
        {
          "index_key": "AmazonEKSWorkerNodePolicy",
          "schema_version": 0,
          "attributes": {
            "id": "default_node_group-eks-node-group-20240928123223165500000004-20240928123224556500000008",
            "policy_arn": "arn:aws:iam::aws:policy/AmazonEKSWorkerNodePolicy",
            "role": "default_node_group-eks-node-group-20240928123223165500000004"
          },
          "sensitive_attributes": [],
          "private": "bnVsbA==",
          "dependencies": [
            "module.eks.module.eks_managed_node_group.aws_iam_role.this",
            "module.eks.module.eks_managed_node_group.data.aws_caller_identity.current",
            "module.eks.module.eks_managed_node_group.data.aws_iam_policy_document.assume_role_policy",
            "module.eks.module.eks_managed_node_group.data.aws_partition.current"
          ],
          "create_before_destroy": true
        },
        {
          "index_key": "AmazonEKS_CNI_Policy",
          "schema_version": 0,
          "attributes": {
            "id": "default_node_group-eks-node-group-20240928123223165500000004-20240928123224213700000007",
            "policy_arn": "arn:aws:iam::aws:policy/AmazonEKS_CNI_Policy",
            "role": "default_node_group-eks-node-group-20240928123223165500000004"
          },
          "sensitive_attributes": [],
          "private": "bnVsbA==",
          "dependencies": [
            "module.eks.module.eks_managed_node_group.aws_iam_role.this",
            "module.eks.module.eks_managed_node_group.data.aws_caller_identity.current",
            "module.eks.module.eks_managed_node_group.data.aws_iam_policy_document.assume_role_policy",
            "module.eks.module.eks_managed_node_group.data.aws_partition.current"
          ],
          "create_before_destroy": true
        }
      ]
    },
    {
      "module": "module.eks.module.eks_managed_node_group[\"default_node_group\"].module.user_data",
      "mode": "managed",
      "type": "null_resource",
      "name": "validate_cluster_service_cidr",
      "provider": "provider[\"registry.terraform.io/hashicorp/null\"]",
      "instances": [
        {
          "schema_version": 0,
          "attributes": {
            "id": "2474668731708395175",
            "triggers": null
          },
          "sensitive_attributes": [],
          "dependencies": [
            "data.terraform_remote_state.vpc",
            "module.eks.aws_cloudwatch_log_group.this",
            "module.eks.aws_eks_cluster.this",
            "module.eks.aws_iam_policy.cni_ipv6_policy",
            "module.eks.aws_iam_role.this",
            "module.eks.aws_iam_role_policy_attachment.this",
            "module.eks.aws_security_group.cluster",
            "module.eks.aws_security_group.node",
            "module.eks.aws_security_group_rule.cluster",
            "module.eks.aws_security_group_rule.node",
            "module.eks.data.aws_caller_identity.current",
            "module.eks.data.aws_iam_policy_document.assume_role_policy",
            "module.eks.data.aws_iam_policy_document.cni_ipv6_policy",
            "module.eks.data.aws_iam_session_context.current",
            "module.eks.data.aws_partition.current",
            "module.eks.module.kms.aws_kms_external_key.this",
            "module.eks.module.kms.aws_kms_key.this",
            "module.eks.module.kms.aws_kms_replica_external_key.this",
            "module.eks.module.kms.aws_kms_replica_key.this",
            "module.eks.module.kms.data.aws_caller_identity.current",
            "module.eks.module.kms.data.aws_iam_policy_document.this",
            "module.eks.module.kms.data.aws_partition.current",
            "module.eks.time_sleep.this"
          ]
        }
      ]
    },
    {
      "module": "module.key_pair",
      "mode": "managed",
      "type": "aws_key_pair",
      "name": "this",
      "provider": "provider[\"registry.terraform.io/hashicorp/aws\"]",
      "instances": [
        {
          "index_key": 0,
          "schema_version": 1,
          "attributes": {
            "arn": "arn:aws:ec2:us-east-1:132172135366:key-pair/demo-cluster2024092812323063970000000b",
            "fingerprint": "a0:50:1f:d5:2a:35:70:4e:2e:8a:62:84:a3:62:e4:95",
            "id": "demo-cluster2024092812323063970000000b",
            "key_name": "demo-cluster2024092812323063970000000b",
            "key_name_prefix": "demo-cluster",
            "key_pair_id": "key-030bdc76584bac331",
            "key_type": "rsa",
            "public_key": "ssh-rsa AAAAB3NzaC1yc2EAAAADAQABAAACAQC8AKVSOqTphnNddrT9twrpS/LQrpGyOMqB2znYi/p1TdXpbOlmG3LN+XxKPQA/VUP9cWPqYaDZfj1ZLfFMLn7gBGdHo9ovN3lvE1LePPs7eL91Vff7x/1g+pbe7g72Abt0gwUb+Hb7HWnLa05a3jq6sKZrB89H0OU8e7dUn1iCDx2/4ovwfXGBNWD4tRdT6dy87roRly1aO6P/6ULtAe8tdLxIC0xawiFb7yTvMK9SRaU3LXc4UsHoiyfgza6ecIKP0Xl/e3oCdw1aOv6y6aeqFaz0CdI3/UBqrRHHwL22eJXFnl4OlKGTcdLa/Uq7XuNCIk2lJwZ/MC9JDpW5PsPClxCNUGAnORZauTr58Iw3RSloueh9FsGiPBIHpcMhhR/So8YZ3miUWWlZjYqhfMAL5ZOGRIykU3lOyw/o0buleQjBeRypkmlZ5wuqUd3umRTtDk8xQt4dPXfgEdSTWX9dRfrImiZNIxKgLJNgi0gH7PrO3mVtx/iHiDFthqI9EN9ycZPvho6Ik+8A+/EI6ePRfp5eCA9lBIsFwJ3gQZRDO8lVyL67eHo/P0clm6Lha1crxDNOFfNj7eWTjiy9fdWQCEDAMikdGQ3oXZiQXp7NmR+rwwhoHu8ymNMAMGcIYeR2lHVjjKBXP37ZQkYJy4N5XhEHVMTZegbLJk67s6Zy5w==",
            "tags": {
              "DevtedsOrg": "Devteds Courses",
              "DevtedsStack": "demo-cluster",
              "DevtedsStackName": "EKS",
              "kubernetes.io/cluster/demo-cluster": "shared"
            },
            "tags_all": {
              "DevtedsOrg": "Devteds Courses",
              "DevtedsStack": "demo-cluster",
              "DevtedsStackName": "EKS",
              "kubernetes.io/cluster/demo-cluster": "shared"
            }
          },
          "sensitive_attributes": [],
          "private": "eyJzY2hlbWFfdmVyc2lvbiI6IjEifQ==",
          "dependencies": [
            "module.key_pair.tls_private_key.this"
          ]
        }
      ]
    },
    {
      "module": "module.key_pair",
      "mode": "managed",
      "type": "tls_private_key",
      "name": "this",
      "provider": "provider[\"registry.terraform.io/hashicorp/tls\"]",
      "instances": [
        {
          "index_key": 0,
          "schema_version": 1,
          "attributes": {
            "algorithm": "RSA",
            "ecdsa_curve": "P224",
            "id": "dfdf4111b1aa015a19f017a98d1f6df07179e281",
            "private_key_openssh": "-----BEGIN OPENSSH PRIVATE KEY-----\nb3BlbnNzaC1rZXktdjEAAAAABG5vbmUAAAAEbm9uZQAAAAAAAAABAAACFwAAAAdz\nc2gtcnNhAAAAAwEAAQAAAgEAvAClUjqk6YZzXXa0/bcK6Uvy0K6RsjjKgds52Iv6\ndU3V6WzpZhtyzfl8Sj0AP1VD/XFj6mGg2X49WS3xTC5+4ARnR6PaLzd5bxNS3jz7\nO3i/dVX3+8f9YPqW3u4O9gG7dIMFG/h2+x1py2tOWt46urCmawfPR9DlPHu3VJ9Y\ngg8dv+KL8H1xgTVg+LUXU+ncvO66EZctWjuj/+lC7QHvLXS8SAtMWsIhW+8k7zCv\nUkWlNy13OFLB6Isn4M2unnCCj9F5f3t6AncNWjr+sumnqhWs9AnSN/1Aaq0Rx8C9\ntniVxZ5eDpShk3HS2v1Ku17jQiJNpScGfzAvSQ6VuT7DwpcQjVBgJzkWWrk6+fCM\nN0UpaLnofRbBojwSB6XDIYUf0qPGGd5olFlpWY2KoXzAC+WThkSMpFN5TssP6NG7\npXkIwXkcqZJpWecLqlHd7pkU7Q5PMULeHT134BHUk1l/XUX6yJomTSMSoCyTYItI\nB+z6zt5lbcf4h4gxbYaiPRDfcnGT74aOiJPvAPvxCOnj0X6eXggPZQSLBcCd4EGU\nQzvJVci+u3h6Pz9HJZui4WtXK8QzThXzY+3lk44svX3VkAhAwDIpHRkN6F2YkF6e\nzZkfq8MIaB7vMpjTADBnCGHkdpR1Y4ygVz9+2UJGCcuDeV4RB1TE2XoGyyZOu7Om\ncucAAAc4cEcxoHBHMaAAAAAHc3NoLXJzYQAAAgEAvAClUjqk6YZzXXa0/bcK6Uvy\n0K6RsjjKgds52Iv6dU3V6WzpZhtyzfl8Sj0AP1VD/XFj6mGg2X49WS3xTC5+4ARn\nR6PaLzd5bxNS3jz7O3i/dVX3+8f9YPqW3u4O9gG7dIMFG/h2+x1py2tOWt46urCm\nawfPR9DlPHu3VJ9Ygg8dv+KL8H1xgTVg+LUXU+ncvO66EZctWjuj/+lC7QHvLXS8\nSAtMWsIhW+8k7zCvUkWlNy13OFLB6Isn4M2unnCCj9F5f3t6AncNWjr+sumnqhWs\n9AnSN/1Aaq0Rx8C9tniVxZ5eDpShk3HS2v1Ku17jQiJNpScGfzAvSQ6VuT7DwpcQ\njVBgJzkWWrk6+fCMN0UpaLnofRbBojwSB6XDIYUf0qPGGd5olFlpWY2KoXzAC+WT\nhkSMpFN5TssP6NG7pXkIwXkcqZJpWecLqlHd7pkU7Q5PMULeHT134BHUk1l/XUX6\nyJomTSMSoCyTYItIB+z6zt5lbcf4h4gxbYaiPRDfcnGT74aOiJPvAPvxCOnj0X6e\nXggPZQSLBcCd4EGUQzvJVci+u3h6Pz9HJZui4WtXK8QzThXzY+3lk44svX3VkAhA\nwDIpHRkN6F2YkF6ezZkfq8MIaB7vMpjTADBnCGHkdpR1Y4ygVz9+2UJGCcuDeV4R\nB1TE2XoGyyZOu7OmcucAAAADAQABAAACAAIE/8GiX6Mijpqya79N+BAJgNI9DdOc\nSJCcikKJPmeELogTY251XQZZZ7xka1xCzjgqv6gE5HVxpbcPh0gKN9KwOWvLlsxr\nDCLlUj6Q6SH6ahQYmFFcFJy2FGjQpdh+rETUI3npcV3BMyG8RVs0h+z5eNAthUyA\nMfY0XgPKsmizQN6O0HIE5vM8X45MY7PDD1v4NId72EDf4yMcnlttaeRTHLKpbGiN\nLU6PgxYOr9NybBPrqRwxx2N4GzWPABEzpDNnTKbR7L2aCcquV44UdHifQvxcHqX7\nUnXS5h3/NAqBwRoeWWROtG2hC2LO1b6thkNvmuXrRWaYXemq/nC++9tWhHBwlta4\nhJz1IW1aN5XcZThEIqPMyqc5m5rLGWFj2XVV4uKoU65WVH3j20UxvE7m3CI+qlQS\nQFP4NADjxrL0f0sAfGSmDNYAd8gI9Nv9rYeZ125pfQNKGc05805hZO7I3uszFkkS\nQm1buJ2rSxsz5F3FFF90B733zw7/V0Efx2DD12i83LL07h/6HXPE+IAln0OcBZjq\n6RoOAcHwU2Tt652KSHhUMSnQwsHeahIWTMM6yaayN/+Xh/2jOA2l7WL/1EAQMFMP\nnlsevBkX19WZWucW+vlxfrgxNPdkSkODj+iTKmS8bFLEusn6ub4PANCSPBF2ZHZ/\n/X7bS1wocKQBAAABAH9vjfF8TL4YghzWILftN80NdJAcoauwJMQnALSdKk56P1Wj\n65mDNqhYcsgoFWifyLu4uSg7HbaeWocK6RVSEzP+nGMcmNu26VT2FGlcxZZxYrdC\n7w9uIinGGXHtXaoXa57Rj+fHJCFNVTnKy0ekhPrH2rX+Dc8ZX1F4OBaHNRPK6JXi\nOmbYaTe/L66cXF4RO38jj1C53i1qj9Lzj3ZesznGybFZ3ESUaqhu9lmquPaYzZx4\nZv7HEGfwyh+iMZwpEmTyQEMBQOOw4/HFuiFzzOSwfQ/MPZXIzgDHeuzEMHUj5DV0\n6shE/yqUAV/1xGkOIBU72BwZQSXhaK1fTfvwMlMAAAEBAPfxdF2B5rhblPl7IzUA\nPsIJJBTWUUxeVJwA+vaHODci/n4GVX8jrW21s8gbveEwdjQHM79VEdKan6kHV4rB\nsqt04ea9l3svtjVjlCCKDE3fHFfrxnG7k7NEeA7HE7zmbg9hSdgMXvd/C2R1iFNT\nEnrUtawaFBSP/6bOIgSEG926jkIGA6jBAG3eiAzvIWsyLP2dK23ATtsRjdUMYaSk\ndKqgajmqh7BwPPDnX9Gcc/mGV1NoSzEE9nD2Y1LJly7WD8bbEAR6PSzSXC9JOcZc\nLGYRMFw3zcuLLTTuNxSNL9yueG05aJuPBbB5Zjy4PSB/YhwYkgMnP+oazCDEzNlG\nPc8AAAEBAMIckU1P9Rmy9pHKkn+RwrN12IQDpi3cBkHyW7OI0woK8XoIS+5rNLwg\nqI29DWx4FIqgSMZ2k79FJjZoK4oI9IzCmdWAHNavcE+NuNVduKTWzggx3tid5AtC\nMkitYM/BmL1AvgdhJT6q/i6r4m7ymLgfrQjJs7xtn1EDuqLA3qRqgwPazTjqsEiU\ngZLZ8kAM315PS5b2BIXUwPi6Pdr/WbmwY5iHnbjzdfhY/4uAbU9TLskzMvEK3DRb\n2rN/7NxwnlvaF0qiDn0sAZo7CYZ37Gc83aA+/oTJOcfWBb4odmbgH/HKj7xRnM/o\n0+ztg6ts+Q7UNGyNRn0DsDBefuz+l2kAAAAAAQID\n-----END OPENSSH PRIVATE KEY-----\n",
            "private_key_pem": "-----BEGIN RSA PRIVATE KEY-----\nMIIJKAIBAAKCAgEAvAClUjqk6YZzXXa0/bcK6Uvy0K6RsjjKgds52Iv6dU3V6Wzp\nZhtyzfl8Sj0AP1VD/XFj6mGg2X49WS3xTC5+4ARnR6PaLzd5bxNS3jz7O3i/dVX3\n+8f9YPqW3u4O9gG7dIMFG/h2+x1py2tOWt46urCmawfPR9DlPHu3VJ9Ygg8dv+KL\n8H1xgTVg+LUXU+ncvO66EZctWjuj/+lC7QHvLXS8SAtMWsIhW+8k7zCvUkWlNy13\nOFLB6Isn4M2unnCCj9F5f3t6AncNWjr+sumnqhWs9AnSN/1Aaq0Rx8C9tniVxZ5e\nDpShk3HS2v1Ku17jQiJNpScGfzAvSQ6VuT7DwpcQjVBgJzkWWrk6+fCMN0UpaLno\nfRbBojwSB6XDIYUf0qPGGd5olFlpWY2KoXzAC+WThkSMpFN5TssP6NG7pXkIwXkc\nqZJpWecLqlHd7pkU7Q5PMULeHT134BHUk1l/XUX6yJomTSMSoCyTYItIB+z6zt5l\nbcf4h4gxbYaiPRDfcnGT74aOiJPvAPvxCOnj0X6eXggPZQSLBcCd4EGUQzvJVci+\nu3h6Pz9HJZui4WtXK8QzThXzY+3lk44svX3VkAhAwDIpHRkN6F2YkF6ezZkfq8MI\naB7vMpjTADBnCGHkdpR1Y4ygVz9+2UJGCcuDeV4RB1TE2XoGyyZOu7OmcucCAwEA\nAQKCAgACBP/Bol+jIo6asmu/TfgQCYDSPQ3TnEiQnIpCiT5nhC6IE2NudV0GWWe8\nZGtcQs44Kr+oBOR1caW3D4dICjfSsDlry5bMawwi5VI+kOkh+moUGJhRXBScthRo\n0KXYfqxE1CN56XFdwTMhvEVbNIfs+XjQLYVMgDH2NF4DyrJos0DejtByBObzPF+O\nTGOzww9b+DSHe9hA3+MjHJ5bbWnkUxyyqWxojS1Oj4MWDq/TcmwT66kcMcdjeBs1\njwARM6QzZ0ym0ey9mgnKrleOFHR4n0L8XB6l+1J10uYd/zQKgcEaHllkTrRtoQti\nztW+rYZDb5rl60VmmF3pqv5wvvvbVoRwcJbWuISc9SFtWjeV3GU4RCKjzMqnOZua\nyxlhY9l1VeLiqFOuVlR949tFMbxO5twiPqpUEkBT+DQA48ay9H9LAHxkpgzWAHfI\nCPTb/a2HmdduaX0DShnNOfNOYWTuyN7rMxZJEkJtW7idq0sbM+RdxRRfdAe9988O\n/1dBH8dgw9dovNyy9O4f+h1zxPiAJZ9DnAWY6ukaDgHB8FNk7eudikh4VDEp0MLB\n3moSFkzDOsmmsjf/l4f9ozgNpe1i/9RAEDBTD55bHrwZF9fVmVrnFvr5cX64MTT3\nZEpDg4/okypkvGxSxLrJ+rm+DwDQkjwRdmR2f/1+20tcKHCkAQKCAQEA9/F0XYHm\nuFuU+XsjNQA+wgkkFNZRTF5UnAD69oc4NyL+fgZVfyOtbbWzyBu94TB2NAczv1UR\n0pqfqQdXisGyq3Th5r2Xey+2NWOUIIoMTd8cV+vGcbuTs0R4DscTvOZuD2FJ2Axe\n938LZHWIU1MSetS1rBoUFI//ps4iBIQb3bqOQgYDqMEAbd6IDO8hazIs/Z0rbcBO\n2xGN1QxhpKR0qqBqOaqHsHA88Odf0Zxz+YZXU2hLMQT2cPZjUsmXLtYPxtsQBHo9\nLNJcL0k5xlwsZhEwXDfNy4stNO43FI0v3K54bTlom48FsHlmPLg9IH9iHBiSAyc/\n6hrMIMTM2UY9zwKCAQEAwhyRTU/1GbL2kcqSf5HCs3XYhAOmLdwGQfJbs4jTCgrx\neghL7ms0vCCojb0NbHgUiqBIxnaTv0UmNmgrigj0jMKZ1YAc1q9wT4241V24pNbO\nCDHe2J3kC0IySK1gz8GYvUC+B2ElPqr+LqvibvKYuB+tCMmzvG2fUQO6osDepGqD\nA9rNOOqwSJSBktnyQAzfXk9LlvYEhdTA+Lo92v9ZubBjmIeduPN1+Fj/i4BtT1Mu\nyTMy8QrcNFvas3/s3HCeW9oXSqIOfSwBmjsJhnfsZzzdoD7+hMk5x9YFvih2ZuAf\n8cqPvFGcz+jT7O2Dq2z5DtQ0bI1GfQOwMF5+7P6XaQKCAQEA0rRg3W4dMiKx8WnR\nu6LfsmmuPf77y9iGMqUqoQK8pS6Z82NSmN8q7QbzJ2Vb8dkLOp+8PCcBJGa+tBhH\nLuX4/ngv2bTY3JjpUWm0Ygqu9iZaoeT+GXz8weW32WcYwPlaIrvc0zuAIPfYKKEx\nHw6Dr9rAIOdwlSDic1DN2+ShAcceScFurqSFxtjL6aH2VnCnh0dftr8sxEKgs6L3\n/8C6XJ5CZ4siELDxORCHf0xjynN+FqWU8K10+P6J3brvPaAwfB+B9ywifMqwCIdE\nD+wY1wxYeqX5v7YgztB6An8RY4rpUHjvCvN6NESWu5cea1WVfKbsvr1GNZ5cRqS4\nKRTmRQKCAQA0ZffHMe1M2aV7p34yV4uCXC5tPHrwaDN8O8sLRMULMfcLZQ/yNRhQ\nLFSzpjPocuXAohHjGQE7IZR2HVqbcV1qXeGe421leohLwUsCtcDxJlcJmUS5nq1/\naIggXEUE8BKmC8MARPYD266vtJB0OKKHGW3hMGmHVOQrv2DzLDMtmN7y/G5njdq2\nTPhJRvIA3jixwZ/7CUAhTFQnEEdARavX10ibVQh7c6UFvCiHZMydHCxF/b8jmDXn\nIGCCEedDflcRHmcpK2PT4DwygPtKRDcZizGcX0TfXV5ullSIh22myZt17qMsR6+X\n5BbJHzhq3wjAOwJHxz8e4g7+j5Odr//5AoIBAH9vjfF8TL4YghzWILftN80NdJAc\noauwJMQnALSdKk56P1Wj65mDNqhYcsgoFWifyLu4uSg7HbaeWocK6RVSEzP+nGMc\nmNu26VT2FGlcxZZxYrdC7w9uIinGGXHtXaoXa57Rj+fHJCFNVTnKy0ekhPrH2rX+\nDc8ZX1F4OBaHNRPK6JXiOmbYaTe/L66cXF4RO38jj1C53i1qj9Lzj3ZesznGybFZ\n3ESUaqhu9lmquPaYzZx4Zv7HEGfwyh+iMZwpEmTyQEMBQOOw4/HFuiFzzOSwfQ/M\nPZXIzgDHeuzEMHUj5DV06shE/yqUAV/1xGkOIBU72BwZQSXhaK1fTfvwMlM=\n-----END RSA PRIVATE KEY-----\n",
            "private_key_pem_pkcs8": "-----BEGIN PRIVATE KEY-----\nMIIJQgIBADANBgkqhkiG9w0BAQEFAASCCSwwggkoAgEAAoICAQC8AKVSOqTphnNd\ndrT9twrpS/LQrpGyOMqB2znYi/p1TdXpbOlmG3LN+XxKPQA/VUP9cWPqYaDZfj1Z\nLfFMLn7gBGdHo9ovN3lvE1LePPs7eL91Vff7x/1g+pbe7g72Abt0gwUb+Hb7HWnL\na05a3jq6sKZrB89H0OU8e7dUn1iCDx2/4ovwfXGBNWD4tRdT6dy87roRly1aO6P/\n6ULtAe8tdLxIC0xawiFb7yTvMK9SRaU3LXc4UsHoiyfgza6ecIKP0Xl/e3oCdw1a\nOv6y6aeqFaz0CdI3/UBqrRHHwL22eJXFnl4OlKGTcdLa/Uq7XuNCIk2lJwZ/MC9J\nDpW5PsPClxCNUGAnORZauTr58Iw3RSloueh9FsGiPBIHpcMhhR/So8YZ3miUWWlZ\njYqhfMAL5ZOGRIykU3lOyw/o0buleQjBeRypkmlZ5wuqUd3umRTtDk8xQt4dPXfg\nEdSTWX9dRfrImiZNIxKgLJNgi0gH7PrO3mVtx/iHiDFthqI9EN9ycZPvho6Ik+8A\n+/EI6ePRfp5eCA9lBIsFwJ3gQZRDO8lVyL67eHo/P0clm6Lha1crxDNOFfNj7eWT\njiy9fdWQCEDAMikdGQ3oXZiQXp7NmR+rwwhoHu8ymNMAMGcIYeR2lHVjjKBXP37Z\nQkYJy4N5XhEHVMTZegbLJk67s6Zy5wIDAQABAoICAAIE/8GiX6Mijpqya79N+BAJ\ngNI9DdOcSJCcikKJPmeELogTY251XQZZZ7xka1xCzjgqv6gE5HVxpbcPh0gKN9Kw\nOWvLlsxrDCLlUj6Q6SH6ahQYmFFcFJy2FGjQpdh+rETUI3npcV3BMyG8RVs0h+z5\neNAthUyAMfY0XgPKsmizQN6O0HIE5vM8X45MY7PDD1v4NId72EDf4yMcnlttaeRT\nHLKpbGiNLU6PgxYOr9NybBPrqRwxx2N4GzWPABEzpDNnTKbR7L2aCcquV44UdHif\nQvxcHqX7UnXS5h3/NAqBwRoeWWROtG2hC2LO1b6thkNvmuXrRWaYXemq/nC++9tW\nhHBwlta4hJz1IW1aN5XcZThEIqPMyqc5m5rLGWFj2XVV4uKoU65WVH3j20UxvE7m\n3CI+qlQSQFP4NADjxrL0f0sAfGSmDNYAd8gI9Nv9rYeZ125pfQNKGc05805hZO7I\n3uszFkkSQm1buJ2rSxsz5F3FFF90B733zw7/V0Efx2DD12i83LL07h/6HXPE+IAl\nn0OcBZjq6RoOAcHwU2Tt652KSHhUMSnQwsHeahIWTMM6yaayN/+Xh/2jOA2l7WL/\n1EAQMFMPnlsevBkX19WZWucW+vlxfrgxNPdkSkODj+iTKmS8bFLEusn6ub4PANCS\nPBF2ZHZ//X7bS1wocKQBAoIBAQD38XRdgea4W5T5eyM1AD7CCSQU1lFMXlScAPr2\nhzg3Iv5+BlV/I61ttbPIG73hMHY0BzO/VRHSmp+pB1eKwbKrdOHmvZd7L7Y1Y5Qg\nigxN3xxX68Zxu5OzRHgOxxO85m4PYUnYDF73fwtkdYhTUxJ61LWsGhQUj/+mziIE\nhBvduo5CBgOowQBt3ogM7yFrMiz9nSttwE7bEY3VDGGkpHSqoGo5qoewcDzw51/R\nnHP5hldTaEsxBPZw9mNSyZcu1g/G2xAEej0s0lwvSTnGXCxmETBcN83Liy007jcU\njS/crnhtOWibjwWweWY8uD0gf2IcGJIDJz/qGswgxMzZRj3PAoIBAQDCHJFNT/UZ\nsvaRypJ/kcKzddiEA6Yt3AZB8luziNMKCvF6CEvuazS8IKiNvQ1seBSKoEjGdpO/\nRSY2aCuKCPSMwpnVgBzWr3BPjbjVXbik1s4IMd7YneQLQjJIrWDPwZi9QL4HYSU+\nqv4uq+Ju8pi4H60IybO8bZ9RA7qiwN6kaoMD2s046rBIlIGS2fJADN9eT0uW9gSF\n1MD4uj3a/1m5sGOYh52483X4WP+LgG1PUy7JMzLxCtw0W9qzf+zccJ5b2hdKog59\nLAGaOwmGd+xnPN2gPv6EyTnH1gW+KHZm4B/xyo+8UZzP6NPs7YOrbPkO1DRsjUZ9\nA7AwXn7s/pdpAoIBAQDStGDdbh0yIrHxadG7ot+yaa49/vvL2IYypSqhArylLpnz\nY1KY3yrtBvMnZVvx2Qs6n7w8JwEkZr60GEcu5fj+eC/ZtNjcmOlRabRiCq72Jlqh\n5P4ZfPzB5bfZZxjA+Voiu9zTO4Ag99gooTEfDoOv2sAg53CVIOJzUM3b5KEBxx5J\nwW6upIXG2MvpofZWcKeHR1+2vyzEQqCzovf/wLpcnkJniyIQsPE5EId/TGPKc34W\npZTwrXT4/onduu89oDB8H4H3LCJ8yrAIh0QP7BjXDFh6pfm/tiDO0HoCfxFjiulQ\neO8K83o0RJa7lx5rVZV8puy+vUY1nlxGpLgpFOZFAoIBADRl98cx7UzZpXunfjJX\ni4JcLm08evBoM3w7ywtExQsx9wtlD/I1GFAsVLOmM+hy5cCiEeMZATshlHYdWptx\nXWpd4Z7jbWV6iEvBSwK1wPEmVwmZRLmerX9oiCBcRQTwEqYLwwBE9gPbrq+0kHQ4\noocZbeEwaYdU5Cu/YPMsMy2Y3vL8bmeN2rZM+ElG8gDeOLHBn/sJQCFMVCcQR0BF\nq9fXSJtVCHtzpQW8KIdkzJ0cLEX9vyOYNecgYIIR50N+VxEeZykrY9PgPDKA+0pE\nNxmLMZxfRN9dXm6WVIiHbabJm3XuoyxHr5fkFskfOGrfCMA7AkfHPx7iDv6Pk52v\n//kCggEAf2+N8XxMvhiCHNYgt+03zQ10kByhq7AkxCcAtJ0qTno/VaPrmYM2qFhy\nyCgVaJ/Iu7i5KDsdtp5ahwrpFVITM/6cYxyY27bpVPYUaVzFlnFit0LvD24iKcYZ\nce1dqhdrntGP58ckIU1VOcrLR6SE+sfatf4NzxlfUXg4Foc1E8roleI6ZthpN78v\nrpxcXhE7fyOPULneLWqP0vOPdl6zOcbJsVncRJRqqG72Waq49pjNnHhm/scQZ/DK\nH6IxnCkSZPJAQwFA47Dj8cW6IXPM5LB9D8w9lcjOAMd67MQwdSPkNXTqyET/KpQB\nX/XEaQ4gFTvYHBlBJeForV9N+/AyUw==\n-----END PRIVATE KEY-----\n",
            "public_key_fingerprint_md5": "24:d1:4f:1c:d7:6c:ee:a1:50:f4:fc:2b:29:6e:06:15",
            "public_key_fingerprint_sha256": "SHA256:fbr+q87mA3GRBvBetxYXulTm1ghdpWFD7vTkWOgMR1M",
            "public_key_openssh": "ssh-rsa AAAAB3NzaC1yc2EAAAADAQABAAACAQC8AKVSOqTphnNddrT9twrpS/LQrpGyOMqB2znYi/p1TdXpbOlmG3LN+XxKPQA/VUP9cWPqYaDZfj1ZLfFMLn7gBGdHo9ovN3lvE1LePPs7eL91Vff7x/1g+pbe7g72Abt0gwUb+Hb7HWnLa05a3jq6sKZrB89H0OU8e7dUn1iCDx2/4ovwfXGBNWD4tRdT6dy87roRly1aO6P/6ULtAe8tdLxIC0xawiFb7yTvMK9SRaU3LXc4UsHoiyfgza6ecIKP0Xl/e3oCdw1aOv6y6aeqFaz0CdI3/UBqrRHHwL22eJXFnl4OlKGTcdLa/Uq7XuNCIk2lJwZ/MC9JDpW5PsPClxCNUGAnORZauTr58Iw3RSloueh9FsGiPBIHpcMhhR/So8YZ3miUWWlZjYqhfMAL5ZOGRIykU3lOyw/o0buleQjBeRypkmlZ5wuqUd3umRTtDk8xQt4dPXfgEdSTWX9dRfrImiZNIxKgLJNgi0gH7PrO3mVtx/iHiDFthqI9EN9ycZPvho6Ik+8A+/EI6ePRfp5eCA9lBIsFwJ3gQZRDO8lVyL67eHo/P0clm6Lha1crxDNOFfNj7eWTjiy9fdWQCEDAMikdGQ3oXZiQXp7NmR+rwwhoHu8ymNMAMGcIYeR2lHVjjKBXP37ZQkYJy4N5XhEHVMTZegbLJk67s6Zy5w==\n",
            "public_key_pem": "-----BEGIN PUBLIC KEY-----\nMIICIjANBgkqhkiG9w0BAQEFAAOCAg8AMIICCgKCAgEAvAClUjqk6YZzXXa0/bcK\n6Uvy0K6RsjjKgds52Iv6dU3V6WzpZhtyzfl8Sj0AP1VD/XFj6mGg2X49WS3xTC5+\n4ARnR6PaLzd5bxNS3jz7O3i/dVX3+8f9YPqW3u4O9gG7dIMFG/h2+x1py2tOWt46\nurCmawfPR9DlPHu3VJ9Ygg8dv+KL8H1xgTVg+LUXU+ncvO66EZctWjuj/+lC7QHv\nLXS8SAtMWsIhW+8k7zCvUkWlNy13OFLB6Isn4M2unnCCj9F5f3t6AncNWjr+sumn\nqhWs9AnSN/1Aaq0Rx8C9tniVxZ5eDpShk3HS2v1Ku17jQiJNpScGfzAvSQ6VuT7D\nwpcQjVBgJzkWWrk6+fCMN0UpaLnofRbBojwSB6XDIYUf0qPGGd5olFlpWY2KoXzA\nC+WThkSMpFN5TssP6NG7pXkIwXkcqZJpWecLqlHd7pkU7Q5PMULeHT134BHUk1l/\nXUX6yJomTSMSoCyTYItIB+z6zt5lbcf4h4gxbYaiPRDfcnGT74aOiJPvAPvxCOnj\n0X6eXggPZQSLBcCd4EGUQzvJVci+u3h6Pz9HJZui4WtXK8QzThXzY+3lk44svX3V\nkAhAwDIpHRkN6F2YkF6ezZkfq8MIaB7vMpjTADBnCGHkdpR1Y4ygVz9+2UJGCcuD\neV4RB1TE2XoGyyZOu7OmcucCAwEAAQ==\n-----END PUBLIC KEY-----\n",
            "rsa_bits": 4096
          },
          "sensitive_attributes": [
            [
              {
                "type": "get_attr",
                "value": "private_key_pem"
              }
            ],
            [
              {
                "type": "get_attr",
                "value": "private_key_pem_pkcs8"
              }
            ],
            [
              {
                "type": "get_attr",
                "value": "private_key_openssh"
              }
            ]
          ]
        }
      ]
    }
  ],
  "check_results": [
    {
      "object_kind": "resource",
      "config_addr": "module.eks.module.eks_managed_node_group.module.user_data.null_resource.validate_cluster_service_cidr",
      "status": "pass",
      "objects": [
        {
          "object_addr": "module.eks.module.eks_managed_node_group[\"default_node_group\"].module.user_data.null_resource.validate_cluster_service_cidr",
          "status": "pass"
        }
      ]
    },
    {
      "object_kind": "resource",
      "config_addr": "module.eks.module.self_managed_node_group.module.user_data.null_resource.validate_cluster_service_cidr",
      "status": "pass",
      "objects": null
    }
  ]
}
