{
  "version": 4,
  "terraform_version": "1.9.6",
  "serial": 289,
  "lineage": "f0b6d692-7aad-9484-d252-4f87d7645883",
  "outputs": {
    "cloudwatch_log_group_arn": {
      "value": "arn:aws:logs:us-east-1:132172135366:log-group:/aws/eks/demo-cluster/cluster",
      "type": "string"
    },
    "cloudwatch_log_group_name": {
      "value": "/aws/eks/demo-cluster/cluster",
      "type": "string"
    },
    "cluster_arn": {
      "value": "arn:aws:eks:us-east-1:132172135366:cluster/demo-cluster",
      "type": "string"
    },
    "cluster_certificate_authority_data": {
      "value": "LS0tLS1CRUdJTiBDRVJUSUZJQ0FURS0tLS0tCk1JSURCVENDQWUyZ0F3SUJBZ0lJU2k4KzB3ZXFhbjB3RFFZSktvWklodmNOQVFFTEJRQXdGVEVUTUJFR0ExVUUKQXhNS2EzVmlaWEp1WlhSbGN6QWVGdzB5TkRBNU1qY3hOREV4TURCYUZ3MHpOREE1TWpVeE5ERTJNREJhTUJVeApFekFSQmdOVkJBTVRDbXQxWW1WeWJtVjBaWE13Z2dFaU1BMEdDU3FHU0liM0RRRUJBUVVBQTRJQkR3QXdnZ0VLCkFvSUJBUURRZHZHczFMdm9sTXk1WHQzUFBQejJQMHEyTVFMLzl5Q09yS2szWWc2MFhlYVdJTUJOMmpFNEhBcDMKS014UUJYeFBDbEJaeXF6VmFVa1h2dk1nMTRUc3oyR0UvQWMwb1pKUWFEUHc0WDRabDA4NUdHWDN4MDVIVzUxMgplUUs1NE90ODhXRWZrcTMyQjJtZEgyTHJKcTR3cGxNMmdTTm5xNzNTUGhqY1Z0aEJVbExZSXVOM0NGeFp1dGFMCk9GVktyazVXTDMveTFpdkxBZXR5bWdiNU8xT25xekxXTTVacEZlOWZnaVJzdzlqejFUSEZmR3RqOTVhM0ZMYjMKMVJpeGs2NnZtdW8ram5NQmFjdkl0ZzdzRXlOTTBBd3pEUWRXUytuK0FsMFV5UDRFTElTRWNINDBucTN1WWgwNApaWTZXa3BDRnJhL255UTQ0VHZKSHdsN1Fyb290QWdNQkFBR2pXVEJYTUE0R0ExVWREd0VCL3dRRUF3SUNwREFQCkJnTlZIUk1CQWY4RUJUQURBUUgvTUIwR0ExVWREZ1FXQkJRbjNROGkvU1lzd2NkYUVRMmpBK3lYVEpCVWh6QVYKQmdOVkhSRUVEakFNZ2dwcmRXSmxjbTVsZEdWek1BMEdDU3FHU0liM0RRRUJDd1VBQTRJQkFRQi9Wci8rcERtTgpuRjhxWm1FajhRUWhJa05STE5WQ2RGdi9heVBuVVI0ekc3REkvbUEzRkFZK25naG1qdkhLaEk1Rlc0TW9qTEZZCmp6blFmZjlGMmo1VnBRVHZMcHE4aEVjcjhWVXJWTVJOZlFiOTF6Wm5kR0RGbVU0T1QwR0cyUjZEbDhpV3RLUE0KTERQTHdTY3ZJQkNRV0FGUW5rcW83dmQvN1FkQ1UybFdxaEErc3hIcVlyenBRT2NIVWViWnhQZHM5VXVZdlRYSgpMRWJ5bXVrMUJoUlJEZWl1ZS9DSWErRktkaTdmcHVoN29mem9Wd3JJa3ZGR0cyRlo4WW1VR0ZlYStFVE5NZ0lxCjBJMHZ6N1JqS1dUbmpxckxYWDZ3ZEZCRUZVenNVYmZFMmpQR3YyR1IrUDc0ZkZlbTBCK0dNS2hOOXNzZUVPNzIKdHFxd1N1YlJMODNNCi0tLS0tRU5EIENFUlRJRklDQVRFLS0tLS0K",
      "type": "string"
    },
    "cluster_endpoint": {
      "value": "https://C214564F07C4499327C489211FB10CD7.gr7.us-east-1.eks.amazonaws.com",
      "type": "string"
    },
    "cluster_iam_role_arn": {
      "value": "arn:aws:iam::132172135366:role/demo-cluster-cluster-20240927141042520200000002",
      "type": "string"
    },
    "cluster_iam_role_name": {
      "value": "demo-cluster-cluster-20240927141042520200000002",
      "type": "string"
    },
    "cluster_iam_role_unique_id": {
      "value": "AROAR5RQSXPDBPMN7D4CU",
      "type": "string"
    },
    "cluster_name": {
      "value": "demo-cluster",
      "type": "string"
    },
    "cluster_platform_version": {
      "value": "eks.13",
      "type": "string"
    },
    "cluster_primary_security_group_id": {
      "value": "sg-0b2398ab48f5d410e",
      "type": "string"
    },
    "cluster_security_group_arn": {
      "value": "arn:aws:ec2:us-east-1:132172135366:security-group/sg-0e59cc9ceb82e5204",
      "type": "string"
    },
    "cluster_security_group_id": {
      "value": "sg-0e59cc9ceb82e5204",
      "type": "string"
    },
    "cluster_status": {
      "value": "ACTIVE",
      "type": "string"
    },
    "cluster_tls_certificate_sha1_fingerprint": {
      "value": "9e99a48a9960b14926bb7f3b02e22da2b0ab7280",
      "type": "string"
    },
    "node_security_group_arn": {
      "value": "arn:aws:ec2:us-east-1:132172135366:security-group/sg-0ba0fe82f173c20a7",
      "type": "string"
    },
    "node_security_group_id": {
      "value": "sg-0ba0fe82f173c20a7",
      "type": "string"
    },
    "region": {
      "value": "us-east-1",
      "type": "string"
    }
  },
  "resources": [
    {
      "mode": "data",
      "type": "aws_availability_zones",
      "name": "available",
      "provider": "provider[\"registry.terraform.io/hashicorp/aws\"]",
      "instances": [
        {
          "schema_version": 0,
          "attributes": {
            "all_availability_zones": null,
            "exclude_names": null,
            "exclude_zone_ids": null,
            "filter": null,
            "group_names": [
              "us-east-1"
            ],
            "id": "us-east-1",
            "names": [
              "us-east-1a",
              "us-east-1b",
              "us-east-1c",
              "us-east-1d",
              "us-east-1e",
              "us-east-1f"
            ],
            "state": null,
            "timeouts": null,
            "zone_ids": [
              "use1-az2",
              "use1-az4",
              "use1-az6",
              "use1-az1",
              "use1-az3",
              "use1-az5"
            ]
          },
          "sensitive_attributes": []
        }
      ]
    },
    {
      "mode": "data",
      "type": "aws_caller_identity",
      "name": "current",
      "provider": "provider[\"registry.terraform.io/hashicorp/aws\"]",
      "instances": [
        {
          "schema_version": 0,
          "attributes": {
            "account_id": "132172135366",
            "arn": "arn:aws:iam::132172135366:user/k8suser",
            "id": "132172135366",
            "user_id": "AIDAR5RQSXPDLVB5NXR7O"
          },
          "sensitive_attributes": []
        }
      ]
    },
    {
      "mode": "data",
      "type": "terraform_remote_state",
      "name": "vpc",
      "provider": "provider[\"terraform.io/builtin/terraform\"]",
      "instances": [
        {
          "schema_version": 0,
          "attributes": {
            "backend": "local",
            "config": {
              "value": {
                "path": "../vpc/terraform.tfstate"
              },
              "type": [
                "object",
                {
                  "path": "string"
                }
              ]
            },
            "defaults": null,
            "outputs": {
              "value": {
                "azs": [
                  "us-east-1a",
                  "us-east-1b",
                  "us-east-1c"
                ],
                "intra_subnets": [
                  "subnet-022dcf730bef4d656",
                  "subnet-0dd1cdb24edd853b7",
                  "subnet-036274ccd61917c05"
                ],
                "private_subnets": [
                  "subnet-02e0b183903892474",
                  "subnet-0791af622d2f75b34",
                  "subnet-0eaa45d59fd70c763"
                ],
                "public_subnets": [
                  "subnet-02516e59bf733e756",
                  "subnet-0f8074e7d7ead9b11",
                  "subnet-007f0a94bdb46938b"
                ],
                "vpc_id": "vpc-035c492194e750af4"
              },
              "type": [
                "object",
                {
                  "azs": [
                    "list",
                    "string"
                  ],
                  "intra_subnets": [
                    "tuple",
                    [
                      "string",
                      "string",
                      "string"
                    ]
                  ],
                  "private_subnets": [
                    "tuple",
                    [
                      "string",
                      "string",
                      "string"
                    ]
                  ],
                  "public_subnets": [
                    "tuple",
                    [
                      "string",
                      "string",
                      "string"
                    ]
                  ],
                  "vpc_id": "string"
                }
              ]
            },
            "workspace": null
          },
          "sensitive_attributes": []
        }
      ]
    },
    {
      "mode": "managed",
      "type": "aws_security_group",
      "name": "remote_access",
      "provider": "provider[\"registry.terraform.io/hashicorp/aws\"]",
      "instances": [
        {
          "schema_version": 1,
          "attributes": {
            "arn": "arn:aws:ec2:us-east-1:132172135366:security-group/sg-0434a41c8afca9e97",
            "description": "Allow remote SSH from anywhere",
            "egress": [
              {
                "cidr_blocks": [
                  "0.0.0.0/0"
                ],
                "description": "",
                "from_port": 0,
                "ipv6_cidr_blocks": [
                  "::/0"
                ],
                "prefix_list_ids": [],
                "protocol": "-1",
                "security_groups": [],
                "self": false,
                "to_port": 0
              }
            ],
            "id": "sg-0434a41c8afca9e97",
            "ingress": [
              {
                "cidr_blocks": [
                  "0.0.0.0/0"
                ],
                "description": "SSH access",
                "from_port": 22,
                "ipv6_cidr_blocks": [],
                "prefix_list_ids": [],
                "protocol": "tcp",
                "security_groups": [],
                "self": false,
                "to_port": 22
              }
            ],
            "name": "demo-cluster-remote-access20240927141042594900000005",
            "name_prefix": "demo-cluster-remote-access",
            "owner_id": "132172135366",
            "revoke_rules_on_delete": false,
            "tags": {
              "DevtedsOrg": "Devteds Courses",
              "DevtedsStack": "demo-cluster",
              "DevtedsStackName": "EKS",
              "Name": "demo-cluster-remote-ssh",
              "kubernetes.io/cluster/demo-cluster": "shared"
            },
            "tags_all": {
              "DevtedsOrg": "Devteds Courses",
              "DevtedsStack": "demo-cluster",
              "DevtedsStackName": "EKS",
              "Name": "demo-cluster-remote-ssh",
              "kubernetes.io/cluster/demo-cluster": "shared"
            },
            "timeouts": null,
            "vpc_id": "vpc-035c492194e750af4"
          },
          "sensitive_attributes": [],
          "private": "eyJlMmJmYjczMC1lY2FhLTExZTYtOGY4OC0zNDM2M2JjN2M0YzAiOnsiY3JlYXRlIjo2MDAwMDAwMDAwMDAsImRlbGV0ZSI6OTAwMDAwMDAwMDAwfSwic2NoZW1hX3ZlcnNpb24iOiIxIn0=",
          "dependencies": [
            "data.terraform_remote_state.vpc"
          ]
        }
      ]
    },
    {
      "module": "module.eks",
      "mode": "data",
      "type": "aws_caller_identity",
      "name": "current",
      "provider": "provider[\"registry.terraform.io/hashicorp/aws\"]",
      "instances": [
        {
          "schema_version": 0,
          "attributes": {
            "account_id": "132172135366",
            "arn": "arn:aws:iam::132172135366:user/k8suser",
            "id": "132172135366",
            "user_id": "AIDAR5RQSXPDLVB5NXR7O"
          },
          "sensitive_attributes": []
        }
      ]
    },
    {
      "module": "module.eks",
      "mode": "data",
      "type": "aws_iam_policy_document",
      "name": "assume_role_policy",
      "provider": "provider[\"registry.terraform.io/hashicorp/aws\"]",
      "instances": [
        {
          "index_key": 0,
          "schema_version": 0,
          "attributes": {
            "id": "2764486067",
            "json": "{\n  \"Version\": \"2012-10-17\",\n  \"Statement\": [\n    {\n      \"Sid\": \"EKSClusterAssumeRole\",\n      \"Effect\": \"Allow\",\n      \"Action\": \"sts:AssumeRole\",\n      \"Principal\": {\n        \"Service\": \"eks.amazonaws.com\"\n      }\n    }\n  ]\n}",
            "minified_json": "{\"Version\":\"2012-10-17\",\"Statement\":[{\"Sid\":\"EKSClusterAssumeRole\",\"Effect\":\"Allow\",\"Action\":\"sts:AssumeRole\",\"Principal\":{\"Service\":\"eks.amazonaws.com\"}}]}",
            "override_json": null,
            "override_policy_documents": null,
            "policy_id": null,
            "source_json": null,
            "source_policy_documents": null,
            "statement": [
              {
                "actions": [
                  "sts:AssumeRole"
                ],
                "condition": [],
                "effect": "Allow",
                "not_actions": [],
                "not_principals": [],
                "not_resources": [],
                "principals": [
                  {
                    "identifiers": [
                      "eks.amazonaws.com"
                    ],
                    "type": "Service"
                  }
                ],
                "resources": [],
                "sid": "EKSClusterAssumeRole"
              }
            ],
            "version": "2012-10-17"
          },
          "sensitive_attributes": []
        }
      ]
    },
    {
      "module": "module.eks",
      "mode": "data",
      "type": "aws_iam_session_context",
      "name": "current",
      "provider": "provider[\"registry.terraform.io/hashicorp/aws\"]",
      "instances": [
        {
          "schema_version": 0,
          "attributes": {
            "arn": "arn:aws:iam::132172135366:user/k8suser",
            "id": "arn:aws:iam::132172135366:user/k8suser",
            "issuer_arn": "arn:aws:iam::132172135366:user/k8suser",
            "issuer_id": "",
            "issuer_name": "",
            "session_name": ""
          },
          "sensitive_attributes": []
        }
      ]
    },
    {
      "module": "module.eks",
      "mode": "data",
      "type": "aws_partition",
      "name": "current",
      "provider": "provider[\"registry.terraform.io/hashicorp/aws\"]",
      "instances": [
        {
          "schema_version": 0,
          "attributes": {
            "dns_suffix": "amazonaws.com",
            "id": "aws",
            "partition": "aws",
            "reverse_dns_prefix": "com.amazonaws"
          },
          "sensitive_attributes": []
        }
      ]
    },
    {
      "module": "module.eks",
      "mode": "data",
      "type": "tls_certificate",
      "name": "this",
      "provider": "provider[\"registry.terraform.io/hashicorp/tls\"]",
      "instances": [
        {
          "index_key": 0,
          "schema_version": 0,
          "attributes": {
            "certificates": [
              {
                "cert_pem": "-----BEGIN CERTIFICATE-----\nMIIEdTCCA12gAwIBAgIJAKcOSkw0grd/MA0GCSqGSIb3DQEBCwUAMGgxCzAJBgNV\nBAYTAlVTMSUwIwYDVQQKExxTdGFyZmllbGQgVGVjaG5vbG9naWVzLCBJbmMuMTIw\nMAYDVQQLEylTdGFyZmllbGQgQ2xhc3MgMiBDZXJ0aWZpY2F0aW9uIEF1dGhvcml0\neTAeFw0wOTA5MDIwMDAwMDBaFw0zNDA2MjgxNzM5MTZaMIGYMQswCQYDVQQGEwJV\nUzEQMA4GA1UECBMHQXJpem9uYTETMBEGA1UEBxMKU2NvdHRzZGFsZTElMCMGA1UE\nChMcU3RhcmZpZWxkIFRlY2hub2xvZ2llcywgSW5jLjE7MDkGA1UEAxMyU3RhcmZp\nZWxkIFNlcnZpY2VzIFJvb3QgQ2VydGlmaWNhdGUgQXV0aG9yaXR5IC0gRzIwggEi\nMA0GCSqGSIb3DQEBAQUAA4IBDwAwggEKAoIBAQDVDDrEKvlO4vW+GZdfjohTsR8/\ny8+fIBNtKTrID30892t2OGPZNmCom15cAICyL1l/9of5JUOG52kbUpqQ4XHj2C0N\nTm/2yEnZtvMaVq4rtnQU68/7JuMauh2WLmo7WJSJR1b/JaCTcFOD2oR0FMNnngRo\nOt+OQFodSk7PQ5E751bWAHDLUu57fa4657wx+UX2wmDPE1kCK4DMNEffud6QZW0C\nzyyRpqbn3oUYSXxmTqM6bam17jQuug0DuDPfR+uxa40l2ZvOgdFFRjKWcIfeAg5J\nQ4W2bHO7ZOphQazJ1FTfhy/HIrImzJ9ZVGif/L4qL8RVHHVAYBeFAlU5i38FAgMB\nAAGjgfAwge0wDwYDVR0TAQH/BAUwAwEB/zAOBgNVHQ8BAf8EBAMCAYYwHQYDVR0O\nBBYEFJxfAN+qAdcwKziIorhtSpzyEZGDMB8GA1UdIwQYMBaAFL9ft9HO3R+G9FtV\nrNzXEMIOqYjnME8GCCsGAQUFBwEBBEMwQTAcBggrBgEFBQcwAYYQaHR0cDovL28u\nc3MyLnVzLzAhBggrBgEFBQcwAoYVaHR0cDovL3guc3MyLnVzL3guY2VyMCYGA1Ud\nHwQfMB0wG6AZoBeGFWh0dHA6Ly9zLnNzMi51cy9yLmNybDARBgNVHSAECjAIMAYG\nBFUdIAAwDQYJKoZIhvcNAQELBQADggEBACMd44pXyn3pF3lM8R5V/cxTbj5HD9/G\nVfKyBDbtgB9TxF00KGu+x1X8Z+rLP3+QsjPNG1gQggL4+C/1E2DUBc7xgQjB3ad1\nl08YuW3e95ORCLp+QCztweq7dp4zBncdDQh/U90bZKuCJ/Fp1U1ervShw3WnWEQt\n8jxwmKy6abaVd38PMV4s/KCHOkdp8Hlf9BRUpJVeEXgSYCfOn8J3/yNTd126/+pZ\n59vPr5KW7ySaNRB6nJHGDn2Z9j8Z3/VyVOEVqQdZe4O/Ui5GjLIAZHYcSNPYeehu\nVsyuLAOQ1xk4meTKCRlb/weWsKh/NEnfVqn3sF/tM+2MR7cwA130A4w=\n-----END CERTIFICATE-----\n",
                "is_ca": true,
                "issuer": "OU=Starfield Class 2 Certification Authority,O=Starfield Technologies\\, Inc.,C=US",
                "not_after": "2034-06-28T17:39:16Z",
                "not_before": "2009-09-02T00:00:00Z",
                "public_key_algorithm": "RSA",
                "serial_number": "12037640545166866303",
                "sha1_fingerprint": "9e99a48a9960b14926bb7f3b02e22da2b0ab7280",
                "signature_algorithm": "SHA256-RSA",
                "subject": "CN=Starfield Services Root Certificate Authority - G2,O=Starfield Technologies\\, Inc.,L=Scottsdale,ST=Arizona,C=US",
                "version": 3
              },
              {
                "cert_pem": "-----BEGIN CERTIFICATE-----\nMIIEkjCCA3qgAwIBAgITBn+USionzfP6wq4rAfkI7rnExjANBgkqhkiG9w0BAQsF\nADCBmDELMAkGA1UEBhMCVVMxEDAOBgNVBAgTB0FyaXpvbmExEzARBgNVBAcTClNj\nb3R0c2RhbGUxJTAjBgNVBAoTHFN0YXJmaWVsZCBUZWNobm9sb2dpZXMsIEluYy4x\nOzA5BgNVBAMTMlN0YXJmaWVsZCBTZXJ2aWNlcyBSb290IENlcnRpZmljYXRlIEF1\ndGhvcml0eSAtIEcyMB4XDTE1MDUyNTEyMDAwMFoXDTM3MTIzMTAxMDAwMFowOTEL\nMAkGA1UEBhMCVVMxDzANBgNVBAoTBkFtYXpvbjEZMBcGA1UEAxMQQW1hem9uIFJv\nb3QgQ0EgMTCCASIwDQYJKoZIhvcNAQEBBQADggEPADCCAQoCggEBALJ4gHHKeNXj\nca9HgFB0fW7Y14h29Jlo91ghYPl0hAEvrAIthtOgQ3pOsqTQNroBvo3bSMgHFzZM\n9O6II8c+6zf1tRn4SWiw3te5djgdYZ6k/oI2peVKVuRF4fn9tBb6dNqcmzU5L/qw\nIFAGbHrQgLKm+a/sRxmPUDgH3KKHOVj4utWp+UhnMJbulHheb4mjUcAwhmahRWa6\nVOujw5H5SNz/0egwLX0tdHA114gk957EWW67c4cX8jJGKLhD+rcdqsq08p8kDi1L\n93FcXmn/6pUCyziKrlA4b9v7LWIbxcceVOF34GfID5yHI9Y/QCB/IIDEgEw+OyQm\njgSubJrIqg0CAwEAAaOCATEwggEtMA8GA1UdEwEB/wQFMAMBAf8wDgYDVR0PAQH/\nBAQDAgGGMB0GA1UdDgQWBBSEGMyFNOy8DJSULghZnMeyEE4KCDAfBgNVHSMEGDAW\ngBScXwDfqgHXMCs4iKK4bUqc8hGRgzB4BggrBgEFBQcBAQRsMGowLgYIKwYBBQUH\nMAGGImh0dHA6Ly9vY3NwLnJvb3RnMi5hbWF6b250cnVzdC5jb20wOAYIKwYBBQUH\nMAKGLGh0dHA6Ly9jcnQucm9vdGcyLmFtYXpvbnRydXN0LmNvbS9yb290ZzIuY2Vy\nMD0GA1UdHwQ2MDQwMqAwoC6GLGh0dHA6Ly9jcmwucm9vdGcyLmFtYXpvbnRydXN0\nLmNvbS9yb290ZzIuY3JsMBEGA1UdIAQKMAgwBgYEVR0gADANBgkqhkiG9w0BAQsF\nAAOCAQEAYjdCXLwQtT6LLOkMm2xF4gcAevnFWAu5CIw+7bMlPLVvUOTNNWqnkzSW\nMiGpSESrnO09tKpzbeR/FoCJbM8oAxiDR3mjEH4wW6w7sGDgd9QIpuEdfF7Au/ma\neyKdpwAJfqxGF4PcnCZXmTA5YpaP7dreqsXMGz7KQ2hsVxa81Q4gLv7/wmpdLqBK\nbRRYh5TmOTFffHPLkIhqhBGWJ6bt2YFGpn6jcgAKUj6DiAdjd4lpFw85hdKrCEVN\n0FE6/V1dN2RMfjCyVSRCnTawXZwXgWHxyvkQAiSr6w10kY17RSlQOYiypok1JR4U\nakcjMS9cmvqtmg5iUaQqqcT5NJ0hGA==\n-----END CERTIFICATE-----\n",
                "is_ca": true,
                "issuer": "CN=Starfield Services Root Certificate Authority - G2,O=Starfield Technologies\\, Inc.,L=Scottsdale,ST=Arizona,C=US",
                "not_after": "2037-12-31T01:00:00Z",
                "not_before": "2015-05-25T12:00:00Z",
                "public_key_algorithm": "RSA",
                "serial_number": "144918191876577076464031512351042010504348870",
                "sha1_fingerprint": "06b25927c42a721631c1efd9431e648fa62e1e39",
                "signature_algorithm": "SHA256-RSA",
                "subject": "CN=Amazon Root CA 1,O=Amazon,C=US",
                "version": 3
              },
              {
                "cert_pem": "-----BEGIN CERTIFICATE-----\nMIIEXjCCA0agAwIBAgITB3MSSkvL1E7HtTvq8ZSELToPoTANBgkqhkiG9w0BAQsF\nADA5MQswCQYDVQQGEwJVUzEPMA0GA1UEChMGQW1hem9uMRkwFwYDVQQDExBBbWF6\nb24gUm9vdCBDQSAxMB4XDTIyMDgyMzIyMjUzMFoXDTMwMDgyMzIyMjUzMFowPDEL\nMAkGA1UEBhMCVVMxDzANBgNVBAoTBkFtYXpvbjEcMBoGA1UEAxMTQW1hem9uIFJT\nQSAyMDQ4IE0wMjCCASIwDQYJKoZIhvcNAQEBBQADggEPADCCAQoCggEBALtDGMZa\nqHneKei1by6+pUPPLljTB143Si6VpEWPc6mSkFhZb/6qrkZyoHlQLbDYnI2D7hD0\nsdzEqfnuAjIsuXQLG3A8TvX6V3oFNBFVe8NlLJHvBseKY88saLwufxkZVwk74g4n\nWlNMXzla9Y5F3wwRHwMVH443xGz6UtGSZSqQ94eFx5X7Tlqt8whi8qCaKdZ5rNak\n+r9nUThOeClqFd4oXych//Rc7Y0eX1KNWHYSI1Nk31mYgiK3JvH063g+K9tHA63Z\neTgKgndlh+WI+zv7i44HepRZjA1FYwYZ9Vv/9UkC5Yz8/yU65fgjaE+wVHM4e/Yy\nC2osrPWE7gJ+dXMCAwEAAaOCAVowggFWMBIGA1UdEwEB/wQIMAYBAf8CAQAwDgYD\nVR0PAQH/BAQDAgGGMB0GA1UdJQQWMBQGCCsGAQUFBwMBBggrBgEFBQcDAjAdBgNV\nHQ4EFgQUwDFSzVpQw4J8dHHOy+mc+XrrguIwHwYDVR0jBBgwFoAUhBjMhTTsvAyU\nlC4IWZzHshBOCggwewYIKwYBBQUHAQEEbzBtMC8GCCsGAQUFBzABhiNodHRwOi8v\nb2NzcC5yb290Y2ExLmFtYXpvbnRydXN0LmNvbTA6BggrBgEFBQcwAoYuaHR0cDov\nL2NydC5yb290Y2ExLmFtYXpvbnRydXN0LmNvbS9yb290Y2ExLmNlcjA/BgNVHR8E\nODA2MDSgMqAwhi5odHRwOi8vY3JsLnJvb3RjYTEuYW1hem9udHJ1c3QuY29tL3Jv\nb3RjYTEuY3JsMBMGA1UdIAQMMAowCAYGZ4EMAQIBMA0GCSqGSIb3DQEBCwUAA4IB\nAQAtTi6Fs0Azfi+iwm7jrz+CSxHH+uHl7Law3MQSXVtR8RV53PtR6r/6gNpqlzdo\nZq4FKbADi1v9Bun8RY8D51uedRfjsbeodizeBB8nXmeyD33Ep7VATj4ozcd31YFV\nfgRhvTSxNrrTlNpWkUk0m3BMPv8sg381HhA6uEYokE5q9uws/3YkKqRiEz3TsaWm\nJqIRZhMbgAfp7O7FUwFIb7UIspogZSKxPIWJpxiPo3TcBambbVtQOcNRWz5qCQdD\nslI2yayq0n2TXoHyNCLEH8rpsJRVILFsg0jc7BaFrMnF462+ajSehgj12IidNeRN\n4zl+EoNaWdpnWndvSpAEkq2P\n-----END CERTIFICATE-----\n",
                "is_ca": true,
                "issuer": "CN=Amazon Root CA 1,O=Amazon,C=US",
                "not_after": "2030-08-23T22:25:30Z",
                "not_before": "2022-08-23T22:25:30Z",
                "public_key_algorithm": "RSA",
                "serial_number": "166129353110899469622597955040406457904926625",
                "sha1_fingerprint": "414a2060b738c635cc7fc243e052615592830c53",
                "signature_algorithm": "SHA256-RSA",
                "subject": "CN=Amazon RSA 2048 M02,O=Amazon,C=US",
                "version": 3
              },
              {
                "cert_pem": "-----BEGIN CERTIFICATE-----\nMIIF5TCCBM2gAwIBAgIQCJL9XGbawpZ6IsGGvDqdyDANBgkqhkiG9w0BAQsFADA8\nMQswCQYDVQQGEwJVUzEPMA0GA1UEChMGQW1hem9uMRwwGgYDVQQDExNBbWF6b24g\nUlNBIDIwNDggTTAyMB4XDTI0MDMyODAwMDAwMFoXDTI1MDQyNjIzNTk1OVowKDEm\nMCQGA1UEAwwdKi5la3MudXMtZWFzdC0xLmFtYXpvbmF3cy5jb20wggEiMA0GCSqG\nSIb3DQEBAQUAA4IBDwAwggEKAoIBAQC4iVpgxjgOmMKdC2tYTHa9yzuuLdYCjpC6\nxN1VgI71uTiSxUGf6R3N/Rdk5vjz2COu3fsVgMh6cCpqrPlxU/5uP0/DFfQGdVxB\nbZ4vYRC9jIbgyKmwqOEJMD/9B3iGHz3KpBpnXDcuulqWsCtuuqxjnMLL4h1UdOeA\nPNwhOyQxKMHl+LfrCZeCuehKch+XM/8lhdKgYyLp8o1Nm7IsNG1aN6iNoZ6rxEyU\nVw6fV+pZDaIrxkYf7unQrAfUWR122pXGzWRtv5VGZLjrci8ev4ZpgGViIzb2LOqT\nFm8gde6aURlAm4uMDFzmZ/iOqEV+52vO9Z0E6Yo5M3dJZqQo7uUpAgMBAAGjggL1\nMIIC8TAfBgNVHSMEGDAWgBTAMVLNWlDDgnx0cc7L6Zz5euuC4jAdBgNVHQ4EFgQU\nhG1ZDKa76htLZVXP+E3P3GnYHjEwKAYDVR0RBCEwH4IdKi5la3MudXMtZWFzdC0x\nLmFtYXpvbmF3cy5jb20wEwYDVR0gBAwwCjAIBgZngQwBAgEwDgYDVR0PAQH/BAQD\nAgWgMB0GA1UdJQQWMBQGCCsGAQUFBwMBBggrBgEFBQcDAjA7BgNVHR8ENDAyMDCg\nLqAshipodHRwOi8vY3JsLnIybTAyLmFtYXpvbnRydXN0LmNvbS9yMm0wMi5jcmww\ndQYIKwYBBQUHAQEEaTBnMC0GCCsGAQUFBzABhiFodHRwOi8vb2NzcC5yMm0wMi5h\nbWF6b250cnVzdC5jb20wNgYIKwYBBQUHMAKGKmh0dHA6Ly9jcnQucjJtMDIuYW1h\nem9udHJ1c3QuY29tL3IybTAyLmNlcjAMBgNVHRMBAf8EAjAAMIIBfQYKKwYBBAHW\neQIEAgSCAW0EggFpAWcAdgDPEVbu1S58r/OHW9lpLpvpGnFnSrAX7KwB0lt3zsw7\nCAAAAY6HAoTcAAAEAwBHMEUCIHI392+k5Ds777nM4CwNr+xjjCr49CQ/vHIJDZJX\nokM7AiEA++VPDyyMLijPy0GR8ZBIvAcrYbjfJXTF3GkizeJLVJIAdgB9WR4S4Xgq\nexxhZ3xe/fjQh1wUoE6VnrkDL9kOjC55uAAAAY6HAoTeAAAEAwBHMEUCICBkhMaf\n9gdR3bCbLxXFbHNEXUh7t3P/SxaUKDcE6UmIAiEA25zZ9aBt/mrhDcMc155V8qnw\nadTEqttLdP4XMEmMsPAAdQDm0jFjQHeMwRBBBtdxuc7B0kD2loSG+7qHMh39HjeO\nUAAAAY6HAoTxAAAEAwBGMEQCIFFF4kpqcNgHFzRi2cnL4HbNApZlnlc+Re9IyYXi\nCldqAiBkZUgs12iu2uWGU97VUAICt2+zZkhjUV3i+O3kYh1yrTANBgkqhkiG9w0B\nAQsFAAOCAQEAWY5OxR7rWtYFS09xAYYIHlBF7wdUxQH60zi/IqAHZIRCFI1xHdsJ\n0BUv30lLyiGtVr4DheBo81/IErBRpXmSkdoDJA+5d/Jz3EFtbrVogjESALAgBfSG\nuJX0QLshjyTl9O2r00qkxIhbKmSPSl9JQVxqt2jTaB6pD3SjWX6U+l397Ns1L6pI\nb1418oVo7LeHwEeEx6APMIyjzlfcXdCHA6lVKeiNF8SH+QW+h6ZOpGXJIU6llBjg\nWAhscqrGRj1APpuKWGVkVCweAjIOcEuWV8Fqmfp1h9jmeUkG6SoBifrl41PvhK0o\nqQ3LlAF6Op6n7JLa2rlXkf6LienZDVlSuQ==\n-----END CERTIFICATE-----\n",
                "is_ca": false,
                "issuer": "CN=Amazon RSA 2048 M02,O=Amazon,C=US",
                "not_after": "2025-04-26T23:59:59Z",
                "not_before": "2024-03-28T00:00:00Z",
                "public_key_algorithm": "RSA",
                "serial_number": "11397038078078022747295509550808604104",
                "sha1_fingerprint": "9451ad2b53c7f41fab22886cc07d482085336561",
                "signature_algorithm": "SHA256-RSA",
                "subject": "CN=*.eks.us-east-1.amazonaws.com",
                "version": 3
              }
            ],
            "content": null,
            "id": "99d41e43229a4cdaf4141f3e8310e6d95c31dab9",
            "url": "https://oidc.eks.us-east-1.amazonaws.com/id/C214564F07C4499327C489211FB10CD7",
            "verify_chain": true
          },
          "sensitive_attributes": []
        }
      ]
    },
    {
      "module": "module.eks",
      "mode": "managed",
      "type": "aws_cloudwatch_log_group",
      "name": "this",
      "provider": "provider[\"registry.terraform.io/hashicorp/aws\"]",
      "instances": [
        {
          "index_key": 0,
          "schema_version": 0,
          "attributes": {
            "arn": "arn:aws:logs:us-east-1:132172135366:log-group:/aws/eks/demo-cluster/cluster",
            "id": "/aws/eks/demo-cluster/cluster",
            "kms_key_id": "",
            "log_group_class": "STANDARD",
            "name": "/aws/eks/demo-cluster/cluster",
            "name_prefix": "",
            "retention_in_days": 90,
            "skip_destroy": false,
            "tags": {
              "DevtedsOrg": "Devteds Courses",
              "DevtedsStack": "demo-cluster",
              "DevtedsStackName": "EKS",
              "Name": "/aws/eks/demo-cluster/cluster",
              "kubernetes.io/cluster/demo-cluster": "shared"
            },
            "tags_all": {
              "DevtedsOrg": "Devteds Courses",
              "DevtedsStack": "demo-cluster",
              "DevtedsStackName": "EKS",
              "Name": "/aws/eks/demo-cluster/cluster",
              "kubernetes.io/cluster/demo-cluster": "shared"
            }
          },
          "sensitive_attributes": [],
          "private": "bnVsbA==",
          "create_before_destroy": true
        }
      ]
    },
    {
      "module": "module.eks",
      "mode": "managed",
      "type": "aws_ec2_tag",
      "name": "cluster_primary_security_group",
      "provider": "provider[\"registry.terraform.io/hashicorp/aws\"]",
      "instances": [
        {
          "index_key": "DevtedsOrg",
          "schema_version": 0,
          "attributes": {
            "id": "sg-0b2398ab48f5d410e,DevtedsOrg",
            "key": "DevtedsOrg",
            "resource_id": "sg-0b2398ab48f5d410e",
            "value": "Devteds Courses"
          },
          "sensitive_attributes": [],
          "private": "bnVsbA==",
          "dependencies": [
            "data.terraform_remote_state.vpc",
            "module.eks.aws_cloudwatch_log_group.this",
            "module.eks.aws_eks_cluster.this",
            "module.eks.aws_iam_policy.cni_ipv6_policy",
            "module.eks.aws_iam_role.this",
            "module.eks.aws_iam_role_policy_attachment.this",
            "module.eks.aws_security_group.cluster",
            "module.eks.aws_security_group.node",
            "module.eks.aws_security_group_rule.cluster",
            "module.eks.aws_security_group_rule.node",
            "module.eks.data.aws_caller_identity.current",
            "module.eks.data.aws_iam_policy_document.assume_role_policy",
            "module.eks.data.aws_iam_policy_document.cni_ipv6_policy",
            "module.eks.data.aws_iam_session_context.current",
            "module.eks.data.aws_partition.current",
            "module.eks.module.kms.aws_kms_external_key.this",
            "module.eks.module.kms.aws_kms_key.this",
            "module.eks.module.kms.aws_kms_replica_external_key.this",
            "module.eks.module.kms.aws_kms_replica_key.this",
            "module.eks.module.kms.data.aws_caller_identity.current",
            "module.eks.module.kms.data.aws_iam_policy_document.this",
            "module.eks.module.kms.data.aws_partition.current"
          ]
        },
        {
          "index_key": "DevtedsStack",
          "schema_version": 0,
          "attributes": {
            "id": "sg-0b2398ab48f5d410e,DevtedsStack",
            "key": "DevtedsStack",
            "resource_id": "sg-0b2398ab48f5d410e",
            "value": "demo-cluster"
          },
          "sensitive_attributes": [],
          "private": "bnVsbA==",
          "dependencies": [
            "data.terraform_remote_state.vpc",
            "module.eks.aws_cloudwatch_log_group.this",
            "module.eks.aws_eks_cluster.this",
            "module.eks.aws_iam_policy.cni_ipv6_policy",
            "module.eks.aws_iam_role.this",
            "module.eks.aws_iam_role_policy_attachment.this",
            "module.eks.aws_security_group.cluster",
            "module.eks.aws_security_group.node",
            "module.eks.aws_security_group_rule.cluster",
            "module.eks.aws_security_group_rule.node",
            "module.eks.data.aws_caller_identity.current",
            "module.eks.data.aws_iam_policy_document.assume_role_policy",
            "module.eks.data.aws_iam_policy_document.cni_ipv6_policy",
            "module.eks.data.aws_iam_session_context.current",
            "module.eks.data.aws_partition.current",
            "module.eks.module.kms.aws_kms_external_key.this",
            "module.eks.module.kms.aws_kms_key.this",
            "module.eks.module.kms.aws_kms_replica_external_key.this",
            "module.eks.module.kms.aws_kms_replica_key.this",
            "module.eks.module.kms.data.aws_caller_identity.current",
            "module.eks.module.kms.data.aws_iam_policy_document.this",
            "module.eks.module.kms.data.aws_partition.current"
          ]
        },
        {
          "index_key": "DevtedsStackName",
          "schema_version": 0,
          "attributes": {
            "id": "sg-0b2398ab48f5d410e,DevtedsStackName",
            "key": "DevtedsStackName",
            "resource_id": "sg-0b2398ab48f5d410e",
            "value": "EKS"
          },
          "sensitive_attributes": [],
          "private": "bnVsbA==",
          "dependencies": [
            "data.terraform_remote_state.vpc",
            "module.eks.aws_cloudwatch_log_group.this",
            "module.eks.aws_eks_cluster.this",
            "module.eks.aws_iam_policy.cni_ipv6_policy",
            "module.eks.aws_iam_role.this",
            "module.eks.aws_iam_role_policy_attachment.this",
            "module.eks.aws_security_group.cluster",
            "module.eks.aws_security_group.node",
            "module.eks.aws_security_group_rule.cluster",
            "module.eks.aws_security_group_rule.node",
            "module.eks.data.aws_caller_identity.current",
            "module.eks.data.aws_iam_policy_document.assume_role_policy",
            "module.eks.data.aws_iam_policy_document.cni_ipv6_policy",
            "module.eks.data.aws_iam_session_context.current",
            "module.eks.data.aws_partition.current",
            "module.eks.module.kms.aws_kms_external_key.this",
            "module.eks.module.kms.aws_kms_key.this",
            "module.eks.module.kms.aws_kms_replica_external_key.this",
            "module.eks.module.kms.aws_kms_replica_key.this",
            "module.eks.module.kms.data.aws_caller_identity.current",
            "module.eks.module.kms.data.aws_iam_policy_document.this",
            "module.eks.module.kms.data.aws_partition.current"
          ]
        },
        {
          "index_key": "kubernetes.io/cluster/demo-cluster",
          "schema_version": 0,
          "attributes": {
            "id": "sg-0b2398ab48f5d410e,kubernetes.io/cluster/demo-cluster",
            "key": "kubernetes.io/cluster/demo-cluster",
            "resource_id": "sg-0b2398ab48f5d410e",
            "value": "shared"
          },
          "sensitive_attributes": [],
          "private": "bnVsbA==",
          "dependencies": [
            "data.terraform_remote_state.vpc",
            "module.eks.aws_cloudwatch_log_group.this",
            "module.eks.aws_eks_cluster.this",
            "module.eks.aws_iam_policy.cni_ipv6_policy",
            "module.eks.aws_iam_role.this",
            "module.eks.aws_iam_role_policy_attachment.this",
            "module.eks.aws_security_group.cluster",
            "module.eks.aws_security_group.node",
            "module.eks.aws_security_group_rule.cluster",
            "module.eks.aws_security_group_rule.node",
            "module.eks.data.aws_caller_identity.current",
            "module.eks.data.aws_iam_policy_document.assume_role_policy",
            "module.eks.data.aws_iam_policy_document.cni_ipv6_policy",
            "module.eks.data.aws_iam_session_context.current",
            "module.eks.data.aws_partition.current",
            "module.eks.module.kms.aws_kms_external_key.this",
            "module.eks.module.kms.aws_kms_key.this",
            "module.eks.module.kms.aws_kms_replica_external_key.this",
            "module.eks.module.kms.aws_kms_replica_key.this",
            "module.eks.module.kms.data.aws_caller_identity.current",
            "module.eks.module.kms.data.aws_iam_policy_document.this",
            "module.eks.module.kms.data.aws_partition.current"
          ]
        }
      ]
    },
    {
      "module": "module.eks",
      "mode": "managed",
      "type": "aws_eks_access_entry",
      "name": "this",
      "provider": "provider[\"registry.terraform.io/hashicorp/aws\"]",
      "instances": [
        {
          "index_key": "cluster_creator",
          "schema_version": 0,
          "attributes": {
            "access_entry_arn": "arn:aws:eks:us-east-1:132172135366:access-entry/demo-cluster/user/132172135366/k8suser/12c919ed-a9a1-0d3f-9464-87c3d3b78aa0",
            "cluster_name": "demo-cluster",
            "created_at": "2024-09-27T14:21:04Z",
            "id": "demo-cluster:arn:aws:iam::132172135366:user/k8suser",
            "kubernetes_groups": [],
            "modified_at": "2024-09-27T14:21:04Z",
            "principal_arn": "arn:aws:iam::132172135366:user/k8suser",
            "tags": {
              "DevtedsOrg": "Devteds Courses",
              "DevtedsStack": "demo-cluster",
              "DevtedsStackName": "EKS",
              "kubernetes.io/cluster/demo-cluster": "shared"
            },
            "tags_all": {
              "DevtedsOrg": "Devteds Courses",
              "DevtedsStack": "demo-cluster",
              "DevtedsStackName": "EKS",
              "kubernetes.io/cluster/demo-cluster": "shared"
            },
            "timeouts": null,
            "type": "STANDARD",
            "user_name": "arn:aws:iam::132172135366:user/k8suser"
          },
          "sensitive_attributes": [],
          "private": "eyJlMmJmYjczMC1lY2FhLTExZTYtOGY4OC0zNDM2M2JjN2M0YzAiOnsiY3JlYXRlIjo2MDAwMDAwMDAwMDAsImRlbGV0ZSI6NjAwMDAwMDAwMDAwfX0=",
          "dependencies": [
            "data.terraform_remote_state.vpc",
            "module.eks.aws_cloudwatch_log_group.this",
            "module.eks.aws_eks_cluster.this",
            "module.eks.aws_iam_policy.cni_ipv6_policy",
            "module.eks.aws_iam_role.this",
            "module.eks.aws_iam_role_policy_attachment.this",
            "module.eks.aws_security_group.cluster",
            "module.eks.aws_security_group.node",
            "module.eks.aws_security_group_rule.cluster",
            "module.eks.aws_security_group_rule.node",
            "module.eks.data.aws_caller_identity.current",
            "module.eks.data.aws_iam_policy_document.assume_role_policy",
            "module.eks.data.aws_iam_policy_document.cni_ipv6_policy",
            "module.eks.data.aws_iam_session_context.current",
            "module.eks.data.aws_partition.current",
            "module.eks.module.kms.aws_kms_external_key.this",
            "module.eks.module.kms.aws_kms_key.this",
            "module.eks.module.kms.aws_kms_replica_external_key.this",
            "module.eks.module.kms.aws_kms_replica_key.this",
            "module.eks.module.kms.data.aws_caller_identity.current",
            "module.eks.module.kms.data.aws_iam_policy_document.this",
            "module.eks.module.kms.data.aws_partition.current"
          ]
        }
      ]
    },
    {
      "module": "module.eks",
      "mode": "managed",
      "type": "aws_eks_access_policy_association",
      "name": "this",
      "provider": "provider[\"registry.terraform.io/hashicorp/aws\"]",
      "instances": [
        {
          "index_key": "cluster_creator_admin",
          "schema_version": 0,
          "attributes": {
            "access_scope": [
              {
                "namespaces": null,
                "type": "cluster"
              }
            ],
            "associated_at": "2024-09-27 14:21:06.144 +0000 UTC",
            "cluster_name": "demo-cluster",
            "id": "demo-cluster#arn:aws:iam::132172135366:user/k8suser#arn:aws:eks::aws:cluster-access-policy/AmazonEKSClusterAdminPolicy",
            "modified_at": "2024-09-27 14:21:06.144 +0000 UTC",
            "policy_arn": "arn:aws:eks::aws:cluster-access-policy/AmazonEKSClusterAdminPolicy",
            "principal_arn": "arn:aws:iam::132172135366:user/k8suser",
            "timeouts": null
          },
          "sensitive_attributes": [],
          "private": "eyJlMmJmYjczMC1lY2FhLTExZTYtOGY4OC0zNDM2M2JjN2M0YzAiOnsiY3JlYXRlIjo2MDAwMDAwMDAwMDAsImRlbGV0ZSI6NjAwMDAwMDAwMDAwfX0=",
          "dependencies": [
            "data.terraform_remote_state.vpc",
            "module.eks.aws_cloudwatch_log_group.this",
            "module.eks.aws_eks_access_entry.this",
            "module.eks.aws_eks_cluster.this",
            "module.eks.aws_iam_policy.cni_ipv6_policy",
            "module.eks.aws_iam_role.this",
            "module.eks.aws_iam_role_policy_attachment.this",
            "module.eks.aws_security_group.cluster",
            "module.eks.aws_security_group.node",
            "module.eks.aws_security_group_rule.cluster",
            "module.eks.aws_security_group_rule.node",
            "module.eks.data.aws_caller_identity.current",
            "module.eks.data.aws_iam_policy_document.assume_role_policy",
            "module.eks.data.aws_iam_policy_document.cni_ipv6_policy",
            "module.eks.data.aws_iam_session_context.current",
            "module.eks.data.aws_partition.current",
            "module.eks.module.kms.aws_kms_external_key.this",
            "module.eks.module.kms.aws_kms_key.this",
            "module.eks.module.kms.aws_kms_replica_external_key.this",
            "module.eks.module.kms.aws_kms_replica_key.this",
            "module.eks.module.kms.data.aws_caller_identity.current",
            "module.eks.module.kms.data.aws_iam_policy_document.this",
            "module.eks.module.kms.data.aws_partition.current"
          ]
        }
      ]
    },
    {
      "module": "module.eks",
      "mode": "managed",
      "type": "aws_eks_cluster",
      "name": "this",
      "provider": "provider[\"registry.terraform.io/hashicorp/aws\"]",
      "instances": [
        {
          "index_key": 0,
          "schema_version": 1,
          "attributes": {
            "access_config": [
              {
                "authentication_mode": "API_AND_CONFIG_MAP",
                "bootstrap_cluster_creator_admin_permissions": false
              }
            ],
            "arn": "arn:aws:eks:us-east-1:132172135366:cluster/demo-cluster",
            "bootstrap_self_managed_addons": true,
            "certificate_authority": [
              {
                "data": "LS0tLS1CRUdJTiBDRVJUSUZJQ0FURS0tLS0tCk1JSURCVENDQWUyZ0F3SUJBZ0lJU2k4KzB3ZXFhbjB3RFFZSktvWklodmNOQVFFTEJRQXdGVEVUTUJFR0ExVUUKQXhNS2EzVmlaWEp1WlhSbGN6QWVGdzB5TkRBNU1qY3hOREV4TURCYUZ3MHpOREE1TWpVeE5ERTJNREJhTUJVeApFekFSQmdOVkJBTVRDbXQxWW1WeWJtVjBaWE13Z2dFaU1BMEdDU3FHU0liM0RRRUJBUVVBQTRJQkR3QXdnZ0VLCkFvSUJBUURRZHZHczFMdm9sTXk1WHQzUFBQejJQMHEyTVFMLzl5Q09yS2szWWc2MFhlYVdJTUJOMmpFNEhBcDMKS014UUJYeFBDbEJaeXF6VmFVa1h2dk1nMTRUc3oyR0UvQWMwb1pKUWFEUHc0WDRabDA4NUdHWDN4MDVIVzUxMgplUUs1NE90ODhXRWZrcTMyQjJtZEgyTHJKcTR3cGxNMmdTTm5xNzNTUGhqY1Z0aEJVbExZSXVOM0NGeFp1dGFMCk9GVktyazVXTDMveTFpdkxBZXR5bWdiNU8xT25xekxXTTVacEZlOWZnaVJzdzlqejFUSEZmR3RqOTVhM0ZMYjMKMVJpeGs2NnZtdW8ram5NQmFjdkl0ZzdzRXlOTTBBd3pEUWRXUytuK0FsMFV5UDRFTElTRWNINDBucTN1WWgwNApaWTZXa3BDRnJhL255UTQ0VHZKSHdsN1Fyb290QWdNQkFBR2pXVEJYTUE0R0ExVWREd0VCL3dRRUF3SUNwREFQCkJnTlZIUk1CQWY4RUJUQURBUUgvTUIwR0ExVWREZ1FXQkJRbjNROGkvU1lzd2NkYUVRMmpBK3lYVEpCVWh6QVYKQmdOVkhSRUVEakFNZ2dwcmRXSmxjbTVsZEdWek1BMEdDU3FHU0liM0RRRUJDd1VBQTRJQkFRQi9Wci8rcERtTgpuRjhxWm1FajhRUWhJa05STE5WQ2RGdi9heVBuVVI0ekc3REkvbUEzRkFZK25naG1qdkhLaEk1Rlc0TW9qTEZZCmp6blFmZjlGMmo1VnBRVHZMcHE4aEVjcjhWVXJWTVJOZlFiOTF6Wm5kR0RGbVU0T1QwR0cyUjZEbDhpV3RLUE0KTERQTHdTY3ZJQkNRV0FGUW5rcW83dmQvN1FkQ1UybFdxaEErc3hIcVlyenBRT2NIVWViWnhQZHM5VXVZdlRYSgpMRWJ5bXVrMUJoUlJEZWl1ZS9DSWErRktkaTdmcHVoN29mem9Wd3JJa3ZGR0cyRlo4WW1VR0ZlYStFVE5NZ0lxCjBJMHZ6N1JqS1dUbmpxckxYWDZ3ZEZCRUZVenNVYmZFMmpQR3YyR1IrUDc0ZkZlbTBCK0dNS2hOOXNzZUVPNzIKdHFxd1N1YlJMODNNCi0tLS0tRU5EIENFUlRJRklDQVRFLS0tLS0K"
              }
            ],
            "cluster_id": null,
            "created_at": "2024-09-27T14:10:55Z",
            "enabled_cluster_log_types": [
              "api",
              "audit",
              "authenticator"
            ],
            "encryption_config": [],
            "endpoint": "https://C214564F07C4499327C489211FB10CD7.gr7.us-east-1.eks.amazonaws.com",
            "id": "demo-cluster",
            "identity": [
              {
                "oidc": [
                  {
                    "issuer": "https://oidc.eks.us-east-1.amazonaws.com/id/C214564F07C4499327C489211FB10CD7"
                  }
                ]
              }
            ],
            "kubernetes_network_config": [
              {
                "ip_family": "ipv4",
                "service_ipv4_cidr": "172.20.0.0/16",
                "service_ipv6_cidr": ""
              }
            ],
            "name": "demo-cluster",
            "outpost_config": [],
            "platform_version": "eks.13",
            "role_arn": "arn:aws:iam::132172135366:role/demo-cluster-cluster-20240927141042520200000002",
            "status": "ACTIVE",
            "tags": {
              "DevtedsOrg": "Devteds Courses",
              "DevtedsStack": "demo-cluster",
              "DevtedsStackName": "EKS",
              "kubernetes.io/cluster/demo-cluster": "shared",
              "terraform-aws-modules": "eks"
            },
            "tags_all": {
              "DevtedsOrg": "Devteds Courses",
              "DevtedsStack": "demo-cluster",
              "DevtedsStackName": "EKS",
              "kubernetes.io/cluster/demo-cluster": "shared",
              "terraform-aws-modules": "eks"
            },
            "timeouts": {
              "create": null,
              "delete": null,
              "update": null
            },
            "upgrade_policy": [
              {
                "support_type": "EXTENDED"
              }
            ],
            "version": "1.29",
            "vpc_config": [
              {
                "cluster_security_group_id": "sg-0b2398ab48f5d410e",
                "endpoint_private_access": true,
                "endpoint_public_access": true,
                "public_access_cidrs": [
                  "0.0.0.0/0"
                ],
                "security_group_ids": [
                  "sg-0e59cc9ceb82e5204"
                ],
                "subnet_ids": [
                  "subnet-022dcf730bef4d656",
                  "subnet-036274ccd61917c05",
                  "subnet-0dd1cdb24edd853b7"
                ],
                "vpc_id": "vpc-035c492194e750af4"
              }
            ]
          },
          "sensitive_attributes": [],
          "private": "eyJlMmJmYjczMC1lY2FhLTExZTYtOGY4OC0zNDM2M2JjN2M0YzAiOnsiY3JlYXRlIjoxODAwMDAwMDAwMDAwLCJkZWxldGUiOjkwMDAwMDAwMDAwMCwidXBkYXRlIjozNjAwMDAwMDAwMDAwfSwic2NoZW1hX3ZlcnNpb24iOiIxIn0=",
          "dependencies": [
            "data.terraform_remote_state.vpc",
            "module.eks.aws_cloudwatch_log_group.this",
            "module.eks.aws_iam_policy.cni_ipv6_policy",
            "module.eks.aws_iam_role.this",
            "module.eks.aws_iam_role_policy_attachment.this",
            "module.eks.aws_security_group.cluster",
            "module.eks.aws_security_group.node",
            "module.eks.aws_security_group_rule.cluster",
            "module.eks.aws_security_group_rule.node",
            "module.eks.data.aws_caller_identity.current",
            "module.eks.data.aws_iam_policy_document.assume_role_policy",
            "module.eks.data.aws_iam_policy_document.cni_ipv6_policy",
            "module.eks.data.aws_iam_session_context.current",
            "module.eks.data.aws_partition.current",
            "module.eks.module.kms.aws_kms_external_key.this",
            "module.eks.module.kms.aws_kms_key.this",
            "module.eks.module.kms.aws_kms_replica_external_key.this",
            "module.eks.module.kms.aws_kms_replica_key.this",
            "module.eks.module.kms.data.aws_caller_identity.current",
            "module.eks.module.kms.data.aws_iam_policy_document.this",
            "module.eks.module.kms.data.aws_partition.current"
          ],
          "create_before_destroy": true
        }
      ]
    },
    {
      "module": "module.eks",
      "mode": "managed",
      "type": "aws_iam_openid_connect_provider",
      "name": "oidc_provider",
      "provider": "provider[\"registry.terraform.io/hashicorp/aws\"]",
      "instances": [
        {
          "index_key": 0,
          "schema_version": 0,
          "attributes": {
            "arn": "arn:aws:iam::132172135366:oidc-provider/oidc.eks.us-east-1.amazonaws.com/id/C214564F07C4499327C489211FB10CD7",
            "client_id_list": [
              "sts.amazonaws.com"
            ],
            "id": "arn:aws:iam::132172135366:oidc-provider/oidc.eks.us-east-1.amazonaws.com/id/C214564F07C4499327C489211FB10CD7",
            "tags": {
              "DevtedsOrg": "Devteds Courses",
              "DevtedsStack": "demo-cluster",
              "DevtedsStackName": "EKS",
              "Name": "demo-cluster-eks-irsa",
              "kubernetes.io/cluster/demo-cluster": "shared"
            },
            "tags_all": {
              "DevtedsOrg": "Devteds Courses",
              "DevtedsStack": "demo-cluster",
              "DevtedsStackName": "EKS",
              "Name": "demo-cluster-eks-irsa",
              "kubernetes.io/cluster/demo-cluster": "shared"
            },
            "thumbprint_list": [
              "9e99a48a9960b14926bb7f3b02e22da2b0ab7280"
            ],
            "url": "oidc.eks.us-east-1.amazonaws.com/id/C214564F07C4499327C489211FB10CD7"
          },
          "sensitive_attributes": [],
          "private": "bnVsbA==",
          "dependencies": [
            "data.terraform_remote_state.vpc",
            "module.eks.aws_cloudwatch_log_group.this",
            "module.eks.aws_eks_cluster.this",
            "module.eks.aws_iam_policy.cni_ipv6_policy",
            "module.eks.aws_iam_role.this",
            "module.eks.aws_iam_role_policy_attachment.this",
            "module.eks.aws_security_group.cluster",
            "module.eks.aws_security_group.node",
            "module.eks.aws_security_group_rule.cluster",
            "module.eks.aws_security_group_rule.node",
            "module.eks.data.aws_caller_identity.current",
            "module.eks.data.aws_iam_policy_document.assume_role_policy",
            "module.eks.data.aws_iam_policy_document.cni_ipv6_policy",
            "module.eks.data.aws_iam_session_context.current",
            "module.eks.data.aws_partition.current",
            "module.eks.data.tls_certificate.this",
            "module.eks.module.kms.aws_kms_external_key.this",
            "module.eks.module.kms.aws_kms_key.this",
            "module.eks.module.kms.aws_kms_replica_external_key.this",
            "module.eks.module.kms.aws_kms_replica_key.this",
            "module.eks.module.kms.data.aws_caller_identity.current",
            "module.eks.module.kms.data.aws_iam_policy_document.this",
            "module.eks.module.kms.data.aws_partition.current"
          ]
        }
      ]
    },
    {
      "module": "module.eks",
      "mode": "managed",
      "type": "aws_iam_role",
      "name": "this",
      "provider": "provider[\"registry.terraform.io/hashicorp/aws\"]",
      "instances": [
        {
          "index_key": 0,
          "schema_version": 0,
          "attributes": {
            "arn": "arn:aws:iam::132172135366:role/demo-cluster-cluster-20240927141042520200000002",
            "assume_role_policy": "{\"Statement\":[{\"Action\":\"sts:AssumeRole\",\"Effect\":\"Allow\",\"Principal\":{\"Service\":\"eks.amazonaws.com\"},\"Sid\":\"EKSClusterAssumeRole\"}],\"Version\":\"2012-10-17\"}",
            "create_date": "2024-09-27T14:10:42Z",
            "description": "",
            "force_detach_policies": true,
            "id": "demo-cluster-cluster-20240927141042520200000002",
            "inline_policy": [
              {
                "name": "demo-cluster-cluster",
                "policy": "{\"Version\":\"2012-10-17\",\"Statement\":[{\"Action\":[\"logs:CreateLogGroup\"],\"Effect\":\"Deny\",\"Resource\":\"*\"}]}"
              }
            ],
            "managed_policy_arns": [],
            "max_session_duration": 3600,
            "name": "demo-cluster-cluster-20240927141042520200000002",
            "name_prefix": "demo-cluster-cluster-",
            "path": "/",
            "permissions_boundary": "",
            "tags": {
              "DevtedsOrg": "Devteds Courses",
              "DevtedsStack": "demo-cluster",
              "DevtedsStackName": "EKS",
              "kubernetes.io/cluster/demo-cluster": "shared"
            },
            "tags_all": {
              "DevtedsOrg": "Devteds Courses",
              "DevtedsStack": "demo-cluster",
              "DevtedsStackName": "EKS",
              "kubernetes.io/cluster/demo-cluster": "shared"
            },
            "unique_id": "AROAR5RQSXPDBPMN7D4CU"
          },
          "sensitive_attributes": [],
          "private": "bnVsbA==",
          "dependencies": [
            "module.eks.data.aws_iam_policy_document.assume_role_policy"
          ],
          "create_before_destroy": true
        }
      ]
    },
    {
      "module": "module.eks",
      "mode": "managed",
      "type": "aws_iam_role_policy_attachment",
      "name": "this",
      "provider": "provider[\"registry.terraform.io/hashicorp/aws\"]",
      "instances": [
        {
          "index_key": "AmazonEKSClusterPolicy",
          "schema_version": 0,
          "attributes": {
            "id": "demo-cluster-cluster-20240927141042520200000002-20240927141044001900000009",
            "policy_arn": "arn:aws:iam::aws:policy/AmazonEKSClusterPolicy",
            "role": "demo-cluster-cluster-20240927141042520200000002"
          },
          "sensitive_attributes": [],
          "private": "bnVsbA==",
          "dependencies": [
            "module.eks.aws_iam_role.this",
            "module.eks.data.aws_iam_policy_document.assume_role_policy",
            "module.eks.data.aws_partition.current"
          ],
          "create_before_destroy": true
        },
        {
          "index_key": "AmazonEKSVPCResourceController",
          "schema_version": 0,
          "attributes": {
            "id": "demo-cluster-cluster-20240927141042520200000002-2024092714104425460000000a",
            "policy_arn": "arn:aws:iam::aws:policy/AmazonEKSVPCResourceController",
            "role": "demo-cluster-cluster-20240927141042520200000002"
          },
          "sensitive_attributes": [],
          "private": "bnVsbA==",
          "dependencies": [
            "module.eks.aws_iam_role.this",
            "module.eks.data.aws_iam_policy_document.assume_role_policy",
            "module.eks.data.aws_partition.current"
          ],
          "create_before_destroy": true
        }
      ]
    },
    {
      "module": "module.eks",
      "mode": "managed",
      "type": "aws_security_group",
      "name": "cluster",
      "provider": "provider[\"registry.terraform.io/hashicorp/aws\"]",
      "instances": [
        {
          "index_key": 0,
          "schema_version": 1,
          "attributes": {
            "arn": "arn:aws:ec2:us-east-1:132172135366:security-group/sg-0e59cc9ceb82e5204",
            "description": "EKS cluster security group",
            "egress": [],
            "id": "sg-0e59cc9ceb82e5204",
            "ingress": [],
            "name": "demo-cluster-cluster-20240927141042543200000004",
            "name_prefix": "demo-cluster-cluster-",
            "owner_id": "132172135366",
            "revoke_rules_on_delete": false,
            "tags": {
              "DevtedsOrg": "Devteds Courses",
              "DevtedsStack": "demo-cluster",
              "DevtedsStackName": "EKS",
              "Name": "demo-cluster-cluster",
              "kubernetes.io/cluster/demo-cluster": "shared"
            },
            "tags_all": {
              "DevtedsOrg": "Devteds Courses",
              "DevtedsStack": "demo-cluster",
              "DevtedsStackName": "EKS",
              "Name": "demo-cluster-cluster",
              "kubernetes.io/cluster/demo-cluster": "shared"
            },
            "timeouts": null,
            "vpc_id": "vpc-035c492194e750af4"
          },
          "sensitive_attributes": [],
          "private": "eyJlMmJmYjczMC1lY2FhLTExZTYtOGY4OC0zNDM2M2JjN2M0YzAiOnsiY3JlYXRlIjo2MDAwMDAwMDAwMDAsImRlbGV0ZSI6OTAwMDAwMDAwMDAwfSwic2NoZW1hX3ZlcnNpb24iOiIxIn0=",
          "dependencies": [
            "data.terraform_remote_state.vpc"
          ],
          "create_before_destroy": true
        }
      ]
    },
    {
      "module": "module.eks",
      "mode": "managed",
      "type": "aws_security_group",
      "name": "node",
      "provider": "provider[\"registry.terraform.io/hashicorp/aws\"]",
      "instances": [
        {
          "index_key": 0,
          "schema_version": 1,
          "attributes": {
            "arn": "arn:aws:ec2:us-east-1:132172135366:security-group/sg-0ba0fe82f173c20a7",
            "description": "EKS node shared security group",
            "egress": [],
            "id": "sg-0ba0fe82f173c20a7",
            "ingress": [],
            "name": "demo-cluster-node-20240927141042535200000003",
            "name_prefix": "demo-cluster-node-",
            "owner_id": "132172135366",
            "revoke_rules_on_delete": false,
            "tags": {
              "DevtedsOrg": "Devteds Courses",
              "DevtedsStack": "demo-cluster",
              "DevtedsStackName": "EKS",
              "Name": "demo-cluster-node",
              "kubernetes.io/cluster/demo-cluster": "owned"
            },
            "tags_all": {
              "DevtedsOrg": "Devteds Courses",
              "DevtedsStack": "demo-cluster",
              "DevtedsStackName": "EKS",
              "Name": "demo-cluster-node",
              "kubernetes.io/cluster/demo-cluster": "owned"
            },
            "timeouts": null,
            "vpc_id": "vpc-035c492194e750af4"
          },
          "sensitive_attributes": [],
          "private": "eyJlMmJmYjczMC1lY2FhLTExZTYtOGY4OC0zNDM2M2JjN2M0YzAiOnsiY3JlYXRlIjo2MDAwMDAwMDAwMDAsImRlbGV0ZSI6OTAwMDAwMDAwMDAwfSwic2NoZW1hX3ZlcnNpb24iOiIxIn0=",
          "dependencies": [
            "data.terraform_remote_state.vpc"
          ],
          "create_before_destroy": true
        }
      ]
    },
    {
      "module": "module.eks",
      "mode": "managed",
      "type": "aws_security_group_rule",
      "name": "cluster",
      "provider": "provider[\"registry.terraform.io/hashicorp/aws\"]",
      "instances": [
        {
          "index_key": "ingress_nodes_443",
          "schema_version": 2,
          "attributes": {
            "cidr_blocks": null,
            "description": "Node groups to cluster API",
            "from_port": 443,
            "id": "sgrule-2704870101",
            "ipv6_cidr_blocks": null,
            "prefix_list_ids": null,
            "protocol": "tcp",
            "security_group_id": "sg-0e59cc9ceb82e5204",
            "security_group_rule_id": "sgr-0ea92cb7714b8ead7",
            "self": false,
            "source_security_group_id": "sg-0ba0fe82f173c20a7",
            "timeouts": null,
            "to_port": 443,
            "type": "ingress"
          },
          "sensitive_attributes": [],
          "private": "eyJlMmJmYjczMC1lY2FhLTExZTYtOGY4OC0zNDM2M2JjN2M0YzAiOnsiY3JlYXRlIjozMDAwMDAwMDAwMDB9LCJzY2hlbWFfdmVyc2lvbiI6IjIifQ==",
          "dependencies": [
            "data.terraform_remote_state.vpc",
            "module.eks.aws_security_group.cluster",
            "module.eks.aws_security_group.node"
          ],
          "create_before_destroy": true
        }
      ]
    },
    {
      "module": "module.eks",
      "mode": "managed",
      "type": "aws_security_group_rule",
      "name": "node",
      "provider": "provider[\"registry.terraform.io/hashicorp/aws\"]",
      "instances": [
        {
          "index_key": "egress_all",
          "schema_version": 2,
          "attributes": {
            "cidr_blocks": [
              "0.0.0.0/0"
            ],
            "description": "Allow all egress",
            "from_port": 0,
            "id": "sgrule-1888956985",
            "ipv6_cidr_blocks": null,
            "prefix_list_ids": [],
            "protocol": "-1",
            "security_group_id": "sg-0ba0fe82f173c20a7",
            "security_group_rule_id": "sgr-00ee6713516a5a789",
            "self": false,
            "source_security_group_id": null,
            "timeouts": null,
            "to_port": 0,
            "type": "egress"
          },
          "sensitive_attributes": [],
          "private": "eyJlMmJmYjczMC1lY2FhLTExZTYtOGY4OC0zNDM2M2JjN2M0YzAiOnsiY3JlYXRlIjozMDAwMDAwMDAwMDB9LCJzY2hlbWFfdmVyc2lvbiI6IjIifQ==",
          "dependencies": [
            "data.terraform_remote_state.vpc",
            "module.eks.aws_security_group.cluster",
            "module.eks.aws_security_group.node"
          ],
          "create_before_destroy": true
        },
        {
          "index_key": "ingress_cluster_443",
          "schema_version": 2,
          "attributes": {
            "cidr_blocks": null,
            "description": "Cluster API to node groups",
            "from_port": 443,
            "id": "sgrule-2207959124",
            "ipv6_cidr_blocks": null,
            "prefix_list_ids": [],
            "protocol": "tcp",
            "security_group_id": "sg-0ba0fe82f173c20a7",
            "security_group_rule_id": "sgr-0a80ef0b45ae8f8d6",
            "self": false,
            "source_security_group_id": "sg-0e59cc9ceb82e5204",
            "timeouts": null,
            "to_port": 443,
            "type": "ingress"
          },
          "sensitive_attributes": [],
          "private": "eyJlMmJmYjczMC1lY2FhLTExZTYtOGY4OC0zNDM2M2JjN2M0YzAiOnsiY3JlYXRlIjozMDAwMDAwMDAwMDB9LCJzY2hlbWFfdmVyc2lvbiI6IjIifQ==",
          "dependencies": [
            "data.terraform_remote_state.vpc",
            "module.eks.aws_security_group.cluster",
            "module.eks.aws_security_group.node"
          ],
          "create_before_destroy": true
        },
        {
          "index_key": "ingress_cluster_4443_webhook",
          "schema_version": 2,
          "attributes": {
            "cidr_blocks": null,
            "description": "Cluster API to node 4443/tcp webhook",
            "from_port": 4443,
            "id": "sgrule-4221456042",
            "ipv6_cidr_blocks": null,
            "prefix_list_ids": [],
            "protocol": "tcp",
            "security_group_id": "sg-0ba0fe82f173c20a7",
            "security_group_rule_id": "sgr-0139ecff7e586d633",
            "self": false,
            "source_security_group_id": "sg-0e59cc9ceb82e5204",
            "timeouts": null,
            "to_port": 4443,
            "type": "ingress"
          },
          "sensitive_attributes": [],
          "private": "eyJlMmJmYjczMC1lY2FhLTExZTYtOGY4OC0zNDM2M2JjN2M0YzAiOnsiY3JlYXRlIjozMDAwMDAwMDAwMDB9LCJzY2hlbWFfdmVyc2lvbiI6IjIifQ==",
          "dependencies": [
            "data.terraform_remote_state.vpc",
            "module.eks.aws_security_group.cluster",
            "module.eks.aws_security_group.node"
          ],
          "create_before_destroy": true
        },
        {
          "index_key": "ingress_cluster_6443_webhook",
          "schema_version": 2,
          "attributes": {
            "cidr_blocks": null,
            "description": "Cluster API to node 6443/tcp webhook",
            "from_port": 6443,
            "id": "sgrule-853289276",
            "ipv6_cidr_blocks": null,
            "prefix_list_ids": [],
            "protocol": "tcp",
            "security_group_id": "sg-0ba0fe82f173c20a7",
            "security_group_rule_id": "sgr-0aa7bf08683428215",
            "self": false,
            "source_security_group_id": "sg-0e59cc9ceb82e5204",
            "timeouts": null,
            "to_port": 6443,
            "type": "ingress"
          },
          "sensitive_attributes": [],
          "private": "eyJlMmJmYjczMC1lY2FhLTExZTYtOGY4OC0zNDM2M2JjN2M0YzAiOnsiY3JlYXRlIjozMDAwMDAwMDAwMDB9LCJzY2hlbWFfdmVyc2lvbiI6IjIifQ==",
          "dependencies": [
            "data.terraform_remote_state.vpc",
            "module.eks.aws_security_group.cluster",
            "module.eks.aws_security_group.node"
          ],
          "create_before_destroy": true
        },
        {
          "index_key": "ingress_cluster_8443_webhook",
          "schema_version": 2,
          "attributes": {
            "cidr_blocks": null,
            "description": "Cluster API to node 8443/tcp webhook",
            "from_port": 8443,
            "id": "sgrule-562042141",
            "ipv6_cidr_blocks": null,
            "prefix_list_ids": [],
            "protocol": "tcp",
            "security_group_id": "sg-0ba0fe82f173c20a7",
            "security_group_rule_id": "sgr-0a368c3a6d2042f63",
            "self": false,
            "source_security_group_id": "sg-0e59cc9ceb82e5204",
            "timeouts": null,
            "to_port": 8443,
            "type": "ingress"
          },
          "sensitive_attributes": [],
          "private": "eyJlMmJmYjczMC1lY2FhLTExZTYtOGY4OC0zNDM2M2JjN2M0YzAiOnsiY3JlYXRlIjozMDAwMDAwMDAwMDB9LCJzY2hlbWFfdmVyc2lvbiI6IjIifQ==",
          "dependencies": [
            "data.terraform_remote_state.vpc",
            "module.eks.aws_security_group.cluster",
            "module.eks.aws_security_group.node"
          ],
          "create_before_destroy": true
        },
        {
          "index_key": "ingress_cluster_9443_webhook",
          "schema_version": 2,
          "attributes": {
            "cidr_blocks": null,
            "description": "Cluster API to node 9443/tcp webhook",
            "from_port": 9443,
            "id": "sgrule-1159800534",
            "ipv6_cidr_blocks": null,
            "prefix_list_ids": [],
            "protocol": "tcp",
            "security_group_id": "sg-0ba0fe82f173c20a7",
            "security_group_rule_id": "sgr-0bac159baef076dc2",
            "self": false,
            "source_security_group_id": "sg-0e59cc9ceb82e5204",
            "timeouts": null,
            "to_port": 9443,
            "type": "ingress"
          },
          "sensitive_attributes": [],
          "private": "eyJlMmJmYjczMC1lY2FhLTExZTYtOGY4OC0zNDM2M2JjN2M0YzAiOnsiY3JlYXRlIjozMDAwMDAwMDAwMDB9LCJzY2hlbWFfdmVyc2lvbiI6IjIifQ==",
          "dependencies": [
            "data.terraform_remote_state.vpc",
            "module.eks.aws_security_group.cluster",
            "module.eks.aws_security_group.node"
          ],
          "create_before_destroy": true
        },
        {
          "index_key": "ingress_cluster_kubelet",
          "schema_version": 2,
          "attributes": {
            "cidr_blocks": null,
            "description": "Cluster API to node kubelets",
            "from_port": 10250,
            "id": "sgrule-3457944326",
            "ipv6_cidr_blocks": null,
            "prefix_list_ids": [],
            "protocol": "tcp",
            "security_group_id": "sg-0ba0fe82f173c20a7",
            "security_group_rule_id": "sgr-090902470ceaa6ebe",
            "self": false,
            "source_security_group_id": "sg-0e59cc9ceb82e5204",
            "timeouts": null,
            "to_port": 10250,
            "type": "ingress"
          },
          "sensitive_attributes": [],
          "private": "eyJlMmJmYjczMC1lY2FhLTExZTYtOGY4OC0zNDM2M2JjN2M0YzAiOnsiY3JlYXRlIjozMDAwMDAwMDAwMDB9LCJzY2hlbWFfdmVyc2lvbiI6IjIifQ==",
          "dependencies": [
            "data.terraform_remote_state.vpc",
            "module.eks.aws_security_group.cluster",
            "module.eks.aws_security_group.node"
          ],
          "create_before_destroy": true
        },
        {
          "index_key": "ingress_nodes_ephemeral",
          "schema_version": 2,
          "attributes": {
            "cidr_blocks": null,
            "description": "Node to node ingress on ephemeral ports",
            "from_port": 1025,
            "id": "sgrule-2940486836",
            "ipv6_cidr_blocks": null,
            "prefix_list_ids": [],
            "protocol": "tcp",
            "security_group_id": "sg-0ba0fe82f173c20a7",
            "security_group_rule_id": "sgr-0cc85b893687cbad9",
            "self": true,
            "source_security_group_id": null,
            "timeouts": null,
            "to_port": 65535,
            "type": "ingress"
          },
          "sensitive_attributes": [],
          "private": "eyJlMmJmYjczMC1lY2FhLTExZTYtOGY4OC0zNDM2M2JjN2M0YzAiOnsiY3JlYXRlIjozMDAwMDAwMDAwMDB9LCJzY2hlbWFfdmVyc2lvbiI6IjIifQ==",
          "dependencies": [
            "data.terraform_remote_state.vpc",
            "module.eks.aws_security_group.cluster",
            "module.eks.aws_security_group.node"
          ],
          "create_before_destroy": true
        },
        {
          "index_key": "ingress_self_coredns_tcp",
          "schema_version": 2,
          "attributes": {
            "cidr_blocks": null,
            "description": "Node to node CoreDNS",
            "from_port": 53,
            "id": "sgrule-4195148611",
            "ipv6_cidr_blocks": null,
            "prefix_list_ids": [],
            "protocol": "tcp",
            "security_group_id": "sg-0ba0fe82f173c20a7",
            "security_group_rule_id": "sgr-0a7eb9d031fbf704c",
            "self": true,
            "source_security_group_id": null,
            "timeouts": null,
            "to_port": 53,
            "type": "ingress"
          },
          "sensitive_attributes": [],
          "private": "eyJlMmJmYjczMC1lY2FhLTExZTYtOGY4OC0zNDM2M2JjN2M0YzAiOnsiY3JlYXRlIjozMDAwMDAwMDAwMDB9LCJzY2hlbWFfdmVyc2lvbiI6IjIifQ==",
          "dependencies": [
            "data.terraform_remote_state.vpc",
            "module.eks.aws_security_group.cluster",
            "module.eks.aws_security_group.node"
          ],
          "create_before_destroy": true
        },
        {
          "index_key": "ingress_self_coredns_udp",
          "schema_version": 2,
          "attributes": {
            "cidr_blocks": null,
            "description": "Node to node CoreDNS UDP",
            "from_port": 53,
            "id": "sgrule-1582514348",
            "ipv6_cidr_blocks": null,
            "prefix_list_ids": [],
            "protocol": "udp",
            "security_group_id": "sg-0ba0fe82f173c20a7",
            "security_group_rule_id": "sgr-0a31490251cef08d8",
            "self": true,
            "source_security_group_id": null,
            "timeouts": null,
            "to_port": 53,
            "type": "ingress"
          },
          "sensitive_attributes": [],
          "private": "eyJlMmJmYjczMC1lY2FhLTExZTYtOGY4OC0zNDM2M2JjN2M0YzAiOnsiY3JlYXRlIjozMDAwMDAwMDAwMDB9LCJzY2hlbWFfdmVyc2lvbiI6IjIifQ==",
          "dependencies": [
            "data.terraform_remote_state.vpc",
            "module.eks.aws_security_group.cluster",
            "module.eks.aws_security_group.node"
          ],
          "create_before_destroy": true
        }
      ]
    },
    {
      "module": "module.eks",
      "mode": "managed",
      "type": "time_sleep",
      "name": "this",
      "provider": "provider[\"registry.terraform.io/hashicorp/time\"]",
      "instances": [
        {
          "index_key": 0,
          "schema_version": 0,
          "attributes": {
            "create_duration": "30s",
            "destroy_duration": null,
            "id": "2024-09-27T14:21:34Z",
            "triggers": {
              "cluster_certificate_authority_data": "LS0tLS1CRUdJTiBDRVJUSUZJQ0FURS0tLS0tCk1JSURCVENDQWUyZ0F3SUJBZ0lJU2k4KzB3ZXFhbjB3RFFZSktvWklodmNOQVFFTEJRQXdGVEVUTUJFR0ExVUUKQXhNS2EzVmlaWEp1WlhSbGN6QWVGdzB5TkRBNU1qY3hOREV4TURCYUZ3MHpOREE1TWpVeE5ERTJNREJhTUJVeApFekFSQmdOVkJBTVRDbXQxWW1WeWJtVjBaWE13Z2dFaU1BMEdDU3FHU0liM0RRRUJBUVVBQTRJQkR3QXdnZ0VLCkFvSUJBUURRZHZHczFMdm9sTXk1WHQzUFBQejJQMHEyTVFMLzl5Q09yS2szWWc2MFhlYVdJTUJOMmpFNEhBcDMKS014UUJYeFBDbEJaeXF6VmFVa1h2dk1nMTRUc3oyR0UvQWMwb1pKUWFEUHc0WDRabDA4NUdHWDN4MDVIVzUxMgplUUs1NE90ODhXRWZrcTMyQjJtZEgyTHJKcTR3cGxNMmdTTm5xNzNTUGhqY1Z0aEJVbExZSXVOM0NGeFp1dGFMCk9GVktyazVXTDMveTFpdkxBZXR5bWdiNU8xT25xekxXTTVacEZlOWZnaVJzdzlqejFUSEZmR3RqOTVhM0ZMYjMKMVJpeGs2NnZtdW8ram5NQmFjdkl0ZzdzRXlOTTBBd3pEUWRXUytuK0FsMFV5UDRFTElTRWNINDBucTN1WWgwNApaWTZXa3BDRnJhL255UTQ0VHZKSHdsN1Fyb290QWdNQkFBR2pXVEJYTUE0R0ExVWREd0VCL3dRRUF3SUNwREFQCkJnTlZIUk1CQWY4RUJUQURBUUgvTUIwR0ExVWREZ1FXQkJRbjNROGkvU1lzd2NkYUVRMmpBK3lYVEpCVWh6QVYKQmdOVkhSRUVEakFNZ2dwcmRXSmxjbTVsZEdWek1BMEdDU3FHU0liM0RRRUJDd1VBQTRJQkFRQi9Wci8rcERtTgpuRjhxWm1FajhRUWhJa05STE5WQ2RGdi9heVBuVVI0ekc3REkvbUEzRkFZK25naG1qdkhLaEk1Rlc0TW9qTEZZCmp6blFmZjlGMmo1VnBRVHZMcHE4aEVjcjhWVXJWTVJOZlFiOTF6Wm5kR0RGbVU0T1QwR0cyUjZEbDhpV3RLUE0KTERQTHdTY3ZJQkNRV0FGUW5rcW83dmQvN1FkQ1UybFdxaEErc3hIcVlyenBRT2NIVWViWnhQZHM5VXVZdlRYSgpMRWJ5bXVrMUJoUlJEZWl1ZS9DSWErRktkaTdmcHVoN29mem9Wd3JJa3ZGR0cyRlo4WW1VR0ZlYStFVE5NZ0lxCjBJMHZ6N1JqS1dUbmpxckxYWDZ3ZEZCRUZVenNVYmZFMmpQR3YyR1IrUDc0ZkZlbTBCK0dNS2hOOXNzZUVPNzIKdHFxd1N1YlJMODNNCi0tLS0tRU5EIENFUlRJRklDQVRFLS0tLS0K",
              "cluster_endpoint": "https://C214564F07C4499327C489211FB10CD7.gr7.us-east-1.eks.amazonaws.com",
              "cluster_name": "demo-cluster",
              "cluster_service_cidr": "172.20.0.0/16",
              "cluster_version": "1.29"
            }
          },
          "sensitive_attributes": [],
          "dependencies": [
            "data.terraform_remote_state.vpc",
            "module.eks.aws_cloudwatch_log_group.this",
            "module.eks.aws_eks_cluster.this",
            "module.eks.aws_iam_policy.cni_ipv6_policy",
            "module.eks.aws_iam_role.this",
            "module.eks.aws_iam_role_policy_attachment.this",
            "module.eks.aws_security_group.cluster",
            "module.eks.aws_security_group.node",
            "module.eks.aws_security_group_rule.cluster",
            "module.eks.aws_security_group_rule.node",
            "module.eks.data.aws_caller_identity.current",
            "module.eks.data.aws_iam_policy_document.assume_role_policy",
            "module.eks.data.aws_iam_policy_document.cni_ipv6_policy",
            "module.eks.data.aws_iam_session_context.current",
            "module.eks.data.aws_partition.current",
            "module.eks.module.kms.aws_kms_external_key.this",
            "module.eks.module.kms.aws_kms_key.this",
            "module.eks.module.kms.aws_kms_replica_external_key.this",
            "module.eks.module.kms.aws_kms_replica_key.this",
            "module.eks.module.kms.data.aws_caller_identity.current",
            "module.eks.module.kms.data.aws_iam_policy_document.this",
            "module.eks.module.kms.data.aws_partition.current"
          ],
          "create_before_destroy": true
        }
      ]
    },
    {
      "module": "module.eks.module.eks_managed_node_group[\"default_node_group\"]",
      "mode": "data",
      "type": "aws_caller_identity",
      "name": "current",
      "provider": "provider[\"registry.terraform.io/hashicorp/aws\"]",
      "instances": [
        {
          "schema_version": 0,
          "attributes": {
            "account_id": "132172135366",
            "arn": "arn:aws:iam::132172135366:user/k8suser",
            "id": "132172135366",
            "user_id": "AIDAR5RQSXPDLVB5NXR7O"
          },
          "sensitive_attributes": []
        }
      ]
    },
    {
      "module": "module.eks.module.eks_managed_node_group[\"default_node_group\"]",
      "mode": "data",
      "type": "aws_iam_policy_document",
      "name": "assume_role_policy",
      "provider": "provider[\"registry.terraform.io/hashicorp/aws\"]",
      "instances": [
        {
          "index_key": 0,
          "schema_version": 0,
          "attributes": {
            "id": "2560088296",
            "json": "{\n  \"Version\": \"2012-10-17\",\n  \"Statement\": [\n    {\n      \"Sid\": \"EKSNodeAssumeRole\",\n      \"Effect\": \"Allow\",\n      \"Action\": \"sts:AssumeRole\",\n      \"Principal\": {\n        \"Service\": \"ec2.amazonaws.com\"\n      }\n    }\n  ]\n}",
            "minified_json": "{\"Version\":\"2012-10-17\",\"Statement\":[{\"Sid\":\"EKSNodeAssumeRole\",\"Effect\":\"Allow\",\"Action\":\"sts:AssumeRole\",\"Principal\":{\"Service\":\"ec2.amazonaws.com\"}}]}",
            "override_json": null,
            "override_policy_documents": null,
            "policy_id": null,
            "source_json": null,
            "source_policy_documents": null,
            "statement": [
              {
                "actions": [
                  "sts:AssumeRole"
                ],
                "condition": [],
                "effect": "Allow",
                "not_actions": [],
                "not_principals": [],
                "not_resources": [],
                "principals": [
                  {
                    "identifiers": [
                      "ec2.amazonaws.com"
                    ],
                    "type": "Service"
                  }
                ],
                "resources": [],
                "sid": "EKSNodeAssumeRole"
              }
            ],
            "version": "2012-10-17"
          },
          "sensitive_attributes": []
        }
      ]
    },
    {
      "module": "module.eks.module.eks_managed_node_group[\"default_node_group\"]",
      "mode": "data",
      "type": "aws_partition",
      "name": "current",
      "provider": "provider[\"registry.terraform.io/hashicorp/aws\"]",
      "instances": [
        {
          "schema_version": 0,
          "attributes": {
            "dns_suffix": "amazonaws.com",
            "id": "aws",
            "partition": "aws",
            "reverse_dns_prefix": "com.amazonaws"
          },
          "sensitive_attributes": []
        }
      ]
    },
    {
      "module": "module.eks.module.eks_managed_node_group[\"default_node_group\"]",
      "mode": "managed",
      "type": "aws_eks_node_group",
      "name": "this",
      "provider": "provider[\"registry.terraform.io/hashicorp/aws\"]",
      "instances": [
        {
          "index_key": 0,
          "schema_version": 0,
          "attributes": {
            "ami_type": "AL2_x86_64",
            "arn": "arn:aws:eks:us-east-1:132172135366:nodegroup/demo-cluster/default_node_group-2024092714213494570000000c/64c919ed-e4f0-d590-bc5d-dcf4e64e0bef",
            "capacity_type": "ON_DEMAND",
            "cluster_name": "demo-cluster",
            "disk_size": 50,
            "force_update_version": null,
            "id": "demo-cluster:default_node_group-2024092714213494570000000c",
            "instance_types": [
              "m5.large"
            ],
            "labels": null,
            "launch_template": [],
            "node_group_name": "default_node_group-2024092714213494570000000c",
            "node_group_name_prefix": "default_node_group-",
            "node_role_arn": "arn:aws:iam::132172135366:role/default_node_group-eks-node-group-20240927141042515200000001",
            "release_version": "1.29.8-20240924",
            "remote_access": [],
            "resources": [
              {
                "autoscaling_groups": [
                  {
                    "name": "eks-default_node_group-2024092714213494570000000c-64c919ed-e4f0-d590-bc5d-dcf4e64e0bef"
                  }
                ],
                "remote_access_security_group_id": ""
              }
            ],
            "scaling_config": [
              {
                "desired_size": 2,
                "max_size": 3,
                "min_size": 1
              }
            ],
            "status": "ACTIVE",
            "subnet_ids": [
              "subnet-007f0a94bdb46938b",
              "subnet-02516e59bf733e756",
              "subnet-0f8074e7d7ead9b11"
            ],
            "tags": {
              "DevtedsOrg": "Devteds Courses",
              "DevtedsStack": "demo-cluster",
              "DevtedsStackName": "EKS",
              "Name": "default_node_group",
              "kubernetes.io/cluster/demo-cluster": "shared"
            },
            "tags_all": {
              "DevtedsOrg": "Devteds Courses",
              "DevtedsStack": "demo-cluster",
              "DevtedsStackName": "EKS",
              "Name": "default_node_group",
              "kubernetes.io/cluster/demo-cluster": "shared"
            },
            "taint": [],
            "timeouts": {
              "create": null,
              "delete": null,
              "update": null
            },
            "update_config": [
              {
                "max_unavailable": 0,
                "max_unavailable_percentage": 33
              }
            ],
            "version": "1.29"
          },
          "sensitive_attributes": [],
          "private": "eyJlMmJmYjczMC1lY2FhLTExZTYtOGY4OC0zNDM2M2JjN2M0YzAiOnsiY3JlYXRlIjozNjAwMDAwMDAwMDAwLCJkZWxldGUiOjM2MDAwMDAwMDAwMDAsInVwZGF0ZSI6MzYwMDAwMDAwMDAwMH19",
          "dependencies": [
            "data.terraform_remote_state.vpc",
            "module.eks.aws_cloudwatch_log_group.this",
            "module.eks.aws_eks_cluster.this",
            "module.eks.aws_iam_policy.cni_ipv6_policy",
            "module.eks.aws_iam_role.this",
            "module.eks.aws_iam_role_policy_attachment.this",
            "module.eks.aws_security_group.cluster",
            "module.eks.aws_security_group.node",
            "module.eks.aws_security_group_rule.cluster",
            "module.eks.aws_security_group_rule.node",
            "module.eks.data.aws_caller_identity.current",
            "module.eks.data.aws_iam_policy_document.assume_role_policy",
            "module.eks.data.aws_iam_policy_document.cni_ipv6_policy",
            "module.eks.data.aws_iam_session_context.current",
            "module.eks.data.aws_partition.current",
            "module.eks.module.eks_managed_node_group.aws_iam_role.this",
            "module.eks.module.eks_managed_node_group.aws_iam_role_policy_attachment.this",
            "module.eks.module.eks_managed_node_group.aws_launch_template.this",
            "module.eks.module.eks_managed_node_group.aws_placement_group.this",
            "module.eks.module.eks_managed_node_group.data.aws_caller_identity.current",
            "module.eks.module.eks_managed_node_group.data.aws_ec2_instance_type.this",
            "module.eks.module.eks_managed_node_group.data.aws_ec2_instance_type_offerings.this",
            "module.eks.module.eks_managed_node_group.data.aws_iam_policy_document.assume_role_policy",
            "module.eks.module.eks_managed_node_group.data.aws_partition.current",
            "module.eks.module.eks_managed_node_group.data.aws_ssm_parameter.ami",
            "module.eks.module.eks_managed_node_group.data.aws_subnets.efa",
            "module.eks.module.eks_managed_node_group.module.user_data.data.cloudinit_config.al2023_eks_managed_node_group",
            "module.eks.module.eks_managed_node_group.module.user_data.data.cloudinit_config.linux_eks_managed_node_group",
            "module.eks.module.kms.aws_kms_external_key.this",
            "module.eks.module.kms.aws_kms_key.this",
            "module.eks.module.kms.aws_kms_replica_external_key.this",
            "module.eks.module.kms.aws_kms_replica_key.this",
            "module.eks.module.kms.data.aws_caller_identity.current",
            "module.eks.module.kms.data.aws_iam_policy_document.this",
            "module.eks.module.kms.data.aws_partition.current",
            "module.eks.time_sleep.this"
          ],
          "create_before_destroy": true
        }
      ]
    },
    {
      "module": "module.eks.module.eks_managed_node_group[\"default_node_group\"]",
      "mode": "managed",
      "type": "aws_iam_role",
      "name": "this",
      "provider": "provider[\"registry.terraform.io/hashicorp/aws\"]",
      "instances": [
        {
          "index_key": 0,
          "schema_version": 0,
          "attributes": {
            "arn": "arn:aws:iam::132172135366:role/default_node_group-eks-node-group-20240927141042515200000001",
            "assume_role_policy": "{\"Statement\":[{\"Action\":\"sts:AssumeRole\",\"Effect\":\"Allow\",\"Principal\":{\"Service\":\"ec2.amazonaws.com\"},\"Sid\":\"EKSNodeAssumeRole\"}],\"Version\":\"2012-10-17\"}",
            "create_date": "2024-09-27T14:10:42Z",
            "description": "EKS managed node group IAM role",
            "force_detach_policies": true,
            "id": "default_node_group-eks-node-group-20240927141042515200000001",
            "inline_policy": [],
            "managed_policy_arns": [],
            "max_session_duration": 3600,
            "name": "default_node_group-eks-node-group-20240927141042515200000001",
            "name_prefix": "default_node_group-eks-node-group-",
            "path": "/",
            "permissions_boundary": "",
            "tags": {
              "DevtedsOrg": "Devteds Courses",
              "DevtedsStack": "demo-cluster",
              "DevtedsStackName": "EKS",
              "kubernetes.io/cluster/demo-cluster": "shared"
            },
            "tags_all": {
              "DevtedsOrg": "Devteds Courses",
              "DevtedsStack": "demo-cluster",
              "DevtedsStackName": "EKS",
              "kubernetes.io/cluster/demo-cluster": "shared"
            },
            "unique_id": "AROAR5RQSXPDKVISHI4LY"
          },
          "sensitive_attributes": [],
          "private": "bnVsbA==",
          "dependencies": [
            "module.eks.module.eks_managed_node_group.data.aws_iam_policy_document.assume_role_policy"
          ],
          "create_before_destroy": true
        }
      ]
    },
    {
      "module": "module.eks.module.eks_managed_node_group[\"default_node_group\"]",
      "mode": "managed",
      "type": "aws_iam_role_policy_attachment",
      "name": "this",
      "provider": "provider[\"registry.terraform.io/hashicorp/aws\"]",
      "instances": [
        {
          "index_key": "AmazonEC2ContainerRegistryReadOnly",
          "schema_version": 0,
          "attributes": {
            "id": "default_node_group-eks-node-group-20240927141042515200000001-20240927141043732700000007",
            "policy_arn": "arn:aws:iam::aws:policy/AmazonEC2ContainerRegistryReadOnly",
            "role": "default_node_group-eks-node-group-20240927141042515200000001"
          },
          "sensitive_attributes": [],
          "private": "bnVsbA==",
          "dependencies": [
            "module.eks.module.eks_managed_node_group.aws_iam_role.this",
            "module.eks.module.eks_managed_node_group.data.aws_caller_identity.current",
            "module.eks.module.eks_managed_node_group.data.aws_iam_policy_document.assume_role_policy",
            "module.eks.module.eks_managed_node_group.data.aws_partition.current"
          ],
          "create_before_destroy": true
        },
        {
          "index_key": "AmazonEKSWorkerNodePolicy",
          "schema_version": 0,
          "attributes": {
            "id": "default_node_group-eks-node-group-20240927141042515200000001-20240927141043492300000006",
            "policy_arn": "arn:aws:iam::aws:policy/AmazonEKSWorkerNodePolicy",
            "role": "default_node_group-eks-node-group-20240927141042515200000001"
          },
          "sensitive_attributes": [],
          "private": "bnVsbA==",
          "dependencies": [
            "module.eks.module.eks_managed_node_group.aws_iam_role.this",
            "module.eks.module.eks_managed_node_group.data.aws_caller_identity.current",
            "module.eks.module.eks_managed_node_group.data.aws_iam_policy_document.assume_role_policy",
            "module.eks.module.eks_managed_node_group.data.aws_partition.current"
          ],
          "create_before_destroy": true
        },
        {
          "index_key": "AmazonEKS_CNI_Policy",
          "schema_version": 0,
          "attributes": {
            "id": "default_node_group-eks-node-group-20240927141042515200000001-20240927141043733200000008",
            "policy_arn": "arn:aws:iam::aws:policy/AmazonEKS_CNI_Policy",
            "role": "default_node_group-eks-node-group-20240927141042515200000001"
          },
          "sensitive_attributes": [],
          "private": "bnVsbA==",
          "dependencies": [
            "module.eks.module.eks_managed_node_group.aws_iam_role.this",
            "module.eks.module.eks_managed_node_group.data.aws_caller_identity.current",
            "module.eks.module.eks_managed_node_group.data.aws_iam_policy_document.assume_role_policy",
            "module.eks.module.eks_managed_node_group.data.aws_partition.current"
          ],
          "create_before_destroy": true
        }
      ]
    },
    {
      "module": "module.eks.module.eks_managed_node_group[\"default_node_group\"].module.user_data",
      "mode": "managed",
      "type": "null_resource",
      "name": "validate_cluster_service_cidr",
      "provider": "provider[\"registry.terraform.io/hashicorp/null\"]",
      "instances": [
        {
          "schema_version": 0,
          "attributes": {
            "id": "333250279725413888",
            "triggers": null
          },
          "sensitive_attributes": [],
          "dependencies": [
            "data.terraform_remote_state.vpc",
            "module.eks.aws_cloudwatch_log_group.this",
            "module.eks.aws_eks_cluster.this",
            "module.eks.aws_iam_policy.cni_ipv6_policy",
            "module.eks.aws_iam_role.this",
            "module.eks.aws_iam_role_policy_attachment.this",
            "module.eks.aws_security_group.cluster",
            "module.eks.aws_security_group.node",
            "module.eks.aws_security_group_rule.cluster",
            "module.eks.aws_security_group_rule.node",
            "module.eks.data.aws_caller_identity.current",
            "module.eks.data.aws_iam_policy_document.assume_role_policy",
            "module.eks.data.aws_iam_policy_document.cni_ipv6_policy",
            "module.eks.data.aws_iam_session_context.current",
            "module.eks.data.aws_partition.current",
            "module.eks.module.kms.aws_kms_external_key.this",
            "module.eks.module.kms.aws_kms_key.this",
            "module.eks.module.kms.aws_kms_replica_external_key.this",
            "module.eks.module.kms.aws_kms_replica_key.this",
            "module.eks.module.kms.data.aws_caller_identity.current",
            "module.eks.module.kms.data.aws_iam_policy_document.this",
            "module.eks.module.kms.data.aws_partition.current",
            "module.eks.time_sleep.this"
          ]
        }
      ]
    },
    {
      "module": "module.key_pair",
      "mode": "managed",
      "type": "aws_key_pair",
      "name": "this",
      "provider": "provider[\"registry.terraform.io/hashicorp/aws\"]",
      "instances": [
        {
          "index_key": 0,
          "schema_version": 1,
          "attributes": {
            "arn": "arn:aws:ec2:us-east-1:132172135366:key-pair/demo-cluster2024092714105740550000000b",
            "fingerprint": "3f:1f:c6:c0:b6:3f:d2:0a:27:4d:7d:8d:8b:35:68:29",
            "id": "demo-cluster2024092714105740550000000b",
            "key_name": "demo-cluster2024092714105740550000000b",
            "key_name_prefix": "demo-cluster",
            "key_pair_id": "key-09e2a3293d398d296",
            "key_type": "rsa",
            "public_key": "ssh-rsa AAAAB3NzaC1yc2EAAAADAQABAAACAQDgbp5E2Ia/QvojQKlaFAYMTnAuf9eAWtn4fqlWupD60D6NuyTwCgo/NPc2sbnr6zZzgwyX7M03CbCcY3hnVoDg6xbfxRk1P3A1g95k/O2i7/20vlfSfDgYVjRoLaDN6GXH1XIFt4fZO2NVsvfbiMeo9WP1WTRZsFKRasACdCwWT1zR7dsHLPyolJMOsCG/04rbklLibgKh14wsUnYLBlUpiS0Z8wYKzywjtiaJ/okav4UY48oHsKIjdmvhQjpekOtsSbwi++OrOZlma7PoFwzcdoduxaUeASMxlDpFR/4Xi9P4MYGhfr4eLTbymrnUmSFaHAO9XepITIXiF+veQcs+HtFch6ChVsWtCGco//l1TyyE8PRPcKskcK6gHWGCF3idg3ekGr7MrmJivwq+CsKVXrWgJZeBPyxm9maCJSFm+G58NNtnEoWZKqk0qGXR65/DSW6/UCND9nZGy+vNsTCcLzWMa647+pLN4z8AVbKM1zRtWcjVSpKlAdJVBqk115827dhbB8LY3oz0uRsnx4HEg+hmjCXMxd2lgrwhRB91Neke9UjUKztSs0+ZgAM1SooiOAv2Ekm4LfZ5p/KU1JAPGrjsvm2CNCaVvspCcBT+Iymp255HMqpyb1s9P+96GU77PhGs5f9nohBFoosMe5noEYGaoybdZmp7kl3XAg1Wpw==",
            "tags": {
              "DevtedsOrg": "Devteds Courses",
              "DevtedsStack": "demo-cluster",
              "DevtedsStackName": "EKS",
              "kubernetes.io/cluster/demo-cluster": "shared"
            },
            "tags_all": {
              "DevtedsOrg": "Devteds Courses",
              "DevtedsStack": "demo-cluster",
              "DevtedsStackName": "EKS",
              "kubernetes.io/cluster/demo-cluster": "shared"
            }
          },
          "sensitive_attributes": [],
          "private": "eyJzY2hlbWFfdmVyc2lvbiI6IjEifQ==",
          "dependencies": [
            "module.key_pair.tls_private_key.this"
          ]
        }
      ]
    },
    {
      "module": "module.key_pair",
      "mode": "managed",
      "type": "tls_private_key",
      "name": "this",
      "provider": "provider[\"registry.terraform.io/hashicorp/tls\"]",
      "instances": [
        {
          "index_key": 0,
          "schema_version": 1,
          "attributes": {
            "algorithm": "RSA",
            "ecdsa_curve": "P224",
            "id": "54aabe74caafcddbd968af2d0540f490429d841b",
            "private_key_openssh": "-----BEGIN OPENSSH PRIVATE KEY-----\nb3BlbnNzaC1rZXktdjEAAAAABG5vbmUAAAAEbm9uZQAAAAAAAAABAAACFwAAAAdz\nc2gtcnNhAAAAAwEAAQAAAgEA4G6eRNiGv0L6I0CpWhQGDE5wLn/XgFrZ+H6pVrqQ\n+tA+jbsk8AoKPzT3NrG56+s2c4MMl+zNNwmwnGN4Z1aA4OsW38UZNT9wNYPeZPzt\nou/9tL5X0nw4GFY0aC2gzehlx9VyBbeH2TtjVbL324jHqPVj9Vk0WbBSkWrAAnQs\nFk9c0e3bByz8qJSTDrAhv9OK25JS4m4CodeMLFJ2CwZVKYktGfMGCs8sI7Ymif6J\nGr+FGOPKB7CiI3Zr4UI6XpDrbEm8IvvjqzmZZmuz6BcM3HaHbsWlHgEjMZQ6RUf+\nF4vT+DGBoX6+Hi028pq51JkhWhwDvV3qSEyF4hfr3kHLPh7RXIegoVbFrQhnKP/5\ndU8shPD0T3CrJHCuoB1hghd4nYN3pBq+zK5iYr8KvgrClV61oCWXgT8sZvZmgiUh\nZvhufDTbZxKFmSqpNKhl0eufw0luv1AjQ/Z2RsvrzbEwnC81jGuuO/qSzeM/AFWy\njNc0bVnI1UqSpQHSVQapNdefNu3YWwfC2N6M9LkbJ8eBxIPoZowlzMXdpYK8IUQf\ndTXpHvVI1Cs7UrNPmYADNUqKIjgL9hJJuC32eafylNSQDxq47L5tgjQmlb7KQnAU\n/iMpqdueRzKqcm9bPT/vehlO+z4RrOX/Z6IQRaKLDHuZ6BGBmqMm3WZqe5Jd1wIN\nVqcAAAc4cqdqG3KnahsAAAAHc3NoLXJzYQAAAgEA4G6eRNiGv0L6I0CpWhQGDE5w\nLn/XgFrZ+H6pVrqQ+tA+jbsk8AoKPzT3NrG56+s2c4MMl+zNNwmwnGN4Z1aA4OsW\n38UZNT9wNYPeZPztou/9tL5X0nw4GFY0aC2gzehlx9VyBbeH2TtjVbL324jHqPVj\n9Vk0WbBSkWrAAnQsFk9c0e3bByz8qJSTDrAhv9OK25JS4m4CodeMLFJ2CwZVKYkt\nGfMGCs8sI7Ymif6JGr+FGOPKB7CiI3Zr4UI6XpDrbEm8IvvjqzmZZmuz6BcM3HaH\nbsWlHgEjMZQ6RUf+F4vT+DGBoX6+Hi028pq51JkhWhwDvV3qSEyF4hfr3kHLPh7R\nXIegoVbFrQhnKP/5dU8shPD0T3CrJHCuoB1hghd4nYN3pBq+zK5iYr8KvgrClV61\noCWXgT8sZvZmgiUhZvhufDTbZxKFmSqpNKhl0eufw0luv1AjQ/Z2RsvrzbEwnC81\njGuuO/qSzeM/AFWyjNc0bVnI1UqSpQHSVQapNdefNu3YWwfC2N6M9LkbJ8eBxIPo\nZowlzMXdpYK8IUQfdTXpHvVI1Cs7UrNPmYADNUqKIjgL9hJJuC32eafylNSQDxq4\n7L5tgjQmlb7KQnAU/iMpqdueRzKqcm9bPT/vehlO+z4RrOX/Z6IQRaKLDHuZ6BGB\nmqMm3WZqe5Jd1wINVqcAAAADAQABAAACAC1zOWoHz4H8NlvdRG6Rj4f+eolwKlw8\nCdhhDjoaHjIs6f4Z4CkcX2bdexMAev5j6+sIpww9UHHM7I8/Nar3wbHK6h7281vt\nNPQheHBLKHTO1To9MdvWfCWxj3tpgh8w6SvG9ghiWoiLllpMnBVBZe25hDyzi/59\nzrrUO35DuInsGIgK+0hAvAoHzKA02yDV3lEJGO/yB2ZvGFwBdxZUefqnZRLUPG0D\n95Rj1vorKejY0ENyHf/grXUxDjfYCaoM/yA27nrHOBv81iv/s7dUs64R8utj60Rg\nRphLxGEzaympj4u7utzRpf7GeVI4M1nyiOaOtdMrqb5qgNKAtauU92uD7v4Qrbaq\n3UVfC+TYAdTBjTxgUoex4mYh08d/lHE98z6u5yqsTEcYwBq7fHDm63BIQelWCfpy\nZohrzYKo5sUh4PJhzzByPWbM87H0j6JB4gBPmHWv7LAT+/IjEDqagh25GiFahILY\ntopxSSh8v5/VGzSnWa1Zpe3S5lDrW4cTRwzr9OwqYDJSJkhBULcPWG4K7EXLiiIl\n+Qq7FpU90aBjeKxYap71wOL2jvyfW3PRnriOs4/tf0XsKzd8f8bUmtopeiBf9OHr\n5yF+tBpRJEuk03ski9T/V48hdNFo0IOjmvIdhz7+4G/Ac9BD2l3NftRZGjTSve2u\nUClSkDTsp+5BAAABAQDh7oYhHHA+qxbUJa3OcZ/jqrsN9EXyzUzWJDSRkj7m/7qS\nOtFDNHTAzjAlZxDnTVj1xjZyR94pbRzo+n+FOcvMFwdCpGpC0LxgCMTLowxdd+9U\nWd7jvudIcq86t7aeC53rp6tgPKIzxJTusWkkLU0FyaqkUv3YdUuRqGT2QCdWfXoL\nO5ZjZga8K8kBgwcHkYMvx9y+N/vkSVHqu1J3urDiJyzTfy5JdSj/1IY+7GuELCm/\nGJU1mG72sugXwRpcuSNgPZw9J98RGFAq6wriJmE9C8XQf4nkwjr07nLdyTKmq+PE\nT8kJBZdncchp3UZf+QW4zRp+pV9LNGbv+bIK2wg8AAABAQDkRnJzsEejsqdHeGm6\nrOqQIXI9QzSMOhWRn8bqJgTpacBKq08dT+TjrcAhV4QtoIa8XWGiDvvR/nyk5AXc\nD4W2/DLuUJ3ulEkJIShdySYRNgMKAw3c8+34W3xQKYpHtQD99XL4RU1bI1TPOlDr\nXT6itNNTHXkeMV3BUgZtINrKStxbpsbrQmBgf9FE3TPqoep26Uo4cZBT7NByXBBf\nxqSSaPwKR67VhnlO/MhOI3YW/Dvr22r+8FC9BBdcUMZIM/RC/v+If14AEIqRspao\nGRKqTO4kWAhfhZ7Op1t+l20Et9CRzRLop5gDbD7ODNKAVfDW+gKOh+/EZRGdOjRK\nYjStAAABAQD7sK6FSKDTP8SNNuOc0XcVaxf+3J69+mS9iTDIhz0/3xfRc7pOANEq\nZKKzeUZzz1zMRlBCqMM4YvGGodcM3IbRTNxvGGYLwet5v57hfxENGVAwIQ9DTZSh\nIezp4/Knu6PtDFu24my/Wc8IOKdG/n64rvDaaiaQTzv4qtKoGzYx7+Tt0XDxNgCz\n5NE29lh4vLgxNvT7STCPqTgNHAJNTKi6eOMqwR6JtjliICRmVoESLKR1AJRQUSjh\nG6simZBuZCcanTBzFv9O6myWYMtQRDLlW+KZ+a2O2dyO4YCV8h7moiqp7VRHHTMh\n474oFAeGXRUqgmM2DY9sDehwZzuy8g8jAAAAAAEC\n-----END OPENSSH PRIVATE KEY-----\n",
            "private_key_pem": "-----BEGIN RSA PRIVATE KEY-----\nMIIJKQIBAAKCAgEA4G6eRNiGv0L6I0CpWhQGDE5wLn/XgFrZ+H6pVrqQ+tA+jbsk\n8AoKPzT3NrG56+s2c4MMl+zNNwmwnGN4Z1aA4OsW38UZNT9wNYPeZPztou/9tL5X\n0nw4GFY0aC2gzehlx9VyBbeH2TtjVbL324jHqPVj9Vk0WbBSkWrAAnQsFk9c0e3b\nByz8qJSTDrAhv9OK25JS4m4CodeMLFJ2CwZVKYktGfMGCs8sI7Ymif6JGr+FGOPK\nB7CiI3Zr4UI6XpDrbEm8IvvjqzmZZmuz6BcM3HaHbsWlHgEjMZQ6RUf+F4vT+DGB\noX6+Hi028pq51JkhWhwDvV3qSEyF4hfr3kHLPh7RXIegoVbFrQhnKP/5dU8shPD0\nT3CrJHCuoB1hghd4nYN3pBq+zK5iYr8KvgrClV61oCWXgT8sZvZmgiUhZvhufDTb\nZxKFmSqpNKhl0eufw0luv1AjQ/Z2RsvrzbEwnC81jGuuO/qSzeM/AFWyjNc0bVnI\n1UqSpQHSVQapNdefNu3YWwfC2N6M9LkbJ8eBxIPoZowlzMXdpYK8IUQfdTXpHvVI\n1Cs7UrNPmYADNUqKIjgL9hJJuC32eafylNSQDxq47L5tgjQmlb7KQnAU/iMpqdue\nRzKqcm9bPT/vehlO+z4RrOX/Z6IQRaKLDHuZ6BGBmqMm3WZqe5Jd1wINVqcCAwEA\nAQKCAgAtczlqB8+B/DZb3URukY+H/nqJcCpcPAnYYQ46Gh4yLOn+GeApHF9m3XsT\nAHr+Y+vrCKcMPVBxzOyPPzWq98Gxyuoe9vNb7TT0IXhwSyh0ztU6PTHb1nwlsY97\naYIfMOkrxvYIYlqIi5ZaTJwVQWXtuYQ8s4v+fc661Dt+Q7iJ7BiICvtIQLwKB8yg\nNNsg1d5RCRjv8gdmbxhcAXcWVHn6p2US1DxtA/eUY9b6Kyno2NBDch3/4K11MQ43\n2AmqDP8gNu56xzgb/NYr/7O3VLOuEfLrY+tEYEaYS8RhM2spqY+Lu7rc0aX+xnlS\nODNZ8ojmjrXTK6m+aoDSgLWrlPdrg+7+EK22qt1FXwvk2AHUwY08YFKHseJmIdPH\nf5RxPfM+rucqrExHGMAau3xw5utwSEHpVgn6cmaIa82CqObFIeDyYc8wcj1mzPOx\n9I+iQeIAT5h1r+ywE/vyIxA6moIduRohWoSC2LaKcUkofL+f1Rs0p1mtWaXt0uZQ\n61uHE0cM6/TsKmAyUiZIQVC3D1huCuxFy4oiJfkKuxaVPdGgY3isWGqe9cDi9o78\nn1tz0Z64jrOP7X9F7Cs3fH/G1JraKXogX/Th6+chfrQaUSRLpNN7JIvU/1ePIXTR\naNCDo5ryHYc+/uBvwHPQQ9pdzX7UWRo00r3trlApUpA07KfuQQKCAQEA5EZyc7BH\no7KnR3hpuqzqkCFyPUM0jDoVkZ/G6iYE6WnASqtPHU/k463AIVeELaCGvF1hog77\n0f58pOQF3A+Ftvwy7lCd7pRJCSEoXckmETYDCgMN3PPt+Ft8UCmKR7UA/fVy+EVN\nWyNUzzpQ610+orTTUx15HjFdwVIGbSDaykrcW6bG60JgYH/RRN0z6qHqdulKOHGQ\nU+zQclwQX8akkmj8Ckeu1YZ5TvzITiN2Fvw769tq/vBQvQQXXFDGSDP0Qv7/iH9e\nABCKkbKWqBkSqkzuJFgIX4WezqdbfpdtBLfQkc0S6KeYA2w+zgzSgFXw1voCjofv\nxGURnTo0SmI0rQKCAQEA+7CuhUig0z/EjTbjnNF3FWsX/tyevfpkvYkwyIc9P98X\n0XO6TgDRKmSis3lGc89czEZQQqjDOGLxhqHXDNyG0UzcbxhmC8Hreb+e4X8RDRlQ\nMCEPQ02UoSHs6ePyp7uj7QxbtuJsv1nPCDinRv5+uK7w2momkE87+KrSqBs2Me/k\n7dFw8TYAs+TRNvZYeLy4MTb0+0kwj6k4DRwCTUyounjjKsEeibY5YiAkZlaBEiyk\ndQCUUFEo4RurIpmQbmQnGp0wcxb/TupslmDLUEQy5VvimfmtjtncjuGAlfIe5qIq\nqe1URx0zIeO+KBQHhl0VKoJjNg2PbA3ocGc7svIPIwKCAQEAqzCZjGDamMzV3idT\nQweCMOykO4U21yKIIllsVxSEAneoGVc3UYgk4wneWCLFoWINKR3uphYOi4EKAK5w\nJoQNhxjDKS2UAuN5kjsnho3e2nFi/hMkRls4T1RsecFtTjFTuSBlRALU7FAmvfHB\n1YBsBKEPCfnEZvwmj1/wKc7FxYc2khUUgEGa/UNdsQMieAdNSjfRzVp9HjMub1TT\ngr/5k0LgIOV5G/Bo8O9pWBAH81zdoxc9ukqGgfmbe0OoL2Wm/Mc24yqBWBMPmAwS\nJ6YF9WkT/nV2cgxG+DtRxjHRNASViYH9eDSXL5nxz5yWEGBi6RU87Z7MFMCm4P5R\nUKctUQKCAQBaNi+3chrC3P5UJzJaCPIH6UTGgskbCt6E2OF1XpPjitD8r+A9CSnv\nafavIW7RH6gBR8qIufiPA1fSi7uKzpg7+LKh1zrsR+tgzf/ijyrLaSFGvvK7itkV\nEBXcl2loGWdeFanh2TJlO4lrRvMeDSXaiEmn35hG7T9vl7q9qlM4fuWtH/69Vj/W\nOtOKQa3gSLQ0X6BbWRZgx6RhfoKMtkdb3ux9bI7HiVr0AtVJIQROQVYI4dZHG2/t\nj389fZE5IAisD19IQRvtazTUiYkWEfu0HcUQr1837nqRc94k4I2W2NU15uzoOF0V\nbo2/y74OuNpXTDjHLQEVF78SWs4ZC43FAoIBAQDh7oYhHHA+qxbUJa3OcZ/jqrsN\n9EXyzUzWJDSRkj7m/7qSOtFDNHTAzjAlZxDnTVj1xjZyR94pbRzo+n+FOcvMFwdC\npGpC0LxgCMTLowxdd+9UWd7jvudIcq86t7aeC53rp6tgPKIzxJTusWkkLU0Fyaqk\nUv3YdUuRqGT2QCdWfXoLO5ZjZga8K8kBgwcHkYMvx9y+N/vkSVHqu1J3urDiJyzT\nfy5JdSj/1IY+7GuELCm/GJU1mG72sugXwRpcuSNgPZw9J98RGFAq6wriJmE9C8XQ\nf4nkwjr07nLdyTKmq+PET8kJBZdncchp3UZf+QW4zRp+pV9LNGbv+bIK2wg8\n-----END RSA PRIVATE KEY-----\n",
            "private_key_pem_pkcs8": "-----BEGIN PRIVATE KEY-----\nMIIJQwIBADANBgkqhkiG9w0BAQEFAASCCS0wggkpAgEAAoICAQDgbp5E2Ia/Qvoj\nQKlaFAYMTnAuf9eAWtn4fqlWupD60D6NuyTwCgo/NPc2sbnr6zZzgwyX7M03CbCc\nY3hnVoDg6xbfxRk1P3A1g95k/O2i7/20vlfSfDgYVjRoLaDN6GXH1XIFt4fZO2NV\nsvfbiMeo9WP1WTRZsFKRasACdCwWT1zR7dsHLPyolJMOsCG/04rbklLibgKh14ws\nUnYLBlUpiS0Z8wYKzywjtiaJ/okav4UY48oHsKIjdmvhQjpekOtsSbwi++OrOZlm\na7PoFwzcdoduxaUeASMxlDpFR/4Xi9P4MYGhfr4eLTbymrnUmSFaHAO9XepITIXi\nF+veQcs+HtFch6ChVsWtCGco//l1TyyE8PRPcKskcK6gHWGCF3idg3ekGr7MrmJi\nvwq+CsKVXrWgJZeBPyxm9maCJSFm+G58NNtnEoWZKqk0qGXR65/DSW6/UCND9nZG\ny+vNsTCcLzWMa647+pLN4z8AVbKM1zRtWcjVSpKlAdJVBqk115827dhbB8LY3oz0\nuRsnx4HEg+hmjCXMxd2lgrwhRB91Neke9UjUKztSs0+ZgAM1SooiOAv2Ekm4LfZ5\np/KU1JAPGrjsvm2CNCaVvspCcBT+Iymp255HMqpyb1s9P+96GU77PhGs5f9nohBF\noosMe5noEYGaoybdZmp7kl3XAg1WpwIDAQABAoICAC1zOWoHz4H8NlvdRG6Rj4f+\neolwKlw8CdhhDjoaHjIs6f4Z4CkcX2bdexMAev5j6+sIpww9UHHM7I8/Nar3wbHK\n6h7281vtNPQheHBLKHTO1To9MdvWfCWxj3tpgh8w6SvG9ghiWoiLllpMnBVBZe25\nhDyzi/59zrrUO35DuInsGIgK+0hAvAoHzKA02yDV3lEJGO/yB2ZvGFwBdxZUefqn\nZRLUPG0D95Rj1vorKejY0ENyHf/grXUxDjfYCaoM/yA27nrHOBv81iv/s7dUs64R\n8utj60RgRphLxGEzaympj4u7utzRpf7GeVI4M1nyiOaOtdMrqb5qgNKAtauU92uD\n7v4Qrbaq3UVfC+TYAdTBjTxgUoex4mYh08d/lHE98z6u5yqsTEcYwBq7fHDm63BI\nQelWCfpyZohrzYKo5sUh4PJhzzByPWbM87H0j6JB4gBPmHWv7LAT+/IjEDqagh25\nGiFahILYtopxSSh8v5/VGzSnWa1Zpe3S5lDrW4cTRwzr9OwqYDJSJkhBULcPWG4K\n7EXLiiIl+Qq7FpU90aBjeKxYap71wOL2jvyfW3PRnriOs4/tf0XsKzd8f8bUmtop\neiBf9OHr5yF+tBpRJEuk03ski9T/V48hdNFo0IOjmvIdhz7+4G/Ac9BD2l3NftRZ\nGjTSve2uUClSkDTsp+5BAoIBAQDkRnJzsEejsqdHeGm6rOqQIXI9QzSMOhWRn8bq\nJgTpacBKq08dT+TjrcAhV4QtoIa8XWGiDvvR/nyk5AXcD4W2/DLuUJ3ulEkJIShd\nySYRNgMKAw3c8+34W3xQKYpHtQD99XL4RU1bI1TPOlDrXT6itNNTHXkeMV3BUgZt\nINrKStxbpsbrQmBgf9FE3TPqoep26Uo4cZBT7NByXBBfxqSSaPwKR67VhnlO/MhO\nI3YW/Dvr22r+8FC9BBdcUMZIM/RC/v+If14AEIqRspaoGRKqTO4kWAhfhZ7Op1t+\nl20Et9CRzRLop5gDbD7ODNKAVfDW+gKOh+/EZRGdOjRKYjStAoIBAQD7sK6FSKDT\nP8SNNuOc0XcVaxf+3J69+mS9iTDIhz0/3xfRc7pOANEqZKKzeUZzz1zMRlBCqMM4\nYvGGodcM3IbRTNxvGGYLwet5v57hfxENGVAwIQ9DTZShIezp4/Knu6PtDFu24my/\nWc8IOKdG/n64rvDaaiaQTzv4qtKoGzYx7+Tt0XDxNgCz5NE29lh4vLgxNvT7STCP\nqTgNHAJNTKi6eOMqwR6JtjliICRmVoESLKR1AJRQUSjhG6simZBuZCcanTBzFv9O\n6myWYMtQRDLlW+KZ+a2O2dyO4YCV8h7moiqp7VRHHTMh474oFAeGXRUqgmM2DY9s\nDehwZzuy8g8jAoIBAQCrMJmMYNqYzNXeJ1NDB4Iw7KQ7hTbXIogiWWxXFIQCd6gZ\nVzdRiCTjCd5YIsWhYg0pHe6mFg6LgQoArnAmhA2HGMMpLZQC43mSOyeGjd7acWL+\nEyRGWzhPVGx5wW1OMVO5IGVEAtTsUCa98cHVgGwEoQ8J+cRm/CaPX/ApzsXFhzaS\nFRSAQZr9Q12xAyJ4B01KN9HNWn0eMy5vVNOCv/mTQuAg5Xkb8Gjw72lYEAfzXN2j\nFz26SoaB+Zt7Q6gvZab8xzbjKoFYEw+YDBInpgX1aRP+dXZyDEb4O1HGMdE0BJWJ\ngf14NJcvmfHPnJYQYGLpFTztnswUwKbg/lFQpy1RAoIBAFo2L7dyGsLc/lQnMloI\n8gfpRMaCyRsK3oTY4XVek+OK0Pyv4D0JKe9p9q8hbtEfqAFHyoi5+I8DV9KLu4rO\nmDv4sqHXOuxH62DN/+KPKstpIUa+8ruK2RUQFdyXaWgZZ14VqeHZMmU7iWtG8x4N\nJdqISaffmEbtP2+Xur2qUzh+5a0f/r1WP9Y604pBreBItDRfoFtZFmDHpGF+goy2\nR1ve7H1sjseJWvQC1UkhBE5BVgjh1kcbb+2Pfz19kTkgCKwPX0hBG+1rNNSJiRYR\n+7QdxRCvXzfuepFz3iTgjZbY1TXm7Og4XRVujb/Lvg642ldMOMctARUXvxJazhkL\njcUCggEBAOHuhiEccD6rFtQlrc5xn+Oquw30RfLNTNYkNJGSPub/upI60UM0dMDO\nMCVnEOdNWPXGNnJH3iltHOj6f4U5y8wXB0KkakLQvGAIxMujDF1371RZ3uO+50hy\nrzq3tp4Lneunq2A8ojPElO6xaSQtTQXJqqRS/dh1S5GoZPZAJ1Z9egs7lmNmBrwr\nyQGDBweRgy/H3L43++RJUeq7Une6sOInLNN/Lkl1KP/Uhj7sa4QsKb8YlTWYbvay\n6BfBGly5I2A9nD0n3xEYUCrrCuImYT0LxdB/ieTCOvTuct3JMqar48RPyQkFl2dx\nyGndRl/5BbjNGn6lX0s0Zu/5sgrbCDw=\n-----END PRIVATE KEY-----\n",
            "public_key_fingerprint_md5": "45:4a:38:b2:f9:27:75:25:11:1e:1a:72:e0:b5:93:de",
            "public_key_fingerprint_sha256": "SHA256:u8FF495iz25y1ikWer3icrbhYGm+/yQsboPfH3wuMS0",
            "public_key_openssh": "ssh-rsa AAAAB3NzaC1yc2EAAAADAQABAAACAQDgbp5E2Ia/QvojQKlaFAYMTnAuf9eAWtn4fqlWupD60D6NuyTwCgo/NPc2sbnr6zZzgwyX7M03CbCcY3hnVoDg6xbfxRk1P3A1g95k/O2i7/20vlfSfDgYVjRoLaDN6GXH1XIFt4fZO2NVsvfbiMeo9WP1WTRZsFKRasACdCwWT1zR7dsHLPyolJMOsCG/04rbklLibgKh14wsUnYLBlUpiS0Z8wYKzywjtiaJ/okav4UY48oHsKIjdmvhQjpekOtsSbwi++OrOZlma7PoFwzcdoduxaUeASMxlDpFR/4Xi9P4MYGhfr4eLTbymrnUmSFaHAO9XepITIXiF+veQcs+HtFch6ChVsWtCGco//l1TyyE8PRPcKskcK6gHWGCF3idg3ekGr7MrmJivwq+CsKVXrWgJZeBPyxm9maCJSFm+G58NNtnEoWZKqk0qGXR65/DSW6/UCND9nZGy+vNsTCcLzWMa647+pLN4z8AVbKM1zRtWcjVSpKlAdJVBqk115827dhbB8LY3oz0uRsnx4HEg+hmjCXMxd2lgrwhRB91Neke9UjUKztSs0+ZgAM1SooiOAv2Ekm4LfZ5p/KU1JAPGrjsvm2CNCaVvspCcBT+Iymp255HMqpyb1s9P+96GU77PhGs5f9nohBFoosMe5noEYGaoybdZmp7kl3XAg1Wpw==\n",
            "public_key_pem": "-----BEGIN PUBLIC KEY-----\nMIICIjANBgkqhkiG9w0BAQEFAAOCAg8AMIICCgKCAgEA4G6eRNiGv0L6I0CpWhQG\nDE5wLn/XgFrZ+H6pVrqQ+tA+jbsk8AoKPzT3NrG56+s2c4MMl+zNNwmwnGN4Z1aA\n4OsW38UZNT9wNYPeZPztou/9tL5X0nw4GFY0aC2gzehlx9VyBbeH2TtjVbL324jH\nqPVj9Vk0WbBSkWrAAnQsFk9c0e3bByz8qJSTDrAhv9OK25JS4m4CodeMLFJ2CwZV\nKYktGfMGCs8sI7Ymif6JGr+FGOPKB7CiI3Zr4UI6XpDrbEm8IvvjqzmZZmuz6BcM\n3HaHbsWlHgEjMZQ6RUf+F4vT+DGBoX6+Hi028pq51JkhWhwDvV3qSEyF4hfr3kHL\nPh7RXIegoVbFrQhnKP/5dU8shPD0T3CrJHCuoB1hghd4nYN3pBq+zK5iYr8KvgrC\nlV61oCWXgT8sZvZmgiUhZvhufDTbZxKFmSqpNKhl0eufw0luv1AjQ/Z2RsvrzbEw\nnC81jGuuO/qSzeM/AFWyjNc0bVnI1UqSpQHSVQapNdefNu3YWwfC2N6M9LkbJ8eB\nxIPoZowlzMXdpYK8IUQfdTXpHvVI1Cs7UrNPmYADNUqKIjgL9hJJuC32eafylNSQ\nDxq47L5tgjQmlb7KQnAU/iMpqdueRzKqcm9bPT/vehlO+z4RrOX/Z6IQRaKLDHuZ\n6BGBmqMm3WZqe5Jd1wINVqcCAwEAAQ==\n-----END PUBLIC KEY-----\n",
            "rsa_bits": 4096
          },
          "sensitive_attributes": [
            [
              {
                "type": "get_attr",
                "value": "private_key_pem"
              }
            ],
            [
              {
                "type": "get_attr",
                "value": "private_key_pem_pkcs8"
              }
            ],
            [
              {
                "type": "get_attr",
                "value": "private_key_openssh"
              }
            ]
          ]
        }
      ]
    }
  ],
  "check_results": [
    {
      "object_kind": "resource",
      "config_addr": "module.eks.module.self_managed_node_group.module.user_data.null_resource.validate_cluster_service_cidr",
      "status": "pass",
      "objects": null
    },
    {
      "object_kind": "resource",
      "config_addr": "module.eks.module.eks_managed_node_group.module.user_data.null_resource.validate_cluster_service_cidr",
      "status": "pass",
      "objects": [
        {
          "object_addr": "module.eks.module.eks_managed_node_group[\"default_node_group\"].module.user_data.null_resource.validate_cluster_service_cidr",
          "status": "pass"
        }
      ]
    }
  ]
}
