{
  "version": 4,
  "terraform_version": "1.9.6",
  "serial": 373,
  "lineage": "f0b6d692-7aad-9484-d252-4f87d7645883",
  "outputs": {
    "cloudwatch_log_group_arn": {
      "value": "arn:aws:logs:us-east-1:132172135366:log-group:/aws/eks/demo-cluster/cluster",
      "type": "string"
    },
    "cloudwatch_log_group_name": {
      "value": "/aws/eks/demo-cluster/cluster",
      "type": "string"
    },
    "cluster_arn": {
      "value": "arn:aws:eks:us-east-1:132172135366:cluster/demo-cluster",
      "type": "string"
    },
    "cluster_certificate_authority_data": {
      "value": "LS0tLS1CRUdJTiBDRVJUSUZJQ0FURS0tLS0tCk1JSURCVENDQWUyZ0F3SUJBZ0lJSHFPcllWajdXVzB3RFFZSktvWklodmNOQVFFTEJRQXdGVEVUTUJFR0ExVUUKQXhNS2EzVmlaWEp1WlhSbGN6QWVGdzB5TkRBNU1qZ3dPREkzTXpCYUZ3MHpOREE1TWpZd09ETXlNekJhTUJVeApFekFSQmdOVkJBTVRDbXQxWW1WeWJtVjBaWE13Z2dFaU1BMEdDU3FHU0liM0RRRUJBUVVBQTRJQkR3QXdnZ0VLCkFvSUJBUURrZjV0MzJvZXVOY0VMZVdnUlZ5bDlzU1NSOFBTTVFKKzl5aWlDck5aSFpHZG9zWHdPdUllRm4zOEQKeVJpcm5wQlhSYjFBV3Q0VWhyd0NVUUtGU1htajdIclpjS2pIM0VJNy9XZnJtYWMzQWJjbExGTnlsdFpTZXRmbwp4RkU2WjFUNmhJR1RYMVd5MmdremlQSlQxcnNmQmMySURYM3c0aE1yYUx3NXlrSG5iVVdKdTJKRi83Z29EamVXCmFNNTlRMGYwT3pTYkprZ2g3S2MvcmdaRlhnZFJrcitVVndUNC9NS0lVL0hMMUFEaCtFNGtKRFJUVFlCUWtLeTQKelRralR0MUtBa1pxT3RGQjRQK1BiTHlLOWZteElVc1VoRU5heWdJNmNRaGxDRHdvci9oMlo2TkVkNFlENGlZTgpQdTFVRnVONU1jU1NKK3FPdlFQdEEwOXYwUldaQWdNQkFBR2pXVEJYTUE0R0ExVWREd0VCL3dRRUF3SUNwREFQCkJnTlZIUk1CQWY4RUJUQURBUUgvTUIwR0ExVWREZ1FXQkJTMVNjenhsVzdRVVJKTEcxN1VySUNMRStFTDl6QVYKQmdOVkhSRUVEakFNZ2dwcmRXSmxjbTVsZEdWek1BMEdDU3FHU0liM0RRRUJDd1VBQTRJQkFRQ0gxUVdoNk9nNQoxeVlaL1JFN0VwU2kxMjZiOEFySTFpWmVRRXhlaW96WmJNM0RSa1pnbTZQS2hENjc3eXN1L1IweHRZQWFYbzllCjk5VGUxYXVkQUxPNUJmNHdWWUthZ3pqN0tJNXUzT1JHc2d2cGRJdjJDemdqUDNDckVJT2FPNU1zd0xXSC9Qd0MKSEJxOFpWN1AwdkJKU3U3TlZ1QlVTZzdRTk53bXpIVEUxUURyalFONzRUMWp0YnRjR2UrL1V3MFd1aUlaSENVagphUXBFZXJhWGFHcTNBQll6ZXdOVmZRUWRQVEdycnBXQW1rRWNuNGsvdWN3OW9wQ2ZoUmVUWXlUZHo0K2dNRk1PClRUMU9oVE5pc3Y2MW0wZjZGcjRoczdJRDRwZys0R0VKWUY5ZkhJUnl6M0p0cVVrQmZRaGIzaFE0MmhHV3I4bnMKVzAyYnprcDFqM0VwCi0tLS0tRU5EIENFUlRJRklDQVRFLS0tLS0K",
      "type": "string"
    },
    "cluster_endpoint": {
      "value": "https://0039CC26BDA75400088D884DE0BE8D9A.gr7.us-east-1.eks.amazonaws.com",
      "type": "string"
    },
    "cluster_iam_role_arn": {
      "value": "arn:aws:iam::132172135366:role/demo-cluster-cluster-20240928082733159700000005",
      "type": "string"
    },
    "cluster_iam_role_name": {
      "value": "demo-cluster-cluster-20240928082733159700000005",
      "type": "string"
    },
    "cluster_iam_role_unique_id": {
      "value": "AROAR5RQSXPDMNW3OYO6O",
      "type": "string"
    },
    "cluster_name": {
      "value": "demo-cluster",
      "type": "string"
    },
    "cluster_platform_version": {
      "value": "eks.13",
      "type": "string"
    },
    "cluster_primary_security_group_id": {
      "value": "sg-01a218469f95e48f1",
      "type": "string"
    },
    "cluster_security_group_arn": {
      "value": "arn:aws:ec2:us-east-1:132172135366:security-group/sg-051d9bc3df37ad61c",
      "type": "string"
    },
    "cluster_security_group_id": {
      "value": "sg-051d9bc3df37ad61c",
      "type": "string"
    },
    "cluster_status": {
      "value": "ACTIVE",
      "type": "string"
    },
    "cluster_tls_certificate_sha1_fingerprint": {
      "value": "9e99a48a9960b14926bb7f3b02e22da2b0ab7280",
      "type": "string"
    },
    "node_security_group_arn": {
      "value": "arn:aws:ec2:us-east-1:132172135366:security-group/sg-009adb11a24bcf8fb",
      "type": "string"
    },
    "node_security_group_id": {
      "value": "sg-009adb11a24bcf8fb",
      "type": "string"
    },
    "region": {
      "value": "us-east-1",
      "type": "string"
    }
  },
  "resources": [
    {
      "mode": "data",
      "type": "aws_availability_zones",
      "name": "available",
      "provider": "provider[\"registry.terraform.io/hashicorp/aws\"]",
      "instances": [
        {
          "schema_version": 0,
          "attributes": {
            "all_availability_zones": null,
            "exclude_names": null,
            "exclude_zone_ids": null,
            "filter": null,
            "group_names": [
              "us-east-1"
            ],
            "id": "us-east-1",
            "names": [
              "us-east-1a",
              "us-east-1b",
              "us-east-1c",
              "us-east-1d",
              "us-east-1e",
              "us-east-1f"
            ],
            "state": null,
            "timeouts": null,
            "zone_ids": [
              "use1-az2",
              "use1-az4",
              "use1-az6",
              "use1-az1",
              "use1-az3",
              "use1-az5"
            ]
          },
          "sensitive_attributes": []
        }
      ]
    },
    {
      "mode": "data",
      "type": "aws_caller_identity",
      "name": "current",
      "provider": "provider[\"registry.terraform.io/hashicorp/aws\"]",
      "instances": [
        {
          "schema_version": 0,
          "attributes": {
            "account_id": "132172135366",
            "arn": "arn:aws:iam::132172135366:user/k8suser",
            "id": "132172135366",
            "user_id": "AIDAR5RQSXPDLVB5NXR7O"
          },
          "sensitive_attributes": []
        }
      ]
    },
    {
      "mode": "data",
      "type": "terraform_remote_state",
      "name": "vpc",
      "provider": "provider[\"terraform.io/builtin/terraform\"]",
      "instances": [
        {
          "schema_version": 0,
          "attributes": {
            "backend": "local",
            "config": {
              "value": {
                "path": "../vpc/terraform.tfstate"
              },
              "type": [
                "object",
                {
                  "path": "string"
                }
              ]
            },
            "defaults": null,
            "outputs": {
              "value": {
                "azs": [
                  "us-east-1a",
                  "us-east-1b",
                  "us-east-1c"
                ],
                "intra_subnets": [
                  "subnet-02781121906190544",
                  "subnet-0bd87a30900e44ef0",
                  "subnet-0b27455fff53cc08d"
                ],
                "private_subnets": [
                  "subnet-04d439f5ef8c374a1",
                  "subnet-0d99493478537812a",
                  "subnet-0fc065a6bb356e3af"
                ],
                "public_subnets": [
                  "subnet-0e9543602b0699f9b",
                  "subnet-0f01d70d2f5114fad",
                  "subnet-0513a5d01f39a69f8"
                ],
                "vpc_id": "vpc-01902c45976e3b9ff"
              },
              "type": [
                "object",
                {
                  "azs": [
                    "list",
                    "string"
                  ],
                  "intra_subnets": [
                    "tuple",
                    [
                      "string",
                      "string",
                      "string"
                    ]
                  ],
                  "private_subnets": [
                    "tuple",
                    [
                      "string",
                      "string",
                      "string"
                    ]
                  ],
                  "public_subnets": [
                    "tuple",
                    [
                      "string",
                      "string",
                      "string"
                    ]
                  ],
                  "vpc_id": "string"
                }
              ]
            },
            "workspace": null
          },
          "sensitive_attributes": []
        }
      ]
    },
    {
      "mode": "managed",
      "type": "aws_security_group",
      "name": "remote_access",
      "provider": "provider[\"registry.terraform.io/hashicorp/aws\"]",
      "instances": [
        {
          "schema_version": 1,
          "attributes": {
            "arn": "arn:aws:ec2:us-east-1:132172135366:security-group/sg-0a44a19caa358d269",
            "description": "Allow remote SSH from anywhere",
            "egress": [
              {
                "cidr_blocks": [
                  "0.0.0.0/0"
                ],
                "description": "",
                "from_port": 0,
                "ipv6_cidr_blocks": [
                  "::/0"
                ],
                "prefix_list_ids": [],
                "protocol": "-1",
                "security_groups": [],
                "self": false,
                "to_port": 0
              }
            ],
            "id": "sg-0a44a19caa358d269",
            "ingress": [
              {
                "cidr_blocks": [
                  "0.0.0.0/0"
                ],
                "description": "SSH access",
                "from_port": 22,
                "ipv6_cidr_blocks": [],
                "prefix_list_ids": [],
                "protocol": "tcp",
                "security_groups": [],
                "self": false,
                "to_port": 22
              }
            ],
            "name": "demo-cluster-remote-access20240928082733156300000003",
            "name_prefix": "demo-cluster-remote-access",
            "owner_id": "132172135366",
            "revoke_rules_on_delete": false,
            "tags": {
              "DevtedsOrg": "Devteds Courses",
              "DevtedsStack": "demo-cluster",
              "DevtedsStackName": "EKS",
              "Name": "demo-cluster-remote-ssh",
              "kubernetes.io/cluster/demo-cluster": "shared"
            },
            "tags_all": {
              "DevtedsOrg": "Devteds Courses",
              "DevtedsStack": "demo-cluster",
              "DevtedsStackName": "EKS",
              "Name": "demo-cluster-remote-ssh",
              "kubernetes.io/cluster/demo-cluster": "shared"
            },
            "timeouts": null,
            "vpc_id": "vpc-01902c45976e3b9ff"
          },
          "sensitive_attributes": [],
          "private": "eyJlMmJmYjczMC1lY2FhLTExZTYtOGY4OC0zNDM2M2JjN2M0YzAiOnsiY3JlYXRlIjo2MDAwMDAwMDAwMDAsImRlbGV0ZSI6OTAwMDAwMDAwMDAwfSwic2NoZW1hX3ZlcnNpb24iOiIxIn0=",
          "dependencies": [
            "data.terraform_remote_state.vpc"
          ]
        }
      ]
    },
    {
      "module": "module.eks",
      "mode": "data",
      "type": "aws_caller_identity",
      "name": "current",
      "provider": "provider[\"registry.terraform.io/hashicorp/aws\"]",
      "instances": [
        {
          "schema_version": 0,
          "attributes": {
            "account_id": "132172135366",
            "arn": "arn:aws:iam::132172135366:user/k8suser",
            "id": "132172135366",
            "user_id": "AIDAR5RQSXPDLVB5NXR7O"
          },
          "sensitive_attributes": []
        }
      ]
    },
    {
      "module": "module.eks",
      "mode": "data",
      "type": "aws_iam_policy_document",
      "name": "assume_role_policy",
      "provider": "provider[\"registry.terraform.io/hashicorp/aws\"]",
      "instances": [
        {
          "index_key": 0,
          "schema_version": 0,
          "attributes": {
            "id": "2764486067",
            "json": "{\n  \"Version\": \"2012-10-17\",\n  \"Statement\": [\n    {\n      \"Sid\": \"EKSClusterAssumeRole\",\n      \"Effect\": \"Allow\",\n      \"Action\": \"sts:AssumeRole\",\n      \"Principal\": {\n        \"Service\": \"eks.amazonaws.com\"\n      }\n    }\n  ]\n}",
            "minified_json": "{\"Version\":\"2012-10-17\",\"Statement\":[{\"Sid\":\"EKSClusterAssumeRole\",\"Effect\":\"Allow\",\"Action\":\"sts:AssumeRole\",\"Principal\":{\"Service\":\"eks.amazonaws.com\"}}]}",
            "override_json": null,
            "override_policy_documents": null,
            "policy_id": null,
            "source_json": null,
            "source_policy_documents": null,
            "statement": [
              {
                "actions": [
                  "sts:AssumeRole"
                ],
                "condition": [],
                "effect": "Allow",
                "not_actions": [],
                "not_principals": [],
                "not_resources": [],
                "principals": [
                  {
                    "identifiers": [
                      "eks.amazonaws.com"
                    ],
                    "type": "Service"
                  }
                ],
                "resources": [],
                "sid": "EKSClusterAssumeRole"
              }
            ],
            "version": "2012-10-17"
          },
          "sensitive_attributes": []
        }
      ]
    },
    {
      "module": "module.eks",
      "mode": "data",
      "type": "aws_iam_session_context",
      "name": "current",
      "provider": "provider[\"registry.terraform.io/hashicorp/aws\"]",
      "instances": [
        {
          "schema_version": 0,
          "attributes": {
            "arn": "arn:aws:iam::132172135366:user/k8suser",
            "id": "arn:aws:iam::132172135366:user/k8suser",
            "issuer_arn": "arn:aws:iam::132172135366:user/k8suser",
            "issuer_id": "",
            "issuer_name": "",
            "session_name": ""
          },
          "sensitive_attributes": []
        }
      ]
    },
    {
      "module": "module.eks",
      "mode": "data",
      "type": "aws_partition",
      "name": "current",
      "provider": "provider[\"registry.terraform.io/hashicorp/aws\"]",
      "instances": [
        {
          "schema_version": 0,
          "attributes": {
            "dns_suffix": "amazonaws.com",
            "id": "aws",
            "partition": "aws",
            "reverse_dns_prefix": "com.amazonaws"
          },
          "sensitive_attributes": []
        }
      ]
    },
    {
      "module": "module.eks",
      "mode": "data",
      "type": "tls_certificate",
      "name": "this",
      "provider": "provider[\"registry.terraform.io/hashicorp/tls\"]",
      "instances": [
        {
          "index_key": 0,
          "schema_version": 0,
          "attributes": {
            "certificates": [
              {
                "cert_pem": "-----BEGIN CERTIFICATE-----\nMIIEdTCCA12gAwIBAgIJAKcOSkw0grd/MA0GCSqGSIb3DQEBCwUAMGgxCzAJBgNV\nBAYTAlVTMSUwIwYDVQQKExxTdGFyZmllbGQgVGVjaG5vbG9naWVzLCBJbmMuMTIw\nMAYDVQQLEylTdGFyZmllbGQgQ2xhc3MgMiBDZXJ0aWZpY2F0aW9uIEF1dGhvcml0\neTAeFw0wOTA5MDIwMDAwMDBaFw0zNDA2MjgxNzM5MTZaMIGYMQswCQYDVQQGEwJV\nUzEQMA4GA1UECBMHQXJpem9uYTETMBEGA1UEBxMKU2NvdHRzZGFsZTElMCMGA1UE\nChMcU3RhcmZpZWxkIFRlY2hub2xvZ2llcywgSW5jLjE7MDkGA1UEAxMyU3RhcmZp\nZWxkIFNlcnZpY2VzIFJvb3QgQ2VydGlmaWNhdGUgQXV0aG9yaXR5IC0gRzIwggEi\nMA0GCSqGSIb3DQEBAQUAA4IBDwAwggEKAoIBAQDVDDrEKvlO4vW+GZdfjohTsR8/\ny8+fIBNtKTrID30892t2OGPZNmCom15cAICyL1l/9of5JUOG52kbUpqQ4XHj2C0N\nTm/2yEnZtvMaVq4rtnQU68/7JuMauh2WLmo7WJSJR1b/JaCTcFOD2oR0FMNnngRo\nOt+OQFodSk7PQ5E751bWAHDLUu57fa4657wx+UX2wmDPE1kCK4DMNEffud6QZW0C\nzyyRpqbn3oUYSXxmTqM6bam17jQuug0DuDPfR+uxa40l2ZvOgdFFRjKWcIfeAg5J\nQ4W2bHO7ZOphQazJ1FTfhy/HIrImzJ9ZVGif/L4qL8RVHHVAYBeFAlU5i38FAgMB\nAAGjgfAwge0wDwYDVR0TAQH/BAUwAwEB/zAOBgNVHQ8BAf8EBAMCAYYwHQYDVR0O\nBBYEFJxfAN+qAdcwKziIorhtSpzyEZGDMB8GA1UdIwQYMBaAFL9ft9HO3R+G9FtV\nrNzXEMIOqYjnME8GCCsGAQUFBwEBBEMwQTAcBggrBgEFBQcwAYYQaHR0cDovL28u\nc3MyLnVzLzAhBggrBgEFBQcwAoYVaHR0cDovL3guc3MyLnVzL3guY2VyMCYGA1Ud\nHwQfMB0wG6AZoBeGFWh0dHA6Ly9zLnNzMi51cy9yLmNybDARBgNVHSAECjAIMAYG\nBFUdIAAwDQYJKoZIhvcNAQELBQADggEBACMd44pXyn3pF3lM8R5V/cxTbj5HD9/G\nVfKyBDbtgB9TxF00KGu+x1X8Z+rLP3+QsjPNG1gQggL4+C/1E2DUBc7xgQjB3ad1\nl08YuW3e95ORCLp+QCztweq7dp4zBncdDQh/U90bZKuCJ/Fp1U1ervShw3WnWEQt\n8jxwmKy6abaVd38PMV4s/KCHOkdp8Hlf9BRUpJVeEXgSYCfOn8J3/yNTd126/+pZ\n59vPr5KW7ySaNRB6nJHGDn2Z9j8Z3/VyVOEVqQdZe4O/Ui5GjLIAZHYcSNPYeehu\nVsyuLAOQ1xk4meTKCRlb/weWsKh/NEnfVqn3sF/tM+2MR7cwA130A4w=\n-----END CERTIFICATE-----\n",
                "is_ca": true,
                "issuer": "OU=Starfield Class 2 Certification Authority,O=Starfield Technologies\\, Inc.,C=US",
                "not_after": "2034-06-28T17:39:16Z",
                "not_before": "2009-09-02T00:00:00Z",
                "public_key_algorithm": "RSA",
                "serial_number": "12037640545166866303",
                "sha1_fingerprint": "9e99a48a9960b14926bb7f3b02e22da2b0ab7280",
                "signature_algorithm": "SHA256-RSA",
                "subject": "CN=Starfield Services Root Certificate Authority - G2,O=Starfield Technologies\\, Inc.,L=Scottsdale,ST=Arizona,C=US",
                "version": 3
              },
              {
                "cert_pem": "-----BEGIN CERTIFICATE-----\nMIIEkjCCA3qgAwIBAgITBn+USionzfP6wq4rAfkI7rnExjANBgkqhkiG9w0BAQsF\nADCBmDELMAkGA1UEBhMCVVMxEDAOBgNVBAgTB0FyaXpvbmExEzARBgNVBAcTClNj\nb3R0c2RhbGUxJTAjBgNVBAoTHFN0YXJmaWVsZCBUZWNobm9sb2dpZXMsIEluYy4x\nOzA5BgNVBAMTMlN0YXJmaWVsZCBTZXJ2aWNlcyBSb290IENlcnRpZmljYXRlIEF1\ndGhvcml0eSAtIEcyMB4XDTE1MDUyNTEyMDAwMFoXDTM3MTIzMTAxMDAwMFowOTEL\nMAkGA1UEBhMCVVMxDzANBgNVBAoTBkFtYXpvbjEZMBcGA1UEAxMQQW1hem9uIFJv\nb3QgQ0EgMTCCASIwDQYJKoZIhvcNAQEBBQADggEPADCCAQoCggEBALJ4gHHKeNXj\nca9HgFB0fW7Y14h29Jlo91ghYPl0hAEvrAIthtOgQ3pOsqTQNroBvo3bSMgHFzZM\n9O6II8c+6zf1tRn4SWiw3te5djgdYZ6k/oI2peVKVuRF4fn9tBb6dNqcmzU5L/qw\nIFAGbHrQgLKm+a/sRxmPUDgH3KKHOVj4utWp+UhnMJbulHheb4mjUcAwhmahRWa6\nVOujw5H5SNz/0egwLX0tdHA114gk957EWW67c4cX8jJGKLhD+rcdqsq08p8kDi1L\n93FcXmn/6pUCyziKrlA4b9v7LWIbxcceVOF34GfID5yHI9Y/QCB/IIDEgEw+OyQm\njgSubJrIqg0CAwEAAaOCATEwggEtMA8GA1UdEwEB/wQFMAMBAf8wDgYDVR0PAQH/\nBAQDAgGGMB0GA1UdDgQWBBSEGMyFNOy8DJSULghZnMeyEE4KCDAfBgNVHSMEGDAW\ngBScXwDfqgHXMCs4iKK4bUqc8hGRgzB4BggrBgEFBQcBAQRsMGowLgYIKwYBBQUH\nMAGGImh0dHA6Ly9vY3NwLnJvb3RnMi5hbWF6b250cnVzdC5jb20wOAYIKwYBBQUH\nMAKGLGh0dHA6Ly9jcnQucm9vdGcyLmFtYXpvbnRydXN0LmNvbS9yb290ZzIuY2Vy\nMD0GA1UdHwQ2MDQwMqAwoC6GLGh0dHA6Ly9jcmwucm9vdGcyLmFtYXpvbnRydXN0\nLmNvbS9yb290ZzIuY3JsMBEGA1UdIAQKMAgwBgYEVR0gADANBgkqhkiG9w0BAQsF\nAAOCAQEAYjdCXLwQtT6LLOkMm2xF4gcAevnFWAu5CIw+7bMlPLVvUOTNNWqnkzSW\nMiGpSESrnO09tKpzbeR/FoCJbM8oAxiDR3mjEH4wW6w7sGDgd9QIpuEdfF7Au/ma\neyKdpwAJfqxGF4PcnCZXmTA5YpaP7dreqsXMGz7KQ2hsVxa81Q4gLv7/wmpdLqBK\nbRRYh5TmOTFffHPLkIhqhBGWJ6bt2YFGpn6jcgAKUj6DiAdjd4lpFw85hdKrCEVN\n0FE6/V1dN2RMfjCyVSRCnTawXZwXgWHxyvkQAiSr6w10kY17RSlQOYiypok1JR4U\nakcjMS9cmvqtmg5iUaQqqcT5NJ0hGA==\n-----END CERTIFICATE-----\n",
                "is_ca": true,
                "issuer": "CN=Starfield Services Root Certificate Authority - G2,O=Starfield Technologies\\, Inc.,L=Scottsdale,ST=Arizona,C=US",
                "not_after": "2037-12-31T01:00:00Z",
                "not_before": "2015-05-25T12:00:00Z",
                "public_key_algorithm": "RSA",
                "serial_number": "144918191876577076464031512351042010504348870",
                "sha1_fingerprint": "06b25927c42a721631c1efd9431e648fa62e1e39",
                "signature_algorithm": "SHA256-RSA",
                "subject": "CN=Amazon Root CA 1,O=Amazon,C=US",
                "version": 3
              },
              {
                "cert_pem": "-----BEGIN CERTIFICATE-----\nMIIEXjCCA0agAwIBAgITB3MSSkvL1E7HtTvq8ZSELToPoTANBgkqhkiG9w0BAQsF\nADA5MQswCQYDVQQGEwJVUzEPMA0GA1UEChMGQW1hem9uMRkwFwYDVQQDExBBbWF6\nb24gUm9vdCBDQSAxMB4XDTIyMDgyMzIyMjUzMFoXDTMwMDgyMzIyMjUzMFowPDEL\nMAkGA1UEBhMCVVMxDzANBgNVBAoTBkFtYXpvbjEcMBoGA1UEAxMTQW1hem9uIFJT\nQSAyMDQ4IE0wMjCCASIwDQYJKoZIhvcNAQEBBQADggEPADCCAQoCggEBALtDGMZa\nqHneKei1by6+pUPPLljTB143Si6VpEWPc6mSkFhZb/6qrkZyoHlQLbDYnI2D7hD0\nsdzEqfnuAjIsuXQLG3A8TvX6V3oFNBFVe8NlLJHvBseKY88saLwufxkZVwk74g4n\nWlNMXzla9Y5F3wwRHwMVH443xGz6UtGSZSqQ94eFx5X7Tlqt8whi8qCaKdZ5rNak\n+r9nUThOeClqFd4oXych//Rc7Y0eX1KNWHYSI1Nk31mYgiK3JvH063g+K9tHA63Z\neTgKgndlh+WI+zv7i44HepRZjA1FYwYZ9Vv/9UkC5Yz8/yU65fgjaE+wVHM4e/Yy\nC2osrPWE7gJ+dXMCAwEAAaOCAVowggFWMBIGA1UdEwEB/wQIMAYBAf8CAQAwDgYD\nVR0PAQH/BAQDAgGGMB0GA1UdJQQWMBQGCCsGAQUFBwMBBggrBgEFBQcDAjAdBgNV\nHQ4EFgQUwDFSzVpQw4J8dHHOy+mc+XrrguIwHwYDVR0jBBgwFoAUhBjMhTTsvAyU\nlC4IWZzHshBOCggwewYIKwYBBQUHAQEEbzBtMC8GCCsGAQUFBzABhiNodHRwOi8v\nb2NzcC5yb290Y2ExLmFtYXpvbnRydXN0LmNvbTA6BggrBgEFBQcwAoYuaHR0cDov\nL2NydC5yb290Y2ExLmFtYXpvbnRydXN0LmNvbS9yb290Y2ExLmNlcjA/BgNVHR8E\nODA2MDSgMqAwhi5odHRwOi8vY3JsLnJvb3RjYTEuYW1hem9udHJ1c3QuY29tL3Jv\nb3RjYTEuY3JsMBMGA1UdIAQMMAowCAYGZ4EMAQIBMA0GCSqGSIb3DQEBCwUAA4IB\nAQAtTi6Fs0Azfi+iwm7jrz+CSxHH+uHl7Law3MQSXVtR8RV53PtR6r/6gNpqlzdo\nZq4FKbADi1v9Bun8RY8D51uedRfjsbeodizeBB8nXmeyD33Ep7VATj4ozcd31YFV\nfgRhvTSxNrrTlNpWkUk0m3BMPv8sg381HhA6uEYokE5q9uws/3YkKqRiEz3TsaWm\nJqIRZhMbgAfp7O7FUwFIb7UIspogZSKxPIWJpxiPo3TcBambbVtQOcNRWz5qCQdD\nslI2yayq0n2TXoHyNCLEH8rpsJRVILFsg0jc7BaFrMnF462+ajSehgj12IidNeRN\n4zl+EoNaWdpnWndvSpAEkq2P\n-----END CERTIFICATE-----\n",
                "is_ca": true,
                "issuer": "CN=Amazon Root CA 1,O=Amazon,C=US",
                "not_after": "2030-08-23T22:25:30Z",
                "not_before": "2022-08-23T22:25:30Z",
                "public_key_algorithm": "RSA",
                "serial_number": "166129353110899469622597955040406457904926625",
                "sha1_fingerprint": "414a2060b738c635cc7fc243e052615592830c53",
                "signature_algorithm": "SHA256-RSA",
                "subject": "CN=Amazon RSA 2048 M02,O=Amazon,C=US",
                "version": 3
              },
              {
                "cert_pem": "-----BEGIN CERTIFICATE-----\nMIIF5TCCBM2gAwIBAgIQCJL9XGbawpZ6IsGGvDqdyDANBgkqhkiG9w0BAQsFADA8\nMQswCQYDVQQGEwJVUzEPMA0GA1UEChMGQW1hem9uMRwwGgYDVQQDExNBbWF6b24g\nUlNBIDIwNDggTTAyMB4XDTI0MDMyODAwMDAwMFoXDTI1MDQyNjIzNTk1OVowKDEm\nMCQGA1UEAwwdKi5la3MudXMtZWFzdC0xLmFtYXpvbmF3cy5jb20wggEiMA0GCSqG\nSIb3DQEBAQUAA4IBDwAwggEKAoIBAQC4iVpgxjgOmMKdC2tYTHa9yzuuLdYCjpC6\nxN1VgI71uTiSxUGf6R3N/Rdk5vjz2COu3fsVgMh6cCpqrPlxU/5uP0/DFfQGdVxB\nbZ4vYRC9jIbgyKmwqOEJMD/9B3iGHz3KpBpnXDcuulqWsCtuuqxjnMLL4h1UdOeA\nPNwhOyQxKMHl+LfrCZeCuehKch+XM/8lhdKgYyLp8o1Nm7IsNG1aN6iNoZ6rxEyU\nVw6fV+pZDaIrxkYf7unQrAfUWR122pXGzWRtv5VGZLjrci8ev4ZpgGViIzb2LOqT\nFm8gde6aURlAm4uMDFzmZ/iOqEV+52vO9Z0E6Yo5M3dJZqQo7uUpAgMBAAGjggL1\nMIIC8TAfBgNVHSMEGDAWgBTAMVLNWlDDgnx0cc7L6Zz5euuC4jAdBgNVHQ4EFgQU\nhG1ZDKa76htLZVXP+E3P3GnYHjEwKAYDVR0RBCEwH4IdKi5la3MudXMtZWFzdC0x\nLmFtYXpvbmF3cy5jb20wEwYDVR0gBAwwCjAIBgZngQwBAgEwDgYDVR0PAQH/BAQD\nAgWgMB0GA1UdJQQWMBQGCCsGAQUFBwMBBggrBgEFBQcDAjA7BgNVHR8ENDAyMDCg\nLqAshipodHRwOi8vY3JsLnIybTAyLmFtYXpvbnRydXN0LmNvbS9yMm0wMi5jcmww\ndQYIKwYBBQUHAQEEaTBnMC0GCCsGAQUFBzABhiFodHRwOi8vb2NzcC5yMm0wMi5h\nbWF6b250cnVzdC5jb20wNgYIKwYBBQUHMAKGKmh0dHA6Ly9jcnQucjJtMDIuYW1h\nem9udHJ1c3QuY29tL3IybTAyLmNlcjAMBgNVHRMBAf8EAjAAMIIBfQYKKwYBBAHW\neQIEAgSCAW0EggFpAWcAdgDPEVbu1S58r/OHW9lpLpvpGnFnSrAX7KwB0lt3zsw7\nCAAAAY6HAoTcAAAEAwBHMEUCIHI392+k5Ds777nM4CwNr+xjjCr49CQ/vHIJDZJX\nokM7AiEA++VPDyyMLijPy0GR8ZBIvAcrYbjfJXTF3GkizeJLVJIAdgB9WR4S4Xgq\nexxhZ3xe/fjQh1wUoE6VnrkDL9kOjC55uAAAAY6HAoTeAAAEAwBHMEUCICBkhMaf\n9gdR3bCbLxXFbHNEXUh7t3P/SxaUKDcE6UmIAiEA25zZ9aBt/mrhDcMc155V8qnw\nadTEqttLdP4XMEmMsPAAdQDm0jFjQHeMwRBBBtdxuc7B0kD2loSG+7qHMh39HjeO\nUAAAAY6HAoTxAAAEAwBGMEQCIFFF4kpqcNgHFzRi2cnL4HbNApZlnlc+Re9IyYXi\nCldqAiBkZUgs12iu2uWGU97VUAICt2+zZkhjUV3i+O3kYh1yrTANBgkqhkiG9w0B\nAQsFAAOCAQEAWY5OxR7rWtYFS09xAYYIHlBF7wdUxQH60zi/IqAHZIRCFI1xHdsJ\n0BUv30lLyiGtVr4DheBo81/IErBRpXmSkdoDJA+5d/Jz3EFtbrVogjESALAgBfSG\nuJX0QLshjyTl9O2r00qkxIhbKmSPSl9JQVxqt2jTaB6pD3SjWX6U+l397Ns1L6pI\nb1418oVo7LeHwEeEx6APMIyjzlfcXdCHA6lVKeiNF8SH+QW+h6ZOpGXJIU6llBjg\nWAhscqrGRj1APpuKWGVkVCweAjIOcEuWV8Fqmfp1h9jmeUkG6SoBifrl41PvhK0o\nqQ3LlAF6Op6n7JLa2rlXkf6LienZDVlSuQ==\n-----END CERTIFICATE-----\n",
                "is_ca": false,
                "issuer": "CN=Amazon RSA 2048 M02,O=Amazon,C=US",
                "not_after": "2025-04-26T23:59:59Z",
                "not_before": "2024-03-28T00:00:00Z",
                "public_key_algorithm": "RSA",
                "serial_number": "11397038078078022747295509550808604104",
                "sha1_fingerprint": "9451ad2b53c7f41fab22886cc07d482085336561",
                "signature_algorithm": "SHA256-RSA",
                "subject": "CN=*.eks.us-east-1.amazonaws.com",
                "version": 3
              }
            ],
            "content": null,
            "id": "99d41e43229a4cdaf4141f3e8310e6d95c31dab9",
            "url": "https://oidc.eks.us-east-1.amazonaws.com/id/0039CC26BDA75400088D884DE0BE8D9A",
            "verify_chain": true
          },
          "sensitive_attributes": []
        }
      ]
    },
    {
      "module": "module.eks",
      "mode": "managed",
      "type": "aws_cloudwatch_log_group",
      "name": "this",
      "provider": "provider[\"registry.terraform.io/hashicorp/aws\"]",
      "instances": [
        {
          "index_key": 0,
          "schema_version": 0,
          "attributes": {
            "arn": "arn:aws:logs:us-east-1:132172135366:log-group:/aws/eks/demo-cluster/cluster",
            "id": "/aws/eks/demo-cluster/cluster",
            "kms_key_id": "",
            "log_group_class": "STANDARD",
            "name": "/aws/eks/demo-cluster/cluster",
            "name_prefix": "",
            "retention_in_days": 90,
            "skip_destroy": false,
            "tags": {
              "DevtedsOrg": "Devteds Courses",
              "DevtedsStack": "demo-cluster",
              "DevtedsStackName": "EKS",
              "Name": "/aws/eks/demo-cluster/cluster",
              "kubernetes.io/cluster/demo-cluster": "shared"
            },
            "tags_all": {
              "DevtedsOrg": "Devteds Courses",
              "DevtedsStack": "demo-cluster",
              "DevtedsStackName": "EKS",
              "Name": "/aws/eks/demo-cluster/cluster",
              "kubernetes.io/cluster/demo-cluster": "shared"
            }
          },
          "sensitive_attributes": [],
          "private": "bnVsbA==",
          "create_before_destroy": true
        }
      ]
    },
    {
      "module": "module.eks",
      "mode": "managed",
      "type": "aws_ec2_tag",
      "name": "cluster_primary_security_group",
      "provider": "provider[\"registry.terraform.io/hashicorp/aws\"]",
      "instances": [
        {
          "index_key": "DevtedsOrg",
          "schema_version": 0,
          "attributes": {
            "id": "sg-01a218469f95e48f1,DevtedsOrg",
            "key": "DevtedsOrg",
            "resource_id": "sg-01a218469f95e48f1",
            "value": "Devteds Courses"
          },
          "sensitive_attributes": [],
          "private": "bnVsbA==",
          "dependencies": [
            "data.terraform_remote_state.vpc",
            "module.eks.aws_cloudwatch_log_group.this",
            "module.eks.aws_eks_cluster.this",
            "module.eks.aws_iam_policy.cni_ipv6_policy",
            "module.eks.aws_iam_role.this",
            "module.eks.aws_iam_role_policy_attachment.this",
            "module.eks.aws_security_group.cluster",
            "module.eks.aws_security_group.node",
            "module.eks.aws_security_group_rule.cluster",
            "module.eks.aws_security_group_rule.node",
            "module.eks.data.aws_caller_identity.current",
            "module.eks.data.aws_iam_policy_document.assume_role_policy",
            "module.eks.data.aws_iam_policy_document.cni_ipv6_policy",
            "module.eks.data.aws_iam_session_context.current",
            "module.eks.data.aws_partition.current",
            "module.eks.module.kms.aws_kms_external_key.this",
            "module.eks.module.kms.aws_kms_key.this",
            "module.eks.module.kms.aws_kms_replica_external_key.this",
            "module.eks.module.kms.aws_kms_replica_key.this",
            "module.eks.module.kms.data.aws_caller_identity.current",
            "module.eks.module.kms.data.aws_iam_policy_document.this",
            "module.eks.module.kms.data.aws_partition.current"
          ]
        },
        {
          "index_key": "DevtedsStack",
          "schema_version": 0,
          "attributes": {
            "id": "sg-01a218469f95e48f1,DevtedsStack",
            "key": "DevtedsStack",
            "resource_id": "sg-01a218469f95e48f1",
            "value": "demo-cluster"
          },
          "sensitive_attributes": [],
          "private": "bnVsbA==",
          "dependencies": [
            "data.terraform_remote_state.vpc",
            "module.eks.aws_cloudwatch_log_group.this",
            "module.eks.aws_eks_cluster.this",
            "module.eks.aws_iam_policy.cni_ipv6_policy",
            "module.eks.aws_iam_role.this",
            "module.eks.aws_iam_role_policy_attachment.this",
            "module.eks.aws_security_group.cluster",
            "module.eks.aws_security_group.node",
            "module.eks.aws_security_group_rule.cluster",
            "module.eks.aws_security_group_rule.node",
            "module.eks.data.aws_caller_identity.current",
            "module.eks.data.aws_iam_policy_document.assume_role_policy",
            "module.eks.data.aws_iam_policy_document.cni_ipv6_policy",
            "module.eks.data.aws_iam_session_context.current",
            "module.eks.data.aws_partition.current",
            "module.eks.module.kms.aws_kms_external_key.this",
            "module.eks.module.kms.aws_kms_key.this",
            "module.eks.module.kms.aws_kms_replica_external_key.this",
            "module.eks.module.kms.aws_kms_replica_key.this",
            "module.eks.module.kms.data.aws_caller_identity.current",
            "module.eks.module.kms.data.aws_iam_policy_document.this",
            "module.eks.module.kms.data.aws_partition.current"
          ]
        },
        {
          "index_key": "DevtedsStackName",
          "schema_version": 0,
          "attributes": {
            "id": "sg-01a218469f95e48f1,DevtedsStackName",
            "key": "DevtedsStackName",
            "resource_id": "sg-01a218469f95e48f1",
            "value": "EKS"
          },
          "sensitive_attributes": [],
          "private": "bnVsbA==",
          "dependencies": [
            "data.terraform_remote_state.vpc",
            "module.eks.aws_cloudwatch_log_group.this",
            "module.eks.aws_eks_cluster.this",
            "module.eks.aws_iam_policy.cni_ipv6_policy",
            "module.eks.aws_iam_role.this",
            "module.eks.aws_iam_role_policy_attachment.this",
            "module.eks.aws_security_group.cluster",
            "module.eks.aws_security_group.node",
            "module.eks.aws_security_group_rule.cluster",
            "module.eks.aws_security_group_rule.node",
            "module.eks.data.aws_caller_identity.current",
            "module.eks.data.aws_iam_policy_document.assume_role_policy",
            "module.eks.data.aws_iam_policy_document.cni_ipv6_policy",
            "module.eks.data.aws_iam_session_context.current",
            "module.eks.data.aws_partition.current",
            "module.eks.module.kms.aws_kms_external_key.this",
            "module.eks.module.kms.aws_kms_key.this",
            "module.eks.module.kms.aws_kms_replica_external_key.this",
            "module.eks.module.kms.aws_kms_replica_key.this",
            "module.eks.module.kms.data.aws_caller_identity.current",
            "module.eks.module.kms.data.aws_iam_policy_document.this",
            "module.eks.module.kms.data.aws_partition.current"
          ]
        },
        {
          "index_key": "kubernetes.io/cluster/demo-cluster",
          "schema_version": 0,
          "attributes": {
            "id": "sg-01a218469f95e48f1,kubernetes.io/cluster/demo-cluster",
            "key": "kubernetes.io/cluster/demo-cluster",
            "resource_id": "sg-01a218469f95e48f1",
            "value": "shared"
          },
          "sensitive_attributes": [],
          "private": "bnVsbA==",
          "dependencies": [
            "data.terraform_remote_state.vpc",
            "module.eks.aws_cloudwatch_log_group.this",
            "module.eks.aws_eks_cluster.this",
            "module.eks.aws_iam_policy.cni_ipv6_policy",
            "module.eks.aws_iam_role.this",
            "module.eks.aws_iam_role_policy_attachment.this",
            "module.eks.aws_security_group.cluster",
            "module.eks.aws_security_group.node",
            "module.eks.aws_security_group_rule.cluster",
            "module.eks.aws_security_group_rule.node",
            "module.eks.data.aws_caller_identity.current",
            "module.eks.data.aws_iam_policy_document.assume_role_policy",
            "module.eks.data.aws_iam_policy_document.cni_ipv6_policy",
            "module.eks.data.aws_iam_session_context.current",
            "module.eks.data.aws_partition.current",
            "module.eks.module.kms.aws_kms_external_key.this",
            "module.eks.module.kms.aws_kms_key.this",
            "module.eks.module.kms.aws_kms_replica_external_key.this",
            "module.eks.module.kms.aws_kms_replica_key.this",
            "module.eks.module.kms.data.aws_caller_identity.current",
            "module.eks.module.kms.data.aws_iam_policy_document.this",
            "module.eks.module.kms.data.aws_partition.current"
          ]
        }
      ]
    },
    {
      "module": "module.eks",
      "mode": "managed",
      "type": "aws_eks_access_entry",
      "name": "this",
      "provider": "provider[\"registry.terraform.io/hashicorp/aws\"]",
      "instances": [
        {
          "index_key": "cluster_creator",
          "schema_version": 0,
          "attributes": {
            "access_entry_arn": "arn:aws:eks:us-east-1:132172135366:access-entry/demo-cluster/user/132172135366/k8suser/68c91be4-083a-c9e8-78f3-c42a2004bf2d",
            "cluster_name": "demo-cluster",
            "created_at": "2024-09-28T08:38:31Z",
            "id": "demo-cluster:arn:aws:iam::132172135366:user/k8suser",
            "kubernetes_groups": [],
            "modified_at": "2024-09-28T08:38:31Z",
            "principal_arn": "arn:aws:iam::132172135366:user/k8suser",
            "tags": {
              "DevtedsOrg": "Devteds Courses",
              "DevtedsStack": "demo-cluster",
              "DevtedsStackName": "EKS",
              "kubernetes.io/cluster/demo-cluster": "shared"
            },
            "tags_all": {
              "DevtedsOrg": "Devteds Courses",
              "DevtedsStack": "demo-cluster",
              "DevtedsStackName": "EKS",
              "kubernetes.io/cluster/demo-cluster": "shared"
            },
            "timeouts": null,
            "type": "STANDARD",
            "user_name": "arn:aws:iam::132172135366:user/k8suser"
          },
          "sensitive_attributes": [],
          "private": "eyJlMmJmYjczMC1lY2FhLTExZTYtOGY4OC0zNDM2M2JjN2M0YzAiOnsiY3JlYXRlIjo2MDAwMDAwMDAwMDAsImRlbGV0ZSI6NjAwMDAwMDAwMDAwfX0=",
          "dependencies": [
            "data.terraform_remote_state.vpc",
            "module.eks.aws_cloudwatch_log_group.this",
            "module.eks.aws_eks_cluster.this",
            "module.eks.aws_iam_policy.cni_ipv6_policy",
            "module.eks.aws_iam_role.this",
            "module.eks.aws_iam_role_policy_attachment.this",
            "module.eks.aws_security_group.cluster",
            "module.eks.aws_security_group.node",
            "module.eks.aws_security_group_rule.cluster",
            "module.eks.aws_security_group_rule.node",
            "module.eks.data.aws_caller_identity.current",
            "module.eks.data.aws_iam_policy_document.assume_role_policy",
            "module.eks.data.aws_iam_policy_document.cni_ipv6_policy",
            "module.eks.data.aws_iam_session_context.current",
            "module.eks.data.aws_partition.current",
            "module.eks.module.kms.aws_kms_external_key.this",
            "module.eks.module.kms.aws_kms_key.this",
            "module.eks.module.kms.aws_kms_replica_external_key.this",
            "module.eks.module.kms.aws_kms_replica_key.this",
            "module.eks.module.kms.data.aws_caller_identity.current",
            "module.eks.module.kms.data.aws_iam_policy_document.this",
            "module.eks.module.kms.data.aws_partition.current"
          ]
        }
      ]
    },
    {
      "module": "module.eks",
      "mode": "managed",
      "type": "aws_eks_access_policy_association",
      "name": "this",
      "provider": "provider[\"registry.terraform.io/hashicorp/aws\"]",
      "instances": [
        {
          "index_key": "cluster_creator_admin",
          "schema_version": 0,
          "attributes": {
            "access_scope": [
              {
                "namespaces": null,
                "type": "cluster"
              }
            ],
            "associated_at": "2024-09-28 08:38:32.62 +0000 UTC",
            "cluster_name": "demo-cluster",
            "id": "demo-cluster#arn:aws:iam::132172135366:user/k8suser#arn:aws:eks::aws:cluster-access-policy/AmazonEKSClusterAdminPolicy",
            "modified_at": "2024-09-28 08:38:32.62 +0000 UTC",
            "policy_arn": "arn:aws:eks::aws:cluster-access-policy/AmazonEKSClusterAdminPolicy",
            "principal_arn": "arn:aws:iam::132172135366:user/k8suser",
            "timeouts": null
          },
          "sensitive_attributes": [],
          "private": "eyJlMmJmYjczMC1lY2FhLTExZTYtOGY4OC0zNDM2M2JjN2M0YzAiOnsiY3JlYXRlIjo2MDAwMDAwMDAwMDAsImRlbGV0ZSI6NjAwMDAwMDAwMDAwfX0=",
          "dependencies": [
            "data.terraform_remote_state.vpc",
            "module.eks.aws_cloudwatch_log_group.this",
            "module.eks.aws_eks_access_entry.this",
            "module.eks.aws_eks_cluster.this",
            "module.eks.aws_iam_policy.cni_ipv6_policy",
            "module.eks.aws_iam_role.this",
            "module.eks.aws_iam_role_policy_attachment.this",
            "module.eks.aws_security_group.cluster",
            "module.eks.aws_security_group.node",
            "module.eks.aws_security_group_rule.cluster",
            "module.eks.aws_security_group_rule.node",
            "module.eks.data.aws_caller_identity.current",
            "module.eks.data.aws_iam_policy_document.assume_role_policy",
            "module.eks.data.aws_iam_policy_document.cni_ipv6_policy",
            "module.eks.data.aws_iam_session_context.current",
            "module.eks.data.aws_partition.current",
            "module.eks.module.kms.aws_kms_external_key.this",
            "module.eks.module.kms.aws_kms_key.this",
            "module.eks.module.kms.aws_kms_replica_external_key.this",
            "module.eks.module.kms.aws_kms_replica_key.this",
            "module.eks.module.kms.data.aws_caller_identity.current",
            "module.eks.module.kms.data.aws_iam_policy_document.this",
            "module.eks.module.kms.data.aws_partition.current"
          ]
        }
      ]
    },
    {
      "module": "module.eks",
      "mode": "managed",
      "type": "aws_eks_cluster",
      "name": "this",
      "provider": "provider[\"registry.terraform.io/hashicorp/aws\"]",
      "instances": [
        {
          "index_key": 0,
          "schema_version": 1,
          "attributes": {
            "access_config": [
              {
                "authentication_mode": "API_AND_CONFIG_MAP",
                "bootstrap_cluster_creator_admin_permissions": false
              }
            ],
            "arn": "arn:aws:eks:us-east-1:132172135366:cluster/demo-cluster",
            "bootstrap_self_managed_addons": true,
            "certificate_authority": [
              {
                "data": "LS0tLS1CRUdJTiBDRVJUSUZJQ0FURS0tLS0tCk1JSURCVENDQWUyZ0F3SUJBZ0lJSHFPcllWajdXVzB3RFFZSktvWklodmNOQVFFTEJRQXdGVEVUTUJFR0ExVUUKQXhNS2EzVmlaWEp1WlhSbGN6QWVGdzB5TkRBNU1qZ3dPREkzTXpCYUZ3MHpOREE1TWpZd09ETXlNekJhTUJVeApFekFSQmdOVkJBTVRDbXQxWW1WeWJtVjBaWE13Z2dFaU1BMEdDU3FHU0liM0RRRUJBUVVBQTRJQkR3QXdnZ0VLCkFvSUJBUURrZjV0MzJvZXVOY0VMZVdnUlZ5bDlzU1NSOFBTTVFKKzl5aWlDck5aSFpHZG9zWHdPdUllRm4zOEQKeVJpcm5wQlhSYjFBV3Q0VWhyd0NVUUtGU1htajdIclpjS2pIM0VJNy9XZnJtYWMzQWJjbExGTnlsdFpTZXRmbwp4RkU2WjFUNmhJR1RYMVd5MmdremlQSlQxcnNmQmMySURYM3c0aE1yYUx3NXlrSG5iVVdKdTJKRi83Z29EamVXCmFNNTlRMGYwT3pTYkprZ2g3S2MvcmdaRlhnZFJrcitVVndUNC9NS0lVL0hMMUFEaCtFNGtKRFJUVFlCUWtLeTQKelRralR0MUtBa1pxT3RGQjRQK1BiTHlLOWZteElVc1VoRU5heWdJNmNRaGxDRHdvci9oMlo2TkVkNFlENGlZTgpQdTFVRnVONU1jU1NKK3FPdlFQdEEwOXYwUldaQWdNQkFBR2pXVEJYTUE0R0ExVWREd0VCL3dRRUF3SUNwREFQCkJnTlZIUk1CQWY4RUJUQURBUUgvTUIwR0ExVWREZ1FXQkJTMVNjenhsVzdRVVJKTEcxN1VySUNMRStFTDl6QVYKQmdOVkhSRUVEakFNZ2dwcmRXSmxjbTVsZEdWek1BMEdDU3FHU0liM0RRRUJDd1VBQTRJQkFRQ0gxUVdoNk9nNQoxeVlaL1JFN0VwU2kxMjZiOEFySTFpWmVRRXhlaW96WmJNM0RSa1pnbTZQS2hENjc3eXN1L1IweHRZQWFYbzllCjk5VGUxYXVkQUxPNUJmNHdWWUthZ3pqN0tJNXUzT1JHc2d2cGRJdjJDemdqUDNDckVJT2FPNU1zd0xXSC9Qd0MKSEJxOFpWN1AwdkJKU3U3TlZ1QlVTZzdRTk53bXpIVEUxUURyalFONzRUMWp0YnRjR2UrL1V3MFd1aUlaSENVagphUXBFZXJhWGFHcTNBQll6ZXdOVmZRUWRQVEdycnBXQW1rRWNuNGsvdWN3OW9wQ2ZoUmVUWXlUZHo0K2dNRk1PClRUMU9oVE5pc3Y2MW0wZjZGcjRoczdJRDRwZys0R0VKWUY5ZkhJUnl6M0p0cVVrQmZRaGIzaFE0MmhHV3I4bnMKVzAyYnprcDFqM0VwCi0tLS0tRU5EIENFUlRJRklDQVRFLS0tLS0K"
              }
            ],
            "cluster_id": null,
            "created_at": "2024-09-28T08:27:49Z",
            "enabled_cluster_log_types": [
              "api",
              "audit",
              "authenticator"
            ],
            "encryption_config": [],
            "endpoint": "https://0039CC26BDA75400088D884DE0BE8D9A.gr7.us-east-1.eks.amazonaws.com",
            "id": "demo-cluster",
            "identity": [
              {
                "oidc": [
                  {
                    "issuer": "https://oidc.eks.us-east-1.amazonaws.com/id/0039CC26BDA75400088D884DE0BE8D9A"
                  }
                ]
              }
            ],
            "kubernetes_network_config": [
              {
                "ip_family": "ipv4",
                "service_ipv4_cidr": "172.20.0.0/16",
                "service_ipv6_cidr": ""
              }
            ],
            "name": "demo-cluster",
            "outpost_config": [],
            "platform_version": "eks.13",
            "role_arn": "arn:aws:iam::132172135366:role/demo-cluster-cluster-20240928082733159700000005",
            "status": "ACTIVE",
            "tags": {
              "DevtedsOrg": "Devteds Courses",
              "DevtedsStack": "demo-cluster",
              "DevtedsStackName": "EKS",
              "kubernetes.io/cluster/demo-cluster": "shared",
              "terraform-aws-modules": "eks"
            },
            "tags_all": {
              "DevtedsOrg": "Devteds Courses",
              "DevtedsStack": "demo-cluster",
              "DevtedsStackName": "EKS",
              "kubernetes.io/cluster/demo-cluster": "shared",
              "terraform-aws-modules": "eks"
            },
            "timeouts": {
              "create": null,
              "delete": null,
              "update": null
            },
            "upgrade_policy": [
              {
                "support_type": "EXTENDED"
              }
            ],
            "version": "1.29",
            "vpc_config": [
              {
                "cluster_security_group_id": "sg-01a218469f95e48f1",
                "endpoint_private_access": true,
                "endpoint_public_access": true,
                "public_access_cidrs": [
                  "0.0.0.0/0"
                ],
                "security_group_ids": [
                  "sg-051d9bc3df37ad61c"
                ],
                "subnet_ids": [
                  "subnet-02781121906190544",
                  "subnet-0b27455fff53cc08d",
                  "subnet-0bd87a30900e44ef0"
                ],
                "vpc_id": "vpc-01902c45976e3b9ff"
              }
            ]
          },
          "sensitive_attributes": [],
          "private": "eyJlMmJmYjczMC1lY2FhLTExZTYtOGY4OC0zNDM2M2JjN2M0YzAiOnsiY3JlYXRlIjoxODAwMDAwMDAwMDAwLCJkZWxldGUiOjkwMDAwMDAwMDAwMCwidXBkYXRlIjozNjAwMDAwMDAwMDAwfSwic2NoZW1hX3ZlcnNpb24iOiIxIn0=",
          "dependencies": [
            "data.terraform_remote_state.vpc",
            "module.eks.aws_cloudwatch_log_group.this",
            "module.eks.aws_iam_policy.cni_ipv6_policy",
            "module.eks.aws_iam_role.this",
            "module.eks.aws_iam_role_policy_attachment.this",
            "module.eks.aws_security_group.cluster",
            "module.eks.aws_security_group.node",
            "module.eks.aws_security_group_rule.cluster",
            "module.eks.aws_security_group_rule.node",
            "module.eks.data.aws_caller_identity.current",
            "module.eks.data.aws_iam_policy_document.assume_role_policy",
            "module.eks.data.aws_iam_policy_document.cni_ipv6_policy",
            "module.eks.data.aws_iam_session_context.current",
            "module.eks.data.aws_partition.current",
            "module.eks.module.kms.aws_kms_external_key.this",
            "module.eks.module.kms.aws_kms_key.this",
            "module.eks.module.kms.aws_kms_replica_external_key.this",
            "module.eks.module.kms.aws_kms_replica_key.this",
            "module.eks.module.kms.data.aws_caller_identity.current",
            "module.eks.module.kms.data.aws_iam_policy_document.this",
            "module.eks.module.kms.data.aws_partition.current"
          ],
          "create_before_destroy": true
        }
      ]
    },
    {
      "module": "module.eks",
      "mode": "managed",
      "type": "aws_iam_openid_connect_provider",
      "name": "oidc_provider",
      "provider": "provider[\"registry.terraform.io/hashicorp/aws\"]",
      "instances": [
        {
          "index_key": 0,
          "schema_version": 0,
          "attributes": {
            "arn": "arn:aws:iam::132172135366:oidc-provider/oidc.eks.us-east-1.amazonaws.com/id/0039CC26BDA75400088D884DE0BE8D9A",
            "client_id_list": [
              "sts.amazonaws.com"
            ],
            "id": "arn:aws:iam::132172135366:oidc-provider/oidc.eks.us-east-1.amazonaws.com/id/0039CC26BDA75400088D884DE0BE8D9A",
            "tags": {
              "DevtedsOrg": "Devteds Courses",
              "DevtedsStack": "demo-cluster",
              "DevtedsStackName": "EKS",
              "Name": "demo-cluster-eks-irsa",
              "kubernetes.io/cluster/demo-cluster": "shared"
            },
            "tags_all": {
              "DevtedsOrg": "Devteds Courses",
              "DevtedsStack": "demo-cluster",
              "DevtedsStackName": "EKS",
              "Name": "demo-cluster-eks-irsa",
              "kubernetes.io/cluster/demo-cluster": "shared"
            },
            "thumbprint_list": [
              "9e99a48a9960b14926bb7f3b02e22da2b0ab7280"
            ],
            "url": "oidc.eks.us-east-1.amazonaws.com/id/0039CC26BDA75400088D884DE0BE8D9A"
          },
          "sensitive_attributes": [],
          "private": "bnVsbA==",
          "dependencies": [
            "data.terraform_remote_state.vpc",
            "module.eks.aws_cloudwatch_log_group.this",
            "module.eks.aws_eks_cluster.this",
            "module.eks.aws_iam_policy.cni_ipv6_policy",
            "module.eks.aws_iam_role.this",
            "module.eks.aws_iam_role_policy_attachment.this",
            "module.eks.aws_security_group.cluster",
            "module.eks.aws_security_group.node",
            "module.eks.aws_security_group_rule.cluster",
            "module.eks.aws_security_group_rule.node",
            "module.eks.data.aws_caller_identity.current",
            "module.eks.data.aws_iam_policy_document.assume_role_policy",
            "module.eks.data.aws_iam_policy_document.cni_ipv6_policy",
            "module.eks.data.aws_iam_session_context.current",
            "module.eks.data.aws_partition.current",
            "module.eks.data.tls_certificate.this",
            "module.eks.module.kms.aws_kms_external_key.this",
            "module.eks.module.kms.aws_kms_key.this",
            "module.eks.module.kms.aws_kms_replica_external_key.this",
            "module.eks.module.kms.aws_kms_replica_key.this",
            "module.eks.module.kms.data.aws_caller_identity.current",
            "module.eks.module.kms.data.aws_iam_policy_document.this",
            "module.eks.module.kms.data.aws_partition.current"
          ]
        }
      ]
    },
    {
      "module": "module.eks",
      "mode": "managed",
      "type": "aws_iam_role",
      "name": "this",
      "provider": "provider[\"registry.terraform.io/hashicorp/aws\"]",
      "instances": [
        {
          "index_key": 0,
          "schema_version": 0,
          "attributes": {
            "arn": "arn:aws:iam::132172135366:role/demo-cluster-cluster-20240928082733159700000005",
            "assume_role_policy": "{\"Statement\":[{\"Action\":\"sts:AssumeRole\",\"Effect\":\"Allow\",\"Principal\":{\"Service\":\"eks.amazonaws.com\"},\"Sid\":\"EKSClusterAssumeRole\"}],\"Version\":\"2012-10-17\"}",
            "create_date": "2024-09-28T08:27:33Z",
            "description": "",
            "force_detach_policies": true,
            "id": "demo-cluster-cluster-20240928082733159700000005",
            "inline_policy": [
              {
                "name": "demo-cluster-cluster",
                "policy": "{\"Version\":\"2012-10-17\",\"Statement\":[{\"Action\":[\"logs:CreateLogGroup\"],\"Effect\":\"Deny\",\"Resource\":\"*\"}]}"
              }
            ],
            "managed_policy_arns": [],
            "max_session_duration": 3600,
            "name": "demo-cluster-cluster-20240928082733159700000005",
            "name_prefix": "demo-cluster-cluster-",
            "path": "/",
            "permissions_boundary": "",
            "tags": {
              "DevtedsOrg": "Devteds Courses",
              "DevtedsStack": "demo-cluster",
              "DevtedsStackName": "EKS",
              "kubernetes.io/cluster/demo-cluster": "shared"
            },
            "tags_all": {
              "DevtedsOrg": "Devteds Courses",
              "DevtedsStack": "demo-cluster",
              "DevtedsStackName": "EKS",
              "kubernetes.io/cluster/demo-cluster": "shared"
            },
            "unique_id": "AROAR5RQSXPDMNW3OYO6O"
          },
          "sensitive_attributes": [],
          "private": "bnVsbA==",
          "dependencies": [
            "module.eks.data.aws_iam_policy_document.assume_role_policy"
          ],
          "create_before_destroy": true
        }
      ]
    },
    {
      "module": "module.eks",
      "mode": "managed",
      "type": "aws_iam_role_policy_attachment",
      "name": "this",
      "provider": "provider[\"registry.terraform.io/hashicorp/aws\"]",
      "instances": [
        {
          "index_key": "AmazonEKSClusterPolicy",
          "schema_version": 0,
          "attributes": {
            "id": "demo-cluster-cluster-20240928082733159700000005-2024092808273478030000000a",
            "policy_arn": "arn:aws:iam::aws:policy/AmazonEKSClusterPolicy",
            "role": "demo-cluster-cluster-20240928082733159700000005"
          },
          "sensitive_attributes": [],
          "private": "bnVsbA==",
          "dependencies": [
            "module.eks.aws_iam_role.this",
            "module.eks.data.aws_iam_policy_document.assume_role_policy",
            "module.eks.data.aws_partition.current"
          ],
          "create_before_destroy": true
        },
        {
          "index_key": "AmazonEKSVPCResourceController",
          "schema_version": 0,
          "attributes": {
            "id": "demo-cluster-cluster-20240928082733159700000005-20240928082734774100000009",
            "policy_arn": "arn:aws:iam::aws:policy/AmazonEKSVPCResourceController",
            "role": "demo-cluster-cluster-20240928082733159700000005"
          },
          "sensitive_attributes": [],
          "private": "bnVsbA==",
          "dependencies": [
            "module.eks.aws_iam_role.this",
            "module.eks.data.aws_iam_policy_document.assume_role_policy",
            "module.eks.data.aws_partition.current"
          ],
          "create_before_destroy": true
        }
      ]
    },
    {
      "module": "module.eks",
      "mode": "managed",
      "type": "aws_security_group",
      "name": "cluster",
      "provider": "provider[\"registry.terraform.io/hashicorp/aws\"]",
      "instances": [
        {
          "index_key": 0,
          "schema_version": 1,
          "attributes": {
            "arn": "arn:aws:ec2:us-east-1:132172135366:security-group/sg-051d9bc3df37ad61c",
            "description": "EKS cluster security group",
            "egress": [],
            "id": "sg-051d9bc3df37ad61c",
            "ingress": [],
            "name": "demo-cluster-cluster-20240928082733152400000002",
            "name_prefix": "demo-cluster-cluster-",
            "owner_id": "132172135366",
            "revoke_rules_on_delete": false,
            "tags": {
              "DevtedsOrg": "Devteds Courses",
              "DevtedsStack": "demo-cluster",
              "DevtedsStackName": "EKS",
              "Name": "demo-cluster-cluster",
              "kubernetes.io/cluster/demo-cluster": "shared"
            },
            "tags_all": {
              "DevtedsOrg": "Devteds Courses",
              "DevtedsStack": "demo-cluster",
              "DevtedsStackName": "EKS",
              "Name": "demo-cluster-cluster",
              "kubernetes.io/cluster/demo-cluster": "shared"
            },
            "timeouts": null,
            "vpc_id": "vpc-01902c45976e3b9ff"
          },
          "sensitive_attributes": [],
          "private": "eyJlMmJmYjczMC1lY2FhLTExZTYtOGY4OC0zNDM2M2JjN2M0YzAiOnsiY3JlYXRlIjo2MDAwMDAwMDAwMDAsImRlbGV0ZSI6OTAwMDAwMDAwMDAwfSwic2NoZW1hX3ZlcnNpb24iOiIxIn0=",
          "dependencies": [
            "data.terraform_remote_state.vpc"
          ],
          "create_before_destroy": true
        }
      ]
    },
    {
      "module": "module.eks",
      "mode": "managed",
      "type": "aws_security_group",
      "name": "node",
      "provider": "provider[\"registry.terraform.io/hashicorp/aws\"]",
      "instances": [
        {
          "index_key": 0,
          "schema_version": 1,
          "attributes": {
            "arn": "arn:aws:ec2:us-east-1:132172135366:security-group/sg-009adb11a24bcf8fb",
            "description": "EKS node shared security group",
            "egress": [],
            "id": "sg-009adb11a24bcf8fb",
            "ingress": [],
            "name": "demo-cluster-node-20240928082733152400000001",
            "name_prefix": "demo-cluster-node-",
            "owner_id": "132172135366",
            "revoke_rules_on_delete": false,
            "tags": {
              "DevtedsOrg": "Devteds Courses",
              "DevtedsStack": "demo-cluster",
              "DevtedsStackName": "EKS",
              "Name": "demo-cluster-node",
              "kubernetes.io/cluster/demo-cluster": "owned"
            },
            "tags_all": {
              "DevtedsOrg": "Devteds Courses",
              "DevtedsStack": "demo-cluster",
              "DevtedsStackName": "EKS",
              "Name": "demo-cluster-node",
              "kubernetes.io/cluster/demo-cluster": "owned"
            },
            "timeouts": null,
            "vpc_id": "vpc-01902c45976e3b9ff"
          },
          "sensitive_attributes": [],
          "private": "eyJlMmJmYjczMC1lY2FhLTExZTYtOGY4OC0zNDM2M2JjN2M0YzAiOnsiY3JlYXRlIjo2MDAwMDAwMDAwMDAsImRlbGV0ZSI6OTAwMDAwMDAwMDAwfSwic2NoZW1hX3ZlcnNpb24iOiIxIn0=",
          "dependencies": [
            "data.terraform_remote_state.vpc"
          ],
          "create_before_destroy": true
        }
      ]
    },
    {
      "module": "module.eks",
      "mode": "managed",
      "type": "aws_security_group_rule",
      "name": "cluster",
      "provider": "provider[\"registry.terraform.io/hashicorp/aws\"]",
      "instances": [
        {
          "index_key": "ingress_nodes_443",
          "schema_version": 2,
          "attributes": {
            "cidr_blocks": null,
            "description": "Node groups to cluster API",
            "from_port": 443,
            "id": "sgrule-435285851",
            "ipv6_cidr_blocks": null,
            "prefix_list_ids": null,
            "protocol": "tcp",
            "security_group_id": "sg-051d9bc3df37ad61c",
            "security_group_rule_id": "sgr-056a4c88166e27f0a",
            "self": false,
            "source_security_group_id": "sg-009adb11a24bcf8fb",
            "timeouts": null,
            "to_port": 443,
            "type": "ingress"
          },
          "sensitive_attributes": [],
          "private": "eyJlMmJmYjczMC1lY2FhLTExZTYtOGY4OC0zNDM2M2JjN2M0YzAiOnsiY3JlYXRlIjozMDAwMDAwMDAwMDB9LCJzY2hlbWFfdmVyc2lvbiI6IjIifQ==",
          "dependencies": [
            "data.terraform_remote_state.vpc",
            "module.eks.aws_security_group.cluster",
            "module.eks.aws_security_group.node"
          ],
          "create_before_destroy": true
        }
      ]
    },
    {
      "module": "module.eks",
      "mode": "managed",
      "type": "aws_security_group_rule",
      "name": "node",
      "provider": "provider[\"registry.terraform.io/hashicorp/aws\"]",
      "instances": [
        {
          "index_key": "egress_all",
          "schema_version": 2,
          "attributes": {
            "cidr_blocks": [
              "0.0.0.0/0"
            ],
            "description": "Allow all egress",
            "from_port": 0,
            "id": "sgrule-2178116176",
            "ipv6_cidr_blocks": null,
            "prefix_list_ids": [],
            "protocol": "-1",
            "security_group_id": "sg-009adb11a24bcf8fb",
            "security_group_rule_id": "sgr-086334f89577b76f0",
            "self": false,
            "source_security_group_id": null,
            "timeouts": null,
            "to_port": 0,
            "type": "egress"
          },
          "sensitive_attributes": [],
          "private": "eyJlMmJmYjczMC1lY2FhLTExZTYtOGY4OC0zNDM2M2JjN2M0YzAiOnsiY3JlYXRlIjozMDAwMDAwMDAwMDB9LCJzY2hlbWFfdmVyc2lvbiI6IjIifQ==",
          "dependencies": [
            "data.terraform_remote_state.vpc",
            "module.eks.aws_security_group.cluster",
            "module.eks.aws_security_group.node"
          ],
          "create_before_destroy": true
        },
        {
          "index_key": "ingress_cluster_443",
          "schema_version": 2,
          "attributes": {
            "cidr_blocks": null,
            "description": "Cluster API to node groups",
            "from_port": 443,
            "id": "sgrule-4085236955",
            "ipv6_cidr_blocks": null,
            "prefix_list_ids": [],
            "protocol": "tcp",
            "security_group_id": "sg-009adb11a24bcf8fb",
            "security_group_rule_id": "sgr-0b57759a545647339",
            "self": false,
            "source_security_group_id": "sg-051d9bc3df37ad61c",
            "timeouts": null,
            "to_port": 443,
            "type": "ingress"
          },
          "sensitive_attributes": [],
          "private": "eyJlMmJmYjczMC1lY2FhLTExZTYtOGY4OC0zNDM2M2JjN2M0YzAiOnsiY3JlYXRlIjozMDAwMDAwMDAwMDB9LCJzY2hlbWFfdmVyc2lvbiI6IjIifQ==",
          "dependencies": [
            "data.terraform_remote_state.vpc",
            "module.eks.aws_security_group.cluster",
            "module.eks.aws_security_group.node"
          ],
          "create_before_destroy": true
        },
        {
          "index_key": "ingress_cluster_4443_webhook",
          "schema_version": 2,
          "attributes": {
            "cidr_blocks": null,
            "description": "Cluster API to node 4443/tcp webhook",
            "from_port": 4443,
            "id": "sgrule-796262600",
            "ipv6_cidr_blocks": null,
            "prefix_list_ids": [],
            "protocol": "tcp",
            "security_group_id": "sg-009adb11a24bcf8fb",
            "security_group_rule_id": "sgr-000f43ec8f12f4b03",
            "self": false,
            "source_security_group_id": "sg-051d9bc3df37ad61c",
            "timeouts": null,
            "to_port": 4443,
            "type": "ingress"
          },
          "sensitive_attributes": [],
          "private": "eyJlMmJmYjczMC1lY2FhLTExZTYtOGY4OC0zNDM2M2JjN2M0YzAiOnsiY3JlYXRlIjozMDAwMDAwMDAwMDB9LCJzY2hlbWFfdmVyc2lvbiI6IjIifQ==",
          "dependencies": [
            "data.terraform_remote_state.vpc",
            "module.eks.aws_security_group.cluster",
            "module.eks.aws_security_group.node"
          ],
          "create_before_destroy": true
        },
        {
          "index_key": "ingress_cluster_6443_webhook",
          "schema_version": 2,
          "attributes": {
            "cidr_blocks": null,
            "description": "Cluster API to node 6443/tcp webhook",
            "from_port": 6443,
            "id": "sgrule-3862194014",
            "ipv6_cidr_blocks": null,
            "prefix_list_ids": [],
            "protocol": "tcp",
            "security_group_id": "sg-009adb11a24bcf8fb",
            "security_group_rule_id": "sgr-0c53b27eec8022bc4",
            "self": false,
            "source_security_group_id": "sg-051d9bc3df37ad61c",
            "timeouts": null,
            "to_port": 6443,
            "type": "ingress"
          },
          "sensitive_attributes": [],
          "private": "eyJlMmJmYjczMC1lY2FhLTExZTYtOGY4OC0zNDM2M2JjN2M0YzAiOnsiY3JlYXRlIjozMDAwMDAwMDAwMDB9LCJzY2hlbWFfdmVyc2lvbiI6IjIifQ==",
          "dependencies": [
            "data.terraform_remote_state.vpc",
            "module.eks.aws_security_group.cluster",
            "module.eks.aws_security_group.node"
          ],
          "create_before_destroy": true
        },
        {
          "index_key": "ingress_cluster_8443_webhook",
          "schema_version": 2,
          "attributes": {
            "cidr_blocks": null,
            "description": "Cluster API to node 8443/tcp webhook",
            "from_port": 8443,
            "id": "sgrule-4117257087",
            "ipv6_cidr_blocks": null,
            "prefix_list_ids": [],
            "protocol": "tcp",
            "security_group_id": "sg-009adb11a24bcf8fb",
            "security_group_rule_id": "sgr-0a8b906e71b3207a9",
            "self": false,
            "source_security_group_id": "sg-051d9bc3df37ad61c",
            "timeouts": null,
            "to_port": 8443,
            "type": "ingress"
          },
          "sensitive_attributes": [],
          "private": "eyJlMmJmYjczMC1lY2FhLTExZTYtOGY4OC0zNDM2M2JjN2M0YzAiOnsiY3JlYXRlIjozMDAwMDAwMDAwMDB9LCJzY2hlbWFfdmVyc2lvbiI6IjIifQ==",
          "dependencies": [
            "data.terraform_remote_state.vpc",
            "module.eks.aws_security_group.cluster",
            "module.eks.aws_security_group.node"
          ],
          "create_before_destroy": true
        },
        {
          "index_key": "ingress_cluster_9443_webhook",
          "schema_version": 2,
          "attributes": {
            "cidr_blocks": null,
            "description": "Cluster API to node 9443/tcp webhook",
            "from_port": 9443,
            "id": "sgrule-2445895860",
            "ipv6_cidr_blocks": null,
            "prefix_list_ids": [],
            "protocol": "tcp",
            "security_group_id": "sg-009adb11a24bcf8fb",
            "security_group_rule_id": "sgr-07fdd4db03638753b",
            "self": false,
            "source_security_group_id": "sg-051d9bc3df37ad61c",
            "timeouts": null,
            "to_port": 9443,
            "type": "ingress"
          },
          "sensitive_attributes": [],
          "private": "eyJlMmJmYjczMC1lY2FhLTExZTYtOGY4OC0zNDM2M2JjN2M0YzAiOnsiY3JlYXRlIjozMDAwMDAwMDAwMDB9LCJzY2hlbWFfdmVyc2lvbiI6IjIifQ==",
          "dependencies": [
            "data.terraform_remote_state.vpc",
            "module.eks.aws_security_group.cluster",
            "module.eks.aws_security_group.node"
          ],
          "create_before_destroy": true
        },
        {
          "index_key": "ingress_cluster_kubelet",
          "schema_version": 2,
          "attributes": {
            "cidr_blocks": null,
            "description": "Cluster API to node kubelets",
            "from_port": 10250,
            "id": "sgrule-1777749108",
            "ipv6_cidr_blocks": null,
            "prefix_list_ids": [],
            "protocol": "tcp",
            "security_group_id": "sg-009adb11a24bcf8fb",
            "security_group_rule_id": "sgr-024b8ff1755e51b57",
            "self": false,
            "source_security_group_id": "sg-051d9bc3df37ad61c",
            "timeouts": null,
            "to_port": 10250,
            "type": "ingress"
          },
          "sensitive_attributes": [],
          "private": "eyJlMmJmYjczMC1lY2FhLTExZTYtOGY4OC0zNDM2M2JjN2M0YzAiOnsiY3JlYXRlIjozMDAwMDAwMDAwMDB9LCJzY2hlbWFfdmVyc2lvbiI6IjIifQ==",
          "dependencies": [
            "data.terraform_remote_state.vpc",
            "module.eks.aws_security_group.cluster",
            "module.eks.aws_security_group.node"
          ],
          "create_before_destroy": true
        },
        {
          "index_key": "ingress_nodes_ephemeral",
          "schema_version": 2,
          "attributes": {
            "cidr_blocks": null,
            "description": "Node to node ingress on ephemeral ports",
            "from_port": 1025,
            "id": "sgrule-1145476984",
            "ipv6_cidr_blocks": null,
            "prefix_list_ids": [],
            "protocol": "tcp",
            "security_group_id": "sg-009adb11a24bcf8fb",
            "security_group_rule_id": "sgr-0aa18d7d7922575a4",
            "self": true,
            "source_security_group_id": null,
            "timeouts": null,
            "to_port": 65535,
            "type": "ingress"
          },
          "sensitive_attributes": [],
          "private": "eyJlMmJmYjczMC1lY2FhLTExZTYtOGY4OC0zNDM2M2JjN2M0YzAiOnsiY3JlYXRlIjozMDAwMDAwMDAwMDB9LCJzY2hlbWFfdmVyc2lvbiI6IjIifQ==",
          "dependencies": [
            "data.terraform_remote_state.vpc",
            "module.eks.aws_security_group.cluster",
            "module.eks.aws_security_group.node"
          ],
          "create_before_destroy": true
        },
        {
          "index_key": "ingress_self_coredns_tcp",
          "schema_version": 2,
          "attributes": {
            "cidr_blocks": null,
            "description": "Node to node CoreDNS",
            "from_port": 53,
            "id": "sgrule-3333064508",
            "ipv6_cidr_blocks": null,
            "prefix_list_ids": [],
            "protocol": "tcp",
            "security_group_id": "sg-009adb11a24bcf8fb",
            "security_group_rule_id": "sgr-09daa27b8a50870ea",
            "self": true,
            "source_security_group_id": null,
            "timeouts": null,
            "to_port": 53,
            "type": "ingress"
          },
          "sensitive_attributes": [],
          "private": "eyJlMmJmYjczMC1lY2FhLTExZTYtOGY4OC0zNDM2M2JjN2M0YzAiOnsiY3JlYXRlIjozMDAwMDAwMDAwMDB9LCJzY2hlbWFfdmVyc2lvbiI6IjIifQ==",
          "dependencies": [
            "data.terraform_remote_state.vpc",
            "module.eks.aws_security_group.cluster",
            "module.eks.aws_security_group.node"
          ],
          "create_before_destroy": true
        },
        {
          "index_key": "ingress_self_coredns_udp",
          "schema_version": 2,
          "attributes": {
            "cidr_blocks": null,
            "description": "Node to node CoreDNS UDP",
            "from_port": 53,
            "id": "sgrule-1660232915",
            "ipv6_cidr_blocks": null,
            "prefix_list_ids": [],
            "protocol": "udp",
            "security_group_id": "sg-009adb11a24bcf8fb",
            "security_group_rule_id": "sgr-086a1f2e612319aca",
            "self": true,
            "source_security_group_id": null,
            "timeouts": null,
            "to_port": 53,
            "type": "ingress"
          },
          "sensitive_attributes": [],
          "private": "eyJlMmJmYjczMC1lY2FhLTExZTYtOGY4OC0zNDM2M2JjN2M0YzAiOnsiY3JlYXRlIjozMDAwMDAwMDAwMDB9LCJzY2hlbWFfdmVyc2lvbiI6IjIifQ==",
          "dependencies": [
            "data.terraform_remote_state.vpc",
            "module.eks.aws_security_group.cluster",
            "module.eks.aws_security_group.node"
          ],
          "create_before_destroy": true
        }
      ]
    },
    {
      "module": "module.eks",
      "mode": "managed",
      "type": "time_sleep",
      "name": "this",
      "provider": "provider[\"registry.terraform.io/hashicorp/time\"]",
      "instances": [
        {
          "index_key": 0,
          "schema_version": 0,
          "attributes": {
            "create_duration": "30s",
            "destroy_duration": null,
            "id": "2024-09-28T08:39:01Z",
            "triggers": {
              "cluster_certificate_authority_data": "LS0tLS1CRUdJTiBDRVJUSUZJQ0FURS0tLS0tCk1JSURCVENDQWUyZ0F3SUJBZ0lJSHFPcllWajdXVzB3RFFZSktvWklodmNOQVFFTEJRQXdGVEVUTUJFR0ExVUUKQXhNS2EzVmlaWEp1WlhSbGN6QWVGdzB5TkRBNU1qZ3dPREkzTXpCYUZ3MHpOREE1TWpZd09ETXlNekJhTUJVeApFekFSQmdOVkJBTVRDbXQxWW1WeWJtVjBaWE13Z2dFaU1BMEdDU3FHU0liM0RRRUJBUVVBQTRJQkR3QXdnZ0VLCkFvSUJBUURrZjV0MzJvZXVOY0VMZVdnUlZ5bDlzU1NSOFBTTVFKKzl5aWlDck5aSFpHZG9zWHdPdUllRm4zOEQKeVJpcm5wQlhSYjFBV3Q0VWhyd0NVUUtGU1htajdIclpjS2pIM0VJNy9XZnJtYWMzQWJjbExGTnlsdFpTZXRmbwp4RkU2WjFUNmhJR1RYMVd5MmdremlQSlQxcnNmQmMySURYM3c0aE1yYUx3NXlrSG5iVVdKdTJKRi83Z29EamVXCmFNNTlRMGYwT3pTYkprZ2g3S2MvcmdaRlhnZFJrcitVVndUNC9NS0lVL0hMMUFEaCtFNGtKRFJUVFlCUWtLeTQKelRralR0MUtBa1pxT3RGQjRQK1BiTHlLOWZteElVc1VoRU5heWdJNmNRaGxDRHdvci9oMlo2TkVkNFlENGlZTgpQdTFVRnVONU1jU1NKK3FPdlFQdEEwOXYwUldaQWdNQkFBR2pXVEJYTUE0R0ExVWREd0VCL3dRRUF3SUNwREFQCkJnTlZIUk1CQWY4RUJUQURBUUgvTUIwR0ExVWREZ1FXQkJTMVNjenhsVzdRVVJKTEcxN1VySUNMRStFTDl6QVYKQmdOVkhSRUVEakFNZ2dwcmRXSmxjbTVsZEdWek1BMEdDU3FHU0liM0RRRUJDd1VBQTRJQkFRQ0gxUVdoNk9nNQoxeVlaL1JFN0VwU2kxMjZiOEFySTFpWmVRRXhlaW96WmJNM0RSa1pnbTZQS2hENjc3eXN1L1IweHRZQWFYbzllCjk5VGUxYXVkQUxPNUJmNHdWWUthZ3pqN0tJNXUzT1JHc2d2cGRJdjJDemdqUDNDckVJT2FPNU1zd0xXSC9Qd0MKSEJxOFpWN1AwdkJKU3U3TlZ1QlVTZzdRTk53bXpIVEUxUURyalFONzRUMWp0YnRjR2UrL1V3MFd1aUlaSENVagphUXBFZXJhWGFHcTNBQll6ZXdOVmZRUWRQVEdycnBXQW1rRWNuNGsvdWN3OW9wQ2ZoUmVUWXlUZHo0K2dNRk1PClRUMU9oVE5pc3Y2MW0wZjZGcjRoczdJRDRwZys0R0VKWUY5ZkhJUnl6M0p0cVVrQmZRaGIzaFE0MmhHV3I4bnMKVzAyYnprcDFqM0VwCi0tLS0tRU5EIENFUlRJRklDQVRFLS0tLS0K",
              "cluster_endpoint": "https://0039CC26BDA75400088D884DE0BE8D9A.gr7.us-east-1.eks.amazonaws.com",
              "cluster_name": "demo-cluster",
              "cluster_service_cidr": "172.20.0.0/16",
              "cluster_version": "1.29"
            }
          },
          "sensitive_attributes": [],
          "dependencies": [
            "data.terraform_remote_state.vpc",
            "module.eks.aws_cloudwatch_log_group.this",
            "module.eks.aws_eks_cluster.this",
            "module.eks.aws_iam_policy.cni_ipv6_policy",
            "module.eks.aws_iam_role.this",
            "module.eks.aws_iam_role_policy_attachment.this",
            "module.eks.aws_security_group.cluster",
            "module.eks.aws_security_group.node",
            "module.eks.aws_security_group_rule.cluster",
            "module.eks.aws_security_group_rule.node",
            "module.eks.data.aws_caller_identity.current",
            "module.eks.data.aws_iam_policy_document.assume_role_policy",
            "module.eks.data.aws_iam_policy_document.cni_ipv6_policy",
            "module.eks.data.aws_iam_session_context.current",
            "module.eks.data.aws_partition.current",
            "module.eks.module.kms.aws_kms_external_key.this",
            "module.eks.module.kms.aws_kms_key.this",
            "module.eks.module.kms.aws_kms_replica_external_key.this",
            "module.eks.module.kms.aws_kms_replica_key.this",
            "module.eks.module.kms.data.aws_caller_identity.current",
            "module.eks.module.kms.data.aws_iam_policy_document.this",
            "module.eks.module.kms.data.aws_partition.current"
          ],
          "create_before_destroy": true
        }
      ]
    },
    {
      "module": "module.eks.module.eks_managed_node_group[\"default_node_group\"]",
      "mode": "data",
      "type": "aws_caller_identity",
      "name": "current",
      "provider": "provider[\"registry.terraform.io/hashicorp/aws\"]",
      "instances": [
        {
          "schema_version": 0,
          "attributes": {
            "account_id": "132172135366",
            "arn": "arn:aws:iam::132172135366:user/k8suser",
            "id": "132172135366",
            "user_id": "AIDAR5RQSXPDLVB5NXR7O"
          },
          "sensitive_attributes": []
        }
      ]
    },
    {
      "module": "module.eks.module.eks_managed_node_group[\"default_node_group\"]",
      "mode": "data",
      "type": "aws_iam_policy_document",
      "name": "assume_role_policy",
      "provider": "provider[\"registry.terraform.io/hashicorp/aws\"]",
      "instances": [
        {
          "index_key": 0,
          "schema_version": 0,
          "attributes": {
            "id": "2560088296",
            "json": "{\n  \"Version\": \"2012-10-17\",\n  \"Statement\": [\n    {\n      \"Sid\": \"EKSNodeAssumeRole\",\n      \"Effect\": \"Allow\",\n      \"Action\": \"sts:AssumeRole\",\n      \"Principal\": {\n        \"Service\": \"ec2.amazonaws.com\"\n      }\n    }\n  ]\n}",
            "minified_json": "{\"Version\":\"2012-10-17\",\"Statement\":[{\"Sid\":\"EKSNodeAssumeRole\",\"Effect\":\"Allow\",\"Action\":\"sts:AssumeRole\",\"Principal\":{\"Service\":\"ec2.amazonaws.com\"}}]}",
            "override_json": null,
            "override_policy_documents": null,
            "policy_id": null,
            "source_json": null,
            "source_policy_documents": null,
            "statement": [
              {
                "actions": [
                  "sts:AssumeRole"
                ],
                "condition": [],
                "effect": "Allow",
                "not_actions": [],
                "not_principals": [],
                "not_resources": [],
                "principals": [
                  {
                    "identifiers": [
                      "ec2.amazonaws.com"
                    ],
                    "type": "Service"
                  }
                ],
                "resources": [],
                "sid": "EKSNodeAssumeRole"
              }
            ],
            "version": "2012-10-17"
          },
          "sensitive_attributes": []
        }
      ]
    },
    {
      "module": "module.eks.module.eks_managed_node_group[\"default_node_group\"]",
      "mode": "data",
      "type": "aws_partition",
      "name": "current",
      "provider": "provider[\"registry.terraform.io/hashicorp/aws\"]",
      "instances": [
        {
          "schema_version": 0,
          "attributes": {
            "dns_suffix": "amazonaws.com",
            "id": "aws",
            "partition": "aws",
            "reverse_dns_prefix": "com.amazonaws"
          },
          "sensitive_attributes": []
        }
      ]
    },
    {
      "module": "module.eks.module.eks_managed_node_group[\"default_node_group\"]",
      "mode": "managed",
      "type": "aws_eks_node_group",
      "name": "this",
      "provider": "provider[\"registry.terraform.io/hashicorp/aws\"]",
      "instances": [
        {
          "index_key": 0,
          "schema_version": 0,
          "attributes": {
            "ami_type": "AL2_x86_64",
            "arn": "arn:aws:eks:us-east-1:132172135366:nodegroup/demo-cluster/default_node_group-2024092808390133270000000c/ccc91be4-4363-2fc7-9839-c76da503edb3",
            "capacity_type": "ON_DEMAND",
            "cluster_name": "demo-cluster",
            "disk_size": 50,
            "force_update_version": null,
            "id": "demo-cluster:default_node_group-2024092808390133270000000c",
            "instance_types": [
              "m5.large"
            ],
            "labels": null,
            "launch_template": [],
            "node_group_name": "default_node_group-2024092808390133270000000c",
            "node_group_name_prefix": "default_node_group-",
            "node_role_arn": "arn:aws:iam::132172135366:role/default_node_group-eks-node-group-20240928082733159500000004",
            "release_version": "1.29.8-20240924",
            "remote_access": [],
            "resources": [
              {
                "autoscaling_groups": [
                  {
                    "name": "eks-default_node_group-2024092808390133270000000c-ccc91be4-4363-2fc7-9839-c76da503edb3"
                  }
                ],
                "remote_access_security_group_id": ""
              }
            ],
            "scaling_config": [
              {
                "desired_size": 2,
                "max_size": 3,
                "min_size": 1
              }
            ],
            "status": "ACTIVE",
            "subnet_ids": [
              "subnet-0513a5d01f39a69f8",
              "subnet-0e9543602b0699f9b",
              "subnet-0f01d70d2f5114fad"
            ],
            "tags": {
              "DevtedsOrg": "Devteds Courses",
              "DevtedsStack": "demo-cluster",
              "DevtedsStackName": "EKS",
              "Name": "default_node_group",
              "kubernetes.io/cluster/demo-cluster": "shared"
            },
            "tags_all": {
              "DevtedsOrg": "Devteds Courses",
              "DevtedsStack": "demo-cluster",
              "DevtedsStackName": "EKS",
              "Name": "default_node_group",
              "kubernetes.io/cluster/demo-cluster": "shared"
            },
            "taint": [],
            "timeouts": {
              "create": null,
              "delete": null,
              "update": null
            },
            "update_config": [
              {
                "max_unavailable": 0,
                "max_unavailable_percentage": 33
              }
            ],
            "version": "1.29"
          },
          "sensitive_attributes": [],
          "private": "eyJlMmJmYjczMC1lY2FhLTExZTYtOGY4OC0zNDM2M2JjN2M0YzAiOnsiY3JlYXRlIjozNjAwMDAwMDAwMDAwLCJkZWxldGUiOjM2MDAwMDAwMDAwMDAsInVwZGF0ZSI6MzYwMDAwMDAwMDAwMH19",
          "dependencies": [
            "data.terraform_remote_state.vpc",
            "module.eks.aws_cloudwatch_log_group.this",
            "module.eks.aws_eks_cluster.this",
            "module.eks.aws_iam_policy.cni_ipv6_policy",
            "module.eks.aws_iam_role.this",
            "module.eks.aws_iam_role_policy_attachment.this",
            "module.eks.aws_security_group.cluster",
            "module.eks.aws_security_group.node",
            "module.eks.aws_security_group_rule.cluster",
            "module.eks.aws_security_group_rule.node",
            "module.eks.data.aws_caller_identity.current",
            "module.eks.data.aws_iam_policy_document.assume_role_policy",
            "module.eks.data.aws_iam_policy_document.cni_ipv6_policy",
            "module.eks.data.aws_iam_session_context.current",
            "module.eks.data.aws_partition.current",
            "module.eks.module.eks_managed_node_group.aws_iam_role.this",
            "module.eks.module.eks_managed_node_group.aws_iam_role_policy_attachment.this",
            "module.eks.module.eks_managed_node_group.aws_launch_template.this",
            "module.eks.module.eks_managed_node_group.aws_placement_group.this",
            "module.eks.module.eks_managed_node_group.data.aws_caller_identity.current",
            "module.eks.module.eks_managed_node_group.data.aws_ec2_instance_type.this",
            "module.eks.module.eks_managed_node_group.data.aws_ec2_instance_type_offerings.this",
            "module.eks.module.eks_managed_node_group.data.aws_iam_policy_document.assume_role_policy",
            "module.eks.module.eks_managed_node_group.data.aws_partition.current",
            "module.eks.module.eks_managed_node_group.data.aws_ssm_parameter.ami",
            "module.eks.module.eks_managed_node_group.data.aws_subnets.efa",
            "module.eks.module.eks_managed_node_group.module.user_data.data.cloudinit_config.al2023_eks_managed_node_group",
            "module.eks.module.eks_managed_node_group.module.user_data.data.cloudinit_config.linux_eks_managed_node_group",
            "module.eks.module.kms.aws_kms_external_key.this",
            "module.eks.module.kms.aws_kms_key.this",
            "module.eks.module.kms.aws_kms_replica_external_key.this",
            "module.eks.module.kms.aws_kms_replica_key.this",
            "module.eks.module.kms.data.aws_caller_identity.current",
            "module.eks.module.kms.data.aws_iam_policy_document.this",
            "module.eks.module.kms.data.aws_partition.current",
            "module.eks.time_sleep.this"
          ],
          "create_before_destroy": true
        }
      ]
    },
    {
      "module": "module.eks.module.eks_managed_node_group[\"default_node_group\"]",
      "mode": "managed",
      "type": "aws_iam_role",
      "name": "this",
      "provider": "provider[\"registry.terraform.io/hashicorp/aws\"]",
      "instances": [
        {
          "index_key": 0,
          "schema_version": 0,
          "attributes": {
            "arn": "arn:aws:iam::132172135366:role/default_node_group-eks-node-group-20240928082733159500000004",
            "assume_role_policy": "{\"Statement\":[{\"Action\":\"sts:AssumeRole\",\"Effect\":\"Allow\",\"Principal\":{\"Service\":\"ec2.amazonaws.com\"},\"Sid\":\"EKSNodeAssumeRole\"}],\"Version\":\"2012-10-17\"}",
            "create_date": "2024-09-28T08:27:33Z",
            "description": "EKS managed node group IAM role",
            "force_detach_policies": true,
            "id": "default_node_group-eks-node-group-20240928082733159500000004",
            "inline_policy": [],
            "managed_policy_arns": [],
            "max_session_duration": 3600,
            "name": "default_node_group-eks-node-group-20240928082733159500000004",
            "name_prefix": "default_node_group-eks-node-group-",
            "path": "/",
            "permissions_boundary": "",
            "tags": {
              "DevtedsOrg": "Devteds Courses",
              "DevtedsStack": "demo-cluster",
              "DevtedsStackName": "EKS",
              "kubernetes.io/cluster/demo-cluster": "shared"
            },
            "tags_all": {
              "DevtedsOrg": "Devteds Courses",
              "DevtedsStack": "demo-cluster",
              "DevtedsStackName": "EKS",
              "kubernetes.io/cluster/demo-cluster": "shared"
            },
            "unique_id": "AROAR5RQSXPDCM4ECSHJB"
          },
          "sensitive_attributes": [],
          "private": "bnVsbA==",
          "dependencies": [
            "module.eks.module.eks_managed_node_group.data.aws_iam_policy_document.assume_role_policy"
          ],
          "create_before_destroy": true
        }
      ]
    },
    {
      "module": "module.eks.module.eks_managed_node_group[\"default_node_group\"]",
      "mode": "managed",
      "type": "aws_iam_role_policy_attachment",
      "name": "this",
      "provider": "provider[\"registry.terraform.io/hashicorp/aws\"]",
      "instances": [
        {
          "index_key": "AmazonEC2ContainerRegistryReadOnly",
          "schema_version": 0,
          "attributes": {
            "id": "default_node_group-eks-node-group-20240928082733159500000004-20240928082734587700000006",
            "policy_arn": "arn:aws:iam::aws:policy/AmazonEC2ContainerRegistryReadOnly",
            "role": "default_node_group-eks-node-group-20240928082733159500000004"
          },
          "sensitive_attributes": [],
          "private": "bnVsbA==",
          "dependencies": [
            "module.eks.module.eks_managed_node_group.aws_iam_role.this",
            "module.eks.module.eks_managed_node_group.data.aws_caller_identity.current",
            "module.eks.module.eks_managed_node_group.data.aws_iam_policy_document.assume_role_policy",
            "module.eks.module.eks_managed_node_group.data.aws_partition.current"
          ],
          "create_before_destroy": true
        },
        {
          "index_key": "AmazonEKSWorkerNodePolicy",
          "schema_version": 0,
          "attributes": {
            "id": "default_node_group-eks-node-group-20240928082733159500000004-20240928082734587800000007",
            "policy_arn": "arn:aws:iam::aws:policy/AmazonEKSWorkerNodePolicy",
            "role": "default_node_group-eks-node-group-20240928082733159500000004"
          },
          "sensitive_attributes": [],
          "private": "bnVsbA==",
          "dependencies": [
            "module.eks.module.eks_managed_node_group.aws_iam_role.this",
            "module.eks.module.eks_managed_node_group.data.aws_caller_identity.current",
            "module.eks.module.eks_managed_node_group.data.aws_iam_policy_document.assume_role_policy",
            "module.eks.module.eks_managed_node_group.data.aws_partition.current"
          ],
          "create_before_destroy": true
        },
        {
          "index_key": "AmazonEKS_CNI_Policy",
          "schema_version": 0,
          "attributes": {
            "id": "default_node_group-eks-node-group-20240928082733159500000004-20240928082734678900000008",
            "policy_arn": "arn:aws:iam::aws:policy/AmazonEKS_CNI_Policy",
            "role": "default_node_group-eks-node-group-20240928082733159500000004"
          },
          "sensitive_attributes": [],
          "private": "bnVsbA==",
          "dependencies": [
            "module.eks.module.eks_managed_node_group.aws_iam_role.this",
            "module.eks.module.eks_managed_node_group.data.aws_caller_identity.current",
            "module.eks.module.eks_managed_node_group.data.aws_iam_policy_document.assume_role_policy",
            "module.eks.module.eks_managed_node_group.data.aws_partition.current"
          ],
          "create_before_destroy": true
        }
      ]
    },
    {
      "module": "module.eks.module.eks_managed_node_group[\"default_node_group\"].module.user_data",
      "mode": "managed",
      "type": "null_resource",
      "name": "validate_cluster_service_cidr",
      "provider": "provider[\"registry.terraform.io/hashicorp/null\"]",
      "instances": [
        {
          "schema_version": 0,
          "attributes": {
            "id": "7139458546545978782",
            "triggers": null
          },
          "sensitive_attributes": [],
          "dependencies": [
            "data.terraform_remote_state.vpc",
            "module.eks.aws_cloudwatch_log_group.this",
            "module.eks.aws_eks_cluster.this",
            "module.eks.aws_iam_policy.cni_ipv6_policy",
            "module.eks.aws_iam_role.this",
            "module.eks.aws_iam_role_policy_attachment.this",
            "module.eks.aws_security_group.cluster",
            "module.eks.aws_security_group.node",
            "module.eks.aws_security_group_rule.cluster",
            "module.eks.aws_security_group_rule.node",
            "module.eks.data.aws_caller_identity.current",
            "module.eks.data.aws_iam_policy_document.assume_role_policy",
            "module.eks.data.aws_iam_policy_document.cni_ipv6_policy",
            "module.eks.data.aws_iam_session_context.current",
            "module.eks.data.aws_partition.current",
            "module.eks.module.kms.aws_kms_external_key.this",
            "module.eks.module.kms.aws_kms_key.this",
            "module.eks.module.kms.aws_kms_replica_external_key.this",
            "module.eks.module.kms.aws_kms_replica_key.this",
            "module.eks.module.kms.data.aws_caller_identity.current",
            "module.eks.module.kms.data.aws_iam_policy_document.this",
            "module.eks.module.kms.data.aws_partition.current",
            "module.eks.time_sleep.this"
          ]
        }
      ]
    },
    {
      "module": "module.key_pair",
      "mode": "managed",
      "type": "aws_key_pair",
      "name": "this",
      "provider": "provider[\"registry.terraform.io/hashicorp/aws\"]",
      "instances": [
        {
          "index_key": 0,
          "schema_version": 1,
          "attributes": {
            "arn": "arn:aws:ec2:us-east-1:132172135366:key-pair/demo-cluster2024092808274728620000000b",
            "fingerprint": "4f:92:c9:f4:83:4d:81:b3:fe:14:c0:d3:4f:0e:86:56",
            "id": "demo-cluster2024092808274728620000000b",
            "key_name": "demo-cluster2024092808274728620000000b",
            "key_name_prefix": "demo-cluster",
            "key_pair_id": "key-0a556f4bf368fca58",
            "key_type": "rsa",
            "public_key": "ssh-rsa AAAAB3NzaC1yc2EAAAADAQABAAACAQC603h8CRVLXFP3f0+pCnnzAMF4fuf8sH8R1JsG9GsFxInQJnK+r7VDVZHEU4EeW4A6MlxSpoednvehvVrwOGmhqmN911oFGBhRzvL3Ot006zHYf1Jqp2Oiv1TzwSk9YOQT84ilpgyXQ+k0GgWGAOz9W9ZP8x+MaDU+lQy4ogojYaCpJIEOa+kIEin/h7xhl7fMpdITFdLrB63A0UVrS2N1Ow4JSmJT8/nQeOnK8E+LRwZzt2RClwWJj1WFUYtRGoMpv7ahmjWjY+KXss+fdFkYRHn/Z8eUzbzPC0TBp8CJ31Tjh3W+mOpPue39hV0FNK60s9+ksHQ1im29oz04CkTRTnWxYuKhev0pHB1LO1eSHWlSQewBbdltYqQggdIwOD+fcHCdosBJdUtpoOGu8vcbU21fgw7wQieD2PB7gA7jc3yUtUyMBNlszPLU4wp42KpxyUJnCLaNONxLQ646SHUXgtI3UTC2JP3x33ecPewUa/xnJ6e0lfi455El0NHmFB5thp3C4KqQ5F3iWgQNA48Qwcl7IM6ieKBtQccElaNOsrMlp8URAFxYheeB59EI6ZBUyqFbi6F1aNqlu3brEoU7/1UhVAiNlhw5jZIgDalDZBMCLU0Jj+U0jEsK6wU8zLE2ryLmwjmgPkGHw7b6IKhX8mD2LYh3fBxU9mPE17Ekqw==",
            "tags": {
              "DevtedsOrg": "Devteds Courses",
              "DevtedsStack": "demo-cluster",
              "DevtedsStackName": "EKS",
              "kubernetes.io/cluster/demo-cluster": "shared"
            },
            "tags_all": {
              "DevtedsOrg": "Devteds Courses",
              "DevtedsStack": "demo-cluster",
              "DevtedsStackName": "EKS",
              "kubernetes.io/cluster/demo-cluster": "shared"
            }
          },
          "sensitive_attributes": [],
          "private": "eyJzY2hlbWFfdmVyc2lvbiI6IjEifQ==",
          "dependencies": [
            "module.key_pair.tls_private_key.this"
          ]
        }
      ]
    },
    {
      "module": "module.key_pair",
      "mode": "managed",
      "type": "tls_private_key",
      "name": "this",
      "provider": "provider[\"registry.terraform.io/hashicorp/tls\"]",
      "instances": [
        {
          "index_key": 0,
          "schema_version": 1,
          "attributes": {
            "algorithm": "RSA",
            "ecdsa_curve": "P224",
            "id": "632146d0f43132a2fe8a0dd830f26c010a75b446",
            "private_key_openssh": "-----BEGIN OPENSSH PRIVATE KEY-----\nb3BlbnNzaC1rZXktdjEAAAAABG5vbmUAAAAEbm9uZQAAAAAAAAABAAACFwAAAAdz\nc2gtcnNhAAAAAwEAAQAAAgEAutN4fAkVS1xT939PqQp58wDBeH7n/LB/EdSbBvRr\nBcSJ0CZyvq+1Q1WRxFOBHluAOjJcUqaHnZ73ob1a8DhpoapjfddaBRgYUc7y9zrd\nNOsx2H9Saqdjor9U88EpPWDkE/OIpaYMl0PpNBoFhgDs/VvWT/MfjGg1PpUMuKIK\nI2GgqSSBDmvpCBIp/4e8YZe3zKXSExXS6wetwNFFa0tjdTsOCUpiU/P50HjpyvBP\ni0cGc7dkQpcFiY9VhVGLURqDKb+2oZo1o2Pil7LPn3RZGER5/2fHlM28zwtEwafA\nid9U44d1vpjqT7nt/YVdBTSutLPfpLB0NYptvaM9OApE0U51sWLioXr9KRwdSztX\nkh1pUkHsAW3ZbWKkIIHSMDg/n3BwnaLASXVLaaDhrvL3G1NtX4MO8EIng9jwe4AO\n43N8lLVMjATZbMzy1OMKeNiqcclCZwi2jTjcS0OuOkh1F4LSN1EwtiT98d93nD3s\nFGv8ZyentJX4uOeRJdDR5hQebYadwuCqkORd4loEDQOPEMHJeyDOonigbUHHBJWj\nTrKzJafFEQBcWIXngefRCOmQVMqhW4uhdWjapbt26xKFO/9VIVQIjZYcOY2SIA2p\nQ2QTAi1NCY/lNIxLCusFPMyxNq8i5sI5oD5Bh8O2+iCoV/Jg9i2Id3wcVPZjxNex\nJKsAAAc4RogNt0aIDbcAAAAHc3NoLXJzYQAAAgEAutN4fAkVS1xT939PqQp58wDB\neH7n/LB/EdSbBvRrBcSJ0CZyvq+1Q1WRxFOBHluAOjJcUqaHnZ73ob1a8Dhpoapj\nfddaBRgYUc7y9zrdNOsx2H9Saqdjor9U88EpPWDkE/OIpaYMl0PpNBoFhgDs/VvW\nT/MfjGg1PpUMuKIKI2GgqSSBDmvpCBIp/4e8YZe3zKXSExXS6wetwNFFa0tjdTsO\nCUpiU/P50HjpyvBPi0cGc7dkQpcFiY9VhVGLURqDKb+2oZo1o2Pil7LPn3RZGER5\n/2fHlM28zwtEwafAid9U44d1vpjqT7nt/YVdBTSutLPfpLB0NYptvaM9OApE0U51\nsWLioXr9KRwdSztXkh1pUkHsAW3ZbWKkIIHSMDg/n3BwnaLASXVLaaDhrvL3G1Nt\nX4MO8EIng9jwe4AO43N8lLVMjATZbMzy1OMKeNiqcclCZwi2jTjcS0OuOkh1F4LS\nN1EwtiT98d93nD3sFGv8ZyentJX4uOeRJdDR5hQebYadwuCqkORd4loEDQOPEMHJ\neyDOonigbUHHBJWjTrKzJafFEQBcWIXngefRCOmQVMqhW4uhdWjapbt26xKFO/9V\nIVQIjZYcOY2SIA2pQ2QTAi1NCY/lNIxLCusFPMyxNq8i5sI5oD5Bh8O2+iCoV/Jg\n9i2Id3wcVPZjxNexJKsAAAADAQABAAACAQCQ+8l1oGrpF9aFrEP6sAmhXkXGJ94K\niEGkabSBOi7PxA0a/qtvddYaUg6UKCV8lI+3GhvxfBCkbphH6TXoVC8NabhaEURn\nzaIZ4ptE52aBScBd/bjM0egNhaP8ojtJyaZWIVk7C9ibjvUsHMGKk69Wku2HD+q8\nwKYJUgwUQJPTj1Dp0k1hDrdCLy5ugjzcE6xsYYbcjsQm5sedagoQUOn3MQQci6Aw\n/JYyhZMRjVp9gHnuVTS2RJLkhNpeYsDWCNgfDwtA7/aOPNa82OQtH1KA9asjXLtS\nrDLJDjqmenN9y1YKWLY0WmEDzAt4AgYFIzQtQaXeHZ2hazLsxwCcO8PYwwsfDmVd\nRQhSJLisjyKX8wxYRBYCdQMjesIqC5DNxoYAKo9tUI/rZFh4WGAhjhYkP/Nen4gU\nNPZL2FQVzVZOVMzFFvJ3iiS1K5ebo0Jr6c3qjokt7aOi0WeDAsqOWJIuwjb1JTEl\n+EotKWYBFglRkM6jWnF3uphx8Mtx8c/6dj+f3YpDVQxoRZfxQx3HrHkgb+exh1BH\n9+uHJ9PmGSDqD405PvaG3af3IiCJDt8djhxJAXzzPgSJ4GfjJLfj+85IhDRIv+1t\nlwxsPHZbJ4SI5tdlNI3ZWPBcA05Bv2cg5hoEsOG7KOlc6Gf9x/Nq8FrlF0FXLK7n\ncPMUjBmY8rqq0QAAAQB7y32iA+pCbopGhHOPJcjT48krTUadjUCpZ5HHoy5SQTqU\nS1njdCMAlcHd07L77GxLodPG1N7M95lakc/9T7O7/eIX8IbCYs9lrp5VIa1HuSVv\nYFzfamkd89GaRyXAb74s/ZNgCo1oofjivBxRTG4SDsDUhuxy69i+pp0kkQqsJWUy\nboCEFTSy41vELtp+JszFi0IGc1gx0/IAlNoK+SkyXyCnyZCj5QlERSPEzomZyz+A\n7wkC0sLSft7Zr+SAjrPwMEQY6AH/xjzI+Vk00yc/p43k7OvLjOEqwASSEL4qBr4q\nZmH0MxzXcMxuXq1IHhkQkxbne/4X4nORzKEuzMPPAAABAQDT6CLghA3fLOKYps1J\nmdMNx3D3Ef1fnYsts/pqmGnykpPpk5y5zDuTXCKmi80/FGfn3Lbv8sL79QJROF3X\nYPveWw5PxSvt6agnon4TzFAzj5ZCgqh0e3WWJkoRLqifzju5CHN2MeaTJ1Z7Ld4a\no9wzTsgXo3urdAhTECsnrlmJJ1kfEuYWhiZqkpYwwsZchEYsouAG3CvaCxxNVvu2\njVzvjiUbCl03vYCg7zC+oN1OPFMwisZOVTWgnYIGNUnfw4DPp9erA4hqRZMLbWdR\n97RxK3nf2+w/9Y4Qe/3bOF1wcRQfnA4vFht55aGnn6SS709v7JUK9VcyWSC93Csv\nonA5AAABAQDhs1Uwniv8jMZmalHKi1w+piWa7wC+UZXweVA1JANKvFvLKQKpZNNW\nGBDB7WqO3ZHr7pIzfV2OOXfjR4PoZKNocBLdETIhZR+I2vs4X2jLyx6hizUMiMRy\nQvn7kdR1QwrHeqvmcKsW6z3/MaUSFzCnxvG2bkSLD8slVNtJEw7LUDPks0rYlvt7\nRJNyFG2n8GqHGLdYLClF+HntCb+wWrtIOCu7PDSlYGiXuN+h+1djH+dWjwV+Aos1\nttEvdciVA8yzUIuX4nUZbQAXMCosoeB5lb4SJEIUA3Ud05YBZ6/kn8xU9Fw0Bcvs\nDcmmhaogxeL5TdNUm4gPXGbeAtc9cHQDAAAAAAEC\n-----END OPENSSH PRIVATE KEY-----\n",
            "private_key_pem": "-----BEGIN RSA PRIVATE KEY-----\nMIIJKgIBAAKCAgEAutN4fAkVS1xT939PqQp58wDBeH7n/LB/EdSbBvRrBcSJ0CZy\nvq+1Q1WRxFOBHluAOjJcUqaHnZ73ob1a8DhpoapjfddaBRgYUc7y9zrdNOsx2H9S\naqdjor9U88EpPWDkE/OIpaYMl0PpNBoFhgDs/VvWT/MfjGg1PpUMuKIKI2GgqSSB\nDmvpCBIp/4e8YZe3zKXSExXS6wetwNFFa0tjdTsOCUpiU/P50HjpyvBPi0cGc7dk\nQpcFiY9VhVGLURqDKb+2oZo1o2Pil7LPn3RZGER5/2fHlM28zwtEwafAid9U44d1\nvpjqT7nt/YVdBTSutLPfpLB0NYptvaM9OApE0U51sWLioXr9KRwdSztXkh1pUkHs\nAW3ZbWKkIIHSMDg/n3BwnaLASXVLaaDhrvL3G1NtX4MO8EIng9jwe4AO43N8lLVM\njATZbMzy1OMKeNiqcclCZwi2jTjcS0OuOkh1F4LSN1EwtiT98d93nD3sFGv8Zyen\ntJX4uOeRJdDR5hQebYadwuCqkORd4loEDQOPEMHJeyDOonigbUHHBJWjTrKzJafF\nEQBcWIXngefRCOmQVMqhW4uhdWjapbt26xKFO/9VIVQIjZYcOY2SIA2pQ2QTAi1N\nCY/lNIxLCusFPMyxNq8i5sI5oD5Bh8O2+iCoV/Jg9i2Id3wcVPZjxNexJKsCAwEA\nAQKCAgEAkPvJdaBq6RfWhaxD+rAJoV5FxifeCohBpGm0gTouz8QNGv6rb3XWGlIO\nlCglfJSPtxob8XwQpG6YR+k16FQvDWm4WhFEZ82iGeKbROdmgUnAXf24zNHoDYWj\n/KI7ScmmViFZOwvYm471LBzBipOvVpLthw/qvMCmCVIMFECT049Q6dJNYQ63Qi8u\nboI83BOsbGGG3I7EJubHnWoKEFDp9zEEHIugMPyWMoWTEY1afYB57lU0tkSS5ITa\nXmLA1gjYHw8LQO/2jjzWvNjkLR9SgPWrI1y7UqwyyQ46pnpzfctWCli2NFphA8wL\neAIGBSM0LUGl3h2doWsy7McAnDvD2MMLHw5lXUUIUiS4rI8il/MMWEQWAnUDI3rC\nKguQzcaGACqPbVCP62RYeFhgIY4WJD/zXp+IFDT2S9hUFc1WTlTMxRbyd4oktSuX\nm6NCa+nN6o6JLe2jotFngwLKjliSLsI29SUxJfhKLSlmARYJUZDOo1pxd7qYcfDL\ncfHP+nY/n92KQ1UMaEWX8UMdx6x5IG/nsYdQR/frhyfT5hkg6g+NOT72ht2n9yIg\niQ7fHY4cSQF88z4EieBn4yS34/vOSIQ0SL/tbZcMbDx2WyeEiObXZTSN2VjwXANO\nQb9nIOYaBLDhuyjpXOhn/cfzavBa5RdBVyyu53DzFIwZmPK6qtECggEBANPoIuCE\nDd8s4pimzUmZ0w3HcPcR/V+diy2z+mqYafKSk+mTnLnMO5NcIqaLzT8UZ+fctu/y\nwvv1AlE4Xddg+95bDk/FK+3pqCeifhPMUDOPlkKCqHR7dZYmShEuqJ/OO7kIc3Yx\n5pMnVnst3hqj3DNOyBeje6t0CFMQKyeuWYknWR8S5haGJmqSljDCxlyERiyi4Abc\nK9oLHE1W+7aNXO+OJRsKXTe9gKDvML6g3U48UzCKxk5VNaCdggY1Sd/DgM+n16sD\niGpFkwttZ1H3tHEred/b7D/1jhB7/ds4XXBxFB+cDi8WG3nloaefpJLvT2/slQr1\nVzJZIL3cKy+icDkCggEBAOGzVTCeK/yMxmZqUcqLXD6mJZrvAL5RlfB5UDUkA0q8\nW8spAqlk01YYEMHtao7dkevukjN9XY45d+NHg+hko2hwEt0RMiFlH4ja+zhfaMvL\nHqGLNQyIxHJC+fuR1HVDCsd6q+ZwqxbrPf8xpRIXMKfG8bZuRIsPyyVU20kTDstQ\nM+SzStiW+3tEk3IUbafwaocYt1gsKUX4ee0Jv7Bau0g4K7s8NKVgaJe436H7V2Mf\n51aPBX4CizW20S91yJUDzLNQi5fidRltABcwKiyh4HmVvhIkQhQDdR3TlgFnr+Sf\nzFT0XDQFy+wNyaaFqiDF4vlN01SbiA9cZt4C1z1wdAMCggEBAJ6vZnbEzPKEVUfF\nGVP1ekQGR0Tt1tSkUJYwAeWTLzu0okk2/hVwqGhohZY8eL21FT5fXSsAmx0807ho\nwnVILjTL8UKxP31RDVho6Yr/5EtISliSKX3Y+iwvjiWh0CqjsLuWZYhsQ+OMgMmL\nhphifsJ5S4PQLAsvwBAbuoVjna8EpUuMxnq1iM0j6o6nPQ4JC9ffPG5GsBv/V/le\nmu6Qm7jUtFq0fyv/n/RkShdmtXMh35YpRelhC+C0Mqtdem2zpKFcajepVJ1obn4P\nNmD+YsSgrwqBUUBwLSuQ/oAMjIRoWY52OXTvVDILUOwKs55I0S7adp4XLW4Jqmgj\nGL/6H5kCggEBANjW5p3TGQeGaIa01uf1hCZckfyMavZug9OJednUQ6Vl2fsR55C/\nYZtxe4gVhS7FCRDXIHd/loayB9DAQKbhKW2JX1Ys0zDqaqWdXYcHgzNoboFdsRXd\nwH7Wgj2EGc6fHpgP719yF63pTKMFG0aKKSDILinLPucrwUyYfiVyvd/vqiurZdk5\nFVuUwuPzZHbYsEAjKuL3ap/i3aEyoIvaX9w+uyUj7qCEQ3ihEZoaVBbT6/ppZilu\nYDi277rdOlyQTfZpB/RgiYhoBJJCoAJJc9TcXMQpOaLov3hsc83dxEuuiy2Dp6ID\nf6vGg1oNSSo7dJl4f/TliI7Zg6sAp7JLe+kCggEAe8t9ogPqQm6KRoRzjyXI0+PJ\nK01GnY1AqWeRx6MuUkE6lEtZ43QjAJXB3dOy++xsS6HTxtTezPeZWpHP/U+zu/3i\nF/CGwmLPZa6eVSGtR7klb2Bc32ppHfPRmkclwG++LP2TYAqNaKH44rwcUUxuEg7A\n1IbscuvYvqadJJEKrCVlMm6AhBU0suNbxC7afibMxYtCBnNYMdPyAJTaCvkpMl8g\np8mQo+UJREUjxM6Jmcs/gO8JAtLC0n7e2a/kgI6z8DBEGOgB/8Y8yPlZNNMnP6eN\n5Ozry4zhKsAEkhC+Kga+KmZh9DMc13DMbl6tSB4ZEJMW53v+F+JzkcyhLszDzw==\n-----END RSA PRIVATE KEY-----\n",
            "private_key_pem_pkcs8": "-----BEGIN PRIVATE KEY-----\nMIIJRAIBADANBgkqhkiG9w0BAQEFAASCCS4wggkqAgEAAoICAQC603h8CRVLXFP3\nf0+pCnnzAMF4fuf8sH8R1JsG9GsFxInQJnK+r7VDVZHEU4EeW4A6MlxSpoednveh\nvVrwOGmhqmN911oFGBhRzvL3Ot006zHYf1Jqp2Oiv1TzwSk9YOQT84ilpgyXQ+k0\nGgWGAOz9W9ZP8x+MaDU+lQy4ogojYaCpJIEOa+kIEin/h7xhl7fMpdITFdLrB63A\n0UVrS2N1Ow4JSmJT8/nQeOnK8E+LRwZzt2RClwWJj1WFUYtRGoMpv7ahmjWjY+KX\nss+fdFkYRHn/Z8eUzbzPC0TBp8CJ31Tjh3W+mOpPue39hV0FNK60s9+ksHQ1im29\noz04CkTRTnWxYuKhev0pHB1LO1eSHWlSQewBbdltYqQggdIwOD+fcHCdosBJdUtp\noOGu8vcbU21fgw7wQieD2PB7gA7jc3yUtUyMBNlszPLU4wp42KpxyUJnCLaNONxL\nQ646SHUXgtI3UTC2JP3x33ecPewUa/xnJ6e0lfi455El0NHmFB5thp3C4KqQ5F3i\nWgQNA48Qwcl7IM6ieKBtQccElaNOsrMlp8URAFxYheeB59EI6ZBUyqFbi6F1aNql\nu3brEoU7/1UhVAiNlhw5jZIgDalDZBMCLU0Jj+U0jEsK6wU8zLE2ryLmwjmgPkGH\nw7b6IKhX8mD2LYh3fBxU9mPE17EkqwIDAQABAoICAQCQ+8l1oGrpF9aFrEP6sAmh\nXkXGJ94KiEGkabSBOi7PxA0a/qtvddYaUg6UKCV8lI+3GhvxfBCkbphH6TXoVC8N\nabhaEURnzaIZ4ptE52aBScBd/bjM0egNhaP8ojtJyaZWIVk7C9ibjvUsHMGKk69W\nku2HD+q8wKYJUgwUQJPTj1Dp0k1hDrdCLy5ugjzcE6xsYYbcjsQm5sedagoQUOn3\nMQQci6Aw/JYyhZMRjVp9gHnuVTS2RJLkhNpeYsDWCNgfDwtA7/aOPNa82OQtH1KA\n9asjXLtSrDLJDjqmenN9y1YKWLY0WmEDzAt4AgYFIzQtQaXeHZ2hazLsxwCcO8PY\nwwsfDmVdRQhSJLisjyKX8wxYRBYCdQMjesIqC5DNxoYAKo9tUI/rZFh4WGAhjhYk\nP/Nen4gUNPZL2FQVzVZOVMzFFvJ3iiS1K5ebo0Jr6c3qjokt7aOi0WeDAsqOWJIu\nwjb1JTEl+EotKWYBFglRkM6jWnF3uphx8Mtx8c/6dj+f3YpDVQxoRZfxQx3HrHkg\nb+exh1BH9+uHJ9PmGSDqD405PvaG3af3IiCJDt8djhxJAXzzPgSJ4GfjJLfj+85I\nhDRIv+1tlwxsPHZbJ4SI5tdlNI3ZWPBcA05Bv2cg5hoEsOG7KOlc6Gf9x/Nq8Frl\nF0FXLK7ncPMUjBmY8rqq0QKCAQEA0+gi4IQN3yzimKbNSZnTDcdw9xH9X52LLbP6\naphp8pKT6ZOcucw7k1wipovNPxRn59y27/LC+/UCUThd12D73lsOT8Ur7emoJ6J+\nE8xQM4+WQoKodHt1liZKES6on847uQhzdjHmkydWey3eGqPcM07IF6N7q3QIUxAr\nJ65ZiSdZHxLmFoYmapKWMMLGXIRGLKLgBtwr2gscTVb7to1c744lGwpdN72AoO8w\nvqDdTjxTMIrGTlU1oJ2CBjVJ38OAz6fXqwOIakWTC21nUfe0cSt539vsP/WOEHv9\n2zhdcHEUH5wOLxYbeeWhp5+kku9Pb+yVCvVXMlkgvdwrL6JwOQKCAQEA4bNVMJ4r\n/IzGZmpRyotcPqYlmu8AvlGV8HlQNSQDSrxbyykCqWTTVhgQwe1qjt2R6+6SM31d\njjl340eD6GSjaHAS3REyIWUfiNr7OF9oy8seoYs1DIjEckL5+5HUdUMKx3qr5nCr\nFus9/zGlEhcwp8bxtm5Eiw/LJVTbSRMOy1Az5LNK2Jb7e0STchRtp/Bqhxi3WCwp\nRfh57Qm/sFq7SDgruzw0pWBol7jfoftXYx/nVo8FfgKLNbbRL3XIlQPMs1CLl+J1\nGW0AFzAqLKHgeZW+EiRCFAN1HdOWAWev5J/MVPRcNAXL7A3JpoWqIMXi+U3TVJuI\nD1xm3gLXPXB0AwKCAQEAnq9mdsTM8oRVR8UZU/V6RAZHRO3W1KRQljAB5ZMvO7Si\nSTb+FXCoaGiFljx4vbUVPl9dKwCbHTzTuGjCdUguNMvxQrE/fVENWGjpiv/kS0hK\nWJIpfdj6LC+OJaHQKqOwu5ZliGxD44yAyYuGmGJ+wnlLg9AsCy/AEBu6hWOdrwSl\nS4zGerWIzSPqjqc9DgkL1988bkawG/9X+V6a7pCbuNS0WrR/K/+f9GRKF2a1cyHf\nlilF6WEL4LQyq116bbOkoVxqN6lUnWhufg82YP5ixKCvCoFRQHAtK5D+gAyMhGhZ\njnY5dO9UMgtQ7AqznkjRLtp2nhctbgmqaCMYv/ofmQKCAQEA2NbmndMZB4ZohrTW\n5/WEJlyR/Ixq9m6D04l52dRDpWXZ+xHnkL9hm3F7iBWFLsUJENcgd3+WhrIH0MBA\npuEpbYlfVizTMOpqpZ1dhweDM2hugV2xFd3AftaCPYQZzp8emA/vX3IXrelMowUb\nRoopIMguKcs+5yvBTJh+JXK93++qK6tl2TkVW5TC4/NkdtiwQCMq4vdqn+LdoTKg\ni9pf3D67JSPuoIRDeKERmhpUFtPr+mlmKW5gOLbvut06XJBN9mkH9GCJiGgEkkKg\nAklz1NxcxCk5oui/eGxzzd3ES66LLYOnogN/q8aDWg1JKjt0mXh/9OWIjtmDqwCn\nskt76QKCAQB7y32iA+pCbopGhHOPJcjT48krTUadjUCpZ5HHoy5SQTqUS1njdCMA\nlcHd07L77GxLodPG1N7M95lakc/9T7O7/eIX8IbCYs9lrp5VIa1HuSVvYFzfamkd\n89GaRyXAb74s/ZNgCo1oofjivBxRTG4SDsDUhuxy69i+pp0kkQqsJWUyboCEFTSy\n41vELtp+JszFi0IGc1gx0/IAlNoK+SkyXyCnyZCj5QlERSPEzomZyz+A7wkC0sLS\nft7Zr+SAjrPwMEQY6AH/xjzI+Vk00yc/p43k7OvLjOEqwASSEL4qBr4qZmH0MxzX\ncMxuXq1IHhkQkxbne/4X4nORzKEuzMPP\n-----END PRIVATE KEY-----\n",
            "public_key_fingerprint_md5": "2b:f3:c0:97:d5:f8:e6:74:8e:24:9b:bc:14:a6:54:53",
            "public_key_fingerprint_sha256": "SHA256:8GAgfbC6PKCFWQrC43Ph6Ryvq56iqkYrl+ymlMVVp9o",
            "public_key_openssh": "ssh-rsa AAAAB3NzaC1yc2EAAAADAQABAAACAQC603h8CRVLXFP3f0+pCnnzAMF4fuf8sH8R1JsG9GsFxInQJnK+r7VDVZHEU4EeW4A6MlxSpoednvehvVrwOGmhqmN911oFGBhRzvL3Ot006zHYf1Jqp2Oiv1TzwSk9YOQT84ilpgyXQ+k0GgWGAOz9W9ZP8x+MaDU+lQy4ogojYaCpJIEOa+kIEin/h7xhl7fMpdITFdLrB63A0UVrS2N1Ow4JSmJT8/nQeOnK8E+LRwZzt2RClwWJj1WFUYtRGoMpv7ahmjWjY+KXss+fdFkYRHn/Z8eUzbzPC0TBp8CJ31Tjh3W+mOpPue39hV0FNK60s9+ksHQ1im29oz04CkTRTnWxYuKhev0pHB1LO1eSHWlSQewBbdltYqQggdIwOD+fcHCdosBJdUtpoOGu8vcbU21fgw7wQieD2PB7gA7jc3yUtUyMBNlszPLU4wp42KpxyUJnCLaNONxLQ646SHUXgtI3UTC2JP3x33ecPewUa/xnJ6e0lfi455El0NHmFB5thp3C4KqQ5F3iWgQNA48Qwcl7IM6ieKBtQccElaNOsrMlp8URAFxYheeB59EI6ZBUyqFbi6F1aNqlu3brEoU7/1UhVAiNlhw5jZIgDalDZBMCLU0Jj+U0jEsK6wU8zLE2ryLmwjmgPkGHw7b6IKhX8mD2LYh3fBxU9mPE17Ekqw==\n",
            "public_key_pem": "-----BEGIN PUBLIC KEY-----\nMIICIjANBgkqhkiG9w0BAQEFAAOCAg8AMIICCgKCAgEAutN4fAkVS1xT939PqQp5\n8wDBeH7n/LB/EdSbBvRrBcSJ0CZyvq+1Q1WRxFOBHluAOjJcUqaHnZ73ob1a8Dhp\noapjfddaBRgYUc7y9zrdNOsx2H9Saqdjor9U88EpPWDkE/OIpaYMl0PpNBoFhgDs\n/VvWT/MfjGg1PpUMuKIKI2GgqSSBDmvpCBIp/4e8YZe3zKXSExXS6wetwNFFa0tj\ndTsOCUpiU/P50HjpyvBPi0cGc7dkQpcFiY9VhVGLURqDKb+2oZo1o2Pil7LPn3RZ\nGER5/2fHlM28zwtEwafAid9U44d1vpjqT7nt/YVdBTSutLPfpLB0NYptvaM9OApE\n0U51sWLioXr9KRwdSztXkh1pUkHsAW3ZbWKkIIHSMDg/n3BwnaLASXVLaaDhrvL3\nG1NtX4MO8EIng9jwe4AO43N8lLVMjATZbMzy1OMKeNiqcclCZwi2jTjcS0OuOkh1\nF4LSN1EwtiT98d93nD3sFGv8ZyentJX4uOeRJdDR5hQebYadwuCqkORd4loEDQOP\nEMHJeyDOonigbUHHBJWjTrKzJafFEQBcWIXngefRCOmQVMqhW4uhdWjapbt26xKF\nO/9VIVQIjZYcOY2SIA2pQ2QTAi1NCY/lNIxLCusFPMyxNq8i5sI5oD5Bh8O2+iCo\nV/Jg9i2Id3wcVPZjxNexJKsCAwEAAQ==\n-----END PUBLIC KEY-----\n",
            "rsa_bits": 4096
          },
          "sensitive_attributes": [
            [
              {
                "type": "get_attr",
                "value": "private_key_openssh"
              }
            ],
            [
              {
                "type": "get_attr",
                "value": "private_key_pem_pkcs8"
              }
            ],
            [
              {
                "type": "get_attr",
                "value": "private_key_pem"
              }
            ]
          ]
        }
      ]
    }
  ],
  "check_results": [
    {
      "object_kind": "resource",
      "config_addr": "module.eks.module.self_managed_node_group.module.user_data.null_resource.validate_cluster_service_cidr",
      "status": "pass",
      "objects": null
    },
    {
      "object_kind": "resource",
      "config_addr": "module.eks.module.eks_managed_node_group.module.user_data.null_resource.validate_cluster_service_cidr",
      "status": "pass",
      "objects": [
        {
          "object_addr": "module.eks.module.eks_managed_node_group[\"default_node_group\"].module.user_data.null_resource.validate_cluster_service_cidr",
          "status": "pass"
        }
      ]
    }
  ]
}
