{
  "version": 4,
  "terraform_version": "1.9.6",
  "serial": 625,
  "lineage": "f0b6d692-7aad-9484-d252-4f87d7645883",
  "outputs": {
    "cloudwatch_log_group_arn": {
      "value": "arn:aws:logs:us-east-1:132172135366:log-group:/aws/eks/demo-cluster/cluster",
      "type": "string"
    },
    "cloudwatch_log_group_name": {
      "value": "/aws/eks/demo-cluster/cluster",
      "type": "string"
    },
    "cluster_arn": {
      "value": "arn:aws:eks:us-east-1:132172135366:cluster/demo-cluster",
      "type": "string"
    },
    "cluster_certificate_authority_data": {
      "value": "LS0tLS1CRUdJTiBDRVJUSUZJQ0FURS0tLS0tCk1JSURCVENDQWUyZ0F3SUJBZ0lJVis5MDEwWGJCd3d3RFFZSktvWklodmNOQVFFTEJRQXdGVEVUTUJFR0ExVUUKQXhNS2EzVmlaWEp1WlhSbGN6QWVGdzB5TkRBNU1qa3dOelF5TlRWYUZ3MHpOREE1TWpjd056UTNOVFZhTUJVeApFekFSQmdOVkJBTVRDbXQxWW1WeWJtVjBaWE13Z2dFaU1BMEdDU3FHU0liM0RRRUJBUVVBQTRJQkR3QXdnZ0VLCkFvSUJBUUMyY2txUFFURm1INEFTcWdYaWhqellyMDExN2ZhN09qUVY4QlFVMGhtbmovQTgzR1pFWkNHSHNQLzAKZnVUZjNic0h3RThQSitIRUVJOHZFUlBFMjFSRWgzMG8zUEVMRllmMDI3bU9pUXpkQjZ5WHhPcVl3V2ZBSG9jMwp1RlpJVVF0ekxaRDdCQkZIMlZhbkVJNGphVlZtMVl4K0JHNmQvV0lhRWdWcERxYmxDNERpRU5tdDdlS0VPTWxGCmdsNWtGYWRLcy9SNG1RUTUvbWRkYmxPV1BBQzJSZHZmSGE0MXJBRTN3QStYK2prOENIekxXQlFwNjRSeHNwM2wKV2dmL2VFMzUwU1RkVVBjaEx0TzdrUDhBRlA0b2ZCRlBLQmhCQzhvSzQrOHNDVGZJRTcycTJ1TUpKdUtBTmFzMQo0dTNVVEJLVE5SeUdjRzZmQTRFT2FyVkdTRmpyQWdNQkFBR2pXVEJYTUE0R0ExVWREd0VCL3dRRUF3SUNwREFQCkJnTlZIUk1CQWY4RUJUQURBUUgvTUIwR0ExVWREZ1FXQkJSZ05WSmZRUnZ2dm1va0lGbE93ZlBrZ21Ua0J6QVYKQmdOVkhSRUVEakFNZ2dwcmRXSmxjbTVsZEdWek1BMEdDU3FHU0liM0RRRUJDd1VBQTRJQkFRQnNlc0JNZ2J3VgpIMHlDM0xPQWROUHJEUEY2eDcwWkZhY0JUZHIwUzRUWVBadzlyNWEvcHpKb0h3Q0xMYTFaSVNTTm5ibzczdnZECmMyMG9jWWdzS0g2YThmV2xjdmUvMWxGa2xBYS9Fbzg2NktIbTZ2ekQ3R2NoREJWYk9Rd012cVQ2aWRjWFoyTWsKbGtQT2pmRjNtam5IVUFmbWJuamdoWWFtK2FGNVpvTStRSUMrcHlJMk1wandrVis2a3FXanI3VDZUN0h0ZDFpRwpDL1lST2d5L1VsWS8rOTFBUGcxTGhCcWQzYWlDMEx6NEV4VGVjZWFNWVo4Q2J6bjFRemZPRmdmcGFqYUtBT1RWCmNEWlZCZllnb015WTJKRE5pa3NPNmNuVWRJR0FRRURLTmZIN2cxZEh5U1hzVmZmWUlBTzFnZGFaZlBIeEJBQlYKRTRRbXV5SnJudzBLCi0tLS0tRU5EIENFUlRJRklDQVRFLS0tLS0K",
      "type": "string"
    },
    "cluster_endpoint": {
      "value": "https://5CF6985B956A38F23E8C04F41C30894F.yl4.us-east-1.eks.amazonaws.com",
      "type": "string"
    },
    "cluster_iam_role_arn": {
      "value": "arn:aws:iam::132172135366:role/demo-cluster-cluster-20240929074249513200000003",
      "type": "string"
    },
    "cluster_iam_role_name": {
      "value": "demo-cluster-cluster-20240929074249513200000003",
      "type": "string"
    },
    "cluster_iam_role_unique_id": {
      "value": "AROAR5RQSXPDGMMNDBFY5",
      "type": "string"
    },
    "cluster_name": {
      "value": "demo-cluster",
      "type": "string"
    },
    "cluster_platform_version": {
      "value": "eks.13",
      "type": "string"
    },
    "cluster_primary_security_group_id": {
      "value": "sg-00419c4a0853166ea",
      "type": "string"
    },
    "cluster_security_group_arn": {
      "value": "arn:aws:ec2:us-east-1:132172135366:security-group/sg-00ade3597bf157e66",
      "type": "string"
    },
    "cluster_security_group_id": {
      "value": "sg-00ade3597bf157e66",
      "type": "string"
    },
    "cluster_status": {
      "value": "ACTIVE",
      "type": "string"
    },
    "cluster_tls_certificate_sha1_fingerprint": {
      "value": "9e99a48a9960b14926bb7f3b02e22da2b0ab7280",
      "type": "string"
    },
    "node_security_group_arn": {
      "value": "arn:aws:ec2:us-east-1:132172135366:security-group/sg-0358cbd40b4fdd8a4",
      "type": "string"
    },
    "node_security_group_id": {
      "value": "sg-0358cbd40b4fdd8a4",
      "type": "string"
    },
    "region": {
      "value": "us-east-1",
      "type": "string"
    }
  },
  "resources": [
    {
      "mode": "data",
      "type": "aws_availability_zones",
      "name": "available",
      "provider": "provider[\"registry.terraform.io/hashicorp/aws\"]",
      "instances": [
        {
          "schema_version": 0,
          "attributes": {
            "all_availability_zones": null,
            "exclude_names": null,
            "exclude_zone_ids": null,
            "filter": null,
            "group_names": [
              "us-east-1"
            ],
            "id": "us-east-1",
            "names": [
              "us-east-1a",
              "us-east-1b",
              "us-east-1c",
              "us-east-1d",
              "us-east-1e",
              "us-east-1f"
            ],
            "state": null,
            "timeouts": null,
            "zone_ids": [
              "use1-az2",
              "use1-az4",
              "use1-az6",
              "use1-az1",
              "use1-az3",
              "use1-az5"
            ]
          },
          "sensitive_attributes": []
        }
      ]
    },
    {
      "mode": "data",
      "type": "aws_caller_identity",
      "name": "current",
      "provider": "provider[\"registry.terraform.io/hashicorp/aws\"]",
      "instances": [
        {
          "schema_version": 0,
          "attributes": {
            "account_id": "132172135366",
            "arn": "arn:aws:iam::132172135366:user/k8suser",
            "id": "132172135366",
            "user_id": "AIDAR5RQSXPDLVB5NXR7O"
          },
          "sensitive_attributes": []
        }
      ]
    },
    {
      "mode": "data",
      "type": "terraform_remote_state",
      "name": "vpc",
      "provider": "provider[\"terraform.io/builtin/terraform\"]",
      "instances": [
        {
          "schema_version": 0,
          "attributes": {
            "backend": "local",
            "config": {
              "value": {
                "path": "../vpc/terraform.tfstate"
              },
              "type": [
                "object",
                {
                  "path": "string"
                }
              ]
            },
            "defaults": null,
            "outputs": {
              "value": {
                "azs": [
                  "us-east-1a",
                  "us-east-1b",
                  "us-east-1c"
                ],
                "intra_subnets": [
                  "subnet-0ebb12f2d68678876",
                  "subnet-0833f5f865477fc68",
                  "subnet-005d0ce5f9a6d0b9e"
                ],
                "private_subnets": [
                  "subnet-0f1b7b97a3e3506d7",
                  "subnet-0689c492fb4526ac0",
                  "subnet-0baef61459b048f8b"
                ],
                "public_subnets": [
                  "subnet-0338f16ae0b1bbc30",
                  "subnet-0a19e44c06f52a69c",
                  "subnet-069d4e2284f102987"
                ],
                "vpc_id": "vpc-0fdebb8667789c72d"
              },
              "type": [
                "object",
                {
                  "azs": [
                    "list",
                    "string"
                  ],
                  "intra_subnets": [
                    "tuple",
                    [
                      "string",
                      "string",
                      "string"
                    ]
                  ],
                  "private_subnets": [
                    "tuple",
                    [
                      "string",
                      "string",
                      "string"
                    ]
                  ],
                  "public_subnets": [
                    "tuple",
                    [
                      "string",
                      "string",
                      "string"
                    ]
                  ],
                  "vpc_id": "string"
                }
              ]
            },
            "workspace": null
          },
          "sensitive_attributes": []
        }
      ]
    },
    {
      "mode": "managed",
      "type": "aws_security_group",
      "name": "remote_access",
      "provider": "provider[\"registry.terraform.io/hashicorp/aws\"]",
      "instances": [
        {
          "schema_version": 1,
          "attributes": {
            "arn": "arn:aws:ec2:us-east-1:132172135366:security-group/sg-02d197a682902bbe0",
            "description": "Allow remote SSH from anywhere",
            "egress": [
              {
                "cidr_blocks": [
                  "0.0.0.0/0"
                ],
                "description": "",
                "from_port": 0,
                "ipv6_cidr_blocks": [
                  "::/0"
                ],
                "prefix_list_ids": [],
                "protocol": "-1",
                "security_groups": [],
                "self": false,
                "to_port": 0
              }
            ],
            "id": "sg-02d197a682902bbe0",
            "ingress": [
              {
                "cidr_blocks": [
                  "0.0.0.0/0"
                ],
                "description": "SSH access",
                "from_port": 22,
                "ipv6_cidr_blocks": [],
                "prefix_list_ids": [],
                "protocol": "tcp",
                "security_groups": [],
                "self": false,
                "to_port": 22
              }
            ],
            "name": "demo-cluster-remote-access20240929074249515000000004",
            "name_prefix": "demo-cluster-remote-access",
            "owner_id": "132172135366",
            "revoke_rules_on_delete": false,
            "tags": {
              "DevtedsOrg": "Devteds Courses",
              "DevtedsStack": "demo-cluster",
              "DevtedsStackName": "EKS",
              "Name": "demo-cluster-remote-ssh",
              "kubernetes.io/cluster/demo-cluster": "shared"
            },
            "tags_all": {
              "DevtedsOrg": "Devteds Courses",
              "DevtedsStack": "demo-cluster",
              "DevtedsStackName": "EKS",
              "Name": "demo-cluster-remote-ssh",
              "kubernetes.io/cluster/demo-cluster": "shared"
            },
            "timeouts": null,
            "vpc_id": "vpc-0fdebb8667789c72d"
          },
          "sensitive_attributes": [],
          "private": "eyJlMmJmYjczMC1lY2FhLTExZTYtOGY4OC0zNDM2M2JjN2M0YzAiOnsiY3JlYXRlIjo2MDAwMDAwMDAwMDAsImRlbGV0ZSI6OTAwMDAwMDAwMDAwfSwic2NoZW1hX3ZlcnNpb24iOiIxIn0=",
          "dependencies": [
            "data.terraform_remote_state.vpc"
          ]
        }
      ]
    },
    {
      "module": "module.eks",
      "mode": "data",
      "type": "aws_caller_identity",
      "name": "current",
      "provider": "provider[\"registry.terraform.io/hashicorp/aws\"]",
      "instances": [
        {
          "schema_version": 0,
          "attributes": {
            "account_id": "132172135366",
            "arn": "arn:aws:iam::132172135366:user/k8suser",
            "id": "132172135366",
            "user_id": "AIDAR5RQSXPDLVB5NXR7O"
          },
          "sensitive_attributes": []
        }
      ]
    },
    {
      "module": "module.eks",
      "mode": "data",
      "type": "aws_iam_policy_document",
      "name": "assume_role_policy",
      "provider": "provider[\"registry.terraform.io/hashicorp/aws\"]",
      "instances": [
        {
          "index_key": 0,
          "schema_version": 0,
          "attributes": {
            "id": "2764486067",
            "json": "{\n  \"Version\": \"2012-10-17\",\n  \"Statement\": [\n    {\n      \"Sid\": \"EKSClusterAssumeRole\",\n      \"Effect\": \"Allow\",\n      \"Action\": \"sts:AssumeRole\",\n      \"Principal\": {\n        \"Service\": \"eks.amazonaws.com\"\n      }\n    }\n  ]\n}",
            "minified_json": "{\"Version\":\"2012-10-17\",\"Statement\":[{\"Sid\":\"EKSClusterAssumeRole\",\"Effect\":\"Allow\",\"Action\":\"sts:AssumeRole\",\"Principal\":{\"Service\":\"eks.amazonaws.com\"}}]}",
            "override_json": null,
            "override_policy_documents": null,
            "policy_id": null,
            "source_json": null,
            "source_policy_documents": null,
            "statement": [
              {
                "actions": [
                  "sts:AssumeRole"
                ],
                "condition": [],
                "effect": "Allow",
                "not_actions": [],
                "not_principals": [],
                "not_resources": [],
                "principals": [
                  {
                    "identifiers": [
                      "eks.amazonaws.com"
                    ],
                    "type": "Service"
                  }
                ],
                "resources": [],
                "sid": "EKSClusterAssumeRole"
              }
            ],
            "version": "2012-10-17"
          },
          "sensitive_attributes": []
        }
      ]
    },
    {
      "module": "module.eks",
      "mode": "data",
      "type": "aws_iam_session_context",
      "name": "current",
      "provider": "provider[\"registry.terraform.io/hashicorp/aws\"]",
      "instances": [
        {
          "schema_version": 0,
          "attributes": {
            "arn": "arn:aws:iam::132172135366:user/k8suser",
            "id": "arn:aws:iam::132172135366:user/k8suser",
            "issuer_arn": "arn:aws:iam::132172135366:user/k8suser",
            "issuer_id": "",
            "issuer_name": "",
            "session_name": ""
          },
          "sensitive_attributes": []
        }
      ]
    },
    {
      "module": "module.eks",
      "mode": "data",
      "type": "aws_partition",
      "name": "current",
      "provider": "provider[\"registry.terraform.io/hashicorp/aws\"]",
      "instances": [
        {
          "schema_version": 0,
          "attributes": {
            "dns_suffix": "amazonaws.com",
            "id": "aws",
            "partition": "aws",
            "reverse_dns_prefix": "com.amazonaws"
          },
          "sensitive_attributes": []
        }
      ]
    },
    {
      "module": "module.eks",
      "mode": "data",
      "type": "tls_certificate",
      "name": "this",
      "provider": "provider[\"registry.terraform.io/hashicorp/tls\"]",
      "instances": [
        {
          "index_key": 0,
          "schema_version": 0,
          "attributes": {
            "certificates": [
              {
                "cert_pem": "-----BEGIN CERTIFICATE-----\nMIIEdTCCA12gAwIBAgIJAKcOSkw0grd/MA0GCSqGSIb3DQEBCwUAMGgxCzAJBgNV\nBAYTAlVTMSUwIwYDVQQKExxTdGFyZmllbGQgVGVjaG5vbG9naWVzLCBJbmMuMTIw\nMAYDVQQLEylTdGFyZmllbGQgQ2xhc3MgMiBDZXJ0aWZpY2F0aW9uIEF1dGhvcml0\neTAeFw0wOTA5MDIwMDAwMDBaFw0zNDA2MjgxNzM5MTZaMIGYMQswCQYDVQQGEwJV\nUzEQMA4GA1UECBMHQXJpem9uYTETMBEGA1UEBxMKU2NvdHRzZGFsZTElMCMGA1UE\nChMcU3RhcmZpZWxkIFRlY2hub2xvZ2llcywgSW5jLjE7MDkGA1UEAxMyU3RhcmZp\nZWxkIFNlcnZpY2VzIFJvb3QgQ2VydGlmaWNhdGUgQXV0aG9yaXR5IC0gRzIwggEi\nMA0GCSqGSIb3DQEBAQUAA4IBDwAwggEKAoIBAQDVDDrEKvlO4vW+GZdfjohTsR8/\ny8+fIBNtKTrID30892t2OGPZNmCom15cAICyL1l/9of5JUOG52kbUpqQ4XHj2C0N\nTm/2yEnZtvMaVq4rtnQU68/7JuMauh2WLmo7WJSJR1b/JaCTcFOD2oR0FMNnngRo\nOt+OQFodSk7PQ5E751bWAHDLUu57fa4657wx+UX2wmDPE1kCK4DMNEffud6QZW0C\nzyyRpqbn3oUYSXxmTqM6bam17jQuug0DuDPfR+uxa40l2ZvOgdFFRjKWcIfeAg5J\nQ4W2bHO7ZOphQazJ1FTfhy/HIrImzJ9ZVGif/L4qL8RVHHVAYBeFAlU5i38FAgMB\nAAGjgfAwge0wDwYDVR0TAQH/BAUwAwEB/zAOBgNVHQ8BAf8EBAMCAYYwHQYDVR0O\nBBYEFJxfAN+qAdcwKziIorhtSpzyEZGDMB8GA1UdIwQYMBaAFL9ft9HO3R+G9FtV\nrNzXEMIOqYjnME8GCCsGAQUFBwEBBEMwQTAcBggrBgEFBQcwAYYQaHR0cDovL28u\nc3MyLnVzLzAhBggrBgEFBQcwAoYVaHR0cDovL3guc3MyLnVzL3guY2VyMCYGA1Ud\nHwQfMB0wG6AZoBeGFWh0dHA6Ly9zLnNzMi51cy9yLmNybDARBgNVHSAECjAIMAYG\nBFUdIAAwDQYJKoZIhvcNAQELBQADggEBACMd44pXyn3pF3lM8R5V/cxTbj5HD9/G\nVfKyBDbtgB9TxF00KGu+x1X8Z+rLP3+QsjPNG1gQggL4+C/1E2DUBc7xgQjB3ad1\nl08YuW3e95ORCLp+QCztweq7dp4zBncdDQh/U90bZKuCJ/Fp1U1ervShw3WnWEQt\n8jxwmKy6abaVd38PMV4s/KCHOkdp8Hlf9BRUpJVeEXgSYCfOn8J3/yNTd126/+pZ\n59vPr5KW7ySaNRB6nJHGDn2Z9j8Z3/VyVOEVqQdZe4O/Ui5GjLIAZHYcSNPYeehu\nVsyuLAOQ1xk4meTKCRlb/weWsKh/NEnfVqn3sF/tM+2MR7cwA130A4w=\n-----END CERTIFICATE-----\n",
                "is_ca": true,
                "issuer": "OU=Starfield Class 2 Certification Authority,O=Starfield Technologies\\, Inc.,C=US",
                "not_after": "2034-06-28T17:39:16Z",
                "not_before": "2009-09-02T00:00:00Z",
                "public_key_algorithm": "RSA",
                "serial_number": "12037640545166866303",
                "sha1_fingerprint": "9e99a48a9960b14926bb7f3b02e22da2b0ab7280",
                "signature_algorithm": "SHA256-RSA",
                "subject": "CN=Starfield Services Root Certificate Authority - G2,O=Starfield Technologies\\, Inc.,L=Scottsdale,ST=Arizona,C=US",
                "version": 3
              },
              {
                "cert_pem": "-----BEGIN CERTIFICATE-----\nMIIEkjCCA3qgAwIBAgITBn+USionzfP6wq4rAfkI7rnExjANBgkqhkiG9w0BAQsF\nADCBmDELMAkGA1UEBhMCVVMxEDAOBgNVBAgTB0FyaXpvbmExEzARBgNVBAcTClNj\nb3R0c2RhbGUxJTAjBgNVBAoTHFN0YXJmaWVsZCBUZWNobm9sb2dpZXMsIEluYy4x\nOzA5BgNVBAMTMlN0YXJmaWVsZCBTZXJ2aWNlcyBSb290IENlcnRpZmljYXRlIEF1\ndGhvcml0eSAtIEcyMB4XDTE1MDUyNTEyMDAwMFoXDTM3MTIzMTAxMDAwMFowOTEL\nMAkGA1UEBhMCVVMxDzANBgNVBAoTBkFtYXpvbjEZMBcGA1UEAxMQQW1hem9uIFJv\nb3QgQ0EgMTCCASIwDQYJKoZIhvcNAQEBBQADggEPADCCAQoCggEBALJ4gHHKeNXj\nca9HgFB0fW7Y14h29Jlo91ghYPl0hAEvrAIthtOgQ3pOsqTQNroBvo3bSMgHFzZM\n9O6II8c+6zf1tRn4SWiw3te5djgdYZ6k/oI2peVKVuRF4fn9tBb6dNqcmzU5L/qw\nIFAGbHrQgLKm+a/sRxmPUDgH3KKHOVj4utWp+UhnMJbulHheb4mjUcAwhmahRWa6\nVOujw5H5SNz/0egwLX0tdHA114gk957EWW67c4cX8jJGKLhD+rcdqsq08p8kDi1L\n93FcXmn/6pUCyziKrlA4b9v7LWIbxcceVOF34GfID5yHI9Y/QCB/IIDEgEw+OyQm\njgSubJrIqg0CAwEAAaOCATEwggEtMA8GA1UdEwEB/wQFMAMBAf8wDgYDVR0PAQH/\nBAQDAgGGMB0GA1UdDgQWBBSEGMyFNOy8DJSULghZnMeyEE4KCDAfBgNVHSMEGDAW\ngBScXwDfqgHXMCs4iKK4bUqc8hGRgzB4BggrBgEFBQcBAQRsMGowLgYIKwYBBQUH\nMAGGImh0dHA6Ly9vY3NwLnJvb3RnMi5hbWF6b250cnVzdC5jb20wOAYIKwYBBQUH\nMAKGLGh0dHA6Ly9jcnQucm9vdGcyLmFtYXpvbnRydXN0LmNvbS9yb290ZzIuY2Vy\nMD0GA1UdHwQ2MDQwMqAwoC6GLGh0dHA6Ly9jcmwucm9vdGcyLmFtYXpvbnRydXN0\nLmNvbS9yb290ZzIuY3JsMBEGA1UdIAQKMAgwBgYEVR0gADANBgkqhkiG9w0BAQsF\nAAOCAQEAYjdCXLwQtT6LLOkMm2xF4gcAevnFWAu5CIw+7bMlPLVvUOTNNWqnkzSW\nMiGpSESrnO09tKpzbeR/FoCJbM8oAxiDR3mjEH4wW6w7sGDgd9QIpuEdfF7Au/ma\neyKdpwAJfqxGF4PcnCZXmTA5YpaP7dreqsXMGz7KQ2hsVxa81Q4gLv7/wmpdLqBK\nbRRYh5TmOTFffHPLkIhqhBGWJ6bt2YFGpn6jcgAKUj6DiAdjd4lpFw85hdKrCEVN\n0FE6/V1dN2RMfjCyVSRCnTawXZwXgWHxyvkQAiSr6w10kY17RSlQOYiypok1JR4U\nakcjMS9cmvqtmg5iUaQqqcT5NJ0hGA==\n-----END CERTIFICATE-----\n",
                "is_ca": true,
                "issuer": "CN=Starfield Services Root Certificate Authority - G2,O=Starfield Technologies\\, Inc.,L=Scottsdale,ST=Arizona,C=US",
                "not_after": "2037-12-31T01:00:00Z",
                "not_before": "2015-05-25T12:00:00Z",
                "public_key_algorithm": "RSA",
                "serial_number": "144918191876577076464031512351042010504348870",
                "sha1_fingerprint": "06b25927c42a721631c1efd9431e648fa62e1e39",
                "signature_algorithm": "SHA256-RSA",
                "subject": "CN=Amazon Root CA 1,O=Amazon,C=US",
                "version": 3
              },
              {
                "cert_pem": "-----BEGIN CERTIFICATE-----\nMIIEXjCCA0agAwIBAgITB3MSSkvL1E7HtTvq8ZSELToPoTANBgkqhkiG9w0BAQsF\nADA5MQswCQYDVQQGEwJVUzEPMA0GA1UEChMGQW1hem9uMRkwFwYDVQQDExBBbWF6\nb24gUm9vdCBDQSAxMB4XDTIyMDgyMzIyMjUzMFoXDTMwMDgyMzIyMjUzMFowPDEL\nMAkGA1UEBhMCVVMxDzANBgNVBAoTBkFtYXpvbjEcMBoGA1UEAxMTQW1hem9uIFJT\nQSAyMDQ4IE0wMjCCASIwDQYJKoZIhvcNAQEBBQADggEPADCCAQoCggEBALtDGMZa\nqHneKei1by6+pUPPLljTB143Si6VpEWPc6mSkFhZb/6qrkZyoHlQLbDYnI2D7hD0\nsdzEqfnuAjIsuXQLG3A8TvX6V3oFNBFVe8NlLJHvBseKY88saLwufxkZVwk74g4n\nWlNMXzla9Y5F3wwRHwMVH443xGz6UtGSZSqQ94eFx5X7Tlqt8whi8qCaKdZ5rNak\n+r9nUThOeClqFd4oXych//Rc7Y0eX1KNWHYSI1Nk31mYgiK3JvH063g+K9tHA63Z\neTgKgndlh+WI+zv7i44HepRZjA1FYwYZ9Vv/9UkC5Yz8/yU65fgjaE+wVHM4e/Yy\nC2osrPWE7gJ+dXMCAwEAAaOCAVowggFWMBIGA1UdEwEB/wQIMAYBAf8CAQAwDgYD\nVR0PAQH/BAQDAgGGMB0GA1UdJQQWMBQGCCsGAQUFBwMBBggrBgEFBQcDAjAdBgNV\nHQ4EFgQUwDFSzVpQw4J8dHHOy+mc+XrrguIwHwYDVR0jBBgwFoAUhBjMhTTsvAyU\nlC4IWZzHshBOCggwewYIKwYBBQUHAQEEbzBtMC8GCCsGAQUFBzABhiNodHRwOi8v\nb2NzcC5yb290Y2ExLmFtYXpvbnRydXN0LmNvbTA6BggrBgEFBQcwAoYuaHR0cDov\nL2NydC5yb290Y2ExLmFtYXpvbnRydXN0LmNvbS9yb290Y2ExLmNlcjA/BgNVHR8E\nODA2MDSgMqAwhi5odHRwOi8vY3JsLnJvb3RjYTEuYW1hem9udHJ1c3QuY29tL3Jv\nb3RjYTEuY3JsMBMGA1UdIAQMMAowCAYGZ4EMAQIBMA0GCSqGSIb3DQEBCwUAA4IB\nAQAtTi6Fs0Azfi+iwm7jrz+CSxHH+uHl7Law3MQSXVtR8RV53PtR6r/6gNpqlzdo\nZq4FKbADi1v9Bun8RY8D51uedRfjsbeodizeBB8nXmeyD33Ep7VATj4ozcd31YFV\nfgRhvTSxNrrTlNpWkUk0m3BMPv8sg381HhA6uEYokE5q9uws/3YkKqRiEz3TsaWm\nJqIRZhMbgAfp7O7FUwFIb7UIspogZSKxPIWJpxiPo3TcBambbVtQOcNRWz5qCQdD\nslI2yayq0n2TXoHyNCLEH8rpsJRVILFsg0jc7BaFrMnF462+ajSehgj12IidNeRN\n4zl+EoNaWdpnWndvSpAEkq2P\n-----END CERTIFICATE-----\n",
                "is_ca": true,
                "issuer": "CN=Amazon Root CA 1,O=Amazon,C=US",
                "not_after": "2030-08-23T22:25:30Z",
                "not_before": "2022-08-23T22:25:30Z",
                "public_key_algorithm": "RSA",
                "serial_number": "166129353110899469622597955040406457904926625",
                "sha1_fingerprint": "414a2060b738c635cc7fc243e052615592830c53",
                "signature_algorithm": "SHA256-RSA",
                "subject": "CN=Amazon RSA 2048 M02,O=Amazon,C=US",
                "version": 3
              },
              {
                "cert_pem": "-----BEGIN CERTIFICATE-----\nMIIF5TCCBM2gAwIBAgIQCJL9XGbawpZ6IsGGvDqdyDANBgkqhkiG9w0BAQsFADA8\nMQswCQYDVQQGEwJVUzEPMA0GA1UEChMGQW1hem9uMRwwGgYDVQQDExNBbWF6b24g\nUlNBIDIwNDggTTAyMB4XDTI0MDMyODAwMDAwMFoXDTI1MDQyNjIzNTk1OVowKDEm\nMCQGA1UEAwwdKi5la3MudXMtZWFzdC0xLmFtYXpvbmF3cy5jb20wggEiMA0GCSqG\nSIb3DQEBAQUAA4IBDwAwggEKAoIBAQC4iVpgxjgOmMKdC2tYTHa9yzuuLdYCjpC6\nxN1VgI71uTiSxUGf6R3N/Rdk5vjz2COu3fsVgMh6cCpqrPlxU/5uP0/DFfQGdVxB\nbZ4vYRC9jIbgyKmwqOEJMD/9B3iGHz3KpBpnXDcuulqWsCtuuqxjnMLL4h1UdOeA\nPNwhOyQxKMHl+LfrCZeCuehKch+XM/8lhdKgYyLp8o1Nm7IsNG1aN6iNoZ6rxEyU\nVw6fV+pZDaIrxkYf7unQrAfUWR122pXGzWRtv5VGZLjrci8ev4ZpgGViIzb2LOqT\nFm8gde6aURlAm4uMDFzmZ/iOqEV+52vO9Z0E6Yo5M3dJZqQo7uUpAgMBAAGjggL1\nMIIC8TAfBgNVHSMEGDAWgBTAMVLNWlDDgnx0cc7L6Zz5euuC4jAdBgNVHQ4EFgQU\nhG1ZDKa76htLZVXP+E3P3GnYHjEwKAYDVR0RBCEwH4IdKi5la3MudXMtZWFzdC0x\nLmFtYXpvbmF3cy5jb20wEwYDVR0gBAwwCjAIBgZngQwBAgEwDgYDVR0PAQH/BAQD\nAgWgMB0GA1UdJQQWMBQGCCsGAQUFBwMBBggrBgEFBQcDAjA7BgNVHR8ENDAyMDCg\nLqAshipodHRwOi8vY3JsLnIybTAyLmFtYXpvbnRydXN0LmNvbS9yMm0wMi5jcmww\ndQYIKwYBBQUHAQEEaTBnMC0GCCsGAQUFBzABhiFodHRwOi8vb2NzcC5yMm0wMi5h\nbWF6b250cnVzdC5jb20wNgYIKwYBBQUHMAKGKmh0dHA6Ly9jcnQucjJtMDIuYW1h\nem9udHJ1c3QuY29tL3IybTAyLmNlcjAMBgNVHRMBAf8EAjAAMIIBfQYKKwYBBAHW\neQIEAgSCAW0EggFpAWcAdgDPEVbu1S58r/OHW9lpLpvpGnFnSrAX7KwB0lt3zsw7\nCAAAAY6HAoTcAAAEAwBHMEUCIHI392+k5Ds777nM4CwNr+xjjCr49CQ/vHIJDZJX\nokM7AiEA++VPDyyMLijPy0GR8ZBIvAcrYbjfJXTF3GkizeJLVJIAdgB9WR4S4Xgq\nexxhZ3xe/fjQh1wUoE6VnrkDL9kOjC55uAAAAY6HAoTeAAAEAwBHMEUCICBkhMaf\n9gdR3bCbLxXFbHNEXUh7t3P/SxaUKDcE6UmIAiEA25zZ9aBt/mrhDcMc155V8qnw\nadTEqttLdP4XMEmMsPAAdQDm0jFjQHeMwRBBBtdxuc7B0kD2loSG+7qHMh39HjeO\nUAAAAY6HAoTxAAAEAwBGMEQCIFFF4kpqcNgHFzRi2cnL4HbNApZlnlc+Re9IyYXi\nCldqAiBkZUgs12iu2uWGU97VUAICt2+zZkhjUV3i+O3kYh1yrTANBgkqhkiG9w0B\nAQsFAAOCAQEAWY5OxR7rWtYFS09xAYYIHlBF7wdUxQH60zi/IqAHZIRCFI1xHdsJ\n0BUv30lLyiGtVr4DheBo81/IErBRpXmSkdoDJA+5d/Jz3EFtbrVogjESALAgBfSG\nuJX0QLshjyTl9O2r00qkxIhbKmSPSl9JQVxqt2jTaB6pD3SjWX6U+l397Ns1L6pI\nb1418oVo7LeHwEeEx6APMIyjzlfcXdCHA6lVKeiNF8SH+QW+h6ZOpGXJIU6llBjg\nWAhscqrGRj1APpuKWGVkVCweAjIOcEuWV8Fqmfp1h9jmeUkG6SoBifrl41PvhK0o\nqQ3LlAF6Op6n7JLa2rlXkf6LienZDVlSuQ==\n-----END CERTIFICATE-----\n",
                "is_ca": false,
                "issuer": "CN=Amazon RSA 2048 M02,O=Amazon,C=US",
                "not_after": "2025-04-26T23:59:59Z",
                "not_before": "2024-03-28T00:00:00Z",
                "public_key_algorithm": "RSA",
                "serial_number": "11397038078078022747295509550808604104",
                "sha1_fingerprint": "9451ad2b53c7f41fab22886cc07d482085336561",
                "signature_algorithm": "SHA256-RSA",
                "subject": "CN=*.eks.us-east-1.amazonaws.com",
                "version": 3
              }
            ],
            "content": null,
            "id": "99d41e43229a4cdaf4141f3e8310e6d95c31dab9",
            "url": "https://oidc.eks.us-east-1.amazonaws.com/id/5CF6985B956A38F23E8C04F41C30894F",
            "verify_chain": true
          },
          "sensitive_attributes": []
        }
      ]
    },
    {
      "module": "module.eks",
      "mode": "managed",
      "type": "aws_cloudwatch_log_group",
      "name": "this",
      "provider": "provider[\"registry.terraform.io/hashicorp/aws\"]",
      "instances": [
        {
          "index_key": 0,
          "schema_version": 0,
          "attributes": {
            "arn": "arn:aws:logs:us-east-1:132172135366:log-group:/aws/eks/demo-cluster/cluster",
            "id": "/aws/eks/demo-cluster/cluster",
            "kms_key_id": "",
            "log_group_class": "STANDARD",
            "name": "/aws/eks/demo-cluster/cluster",
            "name_prefix": "",
            "retention_in_days": 90,
            "skip_destroy": false,
            "tags": {
              "DevtedsOrg": "Devteds Courses",
              "DevtedsStack": "demo-cluster",
              "DevtedsStackName": "EKS",
              "Name": "/aws/eks/demo-cluster/cluster",
              "kubernetes.io/cluster/demo-cluster": "shared"
            },
            "tags_all": {
              "DevtedsOrg": "Devteds Courses",
              "DevtedsStack": "demo-cluster",
              "DevtedsStackName": "EKS",
              "Name": "/aws/eks/demo-cluster/cluster",
              "kubernetes.io/cluster/demo-cluster": "shared"
            }
          },
          "sensitive_attributes": [],
          "private": "bnVsbA==",
          "create_before_destroy": true
        }
      ]
    },
    {
      "module": "module.eks",
      "mode": "managed",
      "type": "aws_ec2_tag",
      "name": "cluster_primary_security_group",
      "provider": "provider[\"registry.terraform.io/hashicorp/aws\"]",
      "instances": [
        {
          "index_key": "DevtedsOrg",
          "schema_version": 0,
          "attributes": {
            "id": "sg-00419c4a0853166ea,DevtedsOrg",
            "key": "DevtedsOrg",
            "resource_id": "sg-00419c4a0853166ea",
            "value": "Devteds Courses"
          },
          "sensitive_attributes": [],
          "private": "bnVsbA==",
          "dependencies": [
            "data.terraform_remote_state.vpc",
            "module.eks.aws_cloudwatch_log_group.this",
            "module.eks.aws_eks_cluster.this",
            "module.eks.aws_iam_policy.cni_ipv6_policy",
            "module.eks.aws_iam_role.this",
            "module.eks.aws_iam_role_policy_attachment.this",
            "module.eks.aws_security_group.cluster",
            "module.eks.aws_security_group.node",
            "module.eks.aws_security_group_rule.cluster",
            "module.eks.aws_security_group_rule.node",
            "module.eks.data.aws_caller_identity.current",
            "module.eks.data.aws_iam_policy_document.assume_role_policy",
            "module.eks.data.aws_iam_policy_document.cni_ipv6_policy",
            "module.eks.data.aws_iam_session_context.current",
            "module.eks.data.aws_partition.current",
            "module.eks.module.kms.aws_kms_external_key.this",
            "module.eks.module.kms.aws_kms_key.this",
            "module.eks.module.kms.aws_kms_replica_external_key.this",
            "module.eks.module.kms.aws_kms_replica_key.this",
            "module.eks.module.kms.data.aws_caller_identity.current",
            "module.eks.module.kms.data.aws_iam_policy_document.this",
            "module.eks.module.kms.data.aws_partition.current"
          ]
        },
        {
          "index_key": "DevtedsStack",
          "schema_version": 0,
          "attributes": {
            "id": "sg-00419c4a0853166ea,DevtedsStack",
            "key": "DevtedsStack",
            "resource_id": "sg-00419c4a0853166ea",
            "value": "demo-cluster"
          },
          "sensitive_attributes": [],
          "private": "bnVsbA==",
          "dependencies": [
            "data.terraform_remote_state.vpc",
            "module.eks.aws_cloudwatch_log_group.this",
            "module.eks.aws_eks_cluster.this",
            "module.eks.aws_iam_policy.cni_ipv6_policy",
            "module.eks.aws_iam_role.this",
            "module.eks.aws_iam_role_policy_attachment.this",
            "module.eks.aws_security_group.cluster",
            "module.eks.aws_security_group.node",
            "module.eks.aws_security_group_rule.cluster",
            "module.eks.aws_security_group_rule.node",
            "module.eks.data.aws_caller_identity.current",
            "module.eks.data.aws_iam_policy_document.assume_role_policy",
            "module.eks.data.aws_iam_policy_document.cni_ipv6_policy",
            "module.eks.data.aws_iam_session_context.current",
            "module.eks.data.aws_partition.current",
            "module.eks.module.kms.aws_kms_external_key.this",
            "module.eks.module.kms.aws_kms_key.this",
            "module.eks.module.kms.aws_kms_replica_external_key.this",
            "module.eks.module.kms.aws_kms_replica_key.this",
            "module.eks.module.kms.data.aws_caller_identity.current",
            "module.eks.module.kms.data.aws_iam_policy_document.this",
            "module.eks.module.kms.data.aws_partition.current"
          ]
        },
        {
          "index_key": "DevtedsStackName",
          "schema_version": 0,
          "attributes": {
            "id": "sg-00419c4a0853166ea,DevtedsStackName",
            "key": "DevtedsStackName",
            "resource_id": "sg-00419c4a0853166ea",
            "value": "EKS"
          },
          "sensitive_attributes": [],
          "private": "bnVsbA==",
          "dependencies": [
            "data.terraform_remote_state.vpc",
            "module.eks.aws_cloudwatch_log_group.this",
            "module.eks.aws_eks_cluster.this",
            "module.eks.aws_iam_policy.cni_ipv6_policy",
            "module.eks.aws_iam_role.this",
            "module.eks.aws_iam_role_policy_attachment.this",
            "module.eks.aws_security_group.cluster",
            "module.eks.aws_security_group.node",
            "module.eks.aws_security_group_rule.cluster",
            "module.eks.aws_security_group_rule.node",
            "module.eks.data.aws_caller_identity.current",
            "module.eks.data.aws_iam_policy_document.assume_role_policy",
            "module.eks.data.aws_iam_policy_document.cni_ipv6_policy",
            "module.eks.data.aws_iam_session_context.current",
            "module.eks.data.aws_partition.current",
            "module.eks.module.kms.aws_kms_external_key.this",
            "module.eks.module.kms.aws_kms_key.this",
            "module.eks.module.kms.aws_kms_replica_external_key.this",
            "module.eks.module.kms.aws_kms_replica_key.this",
            "module.eks.module.kms.data.aws_caller_identity.current",
            "module.eks.module.kms.data.aws_iam_policy_document.this",
            "module.eks.module.kms.data.aws_partition.current"
          ]
        },
        {
          "index_key": "kubernetes.io/cluster/demo-cluster",
          "schema_version": 0,
          "attributes": {
            "id": "sg-00419c4a0853166ea,kubernetes.io/cluster/demo-cluster",
            "key": "kubernetes.io/cluster/demo-cluster",
            "resource_id": "sg-00419c4a0853166ea",
            "value": "shared"
          },
          "sensitive_attributes": [],
          "private": "bnVsbA==",
          "dependencies": [
            "data.terraform_remote_state.vpc",
            "module.eks.aws_cloudwatch_log_group.this",
            "module.eks.aws_eks_cluster.this",
            "module.eks.aws_iam_policy.cni_ipv6_policy",
            "module.eks.aws_iam_role.this",
            "module.eks.aws_iam_role_policy_attachment.this",
            "module.eks.aws_security_group.cluster",
            "module.eks.aws_security_group.node",
            "module.eks.aws_security_group_rule.cluster",
            "module.eks.aws_security_group_rule.node",
            "module.eks.data.aws_caller_identity.current",
            "module.eks.data.aws_iam_policy_document.assume_role_policy",
            "module.eks.data.aws_iam_policy_document.cni_ipv6_policy",
            "module.eks.data.aws_iam_session_context.current",
            "module.eks.data.aws_partition.current",
            "module.eks.module.kms.aws_kms_external_key.this",
            "module.eks.module.kms.aws_kms_key.this",
            "module.eks.module.kms.aws_kms_replica_external_key.this",
            "module.eks.module.kms.aws_kms_replica_key.this",
            "module.eks.module.kms.data.aws_caller_identity.current",
            "module.eks.module.kms.data.aws_iam_policy_document.this",
            "module.eks.module.kms.data.aws_partition.current"
          ]
        }
      ]
    },
    {
      "module": "module.eks",
      "mode": "managed",
      "type": "aws_eks_access_entry",
      "name": "this",
      "provider": "provider[\"registry.terraform.io/hashicorp/aws\"]",
      "instances": [
        {
          "index_key": "cluster_creator",
          "schema_version": 0,
          "attributes": {
            "access_entry_arn": "arn:aws:eks:us-east-1:132172135366:access-entry/demo-cluster/user/132172135366/k8suser/6cc91e62-b848-ba16-b37b-c4e53d1461b6",
            "cluster_name": "demo-cluster",
            "created_at": "2024-09-29T07:53:45Z",
            "id": "demo-cluster:arn:aws:iam::132172135366:user/k8suser",
            "kubernetes_groups": [],
            "modified_at": "2024-09-29T07:53:45Z",
            "principal_arn": "arn:aws:iam::132172135366:user/k8suser",
            "tags": {
              "DevtedsOrg": "Devteds Courses",
              "DevtedsStack": "demo-cluster",
              "DevtedsStackName": "EKS",
              "kubernetes.io/cluster/demo-cluster": "shared"
            },
            "tags_all": {
              "DevtedsOrg": "Devteds Courses",
              "DevtedsStack": "demo-cluster",
              "DevtedsStackName": "EKS",
              "kubernetes.io/cluster/demo-cluster": "shared"
            },
            "timeouts": null,
            "type": "STANDARD",
            "user_name": "arn:aws:iam::132172135366:user/k8suser"
          },
          "sensitive_attributes": [],
          "private": "eyJlMmJmYjczMC1lY2FhLTExZTYtOGY4OC0zNDM2M2JjN2M0YzAiOnsiY3JlYXRlIjo2MDAwMDAwMDAwMDAsImRlbGV0ZSI6NjAwMDAwMDAwMDAwfX0=",
          "dependencies": [
            "data.terraform_remote_state.vpc",
            "module.eks.aws_cloudwatch_log_group.this",
            "module.eks.aws_eks_cluster.this",
            "module.eks.aws_iam_policy.cni_ipv6_policy",
            "module.eks.aws_iam_role.this",
            "module.eks.aws_iam_role_policy_attachment.this",
            "module.eks.aws_security_group.cluster",
            "module.eks.aws_security_group.node",
            "module.eks.aws_security_group_rule.cluster",
            "module.eks.aws_security_group_rule.node",
            "module.eks.data.aws_caller_identity.current",
            "module.eks.data.aws_iam_policy_document.assume_role_policy",
            "module.eks.data.aws_iam_policy_document.cni_ipv6_policy",
            "module.eks.data.aws_iam_session_context.current",
            "module.eks.data.aws_partition.current",
            "module.eks.module.kms.aws_kms_external_key.this",
            "module.eks.module.kms.aws_kms_key.this",
            "module.eks.module.kms.aws_kms_replica_external_key.this",
            "module.eks.module.kms.aws_kms_replica_key.this",
            "module.eks.module.kms.data.aws_caller_identity.current",
            "module.eks.module.kms.data.aws_iam_policy_document.this",
            "module.eks.module.kms.data.aws_partition.current"
          ]
        }
      ]
    },
    {
      "module": "module.eks",
      "mode": "managed",
      "type": "aws_eks_access_policy_association",
      "name": "this",
      "provider": "provider[\"registry.terraform.io/hashicorp/aws\"]",
      "instances": [
        {
          "index_key": "cluster_creator_admin",
          "schema_version": 0,
          "attributes": {
            "access_scope": [
              {
                "namespaces": null,
                "type": "cluster"
              }
            ],
            "associated_at": "2024-09-29 07:53:46.468 +0000 UTC",
            "cluster_name": "demo-cluster",
            "id": "demo-cluster#arn:aws:iam::132172135366:user/k8suser#arn:aws:eks::aws:cluster-access-policy/AmazonEKSClusterAdminPolicy",
            "modified_at": "2024-09-29 07:53:46.468 +0000 UTC",
            "policy_arn": "arn:aws:eks::aws:cluster-access-policy/AmazonEKSClusterAdminPolicy",
            "principal_arn": "arn:aws:iam::132172135366:user/k8suser",
            "timeouts": null
          },
          "sensitive_attributes": [],
          "private": "eyJlMmJmYjczMC1lY2FhLTExZTYtOGY4OC0zNDM2M2JjN2M0YzAiOnsiY3JlYXRlIjo2MDAwMDAwMDAwMDAsImRlbGV0ZSI6NjAwMDAwMDAwMDAwfX0=",
          "dependencies": [
            "data.terraform_remote_state.vpc",
            "module.eks.aws_cloudwatch_log_group.this",
            "module.eks.aws_eks_access_entry.this",
            "module.eks.aws_eks_cluster.this",
            "module.eks.aws_iam_policy.cni_ipv6_policy",
            "module.eks.aws_iam_role.this",
            "module.eks.aws_iam_role_policy_attachment.this",
            "module.eks.aws_security_group.cluster",
            "module.eks.aws_security_group.node",
            "module.eks.aws_security_group_rule.cluster",
            "module.eks.aws_security_group_rule.node",
            "module.eks.data.aws_caller_identity.current",
            "module.eks.data.aws_iam_policy_document.assume_role_policy",
            "module.eks.data.aws_iam_policy_document.cni_ipv6_policy",
            "module.eks.data.aws_iam_session_context.current",
            "module.eks.data.aws_partition.current",
            "module.eks.module.kms.aws_kms_external_key.this",
            "module.eks.module.kms.aws_kms_key.this",
            "module.eks.module.kms.aws_kms_replica_external_key.this",
            "module.eks.module.kms.aws_kms_replica_key.this",
            "module.eks.module.kms.data.aws_caller_identity.current",
            "module.eks.module.kms.data.aws_iam_policy_document.this",
            "module.eks.module.kms.data.aws_partition.current"
          ]
        }
      ]
    },
    {
      "module": "module.eks",
      "mode": "managed",
      "type": "aws_eks_cluster",
      "name": "this",
      "provider": "provider[\"registry.terraform.io/hashicorp/aws\"]",
      "instances": [
        {
          "index_key": 0,
          "schema_version": 1,
          "attributes": {
            "access_config": [
              {
                "authentication_mode": "API_AND_CONFIG_MAP",
                "bootstrap_cluster_creator_admin_permissions": false
              }
            ],
            "arn": "arn:aws:eks:us-east-1:132172135366:cluster/demo-cluster",
            "bootstrap_self_managed_addons": true,
            "certificate_authority": [
              {
                "data": "LS0tLS1CRUdJTiBDRVJUSUZJQ0FURS0tLS0tCk1JSURCVENDQWUyZ0F3SUJBZ0lJVis5MDEwWGJCd3d3RFFZSktvWklodmNOQVFFTEJRQXdGVEVUTUJFR0ExVUUKQXhNS2EzVmlaWEp1WlhSbGN6QWVGdzB5TkRBNU1qa3dOelF5TlRWYUZ3MHpOREE1TWpjd056UTNOVFZhTUJVeApFekFSQmdOVkJBTVRDbXQxWW1WeWJtVjBaWE13Z2dFaU1BMEdDU3FHU0liM0RRRUJBUVVBQTRJQkR3QXdnZ0VLCkFvSUJBUUMyY2txUFFURm1INEFTcWdYaWhqellyMDExN2ZhN09qUVY4QlFVMGhtbmovQTgzR1pFWkNHSHNQLzAKZnVUZjNic0h3RThQSitIRUVJOHZFUlBFMjFSRWgzMG8zUEVMRllmMDI3bU9pUXpkQjZ5WHhPcVl3V2ZBSG9jMwp1RlpJVVF0ekxaRDdCQkZIMlZhbkVJNGphVlZtMVl4K0JHNmQvV0lhRWdWcERxYmxDNERpRU5tdDdlS0VPTWxGCmdsNWtGYWRLcy9SNG1RUTUvbWRkYmxPV1BBQzJSZHZmSGE0MXJBRTN3QStYK2prOENIekxXQlFwNjRSeHNwM2wKV2dmL2VFMzUwU1RkVVBjaEx0TzdrUDhBRlA0b2ZCRlBLQmhCQzhvSzQrOHNDVGZJRTcycTJ1TUpKdUtBTmFzMQo0dTNVVEJLVE5SeUdjRzZmQTRFT2FyVkdTRmpyQWdNQkFBR2pXVEJYTUE0R0ExVWREd0VCL3dRRUF3SUNwREFQCkJnTlZIUk1CQWY4RUJUQURBUUgvTUIwR0ExVWREZ1FXQkJSZ05WSmZRUnZ2dm1va0lGbE93ZlBrZ21Ua0J6QVYKQmdOVkhSRUVEakFNZ2dwcmRXSmxjbTVsZEdWek1BMEdDU3FHU0liM0RRRUJDd1VBQTRJQkFRQnNlc0JNZ2J3VgpIMHlDM0xPQWROUHJEUEY2eDcwWkZhY0JUZHIwUzRUWVBadzlyNWEvcHpKb0h3Q0xMYTFaSVNTTm5ibzczdnZECmMyMG9jWWdzS0g2YThmV2xjdmUvMWxGa2xBYS9Fbzg2NktIbTZ2ekQ3R2NoREJWYk9Rd012cVQ2aWRjWFoyTWsKbGtQT2pmRjNtam5IVUFmbWJuamdoWWFtK2FGNVpvTStRSUMrcHlJMk1wandrVis2a3FXanI3VDZUN0h0ZDFpRwpDL1lST2d5L1VsWS8rOTFBUGcxTGhCcWQzYWlDMEx6NEV4VGVjZWFNWVo4Q2J6bjFRemZPRmdmcGFqYUtBT1RWCmNEWlZCZllnb015WTJKRE5pa3NPNmNuVWRJR0FRRURLTmZIN2cxZEh5U1hzVmZmWUlBTzFnZGFaZlBIeEJBQlYKRTRRbXV5SnJudzBLCi0tLS0tRU5EIENFUlRJRklDQVRFLS0tLS0K"
              }
            ],
            "cluster_id": null,
            "created_at": "2024-09-29T07:42:59Z",
            "enabled_cluster_log_types": [
              "api",
              "audit",
              "authenticator"
            ],
            "encryption_config": [],
            "endpoint": "https://5CF6985B956A38F23E8C04F41C30894F.yl4.us-east-1.eks.amazonaws.com",
            "id": "demo-cluster",
            "identity": [
              {
                "oidc": [
                  {
                    "issuer": "https://oidc.eks.us-east-1.amazonaws.com/id/5CF6985B956A38F23E8C04F41C30894F"
                  }
                ]
              }
            ],
            "kubernetes_network_config": [
              {
                "ip_family": "ipv4",
                "service_ipv4_cidr": "172.20.0.0/16",
                "service_ipv6_cidr": ""
              }
            ],
            "name": "demo-cluster",
            "outpost_config": [],
            "platform_version": "eks.13",
            "role_arn": "arn:aws:iam::132172135366:role/demo-cluster-cluster-20240929074249513200000003",
            "status": "ACTIVE",
            "tags": {
              "DevtedsOrg": "Devteds Courses",
              "DevtedsStack": "demo-cluster",
              "DevtedsStackName": "EKS",
              "kubernetes.io/cluster/demo-cluster": "shared",
              "terraform-aws-modules": "eks"
            },
            "tags_all": {
              "DevtedsOrg": "Devteds Courses",
              "DevtedsStack": "demo-cluster",
              "DevtedsStackName": "EKS",
              "kubernetes.io/cluster/demo-cluster": "shared",
              "terraform-aws-modules": "eks"
            },
            "timeouts": {
              "create": null,
              "delete": null,
              "update": null
            },
            "upgrade_policy": [
              {
                "support_type": "EXTENDED"
              }
            ],
            "version": "1.29",
            "vpc_config": [
              {
                "cluster_security_group_id": "sg-00419c4a0853166ea",
                "endpoint_private_access": true,
                "endpoint_public_access": true,
                "public_access_cidrs": [
                  "0.0.0.0/0"
                ],
                "security_group_ids": [
                  "sg-00ade3597bf157e66"
                ],
                "subnet_ids": [
                  "subnet-005d0ce5f9a6d0b9e",
                  "subnet-0833f5f865477fc68",
                  "subnet-0ebb12f2d68678876"
                ],
                "vpc_id": "vpc-0fdebb8667789c72d"
              }
            ]
          },
          "sensitive_attributes": [],
          "private": "eyJlMmJmYjczMC1lY2FhLTExZTYtOGY4OC0zNDM2M2JjN2M0YzAiOnsiY3JlYXRlIjoxODAwMDAwMDAwMDAwLCJkZWxldGUiOjkwMDAwMDAwMDAwMCwidXBkYXRlIjozNjAwMDAwMDAwMDAwfSwic2NoZW1hX3ZlcnNpb24iOiIxIn0=",
          "dependencies": [
            "data.terraform_remote_state.vpc",
            "module.eks.aws_cloudwatch_log_group.this",
            "module.eks.aws_iam_policy.cni_ipv6_policy",
            "module.eks.aws_iam_role.this",
            "module.eks.aws_iam_role_policy_attachment.this",
            "module.eks.aws_security_group.cluster",
            "module.eks.aws_security_group.node",
            "module.eks.aws_security_group_rule.cluster",
            "module.eks.aws_security_group_rule.node",
            "module.eks.data.aws_caller_identity.current",
            "module.eks.data.aws_iam_policy_document.assume_role_policy",
            "module.eks.data.aws_iam_policy_document.cni_ipv6_policy",
            "module.eks.data.aws_iam_session_context.current",
            "module.eks.data.aws_partition.current",
            "module.eks.module.kms.aws_kms_external_key.this",
            "module.eks.module.kms.aws_kms_key.this",
            "module.eks.module.kms.aws_kms_replica_external_key.this",
            "module.eks.module.kms.aws_kms_replica_key.this",
            "module.eks.module.kms.data.aws_caller_identity.current",
            "module.eks.module.kms.data.aws_iam_policy_document.this",
            "module.eks.module.kms.data.aws_partition.current"
          ],
          "create_before_destroy": true
        }
      ]
    },
    {
      "module": "module.eks",
      "mode": "managed",
      "type": "aws_iam_openid_connect_provider",
      "name": "oidc_provider",
      "provider": "provider[\"registry.terraform.io/hashicorp/aws\"]",
      "instances": [
        {
          "index_key": 0,
          "schema_version": 0,
          "attributes": {
            "arn": "arn:aws:iam::132172135366:oidc-provider/oidc.eks.us-east-1.amazonaws.com/id/5CF6985B956A38F23E8C04F41C30894F",
            "client_id_list": [
              "sts.amazonaws.com"
            ],
            "id": "arn:aws:iam::132172135366:oidc-provider/oidc.eks.us-east-1.amazonaws.com/id/5CF6985B956A38F23E8C04F41C30894F",
            "tags": {
              "DevtedsOrg": "Devteds Courses",
              "DevtedsStack": "demo-cluster",
              "DevtedsStackName": "EKS",
              "Name": "demo-cluster-eks-irsa",
              "kubernetes.io/cluster/demo-cluster": "shared"
            },
            "tags_all": {
              "DevtedsOrg": "Devteds Courses",
              "DevtedsStack": "demo-cluster",
              "DevtedsStackName": "EKS",
              "Name": "demo-cluster-eks-irsa",
              "kubernetes.io/cluster/demo-cluster": "shared"
            },
            "thumbprint_list": [
              "9e99a48a9960b14926bb7f3b02e22da2b0ab7280"
            ],
            "url": "oidc.eks.us-east-1.amazonaws.com/id/5CF6985B956A38F23E8C04F41C30894F"
          },
          "sensitive_attributes": [],
          "private": "bnVsbA==",
          "dependencies": [
            "data.terraform_remote_state.vpc",
            "module.eks.aws_cloudwatch_log_group.this",
            "module.eks.aws_eks_cluster.this",
            "module.eks.aws_iam_policy.cni_ipv6_policy",
            "module.eks.aws_iam_role.this",
            "module.eks.aws_iam_role_policy_attachment.this",
            "module.eks.aws_security_group.cluster",
            "module.eks.aws_security_group.node",
            "module.eks.aws_security_group_rule.cluster",
            "module.eks.aws_security_group_rule.node",
            "module.eks.data.aws_caller_identity.current",
            "module.eks.data.aws_iam_policy_document.assume_role_policy",
            "module.eks.data.aws_iam_policy_document.cni_ipv6_policy",
            "module.eks.data.aws_iam_session_context.current",
            "module.eks.data.aws_partition.current",
            "module.eks.data.tls_certificate.this",
            "module.eks.module.kms.aws_kms_external_key.this",
            "module.eks.module.kms.aws_kms_key.this",
            "module.eks.module.kms.aws_kms_replica_external_key.this",
            "module.eks.module.kms.aws_kms_replica_key.this",
            "module.eks.module.kms.data.aws_caller_identity.current",
            "module.eks.module.kms.data.aws_iam_policy_document.this",
            "module.eks.module.kms.data.aws_partition.current"
          ]
        }
      ]
    },
    {
      "module": "module.eks",
      "mode": "managed",
      "type": "aws_iam_role",
      "name": "this",
      "provider": "provider[\"registry.terraform.io/hashicorp/aws\"]",
      "instances": [
        {
          "index_key": 0,
          "schema_version": 0,
          "attributes": {
            "arn": "arn:aws:iam::132172135366:role/demo-cluster-cluster-20240929074249513200000003",
            "assume_role_policy": "{\"Statement\":[{\"Action\":\"sts:AssumeRole\",\"Effect\":\"Allow\",\"Principal\":{\"Service\":\"eks.amazonaws.com\"},\"Sid\":\"EKSClusterAssumeRole\"}],\"Version\":\"2012-10-17\"}",
            "create_date": "2024-09-29T07:42:49Z",
            "description": "",
            "force_detach_policies": true,
            "id": "demo-cluster-cluster-20240929074249513200000003",
            "inline_policy": [
              {
                "name": "demo-cluster-cluster",
                "policy": "{\"Version\":\"2012-10-17\",\"Statement\":[{\"Action\":[\"logs:CreateLogGroup\"],\"Effect\":\"Deny\",\"Resource\":\"*\"}]}"
              }
            ],
            "managed_policy_arns": [],
            "max_session_duration": 3600,
            "name": "demo-cluster-cluster-20240929074249513200000003",
            "name_prefix": "demo-cluster-cluster-",
            "path": "/",
            "permissions_boundary": "",
            "tags": {
              "DevtedsOrg": "Devteds Courses",
              "DevtedsStack": "demo-cluster",
              "DevtedsStackName": "EKS",
              "kubernetes.io/cluster/demo-cluster": "shared"
            },
            "tags_all": {
              "DevtedsOrg": "Devteds Courses",
              "DevtedsStack": "demo-cluster",
              "DevtedsStackName": "EKS",
              "kubernetes.io/cluster/demo-cluster": "shared"
            },
            "unique_id": "AROAR5RQSXPDGMMNDBFY5"
          },
          "sensitive_attributes": [],
          "private": "bnVsbA==",
          "dependencies": [
            "module.eks.data.aws_iam_policy_document.assume_role_policy"
          ],
          "create_before_destroy": true
        }
      ]
    },
    {
      "module": "module.eks",
      "mode": "managed",
      "type": "aws_iam_role_policy_attachment",
      "name": "this",
      "provider": "provider[\"registry.terraform.io/hashicorp/aws\"]",
      "instances": [
        {
          "index_key": "AmazonEKSClusterPolicy",
          "schema_version": 0,
          "attributes": {
            "id": "demo-cluster-cluster-20240929074249513200000003-20240929074250332900000009",
            "policy_arn": "arn:aws:iam::aws:policy/AmazonEKSClusterPolicy",
            "role": "demo-cluster-cluster-20240929074249513200000003"
          },
          "sensitive_attributes": [],
          "private": "bnVsbA==",
          "dependencies": [
            "module.eks.aws_iam_role.this",
            "module.eks.data.aws_iam_policy_document.assume_role_policy",
            "module.eks.data.aws_partition.current"
          ],
          "create_before_destroy": true
        },
        {
          "index_key": "AmazonEKSVPCResourceController",
          "schema_version": 0,
          "attributes": {
            "id": "demo-cluster-cluster-20240929074249513200000003-20240929074250332900000008",
            "policy_arn": "arn:aws:iam::aws:policy/AmazonEKSVPCResourceController",
            "role": "demo-cluster-cluster-20240929074249513200000003"
          },
          "sensitive_attributes": [],
          "private": "bnVsbA==",
          "dependencies": [
            "module.eks.aws_iam_role.this",
            "module.eks.data.aws_iam_policy_document.assume_role_policy",
            "module.eks.data.aws_partition.current"
          ],
          "create_before_destroy": true
        }
      ]
    },
    {
      "module": "module.eks",
      "mode": "managed",
      "type": "aws_security_group",
      "name": "cluster",
      "provider": "provider[\"registry.terraform.io/hashicorp/aws\"]",
      "instances": [
        {
          "index_key": 0,
          "schema_version": 1,
          "attributes": {
            "arn": "arn:aws:ec2:us-east-1:132172135366:security-group/sg-00ade3597bf157e66",
            "description": "EKS cluster security group",
            "egress": [],
            "id": "sg-00ade3597bf157e66",
            "ingress": [],
            "name": "demo-cluster-cluster-20240929074249504700000002",
            "name_prefix": "demo-cluster-cluster-",
            "owner_id": "132172135366",
            "revoke_rules_on_delete": false,
            "tags": {
              "DevtedsOrg": "Devteds Courses",
              "DevtedsStack": "demo-cluster",
              "DevtedsStackName": "EKS",
              "Name": "demo-cluster-cluster",
              "kubernetes.io/cluster/demo-cluster": "shared"
            },
            "tags_all": {
              "DevtedsOrg": "Devteds Courses",
              "DevtedsStack": "demo-cluster",
              "DevtedsStackName": "EKS",
              "Name": "demo-cluster-cluster",
              "kubernetes.io/cluster/demo-cluster": "shared"
            },
            "timeouts": null,
            "vpc_id": "vpc-0fdebb8667789c72d"
          },
          "sensitive_attributes": [],
          "private": "eyJlMmJmYjczMC1lY2FhLTExZTYtOGY4OC0zNDM2M2JjN2M0YzAiOnsiY3JlYXRlIjo2MDAwMDAwMDAwMDAsImRlbGV0ZSI6OTAwMDAwMDAwMDAwfSwic2NoZW1hX3ZlcnNpb24iOiIxIn0=",
          "dependencies": [
            "data.terraform_remote_state.vpc"
          ],
          "create_before_destroy": true
        }
      ]
    },
    {
      "module": "module.eks",
      "mode": "managed",
      "type": "aws_security_group",
      "name": "node",
      "provider": "provider[\"registry.terraform.io/hashicorp/aws\"]",
      "instances": [
        {
          "index_key": 0,
          "schema_version": 1,
          "attributes": {
            "arn": "arn:aws:ec2:us-east-1:132172135366:security-group/sg-0358cbd40b4fdd8a4",
            "description": "EKS node shared security group",
            "egress": [],
            "id": "sg-0358cbd40b4fdd8a4",
            "ingress": [],
            "name": "demo-cluster-node-20240929074249519900000005",
            "name_prefix": "demo-cluster-node-",
            "owner_id": "132172135366",
            "revoke_rules_on_delete": false,
            "tags": {
              "DevtedsOrg": "Devteds Courses",
              "DevtedsStack": "demo-cluster",
              "DevtedsStackName": "EKS",
              "Name": "demo-cluster-node",
              "kubernetes.io/cluster/demo-cluster": "owned"
            },
            "tags_all": {
              "DevtedsOrg": "Devteds Courses",
              "DevtedsStack": "demo-cluster",
              "DevtedsStackName": "EKS",
              "Name": "demo-cluster-node",
              "kubernetes.io/cluster/demo-cluster": "owned"
            },
            "timeouts": null,
            "vpc_id": "vpc-0fdebb8667789c72d"
          },
          "sensitive_attributes": [],
          "private": "eyJlMmJmYjczMC1lY2FhLTExZTYtOGY4OC0zNDM2M2JjN2M0YzAiOnsiY3JlYXRlIjo2MDAwMDAwMDAwMDAsImRlbGV0ZSI6OTAwMDAwMDAwMDAwfSwic2NoZW1hX3ZlcnNpb24iOiIxIn0=",
          "dependencies": [
            "data.terraform_remote_state.vpc"
          ],
          "create_before_destroy": true
        }
      ]
    },
    {
      "module": "module.eks",
      "mode": "managed",
      "type": "aws_security_group_rule",
      "name": "cluster",
      "provider": "provider[\"registry.terraform.io/hashicorp/aws\"]",
      "instances": [
        {
          "index_key": "ingress_nodes_443",
          "schema_version": 2,
          "attributes": {
            "cidr_blocks": null,
            "description": "Node groups to cluster API",
            "from_port": 443,
            "id": "sgrule-3033335571",
            "ipv6_cidr_blocks": null,
            "prefix_list_ids": null,
            "protocol": "tcp",
            "security_group_id": "sg-00ade3597bf157e66",
            "security_group_rule_id": "sgr-0d730553c48220402",
            "self": false,
            "source_security_group_id": "sg-0358cbd40b4fdd8a4",
            "timeouts": null,
            "to_port": 443,
            "type": "ingress"
          },
          "sensitive_attributes": [],
          "private": "eyJlMmJmYjczMC1lY2FhLTExZTYtOGY4OC0zNDM2M2JjN2M0YzAiOnsiY3JlYXRlIjozMDAwMDAwMDAwMDB9LCJzY2hlbWFfdmVyc2lvbiI6IjIifQ==",
          "dependencies": [
            "data.terraform_remote_state.vpc",
            "module.eks.aws_security_group.cluster",
            "module.eks.aws_security_group.node"
          ],
          "create_before_destroy": true
        }
      ]
    },
    {
      "module": "module.eks",
      "mode": "managed",
      "type": "aws_security_group_rule",
      "name": "node",
      "provider": "provider[\"registry.terraform.io/hashicorp/aws\"]",
      "instances": [
        {
          "index_key": "egress_all",
          "schema_version": 2,
          "attributes": {
            "cidr_blocks": [
              "0.0.0.0/0"
            ],
            "description": "Allow all egress",
            "from_port": 0,
            "id": "sgrule-4114704575",
            "ipv6_cidr_blocks": null,
            "prefix_list_ids": [],
            "protocol": "-1",
            "security_group_id": "sg-0358cbd40b4fdd8a4",
            "security_group_rule_id": "sgr-008c56401e06b2c4f",
            "self": false,
            "source_security_group_id": null,
            "timeouts": null,
            "to_port": 0,
            "type": "egress"
          },
          "sensitive_attributes": [],
          "private": "eyJlMmJmYjczMC1lY2FhLTExZTYtOGY4OC0zNDM2M2JjN2M0YzAiOnsiY3JlYXRlIjozMDAwMDAwMDAwMDB9LCJzY2hlbWFfdmVyc2lvbiI6IjIifQ==",
          "dependencies": [
            "data.terraform_remote_state.vpc",
            "module.eks.aws_security_group.cluster",
            "module.eks.aws_security_group.node"
          ],
          "create_before_destroy": true
        },
        {
          "index_key": "ingress_cluster_443",
          "schema_version": 2,
          "attributes": {
            "cidr_blocks": null,
            "description": "Cluster API to node groups",
            "from_port": 443,
            "id": "sgrule-1225860615",
            "ipv6_cidr_blocks": null,
            "prefix_list_ids": [],
            "protocol": "tcp",
            "security_group_id": "sg-0358cbd40b4fdd8a4",
            "security_group_rule_id": "sgr-0b4e15c35843bc3b5",
            "self": false,
            "source_security_group_id": "sg-00ade3597bf157e66",
            "timeouts": null,
            "to_port": 443,
            "type": "ingress"
          },
          "sensitive_attributes": [],
          "private": "eyJlMmJmYjczMC1lY2FhLTExZTYtOGY4OC0zNDM2M2JjN2M0YzAiOnsiY3JlYXRlIjozMDAwMDAwMDAwMDB9LCJzY2hlbWFfdmVyc2lvbiI6IjIifQ==",
          "dependencies": [
            "data.terraform_remote_state.vpc",
            "module.eks.aws_security_group.cluster",
            "module.eks.aws_security_group.node"
          ],
          "create_before_destroy": true
        },
        {
          "index_key": "ingress_cluster_4443_webhook",
          "schema_version": 2,
          "attributes": {
            "cidr_blocks": null,
            "description": "Cluster API to node 4443/tcp webhook",
            "from_port": 4443,
            "id": "sgrule-426487622",
            "ipv6_cidr_blocks": null,
            "prefix_list_ids": [],
            "protocol": "tcp",
            "security_group_id": "sg-0358cbd40b4fdd8a4",
            "security_group_rule_id": "sgr-0eb56d6ea52b1602c",
            "self": false,
            "source_security_group_id": "sg-00ade3597bf157e66",
            "timeouts": null,
            "to_port": 4443,
            "type": "ingress"
          },
          "sensitive_attributes": [],
          "private": "eyJlMmJmYjczMC1lY2FhLTExZTYtOGY4OC0zNDM2M2JjN2M0YzAiOnsiY3JlYXRlIjozMDAwMDAwMDAwMDB9LCJzY2hlbWFfdmVyc2lvbiI6IjIifQ==",
          "dependencies": [
            "data.terraform_remote_state.vpc",
            "module.eks.aws_security_group.cluster",
            "module.eks.aws_security_group.node"
          ],
          "create_before_destroy": true
        },
        {
          "index_key": "ingress_cluster_6443_webhook",
          "schema_version": 2,
          "attributes": {
            "cidr_blocks": null,
            "description": "Cluster API to node 6443/tcp webhook",
            "from_port": 6443,
            "id": "sgrule-3492399312",
            "ipv6_cidr_blocks": null,
            "prefix_list_ids": [],
            "protocol": "tcp",
            "security_group_id": "sg-0358cbd40b4fdd8a4",
            "security_group_rule_id": "sgr-0fd85afd0b6746050",
            "self": false,
            "source_security_group_id": "sg-00ade3597bf157e66",
            "timeouts": null,
            "to_port": 6443,
            "type": "ingress"
          },
          "sensitive_attributes": [],
          "private": "eyJlMmJmYjczMC1lY2FhLTExZTYtOGY4OC0zNDM2M2JjN2M0YzAiOnsiY3JlYXRlIjozMDAwMDAwMDAwMDB9LCJzY2hlbWFfdmVyc2lvbiI6IjIifQ==",
          "dependencies": [
            "data.terraform_remote_state.vpc",
            "module.eks.aws_security_group.cluster",
            "module.eks.aws_security_group.node"
          ],
          "create_before_destroy": true
        },
        {
          "index_key": "ingress_cluster_8443_webhook",
          "schema_version": 2,
          "attributes": {
            "cidr_blocks": null,
            "description": "Cluster API to node 8443/tcp webhook",
            "from_port": 8443,
            "id": "sgrule-3279287537",
            "ipv6_cidr_blocks": null,
            "prefix_list_ids": [],
            "protocol": "tcp",
            "security_group_id": "sg-0358cbd40b4fdd8a4",
            "security_group_rule_id": "sgr-03c734b1072fd8fd1",
            "self": false,
            "source_security_group_id": "sg-00ade3597bf157e66",
            "timeouts": null,
            "to_port": 8443,
            "type": "ingress"
          },
          "sensitive_attributes": [],
          "private": "eyJlMmJmYjczMC1lY2FhLTExZTYtOGY4OC0zNDM2M2JjN2M0YzAiOnsiY3JlYXRlIjozMDAwMDAwMDAwMDB9LCJzY2hlbWFfdmVyc2lvbiI6IjIifQ==",
          "dependencies": [
            "data.terraform_remote_state.vpc",
            "module.eks.aws_security_group.cluster",
            "module.eks.aws_security_group.node"
          ],
          "create_before_destroy": true
        },
        {
          "index_key": "ingress_cluster_9443_webhook",
          "schema_version": 2,
          "attributes": {
            "cidr_blocks": null,
            "description": "Cluster API to node 9443/tcp webhook",
            "from_port": 9443,
            "id": "sgrule-2815739706",
            "ipv6_cidr_blocks": null,
            "prefix_list_ids": [],
            "protocol": "tcp",
            "security_group_id": "sg-0358cbd40b4fdd8a4",
            "security_group_rule_id": "sgr-0682860d35bd85665",
            "self": false,
            "source_security_group_id": "sg-00ade3597bf157e66",
            "timeouts": null,
            "to_port": 9443,
            "type": "ingress"
          },
          "sensitive_attributes": [],
          "private": "eyJlMmJmYjczMC1lY2FhLTExZTYtOGY4OC0zNDM2M2JjN2M0YzAiOnsiY3JlYXRlIjozMDAwMDAwMDAwMDB9LCJzY2hlbWFfdmVyc2lvbiI6IjIifQ==",
          "dependencies": [
            "data.terraform_remote_state.vpc",
            "module.eks.aws_security_group.cluster",
            "module.eks.aws_security_group.node"
          ],
          "create_before_destroy": true
        },
        {
          "index_key": "ingress_cluster_kubelet",
          "schema_version": 2,
          "attributes": {
            "cidr_blocks": null,
            "description": "Cluster API to node kubelets",
            "from_port": 10250,
            "id": "sgrule-3742068082",
            "ipv6_cidr_blocks": null,
            "prefix_list_ids": [],
            "protocol": "tcp",
            "security_group_id": "sg-0358cbd40b4fdd8a4",
            "security_group_rule_id": "sgr-08c392ac51e94cd07",
            "self": false,
            "source_security_group_id": "sg-00ade3597bf157e66",
            "timeouts": null,
            "to_port": 10250,
            "type": "ingress"
          },
          "sensitive_attributes": [],
          "private": "eyJlMmJmYjczMC1lY2FhLTExZTYtOGY4OC0zNDM2M2JjN2M0YzAiOnsiY3JlYXRlIjozMDAwMDAwMDAwMDB9LCJzY2hlbWFfdmVyc2lvbiI6IjIifQ==",
          "dependencies": [
            "data.terraform_remote_state.vpc",
            "module.eks.aws_security_group.cluster",
            "module.eks.aws_security_group.node"
          ],
          "create_before_destroy": true
        },
        {
          "index_key": "ingress_nodes_ephemeral",
          "schema_version": 2,
          "attributes": {
            "cidr_blocks": null,
            "description": "Node to node ingress on ephemeral ports",
            "from_port": 1025,
            "id": "sgrule-228863991",
            "ipv6_cidr_blocks": null,
            "prefix_list_ids": [],
            "protocol": "tcp",
            "security_group_id": "sg-0358cbd40b4fdd8a4",
            "security_group_rule_id": "sgr-059bd6ed0cac33e2f",
            "self": true,
            "source_security_group_id": null,
            "timeouts": null,
            "to_port": 65535,
            "type": "ingress"
          },
          "sensitive_attributes": [],
          "private": "eyJlMmJmYjczMC1lY2FhLTExZTYtOGY4OC0zNDM2M2JjN2M0YzAiOnsiY3JlYXRlIjozMDAwMDAwMDAwMDB9LCJzY2hlbWFfdmVyc2lvbiI6IjIifQ==",
          "dependencies": [
            "data.terraform_remote_state.vpc",
            "module.eks.aws_security_group.cluster",
            "module.eks.aws_security_group.node"
          ],
          "create_before_destroy": true
        },
        {
          "index_key": "ingress_self_coredns_tcp",
          "schema_version": 2,
          "attributes": {
            "cidr_blocks": null,
            "description": "Node to node CoreDNS",
            "from_port": 53,
            "id": "sgrule-2626193906",
            "ipv6_cidr_blocks": null,
            "prefix_list_ids": [],
            "protocol": "tcp",
            "security_group_id": "sg-0358cbd40b4fdd8a4",
            "security_group_rule_id": "sgr-08104a9d8242ddb11",
            "self": true,
            "source_security_group_id": null,
            "timeouts": null,
            "to_port": 53,
            "type": "ingress"
          },
          "sensitive_attributes": [],
          "private": "eyJlMmJmYjczMC1lY2FhLTExZTYtOGY4OC0zNDM2M2JjN2M0YzAiOnsiY3JlYXRlIjozMDAwMDAwMDAwMDB9LCJzY2hlbWFfdmVyc2lvbiI6IjIifQ==",
          "dependencies": [
            "data.terraform_remote_state.vpc",
            "module.eks.aws_security_group.cluster",
            "module.eks.aws_security_group.node"
          ],
          "create_before_destroy": true
        },
        {
          "index_key": "ingress_self_coredns_udp",
          "schema_version": 2,
          "attributes": {
            "cidr_blocks": null,
            "description": "Node to node CoreDNS UDP",
            "from_port": 53,
            "id": "sgrule-953625117",
            "ipv6_cidr_blocks": null,
            "prefix_list_ids": [],
            "protocol": "udp",
            "security_group_id": "sg-0358cbd40b4fdd8a4",
            "security_group_rule_id": "sgr-0a0b3060fe0d965aa",
            "self": true,
            "source_security_group_id": null,
            "timeouts": null,
            "to_port": 53,
            "type": "ingress"
          },
          "sensitive_attributes": [],
          "private": "eyJlMmJmYjczMC1lY2FhLTExZTYtOGY4OC0zNDM2M2JjN2M0YzAiOnsiY3JlYXRlIjozMDAwMDAwMDAwMDB9LCJzY2hlbWFfdmVyc2lvbiI6IjIifQ==",
          "dependencies": [
            "data.terraform_remote_state.vpc",
            "module.eks.aws_security_group.cluster",
            "module.eks.aws_security_group.node"
          ],
          "create_before_destroy": true
        }
      ]
    },
    {
      "module": "module.eks",
      "mode": "managed",
      "type": "time_sleep",
      "name": "this",
      "provider": "provider[\"registry.terraform.io/hashicorp/time\"]",
      "instances": [
        {
          "index_key": 0,
          "schema_version": 0,
          "attributes": {
            "create_duration": "30s",
            "destroy_duration": null,
            "id": "2024-09-29T07:54:15Z",
            "triggers": {
              "cluster_certificate_authority_data": "LS0tLS1CRUdJTiBDRVJUSUZJQ0FURS0tLS0tCk1JSURCVENDQWUyZ0F3SUJBZ0lJVis5MDEwWGJCd3d3RFFZSktvWklodmNOQVFFTEJRQXdGVEVUTUJFR0ExVUUKQXhNS2EzVmlaWEp1WlhSbGN6QWVGdzB5TkRBNU1qa3dOelF5TlRWYUZ3MHpOREE1TWpjd056UTNOVFZhTUJVeApFekFSQmdOVkJBTVRDbXQxWW1WeWJtVjBaWE13Z2dFaU1BMEdDU3FHU0liM0RRRUJBUVVBQTRJQkR3QXdnZ0VLCkFvSUJBUUMyY2txUFFURm1INEFTcWdYaWhqellyMDExN2ZhN09qUVY4QlFVMGhtbmovQTgzR1pFWkNHSHNQLzAKZnVUZjNic0h3RThQSitIRUVJOHZFUlBFMjFSRWgzMG8zUEVMRllmMDI3bU9pUXpkQjZ5WHhPcVl3V2ZBSG9jMwp1RlpJVVF0ekxaRDdCQkZIMlZhbkVJNGphVlZtMVl4K0JHNmQvV0lhRWdWcERxYmxDNERpRU5tdDdlS0VPTWxGCmdsNWtGYWRLcy9SNG1RUTUvbWRkYmxPV1BBQzJSZHZmSGE0MXJBRTN3QStYK2prOENIekxXQlFwNjRSeHNwM2wKV2dmL2VFMzUwU1RkVVBjaEx0TzdrUDhBRlA0b2ZCRlBLQmhCQzhvSzQrOHNDVGZJRTcycTJ1TUpKdUtBTmFzMQo0dTNVVEJLVE5SeUdjRzZmQTRFT2FyVkdTRmpyQWdNQkFBR2pXVEJYTUE0R0ExVWREd0VCL3dRRUF3SUNwREFQCkJnTlZIUk1CQWY4RUJUQURBUUgvTUIwR0ExVWREZ1FXQkJSZ05WSmZRUnZ2dm1va0lGbE93ZlBrZ21Ua0J6QVYKQmdOVkhSRUVEakFNZ2dwcmRXSmxjbTVsZEdWek1BMEdDU3FHU0liM0RRRUJDd1VBQTRJQkFRQnNlc0JNZ2J3VgpIMHlDM0xPQWROUHJEUEY2eDcwWkZhY0JUZHIwUzRUWVBadzlyNWEvcHpKb0h3Q0xMYTFaSVNTTm5ibzczdnZECmMyMG9jWWdzS0g2YThmV2xjdmUvMWxGa2xBYS9Fbzg2NktIbTZ2ekQ3R2NoREJWYk9Rd012cVQ2aWRjWFoyTWsKbGtQT2pmRjNtam5IVUFmbWJuamdoWWFtK2FGNVpvTStRSUMrcHlJMk1wandrVis2a3FXanI3VDZUN0h0ZDFpRwpDL1lST2d5L1VsWS8rOTFBUGcxTGhCcWQzYWlDMEx6NEV4VGVjZWFNWVo4Q2J6bjFRemZPRmdmcGFqYUtBT1RWCmNEWlZCZllnb015WTJKRE5pa3NPNmNuVWRJR0FRRURLTmZIN2cxZEh5U1hzVmZmWUlBTzFnZGFaZlBIeEJBQlYKRTRRbXV5SnJudzBLCi0tLS0tRU5EIENFUlRJRklDQVRFLS0tLS0K",
              "cluster_endpoint": "https://5CF6985B956A38F23E8C04F41C30894F.yl4.us-east-1.eks.amazonaws.com",
              "cluster_name": "demo-cluster",
              "cluster_service_cidr": "172.20.0.0/16",
              "cluster_version": "1.29"
            }
          },
          "sensitive_attributes": [],
          "dependencies": [
            "data.terraform_remote_state.vpc",
            "module.eks.aws_cloudwatch_log_group.this",
            "module.eks.aws_eks_cluster.this",
            "module.eks.aws_iam_policy.cni_ipv6_policy",
            "module.eks.aws_iam_role.this",
            "module.eks.aws_iam_role_policy_attachment.this",
            "module.eks.aws_security_group.cluster",
            "module.eks.aws_security_group.node",
            "module.eks.aws_security_group_rule.cluster",
            "module.eks.aws_security_group_rule.node",
            "module.eks.data.aws_caller_identity.current",
            "module.eks.data.aws_iam_policy_document.assume_role_policy",
            "module.eks.data.aws_iam_policy_document.cni_ipv6_policy",
            "module.eks.data.aws_iam_session_context.current",
            "module.eks.data.aws_partition.current",
            "module.eks.module.kms.aws_kms_external_key.this",
            "module.eks.module.kms.aws_kms_key.this",
            "module.eks.module.kms.aws_kms_replica_external_key.this",
            "module.eks.module.kms.aws_kms_replica_key.this",
            "module.eks.module.kms.data.aws_caller_identity.current",
            "module.eks.module.kms.data.aws_iam_policy_document.this",
            "module.eks.module.kms.data.aws_partition.current"
          ],
          "create_before_destroy": true
        }
      ]
    },
    {
      "module": "module.eks.module.eks_managed_node_group[\"default_node_group\"]",
      "mode": "data",
      "type": "aws_caller_identity",
      "name": "current",
      "provider": "provider[\"registry.terraform.io/hashicorp/aws\"]",
      "instances": [
        {
          "schema_version": 0,
          "attributes": {
            "account_id": "132172135366",
            "arn": "arn:aws:iam::132172135366:user/k8suser",
            "id": "132172135366",
            "user_id": "AIDAR5RQSXPDLVB5NXR7O"
          },
          "sensitive_attributes": []
        }
      ]
    },
    {
      "module": "module.eks.module.eks_managed_node_group[\"default_node_group\"]",
      "mode": "data",
      "type": "aws_iam_policy_document",
      "name": "assume_role_policy",
      "provider": "provider[\"registry.terraform.io/hashicorp/aws\"]",
      "instances": [
        {
          "index_key": 0,
          "schema_version": 0,
          "attributes": {
            "id": "2560088296",
            "json": "{\n  \"Version\": \"2012-10-17\",\n  \"Statement\": [\n    {\n      \"Sid\": \"EKSNodeAssumeRole\",\n      \"Effect\": \"Allow\",\n      \"Action\": \"sts:AssumeRole\",\n      \"Principal\": {\n        \"Service\": \"ec2.amazonaws.com\"\n      }\n    }\n  ]\n}",
            "minified_json": "{\"Version\":\"2012-10-17\",\"Statement\":[{\"Sid\":\"EKSNodeAssumeRole\",\"Effect\":\"Allow\",\"Action\":\"sts:AssumeRole\",\"Principal\":{\"Service\":\"ec2.amazonaws.com\"}}]}",
            "override_json": null,
            "override_policy_documents": null,
            "policy_id": null,
            "source_json": null,
            "source_policy_documents": null,
            "statement": [
              {
                "actions": [
                  "sts:AssumeRole"
                ],
                "condition": [],
                "effect": "Allow",
                "not_actions": [],
                "not_principals": [],
                "not_resources": [],
                "principals": [
                  {
                    "identifiers": [
                      "ec2.amazonaws.com"
                    ],
                    "type": "Service"
                  }
                ],
                "resources": [],
                "sid": "EKSNodeAssumeRole"
              }
            ],
            "version": "2012-10-17"
          },
          "sensitive_attributes": []
        }
      ]
    },
    {
      "module": "module.eks.module.eks_managed_node_group[\"default_node_group\"]",
      "mode": "data",
      "type": "aws_partition",
      "name": "current",
      "provider": "provider[\"registry.terraform.io/hashicorp/aws\"]",
      "instances": [
        {
          "schema_version": 0,
          "attributes": {
            "dns_suffix": "amazonaws.com",
            "id": "aws",
            "partition": "aws",
            "reverse_dns_prefix": "com.amazonaws"
          },
          "sensitive_attributes": []
        }
      ]
    },
    {
      "module": "module.eks.module.eks_managed_node_group[\"default_node_group\"]",
      "mode": "managed",
      "type": "aws_eks_node_group",
      "name": "this",
      "provider": "provider[\"registry.terraform.io/hashicorp/aws\"]",
      "instances": [
        {
          "index_key": 0,
          "schema_version": 0,
          "attributes": {
            "ami_type": "AL2_x86_64",
            "arn": "arn:aws:eks:us-east-1:132172135366:nodegroup/demo-cluster/default_node_group-2024092907541516960000000c/6cc91e62-f310-1c23-262b-03c8476f5109",
            "capacity_type": "ON_DEMAND",
            "cluster_name": "demo-cluster",
            "disk_size": 50,
            "force_update_version": null,
            "id": "demo-cluster:default_node_group-2024092907541516960000000c",
            "instance_types": [
              "m5.large"
            ],
            "labels": null,
            "launch_template": [],
            "node_group_name": "default_node_group-2024092907541516960000000c",
            "node_group_name_prefix": "default_node_group-",
            "node_role_arn": "arn:aws:iam::132172135366:role/default_node_group-eks-node-group-20240929074249503700000001",
            "release_version": "1.29.8-20240924",
            "remote_access": [],
            "resources": [
              {
                "autoscaling_groups": [
                  {
                    "name": "eks-default_node_group-2024092907541516960000000c-6cc91e62-f310-1c23-262b-03c8476f5109"
                  }
                ],
                "remote_access_security_group_id": ""
              }
            ],
            "scaling_config": [
              {
                "desired_size": 2,
                "max_size": 3,
                "min_size": 1
              }
            ],
            "status": "ACTIVE",
            "subnet_ids": [
              "subnet-0338f16ae0b1bbc30",
              "subnet-069d4e2284f102987",
              "subnet-0a19e44c06f52a69c"
            ],
            "tags": {
              "DevtedsOrg": "Devteds Courses",
              "DevtedsStack": "demo-cluster",
              "DevtedsStackName": "EKS",
              "Name": "default_node_group",
              "kubernetes.io/cluster/demo-cluster": "shared"
            },
            "tags_all": {
              "DevtedsOrg": "Devteds Courses",
              "DevtedsStack": "demo-cluster",
              "DevtedsStackName": "EKS",
              "Name": "default_node_group",
              "kubernetes.io/cluster/demo-cluster": "shared"
            },
            "taint": [],
            "timeouts": {
              "create": null,
              "delete": null,
              "update": null
            },
            "update_config": [
              {
                "max_unavailable": 0,
                "max_unavailable_percentage": 33
              }
            ],
            "version": "1.29"
          },
          "sensitive_attributes": [],
          "private": "eyJlMmJmYjczMC1lY2FhLTExZTYtOGY4OC0zNDM2M2JjN2M0YzAiOnsiY3JlYXRlIjozNjAwMDAwMDAwMDAwLCJkZWxldGUiOjM2MDAwMDAwMDAwMDAsInVwZGF0ZSI6MzYwMDAwMDAwMDAwMH19",
          "dependencies": [
            "data.terraform_remote_state.vpc",
            "module.eks.aws_cloudwatch_log_group.this",
            "module.eks.aws_eks_cluster.this",
            "module.eks.aws_iam_policy.cni_ipv6_policy",
            "module.eks.aws_iam_role.this",
            "module.eks.aws_iam_role_policy_attachment.this",
            "module.eks.aws_security_group.cluster",
            "module.eks.aws_security_group.node",
            "module.eks.aws_security_group_rule.cluster",
            "module.eks.aws_security_group_rule.node",
            "module.eks.data.aws_caller_identity.current",
            "module.eks.data.aws_iam_policy_document.assume_role_policy",
            "module.eks.data.aws_iam_policy_document.cni_ipv6_policy",
            "module.eks.data.aws_iam_session_context.current",
            "module.eks.data.aws_partition.current",
            "module.eks.module.eks_managed_node_group.aws_iam_role.this",
            "module.eks.module.eks_managed_node_group.aws_iam_role_policy_attachment.this",
            "module.eks.module.eks_managed_node_group.aws_launch_template.this",
            "module.eks.module.eks_managed_node_group.aws_placement_group.this",
            "module.eks.module.eks_managed_node_group.data.aws_caller_identity.current",
            "module.eks.module.eks_managed_node_group.data.aws_ec2_instance_type.this",
            "module.eks.module.eks_managed_node_group.data.aws_ec2_instance_type_offerings.this",
            "module.eks.module.eks_managed_node_group.data.aws_iam_policy_document.assume_role_policy",
            "module.eks.module.eks_managed_node_group.data.aws_partition.current",
            "module.eks.module.eks_managed_node_group.data.aws_ssm_parameter.ami",
            "module.eks.module.eks_managed_node_group.data.aws_subnets.efa",
            "module.eks.module.eks_managed_node_group.module.user_data.data.cloudinit_config.al2023_eks_managed_node_group",
            "module.eks.module.eks_managed_node_group.module.user_data.data.cloudinit_config.linux_eks_managed_node_group",
            "module.eks.module.kms.aws_kms_external_key.this",
            "module.eks.module.kms.aws_kms_key.this",
            "module.eks.module.kms.aws_kms_replica_external_key.this",
            "module.eks.module.kms.aws_kms_replica_key.this",
            "module.eks.module.kms.data.aws_caller_identity.current",
            "module.eks.module.kms.data.aws_iam_policy_document.this",
            "module.eks.module.kms.data.aws_partition.current",
            "module.eks.time_sleep.this"
          ],
          "create_before_destroy": true
        }
      ]
    },
    {
      "module": "module.eks.module.eks_managed_node_group[\"default_node_group\"]",
      "mode": "managed",
      "type": "aws_iam_role",
      "name": "this",
      "provider": "provider[\"registry.terraform.io/hashicorp/aws\"]",
      "instances": [
        {
          "index_key": 0,
          "schema_version": 0,
          "attributes": {
            "arn": "arn:aws:iam::132172135366:role/default_node_group-eks-node-group-20240929074249503700000001",
            "assume_role_policy": "{\"Statement\":[{\"Action\":\"sts:AssumeRole\",\"Effect\":\"Allow\",\"Principal\":{\"Service\":\"ec2.amazonaws.com\"},\"Sid\":\"EKSNodeAssumeRole\"}],\"Version\":\"2012-10-17\"}",
            "create_date": "2024-09-29T07:42:49Z",
            "description": "EKS managed node group IAM role",
            "force_detach_policies": true,
            "id": "default_node_group-eks-node-group-20240929074249503700000001",
            "inline_policy": [],
            "managed_policy_arns": [],
            "max_session_duration": 3600,
            "name": "default_node_group-eks-node-group-20240929074249503700000001",
            "name_prefix": "default_node_group-eks-node-group-",
            "path": "/",
            "permissions_boundary": "",
            "tags": {
              "DevtedsOrg": "Devteds Courses",
              "DevtedsStack": "demo-cluster",
              "DevtedsStackName": "EKS",
              "kubernetes.io/cluster/demo-cluster": "shared"
            },
            "tags_all": {
              "DevtedsOrg": "Devteds Courses",
              "DevtedsStack": "demo-cluster",
              "DevtedsStackName": "EKS",
              "kubernetes.io/cluster/demo-cluster": "shared"
            },
            "unique_id": "AROAR5RQSXPDL6YRVLKQ7"
          },
          "sensitive_attributes": [],
          "private": "bnVsbA==",
          "dependencies": [
            "module.eks.module.eks_managed_node_group.data.aws_iam_policy_document.assume_role_policy"
          ],
          "create_before_destroy": true
        }
      ]
    },
    {
      "module": "module.eks.module.eks_managed_node_group[\"default_node_group\"]",
      "mode": "managed",
      "type": "aws_iam_role_policy_attachment",
      "name": "this",
      "provider": "provider[\"registry.terraform.io/hashicorp/aws\"]",
      "instances": [
        {
          "index_key": "AmazonEC2ContainerRegistryReadOnly",
          "schema_version": 0,
          "attributes": {
            "id": "default_node_group-eks-node-group-20240929074249503700000001-2024092907425033370000000a",
            "policy_arn": "arn:aws:iam::aws:policy/AmazonEC2ContainerRegistryReadOnly",
            "role": "default_node_group-eks-node-group-20240929074249503700000001"
          },
          "sensitive_attributes": [],
          "private": "bnVsbA==",
          "dependencies": [
            "module.eks.module.eks_managed_node_group.aws_iam_role.this",
            "module.eks.module.eks_managed_node_group.data.aws_caller_identity.current",
            "module.eks.module.eks_managed_node_group.data.aws_iam_policy_document.assume_role_policy",
            "module.eks.module.eks_managed_node_group.data.aws_partition.current"
          ],
          "create_before_destroy": true
        },
        {
          "index_key": "AmazonEKSWorkerNodePolicy",
          "schema_version": 0,
          "attributes": {
            "id": "default_node_group-eks-node-group-20240929074249503700000001-20240929074250189400000006",
            "policy_arn": "arn:aws:iam::aws:policy/AmazonEKSWorkerNodePolicy",
            "role": "default_node_group-eks-node-group-20240929074249503700000001"
          },
          "sensitive_attributes": [],
          "private": "bnVsbA==",
          "dependencies": [
            "module.eks.module.eks_managed_node_group.aws_iam_role.this",
            "module.eks.module.eks_managed_node_group.data.aws_caller_identity.current",
            "module.eks.module.eks_managed_node_group.data.aws_iam_policy_document.assume_role_policy",
            "module.eks.module.eks_managed_node_group.data.aws_partition.current"
          ],
          "create_before_destroy": true
        },
        {
          "index_key": "AmazonEKS_CNI_Policy",
          "schema_version": 0,
          "attributes": {
            "id": "default_node_group-eks-node-group-20240929074249503700000001-20240929074250190800000007",
            "policy_arn": "arn:aws:iam::aws:policy/AmazonEKS_CNI_Policy",
            "role": "default_node_group-eks-node-group-20240929074249503700000001"
          },
          "sensitive_attributes": [],
          "private": "bnVsbA==",
          "dependencies": [
            "module.eks.module.eks_managed_node_group.aws_iam_role.this",
            "module.eks.module.eks_managed_node_group.data.aws_caller_identity.current",
            "module.eks.module.eks_managed_node_group.data.aws_iam_policy_document.assume_role_policy",
            "module.eks.module.eks_managed_node_group.data.aws_partition.current"
          ],
          "create_before_destroy": true
        }
      ]
    },
    {
      "module": "module.eks.module.eks_managed_node_group[\"default_node_group\"].module.user_data",
      "mode": "managed",
      "type": "null_resource",
      "name": "validate_cluster_service_cidr",
      "provider": "provider[\"registry.terraform.io/hashicorp/null\"]",
      "instances": [
        {
          "schema_version": 0,
          "attributes": {
            "id": "7673888314253594917",
            "triggers": null
          },
          "sensitive_attributes": [],
          "dependencies": [
            "data.terraform_remote_state.vpc",
            "module.eks.aws_cloudwatch_log_group.this",
            "module.eks.aws_eks_cluster.this",
            "module.eks.aws_iam_policy.cni_ipv6_policy",
            "module.eks.aws_iam_role.this",
            "module.eks.aws_iam_role_policy_attachment.this",
            "module.eks.aws_security_group.cluster",
            "module.eks.aws_security_group.node",
            "module.eks.aws_security_group_rule.cluster",
            "module.eks.aws_security_group_rule.node",
            "module.eks.data.aws_caller_identity.current",
            "module.eks.data.aws_iam_policy_document.assume_role_policy",
            "module.eks.data.aws_iam_policy_document.cni_ipv6_policy",
            "module.eks.data.aws_iam_session_context.current",
            "module.eks.data.aws_partition.current",
            "module.eks.module.kms.aws_kms_external_key.this",
            "module.eks.module.kms.aws_kms_key.this",
            "module.eks.module.kms.aws_kms_replica_external_key.this",
            "module.eks.module.kms.aws_kms_replica_key.this",
            "module.eks.module.kms.data.aws_caller_identity.current",
            "module.eks.module.kms.data.aws_iam_policy_document.this",
            "module.eks.module.kms.data.aws_partition.current",
            "module.eks.time_sleep.this"
          ]
        }
      ]
    },
    {
      "module": "module.key_pair",
      "mode": "managed",
      "type": "aws_key_pair",
      "name": "this",
      "provider": "provider[\"registry.terraform.io/hashicorp/aws\"]",
      "instances": [
        {
          "index_key": 0,
          "schema_version": 1,
          "attributes": {
            "arn": "arn:aws:ec2:us-east-1:132172135366:key-pair/demo-cluster2024092907425505680000000b",
            "fingerprint": "cd:06:95:40:7d:16:e1:be:41:9a:10:e0:98:37:09:e6",
            "id": "demo-cluster2024092907425505680000000b",
            "key_name": "demo-cluster2024092907425505680000000b",
            "key_name_prefix": "demo-cluster",
            "key_pair_id": "key-0865bae115a9ae2b3",
            "key_type": "rsa",
            "public_key": "ssh-rsa AAAAB3NzaC1yc2EAAAADAQABAAACAQCmLYNARNmIIa+CBnTH7HJp7u9JQoH4ub2puJhwwd1sZtfRXdKuQW5aae6nPGMHV42SufBCHvK49r+Y9jom/ztc3kWnVB6A7OOUQy/DRTIR6m5BGlDgCk2ZCbebSzfc9oA4j5TH057WXEdjFLYVZfLAI2cLi0CuDBoMs9gBGV7z87Cy3fAMKbjepcYhamThkfVDr9xgPzFb11kqLvdr4F8BV2y89mj9LyLLriyoIL7p/aOTb4b/RCUmAl5rcfyxe203Xu9+tZU7zad7m+9UbAGwxm5I8zwOM/KnxAA9zjSqoGGKg51nOsb9FAjrcdg2R3YOJuFTpYH3AV5UZvMoOpb5GA9sKnIPG8J7SWEacaIoacdSsytvsqMbdI4YAcizUapLkpmo4Of34/nZLyzWzlWdmmwMplX4GgVe8D5iJSYaoI+AsFGGH5srbV3T05NNJv5WfEvToDrprkz4mk1caI0QfkWTTmTOjiBEGIJl0Ofd/WOyYcDvoFvQWhV+BRJyt0PLq5grEe4nGc5da0ssBIL0yv22ZgPwnPLPzLcPdbgpsFfJ4mYt4ekFNIrhPxwpNahsSnp4dt8gfJ9Zn7yhEBx4ie5pvdgVTeQL2WAx+JQ0FWRCVuNR4Ss2xQX15ZXcWDXDtDSIEgWoxSd8kkl5wCQc047NMnmewPFu/yBfDXr//Q==",
            "tags": {
              "DevtedsOrg": "Devteds Courses",
              "DevtedsStack": "demo-cluster",
              "DevtedsStackName": "EKS",
              "kubernetes.io/cluster/demo-cluster": "shared"
            },
            "tags_all": {
              "DevtedsOrg": "Devteds Courses",
              "DevtedsStack": "demo-cluster",
              "DevtedsStackName": "EKS",
              "kubernetes.io/cluster/demo-cluster": "shared"
            }
          },
          "sensitive_attributes": [],
          "private": "eyJzY2hlbWFfdmVyc2lvbiI6IjEifQ==",
          "dependencies": [
            "module.key_pair.tls_private_key.this"
          ]
        }
      ]
    },
    {
      "module": "module.key_pair",
      "mode": "managed",
      "type": "tls_private_key",
      "name": "this",
      "provider": "provider[\"registry.terraform.io/hashicorp/tls\"]",
      "instances": [
        {
          "index_key": 0,
          "schema_version": 1,
          "attributes": {
            "algorithm": "RSA",
            "ecdsa_curve": "P224",
            "id": "b7b3cf81cc065a0324518f22bd71870814bc78ab",
            "private_key_openssh": "-----BEGIN OPENSSH PRIVATE KEY-----\nb3BlbnNzaC1rZXktdjEAAAAABG5vbmUAAAAEbm9uZQAAAAAAAAABAAACFwAAAAdz\nc2gtcnNhAAAAAwEAAQAAAgEApi2DQETZiCGvggZ0x+xyae7vSUKB+Lm9qbiYcMHd\nbGbX0V3SrkFuWmnupzxjB1eNkrnwQh7yuPa/mPY6Jv87XN5Fp1QegOzjlEMvw0Uy\nEepuQRpQ4ApNmQm3m0s33PaAOI+Ux9Oe1lxHYxS2FWXywCNnC4tArgwaDLPYARle\n8/Owst3wDCm43qXGIWpk4ZH1Q6/cYD8xW9dZKi73a+BfAVdsvPZo/S8iy64sqCC+\n6f2jk2+G/0QlJgJea3H8sXttN17vfrWVO82ne5vvVGwBsMZuSPM8DjPyp8QAPc40\nqqBhioOdZzrG/RQI63HYNkd2DibhU6WB9wFeVGbzKDqW+RgPbCpyDxvCe0lhGnGi\nKGnHUrMrb7KjG3SOGAHIs1GqS5KZqODn9+P52S8s1s5VnZpsDKZV+BoFXvA+YiUm\nGqCPgLBRhh+bK21d09OTTSb+VnxL06A66a5M+JpNXGiNEH5Fk05kzo4gRBiCZdDn\n3f1jsmHA76Bb0FoVfgUScrdDy6uYKxHuJxnOXWtLLASC9Mr9tmYD8Jzyz8y3D3W4\nKbBXyeJmLeHpBTSK4T8cKTWobEp6eHbfIHyfWZ+8oRAceInuab3YFU3kC9lgMfiU\nNBVkQlbjUeErNsUF9eWV3Fg1w7Q0iBIFqMUnfJJJecAkHNOOzTJ5nsDxbv8gXw16\n//0AAAc4BUFb+AVBW/gAAAAHc3NoLXJzYQAAAgEApi2DQETZiCGvggZ0x+xyae7v\nSUKB+Lm9qbiYcMHdbGbX0V3SrkFuWmnupzxjB1eNkrnwQh7yuPa/mPY6Jv87XN5F\np1QegOzjlEMvw0UyEepuQRpQ4ApNmQm3m0s33PaAOI+Ux9Oe1lxHYxS2FWXywCNn\nC4tArgwaDLPYARle8/Owst3wDCm43qXGIWpk4ZH1Q6/cYD8xW9dZKi73a+BfAVds\nvPZo/S8iy64sqCC+6f2jk2+G/0QlJgJea3H8sXttN17vfrWVO82ne5vvVGwBsMZu\nSPM8DjPyp8QAPc40qqBhioOdZzrG/RQI63HYNkd2DibhU6WB9wFeVGbzKDqW+RgP\nbCpyDxvCe0lhGnGiKGnHUrMrb7KjG3SOGAHIs1GqS5KZqODn9+P52S8s1s5VnZps\nDKZV+BoFXvA+YiUmGqCPgLBRhh+bK21d09OTTSb+VnxL06A66a5M+JpNXGiNEH5F\nk05kzo4gRBiCZdDn3f1jsmHA76Bb0FoVfgUScrdDy6uYKxHuJxnOXWtLLASC9Mr9\ntmYD8Jzyz8y3D3W4KbBXyeJmLeHpBTSK4T8cKTWobEp6eHbfIHyfWZ+8oRAceInu\nab3YFU3kC9lgMfiUNBVkQlbjUeErNsUF9eWV3Fg1w7Q0iBIFqMUnfJJJecAkHNOO\nzTJ5nsDxbv8gXw16//0AAAADAQABAAACAE4C47DSIYTEu43A1iXcnEGax36O2FEZ\ncS4x2G5mtDnldb912iev08xiGoUr1hlmQrH01BNWUAAA5iU6wkX4X7fTKMPKu58u\nlg/OEqgK3dyHP0cUwY7Lh24mn6kpgIoctkjXLrM4Z0Keg2zCFlCpUXJdrExBDRYn\n3DrGWsr5TBgd+H+frMco9v6euAqL1dwHFyq1bjFIuTUyPUuOTNy5siABGK0EyHjD\nHgScOZ6b8MQMLDRUkP1Y0k+roQOzuTrghH8P9EJ5oBs5Cjz/ETWClrCUFsXsWe8Y\n9/tGCg75tMO9Es1hyAzkDPJV63IMOcIRfhxaqEEKW57HZ68bvV7PUnvP5embXgDy\nC/4K00IXgSX6Q8n+65HgmPgZDAsbogchLqzBW8CeeLVBEGsNpejVakih1QMhM6Sa\nKCt75Avo4NrzEOuE57RUrWHxwzNUYeKaKoAp71jrrShOfx8XwbDuDWOMGZ5h7p4k\nYbAjbcpbqCXl13OlVXt9WwVIEfAlaGOVc5QQgeOMbxrmwQN4JT5dgni7BdWWE/QN\niRJWHpmB1KkLvunT1tuuhC+P2Ru50PFQE8KEilLrvrnS5C6H0+y/sonXZeyekep/\n4BjtmWAlDUVWZtLRIPuVLY9p+G0PKSTDPSQHbYf79Eqwj9OUKT7vFwRq09FHMj76\nVddTQmaMq8zBAAABACmn86G7gyX5VjnJph24kW93Lh02pkeJzLIxPY9bji0q3boG\nGyuKAE1PcbdOs5f/4Ig5rF8DDOMKGPA98YKXQ42oXfOrIps0IwbDBKrIvWn4xO+T\nWOuSZYoM3j33PENpP8WTvqjAcVylouTbVlb9TXV7NGqjdt9uiRIYoOUGCpaPk4Kh\nUOLjpYgOpaslfLCSihlnt8qlkU8xeUutpWWShkYj6GclutY3WJ5AwcghmqPtp9Ci\nUe3ijN6R2lRVtCvcZyinY+NzmYccdeIn6IY9DN9KmFy2Q1pTB6H3e9zVIQ0bhyOP\nZfRB3jF1qIPFBHnUxkIwnUmvujiwAqiHVau5/d4AAAEBAM2QmdH031eUG5PXirOD\nKfuFTldLkuNaADTrCoekA5MxtDWmrKAhV94SZgYLocYPftrjW9bK/vAdGLL/xgoP\nLVY/UqVD5DUEu5L2xC/eTIVrITGpaDwNj5M8gvUJLZoWwPhW0ka0nRQ/efJSo3X9\nASLtA+K3iT5JlOM+31TsykRGsmqvnBqypw4CMBqBdQoRJ2Uqxdago7QMF+w7rWy0\n1MaouLQOK1ZE7brMjA6Agr7q7ftwsQByXuGVdjBktXpPcJ3025p/NIZHCAGCMkit\nCmqx49srzqZDDm1JfU11uBFpJc/AwOrcwDXM26OV3+kgQKtEgHMhlW9YFfV2Wvhn\nRokAAAEBAM7zCPyL7bb+OoINuP2/sN5PB1k3JFFiOs0bdFNolBeOU25ir1mC2HUG\nFhl2OdBqNzXo3zkHSe2CDA8mnTJMZfXS+qeolxRT2R6Kf7mheTeCDDuT5pkp8Mhx\nWenB2wi45ckn1MmbMNXbwm9LWl2PK55s81HpW5NcHchsNfNKxwm8kOPubrpePK50\naBWnZS2HGg3I0QIR69N5VUgAovN6KcHkzo7Pb2NAqBeReFzi2dQTKQAqfBMtJ7S3\nf/vYjmC8fi22MHUjDLt5/nyzf3V6ifEoFSj+DRKGRBJf7zQS3LsCaLNc3f1evTe/\nYGmYEP31CUqFNfCXPYThzw1HFRTO0NUAAAAAAQID\n-----END OPENSSH PRIVATE KEY-----\n",
            "private_key_pem": "-----BEGIN RSA PRIVATE KEY-----\nMIIJJwIBAAKCAgEApi2DQETZiCGvggZ0x+xyae7vSUKB+Lm9qbiYcMHdbGbX0V3S\nrkFuWmnupzxjB1eNkrnwQh7yuPa/mPY6Jv87XN5Fp1QegOzjlEMvw0UyEepuQRpQ\n4ApNmQm3m0s33PaAOI+Ux9Oe1lxHYxS2FWXywCNnC4tArgwaDLPYARle8/Owst3w\nDCm43qXGIWpk4ZH1Q6/cYD8xW9dZKi73a+BfAVdsvPZo/S8iy64sqCC+6f2jk2+G\n/0QlJgJea3H8sXttN17vfrWVO82ne5vvVGwBsMZuSPM8DjPyp8QAPc40qqBhioOd\nZzrG/RQI63HYNkd2DibhU6WB9wFeVGbzKDqW+RgPbCpyDxvCe0lhGnGiKGnHUrMr\nb7KjG3SOGAHIs1GqS5KZqODn9+P52S8s1s5VnZpsDKZV+BoFXvA+YiUmGqCPgLBR\nhh+bK21d09OTTSb+VnxL06A66a5M+JpNXGiNEH5Fk05kzo4gRBiCZdDn3f1jsmHA\n76Bb0FoVfgUScrdDy6uYKxHuJxnOXWtLLASC9Mr9tmYD8Jzyz8y3D3W4KbBXyeJm\nLeHpBTSK4T8cKTWobEp6eHbfIHyfWZ+8oRAceInuab3YFU3kC9lgMfiUNBVkQlbj\nUeErNsUF9eWV3Fg1w7Q0iBIFqMUnfJJJecAkHNOOzTJ5nsDxbv8gXw16//0CAwEA\nAQKCAgBOAuOw0iGExLuNwNYl3JxBmsd+jthRGXEuMdhuZrQ55XW/ddonr9PMYhqF\nK9YZZkKx9NQTVlAAAOYlOsJF+F+30yjDyrufLpYPzhKoCt3chz9HFMGOy4duJp+p\nKYCKHLZI1y6zOGdCnoNswhZQqVFyXaxMQQ0WJ9w6xlrK+UwYHfh/n6zHKPb+nrgK\ni9XcBxcqtW4xSLk1Mj1LjkzcubIgARitBMh4wx4EnDmem/DEDCw0VJD9WNJPq6ED\ns7k64IR/D/RCeaAbOQo8/xE1gpawlBbF7FnvGPf7RgoO+bTDvRLNYcgM5AzyVety\nDDnCEX4cWqhBCluex2evG71ez1J7z+Xpm14A8gv+CtNCF4El+kPJ/uuR4Jj4GQwL\nG6IHIS6swVvAnni1QRBrDaXo1WpIodUDITOkmigre+QL6ODa8xDrhOe0VK1h8cMz\nVGHimiqAKe9Y660oTn8fF8Gw7g1jjBmeYe6eJGGwI23KW6gl5ddzpVV7fVsFSBHw\nJWhjlXOUEIHjjG8a5sEDeCU+XYJ4uwXVlhP0DYkSVh6ZgdSpC77p09bbroQvj9kb\nudDxUBPChIpS67650uQuh9Psv7KJ12XsnpHqf+AY7ZlgJQ1FVmbS0SD7lS2Pafht\nDykkwz0kB22H+/RKsI/TlCk+7xcEatPRRzI++lXXU0JmjKvMwQKCAQEAzZCZ0fTf\nV5Qbk9eKs4Mp+4VOV0uS41oANOsKh6QDkzG0NaasoCFX3hJmBguhxg9+2uNb1sr+\n8B0Ysv/GCg8tVj9SpUPkNQS7kvbEL95MhWshMaloPA2PkzyC9QktmhbA+FbSRrSd\nFD958lKjdf0BIu0D4reJPkmU4z7fVOzKREayaq+cGrKnDgIwGoF1ChEnZSrF1qCj\ntAwX7DutbLTUxqi4tA4rVkTtusyMDoCCvurt+3CxAHJe4ZV2MGS1ek9wnfTbmn80\nhkcIAYIySK0KarHj2yvOpkMObUl9TXW4EWklz8DA6tzANczbo5Xf6SBAq0SAcyGV\nb1gV9XZa+GdGiQKCAQEAzvMI/Ivttv46gg24/b+w3k8HWTckUWI6zRt0U2iUF45T\nbmKvWYLYdQYWGXY50Go3NejfOQdJ7YIMDyadMkxl9dL6p6iXFFPZHop/uaF5N4IM\nO5PmmSnwyHFZ6cHbCLjlySfUyZsw1dvCb0taXY8rnmzzUelbk1wdyGw180rHCbyQ\n4+5uul48rnRoFadlLYcaDcjRAhHr03lVSACi83opweTOjs9vY0CoF5F4XOLZ1BMp\nACp8Ey0ntLd/+9iOYLx+LbYwdSMMu3n+fLN/dXqJ8SgVKP4NEoZEEl/vNBLcuwJo\ns1zd/V69N79gaZgQ/fUJSoU18Jc9hOHPDUcVFM7Q1QKCAQA8kKcRWhFXr1Z0t6Ox\nAisjZQJQ6/5KJ+E5tipzDlrTSmirCgGAaHKIBmmyzEiMn1Ij0arkXQjB3ADD9GH3\n4sLbz2pdMOSSzmMpiLUC2X84K/kqtZv1XZV4rvJymZKq/Js8T/BCTsKdDZqzT6/D\nepiUHrrvWF4CURGh5otMbTum5CF7F2Rp5Usc8H4VwSCnp6gwwWpqsweoa4u82VRe\nW+T45wsMWcRg9YwJZmy5dRmQgI0/cNNlq0zTMAMTfQiPEcq/bz4oheQGz/TG5QJF\nsV4JU4Irt/t5tvYQMv/NC6sAzjcKv+LXD9U9xK7NwsGm4Q7MpzElOrbZiF1n5cgl\nud/pAoIBAE36OWqfdwS6qmUSsp+6OPSrJoOxSVf5AVsDe0NqZlKx6DHxsUyzBsih\ncHZLm+EyBHeltWaRnoOFuvGChTzMmKaVxqih17trFKZzXUke1MPblqxkQEF6EiYU\nv+JajyOsN7kh7wXAGhia45p39CbIqZDaUJyOp1jRHs/EJlfz1yeOC7I2xzYmCAtc\nBVQTbQZIn8KN5mM3SXq3fzDQPJYtc8qBYmthMgFd/XhT8dxeBeHpDkvntjSrkQiB\nFBJbONqua4Th30Rj3opNn1xxbhdgAtYBWmfFwjs2qDOcPk+Kw+0bLURYO7Uam4WD\n8NoY2F44lDWmF/r9ocqOIyxHmmPqwbkCggEAKafzobuDJflWOcmmHbiRb3cuHTam\nR4nMsjE9j1uOLSrdugYbK4oATU9xt06zl//giDmsXwMM4woY8D3xgpdDjahd86si\nmzQjBsMEqsi9afjE75NY65JligzePfc8Q2k/xZO+qMBxXKWi5NtWVv1NdXs0aqN2\n326JEhig5QYKlo+TgqFQ4uOliA6lqyV8sJKKGWe3yqWRTzF5S62lZZKGRiPoZyW6\n1jdYnkDByCGao+2n0KJR7eKM3pHaVFW0K9xnKKdj43OZhxx14ifohj0M30qYXLZD\nWlMHofd73NUhDRuHI49l9EHeMXWog8UEedTGQjCdSa+6OLACqIdVq7n93g==\n-----END RSA PRIVATE KEY-----\n",
            "private_key_pem_pkcs8": "-----BEGIN PRIVATE KEY-----\nMIIJQQIBADANBgkqhkiG9w0BAQEFAASCCSswggknAgEAAoICAQCmLYNARNmIIa+C\nBnTH7HJp7u9JQoH4ub2puJhwwd1sZtfRXdKuQW5aae6nPGMHV42SufBCHvK49r+Y\n9jom/ztc3kWnVB6A7OOUQy/DRTIR6m5BGlDgCk2ZCbebSzfc9oA4j5TH057WXEdj\nFLYVZfLAI2cLi0CuDBoMs9gBGV7z87Cy3fAMKbjepcYhamThkfVDr9xgPzFb11kq\nLvdr4F8BV2y89mj9LyLLriyoIL7p/aOTb4b/RCUmAl5rcfyxe203Xu9+tZU7zad7\nm+9UbAGwxm5I8zwOM/KnxAA9zjSqoGGKg51nOsb9FAjrcdg2R3YOJuFTpYH3AV5U\nZvMoOpb5GA9sKnIPG8J7SWEacaIoacdSsytvsqMbdI4YAcizUapLkpmo4Of34/nZ\nLyzWzlWdmmwMplX4GgVe8D5iJSYaoI+AsFGGH5srbV3T05NNJv5WfEvToDrprkz4\nmk1caI0QfkWTTmTOjiBEGIJl0Ofd/WOyYcDvoFvQWhV+BRJyt0PLq5grEe4nGc5d\na0ssBIL0yv22ZgPwnPLPzLcPdbgpsFfJ4mYt4ekFNIrhPxwpNahsSnp4dt8gfJ9Z\nn7yhEBx4ie5pvdgVTeQL2WAx+JQ0FWRCVuNR4Ss2xQX15ZXcWDXDtDSIEgWoxSd8\nkkl5wCQc047NMnmewPFu/yBfDXr//QIDAQABAoICAE4C47DSIYTEu43A1iXcnEGa\nx36O2FEZcS4x2G5mtDnldb912iev08xiGoUr1hlmQrH01BNWUAAA5iU6wkX4X7fT\nKMPKu58ulg/OEqgK3dyHP0cUwY7Lh24mn6kpgIoctkjXLrM4Z0Keg2zCFlCpUXJd\nrExBDRYn3DrGWsr5TBgd+H+frMco9v6euAqL1dwHFyq1bjFIuTUyPUuOTNy5siAB\nGK0EyHjDHgScOZ6b8MQMLDRUkP1Y0k+roQOzuTrghH8P9EJ5oBs5Cjz/ETWClrCU\nFsXsWe8Y9/tGCg75tMO9Es1hyAzkDPJV63IMOcIRfhxaqEEKW57HZ68bvV7PUnvP\n5embXgDyC/4K00IXgSX6Q8n+65HgmPgZDAsbogchLqzBW8CeeLVBEGsNpejVakih\n1QMhM6SaKCt75Avo4NrzEOuE57RUrWHxwzNUYeKaKoAp71jrrShOfx8XwbDuDWOM\nGZ5h7p4kYbAjbcpbqCXl13OlVXt9WwVIEfAlaGOVc5QQgeOMbxrmwQN4JT5dgni7\nBdWWE/QNiRJWHpmB1KkLvunT1tuuhC+P2Ru50PFQE8KEilLrvrnS5C6H0+y/sonX\nZeyekep/4BjtmWAlDUVWZtLRIPuVLY9p+G0PKSTDPSQHbYf79Eqwj9OUKT7vFwRq\n09FHMj76VddTQmaMq8zBAoIBAQDNkJnR9N9XlBuT14qzgyn7hU5XS5LjWgA06wqH\npAOTMbQ1pqygIVfeEmYGC6HGD37a41vWyv7wHRiy/8YKDy1WP1KlQ+Q1BLuS9sQv\n3kyFayExqWg8DY+TPIL1CS2aFsD4VtJGtJ0UP3nyUqN1/QEi7QPit4k+SZTjPt9U\n7MpERrJqr5wasqcOAjAagXUKESdlKsXWoKO0DBfsO61stNTGqLi0DitWRO26zIwO\ngIK+6u37cLEAcl7hlXYwZLV6T3Cd9NuafzSGRwgBgjJIrQpqsePbK86mQw5tSX1N\ndbgRaSXPwMDq3MA1zNujld/pIECrRIBzIZVvWBX1dlr4Z0aJAoIBAQDO8wj8i+22\n/jqCDbj9v7DeTwdZNyRRYjrNG3RTaJQXjlNuYq9Zgth1BhYZdjnQajc16N85B0nt\nggwPJp0yTGX10vqnqJcUU9kein+5oXk3ggw7k+aZKfDIcVnpwdsIuOXJJ9TJmzDV\n28JvS1pdjyuebPNR6VuTXB3IbDXzSscJvJDj7m66XjyudGgVp2UthxoNyNECEevT\neVVIAKLzeinB5M6Oz29jQKgXkXhc4tnUEykAKnwTLSe0t3/72I5gvH4ttjB1Iwy7\nef58s391eonxKBUo/g0ShkQSX+80Ety7AmizXN39Xr03v2BpmBD99QlKhTXwlz2E\n4c8NRxUUztDVAoIBADyQpxFaEVevVnS3o7ECKyNlAlDr/kon4Tm2KnMOWtNKaKsK\nAYBocogGabLMSIyfUiPRquRdCMHcAMP0YffiwtvPal0w5JLOYymItQLZfzgr+Sq1\nm/VdlXiu8nKZkqr8mzxP8EJOwp0NmrNPr8N6mJQeuu9YXgJREaHmi0xtO6bkIXsX\nZGnlSxzwfhXBIKenqDDBamqzB6hri7zZVF5b5PjnCwxZxGD1jAlmbLl1GZCAjT9w\n02WrTNMwAxN9CI8Ryr9vPiiF5AbP9MblAkWxXglTgiu3+3m29hAy/80LqwDONwq/\n4tcP1T3Ers3CwabhDsynMSU6ttmIXWflyCW53+kCggEATfo5ap93BLqqZRKyn7o4\n9Ksmg7FJV/kBWwN7Q2pmUrHoMfGxTLMGyKFwdkub4TIEd6W1ZpGeg4W68YKFPMyY\nppXGqKHXu2sUpnNdSR7Uw9uWrGRAQXoSJhS/4lqPI6w3uSHvBcAaGJrjmnf0Jsip\nkNpQnI6nWNEez8QmV/PXJ44LsjbHNiYIC1wFVBNtBkifwo3mYzdJerd/MNA8li1z\nyoFia2EyAV39eFPx3F4F4ekOS+e2NKuRCIEUEls42q5rhOHfRGPeik2fXHFuF2AC\n1gFaZ8XCOzaoM5w+T4rD7RstRFg7tRqbhYPw2hjYXjiUNaYX+v2hyo4jLEeaY+rB\nuQKCAQApp/Ohu4Ml+VY5yaYduJFvdy4dNqZHicyyMT2PW44tKt26BhsrigBNT3G3\nTrOX/+CIOaxfAwzjChjwPfGCl0ONqF3zqyKbNCMGwwSqyL1p+MTvk1jrkmWKDN49\n9zxDaT/Fk76owHFcpaLk21ZW/U11ezRqo3bfbokSGKDlBgqWj5OCoVDi46WIDqWr\nJXywkooZZ7fKpZFPMXlLraVlkoZGI+hnJbrWN1ieQMHIIZqj7afQolHt4ozekdpU\nVbQr3Gcop2Pjc5mHHHXiJ+iGPQzfSphctkNaUweh93vc1SENG4cjj2X0Qd4xdaiD\nxQR51MZCMJ1Jr7o4sAKoh1Wruf3e\n-----END PRIVATE KEY-----\n",
            "public_key_fingerprint_md5": "19:74:f7:3a:53:de:74:40:b2:63:d7:98:04:83:d1:1e",
            "public_key_fingerprint_sha256": "SHA256:Eo6LNkIoGQ4cjrbR0AQCsE8XdeHfBCw2SO468t7nfLQ",
            "public_key_openssh": "ssh-rsa AAAAB3NzaC1yc2EAAAADAQABAAACAQCmLYNARNmIIa+CBnTH7HJp7u9JQoH4ub2puJhwwd1sZtfRXdKuQW5aae6nPGMHV42SufBCHvK49r+Y9jom/ztc3kWnVB6A7OOUQy/DRTIR6m5BGlDgCk2ZCbebSzfc9oA4j5TH057WXEdjFLYVZfLAI2cLi0CuDBoMs9gBGV7z87Cy3fAMKbjepcYhamThkfVDr9xgPzFb11kqLvdr4F8BV2y89mj9LyLLriyoIL7p/aOTb4b/RCUmAl5rcfyxe203Xu9+tZU7zad7m+9UbAGwxm5I8zwOM/KnxAA9zjSqoGGKg51nOsb9FAjrcdg2R3YOJuFTpYH3AV5UZvMoOpb5GA9sKnIPG8J7SWEacaIoacdSsytvsqMbdI4YAcizUapLkpmo4Of34/nZLyzWzlWdmmwMplX4GgVe8D5iJSYaoI+AsFGGH5srbV3T05NNJv5WfEvToDrprkz4mk1caI0QfkWTTmTOjiBEGIJl0Ofd/WOyYcDvoFvQWhV+BRJyt0PLq5grEe4nGc5da0ssBIL0yv22ZgPwnPLPzLcPdbgpsFfJ4mYt4ekFNIrhPxwpNahsSnp4dt8gfJ9Zn7yhEBx4ie5pvdgVTeQL2WAx+JQ0FWRCVuNR4Ss2xQX15ZXcWDXDtDSIEgWoxSd8kkl5wCQc047NMnmewPFu/yBfDXr//Q==\n",
            "public_key_pem": "-----BEGIN PUBLIC KEY-----\nMIICIjANBgkqhkiG9w0BAQEFAAOCAg8AMIICCgKCAgEApi2DQETZiCGvggZ0x+xy\nae7vSUKB+Lm9qbiYcMHdbGbX0V3SrkFuWmnupzxjB1eNkrnwQh7yuPa/mPY6Jv87\nXN5Fp1QegOzjlEMvw0UyEepuQRpQ4ApNmQm3m0s33PaAOI+Ux9Oe1lxHYxS2FWXy\nwCNnC4tArgwaDLPYARle8/Owst3wDCm43qXGIWpk4ZH1Q6/cYD8xW9dZKi73a+Bf\nAVdsvPZo/S8iy64sqCC+6f2jk2+G/0QlJgJea3H8sXttN17vfrWVO82ne5vvVGwB\nsMZuSPM8DjPyp8QAPc40qqBhioOdZzrG/RQI63HYNkd2DibhU6WB9wFeVGbzKDqW\n+RgPbCpyDxvCe0lhGnGiKGnHUrMrb7KjG3SOGAHIs1GqS5KZqODn9+P52S8s1s5V\nnZpsDKZV+BoFXvA+YiUmGqCPgLBRhh+bK21d09OTTSb+VnxL06A66a5M+JpNXGiN\nEH5Fk05kzo4gRBiCZdDn3f1jsmHA76Bb0FoVfgUScrdDy6uYKxHuJxnOXWtLLASC\n9Mr9tmYD8Jzyz8y3D3W4KbBXyeJmLeHpBTSK4T8cKTWobEp6eHbfIHyfWZ+8oRAc\neInuab3YFU3kC9lgMfiUNBVkQlbjUeErNsUF9eWV3Fg1w7Q0iBIFqMUnfJJJecAk\nHNOOzTJ5nsDxbv8gXw16//0CAwEAAQ==\n-----END PUBLIC KEY-----\n",
            "rsa_bits": 4096
          },
          "sensitive_attributes": [
            [
              {
                "type": "get_attr",
                "value": "private_key_pem"
              }
            ],
            [
              {
                "type": "get_attr",
                "value": "private_key_openssh"
              }
            ],
            [
              {
                "type": "get_attr",
                "value": "private_key_pem_pkcs8"
              }
            ]
          ]
        }
      ]
    }
  ],
  "check_results": [
    {
      "object_kind": "resource",
      "config_addr": "module.eks.module.eks_managed_node_group.module.user_data.null_resource.validate_cluster_service_cidr",
      "status": "pass",
      "objects": [
        {
          "object_addr": "module.eks.module.eks_managed_node_group[\"default_node_group\"].module.user_data.null_resource.validate_cluster_service_cidr",
          "status": "pass"
        }
      ]
    },
    {
      "object_kind": "resource",
      "config_addr": "module.eks.module.self_managed_node_group.module.user_data.null_resource.validate_cluster_service_cidr",
      "status": "pass",
      "objects": null
    }
  ]
}
