{
  "version": 4,
  "terraform_version": "1.9.6",
  "serial": 709,
  "lineage": "f0b6d692-7aad-9484-d252-4f87d7645883",
  "outputs": {
    "cloudwatch_log_group_arn": {
      "value": "arn:aws:logs:us-east-1:132172135366:log-group:/aws/eks/demo-cluster/cluster",
      "type": "string"
    },
    "cloudwatch_log_group_name": {
      "value": "/aws/eks/demo-cluster/cluster",
      "type": "string"
    },
    "cluster_arn": {
      "value": "arn:aws:eks:us-east-1:132172135366:cluster/demo-cluster",
      "type": "string"
    },
    "cluster_certificate_authority_data": {
      "value": "LS0tLS1CRUdJTiBDRVJUSUZJQ0FURS0tLS0tCk1JSURCVENDQWUyZ0F3SUJBZ0lJZklLQUZMNHdOeFl3RFFZSktvWklodmNOQVFFTEJRQXdGVEVUTUJFR0ExVUUKQXhNS2EzVmlaWEp1WlhSbGN6QWVGdzB5TkRBNU1qa3hOREl3TVRsYUZ3MHpOREE1TWpjeE5ESTFNVGxhTUJVeApFekFSQmdOVkJBTVRDbXQxWW1WeWJtVjBaWE13Z2dFaU1BMEdDU3FHU0liM0RRRUJBUVVBQTRJQkR3QXdnZ0VLCkFvSUJBUURoWllCTWhsZmI0OWhnWDM3UlREeGJuN240WDFsK00wVjdxbnBsNHRnUjhudnZrU3hvNjdaNFROakkKdWdZY0F4M1ZLYUJwQnVKdnBjallPclM5VG1uUDZOTCtmcVgwZ3BhWWx6c09DYmlJQkRsOW96QWpDOFppWFJnYwp4MEpYTjBsQ0FiZkh2cDdZZjQ4TTBLU1p0RWxFci9BN3QzaDRXQVZMSldGSEFEaUVnbkNjQ2QyalVLT2MrcUdXCkc1M1VoZDZJOFBHZUlxMWNZZWpxcFZmT2d2VFA1N3JacVZOdGRrTzEwZDZCRmk4Myt2azd6aGNKUDNTN1VMdW8KM05iM1RHOVQvRjhOdUNRRm4vM3BOMCt3V3hrNkhUWjFlTXhLWUtZMWhleUtrTFBJd3ZZa0ZzdW5lbDk0R1hhTQovNXd0S3dPZXYyTlEvbmRoLy9TKy90a2JvZ2ZSQWdNQkFBR2pXVEJYTUE0R0ExVWREd0VCL3dRRUF3SUNwREFQCkJnTlZIUk1CQWY4RUJUQURBUUgvTUIwR0ExVWREZ1FXQkJUT2g0RVpxM3ZLUk9DR0g5Q0VDWko1L0ZvaThUQVYKQmdOVkhSRUVEakFNZ2dwcmRXSmxjbTVsZEdWek1BMEdDU3FHU0liM0RRRUJDd1VBQTRJQkFRQWx2RFowT043ZQpyVXdia01uWkcwQXF5eXJmdm5VelhIbjdSN3YxRzlJRlpCcy9seGo0anpUZ2ludlM2aWNHMUkyTFJkNlUyd0ZPCitiUXZOc0ZxelVGWWd3Q1JNQ2Z2Qzc3cXBFMmNTTG5CanRhT1lrVXdxSjJzZzE5aUM0MjMzdnlVcTJDYzVmQ2YKUzhndjNoWWRqK0FVQUxlZmR6eWdJckF0M1hXNlNoeFZSSG9POENWanhQWUsyWGhKa3d6ZUVkMUVSUm84ZlV4Zgp0VUZqbzNhYjllSkRBbE1kS245NzVYZ1MvRUxrUFVZWDdYT3poYUltaXBtUGpIVEd6eE5MdFJtNEdjdTRldjgrCjBLNDV3cDlHMy9DQzg4VldjM2g4NFFaOHZLYnJDQ3VUSk5CaExtUTJiMUdUS2dUTHVmVTlZZ3oyMUZQN1hHU3kKZXNDeWVYOTVRNDZICi0tLS0tRU5EIENFUlRJRklDQVRFLS0tLS0K",
      "type": "string"
    },
    "cluster_endpoint": {
      "value": "https://935501259126D0BC3D41C8B599B6A173.gr7.us-east-1.eks.amazonaws.com",
      "type": "string"
    },
    "cluster_iam_role_arn": {
      "value": "arn:aws:iam::132172135366:role/demo-cluster-cluster-20240929142025236000000003",
      "type": "string"
    },
    "cluster_iam_role_name": {
      "value": "demo-cluster-cluster-20240929142025236000000003",
      "type": "string"
    },
    "cluster_iam_role_unique_id": {
      "value": "AROAR5RQSXPDCYCT7BH5S",
      "type": "string"
    },
    "cluster_name": {
      "value": "demo-cluster",
      "type": "string"
    },
    "cluster_platform_version": {
      "value": "eks.13",
      "type": "string"
    },
    "cluster_primary_security_group_id": {
      "value": "sg-08d8e1661499a45dc",
      "type": "string"
    },
    "cluster_security_group_arn": {
      "value": "arn:aws:ec2:us-east-1:132172135366:security-group/sg-03757b59842da5a5c",
      "type": "string"
    },
    "cluster_security_group_id": {
      "value": "sg-03757b59842da5a5c",
      "type": "string"
    },
    "cluster_status": {
      "value": "ACTIVE",
      "type": "string"
    },
    "cluster_tls_certificate_sha1_fingerprint": {
      "value": "9e99a48a9960b14926bb7f3b02e22da2b0ab7280",
      "type": "string"
    },
    "node_security_group_arn": {
      "value": "arn:aws:ec2:us-east-1:132172135366:security-group/sg-0ae747dc17e7218d8",
      "type": "string"
    },
    "node_security_group_id": {
      "value": "sg-0ae747dc17e7218d8",
      "type": "string"
    },
    "region": {
      "value": "us-east-1",
      "type": "string"
    }
  },
  "resources": [
    {
      "mode": "data",
      "type": "aws_availability_zones",
      "name": "available",
      "provider": "provider[\"registry.terraform.io/hashicorp/aws\"]",
      "instances": [
        {
          "schema_version": 0,
          "attributes": {
            "all_availability_zones": null,
            "exclude_names": null,
            "exclude_zone_ids": null,
            "filter": null,
            "group_names": [
              "us-east-1"
            ],
            "id": "us-east-1",
            "names": [
              "us-east-1a",
              "us-east-1b",
              "us-east-1c",
              "us-east-1d",
              "us-east-1e",
              "us-east-1f"
            ],
            "state": null,
            "timeouts": null,
            "zone_ids": [
              "use1-az2",
              "use1-az4",
              "use1-az6",
              "use1-az1",
              "use1-az3",
              "use1-az5"
            ]
          },
          "sensitive_attributes": []
        }
      ]
    },
    {
      "mode": "data",
      "type": "aws_caller_identity",
      "name": "current",
      "provider": "provider[\"registry.terraform.io/hashicorp/aws\"]",
      "instances": [
        {
          "schema_version": 0,
          "attributes": {
            "account_id": "132172135366",
            "arn": "arn:aws:iam::132172135366:user/k8suser",
            "id": "132172135366",
            "user_id": "AIDAR5RQSXPDLVB5NXR7O"
          },
          "sensitive_attributes": []
        }
      ]
    },
    {
      "mode": "data",
      "type": "terraform_remote_state",
      "name": "vpc",
      "provider": "provider[\"terraform.io/builtin/terraform\"]",
      "instances": [
        {
          "schema_version": 0,
          "attributes": {
            "backend": "local",
            "config": {
              "value": {
                "path": "../vpc/terraform.tfstate"
              },
              "type": [
                "object",
                {
                  "path": "string"
                }
              ]
            },
            "defaults": null,
            "outputs": {
              "value": {
                "azs": [
                  "us-east-1a",
                  "us-east-1b",
                  "us-east-1c"
                ],
                "intra_subnets": [
                  "subnet-021a6b127d59590d2",
                  "subnet-014a2ef90df4dd1c9",
                  "subnet-060c32d6082d6ce23"
                ],
                "private_subnets": [
                  "subnet-0f847cacdeab4062e",
                  "subnet-08337d72c574dc9c6",
                  "subnet-015d930fee81840f9"
                ],
                "public_subnets": [
                  "subnet-06adc19abb4b5923b",
                  "subnet-072176f655c7c33ca",
                  "subnet-057e9f02a1a92837e"
                ],
                "vpc_id": "vpc-07c7ca8b889cfa29c"
              },
              "type": [
                "object",
                {
                  "azs": [
                    "list",
                    "string"
                  ],
                  "intra_subnets": [
                    "tuple",
                    [
                      "string",
                      "string",
                      "string"
                    ]
                  ],
                  "private_subnets": [
                    "tuple",
                    [
                      "string",
                      "string",
                      "string"
                    ]
                  ],
                  "public_subnets": [
                    "tuple",
                    [
                      "string",
                      "string",
                      "string"
                    ]
                  ],
                  "vpc_id": "string"
                }
              ]
            },
            "workspace": null
          },
          "sensitive_attributes": []
        }
      ]
    },
    {
      "mode": "managed",
      "type": "aws_security_group",
      "name": "remote_access",
      "provider": "provider[\"registry.terraform.io/hashicorp/aws\"]",
      "instances": [
        {
          "schema_version": 1,
          "attributes": {
            "arn": "arn:aws:ec2:us-east-1:132172135366:security-group/sg-0ccff1eefd48311ab",
            "description": "Allow remote SSH from anywhere",
            "egress": [
              {
                "cidr_blocks": [
                  "0.0.0.0/0"
                ],
                "description": "",
                "from_port": 0,
                "ipv6_cidr_blocks": [
                  "::/0"
                ],
                "prefix_list_ids": [],
                "protocol": "-1",
                "security_groups": [],
                "self": false,
                "to_port": 0
              }
            ],
            "id": "sg-0ccff1eefd48311ab",
            "ingress": [
              {
                "cidr_blocks": [
                  "0.0.0.0/0"
                ],
                "description": "SSH access",
                "from_port": 22,
                "ipv6_cidr_blocks": [],
                "prefix_list_ids": [],
                "protocol": "tcp",
                "security_groups": [],
                "self": false,
                "to_port": 22
              }
            ],
            "name": "demo-cluster-remote-access20240929142025237800000005",
            "name_prefix": "demo-cluster-remote-access",
            "owner_id": "132172135366",
            "revoke_rules_on_delete": false,
            "tags": {
              "DevtedsOrg": "Devteds Courses",
              "DevtedsStack": "demo-cluster",
              "DevtedsStackName": "EKS",
              "Name": "demo-cluster-remote-ssh",
              "kubernetes.io/cluster/demo-cluster": "shared"
            },
            "tags_all": {
              "DevtedsOrg": "Devteds Courses",
              "DevtedsStack": "demo-cluster",
              "DevtedsStackName": "EKS",
              "Name": "demo-cluster-remote-ssh",
              "kubernetes.io/cluster/demo-cluster": "shared"
            },
            "timeouts": null,
            "vpc_id": "vpc-07c7ca8b889cfa29c"
          },
          "sensitive_attributes": [],
          "private": "eyJlMmJmYjczMC1lY2FhLTExZTYtOGY4OC0zNDM2M2JjN2M0YzAiOnsiY3JlYXRlIjo2MDAwMDAwMDAwMDAsImRlbGV0ZSI6OTAwMDAwMDAwMDAwfSwic2NoZW1hX3ZlcnNpb24iOiIxIn0=",
          "dependencies": [
            "data.terraform_remote_state.vpc"
          ]
        }
      ]
    },
    {
      "module": "module.eks",
      "mode": "data",
      "type": "aws_caller_identity",
      "name": "current",
      "provider": "provider[\"registry.terraform.io/hashicorp/aws\"]",
      "instances": [
        {
          "schema_version": 0,
          "attributes": {
            "account_id": "132172135366",
            "arn": "arn:aws:iam::132172135366:user/k8suser",
            "id": "132172135366",
            "user_id": "AIDAR5RQSXPDLVB5NXR7O"
          },
          "sensitive_attributes": []
        }
      ]
    },
    {
      "module": "module.eks",
      "mode": "data",
      "type": "aws_iam_policy_document",
      "name": "assume_role_policy",
      "provider": "provider[\"registry.terraform.io/hashicorp/aws\"]",
      "instances": [
        {
          "index_key": 0,
          "schema_version": 0,
          "attributes": {
            "id": "2764486067",
            "json": "{\n  \"Version\": \"2012-10-17\",\n  \"Statement\": [\n    {\n      \"Sid\": \"EKSClusterAssumeRole\",\n      \"Effect\": \"Allow\",\n      \"Action\": \"sts:AssumeRole\",\n      \"Principal\": {\n        \"Service\": \"eks.amazonaws.com\"\n      }\n    }\n  ]\n}",
            "minified_json": "{\"Version\":\"2012-10-17\",\"Statement\":[{\"Sid\":\"EKSClusterAssumeRole\",\"Effect\":\"Allow\",\"Action\":\"sts:AssumeRole\",\"Principal\":{\"Service\":\"eks.amazonaws.com\"}}]}",
            "override_json": null,
            "override_policy_documents": null,
            "policy_id": null,
            "source_json": null,
            "source_policy_documents": null,
            "statement": [
              {
                "actions": [
                  "sts:AssumeRole"
                ],
                "condition": [],
                "effect": "Allow",
                "not_actions": [],
                "not_principals": [],
                "not_resources": [],
                "principals": [
                  {
                    "identifiers": [
                      "eks.amazonaws.com"
                    ],
                    "type": "Service"
                  }
                ],
                "resources": [],
                "sid": "EKSClusterAssumeRole"
              }
            ],
            "version": "2012-10-17"
          },
          "sensitive_attributes": []
        }
      ]
    },
    {
      "module": "module.eks",
      "mode": "data",
      "type": "aws_iam_session_context",
      "name": "current",
      "provider": "provider[\"registry.terraform.io/hashicorp/aws\"]",
      "instances": [
        {
          "schema_version": 0,
          "attributes": {
            "arn": "arn:aws:iam::132172135366:user/k8suser",
            "id": "arn:aws:iam::132172135366:user/k8suser",
            "issuer_arn": "arn:aws:iam::132172135366:user/k8suser",
            "issuer_id": "",
            "issuer_name": "",
            "session_name": ""
          },
          "sensitive_attributes": []
        }
      ]
    },
    {
      "module": "module.eks",
      "mode": "data",
      "type": "aws_partition",
      "name": "current",
      "provider": "provider[\"registry.terraform.io/hashicorp/aws\"]",
      "instances": [
        {
          "schema_version": 0,
          "attributes": {
            "dns_suffix": "amazonaws.com",
            "id": "aws",
            "partition": "aws",
            "reverse_dns_prefix": "com.amazonaws"
          },
          "sensitive_attributes": []
        }
      ]
    },
    {
      "module": "module.eks",
      "mode": "data",
      "type": "tls_certificate",
      "name": "this",
      "provider": "provider[\"registry.terraform.io/hashicorp/tls\"]",
      "instances": [
        {
          "index_key": 0,
          "schema_version": 0,
          "attributes": {
            "certificates": [
              {
                "cert_pem": "-----BEGIN CERTIFICATE-----\nMIIEdTCCA12gAwIBAgIJAKcOSkw0grd/MA0GCSqGSIb3DQEBCwUAMGgxCzAJBgNV\nBAYTAlVTMSUwIwYDVQQKExxTdGFyZmllbGQgVGVjaG5vbG9naWVzLCBJbmMuMTIw\nMAYDVQQLEylTdGFyZmllbGQgQ2xhc3MgMiBDZXJ0aWZpY2F0aW9uIEF1dGhvcml0\neTAeFw0wOTA5MDIwMDAwMDBaFw0zNDA2MjgxNzM5MTZaMIGYMQswCQYDVQQGEwJV\nUzEQMA4GA1UECBMHQXJpem9uYTETMBEGA1UEBxMKU2NvdHRzZGFsZTElMCMGA1UE\nChMcU3RhcmZpZWxkIFRlY2hub2xvZ2llcywgSW5jLjE7MDkGA1UEAxMyU3RhcmZp\nZWxkIFNlcnZpY2VzIFJvb3QgQ2VydGlmaWNhdGUgQXV0aG9yaXR5IC0gRzIwggEi\nMA0GCSqGSIb3DQEBAQUAA4IBDwAwggEKAoIBAQDVDDrEKvlO4vW+GZdfjohTsR8/\ny8+fIBNtKTrID30892t2OGPZNmCom15cAICyL1l/9of5JUOG52kbUpqQ4XHj2C0N\nTm/2yEnZtvMaVq4rtnQU68/7JuMauh2WLmo7WJSJR1b/JaCTcFOD2oR0FMNnngRo\nOt+OQFodSk7PQ5E751bWAHDLUu57fa4657wx+UX2wmDPE1kCK4DMNEffud6QZW0C\nzyyRpqbn3oUYSXxmTqM6bam17jQuug0DuDPfR+uxa40l2ZvOgdFFRjKWcIfeAg5J\nQ4W2bHO7ZOphQazJ1FTfhy/HIrImzJ9ZVGif/L4qL8RVHHVAYBeFAlU5i38FAgMB\nAAGjgfAwge0wDwYDVR0TAQH/BAUwAwEB/zAOBgNVHQ8BAf8EBAMCAYYwHQYDVR0O\nBBYEFJxfAN+qAdcwKziIorhtSpzyEZGDMB8GA1UdIwQYMBaAFL9ft9HO3R+G9FtV\nrNzXEMIOqYjnME8GCCsGAQUFBwEBBEMwQTAcBggrBgEFBQcwAYYQaHR0cDovL28u\nc3MyLnVzLzAhBggrBgEFBQcwAoYVaHR0cDovL3guc3MyLnVzL3guY2VyMCYGA1Ud\nHwQfMB0wG6AZoBeGFWh0dHA6Ly9zLnNzMi51cy9yLmNybDARBgNVHSAECjAIMAYG\nBFUdIAAwDQYJKoZIhvcNAQELBQADggEBACMd44pXyn3pF3lM8R5V/cxTbj5HD9/G\nVfKyBDbtgB9TxF00KGu+x1X8Z+rLP3+QsjPNG1gQggL4+C/1E2DUBc7xgQjB3ad1\nl08YuW3e95ORCLp+QCztweq7dp4zBncdDQh/U90bZKuCJ/Fp1U1ervShw3WnWEQt\n8jxwmKy6abaVd38PMV4s/KCHOkdp8Hlf9BRUpJVeEXgSYCfOn8J3/yNTd126/+pZ\n59vPr5KW7ySaNRB6nJHGDn2Z9j8Z3/VyVOEVqQdZe4O/Ui5GjLIAZHYcSNPYeehu\nVsyuLAOQ1xk4meTKCRlb/weWsKh/NEnfVqn3sF/tM+2MR7cwA130A4w=\n-----END CERTIFICATE-----\n",
                "is_ca": true,
                "issuer": "OU=Starfield Class 2 Certification Authority,O=Starfield Technologies\\, Inc.,C=US",
                "not_after": "2034-06-28T17:39:16Z",
                "not_before": "2009-09-02T00:00:00Z",
                "public_key_algorithm": "RSA",
                "serial_number": "12037640545166866303",
                "sha1_fingerprint": "9e99a48a9960b14926bb7f3b02e22da2b0ab7280",
                "signature_algorithm": "SHA256-RSA",
                "subject": "CN=Starfield Services Root Certificate Authority - G2,O=Starfield Technologies\\, Inc.,L=Scottsdale,ST=Arizona,C=US",
                "version": 3
              },
              {
                "cert_pem": "-----BEGIN CERTIFICATE-----\nMIIEkjCCA3qgAwIBAgITBn+USionzfP6wq4rAfkI7rnExjANBgkqhkiG9w0BAQsF\nADCBmDELMAkGA1UEBhMCVVMxEDAOBgNVBAgTB0FyaXpvbmExEzARBgNVBAcTClNj\nb3R0c2RhbGUxJTAjBgNVBAoTHFN0YXJmaWVsZCBUZWNobm9sb2dpZXMsIEluYy4x\nOzA5BgNVBAMTMlN0YXJmaWVsZCBTZXJ2aWNlcyBSb290IENlcnRpZmljYXRlIEF1\ndGhvcml0eSAtIEcyMB4XDTE1MDUyNTEyMDAwMFoXDTM3MTIzMTAxMDAwMFowOTEL\nMAkGA1UEBhMCVVMxDzANBgNVBAoTBkFtYXpvbjEZMBcGA1UEAxMQQW1hem9uIFJv\nb3QgQ0EgMTCCASIwDQYJKoZIhvcNAQEBBQADggEPADCCAQoCggEBALJ4gHHKeNXj\nca9HgFB0fW7Y14h29Jlo91ghYPl0hAEvrAIthtOgQ3pOsqTQNroBvo3bSMgHFzZM\n9O6II8c+6zf1tRn4SWiw3te5djgdYZ6k/oI2peVKVuRF4fn9tBb6dNqcmzU5L/qw\nIFAGbHrQgLKm+a/sRxmPUDgH3KKHOVj4utWp+UhnMJbulHheb4mjUcAwhmahRWa6\nVOujw5H5SNz/0egwLX0tdHA114gk957EWW67c4cX8jJGKLhD+rcdqsq08p8kDi1L\n93FcXmn/6pUCyziKrlA4b9v7LWIbxcceVOF34GfID5yHI9Y/QCB/IIDEgEw+OyQm\njgSubJrIqg0CAwEAAaOCATEwggEtMA8GA1UdEwEB/wQFMAMBAf8wDgYDVR0PAQH/\nBAQDAgGGMB0GA1UdDgQWBBSEGMyFNOy8DJSULghZnMeyEE4KCDAfBgNVHSMEGDAW\ngBScXwDfqgHXMCs4iKK4bUqc8hGRgzB4BggrBgEFBQcBAQRsMGowLgYIKwYBBQUH\nMAGGImh0dHA6Ly9vY3NwLnJvb3RnMi5hbWF6b250cnVzdC5jb20wOAYIKwYBBQUH\nMAKGLGh0dHA6Ly9jcnQucm9vdGcyLmFtYXpvbnRydXN0LmNvbS9yb290ZzIuY2Vy\nMD0GA1UdHwQ2MDQwMqAwoC6GLGh0dHA6Ly9jcmwucm9vdGcyLmFtYXpvbnRydXN0\nLmNvbS9yb290ZzIuY3JsMBEGA1UdIAQKMAgwBgYEVR0gADANBgkqhkiG9w0BAQsF\nAAOCAQEAYjdCXLwQtT6LLOkMm2xF4gcAevnFWAu5CIw+7bMlPLVvUOTNNWqnkzSW\nMiGpSESrnO09tKpzbeR/FoCJbM8oAxiDR3mjEH4wW6w7sGDgd9QIpuEdfF7Au/ma\neyKdpwAJfqxGF4PcnCZXmTA5YpaP7dreqsXMGz7KQ2hsVxa81Q4gLv7/wmpdLqBK\nbRRYh5TmOTFffHPLkIhqhBGWJ6bt2YFGpn6jcgAKUj6DiAdjd4lpFw85hdKrCEVN\n0FE6/V1dN2RMfjCyVSRCnTawXZwXgWHxyvkQAiSr6w10kY17RSlQOYiypok1JR4U\nakcjMS9cmvqtmg5iUaQqqcT5NJ0hGA==\n-----END CERTIFICATE-----\n",
                "is_ca": true,
                "issuer": "CN=Starfield Services Root Certificate Authority - G2,O=Starfield Technologies\\, Inc.,L=Scottsdale,ST=Arizona,C=US",
                "not_after": "2037-12-31T01:00:00Z",
                "not_before": "2015-05-25T12:00:00Z",
                "public_key_algorithm": "RSA",
                "serial_number": "144918191876577076464031512351042010504348870",
                "sha1_fingerprint": "06b25927c42a721631c1efd9431e648fa62e1e39",
                "signature_algorithm": "SHA256-RSA",
                "subject": "CN=Amazon Root CA 1,O=Amazon,C=US",
                "version": 3
              },
              {
                "cert_pem": "-----BEGIN CERTIFICATE-----\nMIIEXjCCA0agAwIBAgITB3MSSkvL1E7HtTvq8ZSELToPoTANBgkqhkiG9w0BAQsF\nADA5MQswCQYDVQQGEwJVUzEPMA0GA1UEChMGQW1hem9uMRkwFwYDVQQDExBBbWF6\nb24gUm9vdCBDQSAxMB4XDTIyMDgyMzIyMjUzMFoXDTMwMDgyMzIyMjUzMFowPDEL\nMAkGA1UEBhMCVVMxDzANBgNVBAoTBkFtYXpvbjEcMBoGA1UEAxMTQW1hem9uIFJT\nQSAyMDQ4IE0wMjCCASIwDQYJKoZIhvcNAQEBBQADggEPADCCAQoCggEBALtDGMZa\nqHneKei1by6+pUPPLljTB143Si6VpEWPc6mSkFhZb/6qrkZyoHlQLbDYnI2D7hD0\nsdzEqfnuAjIsuXQLG3A8TvX6V3oFNBFVe8NlLJHvBseKY88saLwufxkZVwk74g4n\nWlNMXzla9Y5F3wwRHwMVH443xGz6UtGSZSqQ94eFx5X7Tlqt8whi8qCaKdZ5rNak\n+r9nUThOeClqFd4oXych//Rc7Y0eX1KNWHYSI1Nk31mYgiK3JvH063g+K9tHA63Z\neTgKgndlh+WI+zv7i44HepRZjA1FYwYZ9Vv/9UkC5Yz8/yU65fgjaE+wVHM4e/Yy\nC2osrPWE7gJ+dXMCAwEAAaOCAVowggFWMBIGA1UdEwEB/wQIMAYBAf8CAQAwDgYD\nVR0PAQH/BAQDAgGGMB0GA1UdJQQWMBQGCCsGAQUFBwMBBggrBgEFBQcDAjAdBgNV\nHQ4EFgQUwDFSzVpQw4J8dHHOy+mc+XrrguIwHwYDVR0jBBgwFoAUhBjMhTTsvAyU\nlC4IWZzHshBOCggwewYIKwYBBQUHAQEEbzBtMC8GCCsGAQUFBzABhiNodHRwOi8v\nb2NzcC5yb290Y2ExLmFtYXpvbnRydXN0LmNvbTA6BggrBgEFBQcwAoYuaHR0cDov\nL2NydC5yb290Y2ExLmFtYXpvbnRydXN0LmNvbS9yb290Y2ExLmNlcjA/BgNVHR8E\nODA2MDSgMqAwhi5odHRwOi8vY3JsLnJvb3RjYTEuYW1hem9udHJ1c3QuY29tL3Jv\nb3RjYTEuY3JsMBMGA1UdIAQMMAowCAYGZ4EMAQIBMA0GCSqGSIb3DQEBCwUAA4IB\nAQAtTi6Fs0Azfi+iwm7jrz+CSxHH+uHl7Law3MQSXVtR8RV53PtR6r/6gNpqlzdo\nZq4FKbADi1v9Bun8RY8D51uedRfjsbeodizeBB8nXmeyD33Ep7VATj4ozcd31YFV\nfgRhvTSxNrrTlNpWkUk0m3BMPv8sg381HhA6uEYokE5q9uws/3YkKqRiEz3TsaWm\nJqIRZhMbgAfp7O7FUwFIb7UIspogZSKxPIWJpxiPo3TcBambbVtQOcNRWz5qCQdD\nslI2yayq0n2TXoHyNCLEH8rpsJRVILFsg0jc7BaFrMnF462+ajSehgj12IidNeRN\n4zl+EoNaWdpnWndvSpAEkq2P\n-----END CERTIFICATE-----\n",
                "is_ca": true,
                "issuer": "CN=Amazon Root CA 1,O=Amazon,C=US",
                "not_after": "2030-08-23T22:25:30Z",
                "not_before": "2022-08-23T22:25:30Z",
                "public_key_algorithm": "RSA",
                "serial_number": "166129353110899469622597955040406457904926625",
                "sha1_fingerprint": "414a2060b738c635cc7fc243e052615592830c53",
                "signature_algorithm": "SHA256-RSA",
                "subject": "CN=Amazon RSA 2048 M02,O=Amazon,C=US",
                "version": 3
              },
              {
                "cert_pem": "-----BEGIN CERTIFICATE-----\nMIIF5TCCBM2gAwIBAgIQCJL9XGbawpZ6IsGGvDqdyDANBgkqhkiG9w0BAQsFADA8\nMQswCQYDVQQGEwJVUzEPMA0GA1UEChMGQW1hem9uMRwwGgYDVQQDExNBbWF6b24g\nUlNBIDIwNDggTTAyMB4XDTI0MDMyODAwMDAwMFoXDTI1MDQyNjIzNTk1OVowKDEm\nMCQGA1UEAwwdKi5la3MudXMtZWFzdC0xLmFtYXpvbmF3cy5jb20wggEiMA0GCSqG\nSIb3DQEBAQUAA4IBDwAwggEKAoIBAQC4iVpgxjgOmMKdC2tYTHa9yzuuLdYCjpC6\nxN1VgI71uTiSxUGf6R3N/Rdk5vjz2COu3fsVgMh6cCpqrPlxU/5uP0/DFfQGdVxB\nbZ4vYRC9jIbgyKmwqOEJMD/9B3iGHz3KpBpnXDcuulqWsCtuuqxjnMLL4h1UdOeA\nPNwhOyQxKMHl+LfrCZeCuehKch+XM/8lhdKgYyLp8o1Nm7IsNG1aN6iNoZ6rxEyU\nVw6fV+pZDaIrxkYf7unQrAfUWR122pXGzWRtv5VGZLjrci8ev4ZpgGViIzb2LOqT\nFm8gde6aURlAm4uMDFzmZ/iOqEV+52vO9Z0E6Yo5M3dJZqQo7uUpAgMBAAGjggL1\nMIIC8TAfBgNVHSMEGDAWgBTAMVLNWlDDgnx0cc7L6Zz5euuC4jAdBgNVHQ4EFgQU\nhG1ZDKa76htLZVXP+E3P3GnYHjEwKAYDVR0RBCEwH4IdKi5la3MudXMtZWFzdC0x\nLmFtYXpvbmF3cy5jb20wEwYDVR0gBAwwCjAIBgZngQwBAgEwDgYDVR0PAQH/BAQD\nAgWgMB0GA1UdJQQWMBQGCCsGAQUFBwMBBggrBgEFBQcDAjA7BgNVHR8ENDAyMDCg\nLqAshipodHRwOi8vY3JsLnIybTAyLmFtYXpvbnRydXN0LmNvbS9yMm0wMi5jcmww\ndQYIKwYBBQUHAQEEaTBnMC0GCCsGAQUFBzABhiFodHRwOi8vb2NzcC5yMm0wMi5h\nbWF6b250cnVzdC5jb20wNgYIKwYBBQUHMAKGKmh0dHA6Ly9jcnQucjJtMDIuYW1h\nem9udHJ1c3QuY29tL3IybTAyLmNlcjAMBgNVHRMBAf8EAjAAMIIBfQYKKwYBBAHW\neQIEAgSCAW0EggFpAWcAdgDPEVbu1S58r/OHW9lpLpvpGnFnSrAX7KwB0lt3zsw7\nCAAAAY6HAoTcAAAEAwBHMEUCIHI392+k5Ds777nM4CwNr+xjjCr49CQ/vHIJDZJX\nokM7AiEA++VPDyyMLijPy0GR8ZBIvAcrYbjfJXTF3GkizeJLVJIAdgB9WR4S4Xgq\nexxhZ3xe/fjQh1wUoE6VnrkDL9kOjC55uAAAAY6HAoTeAAAEAwBHMEUCICBkhMaf\n9gdR3bCbLxXFbHNEXUh7t3P/SxaUKDcE6UmIAiEA25zZ9aBt/mrhDcMc155V8qnw\nadTEqttLdP4XMEmMsPAAdQDm0jFjQHeMwRBBBtdxuc7B0kD2loSG+7qHMh39HjeO\nUAAAAY6HAoTxAAAEAwBGMEQCIFFF4kpqcNgHFzRi2cnL4HbNApZlnlc+Re9IyYXi\nCldqAiBkZUgs12iu2uWGU97VUAICt2+zZkhjUV3i+O3kYh1yrTANBgkqhkiG9w0B\nAQsFAAOCAQEAWY5OxR7rWtYFS09xAYYIHlBF7wdUxQH60zi/IqAHZIRCFI1xHdsJ\n0BUv30lLyiGtVr4DheBo81/IErBRpXmSkdoDJA+5d/Jz3EFtbrVogjESALAgBfSG\nuJX0QLshjyTl9O2r00qkxIhbKmSPSl9JQVxqt2jTaB6pD3SjWX6U+l397Ns1L6pI\nb1418oVo7LeHwEeEx6APMIyjzlfcXdCHA6lVKeiNF8SH+QW+h6ZOpGXJIU6llBjg\nWAhscqrGRj1APpuKWGVkVCweAjIOcEuWV8Fqmfp1h9jmeUkG6SoBifrl41PvhK0o\nqQ3LlAF6Op6n7JLa2rlXkf6LienZDVlSuQ==\n-----END CERTIFICATE-----\n",
                "is_ca": false,
                "issuer": "CN=Amazon RSA 2048 M02,O=Amazon,C=US",
                "not_after": "2025-04-26T23:59:59Z",
                "not_before": "2024-03-28T00:00:00Z",
                "public_key_algorithm": "RSA",
                "serial_number": "11397038078078022747295509550808604104",
                "sha1_fingerprint": "9451ad2b53c7f41fab22886cc07d482085336561",
                "signature_algorithm": "SHA256-RSA",
                "subject": "CN=*.eks.us-east-1.amazonaws.com",
                "version": 3
              }
            ],
            "content": null,
            "id": "99d41e43229a4cdaf4141f3e8310e6d95c31dab9",
            "url": "https://oidc.eks.us-east-1.amazonaws.com/id/935501259126D0BC3D41C8B599B6A173",
            "verify_chain": true
          },
          "sensitive_attributes": []
        }
      ]
    },
    {
      "module": "module.eks",
      "mode": "managed",
      "type": "aws_cloudwatch_log_group",
      "name": "this",
      "provider": "provider[\"registry.terraform.io/hashicorp/aws\"]",
      "instances": [
        {
          "index_key": 0,
          "schema_version": 0,
          "attributes": {
            "arn": "arn:aws:logs:us-east-1:132172135366:log-group:/aws/eks/demo-cluster/cluster",
            "id": "/aws/eks/demo-cluster/cluster",
            "kms_key_id": "",
            "log_group_class": "STANDARD",
            "name": "/aws/eks/demo-cluster/cluster",
            "name_prefix": "",
            "retention_in_days": 90,
            "skip_destroy": false,
            "tags": {
              "DevtedsOrg": "Devteds Courses",
              "DevtedsStack": "demo-cluster",
              "DevtedsStackName": "EKS",
              "Name": "/aws/eks/demo-cluster/cluster",
              "kubernetes.io/cluster/demo-cluster": "shared"
            },
            "tags_all": {
              "DevtedsOrg": "Devteds Courses",
              "DevtedsStack": "demo-cluster",
              "DevtedsStackName": "EKS",
              "Name": "/aws/eks/demo-cluster/cluster",
              "kubernetes.io/cluster/demo-cluster": "shared"
            }
          },
          "sensitive_attributes": [],
          "private": "bnVsbA==",
          "create_before_destroy": true
        }
      ]
    },
    {
      "module": "module.eks",
      "mode": "managed",
      "type": "aws_ec2_tag",
      "name": "cluster_primary_security_group",
      "provider": "provider[\"registry.terraform.io/hashicorp/aws\"]",
      "instances": [
        {
          "index_key": "DevtedsOrg",
          "schema_version": 0,
          "attributes": {
            "id": "sg-08d8e1661499a45dc,DevtedsOrg",
            "key": "DevtedsOrg",
            "resource_id": "sg-08d8e1661499a45dc",
            "value": "Devteds Courses"
          },
          "sensitive_attributes": [],
          "private": "bnVsbA==",
          "dependencies": [
            "data.terraform_remote_state.vpc",
            "module.eks.aws_cloudwatch_log_group.this",
            "module.eks.aws_eks_cluster.this",
            "module.eks.aws_iam_policy.cni_ipv6_policy",
            "module.eks.aws_iam_role.this",
            "module.eks.aws_iam_role_policy_attachment.this",
            "module.eks.aws_security_group.cluster",
            "module.eks.aws_security_group.node",
            "module.eks.aws_security_group_rule.cluster",
            "module.eks.aws_security_group_rule.node",
            "module.eks.data.aws_caller_identity.current",
            "module.eks.data.aws_iam_policy_document.assume_role_policy",
            "module.eks.data.aws_iam_policy_document.cni_ipv6_policy",
            "module.eks.data.aws_iam_session_context.current",
            "module.eks.data.aws_partition.current",
            "module.eks.module.kms.aws_kms_external_key.this",
            "module.eks.module.kms.aws_kms_key.this",
            "module.eks.module.kms.aws_kms_replica_external_key.this",
            "module.eks.module.kms.aws_kms_replica_key.this",
            "module.eks.module.kms.data.aws_caller_identity.current",
            "module.eks.module.kms.data.aws_iam_policy_document.this",
            "module.eks.module.kms.data.aws_partition.current"
          ]
        },
        {
          "index_key": "DevtedsStack",
          "schema_version": 0,
          "attributes": {
            "id": "sg-08d8e1661499a45dc,DevtedsStack",
            "key": "DevtedsStack",
            "resource_id": "sg-08d8e1661499a45dc",
            "value": "demo-cluster"
          },
          "sensitive_attributes": [],
          "private": "bnVsbA==",
          "dependencies": [
            "data.terraform_remote_state.vpc",
            "module.eks.aws_cloudwatch_log_group.this",
            "module.eks.aws_eks_cluster.this",
            "module.eks.aws_iam_policy.cni_ipv6_policy",
            "module.eks.aws_iam_role.this",
            "module.eks.aws_iam_role_policy_attachment.this",
            "module.eks.aws_security_group.cluster",
            "module.eks.aws_security_group.node",
            "module.eks.aws_security_group_rule.cluster",
            "module.eks.aws_security_group_rule.node",
            "module.eks.data.aws_caller_identity.current",
            "module.eks.data.aws_iam_policy_document.assume_role_policy",
            "module.eks.data.aws_iam_policy_document.cni_ipv6_policy",
            "module.eks.data.aws_iam_session_context.current",
            "module.eks.data.aws_partition.current",
            "module.eks.module.kms.aws_kms_external_key.this",
            "module.eks.module.kms.aws_kms_key.this",
            "module.eks.module.kms.aws_kms_replica_external_key.this",
            "module.eks.module.kms.aws_kms_replica_key.this",
            "module.eks.module.kms.data.aws_caller_identity.current",
            "module.eks.module.kms.data.aws_iam_policy_document.this",
            "module.eks.module.kms.data.aws_partition.current"
          ]
        },
        {
          "index_key": "DevtedsStackName",
          "schema_version": 0,
          "attributes": {
            "id": "sg-08d8e1661499a45dc,DevtedsStackName",
            "key": "DevtedsStackName",
            "resource_id": "sg-08d8e1661499a45dc",
            "value": "EKS"
          },
          "sensitive_attributes": [],
          "private": "bnVsbA==",
          "dependencies": [
            "data.terraform_remote_state.vpc",
            "module.eks.aws_cloudwatch_log_group.this",
            "module.eks.aws_eks_cluster.this",
            "module.eks.aws_iam_policy.cni_ipv6_policy",
            "module.eks.aws_iam_role.this",
            "module.eks.aws_iam_role_policy_attachment.this",
            "module.eks.aws_security_group.cluster",
            "module.eks.aws_security_group.node",
            "module.eks.aws_security_group_rule.cluster",
            "module.eks.aws_security_group_rule.node",
            "module.eks.data.aws_caller_identity.current",
            "module.eks.data.aws_iam_policy_document.assume_role_policy",
            "module.eks.data.aws_iam_policy_document.cni_ipv6_policy",
            "module.eks.data.aws_iam_session_context.current",
            "module.eks.data.aws_partition.current",
            "module.eks.module.kms.aws_kms_external_key.this",
            "module.eks.module.kms.aws_kms_key.this",
            "module.eks.module.kms.aws_kms_replica_external_key.this",
            "module.eks.module.kms.aws_kms_replica_key.this",
            "module.eks.module.kms.data.aws_caller_identity.current",
            "module.eks.module.kms.data.aws_iam_policy_document.this",
            "module.eks.module.kms.data.aws_partition.current"
          ]
        },
        {
          "index_key": "kubernetes.io/cluster/demo-cluster",
          "schema_version": 0,
          "attributes": {
            "id": "sg-08d8e1661499a45dc,kubernetes.io/cluster/demo-cluster",
            "key": "kubernetes.io/cluster/demo-cluster",
            "resource_id": "sg-08d8e1661499a45dc",
            "value": "shared"
          },
          "sensitive_attributes": [],
          "private": "bnVsbA==",
          "dependencies": [
            "data.terraform_remote_state.vpc",
            "module.eks.aws_cloudwatch_log_group.this",
            "module.eks.aws_eks_cluster.this",
            "module.eks.aws_iam_policy.cni_ipv6_policy",
            "module.eks.aws_iam_role.this",
            "module.eks.aws_iam_role_policy_attachment.this",
            "module.eks.aws_security_group.cluster",
            "module.eks.aws_security_group.node",
            "module.eks.aws_security_group_rule.cluster",
            "module.eks.aws_security_group_rule.node",
            "module.eks.data.aws_caller_identity.current",
            "module.eks.data.aws_iam_policy_document.assume_role_policy",
            "module.eks.data.aws_iam_policy_document.cni_ipv6_policy",
            "module.eks.data.aws_iam_session_context.current",
            "module.eks.data.aws_partition.current",
            "module.eks.module.kms.aws_kms_external_key.this",
            "module.eks.module.kms.aws_kms_key.this",
            "module.eks.module.kms.aws_kms_replica_external_key.this",
            "module.eks.module.kms.aws_kms_replica_key.this",
            "module.eks.module.kms.data.aws_caller_identity.current",
            "module.eks.module.kms.data.aws_iam_policy_document.this",
            "module.eks.module.kms.data.aws_partition.current"
          ]
        }
      ]
    },
    {
      "module": "module.eks",
      "mode": "managed",
      "type": "aws_eks_access_entry",
      "name": "this",
      "provider": "provider[\"registry.terraform.io/hashicorp/aws\"]",
      "instances": [
        {
          "index_key": "cluster_creator",
          "schema_version": 0,
          "attributes": {
            "access_entry_arn": "arn:aws:eks:us-east-1:132172135366:access-entry/demo-cluster/user/132172135366/k8suser/dcc91f18-4468-aaaa-6599-fb8d58b3ea17",
            "cluster_name": "demo-cluster",
            "created_at": "2024-09-29T14:30:21Z",
            "id": "demo-cluster:arn:aws:iam::132172135366:user/k8suser",
            "kubernetes_groups": [],
            "modified_at": "2024-09-29T14:30:21Z",
            "principal_arn": "arn:aws:iam::132172135366:user/k8suser",
            "tags": {
              "DevtedsOrg": "Devteds Courses",
              "DevtedsStack": "demo-cluster",
              "DevtedsStackName": "EKS",
              "kubernetes.io/cluster/demo-cluster": "shared"
            },
            "tags_all": {
              "DevtedsOrg": "Devteds Courses",
              "DevtedsStack": "demo-cluster",
              "DevtedsStackName": "EKS",
              "kubernetes.io/cluster/demo-cluster": "shared"
            },
            "timeouts": null,
            "type": "STANDARD",
            "user_name": "arn:aws:iam::132172135366:user/k8suser"
          },
          "sensitive_attributes": [],
          "private": "eyJlMmJmYjczMC1lY2FhLTExZTYtOGY4OC0zNDM2M2JjN2M0YzAiOnsiY3JlYXRlIjo2MDAwMDAwMDAwMDAsImRlbGV0ZSI6NjAwMDAwMDAwMDAwfX0=",
          "dependencies": [
            "data.terraform_remote_state.vpc",
            "module.eks.aws_cloudwatch_log_group.this",
            "module.eks.aws_eks_cluster.this",
            "module.eks.aws_iam_policy.cni_ipv6_policy",
            "module.eks.aws_iam_role.this",
            "module.eks.aws_iam_role_policy_attachment.this",
            "module.eks.aws_security_group.cluster",
            "module.eks.aws_security_group.node",
            "module.eks.aws_security_group_rule.cluster",
            "module.eks.aws_security_group_rule.node",
            "module.eks.data.aws_caller_identity.current",
            "module.eks.data.aws_iam_policy_document.assume_role_policy",
            "module.eks.data.aws_iam_policy_document.cni_ipv6_policy",
            "module.eks.data.aws_iam_session_context.current",
            "module.eks.data.aws_partition.current",
            "module.eks.module.kms.aws_kms_external_key.this",
            "module.eks.module.kms.aws_kms_key.this",
            "module.eks.module.kms.aws_kms_replica_external_key.this",
            "module.eks.module.kms.aws_kms_replica_key.this",
            "module.eks.module.kms.data.aws_caller_identity.current",
            "module.eks.module.kms.data.aws_iam_policy_document.this",
            "module.eks.module.kms.data.aws_partition.current"
          ]
        }
      ]
    },
    {
      "module": "module.eks",
      "mode": "managed",
      "type": "aws_eks_access_policy_association",
      "name": "this",
      "provider": "provider[\"registry.terraform.io/hashicorp/aws\"]",
      "instances": [
        {
          "index_key": "cluster_creator_admin",
          "schema_version": 0,
          "attributes": {
            "access_scope": [
              {
                "namespaces": null,
                "type": "cluster"
              }
            ],
            "associated_at": "2024-09-29 14:30:22.362 +0000 UTC",
            "cluster_name": "demo-cluster",
            "id": "demo-cluster#arn:aws:iam::132172135366:user/k8suser#arn:aws:eks::aws:cluster-access-policy/AmazonEKSClusterAdminPolicy",
            "modified_at": "2024-09-29 14:30:22.362 +0000 UTC",
            "policy_arn": "arn:aws:eks::aws:cluster-access-policy/AmazonEKSClusterAdminPolicy",
            "principal_arn": "arn:aws:iam::132172135366:user/k8suser",
            "timeouts": null
          },
          "sensitive_attributes": [],
          "private": "eyJlMmJmYjczMC1lY2FhLTExZTYtOGY4OC0zNDM2M2JjN2M0YzAiOnsiY3JlYXRlIjo2MDAwMDAwMDAwMDAsImRlbGV0ZSI6NjAwMDAwMDAwMDAwfX0=",
          "dependencies": [
            "data.terraform_remote_state.vpc",
            "module.eks.aws_cloudwatch_log_group.this",
            "module.eks.aws_eks_access_entry.this",
            "module.eks.aws_eks_cluster.this",
            "module.eks.aws_iam_policy.cni_ipv6_policy",
            "module.eks.aws_iam_role.this",
            "module.eks.aws_iam_role_policy_attachment.this",
            "module.eks.aws_security_group.cluster",
            "module.eks.aws_security_group.node",
            "module.eks.aws_security_group_rule.cluster",
            "module.eks.aws_security_group_rule.node",
            "module.eks.data.aws_caller_identity.current",
            "module.eks.data.aws_iam_policy_document.assume_role_policy",
            "module.eks.data.aws_iam_policy_document.cni_ipv6_policy",
            "module.eks.data.aws_iam_session_context.current",
            "module.eks.data.aws_partition.current",
            "module.eks.module.kms.aws_kms_external_key.this",
            "module.eks.module.kms.aws_kms_key.this",
            "module.eks.module.kms.aws_kms_replica_external_key.this",
            "module.eks.module.kms.aws_kms_replica_key.this",
            "module.eks.module.kms.data.aws_caller_identity.current",
            "module.eks.module.kms.data.aws_iam_policy_document.this",
            "module.eks.module.kms.data.aws_partition.current"
          ]
        }
      ]
    },
    {
      "module": "module.eks",
      "mode": "managed",
      "type": "aws_eks_cluster",
      "name": "this",
      "provider": "provider[\"registry.terraform.io/hashicorp/aws\"]",
      "instances": [
        {
          "index_key": 0,
          "schema_version": 1,
          "attributes": {
            "access_config": [
              {
                "authentication_mode": "API_AND_CONFIG_MAP",
                "bootstrap_cluster_creator_admin_permissions": false
              }
            ],
            "arn": "arn:aws:eks:us-east-1:132172135366:cluster/demo-cluster",
            "bootstrap_self_managed_addons": true,
            "certificate_authority": [
              {
                "data": "LS0tLS1CRUdJTiBDRVJUSUZJQ0FURS0tLS0tCk1JSURCVENDQWUyZ0F3SUJBZ0lJZklLQUZMNHdOeFl3RFFZSktvWklodmNOQVFFTEJRQXdGVEVUTUJFR0ExVUUKQXhNS2EzVmlaWEp1WlhSbGN6QWVGdzB5TkRBNU1qa3hOREl3TVRsYUZ3MHpOREE1TWpjeE5ESTFNVGxhTUJVeApFekFSQmdOVkJBTVRDbXQxWW1WeWJtVjBaWE13Z2dFaU1BMEdDU3FHU0liM0RRRUJBUVVBQTRJQkR3QXdnZ0VLCkFvSUJBUURoWllCTWhsZmI0OWhnWDM3UlREeGJuN240WDFsK00wVjdxbnBsNHRnUjhudnZrU3hvNjdaNFROakkKdWdZY0F4M1ZLYUJwQnVKdnBjallPclM5VG1uUDZOTCtmcVgwZ3BhWWx6c09DYmlJQkRsOW96QWpDOFppWFJnYwp4MEpYTjBsQ0FiZkh2cDdZZjQ4TTBLU1p0RWxFci9BN3QzaDRXQVZMSldGSEFEaUVnbkNjQ2QyalVLT2MrcUdXCkc1M1VoZDZJOFBHZUlxMWNZZWpxcFZmT2d2VFA1N3JacVZOdGRrTzEwZDZCRmk4Myt2azd6aGNKUDNTN1VMdW8KM05iM1RHOVQvRjhOdUNRRm4vM3BOMCt3V3hrNkhUWjFlTXhLWUtZMWhleUtrTFBJd3ZZa0ZzdW5lbDk0R1hhTQovNXd0S3dPZXYyTlEvbmRoLy9TKy90a2JvZ2ZSQWdNQkFBR2pXVEJYTUE0R0ExVWREd0VCL3dRRUF3SUNwREFQCkJnTlZIUk1CQWY4RUJUQURBUUgvTUIwR0ExVWREZ1FXQkJUT2g0RVpxM3ZLUk9DR0g5Q0VDWko1L0ZvaThUQVYKQmdOVkhSRUVEakFNZ2dwcmRXSmxjbTVsZEdWek1BMEdDU3FHU0liM0RRRUJDd1VBQTRJQkFRQWx2RFowT043ZQpyVXdia01uWkcwQXF5eXJmdm5VelhIbjdSN3YxRzlJRlpCcy9seGo0anpUZ2ludlM2aWNHMUkyTFJkNlUyd0ZPCitiUXZOc0ZxelVGWWd3Q1JNQ2Z2Qzc3cXBFMmNTTG5CanRhT1lrVXdxSjJzZzE5aUM0MjMzdnlVcTJDYzVmQ2YKUzhndjNoWWRqK0FVQUxlZmR6eWdJckF0M1hXNlNoeFZSSG9POENWanhQWUsyWGhKa3d6ZUVkMUVSUm84ZlV4Zgp0VUZqbzNhYjllSkRBbE1kS245NzVYZ1MvRUxrUFVZWDdYT3poYUltaXBtUGpIVEd6eE5MdFJtNEdjdTRldjgrCjBLNDV3cDlHMy9DQzg4VldjM2g4NFFaOHZLYnJDQ3VUSk5CaExtUTJiMUdUS2dUTHVmVTlZZ3oyMUZQN1hHU3kKZXNDeWVYOTVRNDZICi0tLS0tRU5EIENFUlRJRklDQVRFLS0tLS0K"
              }
            ],
            "cluster_id": null,
            "created_at": "2024-09-29T14:20:35Z",
            "enabled_cluster_log_types": [
              "api",
              "audit",
              "authenticator"
            ],
            "encryption_config": [],
            "endpoint": "https://935501259126D0BC3D41C8B599B6A173.gr7.us-east-1.eks.amazonaws.com",
            "id": "demo-cluster",
            "identity": [
              {
                "oidc": [
                  {
                    "issuer": "https://oidc.eks.us-east-1.amazonaws.com/id/935501259126D0BC3D41C8B599B6A173"
                  }
                ]
              }
            ],
            "kubernetes_network_config": [
              {
                "ip_family": "ipv4",
                "service_ipv4_cidr": "172.20.0.0/16",
                "service_ipv6_cidr": ""
              }
            ],
            "name": "demo-cluster",
            "outpost_config": [],
            "platform_version": "eks.13",
            "role_arn": "arn:aws:iam::132172135366:role/demo-cluster-cluster-20240929142025236000000003",
            "status": "ACTIVE",
            "tags": {
              "DevtedsOrg": "Devteds Courses",
              "DevtedsStack": "demo-cluster",
              "DevtedsStackName": "EKS",
              "kubernetes.io/cluster/demo-cluster": "shared",
              "terraform-aws-modules": "eks"
            },
            "tags_all": {
              "DevtedsOrg": "Devteds Courses",
              "DevtedsStack": "demo-cluster",
              "DevtedsStackName": "EKS",
              "kubernetes.io/cluster/demo-cluster": "shared",
              "terraform-aws-modules": "eks"
            },
            "timeouts": {
              "create": null,
              "delete": null,
              "update": null
            },
            "upgrade_policy": [
              {
                "support_type": "EXTENDED"
              }
            ],
            "version": "1.29",
            "vpc_config": [
              {
                "cluster_security_group_id": "sg-08d8e1661499a45dc",
                "endpoint_private_access": true,
                "endpoint_public_access": true,
                "public_access_cidrs": [
                  "0.0.0.0/0"
                ],
                "security_group_ids": [
                  "sg-03757b59842da5a5c"
                ],
                "subnet_ids": [
                  "subnet-014a2ef90df4dd1c9",
                  "subnet-021a6b127d59590d2",
                  "subnet-060c32d6082d6ce23"
                ],
                "vpc_id": "vpc-07c7ca8b889cfa29c"
              }
            ]
          },
          "sensitive_attributes": [],
          "private": "eyJlMmJmYjczMC1lY2FhLTExZTYtOGY4OC0zNDM2M2JjN2M0YzAiOnsiY3JlYXRlIjoxODAwMDAwMDAwMDAwLCJkZWxldGUiOjkwMDAwMDAwMDAwMCwidXBkYXRlIjozNjAwMDAwMDAwMDAwfSwic2NoZW1hX3ZlcnNpb24iOiIxIn0=",
          "dependencies": [
            "data.terraform_remote_state.vpc",
            "module.eks.aws_cloudwatch_log_group.this",
            "module.eks.aws_iam_policy.cni_ipv6_policy",
            "module.eks.aws_iam_role.this",
            "module.eks.aws_iam_role_policy_attachment.this",
            "module.eks.aws_security_group.cluster",
            "module.eks.aws_security_group.node",
            "module.eks.aws_security_group_rule.cluster",
            "module.eks.aws_security_group_rule.node",
            "module.eks.data.aws_caller_identity.current",
            "module.eks.data.aws_iam_policy_document.assume_role_policy",
            "module.eks.data.aws_iam_policy_document.cni_ipv6_policy",
            "module.eks.data.aws_iam_session_context.current",
            "module.eks.data.aws_partition.current",
            "module.eks.module.kms.aws_kms_external_key.this",
            "module.eks.module.kms.aws_kms_key.this",
            "module.eks.module.kms.aws_kms_replica_external_key.this",
            "module.eks.module.kms.aws_kms_replica_key.this",
            "module.eks.module.kms.data.aws_caller_identity.current",
            "module.eks.module.kms.data.aws_iam_policy_document.this",
            "module.eks.module.kms.data.aws_partition.current"
          ],
          "create_before_destroy": true
        }
      ]
    },
    {
      "module": "module.eks",
      "mode": "managed",
      "type": "aws_iam_openid_connect_provider",
      "name": "oidc_provider",
      "provider": "provider[\"registry.terraform.io/hashicorp/aws\"]",
      "instances": [
        {
          "index_key": 0,
          "schema_version": 0,
          "attributes": {
            "arn": "arn:aws:iam::132172135366:oidc-provider/oidc.eks.us-east-1.amazonaws.com/id/935501259126D0BC3D41C8B599B6A173",
            "client_id_list": [
              "sts.amazonaws.com"
            ],
            "id": "arn:aws:iam::132172135366:oidc-provider/oidc.eks.us-east-1.amazonaws.com/id/935501259126D0BC3D41C8B599B6A173",
            "tags": {
              "DevtedsOrg": "Devteds Courses",
              "DevtedsStack": "demo-cluster",
              "DevtedsStackName": "EKS",
              "Name": "demo-cluster-eks-irsa",
              "kubernetes.io/cluster/demo-cluster": "shared"
            },
            "tags_all": {
              "DevtedsOrg": "Devteds Courses",
              "DevtedsStack": "demo-cluster",
              "DevtedsStackName": "EKS",
              "Name": "demo-cluster-eks-irsa",
              "kubernetes.io/cluster/demo-cluster": "shared"
            },
            "thumbprint_list": [
              "9e99a48a9960b14926bb7f3b02e22da2b0ab7280"
            ],
            "url": "oidc.eks.us-east-1.amazonaws.com/id/935501259126D0BC3D41C8B599B6A173"
          },
          "sensitive_attributes": [],
          "private": "bnVsbA==",
          "dependencies": [
            "data.terraform_remote_state.vpc",
            "module.eks.aws_cloudwatch_log_group.this",
            "module.eks.aws_eks_cluster.this",
            "module.eks.aws_iam_policy.cni_ipv6_policy",
            "module.eks.aws_iam_role.this",
            "module.eks.aws_iam_role_policy_attachment.this",
            "module.eks.aws_security_group.cluster",
            "module.eks.aws_security_group.node",
            "module.eks.aws_security_group_rule.cluster",
            "module.eks.aws_security_group_rule.node",
            "module.eks.data.aws_caller_identity.current",
            "module.eks.data.aws_iam_policy_document.assume_role_policy",
            "module.eks.data.aws_iam_policy_document.cni_ipv6_policy",
            "module.eks.data.aws_iam_session_context.current",
            "module.eks.data.aws_partition.current",
            "module.eks.data.tls_certificate.this",
            "module.eks.module.kms.aws_kms_external_key.this",
            "module.eks.module.kms.aws_kms_key.this",
            "module.eks.module.kms.aws_kms_replica_external_key.this",
            "module.eks.module.kms.aws_kms_replica_key.this",
            "module.eks.module.kms.data.aws_caller_identity.current",
            "module.eks.module.kms.data.aws_iam_policy_document.this",
            "module.eks.module.kms.data.aws_partition.current"
          ]
        }
      ]
    },
    {
      "module": "module.eks",
      "mode": "managed",
      "type": "aws_iam_role",
      "name": "this",
      "provider": "provider[\"registry.terraform.io/hashicorp/aws\"]",
      "instances": [
        {
          "index_key": 0,
          "schema_version": 0,
          "attributes": {
            "arn": "arn:aws:iam::132172135366:role/demo-cluster-cluster-20240929142025236000000003",
            "assume_role_policy": "{\"Statement\":[{\"Action\":\"sts:AssumeRole\",\"Effect\":\"Allow\",\"Principal\":{\"Service\":\"eks.amazonaws.com\"},\"Sid\":\"EKSClusterAssumeRole\"}],\"Version\":\"2012-10-17\"}",
            "create_date": "2024-09-29T14:20:25Z",
            "description": "",
            "force_detach_policies": true,
            "id": "demo-cluster-cluster-20240929142025236000000003",
            "inline_policy": [
              {
                "name": "demo-cluster-cluster",
                "policy": "{\"Version\":\"2012-10-17\",\"Statement\":[{\"Action\":[\"logs:CreateLogGroup\"],\"Effect\":\"Deny\",\"Resource\":\"*\"}]}"
              }
            ],
            "managed_policy_arns": [],
            "max_session_duration": 3600,
            "name": "demo-cluster-cluster-20240929142025236000000003",
            "name_prefix": "demo-cluster-cluster-",
            "path": "/",
            "permissions_boundary": "",
            "tags": {
              "DevtedsOrg": "Devteds Courses",
              "DevtedsStack": "demo-cluster",
              "DevtedsStackName": "EKS",
              "kubernetes.io/cluster/demo-cluster": "shared"
            },
            "tags_all": {
              "DevtedsOrg": "Devteds Courses",
              "DevtedsStack": "demo-cluster",
              "DevtedsStackName": "EKS",
              "kubernetes.io/cluster/demo-cluster": "shared"
            },
            "unique_id": "AROAR5RQSXPDCYCT7BH5S"
          },
          "sensitive_attributes": [],
          "private": "bnVsbA==",
          "dependencies": [
            "module.eks.data.aws_iam_policy_document.assume_role_policy"
          ],
          "create_before_destroy": true
        }
      ]
    },
    {
      "module": "module.eks",
      "mode": "managed",
      "type": "aws_iam_role_policy_attachment",
      "name": "this",
      "provider": "provider[\"registry.terraform.io/hashicorp/aws\"]",
      "instances": [
        {
          "index_key": "AmazonEKSClusterPolicy",
          "schema_version": 0,
          "attributes": {
            "id": "demo-cluster-cluster-20240929142025236000000003-2024092914202614660000000b",
            "policy_arn": "arn:aws:iam::aws:policy/AmazonEKSClusterPolicy",
            "role": "demo-cluster-cluster-20240929142025236000000003"
          },
          "sensitive_attributes": [],
          "private": "bnVsbA==",
          "dependencies": [
            "module.eks.aws_iam_role.this",
            "module.eks.data.aws_iam_policy_document.assume_role_policy",
            "module.eks.data.aws_partition.current"
          ],
          "create_before_destroy": true
        },
        {
          "index_key": "AmazonEKSVPCResourceController",
          "schema_version": 0,
          "attributes": {
            "id": "demo-cluster-cluster-20240929142025236000000003-2024092914202614650000000a",
            "policy_arn": "arn:aws:iam::aws:policy/AmazonEKSVPCResourceController",
            "role": "demo-cluster-cluster-20240929142025236000000003"
          },
          "sensitive_attributes": [],
          "private": "bnVsbA==",
          "dependencies": [
            "module.eks.aws_iam_role.this",
            "module.eks.data.aws_iam_policy_document.assume_role_policy",
            "module.eks.data.aws_partition.current"
          ],
          "create_before_destroy": true
        }
      ]
    },
    {
      "module": "module.eks",
      "mode": "managed",
      "type": "aws_security_group",
      "name": "cluster",
      "provider": "provider[\"registry.terraform.io/hashicorp/aws\"]",
      "instances": [
        {
          "index_key": 0,
          "schema_version": 1,
          "attributes": {
            "arn": "arn:aws:ec2:us-east-1:132172135366:security-group/sg-03757b59842da5a5c",
            "description": "EKS cluster security group",
            "egress": [],
            "id": "sg-03757b59842da5a5c",
            "ingress": [],
            "name": "demo-cluster-cluster-20240929142025233900000001",
            "name_prefix": "demo-cluster-cluster-",
            "owner_id": "132172135366",
            "revoke_rules_on_delete": false,
            "tags": {
              "DevtedsOrg": "Devteds Courses",
              "DevtedsStack": "demo-cluster",
              "DevtedsStackName": "EKS",
              "Name": "demo-cluster-cluster",
              "kubernetes.io/cluster/demo-cluster": "shared"
            },
            "tags_all": {
              "DevtedsOrg": "Devteds Courses",
              "DevtedsStack": "demo-cluster",
              "DevtedsStackName": "EKS",
              "Name": "demo-cluster-cluster",
              "kubernetes.io/cluster/demo-cluster": "shared"
            },
            "timeouts": null,
            "vpc_id": "vpc-07c7ca8b889cfa29c"
          },
          "sensitive_attributes": [],
          "private": "eyJlMmJmYjczMC1lY2FhLTExZTYtOGY4OC0zNDM2M2JjN2M0YzAiOnsiY3JlYXRlIjo2MDAwMDAwMDAwMDAsImRlbGV0ZSI6OTAwMDAwMDAwMDAwfSwic2NoZW1hX3ZlcnNpb24iOiIxIn0=",
          "dependencies": [
            "data.terraform_remote_state.vpc"
          ],
          "create_before_destroy": true
        }
      ]
    },
    {
      "module": "module.eks",
      "mode": "managed",
      "type": "aws_security_group",
      "name": "node",
      "provider": "provider[\"registry.terraform.io/hashicorp/aws\"]",
      "instances": [
        {
          "index_key": 0,
          "schema_version": 1,
          "attributes": {
            "arn": "arn:aws:ec2:us-east-1:132172135366:security-group/sg-0ae747dc17e7218d8",
            "description": "EKS node shared security group",
            "egress": [],
            "id": "sg-0ae747dc17e7218d8",
            "ingress": [],
            "name": "demo-cluster-node-20240929142025236100000004",
            "name_prefix": "demo-cluster-node-",
            "owner_id": "132172135366",
            "revoke_rules_on_delete": false,
            "tags": {
              "DevtedsOrg": "Devteds Courses",
              "DevtedsStack": "demo-cluster",
              "DevtedsStackName": "EKS",
              "Name": "demo-cluster-node",
              "kubernetes.io/cluster/demo-cluster": "owned"
            },
            "tags_all": {
              "DevtedsOrg": "Devteds Courses",
              "DevtedsStack": "demo-cluster",
              "DevtedsStackName": "EKS",
              "Name": "demo-cluster-node",
              "kubernetes.io/cluster/demo-cluster": "owned"
            },
            "timeouts": null,
            "vpc_id": "vpc-07c7ca8b889cfa29c"
          },
          "sensitive_attributes": [],
          "private": "eyJlMmJmYjczMC1lY2FhLTExZTYtOGY4OC0zNDM2M2JjN2M0YzAiOnsiY3JlYXRlIjo2MDAwMDAwMDAwMDAsImRlbGV0ZSI6OTAwMDAwMDAwMDAwfSwic2NoZW1hX3ZlcnNpb24iOiIxIn0=",
          "dependencies": [
            "data.terraform_remote_state.vpc"
          ],
          "create_before_destroy": true
        }
      ]
    },
    {
      "module": "module.eks",
      "mode": "managed",
      "type": "aws_security_group_rule",
      "name": "cluster",
      "provider": "provider[\"registry.terraform.io/hashicorp/aws\"]",
      "instances": [
        {
          "index_key": "ingress_nodes_443",
          "schema_version": 2,
          "attributes": {
            "cidr_blocks": null,
            "description": "Node groups to cluster API",
            "from_port": 443,
            "id": "sgrule-1639760428",
            "ipv6_cidr_blocks": null,
            "prefix_list_ids": null,
            "protocol": "tcp",
            "security_group_id": "sg-03757b59842da5a5c",
            "security_group_rule_id": "sgr-0b6eb9d69d166e60d",
            "self": false,
            "source_security_group_id": "sg-0ae747dc17e7218d8",
            "timeouts": null,
            "to_port": 443,
            "type": "ingress"
          },
          "sensitive_attributes": [],
          "private": "eyJlMmJmYjczMC1lY2FhLTExZTYtOGY4OC0zNDM2M2JjN2M0YzAiOnsiY3JlYXRlIjozMDAwMDAwMDAwMDB9LCJzY2hlbWFfdmVyc2lvbiI6IjIifQ==",
          "dependencies": [
            "data.terraform_remote_state.vpc",
            "module.eks.aws_security_group.cluster",
            "module.eks.aws_security_group.node"
          ],
          "create_before_destroy": true
        }
      ]
    },
    {
      "module": "module.eks",
      "mode": "managed",
      "type": "aws_security_group_rule",
      "name": "node",
      "provider": "provider[\"registry.terraform.io/hashicorp/aws\"]",
      "instances": [
        {
          "index_key": "egress_all",
          "schema_version": 2,
          "attributes": {
            "cidr_blocks": [
              "0.0.0.0/0"
            ],
            "description": "Allow all egress",
            "from_port": 0,
            "id": "sgrule-3940717627",
            "ipv6_cidr_blocks": null,
            "prefix_list_ids": [],
            "protocol": "-1",
            "security_group_id": "sg-0ae747dc17e7218d8",
            "security_group_rule_id": "sgr-09c04b1bd3a629d78",
            "self": false,
            "source_security_group_id": null,
            "timeouts": null,
            "to_port": 0,
            "type": "egress"
          },
          "sensitive_attributes": [],
          "private": "eyJlMmJmYjczMC1lY2FhLTExZTYtOGY4OC0zNDM2M2JjN2M0YzAiOnsiY3JlYXRlIjozMDAwMDAwMDAwMDB9LCJzY2hlbWFfdmVyc2lvbiI6IjIifQ==",
          "dependencies": [
            "data.terraform_remote_state.vpc",
            "module.eks.aws_security_group.cluster",
            "module.eks.aws_security_group.node"
          ],
          "create_before_destroy": true
        },
        {
          "index_key": "ingress_cluster_443",
          "schema_version": 2,
          "attributes": {
            "cidr_blocks": null,
            "description": "Cluster API to node groups",
            "from_port": 443,
            "id": "sgrule-105134303",
            "ipv6_cidr_blocks": null,
            "prefix_list_ids": [],
            "protocol": "tcp",
            "security_group_id": "sg-0ae747dc17e7218d8",
            "security_group_rule_id": "sgr-03747af4c8b97b8ae",
            "self": false,
            "source_security_group_id": "sg-03757b59842da5a5c",
            "timeouts": null,
            "to_port": 443,
            "type": "ingress"
          },
          "sensitive_attributes": [],
          "private": "eyJlMmJmYjczMC1lY2FhLTExZTYtOGY4OC0zNDM2M2JjN2M0YzAiOnsiY3JlYXRlIjozMDAwMDAwMDAwMDB9LCJzY2hlbWFfdmVyc2lvbiI6IjIifQ==",
          "dependencies": [
            "data.terraform_remote_state.vpc",
            "module.eks.aws_security_group.cluster",
            "module.eks.aws_security_group.node"
          ],
          "create_before_destroy": true
        },
        {
          "index_key": "ingress_cluster_4443_webhook",
          "schema_version": 2,
          "attributes": {
            "cidr_blocks": null,
            "description": "Cluster API to node 4443/tcp webhook",
            "from_port": 4443,
            "id": "sgrule-907457113",
            "ipv6_cidr_blocks": null,
            "prefix_list_ids": [],
            "protocol": "tcp",
            "security_group_id": "sg-0ae747dc17e7218d8",
            "security_group_rule_id": "sgr-0fda7b05d562e065e",
            "self": false,
            "source_security_group_id": "sg-03757b59842da5a5c",
            "timeouts": null,
            "to_port": 4443,
            "type": "ingress"
          },
          "sensitive_attributes": [],
          "private": "eyJlMmJmYjczMC1lY2FhLTExZTYtOGY4OC0zNDM2M2JjN2M0YzAiOnsiY3JlYXRlIjozMDAwMDAwMDAwMDB9LCJzY2hlbWFfdmVyc2lvbiI6IjIifQ==",
          "dependencies": [
            "data.terraform_remote_state.vpc",
            "module.eks.aws_security_group.cluster",
            "module.eks.aws_security_group.node"
          ],
          "create_before_destroy": true
        },
        {
          "index_key": "ingress_cluster_6443_webhook",
          "schema_version": 2,
          "attributes": {
            "cidr_blocks": null,
            "description": "Cluster API to node 6443/tcp webhook",
            "from_port": 6443,
            "id": "sgrule-4283749839",
            "ipv6_cidr_blocks": null,
            "prefix_list_ids": [],
            "protocol": "tcp",
            "security_group_id": "sg-0ae747dc17e7218d8",
            "security_group_rule_id": "sgr-03344ac1e9c4dc6a9",
            "self": false,
            "source_security_group_id": "sg-03757b59842da5a5c",
            "timeouts": null,
            "to_port": 6443,
            "type": "ingress"
          },
          "sensitive_attributes": [],
          "private": "eyJlMmJmYjczMC1lY2FhLTExZTYtOGY4OC0zNDM2M2JjN2M0YzAiOnsiY3JlYXRlIjozMDAwMDAwMDAwMDB9LCJzY2hlbWFfdmVyc2lvbiI6IjIifQ==",
          "dependencies": [
            "data.terraform_remote_state.vpc",
            "module.eks.aws_security_group.cluster",
            "module.eks.aws_security_group.node"
          ],
          "create_before_destroy": true
        },
        {
          "index_key": "ingress_cluster_8443_webhook",
          "schema_version": 2,
          "attributes": {
            "cidr_blocks": null,
            "description": "Cluster API to node 8443/tcp webhook",
            "from_port": 8443,
            "id": "sgrule-3960007150",
            "ipv6_cidr_blocks": null,
            "prefix_list_ids": [],
            "protocol": "tcp",
            "security_group_id": "sg-0ae747dc17e7218d8",
            "security_group_rule_id": "sgr-09ca2dec0b597403c",
            "self": false,
            "source_security_group_id": "sg-03757b59842da5a5c",
            "timeouts": null,
            "to_port": 8443,
            "type": "ingress"
          },
          "sensitive_attributes": [],
          "private": "eyJlMmJmYjczMC1lY2FhLTExZTYtOGY4OC0zNDM2M2JjN2M0YzAiOnsiY3JlYXRlIjozMDAwMDAwMDAwMDB9LCJzY2hlbWFfdmVyc2lvbiI6IjIifQ==",
          "dependencies": [
            "data.terraform_remote_state.vpc",
            "module.eks.aws_security_group.cluster",
            "module.eks.aws_security_group.node"
          ],
          "create_before_destroy": true
        },
        {
          "index_key": "ingress_cluster_9443_webhook",
          "schema_version": 2,
          "attributes": {
            "cidr_blocks": null,
            "description": "Cluster API to node 9443/tcp webhook",
            "from_port": 9443,
            "id": "sgrule-2292832805",
            "ipv6_cidr_blocks": null,
            "prefix_list_ids": [],
            "protocol": "tcp",
            "security_group_id": "sg-0ae747dc17e7218d8",
            "security_group_rule_id": "sgr-038e991a8670f2e8c",
            "self": false,
            "source_security_group_id": "sg-03757b59842da5a5c",
            "timeouts": null,
            "to_port": 9443,
            "type": "ingress"
          },
          "sensitive_attributes": [],
          "private": "eyJlMmJmYjczMC1lY2FhLTExZTYtOGY4OC0zNDM2M2JjN2M0YzAiOnsiY3JlYXRlIjozMDAwMDAwMDAwMDB9LCJzY2hlbWFfdmVyc2lvbiI6IjIifQ==",
          "dependencies": [
            "data.terraform_remote_state.vpc",
            "module.eks.aws_security_group.cluster",
            "module.eks.aws_security_group.node"
          ],
          "create_before_destroy": true
        },
        {
          "index_key": "ingress_cluster_kubelet",
          "schema_version": 2,
          "attributes": {
            "cidr_blocks": null,
            "description": "Cluster API to node kubelets",
            "from_port": 10250,
            "id": "sgrule-3989045366",
            "ipv6_cidr_blocks": null,
            "prefix_list_ids": [],
            "protocol": "tcp",
            "security_group_id": "sg-0ae747dc17e7218d8",
            "security_group_rule_id": "sgr-0f26ecb980d63dc6a",
            "self": false,
            "source_security_group_id": "sg-03757b59842da5a5c",
            "timeouts": null,
            "to_port": 10250,
            "type": "ingress"
          },
          "sensitive_attributes": [],
          "private": "eyJlMmJmYjczMC1lY2FhLTExZTYtOGY4OC0zNDM2M2JjN2M0YzAiOnsiY3JlYXRlIjozMDAwMDAwMDAwMDB9LCJzY2hlbWFfdmVyc2lvbiI6IjIifQ==",
          "dependencies": [
            "data.terraform_remote_state.vpc",
            "module.eks.aws_security_group.cluster",
            "module.eks.aws_security_group.node"
          ],
          "create_before_destroy": true
        },
        {
          "index_key": "ingress_nodes_ephemeral",
          "schema_version": 2,
          "attributes": {
            "cidr_blocks": null,
            "description": "Node to node ingress on ephemeral ports",
            "from_port": 1025,
            "id": "sgrule-3948508207",
            "ipv6_cidr_blocks": null,
            "prefix_list_ids": [],
            "protocol": "tcp",
            "security_group_id": "sg-0ae747dc17e7218d8",
            "security_group_rule_id": "sgr-0c719a00f50d7518d",
            "self": true,
            "source_security_group_id": null,
            "timeouts": null,
            "to_port": 65535,
            "type": "ingress"
          },
          "sensitive_attributes": [],
          "private": "eyJlMmJmYjczMC1lY2FhLTExZTYtOGY4OC0zNDM2M2JjN2M0YzAiOnsiY3JlYXRlIjozMDAwMDAwMDAwMDB9LCJzY2hlbWFfdmVyc2lvbiI6IjIifQ==",
          "dependencies": [
            "data.terraform_remote_state.vpc",
            "module.eks.aws_security_group.cluster",
            "module.eks.aws_security_group.node"
          ],
          "create_before_destroy": true
        },
        {
          "index_key": "ingress_self_coredns_tcp",
          "schema_version": 2,
          "attributes": {
            "cidr_blocks": null,
            "description": "Node to node CoreDNS",
            "from_port": 53,
            "id": "sgrule-2562341840",
            "ipv6_cidr_blocks": null,
            "prefix_list_ids": [],
            "protocol": "tcp",
            "security_group_id": "sg-0ae747dc17e7218d8",
            "security_group_rule_id": "sgr-0be500997ea6e77e4",
            "self": true,
            "source_security_group_id": null,
            "timeouts": null,
            "to_port": 53,
            "type": "ingress"
          },
          "sensitive_attributes": [],
          "private": "eyJlMmJmYjczMC1lY2FhLTExZTYtOGY4OC0zNDM2M2JjN2M0YzAiOnsiY3JlYXRlIjozMDAwMDAwMDAwMDB9LCJzY2hlbWFfdmVyc2lvbiI6IjIifQ==",
          "dependencies": [
            "data.terraform_remote_state.vpc",
            "module.eks.aws_security_group.cluster",
            "module.eks.aws_security_group.node"
          ],
          "create_before_destroy": true
        },
        {
          "index_key": "ingress_self_coredns_udp",
          "schema_version": 2,
          "attributes": {
            "cidr_blocks": null,
            "description": "Node to node CoreDNS UDP",
            "from_port": 53,
            "id": "sgrule-1021679679",
            "ipv6_cidr_blocks": null,
            "prefix_list_ids": [],
            "protocol": "udp",
            "security_group_id": "sg-0ae747dc17e7218d8",
            "security_group_rule_id": "sgr-015506af22fdca759",
            "self": true,
            "source_security_group_id": null,
            "timeouts": null,
            "to_port": 53,
            "type": "ingress"
          },
          "sensitive_attributes": [],
          "private": "eyJlMmJmYjczMC1lY2FhLTExZTYtOGY4OC0zNDM2M2JjN2M0YzAiOnsiY3JlYXRlIjozMDAwMDAwMDAwMDB9LCJzY2hlbWFfdmVyc2lvbiI6IjIifQ==",
          "dependencies": [
            "data.terraform_remote_state.vpc",
            "module.eks.aws_security_group.cluster",
            "module.eks.aws_security_group.node"
          ],
          "create_before_destroy": true
        }
      ]
    },
    {
      "module": "module.eks",
      "mode": "managed",
      "type": "time_sleep",
      "name": "this",
      "provider": "provider[\"registry.terraform.io/hashicorp/time\"]",
      "instances": [
        {
          "index_key": 0,
          "schema_version": 0,
          "attributes": {
            "create_duration": "30s",
            "destroy_duration": null,
            "id": "2024-09-29T14:30:50Z",
            "triggers": {
              "cluster_certificate_authority_data": "LS0tLS1CRUdJTiBDRVJUSUZJQ0FURS0tLS0tCk1JSURCVENDQWUyZ0F3SUJBZ0lJZklLQUZMNHdOeFl3RFFZSktvWklodmNOQVFFTEJRQXdGVEVUTUJFR0ExVUUKQXhNS2EzVmlaWEp1WlhSbGN6QWVGdzB5TkRBNU1qa3hOREl3TVRsYUZ3MHpOREE1TWpjeE5ESTFNVGxhTUJVeApFekFSQmdOVkJBTVRDbXQxWW1WeWJtVjBaWE13Z2dFaU1BMEdDU3FHU0liM0RRRUJBUVVBQTRJQkR3QXdnZ0VLCkFvSUJBUURoWllCTWhsZmI0OWhnWDM3UlREeGJuN240WDFsK00wVjdxbnBsNHRnUjhudnZrU3hvNjdaNFROakkKdWdZY0F4M1ZLYUJwQnVKdnBjallPclM5VG1uUDZOTCtmcVgwZ3BhWWx6c09DYmlJQkRsOW96QWpDOFppWFJnYwp4MEpYTjBsQ0FiZkh2cDdZZjQ4TTBLU1p0RWxFci9BN3QzaDRXQVZMSldGSEFEaUVnbkNjQ2QyalVLT2MrcUdXCkc1M1VoZDZJOFBHZUlxMWNZZWpxcFZmT2d2VFA1N3JacVZOdGRrTzEwZDZCRmk4Myt2azd6aGNKUDNTN1VMdW8KM05iM1RHOVQvRjhOdUNRRm4vM3BOMCt3V3hrNkhUWjFlTXhLWUtZMWhleUtrTFBJd3ZZa0ZzdW5lbDk0R1hhTQovNXd0S3dPZXYyTlEvbmRoLy9TKy90a2JvZ2ZSQWdNQkFBR2pXVEJYTUE0R0ExVWREd0VCL3dRRUF3SUNwREFQCkJnTlZIUk1CQWY4RUJUQURBUUgvTUIwR0ExVWREZ1FXQkJUT2g0RVpxM3ZLUk9DR0g5Q0VDWko1L0ZvaThUQVYKQmdOVkhSRUVEakFNZ2dwcmRXSmxjbTVsZEdWek1BMEdDU3FHU0liM0RRRUJDd1VBQTRJQkFRQWx2RFowT043ZQpyVXdia01uWkcwQXF5eXJmdm5VelhIbjdSN3YxRzlJRlpCcy9seGo0anpUZ2ludlM2aWNHMUkyTFJkNlUyd0ZPCitiUXZOc0ZxelVGWWd3Q1JNQ2Z2Qzc3cXBFMmNTTG5CanRhT1lrVXdxSjJzZzE5aUM0MjMzdnlVcTJDYzVmQ2YKUzhndjNoWWRqK0FVQUxlZmR6eWdJckF0M1hXNlNoeFZSSG9POENWanhQWUsyWGhKa3d6ZUVkMUVSUm84ZlV4Zgp0VUZqbzNhYjllSkRBbE1kS245NzVYZ1MvRUxrUFVZWDdYT3poYUltaXBtUGpIVEd6eE5MdFJtNEdjdTRldjgrCjBLNDV3cDlHMy9DQzg4VldjM2g4NFFaOHZLYnJDQ3VUSk5CaExtUTJiMUdUS2dUTHVmVTlZZ3oyMUZQN1hHU3kKZXNDeWVYOTVRNDZICi0tLS0tRU5EIENFUlRJRklDQVRFLS0tLS0K",
              "cluster_endpoint": "https://935501259126D0BC3D41C8B599B6A173.gr7.us-east-1.eks.amazonaws.com",
              "cluster_name": "demo-cluster",
              "cluster_service_cidr": "172.20.0.0/16",
              "cluster_version": "1.29"
            }
          },
          "sensitive_attributes": [],
          "dependencies": [
            "data.terraform_remote_state.vpc",
            "module.eks.aws_cloudwatch_log_group.this",
            "module.eks.aws_eks_cluster.this",
            "module.eks.aws_iam_policy.cni_ipv6_policy",
            "module.eks.aws_iam_role.this",
            "module.eks.aws_iam_role_policy_attachment.this",
            "module.eks.aws_security_group.cluster",
            "module.eks.aws_security_group.node",
            "module.eks.aws_security_group_rule.cluster",
            "module.eks.aws_security_group_rule.node",
            "module.eks.data.aws_caller_identity.current",
            "module.eks.data.aws_iam_policy_document.assume_role_policy",
            "module.eks.data.aws_iam_policy_document.cni_ipv6_policy",
            "module.eks.data.aws_iam_session_context.current",
            "module.eks.data.aws_partition.current",
            "module.eks.module.kms.aws_kms_external_key.this",
            "module.eks.module.kms.aws_kms_key.this",
            "module.eks.module.kms.aws_kms_replica_external_key.this",
            "module.eks.module.kms.aws_kms_replica_key.this",
            "module.eks.module.kms.data.aws_caller_identity.current",
            "module.eks.module.kms.data.aws_iam_policy_document.this",
            "module.eks.module.kms.data.aws_partition.current"
          ],
          "create_before_destroy": true
        }
      ]
    },
    {
      "module": "module.eks.module.eks_managed_node_group[\"default_node_group\"]",
      "mode": "data",
      "type": "aws_caller_identity",
      "name": "current",
      "provider": "provider[\"registry.terraform.io/hashicorp/aws\"]",
      "instances": [
        {
          "schema_version": 0,
          "attributes": {
            "account_id": "132172135366",
            "arn": "arn:aws:iam::132172135366:user/k8suser",
            "id": "132172135366",
            "user_id": "AIDAR5RQSXPDLVB5NXR7O"
          },
          "sensitive_attributes": []
        }
      ]
    },
    {
      "module": "module.eks.module.eks_managed_node_group[\"default_node_group\"]",
      "mode": "data",
      "type": "aws_iam_policy_document",
      "name": "assume_role_policy",
      "provider": "provider[\"registry.terraform.io/hashicorp/aws\"]",
      "instances": [
        {
          "index_key": 0,
          "schema_version": 0,
          "attributes": {
            "id": "2560088296",
            "json": "{\n  \"Version\": \"2012-10-17\",\n  \"Statement\": [\n    {\n      \"Sid\": \"EKSNodeAssumeRole\",\n      \"Effect\": \"Allow\",\n      \"Action\": \"sts:AssumeRole\",\n      \"Principal\": {\n        \"Service\": \"ec2.amazonaws.com\"\n      }\n    }\n  ]\n}",
            "minified_json": "{\"Version\":\"2012-10-17\",\"Statement\":[{\"Sid\":\"EKSNodeAssumeRole\",\"Effect\":\"Allow\",\"Action\":\"sts:AssumeRole\",\"Principal\":{\"Service\":\"ec2.amazonaws.com\"}}]}",
            "override_json": null,
            "override_policy_documents": null,
            "policy_id": null,
            "source_json": null,
            "source_policy_documents": null,
            "statement": [
              {
                "actions": [
                  "sts:AssumeRole"
                ],
                "condition": [],
                "effect": "Allow",
                "not_actions": [],
                "not_principals": [],
                "not_resources": [],
                "principals": [
                  {
                    "identifiers": [
                      "ec2.amazonaws.com"
                    ],
                    "type": "Service"
                  }
                ],
                "resources": [],
                "sid": "EKSNodeAssumeRole"
              }
            ],
            "version": "2012-10-17"
          },
          "sensitive_attributes": []
        }
      ]
    },
    {
      "module": "module.eks.module.eks_managed_node_group[\"default_node_group\"]",
      "mode": "data",
      "type": "aws_partition",
      "name": "current",
      "provider": "provider[\"registry.terraform.io/hashicorp/aws\"]",
      "instances": [
        {
          "schema_version": 0,
          "attributes": {
            "dns_suffix": "amazonaws.com",
            "id": "aws",
            "partition": "aws",
            "reverse_dns_prefix": "com.amazonaws"
          },
          "sensitive_attributes": []
        }
      ]
    },
    {
      "module": "module.eks.module.eks_managed_node_group[\"default_node_group\"]",
      "mode": "managed",
      "type": "aws_eks_node_group",
      "name": "this",
      "provider": "provider[\"registry.terraform.io/hashicorp/aws\"]",
      "instances": [
        {
          "index_key": 0,
          "schema_version": 0,
          "attributes": {
            "ami_type": "AL2_x86_64",
            "arn": "arn:aws:eks:us-east-1:132172135366:nodegroup/demo-cluster/default_node_group-2024092914305093410000000c/d8c91f18-7f0e-c39e-1c5c-7b97f6580f92",
            "capacity_type": "ON_DEMAND",
            "cluster_name": "demo-cluster",
            "disk_size": 50,
            "force_update_version": null,
            "id": "demo-cluster:default_node_group-2024092914305093410000000c",
            "instance_types": [
              "m5.large"
            ],
            "labels": null,
            "launch_template": [],
            "node_group_name": "default_node_group-2024092914305093410000000c",
            "node_group_name_prefix": "default_node_group-",
            "node_role_arn": "arn:aws:iam::132172135366:role/default_node_group-eks-node-group-20240929142025235900000002",
            "release_version": "1.29.8-20240924",
            "remote_access": [],
            "resources": [
              {
                "autoscaling_groups": [
                  {
                    "name": "eks-default_node_group-2024092914305093410000000c-d8c91f18-7f0e-c39e-1c5c-7b97f6580f92"
                  }
                ],
                "remote_access_security_group_id": ""
              }
            ],
            "scaling_config": [
              {
                "desired_size": 2,
                "max_size": 3,
                "min_size": 1
              }
            ],
            "status": "ACTIVE",
            "subnet_ids": [
              "subnet-057e9f02a1a92837e",
              "subnet-06adc19abb4b5923b",
              "subnet-072176f655c7c33ca"
            ],
            "tags": {
              "DevtedsOrg": "Devteds Courses",
              "DevtedsStack": "demo-cluster",
              "DevtedsStackName": "EKS",
              "Name": "default_node_group",
              "kubernetes.io/cluster/demo-cluster": "shared"
            },
            "tags_all": {
              "DevtedsOrg": "Devteds Courses",
              "DevtedsStack": "demo-cluster",
              "DevtedsStackName": "EKS",
              "Name": "default_node_group",
              "kubernetes.io/cluster/demo-cluster": "shared"
            },
            "taint": [],
            "timeouts": {
              "create": null,
              "delete": null,
              "update": null
            },
            "update_config": [
              {
                "max_unavailable": 0,
                "max_unavailable_percentage": 33
              }
            ],
            "version": "1.29"
          },
          "sensitive_attributes": [],
          "private": "eyJlMmJmYjczMC1lY2FhLTExZTYtOGY4OC0zNDM2M2JjN2M0YzAiOnsiY3JlYXRlIjozNjAwMDAwMDAwMDAwLCJkZWxldGUiOjM2MDAwMDAwMDAwMDAsInVwZGF0ZSI6MzYwMDAwMDAwMDAwMH19",
          "dependencies": [
            "data.terraform_remote_state.vpc",
            "module.eks.aws_cloudwatch_log_group.this",
            "module.eks.aws_eks_cluster.this",
            "module.eks.aws_iam_policy.cni_ipv6_policy",
            "module.eks.aws_iam_role.this",
            "module.eks.aws_iam_role_policy_attachment.this",
            "module.eks.aws_security_group.cluster",
            "module.eks.aws_security_group.node",
            "module.eks.aws_security_group_rule.cluster",
            "module.eks.aws_security_group_rule.node",
            "module.eks.data.aws_caller_identity.current",
            "module.eks.data.aws_iam_policy_document.assume_role_policy",
            "module.eks.data.aws_iam_policy_document.cni_ipv6_policy",
            "module.eks.data.aws_iam_session_context.current",
            "module.eks.data.aws_partition.current",
            "module.eks.module.eks_managed_node_group.aws_iam_role.this",
            "module.eks.module.eks_managed_node_group.aws_iam_role_policy_attachment.this",
            "module.eks.module.eks_managed_node_group.aws_launch_template.this",
            "module.eks.module.eks_managed_node_group.aws_placement_group.this",
            "module.eks.module.eks_managed_node_group.data.aws_caller_identity.current",
            "module.eks.module.eks_managed_node_group.data.aws_ec2_instance_type.this",
            "module.eks.module.eks_managed_node_group.data.aws_ec2_instance_type_offerings.this",
            "module.eks.module.eks_managed_node_group.data.aws_iam_policy_document.assume_role_policy",
            "module.eks.module.eks_managed_node_group.data.aws_partition.current",
            "module.eks.module.eks_managed_node_group.data.aws_ssm_parameter.ami",
            "module.eks.module.eks_managed_node_group.data.aws_subnets.efa",
            "module.eks.module.eks_managed_node_group.module.user_data.data.cloudinit_config.al2023_eks_managed_node_group",
            "module.eks.module.eks_managed_node_group.module.user_data.data.cloudinit_config.linux_eks_managed_node_group",
            "module.eks.module.kms.aws_kms_external_key.this",
            "module.eks.module.kms.aws_kms_key.this",
            "module.eks.module.kms.aws_kms_replica_external_key.this",
            "module.eks.module.kms.aws_kms_replica_key.this",
            "module.eks.module.kms.data.aws_caller_identity.current",
            "module.eks.module.kms.data.aws_iam_policy_document.this",
            "module.eks.module.kms.data.aws_partition.current",
            "module.eks.time_sleep.this"
          ],
          "create_before_destroy": true
        }
      ]
    },
    {
      "module": "module.eks.module.eks_managed_node_group[\"default_node_group\"]",
      "mode": "managed",
      "type": "aws_iam_role",
      "name": "this",
      "provider": "provider[\"registry.terraform.io/hashicorp/aws\"]",
      "instances": [
        {
          "index_key": 0,
          "schema_version": 0,
          "attributes": {
            "arn": "arn:aws:iam::132172135366:role/default_node_group-eks-node-group-20240929142025235900000002",
            "assume_role_policy": "{\"Statement\":[{\"Action\":\"sts:AssumeRole\",\"Effect\":\"Allow\",\"Principal\":{\"Service\":\"ec2.amazonaws.com\"},\"Sid\":\"EKSNodeAssumeRole\"}],\"Version\":\"2012-10-17\"}",
            "create_date": "2024-09-29T14:20:25Z",
            "description": "EKS managed node group IAM role",
            "force_detach_policies": true,
            "id": "default_node_group-eks-node-group-20240929142025235900000002",
            "inline_policy": [],
            "managed_policy_arns": [],
            "max_session_duration": 3600,
            "name": "default_node_group-eks-node-group-20240929142025235900000002",
            "name_prefix": "default_node_group-eks-node-group-",
            "path": "/",
            "permissions_boundary": "",
            "tags": {
              "DevtedsOrg": "Devteds Courses",
              "DevtedsStack": "demo-cluster",
              "DevtedsStackName": "EKS",
              "kubernetes.io/cluster/demo-cluster": "shared"
            },
            "tags_all": {
              "DevtedsOrg": "Devteds Courses",
              "DevtedsStack": "demo-cluster",
              "DevtedsStackName": "EKS",
              "kubernetes.io/cluster/demo-cluster": "shared"
            },
            "unique_id": "AROAR5RQSXPDKOPTLE2VT"
          },
          "sensitive_attributes": [],
          "private": "bnVsbA==",
          "dependencies": [
            "module.eks.module.eks_managed_node_group.data.aws_iam_policy_document.assume_role_policy"
          ],
          "create_before_destroy": true
        }
      ]
    },
    {
      "module": "module.eks.module.eks_managed_node_group[\"default_node_group\"]",
      "mode": "managed",
      "type": "aws_iam_role_policy_attachment",
      "name": "this",
      "provider": "provider[\"registry.terraform.io/hashicorp/aws\"]",
      "instances": [
        {
          "index_key": "AmazonEC2ContainerRegistryReadOnly",
          "schema_version": 0,
          "attributes": {
            "id": "default_node_group-eks-node-group-20240929142025235900000002-20240929142025818700000007",
            "policy_arn": "arn:aws:iam::aws:policy/AmazonEC2ContainerRegistryReadOnly",
            "role": "default_node_group-eks-node-group-20240929142025235900000002"
          },
          "sensitive_attributes": [],
          "private": "bnVsbA==",
          "dependencies": [
            "module.eks.module.eks_managed_node_group.aws_iam_role.this",
            "module.eks.module.eks_managed_node_group.data.aws_caller_identity.current",
            "module.eks.module.eks_managed_node_group.data.aws_iam_policy_document.assume_role_policy",
            "module.eks.module.eks_managed_node_group.data.aws_partition.current"
          ],
          "create_before_destroy": true
        },
        {
          "index_key": "AmazonEKSWorkerNodePolicy",
          "schema_version": 0,
          "attributes": {
            "id": "default_node_group-eks-node-group-20240929142025235900000002-20240929142025839000000008",
            "policy_arn": "arn:aws:iam::aws:policy/AmazonEKSWorkerNodePolicy",
            "role": "default_node_group-eks-node-group-20240929142025235900000002"
          },
          "sensitive_attributes": [],
          "private": "bnVsbA==",
          "dependencies": [
            "module.eks.module.eks_managed_node_group.aws_iam_role.this",
            "module.eks.module.eks_managed_node_group.data.aws_caller_identity.current",
            "module.eks.module.eks_managed_node_group.data.aws_iam_policy_document.assume_role_policy",
            "module.eks.module.eks_managed_node_group.data.aws_partition.current"
          ],
          "create_before_destroy": true
        },
        {
          "index_key": "AmazonEKS_CNI_Policy",
          "schema_version": 0,
          "attributes": {
            "id": "default_node_group-eks-node-group-20240929142025235900000002-20240929142025915300000009",
            "policy_arn": "arn:aws:iam::aws:policy/AmazonEKS_CNI_Policy",
            "role": "default_node_group-eks-node-group-20240929142025235900000002"
          },
          "sensitive_attributes": [],
          "private": "bnVsbA==",
          "dependencies": [
            "module.eks.module.eks_managed_node_group.aws_iam_role.this",
            "module.eks.module.eks_managed_node_group.data.aws_caller_identity.current",
            "module.eks.module.eks_managed_node_group.data.aws_iam_policy_document.assume_role_policy",
            "module.eks.module.eks_managed_node_group.data.aws_partition.current"
          ],
          "create_before_destroy": true
        }
      ]
    },
    {
      "module": "module.eks.module.eks_managed_node_group[\"default_node_group\"].module.user_data",
      "mode": "managed",
      "type": "null_resource",
      "name": "validate_cluster_service_cidr",
      "provider": "provider[\"registry.terraform.io/hashicorp/null\"]",
      "instances": [
        {
          "schema_version": 0,
          "attributes": {
            "id": "5210003225591400174",
            "triggers": null
          },
          "sensitive_attributes": [],
          "dependencies": [
            "data.terraform_remote_state.vpc",
            "module.eks.aws_cloudwatch_log_group.this",
            "module.eks.aws_eks_cluster.this",
            "module.eks.aws_iam_policy.cni_ipv6_policy",
            "module.eks.aws_iam_role.this",
            "module.eks.aws_iam_role_policy_attachment.this",
            "module.eks.aws_security_group.cluster",
            "module.eks.aws_security_group.node",
            "module.eks.aws_security_group_rule.cluster",
            "module.eks.aws_security_group_rule.node",
            "module.eks.data.aws_caller_identity.current",
            "module.eks.data.aws_iam_policy_document.assume_role_policy",
            "module.eks.data.aws_iam_policy_document.cni_ipv6_policy",
            "module.eks.data.aws_iam_session_context.current",
            "module.eks.data.aws_partition.current",
            "module.eks.module.kms.aws_kms_external_key.this",
            "module.eks.module.kms.aws_kms_key.this",
            "module.eks.module.kms.aws_kms_replica_external_key.this",
            "module.eks.module.kms.aws_kms_replica_key.this",
            "module.eks.module.kms.data.aws_caller_identity.current",
            "module.eks.module.kms.data.aws_iam_policy_document.this",
            "module.eks.module.kms.data.aws_partition.current",
            "module.eks.time_sleep.this"
          ]
        }
      ]
    },
    {
      "module": "module.key_pair",
      "mode": "managed",
      "type": "aws_key_pair",
      "name": "this",
      "provider": "provider[\"registry.terraform.io/hashicorp/aws\"]",
      "instances": [
        {
          "index_key": 0,
          "schema_version": 1,
          "attributes": {
            "arn": "arn:aws:ec2:us-east-1:132172135366:key-pair/demo-cluster20240929142025689800000006",
            "fingerprint": "4e:fd:38:e9:cd:6f:79:58:d3:33:6d:80:cd:d1:87:e1",
            "id": "demo-cluster20240929142025689800000006",
            "key_name": "demo-cluster20240929142025689800000006",
            "key_name_prefix": "demo-cluster",
            "key_pair_id": "key-0fd834c24c3ab9029",
            "key_type": "rsa",
            "public_key": "ssh-rsa AAAAB3NzaC1yc2EAAAADAQABAAACAQDLBQS0VwfxXJiuBMm71Y0GQLAeoaThJnZXh/RHg+oirYIeGJt6qiNqLzGU5jo5rn/ha3kL9hidHqQ2DqVC0IEHBm2/C0sctef3CvIN2KlQJStkYee/tvs/jUv/wVst6NUUpsVCbFy7ReJ0gyVCZQEpKU3YvkLS097syoB8CDAanYDiunExOknwNj0MqIb8jp2ydnfvBfnSxSv5t97w+22bsXlar+s/jlwZDS0QA1bFFXi+8cwQTvzMSOBmZLw54319MrWmW7tggxDLxzdtypzRxDLJSTOl2ObzG/Ev+xPR7/Qm76tNWgP1X3jlWasIRoQOn/9XX2BT2V7otCUuovw+mu/E83IZSXnjwCMmjJGOFxzN+M7okS2Fo6fwNurZGL1Qg6a2si9cfLfjXUnaAINzbfDmY1le4sCqq7RDxoBwMQ6ALlHXlDPR8uCWvRrmrYTxC07CbHaMMlG64JvoZ1UV3+3OIrOAcRgfTswqDjQcvVu+yMWVl3/BEMPbitNt3GUp/Nok2/scxHkA920/ZY423eOX9iqXaf/t7KCsJeke/CW5cnE0wpZsscbQ1rM/yB4SMpHX+xqgCuvfwPZfW4KONyFEXLGhq4zecsJozGLVTLZTEJPqlWyqVNTzQTtzH3e/XMXd0k3QbhgdiEMrnzyenyMAx24rCgY13B4Wz31Q3Q==",
            "tags": {
              "DevtedsOrg": "Devteds Courses",
              "DevtedsStack": "demo-cluster",
              "DevtedsStackName": "EKS",
              "kubernetes.io/cluster/demo-cluster": "shared"
            },
            "tags_all": {
              "DevtedsOrg": "Devteds Courses",
              "DevtedsStack": "demo-cluster",
              "DevtedsStackName": "EKS",
              "kubernetes.io/cluster/demo-cluster": "shared"
            }
          },
          "sensitive_attributes": [],
          "private": "eyJzY2hlbWFfdmVyc2lvbiI6IjEifQ==",
          "dependencies": [
            "module.key_pair.tls_private_key.this"
          ]
        }
      ]
    },
    {
      "module": "module.key_pair",
      "mode": "managed",
      "type": "tls_private_key",
      "name": "this",
      "provider": "provider[\"registry.terraform.io/hashicorp/tls\"]",
      "instances": [
        {
          "index_key": 0,
          "schema_version": 1,
          "attributes": {
            "algorithm": "RSA",
            "ecdsa_curve": "P224",
            "id": "f529149c8d8adc900f3591ab8e652029fdb2312a",
            "private_key_openssh": "-----BEGIN OPENSSH PRIVATE KEY-----\nb3BlbnNzaC1rZXktdjEAAAAABG5vbmUAAAAEbm9uZQAAAAAAAAABAAACFwAAAAdz\nc2gtcnNhAAAAAwEAAQAAAgEAywUEtFcH8VyYrgTJu9WNBkCwHqGk4SZ2V4f0R4Pq\nIq2CHhibeqojai8xlOY6Oa5/4Wt5C/YYnR6kNg6lQtCBBwZtvwtLHLXn9wryDdip\nUCUrZGHnv7b7P41L/8FbLejVFKbFQmxcu0XidIMlQmUBKSlN2L5C0tPe7MqAfAgw\nGp2A4rpxMTpJ8DY9DKiG/I6dsnZ37wX50sUr+bfe8Pttm7F5Wq/rP45cGQ0tEANW\nxRV4vvHMEE78zEjgZmS8OeN9fTK1plu7YIMQy8c3bcqc0cQyyUkzpdjm8xvxL/sT\n0e/0Ju+rTVoD9V945VmrCEaEDp//V19gU9le6LQlLqL8PprvxPNyGUl548AjJoyR\njhcczfjO6JEthaOn8Dbq2Ri9UIOmtrIvXHy3411J2gCDc23w5mNZXuLAqqu0Q8aA\ncDEOgC5R15Qz0fLglr0a5q2E8QtOwmx2jDJRuuCb6GdVFd/tziKzgHEYH07MKg40\nHL1bvsjFlZd/wRDD24rTbdxlKfzaJNv7HMR5APdtP2WONt3jl/Yql2n/7eygrCXp\nHvwluXJxNMKWbLHG0NazP8geEjKR1/saoArr38D2X1uCjjchRFyxoauM3nLCaMxi\n1Uy2UxCT6pVsqlTU80E7cx93v1zF3dJN0G4YHYhDK588np8jAMduKwoGNdweFs99\nUN0AAAc4JUszXCVLM1wAAAAHc3NoLXJzYQAAAgEAywUEtFcH8VyYrgTJu9WNBkCw\nHqGk4SZ2V4f0R4PqIq2CHhibeqojai8xlOY6Oa5/4Wt5C/YYnR6kNg6lQtCBBwZt\nvwtLHLXn9wryDdipUCUrZGHnv7b7P41L/8FbLejVFKbFQmxcu0XidIMlQmUBKSlN\n2L5C0tPe7MqAfAgwGp2A4rpxMTpJ8DY9DKiG/I6dsnZ37wX50sUr+bfe8Pttm7F5\nWq/rP45cGQ0tEANWxRV4vvHMEE78zEjgZmS8OeN9fTK1plu7YIMQy8c3bcqc0cQy\nyUkzpdjm8xvxL/sT0e/0Ju+rTVoD9V945VmrCEaEDp//V19gU9le6LQlLqL8Pprv\nxPNyGUl548AjJoyRjhcczfjO6JEthaOn8Dbq2Ri9UIOmtrIvXHy3411J2gCDc23w\n5mNZXuLAqqu0Q8aAcDEOgC5R15Qz0fLglr0a5q2E8QtOwmx2jDJRuuCb6GdVFd/t\nziKzgHEYH07MKg40HL1bvsjFlZd/wRDD24rTbdxlKfzaJNv7HMR5APdtP2WONt3j\nl/Yql2n/7eygrCXpHvwluXJxNMKWbLHG0NazP8geEjKR1/saoArr38D2X1uCjjch\nRFyxoauM3nLCaMxi1Uy2UxCT6pVsqlTU80E7cx93v1zF3dJN0G4YHYhDK588np8j\nAMduKwoGNdweFs99UN0AAAADAQABAAACAQCMCREep6114a360pin9HxK5NHWvx6w\noswcQk3QCoC0nMPUqJqOOM8mzhjAITHmWaQhw/UBuCVwMxOHqgB6HsHxK5EFpu+P\nhTXUpHsj69+VxZ2xpwqopbmWM4tJhYC0IRbhIMuNrpskHec/ALrxmiP71V658zq6\nm6P35xJK+4baxOuC+KFdGFyp0W+4zIIXsPO7hpXhjFiu9owHurmPtY38R6VyVUfK\nVhLWwMzlb7gpR087PiPI2ALtkhMe7bsbnvwPIKxFbJ7Jyn4KYYatN4WF93QkfVaf\nvgZHiG2L7/7S31Wkicq6Fy4F0W3dnUUo9yLdx6TkCoiyLYyWrLO9AHVGKslCBHaT\neSvJitP6Lh7B5YtLrIPBBE0bEnkNLAeQy8hC0iYcDaWE4IFYZ24+xo37K5kS4XSY\n9ESFCcj30GBA4s8FLhLRKeJufqTslLIK9deo3nsjTvdME4uqDoICmU06L9tzram6\nkz7XXpUaKd23LMbUfSPluH4ED/xTysfdlLrFzZOflkZdroMXu5NYKBSl2di490LS\nubGKKoxLrOFRe4v3cJLAgaR/K4l5dkNcGatHDE1CSfqn4fJVo5ay7BNEcd2ucljX\nc7BoaQ6DS+lp/MZIYKkqblumB4kK9Vft5688tfCCdaRXMd79YepSQboybdHl01va\nXR1M/F3rsOXHbQAAAQEA4eGtLdQ3m+5gSgVbJ997icjxDxURfoUKSKIV2bSpcqQ/\nGGnMrC9O67e4/CiGx87qI1OTyVfQ/Sm7j0qhCpx5RroCMhMXYHKP0ejJ+417/0mh\nL5O6iD8PfvvgZoKzl11cQBxuHwnWW5VRS30mdxxU8PXh2AYB5hYkWES0slL2RpVI\nCzmKgh5O2ASIT3olDZW94zYLC5GYno3aXasCcQJSeKs20ZV0MWfmvmITe+ZIC+zV\nrOVWnnCfZ193WpPNaW68dzONKjBUHwNn2kVGG+QZIh0EmBthC5As2mPyFpjz0ENE\nAdJAm4zkqtL9+IjO2Xn0382C7H/rQkCLfJJ94y/+jgAAAQEA76qXERZvDLP278vr\nfWCQKgtkySCY/S4icnpKF9rH7AHErBo9+0zknL9/Lc/nzA90Q9Zvv6/NNn6GR9ER\n/WbWRtMrzsfaAtH1/TA8SvYghuzTx3Ysquxwfhqb/a4j6JSBjwtkqvREBpW0G2qK\nFDGAoMH2+P87yet4zBtpE64/bjjWT65P9gWTP0VcDD+fSxkYJkJvc84sRSx7iGNN\nCyjPcrvCUrdset5RQlW+wiR7uhecKT8RyPLrHoBsVLiRQTnZ7Rbl65gUzEBx4Di/\nc9aLzXkDhvVg6tkRThxQqaJgIPBOFEZnvWAEzAu6ykJUzl4UxiNzfnXbplAI3ASa\nBmWxvwAAAQEA2NsPSE6sma+dNb8rx58gqWeBb8pSufqwzqDmhYPlMALelUSvYDxy\nNi8UkEzZiaCbQMEdOMZF3hXQvp8ZHAkb3CGV0i1OmNqq826+wK/rCP1dyKgjcLZh\nzANZ1papt+B4myEsSHgfi7cn121U+wB92GrFCuO+No1AUqequND959e3n1KSaJQd\ng7mWE9yGmw/NUaPCN4e2gtCVBVc45QaH7MgY6CiL2NpTGnJFbdTmshxz1Ie/wuSG\nue0nrHtKwoiJIUs5/QKvEZOEmpurCtuSKLkSLaXKqg+OES+rpTCjxfoFhmCSj4Hy\nzx6v+GWnCT+aWv+QssxGhuX3TgqMQhNsYwAAAAAB\n-----END OPENSSH PRIVATE KEY-----\n",
            "private_key_pem": "-----BEGIN RSA PRIVATE KEY-----\nMIIJKwIBAAKCAgEAywUEtFcH8VyYrgTJu9WNBkCwHqGk4SZ2V4f0R4PqIq2CHhib\neqojai8xlOY6Oa5/4Wt5C/YYnR6kNg6lQtCBBwZtvwtLHLXn9wryDdipUCUrZGHn\nv7b7P41L/8FbLejVFKbFQmxcu0XidIMlQmUBKSlN2L5C0tPe7MqAfAgwGp2A4rpx\nMTpJ8DY9DKiG/I6dsnZ37wX50sUr+bfe8Pttm7F5Wq/rP45cGQ0tEANWxRV4vvHM\nEE78zEjgZmS8OeN9fTK1plu7YIMQy8c3bcqc0cQyyUkzpdjm8xvxL/sT0e/0Ju+r\nTVoD9V945VmrCEaEDp//V19gU9le6LQlLqL8PprvxPNyGUl548AjJoyRjhcczfjO\n6JEthaOn8Dbq2Ri9UIOmtrIvXHy3411J2gCDc23w5mNZXuLAqqu0Q8aAcDEOgC5R\n15Qz0fLglr0a5q2E8QtOwmx2jDJRuuCb6GdVFd/tziKzgHEYH07MKg40HL1bvsjF\nlZd/wRDD24rTbdxlKfzaJNv7HMR5APdtP2WONt3jl/Yql2n/7eygrCXpHvwluXJx\nNMKWbLHG0NazP8geEjKR1/saoArr38D2X1uCjjchRFyxoauM3nLCaMxi1Uy2UxCT\n6pVsqlTU80E7cx93v1zF3dJN0G4YHYhDK588np8jAMduKwoGNdweFs99UN0CAwEA\nAQKCAgEAjAkRHqetdeGt+tKYp/R8SuTR1r8esKLMHEJN0AqAtJzD1KiajjjPJs4Y\nwCEx5lmkIcP1AbglcDMTh6oAeh7B8SuRBabvj4U11KR7I+vflcWdsacKqKW5ljOL\nSYWAtCEW4SDLja6bJB3nPwC68Zoj+9VeufM6upuj9+cSSvuG2sTrgvihXRhcqdFv\nuMyCF7Dzu4aV4YxYrvaMB7q5j7WN/EelclVHylYS1sDM5W+4KUdPOz4jyNgC7ZIT\nHu27G578DyCsRWyeycp+CmGGrTeFhfd0JH1Wn74GR4hti+/+0t9VpInKuhcuBdFt\n3Z1FKPci3cek5AqIsi2MlqyzvQB1RirJQgR2k3kryYrT+i4eweWLS6yDwQRNGxJ5\nDSwHkMvIQtImHA2lhOCBWGduPsaN+yuZEuF0mPREhQnI99BgQOLPBS4S0Snibn6k\n7JSyCvXXqN57I073TBOLqg6CAplNOi/bc62pupM+116VGindtyzG1H0j5bh+BA/8\nU8rH3ZS6xc2Tn5ZGXa6DF7uTWCgUpdnYuPdC0rmxiiqMS6zhUXuL93CSwIGkfyuJ\neXZDXBmrRwxNQkn6p+HyVaOWsuwTRHHdrnJY13OwaGkOg0vpafzGSGCpKm5bpgeJ\nCvVX7eevPLXwgnWkVzHe/WHqUkG6Mm3R5dNb2l0dTPxd67Dlx20CggEBAO+qlxEW\nbwyz9u/L631gkCoLZMkgmP0uInJ6Shfax+wBxKwaPftM5Jy/fy3P58wPdEPWb7+v\nzTZ+hkfREf1m1kbTK87H2gLR9f0wPEr2IIbs08d2LKrscH4am/2uI+iUgY8LZKr0\nRAaVtBtqihQxgKDB9vj/O8nreMwbaROuP2441k+uT/YFkz9FXAw/n0sZGCZCb3PO\nLEUse4hjTQsoz3K7wlK3bHreUUJVvsIke7oXnCk/Ecjy6x6AbFS4kUE52e0W5euY\nFMxAceA4v3PWi815A4b1YOrZEU4cUKmiYCDwThRGZ71gBMwLuspCVM5eFMYjc351\n26ZQCNwEmgZlsb8CggEBANjbD0hOrJmvnTW/K8efIKlngW/KUrn6sM6g5oWD5TAC\n3pVEr2A8cjYvFJBM2Ymgm0DBHTjGRd4V0L6fGRwJG9whldItTpjaqvNuvsCv6wj9\nXcioI3C2YcwDWdaWqbfgeJshLEh4H4u3J9dtVPsAfdhqxQrjvjaNQFKnqrjQ/efX\nt59SkmiUHYO5lhPchpsPzVGjwjeHtoLQlQVXOOUGh+zIGOgoi9jaUxpyRW3U5rIc\nc9SHv8LkhrntJ6x7SsKIiSFLOf0CrxGThJqbqwrbkii5Ei2lyqoPjhEvq6Uwo8X6\nBYZgko+B8s8er/hlpwk/mlr/kLLMRobl904KjEITbGMCggEBANy5KjnFhG6Zi5Gb\nJ30non3mUmLdT6jUhUsTDwvbJQZZNo0d+fln/p/RyUoi0KLhlL0pT2+ldAR9ECQy\nCzRqMmu17gGZk1HHlpogg1aySJCaqgxn7IlaCdxJm2JNr6pyosNfxc2f+sppsx8Q\nxqwETyc+m7sELUcwQucPU32Zm7diRxXJPsEgr1S1ByoMqiLasKADzWtE9QacCgU5\nFupxImTTQQs2/IRIHWRPXcilGwHu3pYqDLIZ7qn/skVwWe5NXkP5M7T/MiBONdI/\n0SrY65ZHnhT8Bc8kLMjYUP15mribN/16Pe5t8N0O7G98GWiZwt4cJjDQUINh8FbZ\nMhU0MTcCggEBALjbzKRMBNCiJrbZd32dBd/DT1C3vVuy+6O4/6nTbL1HxOyj94hn\nHslXywTTriGnWpGRzdJHGuod2KuWvnXqwegebTQU0Up2JYKM5mklzYsFSTwzMLr1\njlq2hI/sMVOBM+6yEajZVbLpeDophmbN3XluUvhcehrQwIN1UJBp//fyKSLU5d/m\nW16eBvR5afmnN9Sfb4Gc3BWZr181IlgCAD71uF23qrc6Ldt+i/b7pYkxvf/vlKWT\n39GA+/AJzgoVECjkktM+xXSLN2AA0YbY9Dhow7lL+n6L8gRuibiwxPuQjcMmcemJ\n0i2DsGhkZ0b4BCIMeBIjFwAJ646IaVYubpcCggEBAOHhrS3UN5vuYEoFWyffe4nI\n8Q8VEX6FCkiiFdm0qXKkPxhpzKwvTuu3uPwohsfO6iNTk8lX0P0pu49KoQqceUa6\nAjITF2Byj9HoyfuNe/9JoS+Tuog/D3774GaCs5ddXEAcbh8J1luVUUt9JnccVPD1\n4dgGAeYWJFhEtLJS9kaVSAs5ioIeTtgEiE96JQ2VveM2CwuRmJ6N2l2rAnECUnir\nNtGVdDFn5r5iE3vmSAvs1azlVp5wn2dfd1qTzWluvHczjSowVB8DZ9pFRhvkGSId\nBJgbYQuQLNpj8haY89BDRAHSQJuM5KrS/fiIztl59N/Ngux/60JAi3ySfeMv/o4=\n-----END RSA PRIVATE KEY-----\n",
            "private_key_pem_pkcs8": "-----BEGIN PRIVATE KEY-----\nMIIJRQIBADANBgkqhkiG9w0BAQEFAASCCS8wggkrAgEAAoICAQDLBQS0VwfxXJiu\nBMm71Y0GQLAeoaThJnZXh/RHg+oirYIeGJt6qiNqLzGU5jo5rn/ha3kL9hidHqQ2\nDqVC0IEHBm2/C0sctef3CvIN2KlQJStkYee/tvs/jUv/wVst6NUUpsVCbFy7ReJ0\ngyVCZQEpKU3YvkLS097syoB8CDAanYDiunExOknwNj0MqIb8jp2ydnfvBfnSxSv5\nt97w+22bsXlar+s/jlwZDS0QA1bFFXi+8cwQTvzMSOBmZLw54319MrWmW7tggxDL\nxzdtypzRxDLJSTOl2ObzG/Ev+xPR7/Qm76tNWgP1X3jlWasIRoQOn/9XX2BT2V7o\ntCUuovw+mu/E83IZSXnjwCMmjJGOFxzN+M7okS2Fo6fwNurZGL1Qg6a2si9cfLfj\nXUnaAINzbfDmY1le4sCqq7RDxoBwMQ6ALlHXlDPR8uCWvRrmrYTxC07CbHaMMlG6\n4JvoZ1UV3+3OIrOAcRgfTswqDjQcvVu+yMWVl3/BEMPbitNt3GUp/Nok2/scxHkA\n920/ZY423eOX9iqXaf/t7KCsJeke/CW5cnE0wpZsscbQ1rM/yB4SMpHX+xqgCuvf\nwPZfW4KONyFEXLGhq4zecsJozGLVTLZTEJPqlWyqVNTzQTtzH3e/XMXd0k3Qbhgd\niEMrnzyenyMAx24rCgY13B4Wz31Q3QIDAQABAoICAQCMCREep6114a360pin9HxK\n5NHWvx6woswcQk3QCoC0nMPUqJqOOM8mzhjAITHmWaQhw/UBuCVwMxOHqgB6HsHx\nK5EFpu+PhTXUpHsj69+VxZ2xpwqopbmWM4tJhYC0IRbhIMuNrpskHec/ALrxmiP7\n1V658zq6m6P35xJK+4baxOuC+KFdGFyp0W+4zIIXsPO7hpXhjFiu9owHurmPtY38\nR6VyVUfKVhLWwMzlb7gpR087PiPI2ALtkhMe7bsbnvwPIKxFbJ7Jyn4KYYatN4WF\n93QkfVafvgZHiG2L7/7S31Wkicq6Fy4F0W3dnUUo9yLdx6TkCoiyLYyWrLO9AHVG\nKslCBHaTeSvJitP6Lh7B5YtLrIPBBE0bEnkNLAeQy8hC0iYcDaWE4IFYZ24+xo37\nK5kS4XSY9ESFCcj30GBA4s8FLhLRKeJufqTslLIK9deo3nsjTvdME4uqDoICmU06\nL9tzram6kz7XXpUaKd23LMbUfSPluH4ED/xTysfdlLrFzZOflkZdroMXu5NYKBSl\n2di490LSubGKKoxLrOFRe4v3cJLAgaR/K4l5dkNcGatHDE1CSfqn4fJVo5ay7BNE\ncd2ucljXc7BoaQ6DS+lp/MZIYKkqblumB4kK9Vft5688tfCCdaRXMd79YepSQboy\nbdHl01vaXR1M/F3rsOXHbQKCAQEA76qXERZvDLP278vrfWCQKgtkySCY/S4icnpK\nF9rH7AHErBo9+0zknL9/Lc/nzA90Q9Zvv6/NNn6GR9ER/WbWRtMrzsfaAtH1/TA8\nSvYghuzTx3Ysquxwfhqb/a4j6JSBjwtkqvREBpW0G2qKFDGAoMH2+P87yet4zBtp\nE64/bjjWT65P9gWTP0VcDD+fSxkYJkJvc84sRSx7iGNNCyjPcrvCUrdset5RQlW+\nwiR7uhecKT8RyPLrHoBsVLiRQTnZ7Rbl65gUzEBx4Di/c9aLzXkDhvVg6tkRThxQ\nqaJgIPBOFEZnvWAEzAu6ykJUzl4UxiNzfnXbplAI3ASaBmWxvwKCAQEA2NsPSE6s\nma+dNb8rx58gqWeBb8pSufqwzqDmhYPlMALelUSvYDxyNi8UkEzZiaCbQMEdOMZF\n3hXQvp8ZHAkb3CGV0i1OmNqq826+wK/rCP1dyKgjcLZhzANZ1papt+B4myEsSHgf\ni7cn121U+wB92GrFCuO+No1AUqequND959e3n1KSaJQdg7mWE9yGmw/NUaPCN4e2\ngtCVBVc45QaH7MgY6CiL2NpTGnJFbdTmshxz1Ie/wuSGue0nrHtKwoiJIUs5/QKv\nEZOEmpurCtuSKLkSLaXKqg+OES+rpTCjxfoFhmCSj4Hyzx6v+GWnCT+aWv+QssxG\nhuX3TgqMQhNsYwKCAQEA3LkqOcWEbpmLkZsnfSeifeZSYt1PqNSFSxMPC9slBlk2\njR35+Wf+n9HJSiLQouGUvSlPb6V0BH0QJDILNGoya7XuAZmTUceWmiCDVrJIkJqq\nDGfsiVoJ3EmbYk2vqnKiw1/FzZ/6ymmzHxDGrARPJz6buwQtRzBC5w9TfZmbt2JH\nFck+wSCvVLUHKgyqItqwoAPNa0T1BpwKBTkW6nEiZNNBCzb8hEgdZE9dyKUbAe7e\nlioMshnuqf+yRXBZ7k1eQ/kztP8yIE410j/RKtjrlkeeFPwFzyQsyNhQ/XmauJs3\n/Xo97m3w3Q7sb3wZaJnC3hwmMNBQg2HwVtkyFTQxNwKCAQEAuNvMpEwE0KImttl3\nfZ0F38NPULe9W7L7o7j/qdNsvUfE7KP3iGceyVfLBNOuIadakZHN0kca6h3Yq5a+\nderB6B5tNBTRSnYlgozmaSXNiwVJPDMwuvWOWraEj+wxU4Ez7rIRqNlVsul4OimG\nZs3deW5S+Fx6GtDAg3VQkGn/9/IpItTl3+ZbXp4G9Hlp+ac31J9vgZzcFZmvXzUi\nWAIAPvW4Xbeqtzot236L9vuliTG9/++UpZPf0YD78AnOChUQKOSS0z7FdIs3YADR\nhtj0OGjDuUv6fovyBG6JuLDE+5CNwyZx6YnSLYOwaGRnRvgEIgx4EiMXAAnrjohp\nVi5ulwKCAQEA4eGtLdQ3m+5gSgVbJ997icjxDxURfoUKSKIV2bSpcqQ/GGnMrC9O\n67e4/CiGx87qI1OTyVfQ/Sm7j0qhCpx5RroCMhMXYHKP0ejJ+417/0mhL5O6iD8P\nfvvgZoKzl11cQBxuHwnWW5VRS30mdxxU8PXh2AYB5hYkWES0slL2RpVICzmKgh5O\n2ASIT3olDZW94zYLC5GYno3aXasCcQJSeKs20ZV0MWfmvmITe+ZIC+zVrOVWnnCf\nZ193WpPNaW68dzONKjBUHwNn2kVGG+QZIh0EmBthC5As2mPyFpjz0ENEAdJAm4zk\nqtL9+IjO2Xn0382C7H/rQkCLfJJ94y/+jg==\n-----END PRIVATE KEY-----\n",
            "public_key_fingerprint_md5": "35:be:af:03:0c:6d:5d:c7:02:11:c7:13:ca:92:52:1c",
            "public_key_fingerprint_sha256": "SHA256:kjUdtDTaHpm+2XaY6Yt3Umn7i/jfACVtBlfKUfqCzGY",
            "public_key_openssh": "ssh-rsa AAAAB3NzaC1yc2EAAAADAQABAAACAQDLBQS0VwfxXJiuBMm71Y0GQLAeoaThJnZXh/RHg+oirYIeGJt6qiNqLzGU5jo5rn/ha3kL9hidHqQ2DqVC0IEHBm2/C0sctef3CvIN2KlQJStkYee/tvs/jUv/wVst6NUUpsVCbFy7ReJ0gyVCZQEpKU3YvkLS097syoB8CDAanYDiunExOknwNj0MqIb8jp2ydnfvBfnSxSv5t97w+22bsXlar+s/jlwZDS0QA1bFFXi+8cwQTvzMSOBmZLw54319MrWmW7tggxDLxzdtypzRxDLJSTOl2ObzG/Ev+xPR7/Qm76tNWgP1X3jlWasIRoQOn/9XX2BT2V7otCUuovw+mu/E83IZSXnjwCMmjJGOFxzN+M7okS2Fo6fwNurZGL1Qg6a2si9cfLfjXUnaAINzbfDmY1le4sCqq7RDxoBwMQ6ALlHXlDPR8uCWvRrmrYTxC07CbHaMMlG64JvoZ1UV3+3OIrOAcRgfTswqDjQcvVu+yMWVl3/BEMPbitNt3GUp/Nok2/scxHkA920/ZY423eOX9iqXaf/t7KCsJeke/CW5cnE0wpZsscbQ1rM/yB4SMpHX+xqgCuvfwPZfW4KONyFEXLGhq4zecsJozGLVTLZTEJPqlWyqVNTzQTtzH3e/XMXd0k3QbhgdiEMrnzyenyMAx24rCgY13B4Wz31Q3Q==\n",
            "public_key_pem": "-----BEGIN PUBLIC KEY-----\nMIICIjANBgkqhkiG9w0BAQEFAAOCAg8AMIICCgKCAgEAywUEtFcH8VyYrgTJu9WN\nBkCwHqGk4SZ2V4f0R4PqIq2CHhibeqojai8xlOY6Oa5/4Wt5C/YYnR6kNg6lQtCB\nBwZtvwtLHLXn9wryDdipUCUrZGHnv7b7P41L/8FbLejVFKbFQmxcu0XidIMlQmUB\nKSlN2L5C0tPe7MqAfAgwGp2A4rpxMTpJ8DY9DKiG/I6dsnZ37wX50sUr+bfe8Ptt\nm7F5Wq/rP45cGQ0tEANWxRV4vvHMEE78zEjgZmS8OeN9fTK1plu7YIMQy8c3bcqc\n0cQyyUkzpdjm8xvxL/sT0e/0Ju+rTVoD9V945VmrCEaEDp//V19gU9le6LQlLqL8\nPprvxPNyGUl548AjJoyRjhcczfjO6JEthaOn8Dbq2Ri9UIOmtrIvXHy3411J2gCD\nc23w5mNZXuLAqqu0Q8aAcDEOgC5R15Qz0fLglr0a5q2E8QtOwmx2jDJRuuCb6GdV\nFd/tziKzgHEYH07MKg40HL1bvsjFlZd/wRDD24rTbdxlKfzaJNv7HMR5APdtP2WO\nNt3jl/Yql2n/7eygrCXpHvwluXJxNMKWbLHG0NazP8geEjKR1/saoArr38D2X1uC\njjchRFyxoauM3nLCaMxi1Uy2UxCT6pVsqlTU80E7cx93v1zF3dJN0G4YHYhDK588\nnp8jAMduKwoGNdweFs99UN0CAwEAAQ==\n-----END PUBLIC KEY-----\n",
            "rsa_bits": 4096
          },
          "sensitive_attributes": [
            [
              {
                "type": "get_attr",
                "value": "private_key_openssh"
              }
            ],
            [
              {
                "type": "get_attr",
                "value": "private_key_pem_pkcs8"
              }
            ],
            [
              {
                "type": "get_attr",
                "value": "private_key_pem"
              }
            ]
          ]
        }
      ]
    }
  ],
  "check_results": [
    {
      "object_kind": "resource",
      "config_addr": "module.eks.module.eks_managed_node_group.module.user_data.null_resource.validate_cluster_service_cidr",
      "status": "pass",
      "objects": [
        {
          "object_addr": "module.eks.module.eks_managed_node_group[\"default_node_group\"].module.user_data.null_resource.validate_cluster_service_cidr",
          "status": "pass"
        }
      ]
    },
    {
      "object_kind": "resource",
      "config_addr": "module.eks.module.self_managed_node_group.module.user_data.null_resource.validate_cluster_service_cidr",
      "status": "pass",
      "objects": null
    }
  ]
}
