{
  "version": 4,
  "terraform_version": "1.9.6",
  "serial": 121,
  "lineage": "f0b6d692-7aad-9484-d252-4f87d7645883",
  "outputs": {
    "cloudwatch_log_group_arn": {
      "value": "arn:aws:logs:us-east-1:132172135366:log-group:/aws/eks/demo-cluster/cluster",
      "type": "string"
    },
    "cloudwatch_log_group_name": {
      "value": "/aws/eks/demo-cluster/cluster",
      "type": "string"
    },
    "cluster_arn": {
      "value": "arn:aws:eks:us-east-1:132172135366:cluster/demo-cluster",
      "type": "string"
    },
    "cluster_certificate_authority_data": {
      "value": "LS0tLS1CRUdJTiBDRVJUSUZJQ0FURS0tLS0tCk1JSURCVENDQWUyZ0F3SUJBZ0lJU0hPSUZkYjRZSEF3RFFZSktvWklodmNOQVFFTEJRQXdGVEVUTUJFR0ExVUUKQXhNS2EzVmlaWEp1WlhSbGN6QWVGdzB5TkRBNU1qUXdOelEwTXpCYUZ3MHpOREE1TWpJd056UTVNekJhTUJVeApFekFSQmdOVkJBTVRDbXQxWW1WeWJtVjBaWE13Z2dFaU1BMEdDU3FHU0liM0RRRUJBUVVBQTRJQkR3QXdnZ0VLCkFvSUJBUUN1TzNNT0pMRHp4Z2d4OWZwRTRhOWhYNGlCMTNoY2haeFpacTlzblBzL1RzQ3pVbGpjQnU1THVMaUsKZEhsc1VsSHNoYndOY2JaWWFKbERXVmxzOWtJZGxMek9hVDk5bzgvdzRyL045WjVDNG1xaEE1Y2ovNDZ3TEJrbQpybUJJelVKdHUwRzYzUVQveEJrZkRzTzVCZDBDa2txRWw2S0EzZW5qclhpZkh1UnpWejZiQnFMYm9lQysxMm1oCkxURXN3ZVZvcGM1VkNiRHR5aVpVdE8xM3BoblY0cm1sY1JhOEg4QlV6c255dlYvTzQrOERTYVB2OUxkMm1QUXgKb2tjVW90dnBPTGFPZHJtMVRWem5Wd3NUTDhNb09LTVRlQ2YzQk55b0RGcDFxWm1aZktHakorTTMxRC9MYWlFUwpYRDNSSmFaS0ZQSTMrV2NUbjV4SUpMRUJ5cXpqQWdNQkFBR2pXVEJYTUE0R0ExVWREd0VCL3dRRUF3SUNwREFQCkJnTlZIUk1CQWY4RUJUQURBUUgvTUIwR0ExVWREZ1FXQkJRaEdUUEJtK1BLS1k2MUQ3WEFnTThudEwwWUp6QVYKQmdOVkhSRUVEakFNZ2dwcmRXSmxjbTVsZEdWek1BMEdDU3FHU0liM0RRRUJDd1VBQTRJQkFRQkhCSDVNNVJIUwpIVldvZ3NoSlE5Z2pOTVhmL2QwZlczVmtEZGtiWHR3WmpuMTh1OVVrZVVSQWJldloxWEpETFJ5YVM5Szk1bks4CjJVb3BLSTY1Q3o1UFExR3ZMLzlZLzlXYkVFcG5FMnlLSmNrYkY5ZGxMSDRDSndYUCtrYXVmMFRqQXNwZ0JEMmcKOS91TkF6QTYvaVF3aWNUUXBETUt4RHJ2cXROQmN2RHNJS3lvdGszUzh5Qk0wZGE1NlZIOXZrb2lyN1B1WXQ5agp6akJxbFpwZXc0OHV2blV0OHMzcFNxcDI3MXEycmhjR1BRU2hza1FJVXdRWGFleXlqb25nbmhMbHNYUitYTnJvCmdQd1JFWm1ReEhObml2YkxicWh0d1F0aHU2QjNVOUt2cmFuclV6dVhjMWMzaTZBWGVBblhPZEJDN2dIL3JRUXMKMEhta0J4SG9RQWhVCi0tLS0tRU5EIENFUlRJRklDQVRFLS0tLS0K",
      "type": "string"
    },
    "cluster_endpoint": {
      "value": "https://1A226482DBEA6135793EF698E2B777BB.yl4.us-east-1.eks.amazonaws.com",
      "type": "string"
    },
    "cluster_iam_role_arn": {
      "value": "arn:aws:iam::132172135366:role/demo-cluster-cluster-20240924074349155200000005",
      "type": "string"
    },
    "cluster_iam_role_name": {
      "value": "demo-cluster-cluster-20240924074349155200000005",
      "type": "string"
    },
    "cluster_iam_role_unique_id": {
      "value": "AROAR5RQSXPDE5AHVHMQX",
      "type": "string"
    },
    "cluster_name": {
      "value": "demo-cluster",
      "type": "string"
    },
    "cluster_platform_version": {
      "value": "eks.13",
      "type": "string"
    },
    "cluster_primary_security_group_id": {
      "value": "sg-06c5130d74ae3c56e",
      "type": "string"
    },
    "cluster_security_group_arn": {
      "value": "arn:aws:ec2:us-east-1:132172135366:security-group/sg-0562c177acd2b10b1",
      "type": "string"
    },
    "cluster_security_group_id": {
      "value": "sg-0562c177acd2b10b1",
      "type": "string"
    },
    "cluster_status": {
      "value": "ACTIVE",
      "type": "string"
    },
    "cluster_tls_certificate_sha1_fingerprint": {
      "value": "9e99a48a9960b14926bb7f3b02e22da2b0ab7280",
      "type": "string"
    },
    "node_security_group_arn": {
      "value": "arn:aws:ec2:us-east-1:132172135366:security-group/sg-0cb5bbd70aa7c0bc5",
      "type": "string"
    },
    "node_security_group_id": {
      "value": "sg-0cb5bbd70aa7c0bc5",
      "type": "string"
    },
    "region": {
      "value": "us-east-1",
      "type": "string"
    }
  },
  "resources": [
    {
      "mode": "data",
      "type": "aws_availability_zones",
      "name": "available",
      "provider": "provider[\"registry.terraform.io/hashicorp/aws\"]",
      "instances": [
        {
          "schema_version": 0,
          "attributes": {
            "all_availability_zones": null,
            "exclude_names": null,
            "exclude_zone_ids": null,
            "filter": null,
            "group_names": [
              "us-east-1"
            ],
            "id": "us-east-1",
            "names": [
              "us-east-1a",
              "us-east-1b",
              "us-east-1c",
              "us-east-1d",
              "us-east-1e",
              "us-east-1f"
            ],
            "state": null,
            "timeouts": null,
            "zone_ids": [
              "use1-az2",
              "use1-az4",
              "use1-az6",
              "use1-az1",
              "use1-az3",
              "use1-az5"
            ]
          },
          "sensitive_attributes": []
        }
      ]
    },
    {
      "mode": "data",
      "type": "aws_caller_identity",
      "name": "current",
      "provider": "provider[\"registry.terraform.io/hashicorp/aws\"]",
      "instances": [
        {
          "schema_version": 0,
          "attributes": {
            "account_id": "132172135366",
            "arn": "arn:aws:iam::132172135366:user/k8suser",
            "id": "132172135366",
            "user_id": "AIDAR5RQSXPDLVB5NXR7O"
          },
          "sensitive_attributes": []
        }
      ]
    },
    {
      "mode": "data",
      "type": "terraform_remote_state",
      "name": "vpc",
      "provider": "provider[\"terraform.io/builtin/terraform\"]",
      "instances": [
        {
          "schema_version": 0,
          "attributes": {
            "backend": "local",
            "config": {
              "value": {
                "path": "../vpc/terraform.tfstate"
              },
              "type": [
                "object",
                {
                  "path": "string"
                }
              ]
            },
            "defaults": null,
            "outputs": {
              "value": {
                "azs": [
                  "us-east-1a",
                  "us-east-1b",
                  "us-east-1c"
                ],
                "intra_subnets": [
                  "subnet-0c20afe7e9dbab7a7",
                  "subnet-062472382d0f1b47b",
                  "subnet-0bd088889d28560a0"
                ],
                "private_subnets": [
                  "subnet-0613cb6e3b6e6d6cd",
                  "subnet-063faed57107a5608",
                  "subnet-0d45429d407c13c1b"
                ],
                "public_subnets": [
                  "subnet-0c962ac9c02a252c0",
                  "subnet-0b591293ed9cf4849",
                  "subnet-0c7a5a4ea84fe6e1d"
                ],
                "vpc_id": "vpc-0f80c4d99348cf6e9"
              },
              "type": [
                "object",
                {
                  "azs": [
                    "list",
                    "string"
                  ],
                  "intra_subnets": [
                    "tuple",
                    [
                      "string",
                      "string",
                      "string"
                    ]
                  ],
                  "private_subnets": [
                    "tuple",
                    [
                      "string",
                      "string",
                      "string"
                    ]
                  ],
                  "public_subnets": [
                    "tuple",
                    [
                      "string",
                      "string",
                      "string"
                    ]
                  ],
                  "vpc_id": "string"
                }
              ]
            },
            "workspace": null
          },
          "sensitive_attributes": []
        }
      ]
    },
    {
      "mode": "managed",
      "type": "aws_security_group",
      "name": "remote_access",
      "provider": "provider[\"registry.terraform.io/hashicorp/aws\"]",
      "instances": [
        {
          "schema_version": 1,
          "attributes": {
            "arn": "arn:aws:ec2:us-east-1:132172135366:security-group/sg-0fffbbf40c76d69bf",
            "description": "Allow remote SSH from anywhere",
            "egress": [
              {
                "cidr_blocks": [
                  "0.0.0.0/0"
                ],
                "description": "",
                "from_port": 0,
                "ipv6_cidr_blocks": [
                  "::/0"
                ],
                "prefix_list_ids": [],
                "protocol": "-1",
                "security_groups": [],
                "self": false,
                "to_port": 0
              }
            ],
            "id": "sg-0fffbbf40c76d69bf",
            "ingress": [
              {
                "cidr_blocks": [
                  "0.0.0.0/0"
                ],
                "description": "SSH access",
                "from_port": 22,
                "ipv6_cidr_blocks": [],
                "prefix_list_ids": [],
                "protocol": "tcp",
                "security_groups": [],
                "self": false,
                "to_port": 22
              }
            ],
            "name": "demo-cluster-remote-access20240924074349104300000004",
            "name_prefix": "demo-cluster-remote-access",
            "owner_id": "132172135366",
            "revoke_rules_on_delete": false,
            "tags": {
              "DevtedsOrg": "Devteds Courses",
              "DevtedsStack": "demo-cluster",
              "DevtedsStackName": "EKS",
              "Name": "demo-cluster-remote-ssh",
              "kubernetes.io/cluster/demo-cluster": "shared"
            },
            "tags_all": {
              "DevtedsOrg": "Devteds Courses",
              "DevtedsStack": "demo-cluster",
              "DevtedsStackName": "EKS",
              "Name": "demo-cluster-remote-ssh",
              "kubernetes.io/cluster/demo-cluster": "shared"
            },
            "timeouts": null,
            "vpc_id": "vpc-0f80c4d99348cf6e9"
          },
          "sensitive_attributes": [],
          "private": "eyJlMmJmYjczMC1lY2FhLTExZTYtOGY4OC0zNDM2M2JjN2M0YzAiOnsiY3JlYXRlIjo2MDAwMDAwMDAwMDAsImRlbGV0ZSI6OTAwMDAwMDAwMDAwfSwic2NoZW1hX3ZlcnNpb24iOiIxIn0=",
          "dependencies": [
            "data.terraform_remote_state.vpc"
          ]
        }
      ]
    },
    {
      "module": "module.eks",
      "mode": "data",
      "type": "aws_caller_identity",
      "name": "current",
      "provider": "provider[\"registry.terraform.io/hashicorp/aws\"]",
      "instances": [
        {
          "schema_version": 0,
          "attributes": {
            "account_id": "132172135366",
            "arn": "arn:aws:iam::132172135366:user/k8suser",
            "id": "132172135366",
            "user_id": "AIDAR5RQSXPDLVB5NXR7O"
          },
          "sensitive_attributes": []
        }
      ]
    },
    {
      "module": "module.eks",
      "mode": "data",
      "type": "aws_iam_policy_document",
      "name": "assume_role_policy",
      "provider": "provider[\"registry.terraform.io/hashicorp/aws\"]",
      "instances": [
        {
          "index_key": 0,
          "schema_version": 0,
          "attributes": {
            "id": "2764486067",
            "json": "{\n  \"Version\": \"2012-10-17\",\n  \"Statement\": [\n    {\n      \"Sid\": \"EKSClusterAssumeRole\",\n      \"Effect\": \"Allow\",\n      \"Action\": \"sts:AssumeRole\",\n      \"Principal\": {\n        \"Service\": \"eks.amazonaws.com\"\n      }\n    }\n  ]\n}",
            "minified_json": "{\"Version\":\"2012-10-17\",\"Statement\":[{\"Sid\":\"EKSClusterAssumeRole\",\"Effect\":\"Allow\",\"Action\":\"sts:AssumeRole\",\"Principal\":{\"Service\":\"eks.amazonaws.com\"}}]}",
            "override_json": null,
            "override_policy_documents": null,
            "policy_id": null,
            "source_json": null,
            "source_policy_documents": null,
            "statement": [
              {
                "actions": [
                  "sts:AssumeRole"
                ],
                "condition": [],
                "effect": "Allow",
                "not_actions": [],
                "not_principals": [],
                "not_resources": [],
                "principals": [
                  {
                    "identifiers": [
                      "eks.amazonaws.com"
                    ],
                    "type": "Service"
                  }
                ],
                "resources": [],
                "sid": "EKSClusterAssumeRole"
              }
            ],
            "version": "2012-10-17"
          },
          "sensitive_attributes": []
        }
      ]
    },
    {
      "module": "module.eks",
      "mode": "data",
      "type": "aws_iam_session_context",
      "name": "current",
      "provider": "provider[\"registry.terraform.io/hashicorp/aws\"]",
      "instances": [
        {
          "schema_version": 0,
          "attributes": {
            "arn": "arn:aws:iam::132172135366:user/k8suser",
            "id": "arn:aws:iam::132172135366:user/k8suser",
            "issuer_arn": "arn:aws:iam::132172135366:user/k8suser",
            "issuer_id": "",
            "issuer_name": "",
            "session_name": ""
          },
          "sensitive_attributes": []
        }
      ]
    },
    {
      "module": "module.eks",
      "mode": "data",
      "type": "aws_partition",
      "name": "current",
      "provider": "provider[\"registry.terraform.io/hashicorp/aws\"]",
      "instances": [
        {
          "schema_version": 0,
          "attributes": {
            "dns_suffix": "amazonaws.com",
            "id": "aws",
            "partition": "aws",
            "reverse_dns_prefix": "com.amazonaws"
          },
          "sensitive_attributes": []
        }
      ]
    },
    {
      "module": "module.eks",
      "mode": "data",
      "type": "tls_certificate",
      "name": "this",
      "provider": "provider[\"registry.terraform.io/hashicorp/tls\"]",
      "instances": [
        {
          "index_key": 0,
          "schema_version": 0,
          "attributes": {
            "certificates": [
              {
                "cert_pem": "-----BEGIN CERTIFICATE-----\nMIIEdTCCA12gAwIBAgIJAKcOSkw0grd/MA0GCSqGSIb3DQEBCwUAMGgxCzAJBgNV\nBAYTAlVTMSUwIwYDVQQKExxTdGFyZmllbGQgVGVjaG5vbG9naWVzLCBJbmMuMTIw\nMAYDVQQLEylTdGFyZmllbGQgQ2xhc3MgMiBDZXJ0aWZpY2F0aW9uIEF1dGhvcml0\neTAeFw0wOTA5MDIwMDAwMDBaFw0zNDA2MjgxNzM5MTZaMIGYMQswCQYDVQQGEwJV\nUzEQMA4GA1UECBMHQXJpem9uYTETMBEGA1UEBxMKU2NvdHRzZGFsZTElMCMGA1UE\nChMcU3RhcmZpZWxkIFRlY2hub2xvZ2llcywgSW5jLjE7MDkGA1UEAxMyU3RhcmZp\nZWxkIFNlcnZpY2VzIFJvb3QgQ2VydGlmaWNhdGUgQXV0aG9yaXR5IC0gRzIwggEi\nMA0GCSqGSIb3DQEBAQUAA4IBDwAwggEKAoIBAQDVDDrEKvlO4vW+GZdfjohTsR8/\ny8+fIBNtKTrID30892t2OGPZNmCom15cAICyL1l/9of5JUOG52kbUpqQ4XHj2C0N\nTm/2yEnZtvMaVq4rtnQU68/7JuMauh2WLmo7WJSJR1b/JaCTcFOD2oR0FMNnngRo\nOt+OQFodSk7PQ5E751bWAHDLUu57fa4657wx+UX2wmDPE1kCK4DMNEffud6QZW0C\nzyyRpqbn3oUYSXxmTqM6bam17jQuug0DuDPfR+uxa40l2ZvOgdFFRjKWcIfeAg5J\nQ4W2bHO7ZOphQazJ1FTfhy/HIrImzJ9ZVGif/L4qL8RVHHVAYBeFAlU5i38FAgMB\nAAGjgfAwge0wDwYDVR0TAQH/BAUwAwEB/zAOBgNVHQ8BAf8EBAMCAYYwHQYDVR0O\nBBYEFJxfAN+qAdcwKziIorhtSpzyEZGDMB8GA1UdIwQYMBaAFL9ft9HO3R+G9FtV\nrNzXEMIOqYjnME8GCCsGAQUFBwEBBEMwQTAcBggrBgEFBQcwAYYQaHR0cDovL28u\nc3MyLnVzLzAhBggrBgEFBQcwAoYVaHR0cDovL3guc3MyLnVzL3guY2VyMCYGA1Ud\nHwQfMB0wG6AZoBeGFWh0dHA6Ly9zLnNzMi51cy9yLmNybDARBgNVHSAECjAIMAYG\nBFUdIAAwDQYJKoZIhvcNAQELBQADggEBACMd44pXyn3pF3lM8R5V/cxTbj5HD9/G\nVfKyBDbtgB9TxF00KGu+x1X8Z+rLP3+QsjPNG1gQggL4+C/1E2DUBc7xgQjB3ad1\nl08YuW3e95ORCLp+QCztweq7dp4zBncdDQh/U90bZKuCJ/Fp1U1ervShw3WnWEQt\n8jxwmKy6abaVd38PMV4s/KCHOkdp8Hlf9BRUpJVeEXgSYCfOn8J3/yNTd126/+pZ\n59vPr5KW7ySaNRB6nJHGDn2Z9j8Z3/VyVOEVqQdZe4O/Ui5GjLIAZHYcSNPYeehu\nVsyuLAOQ1xk4meTKCRlb/weWsKh/NEnfVqn3sF/tM+2MR7cwA130A4w=\n-----END CERTIFICATE-----\n",
                "is_ca": true,
                "issuer": "OU=Starfield Class 2 Certification Authority,O=Starfield Technologies\\, Inc.,C=US",
                "not_after": "2034-06-28T17:39:16Z",
                "not_before": "2009-09-02T00:00:00Z",
                "public_key_algorithm": "RSA",
                "serial_number": "12037640545166866303",
                "sha1_fingerprint": "9e99a48a9960b14926bb7f3b02e22da2b0ab7280",
                "signature_algorithm": "SHA256-RSA",
                "subject": "CN=Starfield Services Root Certificate Authority - G2,O=Starfield Technologies\\, Inc.,L=Scottsdale,ST=Arizona,C=US",
                "version": 3
              },
              {
                "cert_pem": "-----BEGIN CERTIFICATE-----\nMIIEkjCCA3qgAwIBAgITBn+USionzfP6wq4rAfkI7rnExjANBgkqhkiG9w0BAQsF\nADCBmDELMAkGA1UEBhMCVVMxEDAOBgNVBAgTB0FyaXpvbmExEzARBgNVBAcTClNj\nb3R0c2RhbGUxJTAjBgNVBAoTHFN0YXJmaWVsZCBUZWNobm9sb2dpZXMsIEluYy4x\nOzA5BgNVBAMTMlN0YXJmaWVsZCBTZXJ2aWNlcyBSb290IENlcnRpZmljYXRlIEF1\ndGhvcml0eSAtIEcyMB4XDTE1MDUyNTEyMDAwMFoXDTM3MTIzMTAxMDAwMFowOTEL\nMAkGA1UEBhMCVVMxDzANBgNVBAoTBkFtYXpvbjEZMBcGA1UEAxMQQW1hem9uIFJv\nb3QgQ0EgMTCCASIwDQYJKoZIhvcNAQEBBQADggEPADCCAQoCggEBALJ4gHHKeNXj\nca9HgFB0fW7Y14h29Jlo91ghYPl0hAEvrAIthtOgQ3pOsqTQNroBvo3bSMgHFzZM\n9O6II8c+6zf1tRn4SWiw3te5djgdYZ6k/oI2peVKVuRF4fn9tBb6dNqcmzU5L/qw\nIFAGbHrQgLKm+a/sRxmPUDgH3KKHOVj4utWp+UhnMJbulHheb4mjUcAwhmahRWa6\nVOujw5H5SNz/0egwLX0tdHA114gk957EWW67c4cX8jJGKLhD+rcdqsq08p8kDi1L\n93FcXmn/6pUCyziKrlA4b9v7LWIbxcceVOF34GfID5yHI9Y/QCB/IIDEgEw+OyQm\njgSubJrIqg0CAwEAAaOCATEwggEtMA8GA1UdEwEB/wQFMAMBAf8wDgYDVR0PAQH/\nBAQDAgGGMB0GA1UdDgQWBBSEGMyFNOy8DJSULghZnMeyEE4KCDAfBgNVHSMEGDAW\ngBScXwDfqgHXMCs4iKK4bUqc8hGRgzB4BggrBgEFBQcBAQRsMGowLgYIKwYBBQUH\nMAGGImh0dHA6Ly9vY3NwLnJvb3RnMi5hbWF6b250cnVzdC5jb20wOAYIKwYBBQUH\nMAKGLGh0dHA6Ly9jcnQucm9vdGcyLmFtYXpvbnRydXN0LmNvbS9yb290ZzIuY2Vy\nMD0GA1UdHwQ2MDQwMqAwoC6GLGh0dHA6Ly9jcmwucm9vdGcyLmFtYXpvbnRydXN0\nLmNvbS9yb290ZzIuY3JsMBEGA1UdIAQKMAgwBgYEVR0gADANBgkqhkiG9w0BAQsF\nAAOCAQEAYjdCXLwQtT6LLOkMm2xF4gcAevnFWAu5CIw+7bMlPLVvUOTNNWqnkzSW\nMiGpSESrnO09tKpzbeR/FoCJbM8oAxiDR3mjEH4wW6w7sGDgd9QIpuEdfF7Au/ma\neyKdpwAJfqxGF4PcnCZXmTA5YpaP7dreqsXMGz7KQ2hsVxa81Q4gLv7/wmpdLqBK\nbRRYh5TmOTFffHPLkIhqhBGWJ6bt2YFGpn6jcgAKUj6DiAdjd4lpFw85hdKrCEVN\n0FE6/V1dN2RMfjCyVSRCnTawXZwXgWHxyvkQAiSr6w10kY17RSlQOYiypok1JR4U\nakcjMS9cmvqtmg5iUaQqqcT5NJ0hGA==\n-----END CERTIFICATE-----\n",
                "is_ca": true,
                "issuer": "CN=Starfield Services Root Certificate Authority - G2,O=Starfield Technologies\\, Inc.,L=Scottsdale,ST=Arizona,C=US",
                "not_after": "2037-12-31T01:00:00Z",
                "not_before": "2015-05-25T12:00:00Z",
                "public_key_algorithm": "RSA",
                "serial_number": "144918191876577076464031512351042010504348870",
                "sha1_fingerprint": "06b25927c42a721631c1efd9431e648fa62e1e39",
                "signature_algorithm": "SHA256-RSA",
                "subject": "CN=Amazon Root CA 1,O=Amazon,C=US",
                "version": 3
              },
              {
                "cert_pem": "-----BEGIN CERTIFICATE-----\nMIIEXjCCA0agAwIBAgITB3MSSkvL1E7HtTvq8ZSELToPoTANBgkqhkiG9w0BAQsF\nADA5MQswCQYDVQQGEwJVUzEPMA0GA1UEChMGQW1hem9uMRkwFwYDVQQDExBBbWF6\nb24gUm9vdCBDQSAxMB4XDTIyMDgyMzIyMjUzMFoXDTMwMDgyMzIyMjUzMFowPDEL\nMAkGA1UEBhMCVVMxDzANBgNVBAoTBkFtYXpvbjEcMBoGA1UEAxMTQW1hem9uIFJT\nQSAyMDQ4IE0wMjCCASIwDQYJKoZIhvcNAQEBBQADggEPADCCAQoCggEBALtDGMZa\nqHneKei1by6+pUPPLljTB143Si6VpEWPc6mSkFhZb/6qrkZyoHlQLbDYnI2D7hD0\nsdzEqfnuAjIsuXQLG3A8TvX6V3oFNBFVe8NlLJHvBseKY88saLwufxkZVwk74g4n\nWlNMXzla9Y5F3wwRHwMVH443xGz6UtGSZSqQ94eFx5X7Tlqt8whi8qCaKdZ5rNak\n+r9nUThOeClqFd4oXych//Rc7Y0eX1KNWHYSI1Nk31mYgiK3JvH063g+K9tHA63Z\neTgKgndlh+WI+zv7i44HepRZjA1FYwYZ9Vv/9UkC5Yz8/yU65fgjaE+wVHM4e/Yy\nC2osrPWE7gJ+dXMCAwEAAaOCAVowggFWMBIGA1UdEwEB/wQIMAYBAf8CAQAwDgYD\nVR0PAQH/BAQDAgGGMB0GA1UdJQQWMBQGCCsGAQUFBwMBBggrBgEFBQcDAjAdBgNV\nHQ4EFgQUwDFSzVpQw4J8dHHOy+mc+XrrguIwHwYDVR0jBBgwFoAUhBjMhTTsvAyU\nlC4IWZzHshBOCggwewYIKwYBBQUHAQEEbzBtMC8GCCsGAQUFBzABhiNodHRwOi8v\nb2NzcC5yb290Y2ExLmFtYXpvbnRydXN0LmNvbTA6BggrBgEFBQcwAoYuaHR0cDov\nL2NydC5yb290Y2ExLmFtYXpvbnRydXN0LmNvbS9yb290Y2ExLmNlcjA/BgNVHR8E\nODA2MDSgMqAwhi5odHRwOi8vY3JsLnJvb3RjYTEuYW1hem9udHJ1c3QuY29tL3Jv\nb3RjYTEuY3JsMBMGA1UdIAQMMAowCAYGZ4EMAQIBMA0GCSqGSIb3DQEBCwUAA4IB\nAQAtTi6Fs0Azfi+iwm7jrz+CSxHH+uHl7Law3MQSXVtR8RV53PtR6r/6gNpqlzdo\nZq4FKbADi1v9Bun8RY8D51uedRfjsbeodizeBB8nXmeyD33Ep7VATj4ozcd31YFV\nfgRhvTSxNrrTlNpWkUk0m3BMPv8sg381HhA6uEYokE5q9uws/3YkKqRiEz3TsaWm\nJqIRZhMbgAfp7O7FUwFIb7UIspogZSKxPIWJpxiPo3TcBambbVtQOcNRWz5qCQdD\nslI2yayq0n2TXoHyNCLEH8rpsJRVILFsg0jc7BaFrMnF462+ajSehgj12IidNeRN\n4zl+EoNaWdpnWndvSpAEkq2P\n-----END CERTIFICATE-----\n",
                "is_ca": true,
                "issuer": "CN=Amazon Root CA 1,O=Amazon,C=US",
                "not_after": "2030-08-23T22:25:30Z",
                "not_before": "2022-08-23T22:25:30Z",
                "public_key_algorithm": "RSA",
                "serial_number": "166129353110899469622597955040406457904926625",
                "sha1_fingerprint": "414a2060b738c635cc7fc243e052615592830c53",
                "signature_algorithm": "SHA256-RSA",
                "subject": "CN=Amazon RSA 2048 M02,O=Amazon,C=US",
                "version": 3
              },
              {
                "cert_pem": "-----BEGIN CERTIFICATE-----\nMIIF5TCCBM2gAwIBAgIQCJL9XGbawpZ6IsGGvDqdyDANBgkqhkiG9w0BAQsFADA8\nMQswCQYDVQQGEwJVUzEPMA0GA1UEChMGQW1hem9uMRwwGgYDVQQDExNBbWF6b24g\nUlNBIDIwNDggTTAyMB4XDTI0MDMyODAwMDAwMFoXDTI1MDQyNjIzNTk1OVowKDEm\nMCQGA1UEAwwdKi5la3MudXMtZWFzdC0xLmFtYXpvbmF3cy5jb20wggEiMA0GCSqG\nSIb3DQEBAQUAA4IBDwAwggEKAoIBAQC4iVpgxjgOmMKdC2tYTHa9yzuuLdYCjpC6\nxN1VgI71uTiSxUGf6R3N/Rdk5vjz2COu3fsVgMh6cCpqrPlxU/5uP0/DFfQGdVxB\nbZ4vYRC9jIbgyKmwqOEJMD/9B3iGHz3KpBpnXDcuulqWsCtuuqxjnMLL4h1UdOeA\nPNwhOyQxKMHl+LfrCZeCuehKch+XM/8lhdKgYyLp8o1Nm7IsNG1aN6iNoZ6rxEyU\nVw6fV+pZDaIrxkYf7unQrAfUWR122pXGzWRtv5VGZLjrci8ev4ZpgGViIzb2LOqT\nFm8gde6aURlAm4uMDFzmZ/iOqEV+52vO9Z0E6Yo5M3dJZqQo7uUpAgMBAAGjggL1\nMIIC8TAfBgNVHSMEGDAWgBTAMVLNWlDDgnx0cc7L6Zz5euuC4jAdBgNVHQ4EFgQU\nhG1ZDKa76htLZVXP+E3P3GnYHjEwKAYDVR0RBCEwH4IdKi5la3MudXMtZWFzdC0x\nLmFtYXpvbmF3cy5jb20wEwYDVR0gBAwwCjAIBgZngQwBAgEwDgYDVR0PAQH/BAQD\nAgWgMB0GA1UdJQQWMBQGCCsGAQUFBwMBBggrBgEFBQcDAjA7BgNVHR8ENDAyMDCg\nLqAshipodHRwOi8vY3JsLnIybTAyLmFtYXpvbnRydXN0LmNvbS9yMm0wMi5jcmww\ndQYIKwYBBQUHAQEEaTBnMC0GCCsGAQUFBzABhiFodHRwOi8vb2NzcC5yMm0wMi5h\nbWF6b250cnVzdC5jb20wNgYIKwYBBQUHMAKGKmh0dHA6Ly9jcnQucjJtMDIuYW1h\nem9udHJ1c3QuY29tL3IybTAyLmNlcjAMBgNVHRMBAf8EAjAAMIIBfQYKKwYBBAHW\neQIEAgSCAW0EggFpAWcAdgDPEVbu1S58r/OHW9lpLpvpGnFnSrAX7KwB0lt3zsw7\nCAAAAY6HAoTcAAAEAwBHMEUCIHI392+k5Ds777nM4CwNr+xjjCr49CQ/vHIJDZJX\nokM7AiEA++VPDyyMLijPy0GR8ZBIvAcrYbjfJXTF3GkizeJLVJIAdgB9WR4S4Xgq\nexxhZ3xe/fjQh1wUoE6VnrkDL9kOjC55uAAAAY6HAoTeAAAEAwBHMEUCICBkhMaf\n9gdR3bCbLxXFbHNEXUh7t3P/SxaUKDcE6UmIAiEA25zZ9aBt/mrhDcMc155V8qnw\nadTEqttLdP4XMEmMsPAAdQDm0jFjQHeMwRBBBtdxuc7B0kD2loSG+7qHMh39HjeO\nUAAAAY6HAoTxAAAEAwBGMEQCIFFF4kpqcNgHFzRi2cnL4HbNApZlnlc+Re9IyYXi\nCldqAiBkZUgs12iu2uWGU97VUAICt2+zZkhjUV3i+O3kYh1yrTANBgkqhkiG9w0B\nAQsFAAOCAQEAWY5OxR7rWtYFS09xAYYIHlBF7wdUxQH60zi/IqAHZIRCFI1xHdsJ\n0BUv30lLyiGtVr4DheBo81/IErBRpXmSkdoDJA+5d/Jz3EFtbrVogjESALAgBfSG\nuJX0QLshjyTl9O2r00qkxIhbKmSPSl9JQVxqt2jTaB6pD3SjWX6U+l397Ns1L6pI\nb1418oVo7LeHwEeEx6APMIyjzlfcXdCHA6lVKeiNF8SH+QW+h6ZOpGXJIU6llBjg\nWAhscqrGRj1APpuKWGVkVCweAjIOcEuWV8Fqmfp1h9jmeUkG6SoBifrl41PvhK0o\nqQ3LlAF6Op6n7JLa2rlXkf6LienZDVlSuQ==\n-----END CERTIFICATE-----\n",
                "is_ca": false,
                "issuer": "CN=Amazon RSA 2048 M02,O=Amazon,C=US",
                "not_after": "2025-04-26T23:59:59Z",
                "not_before": "2024-03-28T00:00:00Z",
                "public_key_algorithm": "RSA",
                "serial_number": "11397038078078022747295509550808604104",
                "sha1_fingerprint": "9451ad2b53c7f41fab22886cc07d482085336561",
                "signature_algorithm": "SHA256-RSA",
                "subject": "CN=*.eks.us-east-1.amazonaws.com",
                "version": 3
              }
            ],
            "content": null,
            "id": "99d41e43229a4cdaf4141f3e8310e6d95c31dab9",
            "url": "https://oidc.eks.us-east-1.amazonaws.com/id/1A226482DBEA6135793EF698E2B777BB",
            "verify_chain": true
          },
          "sensitive_attributes": []
        }
      ]
    },
    {
      "module": "module.eks",
      "mode": "managed",
      "type": "aws_cloudwatch_log_group",
      "name": "this",
      "provider": "provider[\"registry.terraform.io/hashicorp/aws\"]",
      "instances": [
        {
          "index_key": 0,
          "schema_version": 0,
          "attributes": {
            "arn": "arn:aws:logs:us-east-1:132172135366:log-group:/aws/eks/demo-cluster/cluster",
            "id": "/aws/eks/demo-cluster/cluster",
            "kms_key_id": "",
            "log_group_class": "STANDARD",
            "name": "/aws/eks/demo-cluster/cluster",
            "name_prefix": "",
            "retention_in_days": 90,
            "skip_destroy": false,
            "tags": {
              "DevtedsOrg": "Devteds Courses",
              "DevtedsStack": "demo-cluster",
              "DevtedsStackName": "EKS",
              "Name": "/aws/eks/demo-cluster/cluster",
              "kubernetes.io/cluster/demo-cluster": "shared"
            },
            "tags_all": {
              "DevtedsOrg": "Devteds Courses",
              "DevtedsStack": "demo-cluster",
              "DevtedsStackName": "EKS",
              "Name": "/aws/eks/demo-cluster/cluster",
              "kubernetes.io/cluster/demo-cluster": "shared"
            }
          },
          "sensitive_attributes": [],
          "private": "bnVsbA==",
          "create_before_destroy": true
        }
      ]
    },
    {
      "module": "module.eks",
      "mode": "managed",
      "type": "aws_ec2_tag",
      "name": "cluster_primary_security_group",
      "provider": "provider[\"registry.terraform.io/hashicorp/aws\"]",
      "instances": [
        {
          "index_key": "DevtedsOrg",
          "schema_version": 0,
          "attributes": {
            "id": "sg-06c5130d74ae3c56e,DevtedsOrg",
            "key": "DevtedsOrg",
            "resource_id": "sg-06c5130d74ae3c56e",
            "value": "Devteds Courses"
          },
          "sensitive_attributes": [],
          "private": "bnVsbA==",
          "dependencies": [
            "data.terraform_remote_state.vpc",
            "module.eks.aws_cloudwatch_log_group.this",
            "module.eks.aws_eks_cluster.this",
            "module.eks.aws_iam_policy.cni_ipv6_policy",
            "module.eks.aws_iam_role.this",
            "module.eks.aws_iam_role_policy_attachment.this",
            "module.eks.aws_security_group.cluster",
            "module.eks.aws_security_group.node",
            "module.eks.aws_security_group_rule.cluster",
            "module.eks.aws_security_group_rule.node",
            "module.eks.data.aws_caller_identity.current",
            "module.eks.data.aws_iam_policy_document.assume_role_policy",
            "module.eks.data.aws_iam_policy_document.cni_ipv6_policy",
            "module.eks.data.aws_iam_session_context.current",
            "module.eks.data.aws_partition.current",
            "module.eks.module.kms.aws_kms_external_key.this",
            "module.eks.module.kms.aws_kms_key.this",
            "module.eks.module.kms.aws_kms_replica_external_key.this",
            "module.eks.module.kms.aws_kms_replica_key.this",
            "module.eks.module.kms.data.aws_caller_identity.current",
            "module.eks.module.kms.data.aws_iam_policy_document.this",
            "module.eks.module.kms.data.aws_partition.current"
          ]
        },
        {
          "index_key": "DevtedsStack",
          "schema_version": 0,
          "attributes": {
            "id": "sg-06c5130d74ae3c56e,DevtedsStack",
            "key": "DevtedsStack",
            "resource_id": "sg-06c5130d74ae3c56e",
            "value": "demo-cluster"
          },
          "sensitive_attributes": [],
          "private": "bnVsbA==",
          "dependencies": [
            "data.terraform_remote_state.vpc",
            "module.eks.aws_cloudwatch_log_group.this",
            "module.eks.aws_eks_cluster.this",
            "module.eks.aws_iam_policy.cni_ipv6_policy",
            "module.eks.aws_iam_role.this",
            "module.eks.aws_iam_role_policy_attachment.this",
            "module.eks.aws_security_group.cluster",
            "module.eks.aws_security_group.node",
            "module.eks.aws_security_group_rule.cluster",
            "module.eks.aws_security_group_rule.node",
            "module.eks.data.aws_caller_identity.current",
            "module.eks.data.aws_iam_policy_document.assume_role_policy",
            "module.eks.data.aws_iam_policy_document.cni_ipv6_policy",
            "module.eks.data.aws_iam_session_context.current",
            "module.eks.data.aws_partition.current",
            "module.eks.module.kms.aws_kms_external_key.this",
            "module.eks.module.kms.aws_kms_key.this",
            "module.eks.module.kms.aws_kms_replica_external_key.this",
            "module.eks.module.kms.aws_kms_replica_key.this",
            "module.eks.module.kms.data.aws_caller_identity.current",
            "module.eks.module.kms.data.aws_iam_policy_document.this",
            "module.eks.module.kms.data.aws_partition.current"
          ]
        },
        {
          "index_key": "DevtedsStackName",
          "schema_version": 0,
          "attributes": {
            "id": "sg-06c5130d74ae3c56e,DevtedsStackName",
            "key": "DevtedsStackName",
            "resource_id": "sg-06c5130d74ae3c56e",
            "value": "EKS"
          },
          "sensitive_attributes": [],
          "private": "bnVsbA==",
          "dependencies": [
            "data.terraform_remote_state.vpc",
            "module.eks.aws_cloudwatch_log_group.this",
            "module.eks.aws_eks_cluster.this",
            "module.eks.aws_iam_policy.cni_ipv6_policy",
            "module.eks.aws_iam_role.this",
            "module.eks.aws_iam_role_policy_attachment.this",
            "module.eks.aws_security_group.cluster",
            "module.eks.aws_security_group.node",
            "module.eks.aws_security_group_rule.cluster",
            "module.eks.aws_security_group_rule.node",
            "module.eks.data.aws_caller_identity.current",
            "module.eks.data.aws_iam_policy_document.assume_role_policy",
            "module.eks.data.aws_iam_policy_document.cni_ipv6_policy",
            "module.eks.data.aws_iam_session_context.current",
            "module.eks.data.aws_partition.current",
            "module.eks.module.kms.aws_kms_external_key.this",
            "module.eks.module.kms.aws_kms_key.this",
            "module.eks.module.kms.aws_kms_replica_external_key.this",
            "module.eks.module.kms.aws_kms_replica_key.this",
            "module.eks.module.kms.data.aws_caller_identity.current",
            "module.eks.module.kms.data.aws_iam_policy_document.this",
            "module.eks.module.kms.data.aws_partition.current"
          ]
        },
        {
          "index_key": "kubernetes.io/cluster/demo-cluster",
          "schema_version": 0,
          "attributes": {
            "id": "sg-06c5130d74ae3c56e,kubernetes.io/cluster/demo-cluster",
            "key": "kubernetes.io/cluster/demo-cluster",
            "resource_id": "sg-06c5130d74ae3c56e",
            "value": "shared"
          },
          "sensitive_attributes": [],
          "private": "bnVsbA==",
          "dependencies": [
            "data.terraform_remote_state.vpc",
            "module.eks.aws_cloudwatch_log_group.this",
            "module.eks.aws_eks_cluster.this",
            "module.eks.aws_iam_policy.cni_ipv6_policy",
            "module.eks.aws_iam_role.this",
            "module.eks.aws_iam_role_policy_attachment.this",
            "module.eks.aws_security_group.cluster",
            "module.eks.aws_security_group.node",
            "module.eks.aws_security_group_rule.cluster",
            "module.eks.aws_security_group_rule.node",
            "module.eks.data.aws_caller_identity.current",
            "module.eks.data.aws_iam_policy_document.assume_role_policy",
            "module.eks.data.aws_iam_policy_document.cni_ipv6_policy",
            "module.eks.data.aws_iam_session_context.current",
            "module.eks.data.aws_partition.current",
            "module.eks.module.kms.aws_kms_external_key.this",
            "module.eks.module.kms.aws_kms_key.this",
            "module.eks.module.kms.aws_kms_replica_external_key.this",
            "module.eks.module.kms.aws_kms_replica_key.this",
            "module.eks.module.kms.data.aws_caller_identity.current",
            "module.eks.module.kms.data.aws_iam_policy_document.this",
            "module.eks.module.kms.data.aws_partition.current"
          ]
        }
      ]
    },
    {
      "module": "module.eks",
      "mode": "managed",
      "type": "aws_eks_access_entry",
      "name": "this",
      "provider": "provider[\"registry.terraform.io/hashicorp/aws\"]",
      "instances": [
        {
          "index_key": "cluster_creator",
          "schema_version": 0,
          "attributes": {
            "access_entry_arn": "arn:aws:eks:us-east-1:132172135366:access-entry/demo-cluster/user/132172135366/k8suser/acc91183-f75f-a9d1-5e84-af63f02a269e",
            "cluster_name": "demo-cluster",
            "created_at": "2024-09-24T07:56:15Z",
            "id": "demo-cluster:arn:aws:iam::132172135366:user/k8suser",
            "kubernetes_groups": [],
            "modified_at": "2024-09-24T07:56:15Z",
            "principal_arn": "arn:aws:iam::132172135366:user/k8suser",
            "tags": {
              "DevtedsOrg": "Devteds Courses",
              "DevtedsStack": "demo-cluster",
              "DevtedsStackName": "EKS",
              "kubernetes.io/cluster/demo-cluster": "shared"
            },
            "tags_all": {
              "DevtedsOrg": "Devteds Courses",
              "DevtedsStack": "demo-cluster",
              "DevtedsStackName": "EKS",
              "kubernetes.io/cluster/demo-cluster": "shared"
            },
            "timeouts": null,
            "type": "STANDARD",
            "user_name": "arn:aws:iam::132172135366:user/k8suser"
          },
          "sensitive_attributes": [],
          "private": "eyJlMmJmYjczMC1lY2FhLTExZTYtOGY4OC0zNDM2M2JjN2M0YzAiOnsiY3JlYXRlIjo2MDAwMDAwMDAwMDAsImRlbGV0ZSI6NjAwMDAwMDAwMDAwfX0=",
          "dependencies": [
            "data.terraform_remote_state.vpc",
            "module.eks.aws_cloudwatch_log_group.this",
            "module.eks.aws_eks_cluster.this",
            "module.eks.aws_iam_policy.cni_ipv6_policy",
            "module.eks.aws_iam_role.this",
            "module.eks.aws_iam_role_policy_attachment.this",
            "module.eks.aws_security_group.cluster",
            "module.eks.aws_security_group.node",
            "module.eks.aws_security_group_rule.cluster",
            "module.eks.aws_security_group_rule.node",
            "module.eks.data.aws_caller_identity.current",
            "module.eks.data.aws_iam_policy_document.assume_role_policy",
            "module.eks.data.aws_iam_policy_document.cni_ipv6_policy",
            "module.eks.data.aws_iam_session_context.current",
            "module.eks.data.aws_partition.current",
            "module.eks.module.kms.aws_kms_external_key.this",
            "module.eks.module.kms.aws_kms_key.this",
            "module.eks.module.kms.aws_kms_replica_external_key.this",
            "module.eks.module.kms.aws_kms_replica_key.this",
            "module.eks.module.kms.data.aws_caller_identity.current",
            "module.eks.module.kms.data.aws_iam_policy_document.this",
            "module.eks.module.kms.data.aws_partition.current"
          ]
        }
      ]
    },
    {
      "module": "module.eks",
      "mode": "managed",
      "type": "aws_eks_access_policy_association",
      "name": "this",
      "provider": "provider[\"registry.terraform.io/hashicorp/aws\"]",
      "instances": [
        {
          "index_key": "cluster_creator_admin",
          "schema_version": 0,
          "attributes": {
            "access_scope": [
              {
                "namespaces": null,
                "type": "cluster"
              }
            ],
            "associated_at": "2024-09-24 07:56:16.279 +0000 UTC",
            "cluster_name": "demo-cluster",
            "id": "demo-cluster#arn:aws:iam::132172135366:user/k8suser#arn:aws:eks::aws:cluster-access-policy/AmazonEKSClusterAdminPolicy",
            "modified_at": "2024-09-24 07:56:16.279 +0000 UTC",
            "policy_arn": "arn:aws:eks::aws:cluster-access-policy/AmazonEKSClusterAdminPolicy",
            "principal_arn": "arn:aws:iam::132172135366:user/k8suser",
            "timeouts": null
          },
          "sensitive_attributes": [],
          "private": "eyJlMmJmYjczMC1lY2FhLTExZTYtOGY4OC0zNDM2M2JjN2M0YzAiOnsiY3JlYXRlIjo2MDAwMDAwMDAwMDAsImRlbGV0ZSI6NjAwMDAwMDAwMDAwfX0=",
          "dependencies": [
            "data.terraform_remote_state.vpc",
            "module.eks.aws_cloudwatch_log_group.this",
            "module.eks.aws_eks_access_entry.this",
            "module.eks.aws_eks_cluster.this",
            "module.eks.aws_iam_policy.cni_ipv6_policy",
            "module.eks.aws_iam_role.this",
            "module.eks.aws_iam_role_policy_attachment.this",
            "module.eks.aws_security_group.cluster",
            "module.eks.aws_security_group.node",
            "module.eks.aws_security_group_rule.cluster",
            "module.eks.aws_security_group_rule.node",
            "module.eks.data.aws_caller_identity.current",
            "module.eks.data.aws_iam_policy_document.assume_role_policy",
            "module.eks.data.aws_iam_policy_document.cni_ipv6_policy",
            "module.eks.data.aws_iam_session_context.current",
            "module.eks.data.aws_partition.current",
            "module.eks.module.kms.aws_kms_external_key.this",
            "module.eks.module.kms.aws_kms_key.this",
            "module.eks.module.kms.aws_kms_replica_external_key.this",
            "module.eks.module.kms.aws_kms_replica_key.this",
            "module.eks.module.kms.data.aws_caller_identity.current",
            "module.eks.module.kms.data.aws_iam_policy_document.this",
            "module.eks.module.kms.data.aws_partition.current"
          ]
        }
      ]
    },
    {
      "module": "module.eks",
      "mode": "managed",
      "type": "aws_eks_cluster",
      "name": "this",
      "provider": "provider[\"registry.terraform.io/hashicorp/aws\"]",
      "instances": [
        {
          "index_key": 0,
          "schema_version": 1,
          "attributes": {
            "access_config": [
              {
                "authentication_mode": "API_AND_CONFIG_MAP",
                "bootstrap_cluster_creator_admin_permissions": false
              }
            ],
            "arn": "arn:aws:eks:us-east-1:132172135366:cluster/demo-cluster",
            "bootstrap_self_managed_addons": true,
            "certificate_authority": [
              {
                "data": "LS0tLS1CRUdJTiBDRVJUSUZJQ0FURS0tLS0tCk1JSURCVENDQWUyZ0F3SUJBZ0lJU0hPSUZkYjRZSEF3RFFZSktvWklodmNOQVFFTEJRQXdGVEVUTUJFR0ExVUUKQXhNS2EzVmlaWEp1WlhSbGN6QWVGdzB5TkRBNU1qUXdOelEwTXpCYUZ3MHpOREE1TWpJd056UTVNekJhTUJVeApFekFSQmdOVkJBTVRDbXQxWW1WeWJtVjBaWE13Z2dFaU1BMEdDU3FHU0liM0RRRUJBUVVBQTRJQkR3QXdnZ0VLCkFvSUJBUUN1TzNNT0pMRHp4Z2d4OWZwRTRhOWhYNGlCMTNoY2haeFpacTlzblBzL1RzQ3pVbGpjQnU1THVMaUsKZEhsc1VsSHNoYndOY2JaWWFKbERXVmxzOWtJZGxMek9hVDk5bzgvdzRyL045WjVDNG1xaEE1Y2ovNDZ3TEJrbQpybUJJelVKdHUwRzYzUVQveEJrZkRzTzVCZDBDa2txRWw2S0EzZW5qclhpZkh1UnpWejZiQnFMYm9lQysxMm1oCkxURXN3ZVZvcGM1VkNiRHR5aVpVdE8xM3BoblY0cm1sY1JhOEg4QlV6c255dlYvTzQrOERTYVB2OUxkMm1QUXgKb2tjVW90dnBPTGFPZHJtMVRWem5Wd3NUTDhNb09LTVRlQ2YzQk55b0RGcDFxWm1aZktHakorTTMxRC9MYWlFUwpYRDNSSmFaS0ZQSTMrV2NUbjV4SUpMRUJ5cXpqQWdNQkFBR2pXVEJYTUE0R0ExVWREd0VCL3dRRUF3SUNwREFQCkJnTlZIUk1CQWY4RUJUQURBUUgvTUIwR0ExVWREZ1FXQkJRaEdUUEJtK1BLS1k2MUQ3WEFnTThudEwwWUp6QVYKQmdOVkhSRUVEakFNZ2dwcmRXSmxjbTVsZEdWek1BMEdDU3FHU0liM0RRRUJDd1VBQTRJQkFRQkhCSDVNNVJIUwpIVldvZ3NoSlE5Z2pOTVhmL2QwZlczVmtEZGtiWHR3WmpuMTh1OVVrZVVSQWJldloxWEpETFJ5YVM5Szk1bks4CjJVb3BLSTY1Q3o1UFExR3ZMLzlZLzlXYkVFcG5FMnlLSmNrYkY5ZGxMSDRDSndYUCtrYXVmMFRqQXNwZ0JEMmcKOS91TkF6QTYvaVF3aWNUUXBETUt4RHJ2cXROQmN2RHNJS3lvdGszUzh5Qk0wZGE1NlZIOXZrb2lyN1B1WXQ5agp6akJxbFpwZXc0OHV2blV0OHMzcFNxcDI3MXEycmhjR1BRU2hza1FJVXdRWGFleXlqb25nbmhMbHNYUitYTnJvCmdQd1JFWm1ReEhObml2YkxicWh0d1F0aHU2QjNVOUt2cmFuclV6dVhjMWMzaTZBWGVBblhPZEJDN2dIL3JRUXMKMEhta0J4SG9RQWhVCi0tLS0tRU5EIENFUlRJRklDQVRFLS0tLS0K"
              }
            ],
            "cluster_id": null,
            "created_at": "2024-09-24T07:44:00Z",
            "enabled_cluster_log_types": [
              "api",
              "audit",
              "authenticator"
            ],
            "encryption_config": [],
            "endpoint": "https://1A226482DBEA6135793EF698E2B777BB.yl4.us-east-1.eks.amazonaws.com",
            "id": "demo-cluster",
            "identity": [
              {
                "oidc": [
                  {
                    "issuer": "https://oidc.eks.us-east-1.amazonaws.com/id/1A226482DBEA6135793EF698E2B777BB"
                  }
                ]
              }
            ],
            "kubernetes_network_config": [
              {
                "ip_family": "ipv4",
                "service_ipv4_cidr": "172.20.0.0/16",
                "service_ipv6_cidr": ""
              }
            ],
            "name": "demo-cluster",
            "outpost_config": [],
            "platform_version": "eks.13",
            "role_arn": "arn:aws:iam::132172135366:role/demo-cluster-cluster-20240924074349155200000005",
            "status": "ACTIVE",
            "tags": {
              "DevtedsOrg": "Devteds Courses",
              "DevtedsStack": "demo-cluster",
              "DevtedsStackName": "EKS",
              "kubernetes.io/cluster/demo-cluster": "shared",
              "terraform-aws-modules": "eks"
            },
            "tags_all": {
              "DevtedsOrg": "Devteds Courses",
              "DevtedsStack": "demo-cluster",
              "DevtedsStackName": "EKS",
              "kubernetes.io/cluster/demo-cluster": "shared",
              "terraform-aws-modules": "eks"
            },
            "timeouts": {
              "create": null,
              "delete": null,
              "update": null
            },
            "upgrade_policy": [
              {
                "support_type": "EXTENDED"
              }
            ],
            "version": "1.29",
            "vpc_config": [
              {
                "cluster_security_group_id": "sg-06c5130d74ae3c56e",
                "endpoint_private_access": true,
                "endpoint_public_access": true,
                "public_access_cidrs": [
                  "0.0.0.0/0"
                ],
                "security_group_ids": [
                  "sg-0562c177acd2b10b1"
                ],
                "subnet_ids": [
                  "subnet-062472382d0f1b47b",
                  "subnet-0bd088889d28560a0",
                  "subnet-0c20afe7e9dbab7a7"
                ],
                "vpc_id": "vpc-0f80c4d99348cf6e9"
              }
            ]
          },
          "sensitive_attributes": [],
          "private": "eyJlMmJmYjczMC1lY2FhLTExZTYtOGY4OC0zNDM2M2JjN2M0YzAiOnsiY3JlYXRlIjoxODAwMDAwMDAwMDAwLCJkZWxldGUiOjkwMDAwMDAwMDAwMCwidXBkYXRlIjozNjAwMDAwMDAwMDAwfSwic2NoZW1hX3ZlcnNpb24iOiIxIn0=",
          "dependencies": [
            "data.terraform_remote_state.vpc",
            "module.eks.aws_cloudwatch_log_group.this",
            "module.eks.aws_iam_policy.cni_ipv6_policy",
            "module.eks.aws_iam_role.this",
            "module.eks.aws_iam_role_policy_attachment.this",
            "module.eks.aws_security_group.cluster",
            "module.eks.aws_security_group.node",
            "module.eks.aws_security_group_rule.cluster",
            "module.eks.aws_security_group_rule.node",
            "module.eks.data.aws_caller_identity.current",
            "module.eks.data.aws_iam_policy_document.assume_role_policy",
            "module.eks.data.aws_iam_policy_document.cni_ipv6_policy",
            "module.eks.data.aws_iam_session_context.current",
            "module.eks.data.aws_partition.current",
            "module.eks.module.kms.aws_kms_external_key.this",
            "module.eks.module.kms.aws_kms_key.this",
            "module.eks.module.kms.aws_kms_replica_external_key.this",
            "module.eks.module.kms.aws_kms_replica_key.this",
            "module.eks.module.kms.data.aws_caller_identity.current",
            "module.eks.module.kms.data.aws_iam_policy_document.this",
            "module.eks.module.kms.data.aws_partition.current"
          ],
          "create_before_destroy": true
        }
      ]
    },
    {
      "module": "module.eks",
      "mode": "managed",
      "type": "aws_iam_openid_connect_provider",
      "name": "oidc_provider",
      "provider": "provider[\"registry.terraform.io/hashicorp/aws\"]",
      "instances": [
        {
          "index_key": 0,
          "schema_version": 0,
          "attributes": {
            "arn": "arn:aws:iam::132172135366:oidc-provider/oidc.eks.us-east-1.amazonaws.com/id/1A226482DBEA6135793EF698E2B777BB",
            "client_id_list": [
              "sts.amazonaws.com"
            ],
            "id": "arn:aws:iam::132172135366:oidc-provider/oidc.eks.us-east-1.amazonaws.com/id/1A226482DBEA6135793EF698E2B777BB",
            "tags": {
              "DevtedsOrg": "Devteds Courses",
              "DevtedsStack": "demo-cluster",
              "DevtedsStackName": "EKS",
              "Name": "demo-cluster-eks-irsa",
              "kubernetes.io/cluster/demo-cluster": "shared"
            },
            "tags_all": {
              "DevtedsOrg": "Devteds Courses",
              "DevtedsStack": "demo-cluster",
              "DevtedsStackName": "EKS",
              "Name": "demo-cluster-eks-irsa",
              "kubernetes.io/cluster/demo-cluster": "shared"
            },
            "thumbprint_list": [
              "9e99a48a9960b14926bb7f3b02e22da2b0ab7280"
            ],
            "url": "oidc.eks.us-east-1.amazonaws.com/id/1A226482DBEA6135793EF698E2B777BB"
          },
          "sensitive_attributes": [],
          "private": "bnVsbA==",
          "dependencies": [
            "data.terraform_remote_state.vpc",
            "module.eks.aws_cloudwatch_log_group.this",
            "module.eks.aws_eks_cluster.this",
            "module.eks.aws_iam_policy.cni_ipv6_policy",
            "module.eks.aws_iam_role.this",
            "module.eks.aws_iam_role_policy_attachment.this",
            "module.eks.aws_security_group.cluster",
            "module.eks.aws_security_group.node",
            "module.eks.aws_security_group_rule.cluster",
            "module.eks.aws_security_group_rule.node",
            "module.eks.data.aws_caller_identity.current",
            "module.eks.data.aws_iam_policy_document.assume_role_policy",
            "module.eks.data.aws_iam_policy_document.cni_ipv6_policy",
            "module.eks.data.aws_iam_session_context.current",
            "module.eks.data.aws_partition.current",
            "module.eks.data.tls_certificate.this",
            "module.eks.module.kms.aws_kms_external_key.this",
            "module.eks.module.kms.aws_kms_key.this",
            "module.eks.module.kms.aws_kms_replica_external_key.this",
            "module.eks.module.kms.aws_kms_replica_key.this",
            "module.eks.module.kms.data.aws_caller_identity.current",
            "module.eks.module.kms.data.aws_iam_policy_document.this",
            "module.eks.module.kms.data.aws_partition.current"
          ]
        }
      ]
    },
    {
      "module": "module.eks",
      "mode": "managed",
      "type": "aws_iam_role",
      "name": "this",
      "provider": "provider[\"registry.terraform.io/hashicorp/aws\"]",
      "instances": [
        {
          "index_key": 0,
          "schema_version": 0,
          "attributes": {
            "arn": "arn:aws:iam::132172135366:role/demo-cluster-cluster-20240924074349155200000005",
            "assume_role_policy": "{\"Statement\":[{\"Action\":\"sts:AssumeRole\",\"Effect\":\"Allow\",\"Principal\":{\"Service\":\"eks.amazonaws.com\"},\"Sid\":\"EKSClusterAssumeRole\"}],\"Version\":\"2012-10-17\"}",
            "create_date": "2024-09-24T07:43:49Z",
            "description": "",
            "force_detach_policies": true,
            "id": "demo-cluster-cluster-20240924074349155200000005",
            "inline_policy": [
              {
                "name": "demo-cluster-cluster",
                "policy": "{\"Version\":\"2012-10-17\",\"Statement\":[{\"Action\":[\"logs:CreateLogGroup\"],\"Effect\":\"Deny\",\"Resource\":\"*\"}]}"
              }
            ],
            "managed_policy_arns": [],
            "max_session_duration": 3600,
            "name": "demo-cluster-cluster-20240924074349155200000005",
            "name_prefix": "demo-cluster-cluster-",
            "path": "/",
            "permissions_boundary": "",
            "tags": {
              "DevtedsOrg": "Devteds Courses",
              "DevtedsStack": "demo-cluster",
              "DevtedsStackName": "EKS",
              "kubernetes.io/cluster/demo-cluster": "shared"
            },
            "tags_all": {
              "DevtedsOrg": "Devteds Courses",
              "DevtedsStack": "demo-cluster",
              "DevtedsStackName": "EKS",
              "kubernetes.io/cluster/demo-cluster": "shared"
            },
            "unique_id": "AROAR5RQSXPDE5AHVHMQX"
          },
          "sensitive_attributes": [],
          "private": "bnVsbA==",
          "dependencies": [
            "module.eks.data.aws_iam_policy_document.assume_role_policy"
          ],
          "create_before_destroy": true
        }
      ]
    },
    {
      "module": "module.eks",
      "mode": "managed",
      "type": "aws_iam_role_policy_attachment",
      "name": "this",
      "provider": "provider[\"registry.terraform.io/hashicorp/aws\"]",
      "instances": [
        {
          "index_key": "AmazonEKSClusterPolicy",
          "schema_version": 0,
          "attributes": {
            "id": "demo-cluster-cluster-20240924074349155200000005-20240924074349927300000009",
            "policy_arn": "arn:aws:iam::aws:policy/AmazonEKSClusterPolicy",
            "role": "demo-cluster-cluster-20240924074349155200000005"
          },
          "sensitive_attributes": [],
          "private": "bnVsbA==",
          "dependencies": [
            "module.eks.aws_iam_role.this",
            "module.eks.data.aws_iam_policy_document.assume_role_policy",
            "module.eks.data.aws_partition.current"
          ],
          "create_before_destroy": true
        },
        {
          "index_key": "AmazonEKSVPCResourceController",
          "schema_version": 0,
          "attributes": {
            "id": "demo-cluster-cluster-20240924074349155200000005-2024092407434993290000000a",
            "policy_arn": "arn:aws:iam::aws:policy/AmazonEKSVPCResourceController",
            "role": "demo-cluster-cluster-20240924074349155200000005"
          },
          "sensitive_attributes": [],
          "private": "bnVsbA==",
          "dependencies": [
            "module.eks.aws_iam_role.this",
            "module.eks.data.aws_iam_policy_document.assume_role_policy",
            "module.eks.data.aws_partition.current"
          ],
          "create_before_destroy": true
        }
      ]
    },
    {
      "module": "module.eks",
      "mode": "managed",
      "type": "aws_security_group",
      "name": "cluster",
      "provider": "provider[\"registry.terraform.io/hashicorp/aws\"]",
      "instances": [
        {
          "index_key": 0,
          "schema_version": 1,
          "attributes": {
            "arn": "arn:aws:ec2:us-east-1:132172135366:security-group/sg-0562c177acd2b10b1",
            "description": "EKS cluster security group",
            "egress": [],
            "id": "sg-0562c177acd2b10b1",
            "ingress": [],
            "name": "demo-cluster-cluster-20240924074349079700000001",
            "name_prefix": "demo-cluster-cluster-",
            "owner_id": "132172135366",
            "revoke_rules_on_delete": false,
            "tags": {
              "DevtedsOrg": "Devteds Courses",
              "DevtedsStack": "demo-cluster",
              "DevtedsStackName": "EKS",
              "Name": "demo-cluster-cluster",
              "kubernetes.io/cluster/demo-cluster": "shared"
            },
            "tags_all": {
              "DevtedsOrg": "Devteds Courses",
              "DevtedsStack": "demo-cluster",
              "DevtedsStackName": "EKS",
              "Name": "demo-cluster-cluster",
              "kubernetes.io/cluster/demo-cluster": "shared"
            },
            "timeouts": null,
            "vpc_id": "vpc-0f80c4d99348cf6e9"
          },
          "sensitive_attributes": [],
          "private": "eyJlMmJmYjczMC1lY2FhLTExZTYtOGY4OC0zNDM2M2JjN2M0YzAiOnsiY3JlYXRlIjo2MDAwMDAwMDAwMDAsImRlbGV0ZSI6OTAwMDAwMDAwMDAwfSwic2NoZW1hX3ZlcnNpb24iOiIxIn0=",
          "dependencies": [
            "data.terraform_remote_state.vpc"
          ],
          "create_before_destroy": true
        }
      ]
    },
    {
      "module": "module.eks",
      "mode": "managed",
      "type": "aws_security_group",
      "name": "node",
      "provider": "provider[\"registry.terraform.io/hashicorp/aws\"]",
      "instances": [
        {
          "index_key": 0,
          "schema_version": 1,
          "attributes": {
            "arn": "arn:aws:ec2:us-east-1:132172135366:security-group/sg-0cb5bbd70aa7c0bc5",
            "description": "EKS node shared security group",
            "egress": [],
            "id": "sg-0cb5bbd70aa7c0bc5",
            "ingress": [],
            "name": "demo-cluster-node-20240924074349101300000003",
            "name_prefix": "demo-cluster-node-",
            "owner_id": "132172135366",
            "revoke_rules_on_delete": false,
            "tags": {
              "DevtedsOrg": "Devteds Courses",
              "DevtedsStack": "demo-cluster",
              "DevtedsStackName": "EKS",
              "Name": "demo-cluster-node",
              "kubernetes.io/cluster/demo-cluster": "owned"
            },
            "tags_all": {
              "DevtedsOrg": "Devteds Courses",
              "DevtedsStack": "demo-cluster",
              "DevtedsStackName": "EKS",
              "Name": "demo-cluster-node",
              "kubernetes.io/cluster/demo-cluster": "owned"
            },
            "timeouts": null,
            "vpc_id": "vpc-0f80c4d99348cf6e9"
          },
          "sensitive_attributes": [],
          "private": "eyJlMmJmYjczMC1lY2FhLTExZTYtOGY4OC0zNDM2M2JjN2M0YzAiOnsiY3JlYXRlIjo2MDAwMDAwMDAwMDAsImRlbGV0ZSI6OTAwMDAwMDAwMDAwfSwic2NoZW1hX3ZlcnNpb24iOiIxIn0=",
          "dependencies": [
            "data.terraform_remote_state.vpc"
          ],
          "create_before_destroy": true
        }
      ]
    },
    {
      "module": "module.eks",
      "mode": "managed",
      "type": "aws_security_group_rule",
      "name": "cluster",
      "provider": "provider[\"registry.terraform.io/hashicorp/aws\"]",
      "instances": [
        {
          "index_key": "ingress_nodes_443",
          "schema_version": 2,
          "attributes": {
            "cidr_blocks": null,
            "description": "Node groups to cluster API",
            "from_port": 443,
            "id": "sgrule-1730110663",
            "ipv6_cidr_blocks": null,
            "prefix_list_ids": null,
            "protocol": "tcp",
            "security_group_id": "sg-0562c177acd2b10b1",
            "security_group_rule_id": "sgr-00b8f067832a3149a",
            "self": false,
            "source_security_group_id": "sg-0cb5bbd70aa7c0bc5",
            "timeouts": null,
            "to_port": 443,
            "type": "ingress"
          },
          "sensitive_attributes": [],
          "private": "eyJlMmJmYjczMC1lY2FhLTExZTYtOGY4OC0zNDM2M2JjN2M0YzAiOnsiY3JlYXRlIjozMDAwMDAwMDAwMDB9LCJzY2hlbWFfdmVyc2lvbiI6IjIifQ==",
          "dependencies": [
            "data.terraform_remote_state.vpc",
            "module.eks.aws_security_group.cluster",
            "module.eks.aws_security_group.node"
          ],
          "create_before_destroy": true
        }
      ]
    },
    {
      "module": "module.eks",
      "mode": "managed",
      "type": "aws_security_group_rule",
      "name": "node",
      "provider": "provider[\"registry.terraform.io/hashicorp/aws\"]",
      "instances": [
        {
          "index_key": "egress_all",
          "schema_version": 2,
          "attributes": {
            "cidr_blocks": [
              "0.0.0.0/0"
            ],
            "description": "Allow all egress",
            "from_port": 0,
            "id": "sgrule-3731532180",
            "ipv6_cidr_blocks": null,
            "prefix_list_ids": [],
            "protocol": "-1",
            "security_group_id": "sg-0cb5bbd70aa7c0bc5",
            "security_group_rule_id": "sgr-0f1659a2f6b12ddce",
            "self": false,
            "source_security_group_id": null,
            "timeouts": null,
            "to_port": 0,
            "type": "egress"
          },
          "sensitive_attributes": [],
          "private": "eyJlMmJmYjczMC1lY2FhLTExZTYtOGY4OC0zNDM2M2JjN2M0YzAiOnsiY3JlYXRlIjozMDAwMDAwMDAwMDB9LCJzY2hlbWFfdmVyc2lvbiI6IjIifQ==",
          "dependencies": [
            "data.terraform_remote_state.vpc",
            "module.eks.aws_security_group.cluster",
            "module.eks.aws_security_group.node"
          ],
          "create_before_destroy": true
        },
        {
          "index_key": "ingress_cluster_443",
          "schema_version": 2,
          "attributes": {
            "cidr_blocks": null,
            "description": "Cluster API to node groups",
            "from_port": 443,
            "id": "sgrule-3183924607",
            "ipv6_cidr_blocks": null,
            "prefix_list_ids": [],
            "protocol": "tcp",
            "security_group_id": "sg-0cb5bbd70aa7c0bc5",
            "security_group_rule_id": "sgr-02e532e2d097a6088",
            "self": false,
            "source_security_group_id": "sg-0562c177acd2b10b1",
            "timeouts": null,
            "to_port": 443,
            "type": "ingress"
          },
          "sensitive_attributes": [],
          "private": "eyJlMmJmYjczMC1lY2FhLTExZTYtOGY4OC0zNDM2M2JjN2M0YzAiOnsiY3JlYXRlIjozMDAwMDAwMDAwMDB9LCJzY2hlbWFfdmVyc2lvbiI6IjIifQ==",
          "dependencies": [
            "data.terraform_remote_state.vpc",
            "module.eks.aws_security_group.cluster",
            "module.eks.aws_security_group.node"
          ],
          "create_before_destroy": true
        },
        {
          "index_key": "ingress_cluster_4443_webhook",
          "schema_version": 2,
          "attributes": {
            "cidr_blocks": null,
            "description": "Cluster API to node 4443/tcp webhook",
            "from_port": 4443,
            "id": "sgrule-939863452",
            "ipv6_cidr_blocks": null,
            "prefix_list_ids": [],
            "protocol": "tcp",
            "security_group_id": "sg-0cb5bbd70aa7c0bc5",
            "security_group_rule_id": "sgr-0bf2c6ff97bacc5a3",
            "self": false,
            "source_security_group_id": "sg-0562c177acd2b10b1",
            "timeouts": null,
            "to_port": 4443,
            "type": "ingress"
          },
          "sensitive_attributes": [],
          "private": "eyJlMmJmYjczMC1lY2FhLTExZTYtOGY4OC0zNDM2M2JjN2M0YzAiOnsiY3JlYXRlIjozMDAwMDAwMDAwMDB9LCJzY2hlbWFfdmVyc2lvbiI6IjIifQ==",
          "dependencies": [
            "data.terraform_remote_state.vpc",
            "module.eks.aws_security_group.cluster",
            "module.eks.aws_security_group.node"
          ],
          "create_before_destroy": true
        },
        {
          "index_key": "ingress_cluster_6443_webhook",
          "schema_version": 2,
          "attributes": {
            "cidr_blocks": null,
            "description": "Cluster API to node 6443/tcp webhook",
            "from_port": 6443,
            "id": "sgrule-4047981066",
            "ipv6_cidr_blocks": null,
            "prefix_list_ids": [],
            "protocol": "tcp",
            "security_group_id": "sg-0cb5bbd70aa7c0bc5",
            "security_group_rule_id": "sgr-045927a27c20410b7",
            "self": false,
            "source_security_group_id": "sg-0562c177acd2b10b1",
            "timeouts": null,
            "to_port": 6443,
            "type": "ingress"
          },
          "sensitive_attributes": [],
          "private": "eyJlMmJmYjczMC1lY2FhLTExZTYtOGY4OC0zNDM2M2JjN2M0YzAiOnsiY3JlYXRlIjozMDAwMDAwMDAwMDB9LCJzY2hlbWFfdmVyc2lvbiI6IjIifQ==",
          "dependencies": [
            "data.terraform_remote_state.vpc",
            "module.eks.aws_security_group.cluster",
            "module.eks.aws_security_group.node"
          ],
          "create_before_destroy": true
        },
        {
          "index_key": "ingress_cluster_8443_webhook",
          "schema_version": 2,
          "attributes": {
            "cidr_blocks": null,
            "description": "Cluster API to node 8443/tcp webhook",
            "from_port": 8443,
            "id": "sgrule-3793450539",
            "ipv6_cidr_blocks": null,
            "prefix_list_ids": [],
            "protocol": "tcp",
            "security_group_id": "sg-0cb5bbd70aa7c0bc5",
            "security_group_rule_id": "sgr-09a98911769c8a1d8",
            "self": false,
            "source_security_group_id": "sg-0562c177acd2b10b1",
            "timeouts": null,
            "to_port": 8443,
            "type": "ingress"
          },
          "sensitive_attributes": [],
          "private": "eyJlMmJmYjczMC1lY2FhLTExZTYtOGY4OC0zNDM2M2JjN2M0YzAiOnsiY3JlYXRlIjozMDAwMDAwMDAwMDB9LCJzY2hlbWFfdmVyc2lvbiI6IjIifQ==",
          "dependencies": [
            "data.terraform_remote_state.vpc",
            "module.eks.aws_security_group.cluster",
            "module.eks.aws_security_group.node"
          ],
          "create_before_destroy": true
        },
        {
          "index_key": "ingress_cluster_9443_webhook",
          "schema_version": 2,
          "attributes": {
            "cidr_blocks": null,
            "description": "Cluster API to node 9443/tcp webhook",
            "from_port": 9443,
            "id": "sgrule-2260354528",
            "ipv6_cidr_blocks": null,
            "prefix_list_ids": [],
            "protocol": "tcp",
            "security_group_id": "sg-0cb5bbd70aa7c0bc5",
            "security_group_rule_id": "sgr-09dc75021b96dccfc",
            "self": false,
            "source_security_group_id": "sg-0562c177acd2b10b1",
            "timeouts": null,
            "to_port": 9443,
            "type": "ingress"
          },
          "sensitive_attributes": [],
          "private": "eyJlMmJmYjczMC1lY2FhLTExZTYtOGY4OC0zNDM2M2JjN2M0YzAiOnsiY3JlYXRlIjozMDAwMDAwMDAwMDB9LCJzY2hlbWFfdmVyc2lvbiI6IjIifQ==",
          "dependencies": [
            "data.terraform_remote_state.vpc",
            "module.eks.aws_security_group.cluster",
            "module.eks.aws_security_group.node"
          ],
          "create_before_destroy": true
        },
        {
          "index_key": "ingress_cluster_kubelet",
          "schema_version": 2,
          "attributes": {
            "cidr_blocks": null,
            "description": "Cluster API to node kubelets",
            "from_port": 10250,
            "id": "sgrule-1163306448",
            "ipv6_cidr_blocks": null,
            "prefix_list_ids": [],
            "protocol": "tcp",
            "security_group_id": "sg-0cb5bbd70aa7c0bc5",
            "security_group_rule_id": "sgr-0e274a9a61e43838c",
            "self": false,
            "source_security_group_id": "sg-0562c177acd2b10b1",
            "timeouts": null,
            "to_port": 10250,
            "type": "ingress"
          },
          "sensitive_attributes": [],
          "private": "eyJlMmJmYjczMC1lY2FhLTExZTYtOGY4OC0zNDM2M2JjN2M0YzAiOnsiY3JlYXRlIjozMDAwMDAwMDAwMDB9LCJzY2hlbWFfdmVyc2lvbiI6IjIifQ==",
          "dependencies": [
            "data.terraform_remote_state.vpc",
            "module.eks.aws_security_group.cluster",
            "module.eks.aws_security_group.node"
          ],
          "create_before_destroy": true
        },
        {
          "index_key": "ingress_nodes_ephemeral",
          "schema_version": 2,
          "attributes": {
            "cidr_blocks": null,
            "description": "Node to node ingress on ephemeral ports",
            "from_port": 1025,
            "id": "sgrule-3390827287",
            "ipv6_cidr_blocks": null,
            "prefix_list_ids": [],
            "protocol": "tcp",
            "security_group_id": "sg-0cb5bbd70aa7c0bc5",
            "security_group_rule_id": "sgr-00ed8492b322d014f",
            "self": true,
            "source_security_group_id": null,
            "timeouts": null,
            "to_port": 65535,
            "type": "ingress"
          },
          "sensitive_attributes": [],
          "private": "eyJlMmJmYjczMC1lY2FhLTExZTYtOGY4OC0zNDM2M2JjN2M0YzAiOnsiY3JlYXRlIjozMDAwMDAwMDAwMDB9LCJzY2hlbWFfdmVyc2lvbiI6IjIifQ==",
          "dependencies": [
            "data.terraform_remote_state.vpc",
            "module.eks.aws_security_group.cluster",
            "module.eks.aws_security_group.node"
          ],
          "create_before_destroy": true
        },
        {
          "index_key": "ingress_self_coredns_tcp",
          "schema_version": 2,
          "attributes": {
            "cidr_blocks": null,
            "description": "Node to node CoreDNS",
            "from_port": 53,
            "id": "sgrule-2003808575",
            "ipv6_cidr_blocks": null,
            "prefix_list_ids": [],
            "protocol": "tcp",
            "security_group_id": "sg-0cb5bbd70aa7c0bc5",
            "security_group_rule_id": "sgr-014c7cbf3351dc103",
            "self": true,
            "source_security_group_id": null,
            "timeouts": null,
            "to_port": 53,
            "type": "ingress"
          },
          "sensitive_attributes": [],
          "private": "eyJlMmJmYjczMC1lY2FhLTExZTYtOGY4OC0zNDM2M2JjN2M0YzAiOnsiY3JlYXRlIjozMDAwMDAwMDAwMDB9LCJzY2hlbWFfdmVyc2lvbiI6IjIifQ==",
          "dependencies": [
            "data.terraform_remote_state.vpc",
            "module.eks.aws_security_group.cluster",
            "module.eks.aws_security_group.node"
          ],
          "create_before_destroy": true
        },
        {
          "index_key": "ingress_self_coredns_udp",
          "schema_version": 2,
          "attributes": {
            "cidr_blocks": null,
            "description": "Node to node CoreDNS UDP",
            "from_port": 53,
            "id": "sgrule-3543143120",
            "ipv6_cidr_blocks": null,
            "prefix_list_ids": [],
            "protocol": "udp",
            "security_group_id": "sg-0cb5bbd70aa7c0bc5",
            "security_group_rule_id": "sgr-09c7ffc3310ab16d3",
            "self": true,
            "source_security_group_id": null,
            "timeouts": null,
            "to_port": 53,
            "type": "ingress"
          },
          "sensitive_attributes": [],
          "private": "eyJlMmJmYjczMC1lY2FhLTExZTYtOGY4OC0zNDM2M2JjN2M0YzAiOnsiY3JlYXRlIjozMDAwMDAwMDAwMDB9LCJzY2hlbWFfdmVyc2lvbiI6IjIifQ==",
          "dependencies": [
            "data.terraform_remote_state.vpc",
            "module.eks.aws_security_group.cluster",
            "module.eks.aws_security_group.node"
          ],
          "create_before_destroy": true
        }
      ]
    },
    {
      "module": "module.eks",
      "mode": "managed",
      "type": "time_sleep",
      "name": "this",
      "provider": "provider[\"registry.terraform.io/hashicorp/time\"]",
      "instances": [
        {
          "index_key": 0,
          "schema_version": 0,
          "attributes": {
            "create_duration": "30s",
            "destroy_duration": null,
            "id": "2024-09-24T07:56:44Z",
            "triggers": {
              "cluster_certificate_authority_data": "LS0tLS1CRUdJTiBDRVJUSUZJQ0FURS0tLS0tCk1JSURCVENDQWUyZ0F3SUJBZ0lJU0hPSUZkYjRZSEF3RFFZSktvWklodmNOQVFFTEJRQXdGVEVUTUJFR0ExVUUKQXhNS2EzVmlaWEp1WlhSbGN6QWVGdzB5TkRBNU1qUXdOelEwTXpCYUZ3MHpOREE1TWpJd056UTVNekJhTUJVeApFekFSQmdOVkJBTVRDbXQxWW1WeWJtVjBaWE13Z2dFaU1BMEdDU3FHU0liM0RRRUJBUVVBQTRJQkR3QXdnZ0VLCkFvSUJBUUN1TzNNT0pMRHp4Z2d4OWZwRTRhOWhYNGlCMTNoY2haeFpacTlzblBzL1RzQ3pVbGpjQnU1THVMaUsKZEhsc1VsSHNoYndOY2JaWWFKbERXVmxzOWtJZGxMek9hVDk5bzgvdzRyL045WjVDNG1xaEE1Y2ovNDZ3TEJrbQpybUJJelVKdHUwRzYzUVQveEJrZkRzTzVCZDBDa2txRWw2S0EzZW5qclhpZkh1UnpWejZiQnFMYm9lQysxMm1oCkxURXN3ZVZvcGM1VkNiRHR5aVpVdE8xM3BoblY0cm1sY1JhOEg4QlV6c255dlYvTzQrOERTYVB2OUxkMm1QUXgKb2tjVW90dnBPTGFPZHJtMVRWem5Wd3NUTDhNb09LTVRlQ2YzQk55b0RGcDFxWm1aZktHakorTTMxRC9MYWlFUwpYRDNSSmFaS0ZQSTMrV2NUbjV4SUpMRUJ5cXpqQWdNQkFBR2pXVEJYTUE0R0ExVWREd0VCL3dRRUF3SUNwREFQCkJnTlZIUk1CQWY4RUJUQURBUUgvTUIwR0ExVWREZ1FXQkJRaEdUUEJtK1BLS1k2MUQ3WEFnTThudEwwWUp6QVYKQmdOVkhSRUVEakFNZ2dwcmRXSmxjbTVsZEdWek1BMEdDU3FHU0liM0RRRUJDd1VBQTRJQkFRQkhCSDVNNVJIUwpIVldvZ3NoSlE5Z2pOTVhmL2QwZlczVmtEZGtiWHR3WmpuMTh1OVVrZVVSQWJldloxWEpETFJ5YVM5Szk1bks4CjJVb3BLSTY1Q3o1UFExR3ZMLzlZLzlXYkVFcG5FMnlLSmNrYkY5ZGxMSDRDSndYUCtrYXVmMFRqQXNwZ0JEMmcKOS91TkF6QTYvaVF3aWNUUXBETUt4RHJ2cXROQmN2RHNJS3lvdGszUzh5Qk0wZGE1NlZIOXZrb2lyN1B1WXQ5agp6akJxbFpwZXc0OHV2blV0OHMzcFNxcDI3MXEycmhjR1BRU2hza1FJVXdRWGFleXlqb25nbmhMbHNYUitYTnJvCmdQd1JFWm1ReEhObml2YkxicWh0d1F0aHU2QjNVOUt2cmFuclV6dVhjMWMzaTZBWGVBblhPZEJDN2dIL3JRUXMKMEhta0J4SG9RQWhVCi0tLS0tRU5EIENFUlRJRklDQVRFLS0tLS0K",
              "cluster_endpoint": "https://1A226482DBEA6135793EF698E2B777BB.yl4.us-east-1.eks.amazonaws.com",
              "cluster_name": "demo-cluster",
              "cluster_service_cidr": "172.20.0.0/16",
              "cluster_version": "1.29"
            }
          },
          "sensitive_attributes": [],
          "dependencies": [
            "data.terraform_remote_state.vpc",
            "module.eks.aws_cloudwatch_log_group.this",
            "module.eks.aws_eks_cluster.this",
            "module.eks.aws_iam_policy.cni_ipv6_policy",
            "module.eks.aws_iam_role.this",
            "module.eks.aws_iam_role_policy_attachment.this",
            "module.eks.aws_security_group.cluster",
            "module.eks.aws_security_group.node",
            "module.eks.aws_security_group_rule.cluster",
            "module.eks.aws_security_group_rule.node",
            "module.eks.data.aws_caller_identity.current",
            "module.eks.data.aws_iam_policy_document.assume_role_policy",
            "module.eks.data.aws_iam_policy_document.cni_ipv6_policy",
            "module.eks.data.aws_iam_session_context.current",
            "module.eks.data.aws_partition.current",
            "module.eks.module.kms.aws_kms_external_key.this",
            "module.eks.module.kms.aws_kms_key.this",
            "module.eks.module.kms.aws_kms_replica_external_key.this",
            "module.eks.module.kms.aws_kms_replica_key.this",
            "module.eks.module.kms.data.aws_caller_identity.current",
            "module.eks.module.kms.data.aws_iam_policy_document.this",
            "module.eks.module.kms.data.aws_partition.current"
          ],
          "create_before_destroy": true
        }
      ]
    },
    {
      "module": "module.eks.module.eks_managed_node_group[\"default_node_group\"]",
      "mode": "data",
      "type": "aws_caller_identity",
      "name": "current",
      "provider": "provider[\"registry.terraform.io/hashicorp/aws\"]",
      "instances": [
        {
          "schema_version": 0,
          "attributes": {
            "account_id": "132172135366",
            "arn": "arn:aws:iam::132172135366:user/k8suser",
            "id": "132172135366",
            "user_id": "AIDAR5RQSXPDLVB5NXR7O"
          },
          "sensitive_attributes": []
        }
      ]
    },
    {
      "module": "module.eks.module.eks_managed_node_group[\"default_node_group\"]",
      "mode": "data",
      "type": "aws_iam_policy_document",
      "name": "assume_role_policy",
      "provider": "provider[\"registry.terraform.io/hashicorp/aws\"]",
      "instances": [
        {
          "index_key": 0,
          "schema_version": 0,
          "attributes": {
            "id": "2560088296",
            "json": "{\n  \"Version\": \"2012-10-17\",\n  \"Statement\": [\n    {\n      \"Sid\": \"EKSNodeAssumeRole\",\n      \"Effect\": \"Allow\",\n      \"Action\": \"sts:AssumeRole\",\n      \"Principal\": {\n        \"Service\": \"ec2.amazonaws.com\"\n      }\n    }\n  ]\n}",
            "minified_json": "{\"Version\":\"2012-10-17\",\"Statement\":[{\"Sid\":\"EKSNodeAssumeRole\",\"Effect\":\"Allow\",\"Action\":\"sts:AssumeRole\",\"Principal\":{\"Service\":\"ec2.amazonaws.com\"}}]}",
            "override_json": null,
            "override_policy_documents": null,
            "policy_id": null,
            "source_json": null,
            "source_policy_documents": null,
            "statement": [
              {
                "actions": [
                  "sts:AssumeRole"
                ],
                "condition": [],
                "effect": "Allow",
                "not_actions": [],
                "not_principals": [],
                "not_resources": [],
                "principals": [
                  {
                    "identifiers": [
                      "ec2.amazonaws.com"
                    ],
                    "type": "Service"
                  }
                ],
                "resources": [],
                "sid": "EKSNodeAssumeRole"
              }
            ],
            "version": "2012-10-17"
          },
          "sensitive_attributes": []
        }
      ]
    },
    {
      "module": "module.eks.module.eks_managed_node_group[\"default_node_group\"]",
      "mode": "data",
      "type": "aws_partition",
      "name": "current",
      "provider": "provider[\"registry.terraform.io/hashicorp/aws\"]",
      "instances": [
        {
          "schema_version": 0,
          "attributes": {
            "dns_suffix": "amazonaws.com",
            "id": "aws",
            "partition": "aws",
            "reverse_dns_prefix": "com.amazonaws"
          },
          "sensitive_attributes": []
        }
      ]
    },
    {
      "module": "module.eks.module.eks_managed_node_group[\"default_node_group\"]",
      "mode": "managed",
      "type": "aws_eks_node_group",
      "name": "this",
      "provider": "provider[\"registry.terraform.io/hashicorp/aws\"]",
      "instances": [
        {
          "index_key": 0,
          "schema_version": 0,
          "attributes": {
            "ami_type": "AL2_x86_64",
            "arn": "arn:aws:eks:us-east-1:132172135366:nodegroup/demo-cluster/default_node_group-2024092407564506310000000c/24c91184-323e-f2e3-2f7b-9ea3e3230d1a",
            "capacity_type": "ON_DEMAND",
            "cluster_name": "demo-cluster",
            "disk_size": 50,
            "force_update_version": null,
            "id": "demo-cluster:default_node_group-2024092407564506310000000c",
            "instance_types": [
              "m5.large"
            ],
            "labels": null,
            "launch_template": [],
            "node_group_name": "default_node_group-2024092407564506310000000c",
            "node_group_name_prefix": "default_node_group-",
            "node_role_arn": "arn:aws:iam::132172135366:role/default_node_group-eks-node-group-20240924074349099800000002",
            "release_version": "1.29.8-20240917",
            "remote_access": [],
            "resources": [
              {
                "autoscaling_groups": [
                  {
                    "name": "eks-default_node_group-2024092407564506310000000c-24c91184-323e-f2e3-2f7b-9ea3e3230d1a"
                  }
                ],
                "remote_access_security_group_id": ""
              }
            ],
            "scaling_config": [
              {
                "desired_size": 2,
                "max_size": 3,
                "min_size": 1
              }
            ],
            "status": "ACTIVE",
            "subnet_ids": [
              "subnet-0b591293ed9cf4849",
              "subnet-0c7a5a4ea84fe6e1d",
              "subnet-0c962ac9c02a252c0"
            ],
            "tags": {
              "DevtedsOrg": "Devteds Courses",
              "DevtedsStack": "demo-cluster",
              "DevtedsStackName": "EKS",
              "Name": "default_node_group",
              "kubernetes.io/cluster/demo-cluster": "shared"
            },
            "tags_all": {
              "DevtedsOrg": "Devteds Courses",
              "DevtedsStack": "demo-cluster",
              "DevtedsStackName": "EKS",
              "Name": "default_node_group",
              "kubernetes.io/cluster/demo-cluster": "shared"
            },
            "taint": [],
            "timeouts": {
              "create": null,
              "delete": null,
              "update": null
            },
            "update_config": [
              {
                "max_unavailable": 0,
                "max_unavailable_percentage": 33
              }
            ],
            "version": "1.29"
          },
          "sensitive_attributes": [],
          "private": "eyJlMmJmYjczMC1lY2FhLTExZTYtOGY4OC0zNDM2M2JjN2M0YzAiOnsiY3JlYXRlIjozNjAwMDAwMDAwMDAwLCJkZWxldGUiOjM2MDAwMDAwMDAwMDAsInVwZGF0ZSI6MzYwMDAwMDAwMDAwMH19",
          "dependencies": [
            "data.terraform_remote_state.vpc",
            "module.eks.aws_cloudwatch_log_group.this",
            "module.eks.aws_eks_cluster.this",
            "module.eks.aws_iam_policy.cni_ipv6_policy",
            "module.eks.aws_iam_role.this",
            "module.eks.aws_iam_role_policy_attachment.this",
            "module.eks.aws_security_group.cluster",
            "module.eks.aws_security_group.node",
            "module.eks.aws_security_group_rule.cluster",
            "module.eks.aws_security_group_rule.node",
            "module.eks.data.aws_caller_identity.current",
            "module.eks.data.aws_iam_policy_document.assume_role_policy",
            "module.eks.data.aws_iam_policy_document.cni_ipv6_policy",
            "module.eks.data.aws_iam_session_context.current",
            "module.eks.data.aws_partition.current",
            "module.eks.module.eks_managed_node_group.aws_iam_role.this",
            "module.eks.module.eks_managed_node_group.aws_iam_role_policy_attachment.this",
            "module.eks.module.eks_managed_node_group.aws_launch_template.this",
            "module.eks.module.eks_managed_node_group.aws_placement_group.this",
            "module.eks.module.eks_managed_node_group.data.aws_caller_identity.current",
            "module.eks.module.eks_managed_node_group.data.aws_ec2_instance_type.this",
            "module.eks.module.eks_managed_node_group.data.aws_ec2_instance_type_offerings.this",
            "module.eks.module.eks_managed_node_group.data.aws_iam_policy_document.assume_role_policy",
            "module.eks.module.eks_managed_node_group.data.aws_partition.current",
            "module.eks.module.eks_managed_node_group.data.aws_ssm_parameter.ami",
            "module.eks.module.eks_managed_node_group.data.aws_subnets.efa",
            "module.eks.module.eks_managed_node_group.module.user_data.data.cloudinit_config.al2023_eks_managed_node_group",
            "module.eks.module.eks_managed_node_group.module.user_data.data.cloudinit_config.linux_eks_managed_node_group",
            "module.eks.module.kms.aws_kms_external_key.this",
            "module.eks.module.kms.aws_kms_key.this",
            "module.eks.module.kms.aws_kms_replica_external_key.this",
            "module.eks.module.kms.aws_kms_replica_key.this",
            "module.eks.module.kms.data.aws_caller_identity.current",
            "module.eks.module.kms.data.aws_iam_policy_document.this",
            "module.eks.module.kms.data.aws_partition.current",
            "module.eks.time_sleep.this"
          ],
          "create_before_destroy": true
        }
      ]
    },
    {
      "module": "module.eks.module.eks_managed_node_group[\"default_node_group\"]",
      "mode": "managed",
      "type": "aws_iam_role",
      "name": "this",
      "provider": "provider[\"registry.terraform.io/hashicorp/aws\"]",
      "instances": [
        {
          "index_key": 0,
          "schema_version": 0,
          "attributes": {
            "arn": "arn:aws:iam::132172135366:role/default_node_group-eks-node-group-20240924074349099800000002",
            "assume_role_policy": "{\"Statement\":[{\"Action\":\"sts:AssumeRole\",\"Effect\":\"Allow\",\"Principal\":{\"Service\":\"ec2.amazonaws.com\"},\"Sid\":\"EKSNodeAssumeRole\"}],\"Version\":\"2012-10-17\"}",
            "create_date": "2024-09-24T07:43:49Z",
            "description": "EKS managed node group IAM role",
            "force_detach_policies": true,
            "id": "default_node_group-eks-node-group-20240924074349099800000002",
            "inline_policy": [],
            "managed_policy_arns": [],
            "max_session_duration": 3600,
            "name": "default_node_group-eks-node-group-20240924074349099800000002",
            "name_prefix": "default_node_group-eks-node-group-",
            "path": "/",
            "permissions_boundary": "",
            "tags": {
              "DevtedsOrg": "Devteds Courses",
              "DevtedsStack": "demo-cluster",
              "DevtedsStackName": "EKS",
              "kubernetes.io/cluster/demo-cluster": "shared"
            },
            "tags_all": {
              "DevtedsOrg": "Devteds Courses",
              "DevtedsStack": "demo-cluster",
              "DevtedsStackName": "EKS",
              "kubernetes.io/cluster/demo-cluster": "shared"
            },
            "unique_id": "AROAR5RQSXPDGYA6C6QQI"
          },
          "sensitive_attributes": [],
          "private": "bnVsbA==",
          "dependencies": [
            "module.eks.module.eks_managed_node_group.data.aws_iam_policy_document.assume_role_policy"
          ],
          "create_before_destroy": true
        }
      ]
    },
    {
      "module": "module.eks.module.eks_managed_node_group[\"default_node_group\"]",
      "mode": "managed",
      "type": "aws_iam_role_policy_attachment",
      "name": "this",
      "provider": "provider[\"registry.terraform.io/hashicorp/aws\"]",
      "instances": [
        {
          "index_key": "AmazonEC2ContainerRegistryReadOnly",
          "schema_version": 0,
          "attributes": {
            "id": "default_node_group-eks-node-group-20240924074349099800000002-20240924074349657100000007",
            "policy_arn": "arn:aws:iam::aws:policy/AmazonEC2ContainerRegistryReadOnly",
            "role": "default_node_group-eks-node-group-20240924074349099800000002"
          },
          "sensitive_attributes": [],
          "private": "bnVsbA==",
          "dependencies": [
            "module.eks.module.eks_managed_node_group.aws_iam_role.this",
            "module.eks.module.eks_managed_node_group.data.aws_caller_identity.current",
            "module.eks.module.eks_managed_node_group.data.aws_iam_policy_document.assume_role_policy",
            "module.eks.module.eks_managed_node_group.data.aws_partition.current"
          ],
          "create_before_destroy": true
        },
        {
          "index_key": "AmazonEKSWorkerNodePolicy",
          "schema_version": 0,
          "attributes": {
            "id": "default_node_group-eks-node-group-20240924074349099800000002-20240924074349644600000006",
            "policy_arn": "arn:aws:iam::aws:policy/AmazonEKSWorkerNodePolicy",
            "role": "default_node_group-eks-node-group-20240924074349099800000002"
          },
          "sensitive_attributes": [],
          "private": "bnVsbA==",
          "dependencies": [
            "module.eks.module.eks_managed_node_group.aws_iam_role.this",
            "module.eks.module.eks_managed_node_group.data.aws_caller_identity.current",
            "module.eks.module.eks_managed_node_group.data.aws_iam_policy_document.assume_role_policy",
            "module.eks.module.eks_managed_node_group.data.aws_partition.current"
          ],
          "create_before_destroy": true
        },
        {
          "index_key": "AmazonEKS_CNI_Policy",
          "schema_version": 0,
          "attributes": {
            "id": "default_node_group-eks-node-group-20240924074349099800000002-20240924074349730800000008",
            "policy_arn": "arn:aws:iam::aws:policy/AmazonEKS_CNI_Policy",
            "role": "default_node_group-eks-node-group-20240924074349099800000002"
          },
          "sensitive_attributes": [],
          "private": "bnVsbA==",
          "dependencies": [
            "module.eks.module.eks_managed_node_group.aws_iam_role.this",
            "module.eks.module.eks_managed_node_group.data.aws_caller_identity.current",
            "module.eks.module.eks_managed_node_group.data.aws_iam_policy_document.assume_role_policy",
            "module.eks.module.eks_managed_node_group.data.aws_partition.current"
          ],
          "create_before_destroy": true
        }
      ]
    },
    {
      "module": "module.eks.module.eks_managed_node_group[\"default_node_group\"].module.user_data",
      "mode": "managed",
      "type": "null_resource",
      "name": "validate_cluster_service_cidr",
      "provider": "provider[\"registry.terraform.io/hashicorp/null\"]",
      "instances": [
        {
          "schema_version": 0,
          "attributes": {
            "id": "7187061492106504934",
            "triggers": null
          },
          "sensitive_attributes": [],
          "dependencies": [
            "data.terraform_remote_state.vpc",
            "module.eks.aws_cloudwatch_log_group.this",
            "module.eks.aws_eks_cluster.this",
            "module.eks.aws_iam_policy.cni_ipv6_policy",
            "module.eks.aws_iam_role.this",
            "module.eks.aws_iam_role_policy_attachment.this",
            "module.eks.aws_security_group.cluster",
            "module.eks.aws_security_group.node",
            "module.eks.aws_security_group_rule.cluster",
            "module.eks.aws_security_group_rule.node",
            "module.eks.data.aws_caller_identity.current",
            "module.eks.data.aws_iam_policy_document.assume_role_policy",
            "module.eks.data.aws_iam_policy_document.cni_ipv6_policy",
            "module.eks.data.aws_iam_session_context.current",
            "module.eks.data.aws_partition.current",
            "module.eks.module.kms.aws_kms_external_key.this",
            "module.eks.module.kms.aws_kms_key.this",
            "module.eks.module.kms.aws_kms_replica_external_key.this",
            "module.eks.module.kms.aws_kms_replica_key.this",
            "module.eks.module.kms.data.aws_caller_identity.current",
            "module.eks.module.kms.data.aws_iam_policy_document.this",
            "module.eks.module.kms.data.aws_partition.current",
            "module.eks.time_sleep.this"
          ]
        }
      ]
    },
    {
      "module": "module.key_pair",
      "mode": "managed",
      "type": "aws_key_pair",
      "name": "this",
      "provider": "provider[\"registry.terraform.io/hashicorp/aws\"]",
      "instances": [
        {
          "index_key": 0,
          "schema_version": 1,
          "attributes": {
            "arn": "arn:aws:ec2:us-east-1:132172135366:key-pair/demo-cluster2024092407440783100000000b",
            "fingerprint": "33:78:c7:ce:6c:36:24:5d:98:78:5d:9a:29:0a:4d:b4",
            "id": "demo-cluster2024092407440783100000000b",
            "key_name": "demo-cluster2024092407440783100000000b",
            "key_name_prefix": "demo-cluster",
            "key_pair_id": "key-06c54e0416806b9de",
            "key_type": "rsa",
            "public_key": "ssh-rsa AAAAB3NzaC1yc2EAAAADAQABAAACAQC5jR+/n7HMYdoLZ2Qkrl92cuDMnHSeyZzwaZJkn7g4N3e6/cw0WUoPsZz+ByFdf4ZC3orG1D4vE42r2g9N7CG5oMxVnDlnU4/tP+xoQBT6QI4P4iWCN3CNUxADIIvaXxpZHubdzZmDmYZtiNReq+d6xrdcAO6ITOnwTTaoNQVLwpJbxy/75KK1oG4tlMDYb4FJtD9I8jky6/IjfJXzowoE4MPsOZVgEj2Ztz+FXZR+Ybaa9TyDPd4yUktpyPJ0i1vPoCC0tYEz8gHr7CJ/BqUFFp1xVkwGGgYwgI+PCHOTz5yltwrBlnxVxGJlRfCvUR4EWumm3fmUy45FB3EdwzUuH69YQmdg1F/YT9e/B0j9wSeoSYgpsbEn55mDwH3wkli2HHtr4ficYygQ+l5L3Sao4SfcoKooMhfyuHG7C6igNkMdA0tj+A1O0tJLAZpqUfkFJJx3qbrILU3CA/8AoXNMFnyG6yy+j/8vip0irXxKLjaSQKoHXd+VclgaZc234C4aDmsqhuBBG17mdOUxwBZjZ4mq4vy7XZVhD+diiQXaGPOFmLLMf1nUSGOVO3vWOEEzBysGL04HZi5xwQObIgH3MyfhRajEmLWe0LHAaP/SZCE+uMVQOLxjXGbIlOgWbFEeiWdtP2Fu/nrTv39k6F4g07K3+R5dcYiagAiULKN1zQ==",
            "tags": {
              "DevtedsOrg": "Devteds Courses",
              "DevtedsStack": "demo-cluster",
              "DevtedsStackName": "EKS",
              "kubernetes.io/cluster/demo-cluster": "shared"
            },
            "tags_all": {
              "DevtedsOrg": "Devteds Courses",
              "DevtedsStack": "demo-cluster",
              "DevtedsStackName": "EKS",
              "kubernetes.io/cluster/demo-cluster": "shared"
            }
          },
          "sensitive_attributes": [],
          "private": "eyJzY2hlbWFfdmVyc2lvbiI6IjEifQ==",
          "dependencies": [
            "module.key_pair.tls_private_key.this"
          ]
        }
      ]
    },
    {
      "module": "module.key_pair",
      "mode": "managed",
      "type": "tls_private_key",
      "name": "this",
      "provider": "provider[\"registry.terraform.io/hashicorp/tls\"]",
      "instances": [
        {
          "index_key": 0,
          "schema_version": 1,
          "attributes": {
            "algorithm": "RSA",
            "ecdsa_curve": "P224",
            "id": "ffabe4d89b2952071dc3b7d8855bb6d4cac08d55",
            "private_key_openssh": "-----BEGIN OPENSSH PRIVATE KEY-----\nb3BlbnNzaC1rZXktdjEAAAAABG5vbmUAAAAEbm9uZQAAAAAAAAABAAACFwAAAAdz\nc2gtcnNhAAAAAwEAAQAAAgEAuY0fv5+xzGHaC2dkJK5fdnLgzJx0nsmc8GmSZJ+4\nODd3uv3MNFlKD7Gc/gchXX+GQt6KxtQ+LxONq9oPTewhuaDMVZw5Z1OP7T/saEAU\n+kCOD+IlgjdwjVMQAyCL2l8aWR7m3c2Zg5mGbYjUXqvnesa3XADuiEzp8E02qDUF\nS8KSW8cv++SitaBuLZTA2G+BSbQ/SPI5MuvyI3yV86MKBODD7DmVYBI9mbc/hV2U\nfmG2mvU8gz3eMlJLacjydItbz6AgtLWBM/IB6+wifwalBRadcVZMBhoGMICPjwhz\nk8+cpbcKwZZ8VcRiZUXwr1EeBFrppt35lMuORQdxHcM1Lh+vWEJnYNRf2E/XvwdI\n/cEnqEmIKbGxJ+eZg8B98JJYthx7a+H4nGMoEPpeS90mqOEn3KCqKDIX8rhxuwuo\noDZDHQNLY/gNTtLSSwGaalH5BSScd6m6yC1NwgP/AKFzTBZ8hussvo//L4qdIq18\nSi42kkCqB13flXJYGmXNt+AuGg5rKobgQRte5nTlMcAWY2eJquL8u12VYQ/nYokF\n2hjzhZiyzH9Z1EhjlTt71jhBMwcrBi9OB2YuccEDmyIB9zMn4UWoxJi1ntCxwGj/\n0mQhPrjFUDi8Y1xmyJToFmxRHolnbT9hbv56079/ZOheINOyt/keXXGImoAIlCyj\ndc0AAAc4buckJm7nJCYAAAAHc3NoLXJzYQAAAgEAuY0fv5+xzGHaC2dkJK5fdnLg\nzJx0nsmc8GmSZJ+4ODd3uv3MNFlKD7Gc/gchXX+GQt6KxtQ+LxONq9oPTewhuaDM\nVZw5Z1OP7T/saEAU+kCOD+IlgjdwjVMQAyCL2l8aWR7m3c2Zg5mGbYjUXqvnesa3\nXADuiEzp8E02qDUFS8KSW8cv++SitaBuLZTA2G+BSbQ/SPI5MuvyI3yV86MKBODD\n7DmVYBI9mbc/hV2UfmG2mvU8gz3eMlJLacjydItbz6AgtLWBM/IB6+wifwalBRad\ncVZMBhoGMICPjwhzk8+cpbcKwZZ8VcRiZUXwr1EeBFrppt35lMuORQdxHcM1Lh+v\nWEJnYNRf2E/XvwdI/cEnqEmIKbGxJ+eZg8B98JJYthx7a+H4nGMoEPpeS90mqOEn\n3KCqKDIX8rhxuwuooDZDHQNLY/gNTtLSSwGaalH5BSScd6m6yC1NwgP/AKFzTBZ8\nhussvo//L4qdIq18Si42kkCqB13flXJYGmXNt+AuGg5rKobgQRte5nTlMcAWY2eJ\nquL8u12VYQ/nYokF2hjzhZiyzH9Z1EhjlTt71jhBMwcrBi9OB2YuccEDmyIB9zMn\n4UWoxJi1ntCxwGj/0mQhPrjFUDi8Y1xmyJToFmxRHolnbT9hbv56079/ZOheINOy\nt/keXXGImoAIlCyjdc0AAAADAQABAAACAQCfNlKpsDN1tfjMlDi/qMfM8SGnMBB5\nN3HscAnnQY1m32FjF+cifAMqmDKnXiLpAUWJFz9pADEjX9nOPdun9xexGiJ6ywQO\nfwsefh0yDtpxKPc89cVNiJiRC1bP+BtIkxYepn9ejs5Mt207i47+dO640M4AqeQD\nHEwXn4lop6YVray8B5xKvZJH2pLvlZYroPIE9h7fTsh5wy8P+BUK6zjrmplClt5v\ngvdMcIqWuwdxshJnwEneKzX/Y9HFwWEZU4LCExo9NQjaM6wmbYXkDSWHyjHqUCwH\niEkLUSTdjFjv2dMF9pvKJIAnb80mLO8q36WsAv496nX/kPJQlOQgr6FurEQnpCbp\njwGGpf4d/DCvHapFD+gCk2MqF2SxPO5DvLHubdEOGkbD5w4aN3DGTJZCz+zUB1od\nxo1K0oyuYpufj3je+HhvHVL+x2bLVQ8NcENyMDt1Uagun1lTY38vi/ppoo/2Dw9m\ndyM69K8jmtIt4inqe42dSW0LU3FR8BkZ/CP3i6yB5UtzDhcIfLQRcwaqbDEG59JE\nIYWz9MAZRyiMuwJGA/q/xvkTm0ssI0uiYtwHIO4UqfgRKeKjzX5trdvyq/YOTTeE\nUxfwr763bpaWwoU14iIaB31DtH7PzMffFg8mAug08uUUhDuLdvZJ93GoH24vc4gG\niz1Fb16zpg/mQQAAAQApzAnyHaOap3+PvivYPKuLYTel8UNTKB3EGZX9mZcfJTOk\nczQy3hlnoAxBX6ji8jU6c1KXATlyUDHFqm5jWWdA5vnxkij2+jEY2jJ2gkHRw7RD\ngRs8qNF0P0HM80NsByE93BZ2fMkrRQrmBVM6JatUeIVA2sYj2SAEspr1My4OZl0G\n93c8Rvoy+0L4Rd9HLJQ43xHPUVuiNGaBGkPrad9cY9G9uCdvtp6dgwqrk8eO3tm6\ntPjQ7tO3mEdB4Vc5aZedQIED2oyFORZWI58n+6f5tZ/GuRIoSfTZfeRD7DBr6OW3\ndUlkBxvnSudzj9K2OPigBDqaC/UtzIOlnHF9Mg/QAAABAQDEfWTsRyQ/Fvcdxvz6\nyQps5n1GwJ+heU4P+bImFkFj+AfNwzFQF27xIXYHVyRr9vgZUkA4MKC6Rt0M79CC\nhKaW+5iGY3tUnw+vcyn8LP7myFvr+WNewI21lMCFZRmg45VBuWXlQokeai3DQvwC\nklvhwvJbdDcgtJPVdpFfAObBU1Aop4JN+8QvCSnvT6YhS1e0MS6HnUh5u2ZMD4cH\npiDcpJ9giS+soP/1C3DhNSe1Xrtsr8gkElGpMELrVyz/D6qAzbyKCu7RU8OHfenS\nZqcur41SQtzDMCJVyOgSzgQ2miHVhX0+aSyCg15f/cw4mbA1Mv9e83R4FQoarXfY\nYTypAAABAQDxv58wOFah49FdT1E4eRawzHWPbPsMNpZ20YA3icK05McJjYAR5f4/\nM+VbHmZb+ofA45rzVOCOOlklfKY5vMfHB20/D0L6OfBji1Ra1CyblABmuil5hgW8\nF0hmKUe59n22UUw9Lv0ZxHz1RsGoth8LU2r9XWW3jamhfC7tkN7To9exZKZ+Q9v6\nwavceAbippoF6RxXwxLod+em5hQ7UoD/RinB+oYLTfRYctSu868E1fK5NGP7wHGd\nw6icZOXBFJ9QbTLblZjpD0uPDq0XehHYyNn7ysm6qBdRWxLZvwq1MLDZqE4Bhmge\nGIKlRLepkZUY4BLEudP0atRXm2UlXKKFAAAAAAEC\n-----END OPENSSH PRIVATE KEY-----\n",
            "private_key_pem": "-----BEGIN RSA PRIVATE KEY-----\nMIIJKQIBAAKCAgEAuY0fv5+xzGHaC2dkJK5fdnLgzJx0nsmc8GmSZJ+4ODd3uv3M\nNFlKD7Gc/gchXX+GQt6KxtQ+LxONq9oPTewhuaDMVZw5Z1OP7T/saEAU+kCOD+Il\ngjdwjVMQAyCL2l8aWR7m3c2Zg5mGbYjUXqvnesa3XADuiEzp8E02qDUFS8KSW8cv\n++SitaBuLZTA2G+BSbQ/SPI5MuvyI3yV86MKBODD7DmVYBI9mbc/hV2UfmG2mvU8\ngz3eMlJLacjydItbz6AgtLWBM/IB6+wifwalBRadcVZMBhoGMICPjwhzk8+cpbcK\nwZZ8VcRiZUXwr1EeBFrppt35lMuORQdxHcM1Lh+vWEJnYNRf2E/XvwdI/cEnqEmI\nKbGxJ+eZg8B98JJYthx7a+H4nGMoEPpeS90mqOEn3KCqKDIX8rhxuwuooDZDHQNL\nY/gNTtLSSwGaalH5BSScd6m6yC1NwgP/AKFzTBZ8hussvo//L4qdIq18Si42kkCq\nB13flXJYGmXNt+AuGg5rKobgQRte5nTlMcAWY2eJquL8u12VYQ/nYokF2hjzhZiy\nzH9Z1EhjlTt71jhBMwcrBi9OB2YuccEDmyIB9zMn4UWoxJi1ntCxwGj/0mQhPrjF\nUDi8Y1xmyJToFmxRHolnbT9hbv56079/ZOheINOyt/keXXGImoAIlCyjdc0CAwEA\nAQKCAgEAnzZSqbAzdbX4zJQ4v6jHzPEhpzAQeTdx7HAJ50GNZt9hYxfnInwDKpgy\np14i6QFFiRc/aQAxI1/Zzj3bp/cXsRoiessEDn8LHn4dMg7acSj3PPXFTYiYkQtW\nz/gbSJMWHqZ/Xo7OTLdtO4uO/nTuuNDOAKnkAxxMF5+JaKemFa2svAecSr2SR9qS\n75WWK6DyBPYe307IecMvD/gVCus465qZQpbeb4L3THCKlrsHcbISZ8BJ3is1/2PR\nxcFhGVOCwhMaPTUI2jOsJm2F5A0lh8ox6lAsB4hJC1Ek3YxY79nTBfabyiSAJ2/N\nJizvKt+lrAL+Pep1/5DyUJTkIK+hbqxEJ6Qm6Y8BhqX+Hfwwrx2qRQ/oApNjKhdk\nsTzuQ7yx7m3RDhpGw+cOGjdwxkyWQs/s1AdaHcaNStKMrmKbn4943vh4bx1S/sdm\ny1UPDXBDcjA7dVGoLp9ZU2N/L4v6aaKP9g8PZncjOvSvI5rSLeIp6nuNnUltC1Nx\nUfAZGfwj94usgeVLcw4XCHy0EXMGqmwxBufSRCGFs/TAGUcojLsCRgP6v8b5E5tL\nLCNLomLcByDuFKn4ESnio81+ba3b8qv2Dk03hFMX8K++t26WlsKFNeIiGgd9Q7R+\nz8zH3xYPJgLoNPLlFIQ7i3b2SfdxqB9uL3OIBos9RW9es6YP5kECggEBAMR9ZOxH\nJD8W9x3G/PrJCmzmfUbAn6F5Tg/5siYWQWP4B83DMVAXbvEhdgdXJGv2+BlSQDgw\noLpG3Qzv0IKEppb7mIZje1SfD69zKfws/ubIW+v5Y17AjbWUwIVlGaDjlUG5ZeVC\niR5qLcNC/AKSW+HC8lt0NyC0k9V2kV8A5sFTUCingk37xC8JKe9PpiFLV7QxLoed\nSHm7ZkwPhwemINykn2CJL6yg//ULcOE1J7Veu2yvyCQSUakwQutXLP8PqoDNvIoK\n7tFTw4d96dJmpy6vjVJC3MMwIlXI6BLOBDaaIdWFfT5pLIKDXl/9zDiZsDUy/17z\ndHgVChqtd9hhPKkCggEBAPG/nzA4VqHj0V1PUTh5FrDMdY9s+ww2lnbRgDeJwrTk\nxwmNgBHl/j8z5VseZlv6h8DjmvNU4I46WSV8pjm8x8cHbT8PQvo58GOLVFrULJuU\nAGa6KXmGBbwXSGYpR7n2fbZRTD0u/RnEfPVGwai2HwtTav1dZbeNqaF8Lu2Q3tOj\n17Fkpn5D2/rBq9x4BuKmmgXpHFfDEuh356bmFDtSgP9GKcH6hgtN9Fhy1K7zrwTV\n8rk0Y/vAcZ3DqJxk5cEUn1BtMtuVmOkPS48OrRd6EdjI2fvKybqoF1FbEtm/CrUw\nsNmoTgGGaB4YgqVEt6mRlRjgEsS50/Rq1FebZSVcooUCggEBAJmMHCgAWDTtL2OX\nsu4P2RPM8q0trhEziGs3h5332lXS59ZF6O1bwpiwu1l1IcM1FiBDhGfkqFWpNuj7\nJwg3vS9ToZezehdgzZMf/flQ+ElE3YCEPME43ATAH8qefO6bqnHX/eawnhKkiuqC\nGAmychb0jwwkv0fRlY1EwMlrHOiKwKNkc5GZY3AWSyz2Iy71f64SmPflU1O9vG1H\n3Q9/JUMHany3+AeBMUQ/EpELRuKXCwQeQdrebe43BrR+RW10wpsxK1r8vC/cs3nY\nTbbb/V2gVmGoWng1zz8WZzT6xZQd0r7XOE5jRiMfocqFvOemQmrwVVvQCH4mguTi\nFjuDkTECggEAIywM/hgESrN5n4jNuVisu3ZT2FUzxVgf1hOvAuWRJX5vku06Z+A9\neHaVdQdcPx+ZJrA2uBZuQWMt2y1ihd34dvWWqGkRBpTta5423Kwn/U6wLEIDjMG6\nDd6ZUvvIir7ZFXCIlhJDEr+qqojr3h75L02osEopZWY/+tW1gizkrogU9qM9Mfuv\ngrEwzvfLkKhKmneK/x3Ln3TqiDbLVMIxMHLF2ooXfIeP+FpkpTuhCCQUl2uO7G7Y\nWOrBmld3sfrNHwd0Mcx3Hdly1dJ9zn+dHxxB0sdzSCvykIyeln2cEjaOVGyPRNuI\nRHCueVshGZOrzJ21PVgIBXSRhll+gswSfQKCAQApzAnyHaOap3+PvivYPKuLYTel\n8UNTKB3EGZX9mZcfJTOkczQy3hlnoAxBX6ji8jU6c1KXATlyUDHFqm5jWWdA5vnx\nkij2+jEY2jJ2gkHRw7RDgRs8qNF0P0HM80NsByE93BZ2fMkrRQrmBVM6JatUeIVA\n2sYj2SAEspr1My4OZl0G93c8Rvoy+0L4Rd9HLJQ43xHPUVuiNGaBGkPrad9cY9G9\nuCdvtp6dgwqrk8eO3tm6tPjQ7tO3mEdB4Vc5aZedQIED2oyFORZWI58n+6f5tZ/G\nuRIoSfTZfeRD7DBr6OW3dUlkBxvnSudzj9K2OPigBDqaC/UtzIOlnHF9Mg/Q\n-----END RSA PRIVATE KEY-----\n",
            "private_key_pem_pkcs8": "-----BEGIN PRIVATE KEY-----\nMIIJQwIBADANBgkqhkiG9w0BAQEFAASCCS0wggkpAgEAAoICAQC5jR+/n7HMYdoL\nZ2Qkrl92cuDMnHSeyZzwaZJkn7g4N3e6/cw0WUoPsZz+ByFdf4ZC3orG1D4vE42r\n2g9N7CG5oMxVnDlnU4/tP+xoQBT6QI4P4iWCN3CNUxADIIvaXxpZHubdzZmDmYZt\niNReq+d6xrdcAO6ITOnwTTaoNQVLwpJbxy/75KK1oG4tlMDYb4FJtD9I8jky6/Ij\nfJXzowoE4MPsOZVgEj2Ztz+FXZR+Ybaa9TyDPd4yUktpyPJ0i1vPoCC0tYEz8gHr\n7CJ/BqUFFp1xVkwGGgYwgI+PCHOTz5yltwrBlnxVxGJlRfCvUR4EWumm3fmUy45F\nB3EdwzUuH69YQmdg1F/YT9e/B0j9wSeoSYgpsbEn55mDwH3wkli2HHtr4ficYygQ\n+l5L3Sao4SfcoKooMhfyuHG7C6igNkMdA0tj+A1O0tJLAZpqUfkFJJx3qbrILU3C\nA/8AoXNMFnyG6yy+j/8vip0irXxKLjaSQKoHXd+VclgaZc234C4aDmsqhuBBG17m\ndOUxwBZjZ4mq4vy7XZVhD+diiQXaGPOFmLLMf1nUSGOVO3vWOEEzBysGL04HZi5x\nwQObIgH3MyfhRajEmLWe0LHAaP/SZCE+uMVQOLxjXGbIlOgWbFEeiWdtP2Fu/nrT\nv39k6F4g07K3+R5dcYiagAiULKN1zQIDAQABAoICAQCfNlKpsDN1tfjMlDi/qMfM\n8SGnMBB5N3HscAnnQY1m32FjF+cifAMqmDKnXiLpAUWJFz9pADEjX9nOPdun9xex\nGiJ6ywQOfwsefh0yDtpxKPc89cVNiJiRC1bP+BtIkxYepn9ejs5Mt207i47+dO64\n0M4AqeQDHEwXn4lop6YVray8B5xKvZJH2pLvlZYroPIE9h7fTsh5wy8P+BUK6zjr\nmplClt5vgvdMcIqWuwdxshJnwEneKzX/Y9HFwWEZU4LCExo9NQjaM6wmbYXkDSWH\nyjHqUCwHiEkLUSTdjFjv2dMF9pvKJIAnb80mLO8q36WsAv496nX/kPJQlOQgr6Fu\nrEQnpCbpjwGGpf4d/DCvHapFD+gCk2MqF2SxPO5DvLHubdEOGkbD5w4aN3DGTJZC\nz+zUB1odxo1K0oyuYpufj3je+HhvHVL+x2bLVQ8NcENyMDt1Uagun1lTY38vi/pp\noo/2Dw9mdyM69K8jmtIt4inqe42dSW0LU3FR8BkZ/CP3i6yB5UtzDhcIfLQRcwaq\nbDEG59JEIYWz9MAZRyiMuwJGA/q/xvkTm0ssI0uiYtwHIO4UqfgRKeKjzX5trdvy\nq/YOTTeEUxfwr763bpaWwoU14iIaB31DtH7PzMffFg8mAug08uUUhDuLdvZJ93Go\nH24vc4gGiz1Fb16zpg/mQQKCAQEAxH1k7EckPxb3Hcb8+skKbOZ9RsCfoXlOD/my\nJhZBY/gHzcMxUBdu8SF2B1cka/b4GVJAODCgukbdDO/QgoSmlvuYhmN7VJ8Pr3Mp\n/Cz+5shb6/ljXsCNtZTAhWUZoOOVQbll5UKJHmotw0L8ApJb4cLyW3Q3ILST1XaR\nXwDmwVNQKKeCTfvELwkp70+mIUtXtDEuh51IebtmTA+HB6Yg3KSfYIkvrKD/9Qtw\n4TUntV67bK/IJBJRqTBC61cs/w+qgM28igru0VPDh33p0manLq+NUkLcwzAiVcjo\nEs4ENpoh1YV9PmksgoNeX/3MOJmwNTL/XvN0eBUKGq132GE8qQKCAQEA8b+fMDhW\noePRXU9ROHkWsMx1j2z7DDaWdtGAN4nCtOTHCY2AEeX+PzPlWx5mW/qHwOOa81Tg\njjpZJXymObzHxwdtPw9C+jnwY4tUWtQsm5QAZropeYYFvBdIZilHufZ9tlFMPS79\nGcR89UbBqLYfC1Nq/V1lt42poXwu7ZDe06PXsWSmfkPb+sGr3HgG4qaaBekcV8MS\n6HfnpuYUO1KA/0YpwfqGC030WHLUrvOvBNXyuTRj+8BxncOonGTlwRSfUG0y25WY\n6Q9Ljw6tF3oR2MjZ+8rJuqgXUVsS2b8KtTCw2ahOAYZoHhiCpUS3qZGVGOASxLnT\n9GrUV5tlJVyihQKCAQEAmYwcKABYNO0vY5ey7g/ZE8zyrS2uETOIazeHnffaVdLn\n1kXo7VvCmLC7WXUhwzUWIEOEZ+SoVak26PsnCDe9L1Ohl7N6F2DNkx/9+VD4SUTd\ngIQ8wTjcBMAfyp587puqcdf95rCeEqSK6oIYCbJyFvSPDCS/R9GVjUTAyWsc6IrA\no2RzkZljcBZLLPYjLvV/rhKY9+VTU728bUfdD38lQwdqfLf4B4ExRD8SkQtG4pcL\nBB5B2t5t7jcGtH5FbXTCmzErWvy8L9yzedhNttv9XaBWYahaeDXPPxZnNPrFlB3S\nvtc4TmNGIx+hyoW856ZCavBVW9AIfiaC5OIWO4ORMQKCAQAjLAz+GARKs3mfiM25\nWKy7dlPYVTPFWB/WE68C5ZElfm+S7Tpn4D14dpV1B1w/H5kmsDa4Fm5BYy3bLWKF\n3fh29ZaoaREGlO1rnjbcrCf9TrAsQgOMwboN3plS+8iKvtkVcIiWEkMSv6qqiOve\nHvkvTaiwSillZj/61bWCLOSuiBT2oz0x+6+CsTDO98uQqEqad4r/HcufdOqINstU\nwjEwcsXaihd8h4/4WmSlO6EIJBSXa47sbthY6sGaV3ex+s0fB3QxzHcd2XLV0n3O\nf50fHEHSx3NIK/KQjJ6WfZwSNo5UbI9E24hEcK55WyEZk6vMnbU9WAgFdJGGWX6C\nzBJ9AoIBACnMCfIdo5qnf4++K9g8q4thN6XxQ1MoHcQZlf2Zlx8lM6RzNDLeGWeg\nDEFfqOLyNTpzUpcBOXJQMcWqbmNZZ0Dm+fGSKPb6MRjaMnaCQdHDtEOBGzyo0XQ/\nQczzQ2wHIT3cFnZ8yStFCuYFUzolq1R4hUDaxiPZIASymvUzLg5mXQb3dzxG+jL7\nQvhF30cslDjfEc9RW6I0ZoEaQ+tp31xj0b24J2+2np2DCquTx47e2bq0+NDu07eY\nR0HhVzlpl51AgQPajIU5FlYjnyf7p/m1n8a5EihJ9Nl95EPsMGvo5bd1SWQHG+dK\n53OP0rY4+KAEOpoL9S3Mg6WccX0yD9A=\n-----END PRIVATE KEY-----\n",
            "public_key_fingerprint_md5": "72:55:90:ef:be:f7:48:b1:00:72:71:99:66:c6:75:83",
            "public_key_fingerprint_sha256": "SHA256:+7ZO2sK73THEN1PSyUdqV7gUKK3C/EcNfodVRklGVYU",
            "public_key_openssh": "ssh-rsa AAAAB3NzaC1yc2EAAAADAQABAAACAQC5jR+/n7HMYdoLZ2Qkrl92cuDMnHSeyZzwaZJkn7g4N3e6/cw0WUoPsZz+ByFdf4ZC3orG1D4vE42r2g9N7CG5oMxVnDlnU4/tP+xoQBT6QI4P4iWCN3CNUxADIIvaXxpZHubdzZmDmYZtiNReq+d6xrdcAO6ITOnwTTaoNQVLwpJbxy/75KK1oG4tlMDYb4FJtD9I8jky6/IjfJXzowoE4MPsOZVgEj2Ztz+FXZR+Ybaa9TyDPd4yUktpyPJ0i1vPoCC0tYEz8gHr7CJ/BqUFFp1xVkwGGgYwgI+PCHOTz5yltwrBlnxVxGJlRfCvUR4EWumm3fmUy45FB3EdwzUuH69YQmdg1F/YT9e/B0j9wSeoSYgpsbEn55mDwH3wkli2HHtr4ficYygQ+l5L3Sao4SfcoKooMhfyuHG7C6igNkMdA0tj+A1O0tJLAZpqUfkFJJx3qbrILU3CA/8AoXNMFnyG6yy+j/8vip0irXxKLjaSQKoHXd+VclgaZc234C4aDmsqhuBBG17mdOUxwBZjZ4mq4vy7XZVhD+diiQXaGPOFmLLMf1nUSGOVO3vWOEEzBysGL04HZi5xwQObIgH3MyfhRajEmLWe0LHAaP/SZCE+uMVQOLxjXGbIlOgWbFEeiWdtP2Fu/nrTv39k6F4g07K3+R5dcYiagAiULKN1zQ==\n",
            "public_key_pem": "-----BEGIN PUBLIC KEY-----\nMIICIjANBgkqhkiG9w0BAQEFAAOCAg8AMIICCgKCAgEAuY0fv5+xzGHaC2dkJK5f\ndnLgzJx0nsmc8GmSZJ+4ODd3uv3MNFlKD7Gc/gchXX+GQt6KxtQ+LxONq9oPTewh\nuaDMVZw5Z1OP7T/saEAU+kCOD+IlgjdwjVMQAyCL2l8aWR7m3c2Zg5mGbYjUXqvn\nesa3XADuiEzp8E02qDUFS8KSW8cv++SitaBuLZTA2G+BSbQ/SPI5MuvyI3yV86MK\nBODD7DmVYBI9mbc/hV2UfmG2mvU8gz3eMlJLacjydItbz6AgtLWBM/IB6+wifwal\nBRadcVZMBhoGMICPjwhzk8+cpbcKwZZ8VcRiZUXwr1EeBFrppt35lMuORQdxHcM1\nLh+vWEJnYNRf2E/XvwdI/cEnqEmIKbGxJ+eZg8B98JJYthx7a+H4nGMoEPpeS90m\nqOEn3KCqKDIX8rhxuwuooDZDHQNLY/gNTtLSSwGaalH5BSScd6m6yC1NwgP/AKFz\nTBZ8hussvo//L4qdIq18Si42kkCqB13flXJYGmXNt+AuGg5rKobgQRte5nTlMcAW\nY2eJquL8u12VYQ/nYokF2hjzhZiyzH9Z1EhjlTt71jhBMwcrBi9OB2YuccEDmyIB\n9zMn4UWoxJi1ntCxwGj/0mQhPrjFUDi8Y1xmyJToFmxRHolnbT9hbv56079/ZOhe\nINOyt/keXXGImoAIlCyjdc0CAwEAAQ==\n-----END PUBLIC KEY-----\n",
            "rsa_bits": 4096
          },
          "sensitive_attributes": [
            [
              {
                "type": "get_attr",
                "value": "private_key_pem"
              }
            ],
            [
              {
                "type": "get_attr",
                "value": "private_key_pem_pkcs8"
              }
            ],
            [
              {
                "type": "get_attr",
                "value": "private_key_openssh"
              }
            ]
          ]
        }
      ]
    }
  ],
  "check_results": [
    {
      "object_kind": "resource",
      "config_addr": "module.eks.module.self_managed_node_group.module.user_data.null_resource.validate_cluster_service_cidr",
      "status": "pass",
      "objects": null
    },
    {
      "object_kind": "resource",
      "config_addr": "module.eks.module.eks_managed_node_group.module.user_data.null_resource.validate_cluster_service_cidr",
      "status": "pass",
      "objects": [
        {
          "object_addr": "module.eks.module.eks_managed_node_group[\"default_node_group\"].module.user_data.null_resource.validate_cluster_service_cidr",
          "status": "pass"
        }
      ]
    }
  ]
}
