{
  "version": 4,
  "terraform_version": "1.9.6",
  "serial": 877,
  "lineage": "f0b6d692-7aad-9484-d252-4f87d7645883",
  "outputs": {
    "cloudwatch_log_group_arn": {
      "value": "arn:aws:logs:us-east-1:132172135366:log-group:/aws/eks/demo-cluster/cluster",
      "type": "string"
    },
    "cloudwatch_log_group_name": {
      "value": "/aws/eks/demo-cluster/cluster",
      "type": "string"
    },
    "cluster_arn": {
      "value": "arn:aws:eks:us-east-1:132172135366:cluster/demo-cluster",
      "type": "string"
    },
    "cluster_certificate_authority_data": {
      "value": "LS0tLS1CRUdJTiBDRVJUSUZJQ0FURS0tLS0tCk1JSURCVENDQWUyZ0F3SUJBZ0lJWlp2Z3V3NGJIQ2t3RFFZSktvWklodmNOQVFFTEJRQXdGVEVUTUJFR0ExVUUKQXhNS2EzVmlaWEp1WlhSbGN6QWVGdzB5TkRFeE1URXlNRFUzTVRaYUZ3MHpOREV4TURreU1UQXlNVFphTUJVeApFekFSQmdOVkJBTVRDbXQxWW1WeWJtVjBaWE13Z2dFaU1BMEdDU3FHU0liM0RRRUJBUVVBQTRJQkR3QXdnZ0VLCkFvSUJBUURTMktSSlRNT2JTWjFSUWtwMjRYdFlORGtlYUxvKzhTd2dyM2p6bWYyZWtDZm9razY2NGRmdnUveGMKMTlYRDRTalRXZ090VlMySW92bExsajMzcm1UbUxzZzJ3ZHNyby84UXlFTGpLQlltcC8vZEQwNjk0ZU9Rb2hFRApPMCtaM3JWcUpJcTlpSXJWQUtTUTM3dGlUbFYyVE9zRXd1cDNyYk1vQ1pZN29ESTB6S3lPOWpYd1ZpYVQwSFFwCnVlWm5HakVRMnprL3RQM3hZMlQyQ1VlL05iQkM2anlXWFBxWVVLeCtzQVlqaERRL25Nd09qNzhIRnFrakhzbzQKc0pyQ3hXK3pCckwxcFJlK2QrVlpLblNCV2dGbDBzNS91aHdlV0ovN2cwc1VEcExETVVNRW9ubTBIazVxTkFQaQpIMVVRM0ptcGhDemFEaWN2d0VYTmJlbGZ6b2xWQWdNQkFBR2pXVEJYTUE0R0ExVWREd0VCL3dRRUF3SUNwREFQCkJnTlZIUk1CQWY4RUJUQURBUUgvTUIwR0ExVWREZ1FXQkJSc2dIdW54bWFndkJtSjNqWnllMVc0dVlkNndEQVYKQmdOVkhSRUVEakFNZ2dwcmRXSmxjbTVsZEdWek1BMEdDU3FHU0liM0RRRUJDd1VBQTRJQkFRQ0VFWENVSCtvTQpOdU9Uc1ZaNmJTOGNnZWtMSzV4U251TkxaZkh5bWduc2pzZmpvdkFYWXRHQlk2NlpXZW83NVFDSjBFbHZSZDR3ClJEWWxuOExYTExMeC9QZkp6SklXd0gyM2JrMnZKZ3lXRnB4dWZIVEhQSXppelNOOUlyY2t0aDJiMC9zL1dCTFcKN0dobjc5Um1YSnRQbVI3NmtIV083b2VFeEJCU1p4UVpveXFHWTQrVkRudWdwUmovR0pPUmcwdnMwc2RUWHRaOQppYmM2VXNlZG9rL2JTQUJJczk5Z0RXd3UydVRKNW13bGN3WFlMUWJaWmczR2pQeE5HZC85RlpXSUtNaklBUUxDClhFanVYdDJvTGV5SFdSM3BIRndJdGNxMmRLajBHMWNNUG1vb2hCTFpUMzZGUVBXL29VNkJ4QS9Kb0J0TVNmU0wKd3VNRFFYNjhIdDF4Ci0tLS0tRU5EIENFUlRJRklDQVRFLS0tLS0K",
      "type": "string"
    },
    "cluster_endpoint": {
      "value": "https://D12FF49E26A637FA0C5F500F14A27F5A.gr7.us-east-1.eks.amazonaws.com",
      "type": "string"
    },
    "cluster_iam_role_arn": {
      "value": "arn:aws:iam::132172135366:role/demo-cluster-cluster-20241111205641699600000004",
      "type": "string"
    },
    "cluster_iam_role_name": {
      "value": "demo-cluster-cluster-20241111205641699600000004",
      "type": "string"
    },
    "cluster_iam_role_unique_id": {
      "value": "AROAR5RQSXPDOXIBGV3FK",
      "type": "string"
    },
    "cluster_name": {
      "value": "demo-cluster",
      "type": "string"
    },
    "cluster_platform_version": {
      "value": "eks.21",
      "type": "string"
    },
    "cluster_primary_security_group_id": {
      "value": "sg-09b9ee92e29f48563",
      "type": "string"
    },
    "cluster_security_group_arn": {
      "value": "arn:aws:ec2:us-east-1:132172135366:security-group/sg-0c8a7ac22ba2f4184",
      "type": "string"
    },
    "cluster_security_group_id": {
      "value": "sg-0c8a7ac22ba2f4184",
      "type": "string"
    },
    "cluster_status": {
      "value": "ACTIVE",
      "type": "string"
    },
    "cluster_tls_certificate_sha1_fingerprint": {
      "value": "9e99a48a9960b14926bb7f3b02e22da2b0ab7280",
      "type": "string"
    },
    "node_security_group_arn": {
      "value": "arn:aws:ec2:us-east-1:132172135366:security-group/sg-0007c02e5d627d200",
      "type": "string"
    },
    "node_security_group_id": {
      "value": "sg-0007c02e5d627d200",
      "type": "string"
    },
    "region": {
      "value": "us-east-1",
      "type": "string"
    }
  },
  "resources": [
    {
      "mode": "data",
      "type": "aws_availability_zones",
      "name": "available",
      "provider": "provider[\"registry.terraform.io/hashicorp/aws\"]",
      "instances": [
        {
          "schema_version": 0,
          "attributes": {
            "all_availability_zones": null,
            "exclude_names": null,
            "exclude_zone_ids": null,
            "filter": null,
            "group_names": [
              "us-east-1"
            ],
            "id": "us-east-1",
            "names": [
              "us-east-1a",
              "us-east-1b",
              "us-east-1c",
              "us-east-1d",
              "us-east-1e",
              "us-east-1f"
            ],
            "state": null,
            "timeouts": null,
            "zone_ids": [
              "use1-az2",
              "use1-az4",
              "use1-az6",
              "use1-az1",
              "use1-az3",
              "use1-az5"
            ]
          },
          "sensitive_attributes": []
        }
      ]
    },
    {
      "mode": "data",
      "type": "aws_caller_identity",
      "name": "current",
      "provider": "provider[\"registry.terraform.io/hashicorp/aws\"]",
      "instances": [
        {
          "schema_version": 0,
          "attributes": {
            "account_id": "132172135366",
            "arn": "arn:aws:iam::132172135366:user/k8suser",
            "id": "132172135366",
            "user_id": "AIDAR5RQSXPDLVB5NXR7O"
          },
          "sensitive_attributes": []
        }
      ]
    },
    {
      "mode": "data",
      "type": "terraform_remote_state",
      "name": "vpc",
      "provider": "provider[\"terraform.io/builtin/terraform\"]",
      "instances": [
        {
          "schema_version": 0,
          "attributes": {
            "backend": "local",
            "config": {
              "value": {
                "path": "../vpc/terraform.tfstate"
              },
              "type": [
                "object",
                {
                  "path": "string"
                }
              ]
            },
            "defaults": null,
            "outputs": {
              "value": {
                "azs": [
                  "us-east-1a",
                  "us-east-1b",
                  "us-east-1c"
                ],
                "intra_subnets": [
                  "subnet-07402b6e6bc512ef3",
                  "subnet-0bf0602211cf65b0d",
                  "subnet-092c30db2dccbc4ae"
                ],
                "private_subnets": [
                  "subnet-092a9cac8653f2f4a",
                  "subnet-0fbaab8cfaf04e47c",
                  "subnet-0e263249bf5bba309"
                ],
                "public_subnets": [
                  "subnet-075a89dfa6bd29c01",
                  "subnet-06cec1f3f9a606d8f",
                  "subnet-08cde06e53d5290ae"
                ],
                "vpc_id": "vpc-0ff720f1baded9052"
              },
              "type": [
                "object",
                {
                  "azs": [
                    "list",
                    "string"
                  ],
                  "intra_subnets": [
                    "tuple",
                    [
                      "string",
                      "string",
                      "string"
                    ]
                  ],
                  "private_subnets": [
                    "tuple",
                    [
                      "string",
                      "string",
                      "string"
                    ]
                  ],
                  "public_subnets": [
                    "tuple",
                    [
                      "string",
                      "string",
                      "string"
                    ]
                  ],
                  "vpc_id": "string"
                }
              ]
            },
            "workspace": null
          },
          "sensitive_attributes": []
        }
      ]
    },
    {
      "mode": "managed",
      "type": "aws_security_group",
      "name": "remote_access",
      "provider": "provider[\"registry.terraform.io/hashicorp/aws\"]",
      "instances": [
        {
          "schema_version": 1,
          "attributes": {
            "arn": "arn:aws:ec2:us-east-1:132172135366:security-group/sg-03dc5a1c3351f17f5",
            "description": "Allow remote SSH from anywhere",
            "egress": [
              {
                "cidr_blocks": [
                  "0.0.0.0/0"
                ],
                "description": "",
                "from_port": 0,
                "ipv6_cidr_blocks": [
                  "::/0"
                ],
                "prefix_list_ids": [],
                "protocol": "-1",
                "security_groups": [],
                "self": false,
                "to_port": 0
              }
            ],
            "id": "sg-03dc5a1c3351f17f5",
            "ingress": [
              {
                "cidr_blocks": [
                  "0.0.0.0/0"
                ],
                "description": "SSH access",
                "from_port": 22,
                "ipv6_cidr_blocks": [],
                "prefix_list_ids": [],
                "protocol": "tcp",
                "security_groups": [],
                "self": false,
                "to_port": 22
              }
            ],
            "name": "demo-cluster-remote-access20241111205641702500000005",
            "name_prefix": "demo-cluster-remote-access",
            "owner_id": "132172135366",
            "revoke_rules_on_delete": false,
            "tags": {
              "DevtedsOrg": "Devteds Courses",
              "DevtedsStack": "demo-cluster",
              "DevtedsStackName": "EKS",
              "Name": "demo-cluster-remote-ssh",
              "kubernetes.io/cluster/demo-cluster": "shared"
            },
            "tags_all": {
              "DevtedsOrg": "Devteds Courses",
              "DevtedsStack": "demo-cluster",
              "DevtedsStackName": "EKS",
              "Name": "demo-cluster-remote-ssh",
              "kubernetes.io/cluster/demo-cluster": "shared"
            },
            "timeouts": null,
            "vpc_id": "vpc-0ff720f1baded9052"
          },
          "sensitive_attributes": [],
          "private": "eyJlMmJmYjczMC1lY2FhLTExZTYtOGY4OC0zNDM2M2JjN2M0YzAiOnsiY3JlYXRlIjo2MDAwMDAwMDAwMDAsImRlbGV0ZSI6OTAwMDAwMDAwMDAwfSwic2NoZW1hX3ZlcnNpb24iOiIxIn0=",
          "dependencies": [
            "data.terraform_remote_state.vpc"
          ]
        }
      ]
    },
    {
      "module": "module.eks",
      "mode": "data",
      "type": "aws_caller_identity",
      "name": "current",
      "provider": "provider[\"registry.terraform.io/hashicorp/aws\"]",
      "instances": [
        {
          "schema_version": 0,
          "attributes": {
            "account_id": "132172135366",
            "arn": "arn:aws:iam::132172135366:user/k8suser",
            "id": "132172135366",
            "user_id": "AIDAR5RQSXPDLVB5NXR7O"
          },
          "sensitive_attributes": []
        }
      ]
    },
    {
      "module": "module.eks",
      "mode": "data",
      "type": "aws_iam_policy_document",
      "name": "assume_role_policy",
      "provider": "provider[\"registry.terraform.io/hashicorp/aws\"]",
      "instances": [
        {
          "index_key": 0,
          "schema_version": 0,
          "attributes": {
            "id": "2764486067",
            "json": "{\n  \"Version\": \"2012-10-17\",\n  \"Statement\": [\n    {\n      \"Sid\": \"EKSClusterAssumeRole\",\n      \"Effect\": \"Allow\",\n      \"Action\": \"sts:AssumeRole\",\n      \"Principal\": {\n        \"Service\": \"eks.amazonaws.com\"\n      }\n    }\n  ]\n}",
            "minified_json": "{\"Version\":\"2012-10-17\",\"Statement\":[{\"Sid\":\"EKSClusterAssumeRole\",\"Effect\":\"Allow\",\"Action\":\"sts:AssumeRole\",\"Principal\":{\"Service\":\"eks.amazonaws.com\"}}]}",
            "override_json": null,
            "override_policy_documents": null,
            "policy_id": null,
            "source_json": null,
            "source_policy_documents": null,
            "statement": [
              {
                "actions": [
                  "sts:AssumeRole"
                ],
                "condition": [],
                "effect": "Allow",
                "not_actions": [],
                "not_principals": [],
                "not_resources": [],
                "principals": [
                  {
                    "identifiers": [
                      "eks.amazonaws.com"
                    ],
                    "type": "Service"
                  }
                ],
                "resources": [],
                "sid": "EKSClusterAssumeRole"
              }
            ],
            "version": "2012-10-17"
          },
          "sensitive_attributes": []
        }
      ]
    },
    {
      "module": "module.eks",
      "mode": "data",
      "type": "aws_iam_session_context",
      "name": "current",
      "provider": "provider[\"registry.terraform.io/hashicorp/aws\"]",
      "instances": [
        {
          "schema_version": 0,
          "attributes": {
            "arn": "arn:aws:iam::132172135366:user/k8suser",
            "id": "arn:aws:iam::132172135366:user/k8suser",
            "issuer_arn": "arn:aws:iam::132172135366:user/k8suser",
            "issuer_id": "",
            "issuer_name": "",
            "session_name": ""
          },
          "sensitive_attributes": []
        }
      ]
    },
    {
      "module": "module.eks",
      "mode": "data",
      "type": "aws_partition",
      "name": "current",
      "provider": "provider[\"registry.terraform.io/hashicorp/aws\"]",
      "instances": [
        {
          "schema_version": 0,
          "attributes": {
            "dns_suffix": "amazonaws.com",
            "id": "aws",
            "partition": "aws",
            "reverse_dns_prefix": "com.amazonaws"
          },
          "sensitive_attributes": []
        }
      ]
    },
    {
      "module": "module.eks",
      "mode": "data",
      "type": "tls_certificate",
      "name": "this",
      "provider": "provider[\"registry.terraform.io/hashicorp/tls\"]",
      "instances": [
        {
          "index_key": 0,
          "schema_version": 0,
          "attributes": {
            "certificates": [
              {
                "cert_pem": "-----BEGIN CERTIFICATE-----\nMIIEdTCCA12gAwIBAgIJAKcOSkw0grd/MA0GCSqGSIb3DQEBCwUAMGgxCzAJBgNV\nBAYTAlVTMSUwIwYDVQQKExxTdGFyZmllbGQgVGVjaG5vbG9naWVzLCBJbmMuMTIw\nMAYDVQQLEylTdGFyZmllbGQgQ2xhc3MgMiBDZXJ0aWZpY2F0aW9uIEF1dGhvcml0\neTAeFw0wOTA5MDIwMDAwMDBaFw0zNDA2MjgxNzM5MTZaMIGYMQswCQYDVQQGEwJV\nUzEQMA4GA1UECBMHQXJpem9uYTETMBEGA1UEBxMKU2NvdHRzZGFsZTElMCMGA1UE\nChMcU3RhcmZpZWxkIFRlY2hub2xvZ2llcywgSW5jLjE7MDkGA1UEAxMyU3RhcmZp\nZWxkIFNlcnZpY2VzIFJvb3QgQ2VydGlmaWNhdGUgQXV0aG9yaXR5IC0gRzIwggEi\nMA0GCSqGSIb3DQEBAQUAA4IBDwAwggEKAoIBAQDVDDrEKvlO4vW+GZdfjohTsR8/\ny8+fIBNtKTrID30892t2OGPZNmCom15cAICyL1l/9of5JUOG52kbUpqQ4XHj2C0N\nTm/2yEnZtvMaVq4rtnQU68/7JuMauh2WLmo7WJSJR1b/JaCTcFOD2oR0FMNnngRo\nOt+OQFodSk7PQ5E751bWAHDLUu57fa4657wx+UX2wmDPE1kCK4DMNEffud6QZW0C\nzyyRpqbn3oUYSXxmTqM6bam17jQuug0DuDPfR+uxa40l2ZvOgdFFRjKWcIfeAg5J\nQ4W2bHO7ZOphQazJ1FTfhy/HIrImzJ9ZVGif/L4qL8RVHHVAYBeFAlU5i38FAgMB\nAAGjgfAwge0wDwYDVR0TAQH/BAUwAwEB/zAOBgNVHQ8BAf8EBAMCAYYwHQYDVR0O\nBBYEFJxfAN+qAdcwKziIorhtSpzyEZGDMB8GA1UdIwQYMBaAFL9ft9HO3R+G9FtV\nrNzXEMIOqYjnME8GCCsGAQUFBwEBBEMwQTAcBggrBgEFBQcwAYYQaHR0cDovL28u\nc3MyLnVzLzAhBggrBgEFBQcwAoYVaHR0cDovL3guc3MyLnVzL3guY2VyMCYGA1Ud\nHwQfMB0wG6AZoBeGFWh0dHA6Ly9zLnNzMi51cy9yLmNybDARBgNVHSAECjAIMAYG\nBFUdIAAwDQYJKoZIhvcNAQELBQADggEBACMd44pXyn3pF3lM8R5V/cxTbj5HD9/G\nVfKyBDbtgB9TxF00KGu+x1X8Z+rLP3+QsjPNG1gQggL4+C/1E2DUBc7xgQjB3ad1\nl08YuW3e95ORCLp+QCztweq7dp4zBncdDQh/U90bZKuCJ/Fp1U1ervShw3WnWEQt\n8jxwmKy6abaVd38PMV4s/KCHOkdp8Hlf9BRUpJVeEXgSYCfOn8J3/yNTd126/+pZ\n59vPr5KW7ySaNRB6nJHGDn2Z9j8Z3/VyVOEVqQdZe4O/Ui5GjLIAZHYcSNPYeehu\nVsyuLAOQ1xk4meTKCRlb/weWsKh/NEnfVqn3sF/tM+2MR7cwA130A4w=\n-----END CERTIFICATE-----\n",
                "is_ca": true,
                "issuer": "OU=Starfield Class 2 Certification Authority,O=Starfield Technologies\\, Inc.,C=US",
                "not_after": "2034-06-28T17:39:16Z",
                "not_before": "2009-09-02T00:00:00Z",
                "public_key_algorithm": "RSA",
                "serial_number": "12037640545166866303",
                "sha1_fingerprint": "9e99a48a9960b14926bb7f3b02e22da2b0ab7280",
                "signature_algorithm": "SHA256-RSA",
                "subject": "CN=Starfield Services Root Certificate Authority - G2,O=Starfield Technologies\\, Inc.,L=Scottsdale,ST=Arizona,C=US",
                "version": 3
              },
              {
                "cert_pem": "-----BEGIN CERTIFICATE-----\nMIIEkjCCA3qgAwIBAgITBn+USionzfP6wq4rAfkI7rnExjANBgkqhkiG9w0BAQsF\nADCBmDELMAkGA1UEBhMCVVMxEDAOBgNVBAgTB0FyaXpvbmExEzARBgNVBAcTClNj\nb3R0c2RhbGUxJTAjBgNVBAoTHFN0YXJmaWVsZCBUZWNobm9sb2dpZXMsIEluYy4x\nOzA5BgNVBAMTMlN0YXJmaWVsZCBTZXJ2aWNlcyBSb290IENlcnRpZmljYXRlIEF1\ndGhvcml0eSAtIEcyMB4XDTE1MDUyNTEyMDAwMFoXDTM3MTIzMTAxMDAwMFowOTEL\nMAkGA1UEBhMCVVMxDzANBgNVBAoTBkFtYXpvbjEZMBcGA1UEAxMQQW1hem9uIFJv\nb3QgQ0EgMTCCASIwDQYJKoZIhvcNAQEBBQADggEPADCCAQoCggEBALJ4gHHKeNXj\nca9HgFB0fW7Y14h29Jlo91ghYPl0hAEvrAIthtOgQ3pOsqTQNroBvo3bSMgHFzZM\n9O6II8c+6zf1tRn4SWiw3te5djgdYZ6k/oI2peVKVuRF4fn9tBb6dNqcmzU5L/qw\nIFAGbHrQgLKm+a/sRxmPUDgH3KKHOVj4utWp+UhnMJbulHheb4mjUcAwhmahRWa6\nVOujw5H5SNz/0egwLX0tdHA114gk957EWW67c4cX8jJGKLhD+rcdqsq08p8kDi1L\n93FcXmn/6pUCyziKrlA4b9v7LWIbxcceVOF34GfID5yHI9Y/QCB/IIDEgEw+OyQm\njgSubJrIqg0CAwEAAaOCATEwggEtMA8GA1UdEwEB/wQFMAMBAf8wDgYDVR0PAQH/\nBAQDAgGGMB0GA1UdDgQWBBSEGMyFNOy8DJSULghZnMeyEE4KCDAfBgNVHSMEGDAW\ngBScXwDfqgHXMCs4iKK4bUqc8hGRgzB4BggrBgEFBQcBAQRsMGowLgYIKwYBBQUH\nMAGGImh0dHA6Ly9vY3NwLnJvb3RnMi5hbWF6b250cnVzdC5jb20wOAYIKwYBBQUH\nMAKGLGh0dHA6Ly9jcnQucm9vdGcyLmFtYXpvbnRydXN0LmNvbS9yb290ZzIuY2Vy\nMD0GA1UdHwQ2MDQwMqAwoC6GLGh0dHA6Ly9jcmwucm9vdGcyLmFtYXpvbnRydXN0\nLmNvbS9yb290ZzIuY3JsMBEGA1UdIAQKMAgwBgYEVR0gADANBgkqhkiG9w0BAQsF\nAAOCAQEAYjdCXLwQtT6LLOkMm2xF4gcAevnFWAu5CIw+7bMlPLVvUOTNNWqnkzSW\nMiGpSESrnO09tKpzbeR/FoCJbM8oAxiDR3mjEH4wW6w7sGDgd9QIpuEdfF7Au/ma\neyKdpwAJfqxGF4PcnCZXmTA5YpaP7dreqsXMGz7KQ2hsVxa81Q4gLv7/wmpdLqBK\nbRRYh5TmOTFffHPLkIhqhBGWJ6bt2YFGpn6jcgAKUj6DiAdjd4lpFw85hdKrCEVN\n0FE6/V1dN2RMfjCyVSRCnTawXZwXgWHxyvkQAiSr6w10kY17RSlQOYiypok1JR4U\nakcjMS9cmvqtmg5iUaQqqcT5NJ0hGA==\n-----END CERTIFICATE-----\n",
                "is_ca": true,
                "issuer": "CN=Starfield Services Root Certificate Authority - G2,O=Starfield Technologies\\, Inc.,L=Scottsdale,ST=Arizona,C=US",
                "not_after": "2037-12-31T01:00:00Z",
                "not_before": "2015-05-25T12:00:00Z",
                "public_key_algorithm": "RSA",
                "serial_number": "144918191876577076464031512351042010504348870",
                "sha1_fingerprint": "06b25927c42a721631c1efd9431e648fa62e1e39",
                "signature_algorithm": "SHA256-RSA",
                "subject": "CN=Amazon Root CA 1,O=Amazon,C=US",
                "version": 3
              },
              {
                "cert_pem": "-----BEGIN CERTIFICATE-----\nMIIEXjCCA0agAwIBAgITB3MSSkvL1E7HtTvq8ZSELToPoTANBgkqhkiG9w0BAQsF\nADA5MQswCQYDVQQGEwJVUzEPMA0GA1UEChMGQW1hem9uMRkwFwYDVQQDExBBbWF6\nb24gUm9vdCBDQSAxMB4XDTIyMDgyMzIyMjUzMFoXDTMwMDgyMzIyMjUzMFowPDEL\nMAkGA1UEBhMCVVMxDzANBgNVBAoTBkFtYXpvbjEcMBoGA1UEAxMTQW1hem9uIFJT\nQSAyMDQ4IE0wMjCCASIwDQYJKoZIhvcNAQEBBQADggEPADCCAQoCggEBALtDGMZa\nqHneKei1by6+pUPPLljTB143Si6VpEWPc6mSkFhZb/6qrkZyoHlQLbDYnI2D7hD0\nsdzEqfnuAjIsuXQLG3A8TvX6V3oFNBFVe8NlLJHvBseKY88saLwufxkZVwk74g4n\nWlNMXzla9Y5F3wwRHwMVH443xGz6UtGSZSqQ94eFx5X7Tlqt8whi8qCaKdZ5rNak\n+r9nUThOeClqFd4oXych//Rc7Y0eX1KNWHYSI1Nk31mYgiK3JvH063g+K9tHA63Z\neTgKgndlh+WI+zv7i44HepRZjA1FYwYZ9Vv/9UkC5Yz8/yU65fgjaE+wVHM4e/Yy\nC2osrPWE7gJ+dXMCAwEAAaOCAVowggFWMBIGA1UdEwEB/wQIMAYBAf8CAQAwDgYD\nVR0PAQH/BAQDAgGGMB0GA1UdJQQWMBQGCCsGAQUFBwMBBggrBgEFBQcDAjAdBgNV\nHQ4EFgQUwDFSzVpQw4J8dHHOy+mc+XrrguIwHwYDVR0jBBgwFoAUhBjMhTTsvAyU\nlC4IWZzHshBOCggwewYIKwYBBQUHAQEEbzBtMC8GCCsGAQUFBzABhiNodHRwOi8v\nb2NzcC5yb290Y2ExLmFtYXpvbnRydXN0LmNvbTA6BggrBgEFBQcwAoYuaHR0cDov\nL2NydC5yb290Y2ExLmFtYXpvbnRydXN0LmNvbS9yb290Y2ExLmNlcjA/BgNVHR8E\nODA2MDSgMqAwhi5odHRwOi8vY3JsLnJvb3RjYTEuYW1hem9udHJ1c3QuY29tL3Jv\nb3RjYTEuY3JsMBMGA1UdIAQMMAowCAYGZ4EMAQIBMA0GCSqGSIb3DQEBCwUAA4IB\nAQAtTi6Fs0Azfi+iwm7jrz+CSxHH+uHl7Law3MQSXVtR8RV53PtR6r/6gNpqlzdo\nZq4FKbADi1v9Bun8RY8D51uedRfjsbeodizeBB8nXmeyD33Ep7VATj4ozcd31YFV\nfgRhvTSxNrrTlNpWkUk0m3BMPv8sg381HhA6uEYokE5q9uws/3YkKqRiEz3TsaWm\nJqIRZhMbgAfp7O7FUwFIb7UIspogZSKxPIWJpxiPo3TcBambbVtQOcNRWz5qCQdD\nslI2yayq0n2TXoHyNCLEH8rpsJRVILFsg0jc7BaFrMnF462+ajSehgj12IidNeRN\n4zl+EoNaWdpnWndvSpAEkq2P\n-----END CERTIFICATE-----\n",
                "is_ca": true,
                "issuer": "CN=Amazon Root CA 1,O=Amazon,C=US",
                "not_after": "2030-08-23T22:25:30Z",
                "not_before": "2022-08-23T22:25:30Z",
                "public_key_algorithm": "RSA",
                "serial_number": "166129353110899469622597955040406457904926625",
                "sha1_fingerprint": "414a2060b738c635cc7fc243e052615592830c53",
                "signature_algorithm": "SHA256-RSA",
                "subject": "CN=Amazon RSA 2048 M02,O=Amazon,C=US",
                "version": 3
              },
              {
                "cert_pem": "-----BEGIN CERTIFICATE-----\nMIIF5TCCBM2gAwIBAgIQCJL9XGbawpZ6IsGGvDqdyDANBgkqhkiG9w0BAQsFADA8\nMQswCQYDVQQGEwJVUzEPMA0GA1UEChMGQW1hem9uMRwwGgYDVQQDExNBbWF6b24g\nUlNBIDIwNDggTTAyMB4XDTI0MDMyODAwMDAwMFoXDTI1MDQyNjIzNTk1OVowKDEm\nMCQGA1UEAwwdKi5la3MudXMtZWFzdC0xLmFtYXpvbmF3cy5jb20wggEiMA0GCSqG\nSIb3DQEBAQUAA4IBDwAwggEKAoIBAQC4iVpgxjgOmMKdC2tYTHa9yzuuLdYCjpC6\nxN1VgI71uTiSxUGf6R3N/Rdk5vjz2COu3fsVgMh6cCpqrPlxU/5uP0/DFfQGdVxB\nbZ4vYRC9jIbgyKmwqOEJMD/9B3iGHz3KpBpnXDcuulqWsCtuuqxjnMLL4h1UdOeA\nPNwhOyQxKMHl+LfrCZeCuehKch+XM/8lhdKgYyLp8o1Nm7IsNG1aN6iNoZ6rxEyU\nVw6fV+pZDaIrxkYf7unQrAfUWR122pXGzWRtv5VGZLjrci8ev4ZpgGViIzb2LOqT\nFm8gde6aURlAm4uMDFzmZ/iOqEV+52vO9Z0E6Yo5M3dJZqQo7uUpAgMBAAGjggL1\nMIIC8TAfBgNVHSMEGDAWgBTAMVLNWlDDgnx0cc7L6Zz5euuC4jAdBgNVHQ4EFgQU\nhG1ZDKa76htLZVXP+E3P3GnYHjEwKAYDVR0RBCEwH4IdKi5la3MudXMtZWFzdC0x\nLmFtYXpvbmF3cy5jb20wEwYDVR0gBAwwCjAIBgZngQwBAgEwDgYDVR0PAQH/BAQD\nAgWgMB0GA1UdJQQWMBQGCCsGAQUFBwMBBggrBgEFBQcDAjA7BgNVHR8ENDAyMDCg\nLqAshipodHRwOi8vY3JsLnIybTAyLmFtYXpvbnRydXN0LmNvbS9yMm0wMi5jcmww\ndQYIKwYBBQUHAQEEaTBnMC0GCCsGAQUFBzABhiFodHRwOi8vb2NzcC5yMm0wMi5h\nbWF6b250cnVzdC5jb20wNgYIKwYBBQUHMAKGKmh0dHA6Ly9jcnQucjJtMDIuYW1h\nem9udHJ1c3QuY29tL3IybTAyLmNlcjAMBgNVHRMBAf8EAjAAMIIBfQYKKwYBBAHW\neQIEAgSCAW0EggFpAWcAdgDPEVbu1S58r/OHW9lpLpvpGnFnSrAX7KwB0lt3zsw7\nCAAAAY6HAoTcAAAEAwBHMEUCIHI392+k5Ds777nM4CwNr+xjjCr49CQ/vHIJDZJX\nokM7AiEA++VPDyyMLijPy0GR8ZBIvAcrYbjfJXTF3GkizeJLVJIAdgB9WR4S4Xgq\nexxhZ3xe/fjQh1wUoE6VnrkDL9kOjC55uAAAAY6HAoTeAAAEAwBHMEUCICBkhMaf\n9gdR3bCbLxXFbHNEXUh7t3P/SxaUKDcE6UmIAiEA25zZ9aBt/mrhDcMc155V8qnw\nadTEqttLdP4XMEmMsPAAdQDm0jFjQHeMwRBBBtdxuc7B0kD2loSG+7qHMh39HjeO\nUAAAAY6HAoTxAAAEAwBGMEQCIFFF4kpqcNgHFzRi2cnL4HbNApZlnlc+Re9IyYXi\nCldqAiBkZUgs12iu2uWGU97VUAICt2+zZkhjUV3i+O3kYh1yrTANBgkqhkiG9w0B\nAQsFAAOCAQEAWY5OxR7rWtYFS09xAYYIHlBF7wdUxQH60zi/IqAHZIRCFI1xHdsJ\n0BUv30lLyiGtVr4DheBo81/IErBRpXmSkdoDJA+5d/Jz3EFtbrVogjESALAgBfSG\nuJX0QLshjyTl9O2r00qkxIhbKmSPSl9JQVxqt2jTaB6pD3SjWX6U+l397Ns1L6pI\nb1418oVo7LeHwEeEx6APMIyjzlfcXdCHA6lVKeiNF8SH+QW+h6ZOpGXJIU6llBjg\nWAhscqrGRj1APpuKWGVkVCweAjIOcEuWV8Fqmfp1h9jmeUkG6SoBifrl41PvhK0o\nqQ3LlAF6Op6n7JLa2rlXkf6LienZDVlSuQ==\n-----END CERTIFICATE-----\n",
                "is_ca": false,
                "issuer": "CN=Amazon RSA 2048 M02,O=Amazon,C=US",
                "not_after": "2025-04-26T23:59:59Z",
                "not_before": "2024-03-28T00:00:00Z",
                "public_key_algorithm": "RSA",
                "serial_number": "11397038078078022747295509550808604104",
                "sha1_fingerprint": "9451ad2b53c7f41fab22886cc07d482085336561",
                "signature_algorithm": "SHA256-RSA",
                "subject": "CN=*.eks.us-east-1.amazonaws.com",
                "version": 3
              }
            ],
            "content": null,
            "id": "99d41e43229a4cdaf4141f3e8310e6d95c31dab9",
            "url": "https://oidc.eks.us-east-1.amazonaws.com/id/D12FF49E26A637FA0C5F500F14A27F5A",
            "verify_chain": true
          },
          "sensitive_attributes": []
        }
      ]
    },
    {
      "module": "module.eks",
      "mode": "managed",
      "type": "aws_cloudwatch_log_group",
      "name": "this",
      "provider": "provider[\"registry.terraform.io/hashicorp/aws\"]",
      "instances": [
        {
          "index_key": 0,
          "schema_version": 0,
          "attributes": {
            "arn": "arn:aws:logs:us-east-1:132172135366:log-group:/aws/eks/demo-cluster/cluster",
            "id": "/aws/eks/demo-cluster/cluster",
            "kms_key_id": "",
            "log_group_class": "STANDARD",
            "name": "/aws/eks/demo-cluster/cluster",
            "name_prefix": "",
            "retention_in_days": 90,
            "skip_destroy": false,
            "tags": {
              "DevtedsOrg": "Devteds Courses",
              "DevtedsStack": "demo-cluster",
              "DevtedsStackName": "EKS",
              "Name": "/aws/eks/demo-cluster/cluster",
              "kubernetes.io/cluster/demo-cluster": "shared"
            },
            "tags_all": {
              "DevtedsOrg": "Devteds Courses",
              "DevtedsStack": "demo-cluster",
              "DevtedsStackName": "EKS",
              "Name": "/aws/eks/demo-cluster/cluster",
              "kubernetes.io/cluster/demo-cluster": "shared"
            }
          },
          "sensitive_attributes": [],
          "private": "bnVsbA==",
          "create_before_destroy": true
        }
      ]
    },
    {
      "module": "module.eks",
      "mode": "managed",
      "type": "aws_ec2_tag",
      "name": "cluster_primary_security_group",
      "provider": "provider[\"registry.terraform.io/hashicorp/aws\"]",
      "instances": [
        {
          "index_key": "DevtedsOrg",
          "schema_version": 0,
          "attributes": {
            "id": "sg-09b9ee92e29f48563,DevtedsOrg",
            "key": "DevtedsOrg",
            "resource_id": "sg-09b9ee92e29f48563",
            "value": "Devteds Courses"
          },
          "sensitive_attributes": [],
          "private": "bnVsbA==",
          "dependencies": [
            "data.terraform_remote_state.vpc",
            "module.eks.aws_cloudwatch_log_group.this",
            "module.eks.aws_eks_cluster.this",
            "module.eks.aws_iam_policy.cni_ipv6_policy",
            "module.eks.aws_iam_role.this",
            "module.eks.aws_iam_role_policy_attachment.this",
            "module.eks.aws_security_group.cluster",
            "module.eks.aws_security_group.node",
            "module.eks.aws_security_group_rule.cluster",
            "module.eks.aws_security_group_rule.node",
            "module.eks.data.aws_caller_identity.current",
            "module.eks.data.aws_iam_policy_document.assume_role_policy",
            "module.eks.data.aws_iam_policy_document.cni_ipv6_policy",
            "module.eks.data.aws_iam_session_context.current",
            "module.eks.data.aws_partition.current",
            "module.eks.module.kms.aws_kms_external_key.this",
            "module.eks.module.kms.aws_kms_key.this",
            "module.eks.module.kms.aws_kms_replica_external_key.this",
            "module.eks.module.kms.aws_kms_replica_key.this",
            "module.eks.module.kms.data.aws_caller_identity.current",
            "module.eks.module.kms.data.aws_iam_policy_document.this",
            "module.eks.module.kms.data.aws_partition.current"
          ]
        },
        {
          "index_key": "DevtedsStack",
          "schema_version": 0,
          "attributes": {
            "id": "sg-09b9ee92e29f48563,DevtedsStack",
            "key": "DevtedsStack",
            "resource_id": "sg-09b9ee92e29f48563",
            "value": "demo-cluster"
          },
          "sensitive_attributes": [],
          "private": "bnVsbA==",
          "dependencies": [
            "data.terraform_remote_state.vpc",
            "module.eks.aws_cloudwatch_log_group.this",
            "module.eks.aws_eks_cluster.this",
            "module.eks.aws_iam_policy.cni_ipv6_policy",
            "module.eks.aws_iam_role.this",
            "module.eks.aws_iam_role_policy_attachment.this",
            "module.eks.aws_security_group.cluster",
            "module.eks.aws_security_group.node",
            "module.eks.aws_security_group_rule.cluster",
            "module.eks.aws_security_group_rule.node",
            "module.eks.data.aws_caller_identity.current",
            "module.eks.data.aws_iam_policy_document.assume_role_policy",
            "module.eks.data.aws_iam_policy_document.cni_ipv6_policy",
            "module.eks.data.aws_iam_session_context.current",
            "module.eks.data.aws_partition.current",
            "module.eks.module.kms.aws_kms_external_key.this",
            "module.eks.module.kms.aws_kms_key.this",
            "module.eks.module.kms.aws_kms_replica_external_key.this",
            "module.eks.module.kms.aws_kms_replica_key.this",
            "module.eks.module.kms.data.aws_caller_identity.current",
            "module.eks.module.kms.data.aws_iam_policy_document.this",
            "module.eks.module.kms.data.aws_partition.current"
          ]
        },
        {
          "index_key": "DevtedsStackName",
          "schema_version": 0,
          "attributes": {
            "id": "sg-09b9ee92e29f48563,DevtedsStackName",
            "key": "DevtedsStackName",
            "resource_id": "sg-09b9ee92e29f48563",
            "value": "EKS"
          },
          "sensitive_attributes": [],
          "private": "bnVsbA==",
          "dependencies": [
            "data.terraform_remote_state.vpc",
            "module.eks.aws_cloudwatch_log_group.this",
            "module.eks.aws_eks_cluster.this",
            "module.eks.aws_iam_policy.cni_ipv6_policy",
            "module.eks.aws_iam_role.this",
            "module.eks.aws_iam_role_policy_attachment.this",
            "module.eks.aws_security_group.cluster",
            "module.eks.aws_security_group.node",
            "module.eks.aws_security_group_rule.cluster",
            "module.eks.aws_security_group_rule.node",
            "module.eks.data.aws_caller_identity.current",
            "module.eks.data.aws_iam_policy_document.assume_role_policy",
            "module.eks.data.aws_iam_policy_document.cni_ipv6_policy",
            "module.eks.data.aws_iam_session_context.current",
            "module.eks.data.aws_partition.current",
            "module.eks.module.kms.aws_kms_external_key.this",
            "module.eks.module.kms.aws_kms_key.this",
            "module.eks.module.kms.aws_kms_replica_external_key.this",
            "module.eks.module.kms.aws_kms_replica_key.this",
            "module.eks.module.kms.data.aws_caller_identity.current",
            "module.eks.module.kms.data.aws_iam_policy_document.this",
            "module.eks.module.kms.data.aws_partition.current"
          ]
        },
        {
          "index_key": "kubernetes.io/cluster/demo-cluster",
          "schema_version": 0,
          "attributes": {
            "id": "sg-09b9ee92e29f48563,kubernetes.io/cluster/demo-cluster",
            "key": "kubernetes.io/cluster/demo-cluster",
            "resource_id": "sg-09b9ee92e29f48563",
            "value": "shared"
          },
          "sensitive_attributes": [],
          "private": "bnVsbA==",
          "dependencies": [
            "data.terraform_remote_state.vpc",
            "module.eks.aws_cloudwatch_log_group.this",
            "module.eks.aws_eks_cluster.this",
            "module.eks.aws_iam_policy.cni_ipv6_policy",
            "module.eks.aws_iam_role.this",
            "module.eks.aws_iam_role_policy_attachment.this",
            "module.eks.aws_security_group.cluster",
            "module.eks.aws_security_group.node",
            "module.eks.aws_security_group_rule.cluster",
            "module.eks.aws_security_group_rule.node",
            "module.eks.data.aws_caller_identity.current",
            "module.eks.data.aws_iam_policy_document.assume_role_policy",
            "module.eks.data.aws_iam_policy_document.cni_ipv6_policy",
            "module.eks.data.aws_iam_session_context.current",
            "module.eks.data.aws_partition.current",
            "module.eks.module.kms.aws_kms_external_key.this",
            "module.eks.module.kms.aws_kms_key.this",
            "module.eks.module.kms.aws_kms_replica_external_key.this",
            "module.eks.module.kms.aws_kms_replica_key.this",
            "module.eks.module.kms.data.aws_caller_identity.current",
            "module.eks.module.kms.data.aws_iam_policy_document.this",
            "module.eks.module.kms.data.aws_partition.current"
          ]
        }
      ]
    },
    {
      "module": "module.eks",
      "mode": "managed",
      "type": "aws_eks_access_entry",
      "name": "this",
      "provider": "provider[\"registry.terraform.io/hashicorp/aws\"]",
      "instances": [
        {
          "index_key": "cluster_creator",
          "schema_version": 0,
          "attributes": {
            "access_entry_arn": "arn:aws:eks:us-east-1:132172135366:access-entry/demo-cluster/user/132172135366/k8suser/c6c98e87-0e94-c955-19b5-f04ca540e38c",
            "cluster_name": "demo-cluster",
            "created_at": "2024-11-11T21:08:04Z",
            "id": "demo-cluster:arn:aws:iam::132172135366:user/k8suser",
            "kubernetes_groups": [],
            "modified_at": "2024-11-11T21:08:04Z",
            "principal_arn": "arn:aws:iam::132172135366:user/k8suser",
            "tags": {
              "DevtedsOrg": "Devteds Courses",
              "DevtedsStack": "demo-cluster",
              "DevtedsStackName": "EKS",
              "kubernetes.io/cluster/demo-cluster": "shared"
            },
            "tags_all": {
              "DevtedsOrg": "Devteds Courses",
              "DevtedsStack": "demo-cluster",
              "DevtedsStackName": "EKS",
              "kubernetes.io/cluster/demo-cluster": "shared"
            },
            "timeouts": null,
            "type": "STANDARD",
            "user_name": "arn:aws:iam::132172135366:user/k8suser"
          },
          "sensitive_attributes": [],
          "private": "eyJlMmJmYjczMC1lY2FhLTExZTYtOGY4OC0zNDM2M2JjN2M0YzAiOnsiY3JlYXRlIjo2MDAwMDAwMDAwMDAsImRlbGV0ZSI6NjAwMDAwMDAwMDAwfX0=",
          "dependencies": [
            "data.terraform_remote_state.vpc",
            "module.eks.aws_cloudwatch_log_group.this",
            "module.eks.aws_eks_cluster.this",
            "module.eks.aws_iam_policy.cni_ipv6_policy",
            "module.eks.aws_iam_role.this",
            "module.eks.aws_iam_role_policy_attachment.this",
            "module.eks.aws_security_group.cluster",
            "module.eks.aws_security_group.node",
            "module.eks.aws_security_group_rule.cluster",
            "module.eks.aws_security_group_rule.node",
            "module.eks.data.aws_caller_identity.current",
            "module.eks.data.aws_iam_policy_document.assume_role_policy",
            "module.eks.data.aws_iam_policy_document.cni_ipv6_policy",
            "module.eks.data.aws_iam_session_context.current",
            "module.eks.data.aws_partition.current",
            "module.eks.module.kms.aws_kms_external_key.this",
            "module.eks.module.kms.aws_kms_key.this",
            "module.eks.module.kms.aws_kms_replica_external_key.this",
            "module.eks.module.kms.aws_kms_replica_key.this",
            "module.eks.module.kms.data.aws_caller_identity.current",
            "module.eks.module.kms.data.aws_iam_policy_document.this",
            "module.eks.module.kms.data.aws_partition.current"
          ]
        }
      ]
    },
    {
      "module": "module.eks",
      "mode": "managed",
      "type": "aws_eks_access_policy_association",
      "name": "this",
      "provider": "provider[\"registry.terraform.io/hashicorp/aws\"]",
      "instances": [
        {
          "index_key": "cluster_creator_admin",
          "schema_version": 0,
          "attributes": {
            "access_scope": [
              {
                "namespaces": null,
                "type": "cluster"
              }
            ],
            "associated_at": "2024-11-11 21:08:05.479 +0000 UTC",
            "cluster_name": "demo-cluster",
            "id": "demo-cluster#arn:aws:iam::132172135366:user/k8suser#arn:aws:eks::aws:cluster-access-policy/AmazonEKSClusterAdminPolicy",
            "modified_at": "2024-11-11 21:08:05.479 +0000 UTC",
            "policy_arn": "arn:aws:eks::aws:cluster-access-policy/AmazonEKSClusterAdminPolicy",
            "principal_arn": "arn:aws:iam::132172135366:user/k8suser",
            "timeouts": null
          },
          "sensitive_attributes": [],
          "private": "eyJlMmJmYjczMC1lY2FhLTExZTYtOGY4OC0zNDM2M2JjN2M0YzAiOnsiY3JlYXRlIjo2MDAwMDAwMDAwMDAsImRlbGV0ZSI6NjAwMDAwMDAwMDAwfX0=",
          "dependencies": [
            "data.terraform_remote_state.vpc",
            "module.eks.aws_cloudwatch_log_group.this",
            "module.eks.aws_eks_access_entry.this",
            "module.eks.aws_eks_cluster.this",
            "module.eks.aws_iam_policy.cni_ipv6_policy",
            "module.eks.aws_iam_role.this",
            "module.eks.aws_iam_role_policy_attachment.this",
            "module.eks.aws_security_group.cluster",
            "module.eks.aws_security_group.node",
            "module.eks.aws_security_group_rule.cluster",
            "module.eks.aws_security_group_rule.node",
            "module.eks.data.aws_caller_identity.current",
            "module.eks.data.aws_iam_policy_document.assume_role_policy",
            "module.eks.data.aws_iam_policy_document.cni_ipv6_policy",
            "module.eks.data.aws_iam_session_context.current",
            "module.eks.data.aws_partition.current",
            "module.eks.module.kms.aws_kms_external_key.this",
            "module.eks.module.kms.aws_kms_key.this",
            "module.eks.module.kms.aws_kms_replica_external_key.this",
            "module.eks.module.kms.aws_kms_replica_key.this",
            "module.eks.module.kms.data.aws_caller_identity.current",
            "module.eks.module.kms.data.aws_iam_policy_document.this",
            "module.eks.module.kms.data.aws_partition.current"
          ]
        }
      ]
    },
    {
      "module": "module.eks",
      "mode": "managed",
      "type": "aws_eks_cluster",
      "name": "this",
      "provider": "provider[\"registry.terraform.io/hashicorp/aws\"]",
      "instances": [
        {
          "index_key": 0,
          "schema_version": 1,
          "attributes": {
            "access_config": [
              {
                "authentication_mode": "API_AND_CONFIG_MAP",
                "bootstrap_cluster_creator_admin_permissions": false
              }
            ],
            "arn": "arn:aws:eks:us-east-1:132172135366:cluster/demo-cluster",
            "bootstrap_self_managed_addons": true,
            "certificate_authority": [
              {
                "data": "LS0tLS1CRUdJTiBDRVJUSUZJQ0FURS0tLS0tCk1JSURCVENDQWUyZ0F3SUJBZ0lJWlp2Z3V3NGJIQ2t3RFFZSktvWklodmNOQVFFTEJRQXdGVEVUTUJFR0ExVUUKQXhNS2EzVmlaWEp1WlhSbGN6QWVGdzB5TkRFeE1URXlNRFUzTVRaYUZ3MHpOREV4TURreU1UQXlNVFphTUJVeApFekFSQmdOVkJBTVRDbXQxWW1WeWJtVjBaWE13Z2dFaU1BMEdDU3FHU0liM0RRRUJBUVVBQTRJQkR3QXdnZ0VLCkFvSUJBUURTMktSSlRNT2JTWjFSUWtwMjRYdFlORGtlYUxvKzhTd2dyM2p6bWYyZWtDZm9razY2NGRmdnUveGMKMTlYRDRTalRXZ090VlMySW92bExsajMzcm1UbUxzZzJ3ZHNyby84UXlFTGpLQlltcC8vZEQwNjk0ZU9Rb2hFRApPMCtaM3JWcUpJcTlpSXJWQUtTUTM3dGlUbFYyVE9zRXd1cDNyYk1vQ1pZN29ESTB6S3lPOWpYd1ZpYVQwSFFwCnVlWm5HakVRMnprL3RQM3hZMlQyQ1VlL05iQkM2anlXWFBxWVVLeCtzQVlqaERRL25Nd09qNzhIRnFrakhzbzQKc0pyQ3hXK3pCckwxcFJlK2QrVlpLblNCV2dGbDBzNS91aHdlV0ovN2cwc1VEcExETVVNRW9ubTBIazVxTkFQaQpIMVVRM0ptcGhDemFEaWN2d0VYTmJlbGZ6b2xWQWdNQkFBR2pXVEJYTUE0R0ExVWREd0VCL3dRRUF3SUNwREFQCkJnTlZIUk1CQWY4RUJUQURBUUgvTUIwR0ExVWREZ1FXQkJSc2dIdW54bWFndkJtSjNqWnllMVc0dVlkNndEQVYKQmdOVkhSRUVEakFNZ2dwcmRXSmxjbTVsZEdWek1BMEdDU3FHU0liM0RRRUJDd1VBQTRJQkFRQ0VFWENVSCtvTQpOdU9Uc1ZaNmJTOGNnZWtMSzV4U251TkxaZkh5bWduc2pzZmpvdkFYWXRHQlk2NlpXZW83NVFDSjBFbHZSZDR3ClJEWWxuOExYTExMeC9QZkp6SklXd0gyM2JrMnZKZ3lXRnB4dWZIVEhQSXppelNOOUlyY2t0aDJiMC9zL1dCTFcKN0dobjc5Um1YSnRQbVI3NmtIV083b2VFeEJCU1p4UVpveXFHWTQrVkRudWdwUmovR0pPUmcwdnMwc2RUWHRaOQppYmM2VXNlZG9rL2JTQUJJczk5Z0RXd3UydVRKNW13bGN3WFlMUWJaWmczR2pQeE5HZC85RlpXSUtNaklBUUxDClhFanVYdDJvTGV5SFdSM3BIRndJdGNxMmRLajBHMWNNUG1vb2hCTFpUMzZGUVBXL29VNkJ4QS9Kb0J0TVNmU0wKd3VNRFFYNjhIdDF4Ci0tLS0tRU5EIENFUlRJRklDQVRFLS0tLS0K"
              }
            ],
            "cluster_id": null,
            "created_at": "2024-11-11T20:56:50Z",
            "enabled_cluster_log_types": [
              "api",
              "audit",
              "authenticator"
            ],
            "encryption_config": [],
            "endpoint": "https://D12FF49E26A637FA0C5F500F14A27F5A.gr7.us-east-1.eks.amazonaws.com",
            "id": "demo-cluster",
            "identity": [
              {
                "oidc": [
                  {
                    "issuer": "https://oidc.eks.us-east-1.amazonaws.com/id/D12FF49E26A637FA0C5F500F14A27F5A"
                  }
                ]
              }
            ],
            "kubernetes_network_config": [
              {
                "ip_family": "ipv4",
                "service_ipv4_cidr": "172.20.0.0/16",
                "service_ipv6_cidr": ""
              }
            ],
            "name": "demo-cluster",
            "outpost_config": [],
            "platform_version": "eks.21",
            "role_arn": "arn:aws:iam::132172135366:role/demo-cluster-cluster-20241111205641699600000004",
            "status": "ACTIVE",
            "tags": {
              "DevtedsOrg": "Devteds Courses",
              "DevtedsStack": "demo-cluster",
              "DevtedsStackName": "EKS",
              "kubernetes.io/cluster/demo-cluster": "shared",
              "terraform-aws-modules": "eks"
            },
            "tags_all": {
              "DevtedsOrg": "Devteds Courses",
              "DevtedsStack": "demo-cluster",
              "DevtedsStackName": "EKS",
              "kubernetes.io/cluster/demo-cluster": "shared",
              "terraform-aws-modules": "eks"
            },
            "timeouts": {
              "create": null,
              "delete": null,
              "update": null
            },
            "upgrade_policy": [
              {
                "support_type": "EXTENDED"
              }
            ],
            "version": "1.29",
            "vpc_config": [
              {
                "cluster_security_group_id": "sg-09b9ee92e29f48563",
                "endpoint_private_access": true,
                "endpoint_public_access": true,
                "public_access_cidrs": [
                  "0.0.0.0/0"
                ],
                "security_group_ids": [
                  "sg-0c8a7ac22ba2f4184"
                ],
                "subnet_ids": [
                  "subnet-07402b6e6bc512ef3",
                  "subnet-092c30db2dccbc4ae",
                  "subnet-0bf0602211cf65b0d"
                ],
                "vpc_id": "vpc-0ff720f1baded9052"
              }
            ]
          },
          "sensitive_attributes": [],
          "private": "eyJlMmJmYjczMC1lY2FhLTExZTYtOGY4OC0zNDM2M2JjN2M0YzAiOnsiY3JlYXRlIjoxODAwMDAwMDAwMDAwLCJkZWxldGUiOjkwMDAwMDAwMDAwMCwidXBkYXRlIjozNjAwMDAwMDAwMDAwfSwic2NoZW1hX3ZlcnNpb24iOiIxIn0=",
          "dependencies": [
            "data.terraform_remote_state.vpc",
            "module.eks.aws_cloudwatch_log_group.this",
            "module.eks.aws_iam_policy.cni_ipv6_policy",
            "module.eks.aws_iam_role.this",
            "module.eks.aws_iam_role_policy_attachment.this",
            "module.eks.aws_security_group.cluster",
            "module.eks.aws_security_group.node",
            "module.eks.aws_security_group_rule.cluster",
            "module.eks.aws_security_group_rule.node",
            "module.eks.data.aws_caller_identity.current",
            "module.eks.data.aws_iam_policy_document.assume_role_policy",
            "module.eks.data.aws_iam_policy_document.cni_ipv6_policy",
            "module.eks.data.aws_iam_session_context.current",
            "module.eks.data.aws_partition.current",
            "module.eks.module.kms.aws_kms_external_key.this",
            "module.eks.module.kms.aws_kms_key.this",
            "module.eks.module.kms.aws_kms_replica_external_key.this",
            "module.eks.module.kms.aws_kms_replica_key.this",
            "module.eks.module.kms.data.aws_caller_identity.current",
            "module.eks.module.kms.data.aws_iam_policy_document.this",
            "module.eks.module.kms.data.aws_partition.current"
          ],
          "create_before_destroy": true
        }
      ]
    },
    {
      "module": "module.eks",
      "mode": "managed",
      "type": "aws_iam_openid_connect_provider",
      "name": "oidc_provider",
      "provider": "provider[\"registry.terraform.io/hashicorp/aws\"]",
      "instances": [
        {
          "index_key": 0,
          "schema_version": 0,
          "attributes": {
            "arn": "arn:aws:iam::132172135366:oidc-provider/oidc.eks.us-east-1.amazonaws.com/id/D12FF49E26A637FA0C5F500F14A27F5A",
            "client_id_list": [
              "sts.amazonaws.com"
            ],
            "id": "arn:aws:iam::132172135366:oidc-provider/oidc.eks.us-east-1.amazonaws.com/id/D12FF49E26A637FA0C5F500F14A27F5A",
            "tags": {
              "DevtedsOrg": "Devteds Courses",
              "DevtedsStack": "demo-cluster",
              "DevtedsStackName": "EKS",
              "Name": "demo-cluster-eks-irsa",
              "kubernetes.io/cluster/demo-cluster": "shared"
            },
            "tags_all": {
              "DevtedsOrg": "Devteds Courses",
              "DevtedsStack": "demo-cluster",
              "DevtedsStackName": "EKS",
              "Name": "demo-cluster-eks-irsa",
              "kubernetes.io/cluster/demo-cluster": "shared"
            },
            "thumbprint_list": [
              "9e99a48a9960b14926bb7f3b02e22da2b0ab7280"
            ],
            "url": "oidc.eks.us-east-1.amazonaws.com/id/D12FF49E26A637FA0C5F500F14A27F5A"
          },
          "sensitive_attributes": [],
          "private": "bnVsbA==",
          "dependencies": [
            "data.terraform_remote_state.vpc",
            "module.eks.aws_cloudwatch_log_group.this",
            "module.eks.aws_eks_cluster.this",
            "module.eks.aws_iam_policy.cni_ipv6_policy",
            "module.eks.aws_iam_role.this",
            "module.eks.aws_iam_role_policy_attachment.this",
            "module.eks.aws_security_group.cluster",
            "module.eks.aws_security_group.node",
            "module.eks.aws_security_group_rule.cluster",
            "module.eks.aws_security_group_rule.node",
            "module.eks.data.aws_caller_identity.current",
            "module.eks.data.aws_iam_policy_document.assume_role_policy",
            "module.eks.data.aws_iam_policy_document.cni_ipv6_policy",
            "module.eks.data.aws_iam_session_context.current",
            "module.eks.data.aws_partition.current",
            "module.eks.data.tls_certificate.this",
            "module.eks.module.kms.aws_kms_external_key.this",
            "module.eks.module.kms.aws_kms_key.this",
            "module.eks.module.kms.aws_kms_replica_external_key.this",
            "module.eks.module.kms.aws_kms_replica_key.this",
            "module.eks.module.kms.data.aws_caller_identity.current",
            "module.eks.module.kms.data.aws_iam_policy_document.this",
            "module.eks.module.kms.data.aws_partition.current"
          ]
        }
      ]
    },
    {
      "module": "module.eks",
      "mode": "managed",
      "type": "aws_iam_role",
      "name": "this",
      "provider": "provider[\"registry.terraform.io/hashicorp/aws\"]",
      "instances": [
        {
          "index_key": 0,
          "schema_version": 0,
          "attributes": {
            "arn": "arn:aws:iam::132172135366:role/demo-cluster-cluster-20241111205641699600000004",
            "assume_role_policy": "{\"Statement\":[{\"Action\":\"sts:AssumeRole\",\"Effect\":\"Allow\",\"Principal\":{\"Service\":\"eks.amazonaws.com\"},\"Sid\":\"EKSClusterAssumeRole\"}],\"Version\":\"2012-10-17\"}",
            "create_date": "2024-11-11T20:56:41Z",
            "description": "",
            "force_detach_policies": true,
            "id": "demo-cluster-cluster-20241111205641699600000004",
            "inline_policy": [
              {
                "name": "demo-cluster-cluster",
                "policy": "{\"Version\":\"2012-10-17\",\"Statement\":[{\"Action\":[\"logs:CreateLogGroup\"],\"Effect\":\"Deny\",\"Resource\":\"*\"}]}"
              }
            ],
            "managed_policy_arns": [],
            "max_session_duration": 3600,
            "name": "demo-cluster-cluster-20241111205641699600000004",
            "name_prefix": "demo-cluster-cluster-",
            "path": "/",
            "permissions_boundary": "",
            "tags": {
              "DevtedsOrg": "Devteds Courses",
              "DevtedsStack": "demo-cluster",
              "DevtedsStackName": "EKS",
              "kubernetes.io/cluster/demo-cluster": "shared"
            },
            "tags_all": {
              "DevtedsOrg": "Devteds Courses",
              "DevtedsStack": "demo-cluster",
              "DevtedsStackName": "EKS",
              "kubernetes.io/cluster/demo-cluster": "shared"
            },
            "unique_id": "AROAR5RQSXPDOXIBGV3FK"
          },
          "sensitive_attributes": [],
          "private": "bnVsbA==",
          "dependencies": [
            "module.eks.data.aws_iam_policy_document.assume_role_policy"
          ],
          "create_before_destroy": true
        }
      ]
    },
    {
      "module": "module.eks",
      "mode": "managed",
      "type": "aws_iam_role_policy_attachment",
      "name": "this",
      "provider": "provider[\"registry.terraform.io/hashicorp/aws\"]",
      "instances": [
        {
          "index_key": "AmazonEKSClusterPolicy",
          "schema_version": 0,
          "attributes": {
            "id": "demo-cluster-cluster-20241111205641699600000004-20241111205642291100000009",
            "policy_arn": "arn:aws:iam::aws:policy/AmazonEKSClusterPolicy",
            "role": "demo-cluster-cluster-20241111205641699600000004"
          },
          "sensitive_attributes": [],
          "private": "bnVsbA==",
          "dependencies": [
            "module.eks.aws_iam_role.this",
            "module.eks.data.aws_iam_policy_document.assume_role_policy",
            "module.eks.data.aws_partition.current"
          ],
          "create_before_destroy": true
        },
        {
          "index_key": "AmazonEKSVPCResourceController",
          "schema_version": 0,
          "attributes": {
            "id": "demo-cluster-cluster-20241111205641699600000004-2024111120564232260000000a",
            "policy_arn": "arn:aws:iam::aws:policy/AmazonEKSVPCResourceController",
            "role": "demo-cluster-cluster-20241111205641699600000004"
          },
          "sensitive_attributes": [],
          "private": "bnVsbA==",
          "dependencies": [
            "module.eks.aws_iam_role.this",
            "module.eks.data.aws_iam_policy_document.assume_role_policy",
            "module.eks.data.aws_partition.current"
          ],
          "create_before_destroy": true
        }
      ]
    },
    {
      "module": "module.eks",
      "mode": "managed",
      "type": "aws_security_group",
      "name": "cluster",
      "provider": "provider[\"registry.terraform.io/hashicorp/aws\"]",
      "instances": [
        {
          "index_key": 0,
          "schema_version": 1,
          "attributes": {
            "arn": "arn:aws:ec2:us-east-1:132172135366:security-group/sg-0c8a7ac22ba2f4184",
            "description": "EKS cluster security group",
            "egress": [],
            "id": "sg-0c8a7ac22ba2f4184",
            "ingress": [],
            "name": "demo-cluster-cluster-20241111205641699100000001",
            "name_prefix": "demo-cluster-cluster-",
            "owner_id": "132172135366",
            "revoke_rules_on_delete": false,
            "tags": {
              "DevtedsOrg": "Devteds Courses",
              "DevtedsStack": "demo-cluster",
              "DevtedsStackName": "EKS",
              "Name": "demo-cluster-cluster",
              "kubernetes.io/cluster/demo-cluster": "shared"
            },
            "tags_all": {
              "DevtedsOrg": "Devteds Courses",
              "DevtedsStack": "demo-cluster",
              "DevtedsStackName": "EKS",
              "Name": "demo-cluster-cluster",
              "kubernetes.io/cluster/demo-cluster": "shared"
            },
            "timeouts": null,
            "vpc_id": "vpc-0ff720f1baded9052"
          },
          "sensitive_attributes": [],
          "private": "eyJlMmJmYjczMC1lY2FhLTExZTYtOGY4OC0zNDM2M2JjN2M0YzAiOnsiY3JlYXRlIjo2MDAwMDAwMDAwMDAsImRlbGV0ZSI6OTAwMDAwMDAwMDAwfSwic2NoZW1hX3ZlcnNpb24iOiIxIn0=",
          "dependencies": [
            "data.terraform_remote_state.vpc"
          ],
          "create_before_destroy": true
        }
      ]
    },
    {
      "module": "module.eks",
      "mode": "managed",
      "type": "aws_security_group",
      "name": "node",
      "provider": "provider[\"registry.terraform.io/hashicorp/aws\"]",
      "instances": [
        {
          "index_key": 0,
          "schema_version": 1,
          "attributes": {
            "arn": "arn:aws:ec2:us-east-1:132172135366:security-group/sg-0007c02e5d627d200",
            "description": "EKS node shared security group",
            "egress": [],
            "id": "sg-0007c02e5d627d200",
            "ingress": [],
            "name": "demo-cluster-node-20241111205641699500000003",
            "name_prefix": "demo-cluster-node-",
            "owner_id": "132172135366",
            "revoke_rules_on_delete": false,
            "tags": {
              "DevtedsOrg": "Devteds Courses",
              "DevtedsStack": "demo-cluster",
              "DevtedsStackName": "EKS",
              "Name": "demo-cluster-node",
              "kubernetes.io/cluster/demo-cluster": "owned"
            },
            "tags_all": {
              "DevtedsOrg": "Devteds Courses",
              "DevtedsStack": "demo-cluster",
              "DevtedsStackName": "EKS",
              "Name": "demo-cluster-node",
              "kubernetes.io/cluster/demo-cluster": "owned"
            },
            "timeouts": null,
            "vpc_id": "vpc-0ff720f1baded9052"
          },
          "sensitive_attributes": [],
          "private": "eyJlMmJmYjczMC1lY2FhLTExZTYtOGY4OC0zNDM2M2JjN2M0YzAiOnsiY3JlYXRlIjo2MDAwMDAwMDAwMDAsImRlbGV0ZSI6OTAwMDAwMDAwMDAwfSwic2NoZW1hX3ZlcnNpb24iOiIxIn0=",
          "dependencies": [
            "data.terraform_remote_state.vpc"
          ],
          "create_before_destroy": true
        }
      ]
    },
    {
      "module": "module.eks",
      "mode": "managed",
      "type": "aws_security_group_rule",
      "name": "cluster",
      "provider": "provider[\"registry.terraform.io/hashicorp/aws\"]",
      "instances": [
        {
          "index_key": "ingress_nodes_443",
          "schema_version": 2,
          "attributes": {
            "cidr_blocks": null,
            "description": "Node groups to cluster API",
            "from_port": 443,
            "id": "sgrule-1787110916",
            "ipv6_cidr_blocks": null,
            "prefix_list_ids": null,
            "protocol": "tcp",
            "security_group_id": "sg-0c8a7ac22ba2f4184",
            "security_group_rule_id": "sgr-021e8116993efa9f3",
            "self": false,
            "source_security_group_id": "sg-0007c02e5d627d200",
            "timeouts": null,
            "to_port": 443,
            "type": "ingress"
          },
          "sensitive_attributes": [],
          "private": "eyJlMmJmYjczMC1lY2FhLTExZTYtOGY4OC0zNDM2M2JjN2M0YzAiOnsiY3JlYXRlIjozMDAwMDAwMDAwMDB9LCJzY2hlbWFfdmVyc2lvbiI6IjIifQ==",
          "dependencies": [
            "data.terraform_remote_state.vpc",
            "module.eks.aws_security_group.cluster",
            "module.eks.aws_security_group.node"
          ],
          "create_before_destroy": true
        }
      ]
    },
    {
      "module": "module.eks",
      "mode": "managed",
      "type": "aws_security_group_rule",
      "name": "node",
      "provider": "provider[\"registry.terraform.io/hashicorp/aws\"]",
      "instances": [
        {
          "index_key": "egress_all",
          "schema_version": 2,
          "attributes": {
            "cidr_blocks": [
              "0.0.0.0/0"
            ],
            "description": "Allow all egress",
            "from_port": 0,
            "id": "sgrule-4142022968",
            "ipv6_cidr_blocks": null,
            "prefix_list_ids": [],
            "protocol": "-1",
            "security_group_id": "sg-0007c02e5d627d200",
            "security_group_rule_id": "sgr-073c2f549282e018a",
            "self": false,
            "source_security_group_id": null,
            "timeouts": null,
            "to_port": 0,
            "type": "egress"
          },
          "sensitive_attributes": [],
          "private": "eyJlMmJmYjczMC1lY2FhLTExZTYtOGY4OC0zNDM2M2JjN2M0YzAiOnsiY3JlYXRlIjozMDAwMDAwMDAwMDB9LCJzY2hlbWFfdmVyc2lvbiI6IjIifQ==",
          "dependencies": [
            "data.terraform_remote_state.vpc",
            "module.eks.aws_security_group.cluster",
            "module.eks.aws_security_group.node"
          ],
          "create_before_destroy": true
        },
        {
          "index_key": "ingress_cluster_443",
          "schema_version": 2,
          "attributes": {
            "cidr_blocks": null,
            "description": "Cluster API to node groups",
            "from_port": 443,
            "id": "sgrule-87613999",
            "ipv6_cidr_blocks": null,
            "prefix_list_ids": [],
            "protocol": "tcp",
            "security_group_id": "sg-0007c02e5d627d200",
            "security_group_rule_id": "sgr-00c4a5585ffdbc664",
            "self": false,
            "source_security_group_id": "sg-0c8a7ac22ba2f4184",
            "timeouts": null,
            "to_port": 443,
            "type": "ingress"
          },
          "sensitive_attributes": [],
          "private": "eyJlMmJmYjczMC1lY2FhLTExZTYtOGY4OC0zNDM2M2JjN2M0YzAiOnsiY3JlYXRlIjozMDAwMDAwMDAwMDB9LCJzY2hlbWFfdmVyc2lvbiI6IjIifQ==",
          "dependencies": [
            "data.terraform_remote_state.vpc",
            "module.eks.aws_security_group.cluster",
            "module.eks.aws_security_group.node"
          ],
          "create_before_destroy": true
        },
        {
          "index_key": "ingress_cluster_4443_webhook",
          "schema_version": 2,
          "attributes": {
            "cidr_blocks": null,
            "description": "Cluster API to node 4443/tcp webhook",
            "from_port": 4443,
            "id": "sgrule-1342110541",
            "ipv6_cidr_blocks": null,
            "prefix_list_ids": [],
            "protocol": "tcp",
            "security_group_id": "sg-0007c02e5d627d200",
            "security_group_rule_id": "sgr-0428852de780766d0",
            "self": false,
            "source_security_group_id": "sg-0c8a7ac22ba2f4184",
            "timeouts": null,
            "to_port": 4443,
            "type": "ingress"
          },
          "sensitive_attributes": [],
          "private": "eyJlMmJmYjczMC1lY2FhLTExZTYtOGY4OC0zNDM2M2JjN2M0YzAiOnsiY3JlYXRlIjozMDAwMDAwMDAwMDB9LCJzY2hlbWFfdmVyc2lvbiI6IjIifQ==",
          "dependencies": [
            "data.terraform_remote_state.vpc",
            "module.eks.aws_security_group.cluster",
            "module.eks.aws_security_group.node"
          ],
          "create_before_destroy": true
        },
        {
          "index_key": "ingress_cluster_6443_webhook",
          "schema_version": 2,
          "attributes": {
            "cidr_blocks": null,
            "description": "Cluster API to node 6443/tcp webhook",
            "from_port": 6443,
            "id": "sgrule-2260507867",
            "ipv6_cidr_blocks": null,
            "prefix_list_ids": [],
            "protocol": "tcp",
            "security_group_id": "sg-0007c02e5d627d200",
            "security_group_rule_id": "sgr-04c1e3e92102f616c",
            "self": false,
            "source_security_group_id": "sg-0c8a7ac22ba2f4184",
            "timeouts": null,
            "to_port": 6443,
            "type": "ingress"
          },
          "sensitive_attributes": [],
          "private": "eyJlMmJmYjczMC1lY2FhLTExZTYtOGY4OC0zNDM2M2JjN2M0YzAiOnsiY3JlYXRlIjozMDAwMDAwMDAwMDB9LCJzY2hlbWFfdmVyc2lvbiI6IjIifQ==",
          "dependencies": [
            "data.terraform_remote_state.vpc",
            "module.eks.aws_security_group.cluster",
            "module.eks.aws_security_group.node"
          ],
          "create_before_destroy": true
        },
        {
          "index_key": "ingress_cluster_8443_webhook",
          "schema_version": 2,
          "attributes": {
            "cidr_blocks": null,
            "description": "Cluster API to node 8443/tcp webhook",
            "from_port": 8443,
            "id": "sgrule-2514526458",
            "ipv6_cidr_blocks": null,
            "prefix_list_ids": [],
            "protocol": "tcp",
            "security_group_id": "sg-0007c02e5d627d200",
            "security_group_rule_id": "sgr-0128790c486a7e6f4",
            "self": false,
            "source_security_group_id": "sg-0c8a7ac22ba2f4184",
            "timeouts": null,
            "to_port": 8443,
            "type": "ingress"
          },
          "sensitive_attributes": [],
          "private": "eyJlMmJmYjczMC1lY2FhLTExZTYtOGY4OC0zNDM2M2JjN2M0YzAiOnsiY3JlYXRlIjozMDAwMDAwMDAwMDB9LCJzY2hlbWFfdmVyc2lvbiI6IjIifQ==",
          "dependencies": [
            "data.terraform_remote_state.vpc",
            "module.eks.aws_security_group.cluster",
            "module.eks.aws_security_group.node"
          ],
          "create_before_destroy": true
        },
        {
          "index_key": "ingress_cluster_9443_webhook",
          "schema_version": 2,
          "attributes": {
            "cidr_blocks": null,
            "description": "Cluster API to node 9443/tcp webhook",
            "from_port": 9443,
            "id": "sgrule-4047606577",
            "ipv6_cidr_blocks": null,
            "prefix_list_ids": [],
            "protocol": "tcp",
            "security_group_id": "sg-0007c02e5d627d200",
            "security_group_rule_id": "sgr-0afed084eeac11ccd",
            "self": false,
            "source_security_group_id": "sg-0c8a7ac22ba2f4184",
            "timeouts": null,
            "to_port": 9443,
            "type": "ingress"
          },
          "sensitive_attributes": [],
          "private": "eyJlMmJmYjczMC1lY2FhLTExZTYtOGY4OC0zNDM2M2JjN2M0YzAiOnsiY3JlYXRlIjozMDAwMDAwMDAwMDB9LCJzY2hlbWFfdmVyc2lvbiI6IjIifQ==",
          "dependencies": [
            "data.terraform_remote_state.vpc",
            "module.eks.aws_security_group.cluster",
            "module.eks.aws_security_group.node"
          ],
          "create_before_destroy": true
        },
        {
          "index_key": "ingress_cluster_kubelet",
          "schema_version": 2,
          "attributes": {
            "cidr_blocks": null,
            "description": "Cluster API to node kubelets",
            "from_port": 10250,
            "id": "sgrule-3342387168",
            "ipv6_cidr_blocks": null,
            "prefix_list_ids": [],
            "protocol": "tcp",
            "security_group_id": "sg-0007c02e5d627d200",
            "security_group_rule_id": "sgr-02c2f8d86d841881b",
            "self": false,
            "source_security_group_id": "sg-0c8a7ac22ba2f4184",
            "timeouts": null,
            "to_port": 10250,
            "type": "ingress"
          },
          "sensitive_attributes": [],
          "private": "eyJlMmJmYjczMC1lY2FhLTExZTYtOGY4OC0zNDM2M2JjN2M0YzAiOnsiY3JlYXRlIjozMDAwMDAwMDAwMDB9LCJzY2hlbWFfdmVyc2lvbiI6IjIifQ==",
          "dependencies": [
            "data.terraform_remote_state.vpc",
            "module.eks.aws_security_group.cluster",
            "module.eks.aws_security_group.node"
          ],
          "create_before_destroy": true
        },
        {
          "index_key": "ingress_nodes_ephemeral",
          "schema_version": 2,
          "attributes": {
            "cidr_blocks": null,
            "description": "Node to node ingress on ephemeral ports",
            "from_port": 1025,
            "id": "sgrule-1916562062",
            "ipv6_cidr_blocks": null,
            "prefix_list_ids": [],
            "protocol": "tcp",
            "security_group_id": "sg-0007c02e5d627d200",
            "security_group_rule_id": "sgr-0ad3a97b5c250864f",
            "self": true,
            "source_security_group_id": null,
            "timeouts": null,
            "to_port": 65535,
            "type": "ingress"
          },
          "sensitive_attributes": [],
          "private": "eyJlMmJmYjczMC1lY2FhLTExZTYtOGY4OC0zNDM2M2JjN2M0YzAiOnsiY3JlYXRlIjozMDAwMDAwMDAwMDB9LCJzY2hlbWFfdmVyc2lvbiI6IjIifQ==",
          "dependencies": [
            "data.terraform_remote_state.vpc",
            "module.eks.aws_security_group.cluster",
            "module.eks.aws_security_group.node"
          ],
          "create_before_destroy": true
        },
        {
          "index_key": "ingress_self_coredns_tcp",
          "schema_version": 2,
          "attributes": {
            "cidr_blocks": null,
            "description": "Node to node CoreDNS",
            "from_port": 53,
            "id": "sgrule-1396431319",
            "ipv6_cidr_blocks": null,
            "prefix_list_ids": [],
            "protocol": "tcp",
            "security_group_id": "sg-0007c02e5d627d200",
            "security_group_rule_id": "sgr-078effff8cc60b8ee",
            "self": true,
            "source_security_group_id": null,
            "timeouts": null,
            "to_port": 53,
            "type": "ingress"
          },
          "sensitive_attributes": [],
          "private": "eyJlMmJmYjczMC1lY2FhLTExZTYtOGY4OC0zNDM2M2JjN2M0YzAiOnsiY3JlYXRlIjozMDAwMDAwMDAwMDB9LCJzY2hlbWFfdmVyc2lvbiI6IjIifQ==",
          "dependencies": [
            "data.terraform_remote_state.vpc",
            "module.eks.aws_security_group.cluster",
            "module.eks.aws_security_group.node"
          ],
          "create_before_destroy": true
        },
        {
          "index_key": "ingress_self_coredns_udp",
          "schema_version": 2,
          "attributes": {
            "cidr_blocks": null,
            "description": "Node to node CoreDNS UDP",
            "from_port": 53,
            "id": "sgrule-4150557240",
            "ipv6_cidr_blocks": null,
            "prefix_list_ids": [],
            "protocol": "udp",
            "security_group_id": "sg-0007c02e5d627d200",
            "security_group_rule_id": "sgr-05f82e6e550db7dca",
            "self": true,
            "source_security_group_id": null,
            "timeouts": null,
            "to_port": 53,
            "type": "ingress"
          },
          "sensitive_attributes": [],
          "private": "eyJlMmJmYjczMC1lY2FhLTExZTYtOGY4OC0zNDM2M2JjN2M0YzAiOnsiY3JlYXRlIjozMDAwMDAwMDAwMDB9LCJzY2hlbWFfdmVyc2lvbiI6IjIifQ==",
          "dependencies": [
            "data.terraform_remote_state.vpc",
            "module.eks.aws_security_group.cluster",
            "module.eks.aws_security_group.node"
          ],
          "create_before_destroy": true
        }
      ]
    },
    {
      "module": "module.eks",
      "mode": "managed",
      "type": "time_sleep",
      "name": "this",
      "provider": "provider[\"registry.terraform.io/hashicorp/time\"]",
      "instances": [
        {
          "index_key": 0,
          "schema_version": 0,
          "attributes": {
            "create_duration": "30s",
            "destroy_duration": null,
            "id": "2024-11-11T21:08:34Z",
            "triggers": {
              "cluster_certificate_authority_data": "LS0tLS1CRUdJTiBDRVJUSUZJQ0FURS0tLS0tCk1JSURCVENDQWUyZ0F3SUJBZ0lJWlp2Z3V3NGJIQ2t3RFFZSktvWklodmNOQVFFTEJRQXdGVEVUTUJFR0ExVUUKQXhNS2EzVmlaWEp1WlhSbGN6QWVGdzB5TkRFeE1URXlNRFUzTVRaYUZ3MHpOREV4TURreU1UQXlNVFphTUJVeApFekFSQmdOVkJBTVRDbXQxWW1WeWJtVjBaWE13Z2dFaU1BMEdDU3FHU0liM0RRRUJBUVVBQTRJQkR3QXdnZ0VLCkFvSUJBUURTMktSSlRNT2JTWjFSUWtwMjRYdFlORGtlYUxvKzhTd2dyM2p6bWYyZWtDZm9razY2NGRmdnUveGMKMTlYRDRTalRXZ090VlMySW92bExsajMzcm1UbUxzZzJ3ZHNyby84UXlFTGpLQlltcC8vZEQwNjk0ZU9Rb2hFRApPMCtaM3JWcUpJcTlpSXJWQUtTUTM3dGlUbFYyVE9zRXd1cDNyYk1vQ1pZN29ESTB6S3lPOWpYd1ZpYVQwSFFwCnVlWm5HakVRMnprL3RQM3hZMlQyQ1VlL05iQkM2anlXWFBxWVVLeCtzQVlqaERRL25Nd09qNzhIRnFrakhzbzQKc0pyQ3hXK3pCckwxcFJlK2QrVlpLblNCV2dGbDBzNS91aHdlV0ovN2cwc1VEcExETVVNRW9ubTBIazVxTkFQaQpIMVVRM0ptcGhDemFEaWN2d0VYTmJlbGZ6b2xWQWdNQkFBR2pXVEJYTUE0R0ExVWREd0VCL3dRRUF3SUNwREFQCkJnTlZIUk1CQWY4RUJUQURBUUgvTUIwR0ExVWREZ1FXQkJSc2dIdW54bWFndkJtSjNqWnllMVc0dVlkNndEQVYKQmdOVkhSRUVEakFNZ2dwcmRXSmxjbTVsZEdWek1BMEdDU3FHU0liM0RRRUJDd1VBQTRJQkFRQ0VFWENVSCtvTQpOdU9Uc1ZaNmJTOGNnZWtMSzV4U251TkxaZkh5bWduc2pzZmpvdkFYWXRHQlk2NlpXZW83NVFDSjBFbHZSZDR3ClJEWWxuOExYTExMeC9QZkp6SklXd0gyM2JrMnZKZ3lXRnB4dWZIVEhQSXppelNOOUlyY2t0aDJiMC9zL1dCTFcKN0dobjc5Um1YSnRQbVI3NmtIV083b2VFeEJCU1p4UVpveXFHWTQrVkRudWdwUmovR0pPUmcwdnMwc2RUWHRaOQppYmM2VXNlZG9rL2JTQUJJczk5Z0RXd3UydVRKNW13bGN3WFlMUWJaWmczR2pQeE5HZC85RlpXSUtNaklBUUxDClhFanVYdDJvTGV5SFdSM3BIRndJdGNxMmRLajBHMWNNUG1vb2hCTFpUMzZGUVBXL29VNkJ4QS9Kb0J0TVNmU0wKd3VNRFFYNjhIdDF4Ci0tLS0tRU5EIENFUlRJRklDQVRFLS0tLS0K",
              "cluster_endpoint": "https://D12FF49E26A637FA0C5F500F14A27F5A.gr7.us-east-1.eks.amazonaws.com",
              "cluster_name": "demo-cluster",
              "cluster_service_cidr": "172.20.0.0/16",
              "cluster_version": "1.29"
            }
          },
          "sensitive_attributes": [],
          "dependencies": [
            "data.terraform_remote_state.vpc",
            "module.eks.aws_cloudwatch_log_group.this",
            "module.eks.aws_eks_cluster.this",
            "module.eks.aws_iam_policy.cni_ipv6_policy",
            "module.eks.aws_iam_role.this",
            "module.eks.aws_iam_role_policy_attachment.this",
            "module.eks.aws_security_group.cluster",
            "module.eks.aws_security_group.node",
            "module.eks.aws_security_group_rule.cluster",
            "module.eks.aws_security_group_rule.node",
            "module.eks.data.aws_caller_identity.current",
            "module.eks.data.aws_iam_policy_document.assume_role_policy",
            "module.eks.data.aws_iam_policy_document.cni_ipv6_policy",
            "module.eks.data.aws_iam_session_context.current",
            "module.eks.data.aws_partition.current",
            "module.eks.module.kms.aws_kms_external_key.this",
            "module.eks.module.kms.aws_kms_key.this",
            "module.eks.module.kms.aws_kms_replica_external_key.this",
            "module.eks.module.kms.aws_kms_replica_key.this",
            "module.eks.module.kms.data.aws_caller_identity.current",
            "module.eks.module.kms.data.aws_iam_policy_document.this",
            "module.eks.module.kms.data.aws_partition.current"
          ],
          "create_before_destroy": true
        }
      ]
    },
    {
      "module": "module.eks.module.eks_managed_node_group[\"default_node_group\"]",
      "mode": "data",
      "type": "aws_caller_identity",
      "name": "current",
      "provider": "provider[\"registry.terraform.io/hashicorp/aws\"]",
      "instances": [
        {
          "schema_version": 0,
          "attributes": {
            "account_id": "132172135366",
            "arn": "arn:aws:iam::132172135366:user/k8suser",
            "id": "132172135366",
            "user_id": "AIDAR5RQSXPDLVB5NXR7O"
          },
          "sensitive_attributes": []
        }
      ]
    },
    {
      "module": "module.eks.module.eks_managed_node_group[\"default_node_group\"]",
      "mode": "data",
      "type": "aws_iam_policy_document",
      "name": "assume_role_policy",
      "provider": "provider[\"registry.terraform.io/hashicorp/aws\"]",
      "instances": [
        {
          "index_key": 0,
          "schema_version": 0,
          "attributes": {
            "id": "2560088296",
            "json": "{\n  \"Version\": \"2012-10-17\",\n  \"Statement\": [\n    {\n      \"Sid\": \"EKSNodeAssumeRole\",\n      \"Effect\": \"Allow\",\n      \"Action\": \"sts:AssumeRole\",\n      \"Principal\": {\n        \"Service\": \"ec2.amazonaws.com\"\n      }\n    }\n  ]\n}",
            "minified_json": "{\"Version\":\"2012-10-17\",\"Statement\":[{\"Sid\":\"EKSNodeAssumeRole\",\"Effect\":\"Allow\",\"Action\":\"sts:AssumeRole\",\"Principal\":{\"Service\":\"ec2.amazonaws.com\"}}]}",
            "override_json": null,
            "override_policy_documents": null,
            "policy_id": null,
            "source_json": null,
            "source_policy_documents": null,
            "statement": [
              {
                "actions": [
                  "sts:AssumeRole"
                ],
                "condition": [],
                "effect": "Allow",
                "not_actions": [],
                "not_principals": [],
                "not_resources": [],
                "principals": [
                  {
                    "identifiers": [
                      "ec2.amazonaws.com"
                    ],
                    "type": "Service"
                  }
                ],
                "resources": [],
                "sid": "EKSNodeAssumeRole"
              }
            ],
            "version": "2012-10-17"
          },
          "sensitive_attributes": []
        }
      ]
    },
    {
      "module": "module.eks.module.eks_managed_node_group[\"default_node_group\"]",
      "mode": "data",
      "type": "aws_partition",
      "name": "current",
      "provider": "provider[\"registry.terraform.io/hashicorp/aws\"]",
      "instances": [
        {
          "schema_version": 0,
          "attributes": {
            "dns_suffix": "amazonaws.com",
            "id": "aws",
            "partition": "aws",
            "reverse_dns_prefix": "com.amazonaws"
          },
          "sensitive_attributes": []
        }
      ]
    },
    {
      "module": "module.eks.module.eks_managed_node_group[\"default_node_group\"]",
      "mode": "managed",
      "type": "aws_eks_node_group",
      "name": "this",
      "provider": "provider[\"registry.terraform.io/hashicorp/aws\"]",
      "instances": [
        {
          "index_key": 0,
          "schema_version": 0,
          "attributes": {
            "ami_type": "AL2_x86_64",
            "arn": "arn:aws:eks:us-east-1:132172135366:nodegroup/demo-cluster/default_node_group-2024111121083451170000000c/5ec98e87-494d-13d7-c76f-951763e09e62",
            "capacity_type": "ON_DEMAND",
            "cluster_name": "demo-cluster",
            "disk_size": 50,
            "force_update_version": null,
            "id": "demo-cluster:default_node_group-2024111121083451170000000c",
            "instance_types": [
              "m5.large"
            ],
            "labels": null,
            "launch_template": [],
            "node_group_name": "default_node_group-2024111121083451170000000c",
            "node_group_name_prefix": "default_node_group-",
            "node_role_arn": "arn:aws:iam::132172135366:role/default_node_group-eks-node-group-20241111205641699200000002",
            "release_version": "1.29.8-20241106",
            "remote_access": [],
            "resources": [
              {
                "autoscaling_groups": [
                  {
                    "name": "eks-default_node_group-2024111121083451170000000c-5ec98e87-494d-13d7-c76f-951763e09e62"
                  }
                ],
                "remote_access_security_group_id": ""
              }
            ],
            "scaling_config": [
              {
                "desired_size": 2,
                "max_size": 3,
                "min_size": 1
              }
            ],
            "status": "ACTIVE",
            "subnet_ids": [
              "subnet-06cec1f3f9a606d8f",
              "subnet-075a89dfa6bd29c01",
              "subnet-08cde06e53d5290ae"
            ],
            "tags": {
              "DevtedsOrg": "Devteds Courses",
              "DevtedsStack": "demo-cluster",
              "DevtedsStackName": "EKS",
              "Name": "default_node_group",
              "kubernetes.io/cluster/demo-cluster": "shared"
            },
            "tags_all": {
              "DevtedsOrg": "Devteds Courses",
              "DevtedsStack": "demo-cluster",
              "DevtedsStackName": "EKS",
              "Name": "default_node_group",
              "kubernetes.io/cluster/demo-cluster": "shared"
            },
            "taint": [],
            "timeouts": {
              "create": null,
              "delete": null,
              "update": null
            },
            "update_config": [
              {
                "max_unavailable": 0,
                "max_unavailable_percentage": 33
              }
            ],
            "version": "1.29"
          },
          "sensitive_attributes": [],
          "private": "eyJlMmJmYjczMC1lY2FhLTExZTYtOGY4OC0zNDM2M2JjN2M0YzAiOnsiY3JlYXRlIjozNjAwMDAwMDAwMDAwLCJkZWxldGUiOjM2MDAwMDAwMDAwMDAsInVwZGF0ZSI6MzYwMDAwMDAwMDAwMH19",
          "dependencies": [
            "data.terraform_remote_state.vpc",
            "module.eks.aws_cloudwatch_log_group.this",
            "module.eks.aws_eks_cluster.this",
            "module.eks.aws_iam_policy.cni_ipv6_policy",
            "module.eks.aws_iam_role.this",
            "module.eks.aws_iam_role_policy_attachment.this",
            "module.eks.aws_security_group.cluster",
            "module.eks.aws_security_group.node",
            "module.eks.aws_security_group_rule.cluster",
            "module.eks.aws_security_group_rule.node",
            "module.eks.data.aws_caller_identity.current",
            "module.eks.data.aws_iam_policy_document.assume_role_policy",
            "module.eks.data.aws_iam_policy_document.cni_ipv6_policy",
            "module.eks.data.aws_iam_session_context.current",
            "module.eks.data.aws_partition.current",
            "module.eks.module.eks_managed_node_group.aws_iam_role.this",
            "module.eks.module.eks_managed_node_group.aws_iam_role_policy_attachment.this",
            "module.eks.module.eks_managed_node_group.aws_launch_template.this",
            "module.eks.module.eks_managed_node_group.aws_placement_group.this",
            "module.eks.module.eks_managed_node_group.data.aws_caller_identity.current",
            "module.eks.module.eks_managed_node_group.data.aws_ec2_instance_type.this",
            "module.eks.module.eks_managed_node_group.data.aws_ec2_instance_type_offerings.this",
            "module.eks.module.eks_managed_node_group.data.aws_iam_policy_document.assume_role_policy",
            "module.eks.module.eks_managed_node_group.data.aws_partition.current",
            "module.eks.module.eks_managed_node_group.data.aws_ssm_parameter.ami",
            "module.eks.module.eks_managed_node_group.data.aws_subnets.efa",
            "module.eks.module.eks_managed_node_group.module.user_data.data.cloudinit_config.al2023_eks_managed_node_group",
            "module.eks.module.eks_managed_node_group.module.user_data.data.cloudinit_config.linux_eks_managed_node_group",
            "module.eks.module.kms.aws_kms_external_key.this",
            "module.eks.module.kms.aws_kms_key.this",
            "module.eks.module.kms.aws_kms_replica_external_key.this",
            "module.eks.module.kms.aws_kms_replica_key.this",
            "module.eks.module.kms.data.aws_caller_identity.current",
            "module.eks.module.kms.data.aws_iam_policy_document.this",
            "module.eks.module.kms.data.aws_partition.current",
            "module.eks.time_sleep.this"
          ],
          "create_before_destroy": true
        }
      ]
    },
    {
      "module": "module.eks.module.eks_managed_node_group[\"default_node_group\"]",
      "mode": "managed",
      "type": "aws_iam_role",
      "name": "this",
      "provider": "provider[\"registry.terraform.io/hashicorp/aws\"]",
      "instances": [
        {
          "index_key": 0,
          "schema_version": 0,
          "attributes": {
            "arn": "arn:aws:iam::132172135366:role/default_node_group-eks-node-group-20241111205641699200000002",
            "assume_role_policy": "{\"Statement\":[{\"Action\":\"sts:AssumeRole\",\"Effect\":\"Allow\",\"Principal\":{\"Service\":\"ec2.amazonaws.com\"},\"Sid\":\"EKSNodeAssumeRole\"}],\"Version\":\"2012-10-17\"}",
            "create_date": "2024-11-11T20:56:41Z",
            "description": "EKS managed node group IAM role",
            "force_detach_policies": true,
            "id": "default_node_group-eks-node-group-20241111205641699200000002",
            "inline_policy": [],
            "managed_policy_arns": [],
            "max_session_duration": 3600,
            "name": "default_node_group-eks-node-group-20241111205641699200000002",
            "name_prefix": "default_node_group-eks-node-group-",
            "path": "/",
            "permissions_boundary": "",
            "tags": {
              "DevtedsOrg": "Devteds Courses",
              "DevtedsStack": "demo-cluster",
              "DevtedsStackName": "EKS",
              "kubernetes.io/cluster/demo-cluster": "shared"
            },
            "tags_all": {
              "DevtedsOrg": "Devteds Courses",
              "DevtedsStack": "demo-cluster",
              "DevtedsStackName": "EKS",
              "kubernetes.io/cluster/demo-cluster": "shared"
            },
            "unique_id": "AROAR5RQSXPDNJPBH3KG4"
          },
          "sensitive_attributes": [],
          "private": "bnVsbA==",
          "dependencies": [
            "module.eks.module.eks_managed_node_group.data.aws_iam_policy_document.assume_role_policy"
          ],
          "create_before_destroy": true
        }
      ]
    },
    {
      "module": "module.eks.module.eks_managed_node_group[\"default_node_group\"]",
      "mode": "managed",
      "type": "aws_iam_role_policy_attachment",
      "name": "this",
      "provider": "provider[\"registry.terraform.io/hashicorp/aws\"]",
      "instances": [
        {
          "index_key": "AmazonEC2ContainerRegistryReadOnly",
          "schema_version": 0,
          "attributes": {
            "id": "default_node_group-eks-node-group-20241111205641699200000002-20241111205642153600000008",
            "policy_arn": "arn:aws:iam::aws:policy/AmazonEC2ContainerRegistryReadOnly",
            "role": "default_node_group-eks-node-group-20241111205641699200000002"
          },
          "sensitive_attributes": [],
          "private": "bnVsbA==",
          "dependencies": [
            "module.eks.module.eks_managed_node_group.aws_iam_role.this",
            "module.eks.module.eks_managed_node_group.data.aws_caller_identity.current",
            "module.eks.module.eks_managed_node_group.data.aws_iam_policy_document.assume_role_policy",
            "module.eks.module.eks_managed_node_group.data.aws_partition.current"
          ],
          "create_before_destroy": true
        },
        {
          "index_key": "AmazonEKSWorkerNodePolicy",
          "schema_version": 0,
          "attributes": {
            "id": "default_node_group-eks-node-group-20241111205641699200000002-20241111205642108100000007",
            "policy_arn": "arn:aws:iam::aws:policy/AmazonEKSWorkerNodePolicy",
            "role": "default_node_group-eks-node-group-20241111205641699200000002"
          },
          "sensitive_attributes": [],
          "private": "bnVsbA==",
          "dependencies": [
            "module.eks.module.eks_managed_node_group.aws_iam_role.this",
            "module.eks.module.eks_managed_node_group.data.aws_caller_identity.current",
            "module.eks.module.eks_managed_node_group.data.aws_iam_policy_document.assume_role_policy",
            "module.eks.module.eks_managed_node_group.data.aws_partition.current"
          ],
          "create_before_destroy": true
        },
        {
          "index_key": "AmazonEKS_CNI_Policy",
          "schema_version": 0,
          "attributes": {
            "id": "default_node_group-eks-node-group-20241111205641699200000002-20241111205642093900000006",
            "policy_arn": "arn:aws:iam::aws:policy/AmazonEKS_CNI_Policy",
            "role": "default_node_group-eks-node-group-20241111205641699200000002"
          },
          "sensitive_attributes": [],
          "private": "bnVsbA==",
          "dependencies": [
            "module.eks.module.eks_managed_node_group.aws_iam_role.this",
            "module.eks.module.eks_managed_node_group.data.aws_caller_identity.current",
            "module.eks.module.eks_managed_node_group.data.aws_iam_policy_document.assume_role_policy",
            "module.eks.module.eks_managed_node_group.data.aws_partition.current"
          ],
          "create_before_destroy": true
        }
      ]
    },
    {
      "module": "module.eks.module.eks_managed_node_group[\"default_node_group\"].module.user_data",
      "mode": "managed",
      "type": "null_resource",
      "name": "validate_cluster_service_cidr",
      "provider": "provider[\"registry.terraform.io/hashicorp/null\"]",
      "instances": [
        {
          "schema_version": 0,
          "attributes": {
            "id": "8816369969534339374",
            "triggers": null
          },
          "sensitive_attributes": [],
          "dependencies": [
            "data.terraform_remote_state.vpc",
            "module.eks.aws_cloudwatch_log_group.this",
            "module.eks.aws_eks_cluster.this",
            "module.eks.aws_iam_policy.cni_ipv6_policy",
            "module.eks.aws_iam_role.this",
            "module.eks.aws_iam_role_policy_attachment.this",
            "module.eks.aws_security_group.cluster",
            "module.eks.aws_security_group.node",
            "module.eks.aws_security_group_rule.cluster",
            "module.eks.aws_security_group_rule.node",
            "module.eks.data.aws_caller_identity.current",
            "module.eks.data.aws_iam_policy_document.assume_role_policy",
            "module.eks.data.aws_iam_policy_document.cni_ipv6_policy",
            "module.eks.data.aws_iam_session_context.current",
            "module.eks.data.aws_partition.current",
            "module.eks.module.kms.aws_kms_external_key.this",
            "module.eks.module.kms.aws_kms_key.this",
            "module.eks.module.kms.aws_kms_replica_external_key.this",
            "module.eks.module.kms.aws_kms_replica_key.this",
            "module.eks.module.kms.data.aws_caller_identity.current",
            "module.eks.module.kms.data.aws_iam_policy_document.this",
            "module.eks.module.kms.data.aws_partition.current",
            "module.eks.time_sleep.this"
          ]
        }
      ]
    },
    {
      "module": "module.key_pair",
      "mode": "managed",
      "type": "aws_key_pair",
      "name": "this",
      "provider": "provider[\"registry.terraform.io/hashicorp/aws\"]",
      "instances": [
        {
          "index_key": 0,
          "schema_version": 1,
          "attributes": {
            "arn": "arn:aws:ec2:us-east-1:132172135366:key-pair/demo-cluster2024111120564401530000000b",
            "fingerprint": "48:69:56:82:94:a0:66:74:86:b0:7d:f5:31:0b:79:08",
            "id": "demo-cluster2024111120564401530000000b",
            "key_name": "demo-cluster2024111120564401530000000b",
            "key_name_prefix": "demo-cluster",
            "key_pair_id": "key-022a432612d7d988e",
            "key_type": "rsa",
            "public_key": "ssh-rsa AAAAB3NzaC1yc2EAAAADAQABAAACAQDoWc2M3NsVf8ragkO7dkIo1FmB3bNuq/tfoS8p888/Vc946A4wc308YT+TzOuKHPPI45sBWn9U+WFoJ8eFHGtnPnBff2NlQ3mkJpqHY5cH/QWqhEGy6dMbLN4z79TQ0vkVT41f18Szi2IS6a1UgIDcqeEt/6frno8j/0BEpK6BAmoLNov1iJFiywKrbk3s4V7mXuxYxs8yd0PVEwY1ZDqxIkJnDUflwwktgjDDDTeGUQZ43GSUauJE7KmS/5oGnWkA1POIBZaiWPRl5/JfoOJvPz508RF9jQBc05txZgZwoGX2Dt0Hk84dib8dEGgy+CpYKJ70MZ0K6x/a+jDkCVyuu3Ua8V0dJT2KS8lXojm1PM9aY2whoBBj1CqeQGZ1XWGP3YR8rhIPChZ8TjVgfBygEbBJi9sy4bqlCAGDntxzmjwsbMSCb3SmcHWr8wQVgRfQnP2+ve+lUfDVoDwlvHFq2MOHISnkMbtR7bk1aWkZ9pBflJkCR14/56OpqwFuTaWg8ll4A30RU6uw4D/45TWdeNfDSxjB1i8t/PyF2n0FZTE2wHLnqB73qE7TgAWJMY/SuAh3l8RUDWLPeb7D3JFq+eP6jg7illq3gdBeEhfibt+A3uaR+/pqY3op0QBY8Z1TQpub4MZWKZdsUMj2hwsa59N/mdlL9BgDMF6hm6q9aw==",
            "tags": {
              "DevtedsOrg": "Devteds Courses",
              "DevtedsStack": "demo-cluster",
              "DevtedsStackName": "EKS",
              "kubernetes.io/cluster/demo-cluster": "shared"
            },
            "tags_all": {
              "DevtedsOrg": "Devteds Courses",
              "DevtedsStack": "demo-cluster",
              "DevtedsStackName": "EKS",
              "kubernetes.io/cluster/demo-cluster": "shared"
            }
          },
          "sensitive_attributes": [],
          "private": "eyJzY2hlbWFfdmVyc2lvbiI6IjEifQ==",
          "dependencies": [
            "module.key_pair.tls_private_key.this"
          ]
        }
      ]
    },
    {
      "module": "module.key_pair",
      "mode": "managed",
      "type": "tls_private_key",
      "name": "this",
      "provider": "provider[\"registry.terraform.io/hashicorp/tls\"]",
      "instances": [
        {
          "index_key": 0,
          "schema_version": 1,
          "attributes": {
            "algorithm": "RSA",
            "ecdsa_curve": "P224",
            "id": "fc3b45fc1ee23c631fab95a42a3c7af530c0a89c",
            "private_key_openssh": "-----BEGIN OPENSSH PRIVATE KEY-----\nb3BlbnNzaC1rZXktdjEAAAAABG5vbmUAAAAEbm9uZQAAAAAAAAABAAACFwAAAAdz\nc2gtcnNhAAAAAwEAAQAAAgEA6FnNjNzbFX/K2oJDu3ZCKNRZgd2zbqv7X6EvKfPP\nP1XPeOgOMHN9PGE/k8zrihzzyOObAVp/VPlhaCfHhRxrZz5wX39jZUN5pCaah2OX\nB/0FqoRBsunTGyzeM+/U0NL5FU+NX9fEs4tiEumtVICA3KnhLf+n656PI/9ARKSu\ngQJqCzaL9YiRYssCq25N7OFe5l7sWMbPMndD1RMGNWQ6sSJCZw1H5cMJLYIwww03\nhlEGeNxklGriROypkv+aBp1pANTziAWWolj0ZefyX6Dibz8+dPERfY0AXNObcWYG\ncKBl9g7dB5POHYm/HRBoMvgqWCie9DGdCusf2vow5Alcrrt1GvFdHSU9ikvJV6I5\ntTzPWmNsIaAQY9QqnkBmdV1hj92EfK4SDwoWfE41YHwcoBGwSYvbMuG6pQgBg57c\nc5o8LGzEgm90pnB1q/MEFYEX0Jz9vr3vpVHw1aA8JbxxatjDhyEp5DG7Ue25NWlp\nGfaQX5SZAkdeP+ejqasBbk2loPJZeAN9EVOrsOA/+OU1nXjXw0sYwdYvLfz8hdp9\nBWUxNsBy56ge96hO04AFiTGP0rgId5fEVA1iz3m+w9yRavnj+o4O4pZat4HQXhIX\n4m7fgN7mkfv6amN6KdEAWPGdU0Kbm+DGVimXbFDI9ocLGufTf5nZS/QYAzBeoZuq\nvWsAAAc4JUiZCSVImQkAAAAHc3NoLXJzYQAAAgEA6FnNjNzbFX/K2oJDu3ZCKNRZ\ngd2zbqv7X6EvKfPPP1XPeOgOMHN9PGE/k8zrihzzyOObAVp/VPlhaCfHhRxrZz5w\nX39jZUN5pCaah2OXB/0FqoRBsunTGyzeM+/U0NL5FU+NX9fEs4tiEumtVICA3Knh\nLf+n656PI/9ARKSugQJqCzaL9YiRYssCq25N7OFe5l7sWMbPMndD1RMGNWQ6sSJC\nZw1H5cMJLYIwww03hlEGeNxklGriROypkv+aBp1pANTziAWWolj0ZefyX6Dibz8+\ndPERfY0AXNObcWYGcKBl9g7dB5POHYm/HRBoMvgqWCie9DGdCusf2vow5Alcrrt1\nGvFdHSU9ikvJV6I5tTzPWmNsIaAQY9QqnkBmdV1hj92EfK4SDwoWfE41YHwcoBGw\nSYvbMuG6pQgBg57cc5o8LGzEgm90pnB1q/MEFYEX0Jz9vr3vpVHw1aA8JbxxatjD\nhyEp5DG7Ue25NWlpGfaQX5SZAkdeP+ejqasBbk2loPJZeAN9EVOrsOA/+OU1nXjX\nw0sYwdYvLfz8hdp9BWUxNsBy56ge96hO04AFiTGP0rgId5fEVA1iz3m+w9yRavnj\n+o4O4pZat4HQXhIX4m7fgN7mkfv6amN6KdEAWPGdU0Kbm+DGVimXbFDI9ocLGufT\nf5nZS/QYAzBeoZuqvWsAAAADAQABAAACAG+Gk1w2sk4afeLuPdagR9dTPfdQ1Aye\nLlVTh9DqPyMWbDSLpivpc0ZlI2AtLy2nAfj+DuvSZWYDIZcd6O3im0b+OHAONEZp\n4dxBz1CHI/pon6yeOO7Iv1S+75UcXBkz+u0YtzI23iqUD6omUdVKrQ+91uD+Yrp8\n7BYKMe4A4eX4o6/oKbvcJnS2HvzsQCkgcC3BiE6AdvmxN3Tx4bwE9QsK97aBMG5/\ndEtMv10QXgNxptqiZwC6YQtWUXrGh0b/jWQh0xcKH6ijbAPyFmuCTM27HJ6DC7Mo\n1/C2fVkr8JFk3CwELGGzt26ELKClvG4ioiiYrttlaQzRmQPBrW/3cm1eR6z6st4O\nO1ckYx2ZKpa7YY+500u3c/G1Ui2l7deJblcyzLIdgCNgvBeztuxhcFKoMZQ+aENK\nMJ31gt0oZ9ZwQZPoXU9t5MYt5P5DRJEWekxnPQCu5JJkT2ts6WCCouTLUmFyhseX\npuIFUAJw5rPpJiG80hmq8GmpVk29nMW0TJRO/06vsdukV3PBFOapzFZpXa5CCHSz\n4qg3SKSvaFANErF05hi4R5+20OVNGkjSVXq/tJ01kSNIoytKLiWMPCy/Jg4GZkHR\nCDPjSx223qWsFZB6gttFNzXIzEYgByaYO9I8tmnPBMkLaZ5HNjAhWcq4BNlf47RO\nA5h3tCp/beYhAAABAA1ON/KWCjg+H2yydQPpiaGdEM443tjthrs9YRUIoMje1HRN\nFzq3cg0jA3reRQKZgp9YWOgwRViPA5a8WabdgmYnlnvPE1LwaYAA6aKM6cs9yNx3\nym2x0yM9wnsuaWPZOVgVlo9YZQxG1bnLUDSR5f4mKiryEFohurOvABiHGF8bl+Cs\ntFmBTiu4Z4Z2UgiGmwHagu3XoCpz/bgvQ+W3RWoZHSm35M9FEfi+Cns7o2hO9sL3\n3SRhzyoSWRezhZ03as82xj+gyw6pAEi+a55G+RoAkgbdKNgE0cq06VTH9yUMRuI2\nk4zp3/t5r5SHC1i6c7KE2A3OoyWondxAkxxkDY4AAAEBAO3/ka+gSKJdgKt/wosd\nCbQOzrFYGFStctSjFn9pALdHznwh9Ur9XjITi1TabULCKtZKVyOufc9/8M67u996\nEyrKWK3OTITY/aBwvKzdpfN54zy2g2Ffl+eR2hMBuOU9f7/ZUd6aI/+KAGTxlVwY\nfycYkCrC0ZHmwMitpb2PpLQ+1Bh/NY++2CdR/ruOk8O14Bjbs7Ga/eYIwzr42fRP\nhnmDknaqncVaLmEVLsZIE9wpG1GXW3e3JFi1eyYpXNGT5Xrh47I9N4WIRSI5HH6k\n/oQ4QU6fZxts15gMPSgYHAPbnQE3sqVcaTwfQHFcHCTyHeagToh+xAjqpap43Ub7\ntlEAAAEBAPns4RJoX/9R1Fs7zgF80HcQz5KCq1WHgSmOMhVSNcm414PPU+VN9aTu\n2ESzZvoyLoYpNXDFwTe6+8oAepzQTq1gGd096K0XLcaDOGabMr64EVmonv9B5E+b\nOygEMIE0TB4v2xD3VNnh4IkIJWEN/veWpXhXD6bPNlHQ9C5VXd/siWO/X7d407r0\nEyD38CgGlhQYnMgTd78ZTkRSmE9xqB7in+OJ/InO82W88UfVpTaOL3v/JyBdtsie\nrnHk+p/IBZQ1onKbgei1kLl1s+Zn04Ms77Ia9pCd4+pDn46aRR7kH8UExcNEKgsH\nm5gIuBv6/Z/tyWxUKD/hGW3eZGTkPPsAAAAAAQID\n-----END OPENSSH PRIVATE KEY-----\n",
            "private_key_pem": "-----BEGIN RSA PRIVATE KEY-----\nMIIJJwIBAAKCAgEA6FnNjNzbFX/K2oJDu3ZCKNRZgd2zbqv7X6EvKfPPP1XPeOgO\nMHN9PGE/k8zrihzzyOObAVp/VPlhaCfHhRxrZz5wX39jZUN5pCaah2OXB/0FqoRB\nsunTGyzeM+/U0NL5FU+NX9fEs4tiEumtVICA3KnhLf+n656PI/9ARKSugQJqCzaL\n9YiRYssCq25N7OFe5l7sWMbPMndD1RMGNWQ6sSJCZw1H5cMJLYIwww03hlEGeNxk\nlGriROypkv+aBp1pANTziAWWolj0ZefyX6Dibz8+dPERfY0AXNObcWYGcKBl9g7d\nB5POHYm/HRBoMvgqWCie9DGdCusf2vow5Alcrrt1GvFdHSU9ikvJV6I5tTzPWmNs\nIaAQY9QqnkBmdV1hj92EfK4SDwoWfE41YHwcoBGwSYvbMuG6pQgBg57cc5o8LGzE\ngm90pnB1q/MEFYEX0Jz9vr3vpVHw1aA8JbxxatjDhyEp5DG7Ue25NWlpGfaQX5SZ\nAkdeP+ejqasBbk2loPJZeAN9EVOrsOA/+OU1nXjXw0sYwdYvLfz8hdp9BWUxNsBy\n56ge96hO04AFiTGP0rgId5fEVA1iz3m+w9yRavnj+o4O4pZat4HQXhIX4m7fgN7m\nkfv6amN6KdEAWPGdU0Kbm+DGVimXbFDI9ocLGufTf5nZS/QYAzBeoZuqvWsCAwEA\nAQKCAgBvhpNcNrJOGn3i7j3WoEfXUz33UNQMni5VU4fQ6j8jFmw0i6Yr6XNGZSNg\nLS8tpwH4/g7r0mVmAyGXHejt4ptG/jhwDjRGaeHcQc9QhyP6aJ+snjjuyL9Uvu+V\nHFwZM/rtGLcyNt4qlA+qJlHVSq0Pvdbg/mK6fOwWCjHuAOHl+KOv6Cm73CZ0th78\n7EApIHAtwYhOgHb5sTd08eG8BPULCve2gTBuf3RLTL9dEF4DcabaomcAumELVlF6\nxodG/41kIdMXCh+oo2wD8hZrgkzNuxyegwuzKNfwtn1ZK/CRZNwsBCxhs7duhCyg\npbxuIqIomK7bZWkM0ZkDwa1v93JtXkes+rLeDjtXJGMdmSqWu2GPudNLt3PxtVIt\npe3XiW5XMsyyHYAjYLwXs7bsYXBSqDGUPmhDSjCd9YLdKGfWcEGT6F1PbeTGLeT+\nQ0SRFnpMZz0AruSSZE9rbOlggqLky1JhcobHl6biBVACcOaz6SYhvNIZqvBpqVZN\nvZzFtEyUTv9Or7HbpFdzwRTmqcxWaV2uQgh0s+KoN0ikr2hQDRKxdOYYuEefttDl\nTRpI0lV6v7SdNZEjSKMrSi4ljDwsvyYOBmZB0Qgz40sdtt6lrBWQeoLbRTc1yMxG\nIAcmmDvSPLZpzwTJC2meRzYwIVnKuATZX+O0TgOYd7Qqf23mIQKCAQEA7f+Rr6BI\nol2Aq3/Cix0JtA7OsVgYVK1y1KMWf2kAt0fOfCH1Sv1eMhOLVNptQsIq1kpXI659\nz3/wzru733oTKspYrc5MhNj9oHC8rN2l83njPLaDYV+X55HaEwG45T1/v9lR3poj\n/4oAZPGVXBh/JxiQKsLRkebAyK2lvY+ktD7UGH81j77YJ1H+u46Tw7XgGNuzsZr9\n5gjDOvjZ9E+GeYOSdqqdxVouYRUuxkgT3CkbUZdbd7ckWLV7Jilc0ZPleuHjsj03\nhYhFIjkcfqT+hDhBTp9nG2zXmAw9KBgcA9udATeypVxpPB9AcVwcJPId5qBOiH7E\nCOqlqnjdRvu2UQKCAQEA+ezhEmhf/1HUWzvOAXzQdxDPkoKrVYeBKY4yFVI1ybjX\ng89T5U31pO7YRLNm+jIuhik1cMXBN7r7ygB6nNBOrWAZ3T3orRctxoM4ZpsyvrgR\nWaie/0HkT5s7KAQwgTRMHi/bEPdU2eHgiQglYQ3+95aleFcPps82UdD0LlVd3+yJ\nY79ft3jTuvQTIPfwKAaWFBicyBN3vxlORFKYT3GoHuKf44n8ic7zZbzxR9WlNo4v\ne/8nIF22yJ6uceT6n8gFlDWicpuB6LWQuXWz5mfTgyzvshr2kJ3j6kOfjppFHuQf\nxQTFw0QqCwebmAi4G/r9n+3JbFQoP+EZbd5kZOQ8+wKCAQBY7pvYvZMGoNvYucfP\nRc1/a90OZbXJxnpXPI3GlE0BL6LXvbS0DdMp8SWqUmhrfrSVGHhRS/2VEODBz2LX\nkf0hizTx1VnAdnjnf9jw224MeepQoH6dXyQbEuQjIAygFIfs/17ZSE3VShL1pVRD\ncp/o0wPkBqJa25gEJOb+23MXKzcD5Fz2VsDciIYgPZm3kvmnMEmIPztKvtF88so2\nwZSlSWXsU7raqOUVv92XmA1bwjyEE4PJSzUYtM/Mpb4aTiJ89XWo/7kEe7Qhoqek\nJzE35PF6WJQlqlkxZrlfhwrI4kJb1x05LzvfjGn/MgUORS6pJBPUa1IDZvL6rWk6\nAgrRAoIBABYcVNUyErwd2zGvGsya5D6EaDjIAqxwbobko52rRkLwbXCl2QBCY2cS\nEmQRkxyzb9ZCsw2lETEDA9+dJzvUWgGQrPkbzwfxMwWK+mRpepXQ5wgNmPNwOuio\nDRW/OSNVIx7QkQrxNrqH9ztoUxZBDLuOwljhKutRDbczS0cGGmYDISyH88nhkKnL\nih2ykbaYzpI8kzJINqHbdUcqH3t3zK3e0tJolMUEYBgyHQ6D4jfvYFgR/L4qTE93\namt9HIciRQwVqqeFBns2BPXDagUKTnYedZ5GMGYe8dj53pXZJCBVglIF2BEsaKPN\nKoDK1K71B5csjFNfJqhwG7XSpQMgBh0CggEADU438pYKOD4fbLJ1A+mJoZ0Qzjje\n2O2Guz1hFQigyN7UdE0XOrdyDSMDet5FApmCn1hY6DBFWI8DlrxZpt2CZieWe88T\nUvBpgADpoozpyz3I3HfKbbHTIz3Cey5pY9k5WBWWj1hlDEbVuctQNJHl/iYqKvIQ\nWiG6s68AGIcYXxuX4Ky0WYFOK7hnhnZSCIabAdqC7degKnP9uC9D5bdFahkdKbfk\nz0UR+L4KezujaE72wvfdJGHPKhJZF7OFnTdqzzbGP6DLDqkASL5rnkb5GgCSBt0o\n2ATRyrTpVMf3JQxG4jaTjOnf+3mvlIcLWLpzsoTYDc6jJaid3ECTHGQNjg==\n-----END RSA PRIVATE KEY-----\n",
            "private_key_pem_pkcs8": "-----BEGIN PRIVATE KEY-----\nMIIJQQIBADANBgkqhkiG9w0BAQEFAASCCSswggknAgEAAoICAQDoWc2M3NsVf8ra\ngkO7dkIo1FmB3bNuq/tfoS8p888/Vc946A4wc308YT+TzOuKHPPI45sBWn9U+WFo\nJ8eFHGtnPnBff2NlQ3mkJpqHY5cH/QWqhEGy6dMbLN4z79TQ0vkVT41f18Szi2IS\n6a1UgIDcqeEt/6frno8j/0BEpK6BAmoLNov1iJFiywKrbk3s4V7mXuxYxs8yd0PV\nEwY1ZDqxIkJnDUflwwktgjDDDTeGUQZ43GSUauJE7KmS/5oGnWkA1POIBZaiWPRl\n5/JfoOJvPz508RF9jQBc05txZgZwoGX2Dt0Hk84dib8dEGgy+CpYKJ70MZ0K6x/a\n+jDkCVyuu3Ua8V0dJT2KS8lXojm1PM9aY2whoBBj1CqeQGZ1XWGP3YR8rhIPChZ8\nTjVgfBygEbBJi9sy4bqlCAGDntxzmjwsbMSCb3SmcHWr8wQVgRfQnP2+ve+lUfDV\noDwlvHFq2MOHISnkMbtR7bk1aWkZ9pBflJkCR14/56OpqwFuTaWg8ll4A30RU6uw\n4D/45TWdeNfDSxjB1i8t/PyF2n0FZTE2wHLnqB73qE7TgAWJMY/SuAh3l8RUDWLP\neb7D3JFq+eP6jg7illq3gdBeEhfibt+A3uaR+/pqY3op0QBY8Z1TQpub4MZWKZds\nUMj2hwsa59N/mdlL9BgDMF6hm6q9awIDAQABAoICAG+Gk1w2sk4afeLuPdagR9dT\nPfdQ1AyeLlVTh9DqPyMWbDSLpivpc0ZlI2AtLy2nAfj+DuvSZWYDIZcd6O3im0b+\nOHAONEZp4dxBz1CHI/pon6yeOO7Iv1S+75UcXBkz+u0YtzI23iqUD6omUdVKrQ+9\n1uD+Yrp87BYKMe4A4eX4o6/oKbvcJnS2HvzsQCkgcC3BiE6AdvmxN3Tx4bwE9QsK\n97aBMG5/dEtMv10QXgNxptqiZwC6YQtWUXrGh0b/jWQh0xcKH6ijbAPyFmuCTM27\nHJ6DC7Mo1/C2fVkr8JFk3CwELGGzt26ELKClvG4ioiiYrttlaQzRmQPBrW/3cm1e\nR6z6st4OO1ckYx2ZKpa7YY+500u3c/G1Ui2l7deJblcyzLIdgCNgvBeztuxhcFKo\nMZQ+aENKMJ31gt0oZ9ZwQZPoXU9t5MYt5P5DRJEWekxnPQCu5JJkT2ts6WCCouTL\nUmFyhseXpuIFUAJw5rPpJiG80hmq8GmpVk29nMW0TJRO/06vsdukV3PBFOapzFZp\nXa5CCHSz4qg3SKSvaFANErF05hi4R5+20OVNGkjSVXq/tJ01kSNIoytKLiWMPCy/\nJg4GZkHRCDPjSx223qWsFZB6gttFNzXIzEYgByaYO9I8tmnPBMkLaZ5HNjAhWcq4\nBNlf47ROA5h3tCp/beYhAoIBAQDt/5GvoEiiXYCrf8KLHQm0Ds6xWBhUrXLUoxZ/\naQC3R858IfVK/V4yE4tU2m1CwirWSlcjrn3Pf/DOu7vfehMqylitzkyE2P2gcLys\n3aXzeeM8toNhX5fnkdoTAbjlPX+/2VHemiP/igBk8ZVcGH8nGJAqwtGR5sDIraW9\nj6S0PtQYfzWPvtgnUf67jpPDteAY27Oxmv3mCMM6+Nn0T4Z5g5J2qp3FWi5hFS7G\nSBPcKRtRl1t3tyRYtXsmKVzRk+V64eOyPTeFiEUiORx+pP6EOEFOn2cbbNeYDD0o\nGBwD250BN7KlXGk8H0BxXBwk8h3moE6IfsQI6qWqeN1G+7ZRAoIBAQD57OESaF//\nUdRbO84BfNB3EM+SgqtVh4EpjjIVUjXJuNeDz1PlTfWk7thEs2b6Mi6GKTVwxcE3\nuvvKAHqc0E6tYBndPeitFy3GgzhmmzK+uBFZqJ7/QeRPmzsoBDCBNEweL9sQ91TZ\n4eCJCCVhDf73lqV4Vw+mzzZR0PQuVV3f7Iljv1+3eNO69BMg9/AoBpYUGJzIE3e/\nGU5EUphPcage4p/jifyJzvNlvPFH1aU2ji97/ycgXbbInq5x5PqfyAWUNaJym4Ho\ntZC5dbPmZ9ODLO+yGvaQnePqQ5+OmkUe5B/FBMXDRCoLB5uYCLgb+v2f7clsVCg/\n4Rlt3mRk5Dz7AoIBAFjum9i9kwag29i5x89FzX9r3Q5ltcnGelc8jcaUTQEvote9\ntLQN0ynxJapSaGt+tJUYeFFL/ZUQ4MHPYteR/SGLNPHVWcB2eOd/2PDbbgx56lCg\nfp1fJBsS5CMgDKAUh+z/XtlITdVKEvWlVENyn+jTA+QGolrbmAQk5v7bcxcrNwPk\nXPZWwNyIhiA9mbeS+acwSYg/O0q+0XzyyjbBlKVJZexTutqo5RW/3ZeYDVvCPIQT\ng8lLNRi0z8ylvhpOInz1daj/uQR7tCGip6QnMTfk8XpYlCWqWTFmuV+HCsjiQlvX\nHTkvO9+Maf8yBQ5FLqkkE9RrUgNm8vqtaToCCtECggEAFhxU1TISvB3bMa8azJrk\nPoRoOMgCrHBuhuSjnatGQvBtcKXZAEJjZxISZBGTHLNv1kKzDaURMQMD350nO9Ra\nAZCs+RvPB/EzBYr6ZGl6ldDnCA2Y83A66KgNFb85I1UjHtCRCvE2uof3O2hTFkEM\nu47CWOEq61ENtzNLRwYaZgMhLIfzyeGQqcuKHbKRtpjOkjyTMkg2odt1Ryofe3fM\nrd7S0miUxQRgGDIdDoPiN+9gWBH8vipMT3dqa30chyJFDBWqp4UGezYE9cNqBQpO\ndh51nkYwZh7x2PneldkkIFWCUgXYESxoo80qgMrUrvUHlyyMU18mqHAbtdKlAyAG\nHQKCAQANTjfylgo4Ph9ssnUD6YmhnRDOON7Y7Ya7PWEVCKDI3tR0TRc6t3INIwN6\n3kUCmYKfWFjoMEVYjwOWvFmm3YJmJ5Z7zxNS8GmAAOmijOnLPcjcd8ptsdMjPcJ7\nLmlj2TlYFZaPWGUMRtW5y1A0keX+Jioq8hBaIbqzrwAYhxhfG5fgrLRZgU4ruGeG\ndlIIhpsB2oLt16Aqc/24L0Plt0VqGR0pt+TPRRH4vgp7O6NoTvbC990kYc8qElkX\ns4WdN2rPNsY/oMsOqQBIvmueRvkaAJIG3SjYBNHKtOlUx/clDEbiNpOM6d/7ea+U\nhwtYunOyhNgNzqMlqJ3cQJMcZA2O\n-----END PRIVATE KEY-----\n",
            "public_key_fingerprint_md5": "42:c2:10:09:85:34:8e:77:35:62:77:87:12:64:42:29",
            "public_key_fingerprint_sha256": "SHA256:pm/7+4Rlw2IGMUOKYgkh3+me6OQ6JjZCLH8x0e40p/g",
            "public_key_openssh": "ssh-rsa AAAAB3NzaC1yc2EAAAADAQABAAACAQDoWc2M3NsVf8ragkO7dkIo1FmB3bNuq/tfoS8p888/Vc946A4wc308YT+TzOuKHPPI45sBWn9U+WFoJ8eFHGtnPnBff2NlQ3mkJpqHY5cH/QWqhEGy6dMbLN4z79TQ0vkVT41f18Szi2IS6a1UgIDcqeEt/6frno8j/0BEpK6BAmoLNov1iJFiywKrbk3s4V7mXuxYxs8yd0PVEwY1ZDqxIkJnDUflwwktgjDDDTeGUQZ43GSUauJE7KmS/5oGnWkA1POIBZaiWPRl5/JfoOJvPz508RF9jQBc05txZgZwoGX2Dt0Hk84dib8dEGgy+CpYKJ70MZ0K6x/a+jDkCVyuu3Ua8V0dJT2KS8lXojm1PM9aY2whoBBj1CqeQGZ1XWGP3YR8rhIPChZ8TjVgfBygEbBJi9sy4bqlCAGDntxzmjwsbMSCb3SmcHWr8wQVgRfQnP2+ve+lUfDVoDwlvHFq2MOHISnkMbtR7bk1aWkZ9pBflJkCR14/56OpqwFuTaWg8ll4A30RU6uw4D/45TWdeNfDSxjB1i8t/PyF2n0FZTE2wHLnqB73qE7TgAWJMY/SuAh3l8RUDWLPeb7D3JFq+eP6jg7illq3gdBeEhfibt+A3uaR+/pqY3op0QBY8Z1TQpub4MZWKZdsUMj2hwsa59N/mdlL9BgDMF6hm6q9aw==\n",
            "public_key_pem": "-----BEGIN PUBLIC KEY-----\nMIICIjANBgkqhkiG9w0BAQEFAAOCAg8AMIICCgKCAgEA6FnNjNzbFX/K2oJDu3ZC\nKNRZgd2zbqv7X6EvKfPPP1XPeOgOMHN9PGE/k8zrihzzyOObAVp/VPlhaCfHhRxr\nZz5wX39jZUN5pCaah2OXB/0FqoRBsunTGyzeM+/U0NL5FU+NX9fEs4tiEumtVICA\n3KnhLf+n656PI/9ARKSugQJqCzaL9YiRYssCq25N7OFe5l7sWMbPMndD1RMGNWQ6\nsSJCZw1H5cMJLYIwww03hlEGeNxklGriROypkv+aBp1pANTziAWWolj0ZefyX6Di\nbz8+dPERfY0AXNObcWYGcKBl9g7dB5POHYm/HRBoMvgqWCie9DGdCusf2vow5Alc\nrrt1GvFdHSU9ikvJV6I5tTzPWmNsIaAQY9QqnkBmdV1hj92EfK4SDwoWfE41YHwc\noBGwSYvbMuG6pQgBg57cc5o8LGzEgm90pnB1q/MEFYEX0Jz9vr3vpVHw1aA8Jbxx\natjDhyEp5DG7Ue25NWlpGfaQX5SZAkdeP+ejqasBbk2loPJZeAN9EVOrsOA/+OU1\nnXjXw0sYwdYvLfz8hdp9BWUxNsBy56ge96hO04AFiTGP0rgId5fEVA1iz3m+w9yR\navnj+o4O4pZat4HQXhIX4m7fgN7mkfv6amN6KdEAWPGdU0Kbm+DGVimXbFDI9ocL\nGufTf5nZS/QYAzBeoZuqvWsCAwEAAQ==\n-----END PUBLIC KEY-----\n",
            "rsa_bits": 4096
          },
          "sensitive_attributes": [
            [
              {
                "type": "get_attr",
                "value": "private_key_pem"
              }
            ],
            [
              {
                "type": "get_attr",
                "value": "private_key_pem_pkcs8"
              }
            ],
            [
              {
                "type": "get_attr",
                "value": "private_key_openssh"
              }
            ]
          ]
        }
      ]
    }
  ],
  "check_results": [
    {
      "object_kind": "resource",
      "config_addr": "module.eks.module.self_managed_node_group.module.user_data.null_resource.validate_cluster_service_cidr",
      "status": "pass",
      "objects": null
    },
    {
      "object_kind": "resource",
      "config_addr": "module.eks.module.eks_managed_node_group.module.user_data.null_resource.validate_cluster_service_cidr",
      "status": "pass",
      "objects": [
        {
          "object_addr": "module.eks.module.eks_managed_node_group[\"default_node_group\"].module.user_data.null_resource.validate_cluster_service_cidr",
          "status": "pass"
        }
      ]
    }
  ]
}
